=== RUN   TestEks
=== PAUSE TestEks
=== CONT  TestEks
TestEks 2023-10-04T09:00:43-04:00 retry.go:91: terraform [init -upgrade=false]
TestEks 2023-10-04T09:00:43-04:00 logger.go:66: Running command terraform with args [init -upgrade=false]
TestEks 2023-10-04T09:00:43-04:00 logger.go:66: 
TestEks 2023-10-04T09:00:43-04:00 logger.go:66: [0m[1mInitializing the backend...[0m
TestEks 2023-10-04T09:00:45-04:00 logger.go:66: [0m[1mInitializing modules...[0m
TestEks 2023-10-04T09:00:45-04:00 logger.go:66: 
TestEks 2023-10-04T09:00:45-04:00 logger.go:66: [0m[1mInitializing provider plugins...[0m
TestEks 2023-10-04T09:00:45-04:00 logger.go:66: - Reusing previous version of hashicorp/tls from the dependency lock file
TestEks 2023-10-04T09:00:46-04:00 logger.go:66: - Reusing previous version of hashicorp/time from the dependency lock file
TestEks 2023-10-04T09:00:46-04:00 logger.go:66: - Reusing previous version of hashicorp/cloudinit from the dependency lock file
TestEks 2023-10-04T09:00:46-04:00 logger.go:66: - Reusing previous version of hashicorp/aws from the dependency lock file
TestEks 2023-10-04T09:00:46-04:00 logger.go:66: - Reusing previous version of hashicorp/helm from the dependency lock file
TestEks 2023-10-04T09:00:46-04:00 logger.go:66: - Reusing previous version of hashicorp/kubernetes from the dependency lock file
TestEks 2023-10-04T09:00:46-04:00 logger.go:66: - Using previously-installed hashicorp/tls v4.0.4
TestEks 2023-10-04T09:00:46-04:00 logger.go:66: - Using previously-installed hashicorp/time v0.9.1
TestEks 2023-10-04T09:00:46-04:00 logger.go:66: - Using previously-installed hashicorp/cloudinit v2.3.2
TestEks 2023-10-04T09:00:46-04:00 logger.go:66: - Using previously-installed hashicorp/aws v5.19.0
TestEks 2023-10-04T09:00:46-04:00 logger.go:66: - Using previously-installed hashicorp/helm v2.11.0
TestEks 2023-10-04T09:00:47-04:00 logger.go:66: - Using previously-installed hashicorp/kubernetes v2.23.0
TestEks 2023-10-04T09:00:47-04:00 logger.go:66: 
TestEks 2023-10-04T09:00:47-04:00 logger.go:66: [0m[1m[32mTerraform has been successfully initialized![0m[32m[0m
TestEks 2023-10-04T09:00:47-04:00 logger.go:66: [0m[32m
TestEks 2023-10-04T09:00:47-04:00 logger.go:66: You may now begin working with Terraform. Try running "terraform plan" to see
TestEks 2023-10-04T09:00:47-04:00 logger.go:66: any changes that are required for your infrastructure. All Terraform commands
TestEks 2023-10-04T09:00:47-04:00 logger.go:66: should now work.
TestEks 2023-10-04T09:00:47-04:00 logger.go:66: 
TestEks 2023-10-04T09:00:47-04:00 logger.go:66: If you ever set or change modules or backend configuration for Terraform,
TestEks 2023-10-04T09:00:47-04:00 logger.go:66: rerun this command to reinitialize your working directory. If you forget, other
TestEks 2023-10-04T09:00:47-04:00 logger.go:66: commands will detect it and remind you to do so if necessary.[0m
TestEks 2023-10-04T09:00:47-04:00 retry.go:91: terraform [apply -input=false -auto-approve -var project_name=eks-runner-go-10604 -var project_name_2=eks-runner-go-19867 -var vpc_cidr_block=119.0.0.0/24 -var gitlab_runner_token=glrt-A77XgHfiAsYpBDr9965D -var tags={"Owner" = "lucas.j.hughes@outlook.com", "t_AppID" = "SVC03377", "t_dcl" = "3"} -lock=false]
TestEks 2023-10-04T09:00:47-04:00 logger.go:66: Running command terraform with args [apply -input=false -auto-approve -var project_name=eks-runner-go-10604 -var project_name_2=eks-runner-go-19867 -var vpc_cidr_block=119.0.0.0/24 -var gitlab_runner_token=glrt-A77XgHfiAsYpBDr9965D -var tags={"Owner" = "lucas.j.hughes@outlook.com", "t_AppID" = "SVC03377", "t_dcl" = "3"} -lock=false]
TestEks 2023-10-04T09:00:54-04:00 logger.go:66: [0m[1mmodule.existing_vpc_eks_runner.module.eks.data.aws_partition.current: Reading...[0m[0m
TestEks 2023-10-04T09:00:54-04:00 logger.go:66: [0m[1mmodule.existing_vpc_eks_runner.module.eks.data.aws_caller_identity.current: Reading...[0m[0m
TestEks 2023-10-04T09:00:54-04:00 logger.go:66: [0m[1mmodule.existing_vpc_eks_runner.module.eks.module.kms.data.aws_partition.current: Reading...[0m[0m
TestEks 2023-10-04T09:00:54-04:00 logger.go:66: [0m[1mmodule.existing_vpc_eks_runner.data.aws_availability_zones.available: Reading...[0m[0m
TestEks 2023-10-04T09:00:54-04:00 logger.go:66: [0m[1mmodule.existing_vpc_eks_runner.module.eks.module.kms.data.aws_caller_identity.current: Reading...[0m[0m
TestEks 2023-10-04T09:00:54-04:00 logger.go:66: [0m[1mmodule.existing_vpc_eks_runner.data.aws_ami.pcm_eks_ami: Reading...[0m[0m
TestEks 2023-10-04T09:00:54-04:00 logger.go:66: [0m[1mmodule.existing_vpc_eks_runner.module.eks.data.aws_partition.current: Read complete after 0s [id=aws][0m
TestEks 2023-10-04T09:00:54-04:00 logger.go:66: [0m[1mmodule.existing_vpc_eks_runner.module.eks.module.kms.data.aws_partition.current: Read complete after 0s [id=aws][0m
TestEks 2023-10-04T09:00:54-04:00 logger.go:66: [0m[1mmodule.existing_vpc_eks_runner.module.eks.data.aws_iam_policy_document.assume_role_policy[0]: Reading...[0m[0m
TestEks 2023-10-04T09:00:54-04:00 logger.go:66: [0m[1mmodule.existing_vpc_eks_runner.module.eks.data.aws_iam_policy_document.assume_role_policy[0]: Read complete after 0s [id=2764486067][0m
TestEks 2023-10-04T09:00:55-04:00 logger.go:66: [0m[1mmodule.existing_vpc_eks_runner.module.eks.module.kms.data.aws_caller_identity.current: Read complete after 0s [id=177807608173][0m
TestEks 2023-10-04T09:00:55-04:00 logger.go:66: [0m[1mmodule.existing_vpc_eks_runner.module.eks.data.aws_caller_identity.current: Read complete after 0s [id=177807608173][0m
TestEks 2023-10-04T09:00:55-04:00 logger.go:66: [0m[1mmodule.existing_vpc_eks_runner.module.eks.data.aws_iam_session_context.current: Reading...[0m[0m
TestEks 2023-10-04T09:00:55-04:00 logger.go:66: [0m[1mmodule.new_vpc_eks_runner.module.eks.data.aws_partition.current: Reading...[0m[0m
TestEks 2023-10-04T09:00:55-04:00 logger.go:66: [0m[1mmodule.new_vpc_eks_runner.module.eks.data.aws_partition.current: Read complete after 0s [id=aws][0m
TestEks 2023-10-04T09:00:55-04:00 logger.go:66: [0m[1mmodule.new_vpc_eks_runner.module.eks.module.kms.data.aws_partition.current: Reading...[0m[0m
TestEks 2023-10-04T09:00:55-04:00 logger.go:66: [0m[1mmodule.new_vpc_eks_runner.data.aws_availability_zones.available: Reading...[0m[0m
TestEks 2023-10-04T09:00:55-04:00 logger.go:66: [0m[1mmodule.new_vpc_eks_runner.module.eks.data.aws_caller_identity.current: Reading...[0m[0m
TestEks 2023-10-04T09:00:55-04:00 logger.go:66: [0m[1mmodule.new_vpc_eks_runner.module.eks.module.kms.data.aws_partition.current: Read complete after 0s [id=aws][0m
TestEks 2023-10-04T09:00:55-04:00 logger.go:66: [0m[1mmodule.new_vpc_eks_runner.module.eks.module.kms.data.aws_caller_identity.current: Reading...[0m[0m
TestEks 2023-10-04T09:00:55-04:00 logger.go:66: [0m[1mmodule.new_vpc_eks_runner.data.aws_ami.pcm_eks_ami: Reading...[0m[0m
TestEks 2023-10-04T09:00:55-04:00 logger.go:66: [0m[1mmodule.new_vpc_eks_runner.module.eks.data.aws_iam_policy_document.assume_role_policy[0]: Reading...[0m[0m
TestEks 2023-10-04T09:00:55-04:00 logger.go:66: [0m[1mmodule.new_vpc_eks_runner.module.eks.data.aws_iam_policy_document.assume_role_policy[0]: Read complete after 0s [id=2764486067][0m
TestEks 2023-10-04T09:00:55-04:00 logger.go:66: [0m[1mmodule.existing_vpc_eks_runner.data.aws_availability_zones.available: Read complete after 0s [id=us-east-1][0m
TestEks 2023-10-04T09:00:55-04:00 logger.go:66: [0m[1mmodule.new_vpc_eks_runner.module.eks.data.aws_caller_identity.current: Read complete after 1s [id=177807608173][0m
TestEks 2023-10-04T09:00:55-04:00 logger.go:66: [0m[1mmodule.new_vpc_eks_runner.module.eks.data.aws_iam_session_context.current: Reading...[0m[0m
TestEks 2023-10-04T09:00:55-04:00 logger.go:66: [0m[1mmodule.new_vpc_eks_runner.module.eks.module.kms.data.aws_caller_identity.current: Read complete after 1s [id=177807608173][0m
TestEks 2023-10-04T09:00:55-04:00 logger.go:66: [0m[1mmodule.new_vpc_eks_runner.data.aws_availability_zones.available: Read complete after 1s [id=us-east-1][0m
TestEks 2023-10-04T09:00:55-04:00 logger.go:66: [0m[1mmodule.existing_vpc_eks_runner.module.eks.data.aws_iam_session_context.current: Read complete after 1s [id=arn:aws:sts::177807608173:assumed-role/PCMPowerUser/lucas.j.hughes@outlook.com][0m
TestEks 2023-10-04T09:00:55-04:00 logger.go:66: [0m[1mmodule.new_vpc_eks_runner.module.eks.data.aws_iam_session_context.current: Read complete after 0s [id=arn:aws:sts::177807608173:assumed-role/PCMPowerUser/lucas.j.hughes@outlook.com][0m
TestEks 2023-10-04T09:00:56-04:00 logger.go:66: [0m[1mmodule.new_vpc_eks_runner.data.aws_ami.pcm_eks_ami: Read complete after 1s [id=ami-03f9ed6c9c41e7946][0m
TestEks 2023-10-04T09:00:56-04:00 logger.go:66: [0m[1mmodule.new_vpc_eks_runner.module.eks.module.eks_managed_node_group["eks-gitlab-runner"].data.aws_partition.current: Reading...[0m[0m
TestEks 2023-10-04T09:00:56-04:00 logger.go:66: [0m[1mmodule.new_vpc_eks_runner.module.eks.module.eks_managed_node_group["eks-gitlab-runner"].data.aws_partition.current: Read complete after 0s [id=aws][0m
TestEks 2023-10-04T09:00:56-04:00 logger.go:66: [0m[1mmodule.new_vpc_eks_runner.module.eks.module.eks_managed_node_group["eks-gitlab-runner"].data.aws_caller_identity.current: Reading...[0m[0m
TestEks 2023-10-04T09:00:56-04:00 logger.go:66: [0m[1mmodule.new_vpc_eks_runner.module.eks.module.eks_managed_node_group["eks-gitlab-runner"].data.aws_iam_policy_document.assume_role_policy[0]: Reading...[0m[0m
TestEks 2023-10-04T09:00:56-04:00 logger.go:66: [0m[1mmodule.new_vpc_eks_runner.module.eks.module.eks_managed_node_group["eks-gitlab-runner"].data.aws_iam_policy_document.assume_role_policy[0]: Read complete after 0s [id=2560088296][0m
TestEks 2023-10-04T09:00:56-04:00 logger.go:66: [0m[1mmodule.new_vpc_eks_runner.module.eks.module.eks_managed_node_group["eks-gitlab-runner"].data.aws_caller_identity.current: Read complete after 0s [id=177807608173][0m
TestEks 2023-10-04T09:00:56-04:00 logger.go:66: [0m[1mmodule.existing_vpc_eks_runner.data.aws_ami.pcm_eks_ami: Read complete after 1s [id=ami-03f9ed6c9c41e7946][0m
TestEks 2023-10-04T09:00:56-04:00 logger.go:66: [0m[1mmodule.existing_vpc_eks_runner.module.eks.module.eks_managed_node_group["eks-gitlab-runner"].data.aws_caller_identity.current: Reading...[0m[0m
TestEks 2023-10-04T09:00:56-04:00 logger.go:66: [0m[1mmodule.existing_vpc_eks_runner.module.eks.module.eks_managed_node_group["eks-gitlab-runner"].data.aws_partition.current: Reading...[0m[0m
TestEks 2023-10-04T09:00:56-04:00 logger.go:66: [0m[1mmodule.existing_vpc_eks_runner.module.eks.module.eks_managed_node_group["eks-gitlab-runner"].data.aws_partition.current: Read complete after 0s [id=aws][0m
TestEks 2023-10-04T09:00:56-04:00 logger.go:66: [0m[1mmodule.existing_vpc_eks_runner.module.eks.module.eks_managed_node_group["eks-gitlab-runner"].data.aws_iam_policy_document.assume_role_policy[0]: Reading...[0m[0m
TestEks 2023-10-04T09:00:56-04:00 logger.go:66: [0m[1mmodule.existing_vpc_eks_runner.module.eks.module.eks_managed_node_group["eks-gitlab-runner"].data.aws_iam_policy_document.assume_role_policy[0]: Read complete after 0s [id=2560088296][0m
TestEks 2023-10-04T09:00:56-04:00 logger.go:66: [0m[1mmodule.existing_vpc_eks_runner.module.eks.module.eks_managed_node_group["eks-gitlab-runner"].data.aws_caller_identity.current: Read complete after 0s [id=177807608173][0m
TestEks 2023-10-04T09:00:56-04:00 logger.go:66: 
TestEks 2023-10-04T09:00:56-04:00 logger.go:66: Terraform used the selected providers to generate the following execution
TestEks 2023-10-04T09:00:56-04:00 logger.go:66: plan. Resource actions are indicated with the following symbols:
TestEks 2023-10-04T09:00:56-04:00 logger.go:66:   [32m+[0m create[0m
TestEks 2023-10-04T09:00:56-04:00 logger.go:66:  [36m<=[0m read (data resources)[0m
TestEks 2023-10-04T09:00:56-04:00 logger.go:66: 
TestEks 2023-10-04T09:00:56-04:00 logger.go:66: Terraform will perform the following actions:
TestEks 2023-10-04T09:00:56-04:00 logger.go:66: 
TestEks 2023-10-04T09:00:56-04:00 logger.go:66: [1m  # module.existing_vpc_eks_runner.data.aws_subnet.existing[0][0m will be read during apply
TestEks 2023-10-04T09:00:56-04:00 logger.go:66:   # (config refers to values not yet known)
TestEks 2023-10-04T09:00:56-04:00 logger.go:66: [0m [36m<=[0m[0m data "aws_subnet" "existing" {
TestEks 2023-10-04T09:00:56-04:00 logger.go:66:       [32m+[0m[0m arn                                            = (known after apply)
TestEks 2023-10-04T09:00:56-04:00 logger.go:66:       [32m+[0m[0m assign_ipv6_address_on_creation                = (known after apply)
TestEks 2023-10-04T09:00:56-04:00 logger.go:66:       [32m+[0m[0m availability_zone                              = (known after apply)
TestEks 2023-10-04T09:00:56-04:00 logger.go:66:       [32m+[0m[0m availability_zone_id                           = (known after apply)
TestEks 2023-10-04T09:00:56-04:00 logger.go:66:       [32m+[0m[0m available_ip_address_count                     = (known after apply)
TestEks 2023-10-04T09:00:56-04:00 logger.go:66:       [32m+[0m[0m cidr_block                                     = (known after apply)
TestEks 2023-10-04T09:00:56-04:00 logger.go:66:       [32m+[0m[0m customer_owned_ipv4_pool                       = (known after apply)
TestEks 2023-10-04T09:00:56-04:00 logger.go:66:       [32m+[0m[0m default_for_az                                 = (known after apply)
TestEks 2023-10-04T09:00:56-04:00 logger.go:66:       [32m+[0m[0m enable_dns64                                   = (known after apply)
TestEks 2023-10-04T09:00:56-04:00 logger.go:66:       [32m+[0m[0m enable_lni_at_device_index                     = (known after apply)
TestEks 2023-10-04T09:00:56-04:00 logger.go:66:       [32m+[0m[0m enable_resource_name_dns_a_record_on_launch    = (known after apply)
TestEks 2023-10-04T09:00:56-04:00 logger.go:66:       [32m+[0m[0m enable_resource_name_dns_aaaa_record_on_launch = (known after apply)
TestEks 2023-10-04T09:00:56-04:00 logger.go:66:       [32m+[0m[0m id                                             = (known after apply)
TestEks 2023-10-04T09:00:56-04:00 logger.go:66:       [32m+[0m[0m ipv6_cidr_block                                = (known after apply)
TestEks 2023-10-04T09:00:56-04:00 logger.go:66:       [32m+[0m[0m ipv6_cidr_block_association_id                 = (known after apply)
TestEks 2023-10-04T09:00:56-04:00 logger.go:66:       [32m+[0m[0m ipv6_native                                    = (known after apply)
TestEks 2023-10-04T09:00:56-04:00 logger.go:66:       [32m+[0m[0m map_customer_owned_ip_on_launch                = (known after apply)
TestEks 2023-10-04T09:00:56-04:00 logger.go:66:       [32m+[0m[0m map_public_ip_on_launch                        = (known after apply)
TestEks 2023-10-04T09:00:56-04:00 logger.go:66:       [32m+[0m[0m outpost_arn                                    = (known after apply)
TestEks 2023-10-04T09:00:56-04:00 logger.go:66:       [32m+[0m[0m owner_id                                       = (known after apply)
TestEks 2023-10-04T09:00:56-04:00 logger.go:66:       [32m+[0m[0m private_dns_hostname_type_on_launch            = (known after apply)
TestEks 2023-10-04T09:00:56-04:00 logger.go:66:       [32m+[0m[0m state                                          = (known after apply)
TestEks 2023-10-04T09:00:56-04:00 logger.go:66:       [32m+[0m[0m tags                                           = (known after apply)
TestEks 2023-10-04T09:00:56-04:00 logger.go:66:       [32m+[0m[0m vpc_id                                         = (known after apply)
TestEks 2023-10-04T09:00:56-04:00 logger.go:66:     }
TestEks 2023-10-04T09:00:56-04:00 logger.go:66: 
TestEks 2023-10-04T09:00:56-04:00 logger.go:66: [1m  # module.existing_vpc_eks_runner.module.eks.data.aws_eks_addon_version.this["coredns"][0m will be read during apply
TestEks 2023-10-04T09:00:56-04:00 logger.go:66:   # (depends on a resource or a module with changes pending)
TestEks 2023-10-04T09:00:56-04:00 logger.go:66: [0m [36m<=[0m[0m data "aws_eks_addon_version" "this" {
TestEks 2023-10-04T09:00:56-04:00 logger.go:66:       [32m+[0m[0m addon_name         = "coredns"
TestEks 2023-10-04T09:00:56-04:00 logger.go:66:       [32m+[0m[0m id                 = (known after apply)
TestEks 2023-10-04T09:00:56-04:00 logger.go:66:       [32m+[0m[0m kubernetes_version = "1.27"
TestEks 2023-10-04T09:00:56-04:00 logger.go:66:       [32m+[0m[0m version            = (known after apply)
TestEks 2023-10-04T09:00:56-04:00 logger.go:66:     }
TestEks 2023-10-04T09:00:56-04:00 logger.go:66: 
TestEks 2023-10-04T09:00:56-04:00 logger.go:66: [1m  # module.existing_vpc_eks_runner.module.eks.data.aws_eks_addon_version.this["kube-proxy"][0m will be read during apply
TestEks 2023-10-04T09:00:56-04:00 logger.go:66:   # (depends on a resource or a module with changes pending)
TestEks 2023-10-04T09:00:56-04:00 logger.go:66: [0m [36m<=[0m[0m data "aws_eks_addon_version" "this" {
TestEks 2023-10-04T09:00:56-04:00 logger.go:66:       [32m+[0m[0m addon_name         = "kube-proxy"
TestEks 2023-10-04T09:00:56-04:00 logger.go:66:       [32m+[0m[0m id                 = (known after apply)
TestEks 2023-10-04T09:00:56-04:00 logger.go:66:       [32m+[0m[0m kubernetes_version = "1.27"
TestEks 2023-10-04T09:00:56-04:00 logger.go:66:       [32m+[0m[0m version            = (known after apply)
TestEks 2023-10-04T09:00:56-04:00 logger.go:66:     }
TestEks 2023-10-04T09:00:56-04:00 logger.go:66: 
TestEks 2023-10-04T09:00:56-04:00 logger.go:66: [1m  # module.existing_vpc_eks_runner.module.eks.data.aws_eks_addon_version.this["vpc-cni"][0m will be read during apply
TestEks 2023-10-04T09:00:56-04:00 logger.go:66:   # (depends on a resource or a module with changes pending)
TestEks 2023-10-04T09:00:56-04:00 logger.go:66: [0m [36m<=[0m[0m data "aws_eks_addon_version" "this" {
TestEks 2023-10-04T09:00:56-04:00 logger.go:66:       [32m+[0m[0m addon_name         = "vpc-cni"
TestEks 2023-10-04T09:00:56-04:00 logger.go:66:       [32m+[0m[0m id                 = (known after apply)
TestEks 2023-10-04T09:00:56-04:00 logger.go:66:       [32m+[0m[0m kubernetes_version = "1.27"
TestEks 2023-10-04T09:00:56-04:00 logger.go:66:       [32m+[0m[0m most_recent        = true
TestEks 2023-10-04T09:00:56-04:00 logger.go:66:       [32m+[0m[0m version            = (known after apply)
TestEks 2023-10-04T09:00:56-04:00 logger.go:66:     }
TestEks 2023-10-04T09:00:56-04:00 logger.go:66: 
TestEks 2023-10-04T09:00:56-04:00 logger.go:66: [1m  # module.existing_vpc_eks_runner.module.eks.aws_cloudwatch_log_group.this[0][0m will be created
TestEks 2023-10-04T09:00:56-04:00 logger.go:66: [0m  [32m+[0m[0m resource "aws_cloudwatch_log_group" "this" {
TestEks 2023-10-04T09:00:56-04:00 logger.go:66:       [32m+[0m[0m arn               = (known after apply)
TestEks 2023-10-04T09:00:56-04:00 logger.go:66:       [32m+[0m[0m id                = (known after apply)
TestEks 2023-10-04T09:00:56-04:00 logger.go:66:       [32m+[0m[0m name              = "/aws/eks/eks-runner-go-19867-demo/cluster"
TestEks 2023-10-04T09:00:56-04:00 logger.go:66:       [32m+[0m[0m name_prefix       = (known after apply)
TestEks 2023-10-04T09:00:56-04:00 logger.go:66:       [32m+[0m[0m retention_in_days = 90
TestEks 2023-10-04T09:00:56-04:00 logger.go:66:       [32m+[0m[0m skip_destroy      = false
TestEks 2023-10-04T09:00:56-04:00 logger.go:66:       [32m+[0m[0m tags              = {
TestEks 2023-10-04T09:00:56-04:00 logger.go:66:           [32m+[0m[0m "Name"          = "/aws/eks/eks-runner-go-19867-demo/cluster"
TestEks 2023-10-04T09:00:56-04:00 logger.go:66:           [32m+[0m[0m "Owner"         = "lucas.j.hughes@outlook.com"
TestEks 2023-10-04T09:00:56-04:00 logger.go:66:           [32m+[0m[0m "t_AppID"       = "SVC03377"
TestEks 2023-10-04T09:00:56-04:00 logger.go:66:           [32m+[0m[0m "t_dcl"         = "3"
TestEks 2023-10-04T09:00:56-04:00 logger.go:66:           [32m+[0m[0m "t_environment" = "DEMO"
TestEks 2023-10-04T09:00:56-04:00 logger.go:66:         }
TestEks 2023-10-04T09:00:56-04:00 logger.go:66:       [32m+[0m[0m tags_all          = {
TestEks 2023-10-04T09:00:56-04:00 logger.go:66:           [32m+[0m[0m "Name"          = "/aws/eks/eks-runner-go-19867-demo/cluster"
TestEks 2023-10-04T09:00:56-04:00 logger.go:66:           [32m+[0m[0m "Owner"         = "lucas.j.hughes@outlook.com"
TestEks 2023-10-04T09:00:56-04:00 logger.go:66:           [32m+[0m[0m "t_AppID"       = "SVC03377"
TestEks 2023-10-04T09:00:56-04:00 logger.go:66:           [32m+[0m[0m "t_dcl"         = "3"
TestEks 2023-10-04T09:00:56-04:00 logger.go:66:           [32m+[0m[0m "t_environment" = "DEMO"
TestEks 2023-10-04T09:00:56-04:00 logger.go:66:         }
TestEks 2023-10-04T09:00:56-04:00 logger.go:66:     }
TestEks 2023-10-04T09:00:56-04:00 logger.go:66: 
TestEks 2023-10-04T09:00:56-04:00 logger.go:66: [1m  # module.existing_vpc_eks_runner.module.eks.aws_ec2_tag.cluster_primary_security_group["Owner"][0m will be created
TestEks 2023-10-04T09:00:56-04:00 logger.go:66: [0m  [32m+[0m[0m resource "aws_ec2_tag" "cluster_primary_security_group" {
TestEks 2023-10-04T09:00:56-04:00 logger.go:66:       [32m+[0m[0m id          = (known after apply)
TestEks 2023-10-04T09:00:56-04:00 logger.go:66:       [32m+[0m[0m key         = "Owner"
TestEks 2023-10-04T09:00:56-04:00 logger.go:66:       [32m+[0m[0m resource_id = (known after apply)
TestEks 2023-10-04T09:00:56-04:00 logger.go:66:       [32m+[0m[0m value       = "lucas.j.hughes@outlook.com"
TestEks 2023-10-04T09:00:56-04:00 logger.go:66:     }
TestEks 2023-10-04T09:00:56-04:00 logger.go:66: 
TestEks 2023-10-04T09:00:56-04:00 logger.go:66: [1m  # module.existing_vpc_eks_runner.module.eks.aws_ec2_tag.cluster_primary_security_group["t_AppID"][0m will be created
TestEks 2023-10-04T09:00:56-04:00 logger.go:66: [0m  [32m+[0m[0m resource "aws_ec2_tag" "cluster_primary_security_group" {
TestEks 2023-10-04T09:00:56-04:00 logger.go:66:       [32m+[0m[0m id          = (known after apply)
TestEks 2023-10-04T09:00:56-04:00 logger.go:66:       [32m+[0m[0m key         = "t_AppID"
TestEks 2023-10-04T09:00:56-04:00 logger.go:66:       [32m+[0m[0m resource_id = (known after apply)
TestEks 2023-10-04T09:00:56-04:00 logger.go:66:       [32m+[0m[0m value       = "SVC03377"
TestEks 2023-10-04T09:00:56-04:00 logger.go:66:     }
TestEks 2023-10-04T09:00:56-04:00 logger.go:66: 
TestEks 2023-10-04T09:00:56-04:00 logger.go:66: [1m  # module.existing_vpc_eks_runner.module.eks.aws_ec2_tag.cluster_primary_security_group["t_dcl"][0m will be created
TestEks 2023-10-04T09:00:56-04:00 logger.go:66: [0m  [32m+[0m[0m resource "aws_ec2_tag" "cluster_primary_security_group" {
TestEks 2023-10-04T09:00:56-04:00 logger.go:66:       [32m+[0m[0m id          = (known after apply)
TestEks 2023-10-04T09:00:56-04:00 logger.go:66:       [32m+[0m[0m key         = "t_dcl"
TestEks 2023-10-04T09:00:56-04:00 logger.go:66:       [32m+[0m[0m resource_id = (known after apply)
TestEks 2023-10-04T09:00:56-04:00 logger.go:66:       [32m+[0m[0m value       = "3"
TestEks 2023-10-04T09:00:56-04:00 logger.go:66:     }
TestEks 2023-10-04T09:00:56-04:00 logger.go:66: 
TestEks 2023-10-04T09:00:56-04:00 logger.go:66: [1m  # module.existing_vpc_eks_runner.module.eks.aws_ec2_tag.cluster_primary_security_group["t_environment"][0m will be created
TestEks 2023-10-04T09:00:56-04:00 logger.go:66: [0m  [32m+[0m[0m resource "aws_ec2_tag" "cluster_primary_security_group" {
TestEks 2023-10-04T09:00:56-04:00 logger.go:66:       [32m+[0m[0m id          = (known after apply)
TestEks 2023-10-04T09:00:56-04:00 logger.go:66:       [32m+[0m[0m key         = "t_environment"
TestEks 2023-10-04T09:00:56-04:00 logger.go:66:       [32m+[0m[0m resource_id = (known after apply)
TestEks 2023-10-04T09:00:56-04:00 logger.go:66:       [32m+[0m[0m value       = "DEMO"
TestEks 2023-10-04T09:00:56-04:00 logger.go:66:     }
TestEks 2023-10-04T09:00:56-04:00 logger.go:66: 
TestEks 2023-10-04T09:00:56-04:00 logger.go:66: [1m  # module.existing_vpc_eks_runner.module.eks.aws_eks_addon.before_compute["vpc-cni"][0m will be created
TestEks 2023-10-04T09:00:56-04:00 logger.go:66: [0m  [32m+[0m[0m resource "aws_eks_addon" "before_compute" {
TestEks 2023-10-04T09:00:56-04:00 logger.go:66:       [32m+[0m[0m addon_name           = "vpc-cni"
TestEks 2023-10-04T09:00:56-04:00 logger.go:66:       [32m+[0m[0m addon_version        = (known after apply)
TestEks 2023-10-04T09:00:56-04:00 logger.go:66:       [32m+[0m[0m arn                  = (known after apply)
TestEks 2023-10-04T09:00:56-04:00 logger.go:66:       [32m+[0m[0m cluster_name         = "eks-runner-go-19867-demo"
TestEks 2023-10-04T09:00:56-04:00 logger.go:66:       [32m+[0m[0m configuration_values = jsonencode(
TestEks 2023-10-04T09:00:56-04:00 logger.go:66:             {
TestEks 2023-10-04T09:00:56-04:00 logger.go:66:               [32m+[0m[0m env = {
TestEks 2023-10-04T09:00:56-04:00 logger.go:66:                   [32m+[0m[0m ENABLE_PREFIX_DELEGATION = "true"
TestEks 2023-10-04T09:00:56-04:00 logger.go:66:                   [32m+[0m[0m WARM_PREFIX_TARGET       = "1"
TestEks 2023-10-04T09:00:56-04:00 logger.go:66:                 }
TestEks 2023-10-04T09:00:56-04:00 logger.go:66:             }
TestEks 2023-10-04T09:00:56-04:00 logger.go:66:         )
TestEks 2023-10-04T09:00:56-04:00 logger.go:66:       [32m+[0m[0m created_at           = (known after apply)
TestEks 2023-10-04T09:00:56-04:00 logger.go:66:       [32m+[0m[0m id                   = (known after apply)
TestEks 2023-10-04T09:00:56-04:00 logger.go:66:       [32m+[0m[0m modified_at          = (known after apply)
TestEks 2023-10-04T09:00:56-04:00 logger.go:66:       [32m+[0m[0m resolve_conflicts    = "OVERWRITE"
TestEks 2023-10-04T09:00:56-04:00 logger.go:66:       [32m+[0m[0m tags                 = {
TestEks 2023-10-04T09:00:56-04:00 logger.go:66:           [32m+[0m[0m "Owner"         = "lucas.j.hughes@outlook.com"
TestEks 2023-10-04T09:00:56-04:00 logger.go:66:           [32m+[0m[0m "t_AppID"       = "SVC03377"
TestEks 2023-10-04T09:00:56-04:00 logger.go:66:           [32m+[0m[0m "t_dcl"         = "3"
TestEks 2023-10-04T09:00:56-04:00 logger.go:66:           [32m+[0m[0m "t_environment" = "DEMO"
TestEks 2023-10-04T09:00:56-04:00 logger.go:66:         }
TestEks 2023-10-04T09:00:56-04:00 logger.go:66:       [32m+[0m[0m tags_all             = {
TestEks 2023-10-04T09:00:56-04:00 logger.go:66:           [32m+[0m[0m "Owner"         = "lucas.j.hughes@outlook.com"
TestEks 2023-10-04T09:00:56-04:00 logger.go:66:           [32m+[0m[0m "t_AppID"       = "SVC03377"
TestEks 2023-10-04T09:00:56-04:00 logger.go:66:           [32m+[0m[0m "t_dcl"         = "3"
TestEks 2023-10-04T09:00:56-04:00 logger.go:66:           [32m+[0m[0m "t_environment" = "DEMO"
TestEks 2023-10-04T09:00:56-04:00 logger.go:66:         }
TestEks 2023-10-04T09:00:56-04:00 logger.go:66: 
TestEks 2023-10-04T09:00:56-04:00 logger.go:66:       [32m+[0m[0m timeouts {}
TestEks 2023-10-04T09:00:56-04:00 logger.go:66:     }
TestEks 2023-10-04T09:00:56-04:00 logger.go:66: 
TestEks 2023-10-04T09:00:56-04:00 logger.go:66: [1m  # module.existing_vpc_eks_runner.module.eks.aws_eks_addon.this["coredns"][0m will be created
TestEks 2023-10-04T09:00:56-04:00 logger.go:66: [0m  [32m+[0m[0m resource "aws_eks_addon" "this" {
TestEks 2023-10-04T09:00:56-04:00 logger.go:66:       [32m+[0m[0m addon_name           = "coredns"
TestEks 2023-10-04T09:00:56-04:00 logger.go:66:       [32m+[0m[0m addon_version        = (known after apply)
TestEks 2023-10-04T09:00:56-04:00 logger.go:66:       [32m+[0m[0m arn                  = (known after apply)
TestEks 2023-10-04T09:00:56-04:00 logger.go:66:       [32m+[0m[0m cluster_name         = "eks-runner-go-19867-demo"
TestEks 2023-10-04T09:00:56-04:00 logger.go:66:       [32m+[0m[0m configuration_values = (known after apply)
TestEks 2023-10-04T09:00:56-04:00 logger.go:66:       [32m+[0m[0m created_at           = (known after apply)
TestEks 2023-10-04T09:00:56-04:00 logger.go:66:       [32m+[0m[0m id                   = (known after apply)
TestEks 2023-10-04T09:00:56-04:00 logger.go:66:       [32m+[0m[0m modified_at          = (known after apply)
TestEks 2023-10-04T09:00:56-04:00 logger.go:66:       [32m+[0m[0m resolve_conflicts    = "OVERWRITE"
TestEks 2023-10-04T09:00:56-04:00 logger.go:66:       [32m+[0m[0m tags                 = {
TestEks 2023-10-04T09:00:56-04:00 logger.go:66:           [32m+[0m[0m "Owner"         = "lucas.j.hughes@outlook.com"
TestEks 2023-10-04T09:00:56-04:00 logger.go:66:           [32m+[0m[0m "t_AppID"       = "SVC03377"
TestEks 2023-10-04T09:00:56-04:00 logger.go:66:           [32m+[0m[0m "t_dcl"         = "3"
TestEks 2023-10-04T09:00:56-04:00 logger.go:66:           [32m+[0m[0m "t_environment" = "DEMO"
TestEks 2023-10-04T09:00:56-04:00 logger.go:66:         }
TestEks 2023-10-04T09:00:56-04:00 logger.go:66:       [32m+[0m[0m tags_all             = {
TestEks 2023-10-04T09:00:56-04:00 logger.go:66:           [32m+[0m[0m "Owner"         = "lucas.j.hughes@outlook.com"
TestEks 2023-10-04T09:00:56-04:00 logger.go:66:           [32m+[0m[0m "t_AppID"       = "SVC03377"
TestEks 2023-10-04T09:00:56-04:00 logger.go:66:           [32m+[0m[0m "t_dcl"         = "3"
TestEks 2023-10-04T09:00:56-04:00 logger.go:66:           [32m+[0m[0m "t_environment" = "DEMO"
TestEks 2023-10-04T09:00:56-04:00 logger.go:66:         }
TestEks 2023-10-04T09:00:56-04:00 logger.go:66: 
TestEks 2023-10-04T09:00:56-04:00 logger.go:66:       [32m+[0m[0m timeouts {}
TestEks 2023-10-04T09:00:56-04:00 logger.go:66:     }
TestEks 2023-10-04T09:00:56-04:00 logger.go:66: 
TestEks 2023-10-04T09:00:56-04:00 logger.go:66: [1m  # module.existing_vpc_eks_runner.module.eks.aws_eks_addon.this["kube-proxy"][0m will be created
TestEks 2023-10-04T09:00:56-04:00 logger.go:66: [0m  [32m+[0m[0m resource "aws_eks_addon" "this" {
TestEks 2023-10-04T09:00:56-04:00 logger.go:66:       [32m+[0m[0m addon_name           = "kube-proxy"
TestEks 2023-10-04T09:00:56-04:00 logger.go:66:       [32m+[0m[0m addon_version        = (known after apply)
TestEks 2023-10-04T09:00:56-04:00 logger.go:66:       [32m+[0m[0m arn                  = (known after apply)
TestEks 2023-10-04T09:00:56-04:00 logger.go:66:       [32m+[0m[0m cluster_name         = "eks-runner-go-19867-demo"
TestEks 2023-10-04T09:00:56-04:00 logger.go:66:       [32m+[0m[0m configuration_values = (known after apply)
TestEks 2023-10-04T09:00:56-04:00 logger.go:66:       [32m+[0m[0m created_at           = (known after apply)
TestEks 2023-10-04T09:00:56-04:00 logger.go:66:       [32m+[0m[0m id                   = (known after apply)
TestEks 2023-10-04T09:00:56-04:00 logger.go:66:       [32m+[0m[0m modified_at          = (known after apply)
TestEks 2023-10-04T09:00:56-04:00 logger.go:66:       [32m+[0m[0m resolve_conflicts    = "OVERWRITE"
TestEks 2023-10-04T09:00:56-04:00 logger.go:66:       [32m+[0m[0m tags                 = {
TestEks 2023-10-04T09:00:56-04:00 logger.go:66:           [32m+[0m[0m "Owner"         = "lucas.j.hughes@outlook.com"
TestEks 2023-10-04T09:00:56-04:00 logger.go:66:           [32m+[0m[0m "t_AppID"       = "SVC03377"
TestEks 2023-10-04T09:00:56-04:00 logger.go:66:           [32m+[0m[0m "t_dcl"         = "3"
TestEks 2023-10-04T09:00:56-04:00 logger.go:66:           [32m+[0m[0m "t_environment" = "DEMO"
TestEks 2023-10-04T09:00:56-04:00 logger.go:66:         }
TestEks 2023-10-04T09:00:56-04:00 logger.go:66:       [32m+[0m[0m tags_all             = {
TestEks 2023-10-04T09:00:56-04:00 logger.go:66:           [32m+[0m[0m "Owner"         = "lucas.j.hughes@outlook.com"
TestEks 2023-10-04T09:00:56-04:00 logger.go:66:           [32m+[0m[0m "t_AppID"       = "SVC03377"
TestEks 2023-10-04T09:00:56-04:00 logger.go:66:           [32m+[0m[0m "t_dcl"         = "3"
TestEks 2023-10-04T09:00:56-04:00 logger.go:66:           [32m+[0m[0m "t_environment" = "DEMO"
TestEks 2023-10-04T09:00:56-04:00 logger.go:66:         }
TestEks 2023-10-04T09:00:56-04:00 logger.go:66: 
TestEks 2023-10-04T09:00:56-04:00 logger.go:66:       [32m+[0m[0m timeouts {}
TestEks 2023-10-04T09:00:56-04:00 logger.go:66:     }
TestEks 2023-10-04T09:00:56-04:00 logger.go:66: 
TestEks 2023-10-04T09:00:56-04:00 logger.go:66: [1m  # module.existing_vpc_eks_runner.module.eks.aws_eks_cluster.this[0][0m will be created
TestEks 2023-10-04T09:00:56-04:00 logger.go:66: [0m  [32m+[0m[0m resource "aws_eks_cluster" "this" {
TestEks 2023-10-04T09:00:56-04:00 logger.go:66:       [32m+[0m[0m arn                       = (known after apply)
TestEks 2023-10-04T09:00:56-04:00 logger.go:66:       [32m+[0m[0m certificate_authority     = (known after apply)
TestEks 2023-10-04T09:00:56-04:00 logger.go:66:       [32m+[0m[0m cluster_id                = (known after apply)
TestEks 2023-10-04T09:00:56-04:00 logger.go:66:       [32m+[0m[0m created_at                = (known after apply)
TestEks 2023-10-04T09:00:56-04:00 logger.go:66:       [32m+[0m[0m enabled_cluster_log_types = [
TestEks 2023-10-04T09:00:56-04:00 logger.go:66:           [32m+[0m[0m "api",
TestEks 2023-10-04T09:00:56-04:00 logger.go:66:           [32m+[0m[0m "audit",
TestEks 2023-10-04T09:00:56-04:00 logger.go:66:           [32m+[0m[0m "authenticator",
TestEks 2023-10-04T09:00:56-04:00 logger.go:66:         ]
TestEks 2023-10-04T09:00:56-04:00 logger.go:66:       [32m+[0m[0m endpoint                  = (known after apply)
TestEks 2023-10-04T09:00:56-04:00 logger.go:66:       [32m+[0m[0m id                        = (known after apply)
TestEks 2023-10-04T09:00:56-04:00 logger.go:66:       [32m+[0m[0m identity                  = (known after apply)
TestEks 2023-10-04T09:00:56-04:00 logger.go:66:       [32m+[0m[0m name                      = "eks-runner-go-19867-demo"
TestEks 2023-10-04T09:00:56-04:00 logger.go:66:       [32m+[0m[0m platform_version          = (known after apply)
TestEks 2023-10-04T09:00:56-04:00 logger.go:66:       [32m+[0m[0m role_arn                  = (known after apply)
TestEks 2023-10-04T09:00:56-04:00 logger.go:66:       [32m+[0m[0m status                    = (known after apply)
TestEks 2023-10-04T09:00:56-04:00 logger.go:66:       [32m+[0m[0m tags                      = {
TestEks 2023-10-04T09:00:56-04:00 logger.go:66:           [32m+[0m[0m "Owner"         = "lucas.j.hughes@outlook.com"
TestEks 2023-10-04T09:00:56-04:00 logger.go:66:           [32m+[0m[0m "t_AppID"       = "SVC03377"
TestEks 2023-10-04T09:00:56-04:00 logger.go:66:           [32m+[0m[0m "t_dcl"         = "3"
TestEks 2023-10-04T09:00:56-04:00 logger.go:66:           [32m+[0m[0m "t_environment" = "DEMO"
TestEks 2023-10-04T09:00:56-04:00 logger.go:66:         }
TestEks 2023-10-04T09:00:56-04:00 logger.go:66:       [32m+[0m[0m tags_all                  = {
TestEks 2023-10-04T09:00:56-04:00 logger.go:66:           [32m+[0m[0m "Owner"         = "lucas.j.hughes@outlook.com"
TestEks 2023-10-04T09:00:56-04:00 logger.go:66:           [32m+[0m[0m "t_AppID"       = "SVC03377"
TestEks 2023-10-04T09:00:56-04:00 logger.go:66:           [32m+[0m[0m "t_dcl"         = "3"
TestEks 2023-10-04T09:00:56-04:00 logger.go:66:           [32m+[0m[0m "t_environment" = "DEMO"
TestEks 2023-10-04T09:00:56-04:00 logger.go:66:         }
TestEks 2023-10-04T09:00:56-04:00 logger.go:66:       [32m+[0m[0m version                   = "1.27"
TestEks 2023-10-04T09:00:56-04:00 logger.go:66: 
TestEks 2023-10-04T09:00:56-04:00 logger.go:66:       [32m+[0m[0m encryption_config {
TestEks 2023-10-04T09:00:56-04:00 logger.go:66:           [32m+[0m[0m resources = [
TestEks 2023-10-04T09:00:56-04:00 logger.go:66:               [32m+[0m[0m "secrets",
TestEks 2023-10-04T09:00:56-04:00 logger.go:66:             ]
TestEks 2023-10-04T09:00:56-04:00 logger.go:66: 
TestEks 2023-10-04T09:00:56-04:00 logger.go:66:           [32m+[0m[0m provider {
TestEks 2023-10-04T09:00:56-04:00 logger.go:66:               [32m+[0m[0m key_arn = (known after apply)
TestEks 2023-10-04T09:00:56-04:00 logger.go:66:             }
TestEks 2023-10-04T09:00:56-04:00 logger.go:66:         }
TestEks 2023-10-04T09:00:56-04:00 logger.go:66: 
TestEks 2023-10-04T09:00:56-04:00 logger.go:66:       [32m+[0m[0m kubernetes_network_config {
TestEks 2023-10-04T09:00:56-04:00 logger.go:66:           [32m+[0m[0m ip_family         = (known after apply)
TestEks 2023-10-04T09:00:56-04:00 logger.go:66:           [32m+[0m[0m service_ipv4_cidr = (known after apply)
TestEks 2023-10-04T09:00:56-04:00 logger.go:66:           [32m+[0m[0m service_ipv6_cidr = (known after apply)
TestEks 2023-10-04T09:00:56-04:00 logger.go:66:         }
TestEks 2023-10-04T09:00:56-04:00 logger.go:66: 
TestEks 2023-10-04T09:00:56-04:00 logger.go:66:       [32m+[0m[0m timeouts {}
TestEks 2023-10-04T09:00:56-04:00 logger.go:66: 
TestEks 2023-10-04T09:00:56-04:00 logger.go:66:       [32m+[0m[0m vpc_config {
TestEks 2023-10-04T09:00:56-04:00 logger.go:66:           [32m+[0m[0m cluster_security_group_id = (known after apply)
TestEks 2023-10-04T09:00:56-04:00 logger.go:66:           [32m+[0m[0m endpoint_private_access   = true
TestEks 2023-10-04T09:00:56-04:00 logger.go:66:           [32m+[0m[0m endpoint_public_access    = false
TestEks 2023-10-04T09:00:56-04:00 logger.go:66:           [32m+[0m[0m public_access_cidrs       = [
TestEks 2023-10-04T09:00:56-04:00 logger.go:66:               [32m+[0m[0m "0.0.0.0/0",
TestEks 2023-10-04T09:00:56-04:00 logger.go:66:             ]
TestEks 2023-10-04T09:00:56-04:00 logger.go:66:           [32m+[0m[0m security_group_ids        = (known after apply)
TestEks 2023-10-04T09:00:56-04:00 logger.go:66:           [32m+[0m[0m subnet_ids                = (known after apply)
TestEks 2023-10-04T09:00:56-04:00 logger.go:66:           [32m+[0m[0m vpc_id                    = (known after apply)
TestEks 2023-10-04T09:00:56-04:00 logger.go:66:         }
TestEks 2023-10-04T09:00:56-04:00 logger.go:66:     }
TestEks 2023-10-04T09:00:56-04:00 logger.go:66: 
TestEks 2023-10-04T09:00:56-04:00 logger.go:66: [1m  # module.existing_vpc_eks_runner.module.eks.aws_iam_policy.cluster_encryption[0][0m will be created
TestEks 2023-10-04T09:00:56-04:00 logger.go:66: [0m  [32m+[0m[0m resource "aws_iam_policy" "cluster_encryption" {
TestEks 2023-10-04T09:00:56-04:00 logger.go:66:       [32m+[0m[0m arn         = (known after apply)
TestEks 2023-10-04T09:00:56-04:00 logger.go:66:       [32m+[0m[0m description = "Cluster encryption policy to allow cluster role to utilize CMK provided"
TestEks 2023-10-04T09:00:56-04:00 logger.go:66:       [32m+[0m[0m id          = (known after apply)
TestEks 2023-10-04T09:00:56-04:00 logger.go:66:       [32m+[0m[0m name        = (known after apply)
TestEks 2023-10-04T09:00:56-04:00 logger.go:66:       [32m+[0m[0m name_prefix = "eks-runner-go-19867-demo-cluster-ClusterEncryption"
TestEks 2023-10-04T09:00:56-04:00 logger.go:66:       [32m+[0m[0m path        = "/"
TestEks 2023-10-04T09:00:56-04:00 logger.go:66:       [32m+[0m[0m policy      = (known after apply)
TestEks 2023-10-04T09:00:56-04:00 logger.go:66:       [32m+[0m[0m policy_id   = (known after apply)
TestEks 2023-10-04T09:00:56-04:00 logger.go:66:       [32m+[0m[0m tags        = {
TestEks 2023-10-04T09:00:56-04:00 logger.go:66:           [32m+[0m[0m "Owner"         = "lucas.j.hughes@outlook.com"
TestEks 2023-10-04T09:00:56-04:00 logger.go:66:           [32m+[0m[0m "t_AppID"       = "SVC03377"
TestEks 2023-10-04T09:00:56-04:00 logger.go:66:           [32m+[0m[0m "t_dcl"         = "3"
TestEks 2023-10-04T09:00:56-04:00 logger.go:66:           [32m+[0m[0m "t_environment" = "DEMO"
TestEks 2023-10-04T09:00:56-04:00 logger.go:66:         }
TestEks 2023-10-04T09:00:56-04:00 logger.go:66:       [32m+[0m[0m tags_all    = {
TestEks 2023-10-04T09:00:56-04:00 logger.go:66:           [32m+[0m[0m "Owner"         = "lucas.j.hughes@outlook.com"
TestEks 2023-10-04T09:00:56-04:00 logger.go:66:           [32m+[0m[0m "t_AppID"       = "SVC03377"
TestEks 2023-10-04T09:00:56-04:00 logger.go:66:           [32m+[0m[0m "t_dcl"         = "3"
TestEks 2023-10-04T09:00:56-04:00 logger.go:66:           [32m+[0m[0m "t_environment" = "DEMO"
TestEks 2023-10-04T09:00:56-04:00 logger.go:66:         }
TestEks 2023-10-04T09:00:56-04:00 logger.go:66:     }
TestEks 2023-10-04T09:00:56-04:00 logger.go:66: 
TestEks 2023-10-04T09:00:56-04:00 logger.go:66: [1m  # module.existing_vpc_eks_runner.module.eks.aws_iam_role.this[0][0m will be created
TestEks 2023-10-04T09:00:56-04:00 logger.go:66: [0m  [32m+[0m[0m resource "aws_iam_role" "this" {
TestEks 2023-10-04T09:00:56-04:00 logger.go:66:       [32m+[0m[0m arn                   = (known after apply)
TestEks 2023-10-04T09:00:56-04:00 logger.go:66:       [32m+[0m[0m assume_role_policy    = jsonencode(
TestEks 2023-10-04T09:00:56-04:00 logger.go:66:             {
TestEks 2023-10-04T09:00:56-04:00 logger.go:66:               [32m+[0m[0m Statement = [
TestEks 2023-10-04T09:00:56-04:00 logger.go:66:                   [32m+[0m[0m {
TestEks 2023-10-04T09:00:56-04:00 logger.go:66:                       [32m+[0m[0m Action    = "sts:AssumeRole"
TestEks 2023-10-04T09:00:56-04:00 logger.go:66:                       [32m+[0m[0m Effect    = "Allow"
TestEks 2023-10-04T09:00:56-04:00 logger.go:66:                       [32m+[0m[0m Principal = {
TestEks 2023-10-04T09:00:56-04:00 logger.go:66:                           [32m+[0m[0m Service = "eks.amazonaws.com"
TestEks 2023-10-04T09:00:56-04:00 logger.go:66:                         }
TestEks 2023-10-04T09:00:56-04:00 logger.go:66:                       [32m+[0m[0m Sid       = "EKSClusterAssumeRole"
TestEks 2023-10-04T09:00:56-04:00 logger.go:66:                     },
TestEks 2023-10-04T09:00:56-04:00 logger.go:66:                 ]
TestEks 2023-10-04T09:00:56-04:00 logger.go:66:               [32m+[0m[0m Version   = "2012-10-17"
TestEks 2023-10-04T09:00:56-04:00 logger.go:66:             }
TestEks 2023-10-04T09:00:56-04:00 logger.go:66:         )
TestEks 2023-10-04T09:00:56-04:00 logger.go:66:       [32m+[0m[0m create_date           = (known after apply)
TestEks 2023-10-04T09:00:56-04:00 logger.go:66:       [32m+[0m[0m force_detach_policies = true
TestEks 2023-10-04T09:00:56-04:00 logger.go:66:       [32m+[0m[0m id                    = (known after apply)
TestEks 2023-10-04T09:00:56-04:00 logger.go:66:       [32m+[0m[0m managed_policy_arns   = (known after apply)
TestEks 2023-10-04T09:00:56-04:00 logger.go:66:       [32m+[0m[0m max_session_duration  = 3600
TestEks 2023-10-04T09:00:56-04:00 logger.go:66:       [32m+[0m[0m name                  = (known after apply)
TestEks 2023-10-04T09:00:56-04:00 logger.go:66:       [32m+[0m[0m name_prefix           = "eks-runner-go-19867-demo-cluster-"
TestEks 2023-10-04T09:00:56-04:00 logger.go:66:       [32m+[0m[0m path                  = "/"
TestEks 2023-10-04T09:00:56-04:00 logger.go:66:       [32m+[0m[0m tags                  = {
TestEks 2023-10-04T09:00:56-04:00 logger.go:66:           [32m+[0m[0m "Owner"         = "lucas.j.hughes@outlook.com"
TestEks 2023-10-04T09:00:56-04:00 logger.go:66:           [32m+[0m[0m "t_AppID"       = "SVC03377"
TestEks 2023-10-04T09:00:56-04:00 logger.go:66:           [32m+[0m[0m "t_dcl"         = "3"
TestEks 2023-10-04T09:00:56-04:00 logger.go:66:           [32m+[0m[0m "t_environment" = "DEMO"
TestEks 2023-10-04T09:00:56-04:00 logger.go:66:         }
TestEks 2023-10-04T09:00:56-04:00 logger.go:66:       [32m+[0m[0m tags_all              = {
TestEks 2023-10-04T09:00:56-04:00 logger.go:66:           [32m+[0m[0m "Owner"         = "lucas.j.hughes@outlook.com"
TestEks 2023-10-04T09:00:56-04:00 logger.go:66:           [32m+[0m[0m "t_AppID"       = "SVC03377"
TestEks 2023-10-04T09:00:56-04:00 logger.go:66:           [32m+[0m[0m "t_dcl"         = "3"
TestEks 2023-10-04T09:00:56-04:00 logger.go:66:           [32m+[0m[0m "t_environment" = "DEMO"
TestEks 2023-10-04T09:00:56-04:00 logger.go:66:         }
TestEks 2023-10-04T09:00:56-04:00 logger.go:66:       [32m+[0m[0m unique_id             = (known after apply)
TestEks 2023-10-04T09:00:56-04:00 logger.go:66: 
TestEks 2023-10-04T09:00:56-04:00 logger.go:66:       [32m+[0m[0m inline_policy {
TestEks 2023-10-04T09:00:56-04:00 logger.go:66:           [32m+[0m[0m name   = "eks-runner-go-19867-demo-cluster"
TestEks 2023-10-04T09:00:56-04:00 logger.go:66:           [32m+[0m[0m policy = jsonencode(
TestEks 2023-10-04T09:00:56-04:00 logger.go:66:                 {
TestEks 2023-10-04T09:00:56-04:00 logger.go:66:                   [32m+[0m[0m Statement = [
TestEks 2023-10-04T09:00:56-04:00 logger.go:66:                       [32m+[0m[0m {
TestEks 2023-10-04T09:00:56-04:00 logger.go:66:                           [32m+[0m[0m Action   = [
TestEks 2023-10-04T09:00:56-04:00 logger.go:66:                               [32m+[0m[0m "logs:CreateLogGroup",
TestEks 2023-10-04T09:00:56-04:00 logger.go:66:                             ]
TestEks 2023-10-04T09:00:56-04:00 logger.go:66:                           [32m+[0m[0m Effect   = "Deny"
TestEks 2023-10-04T09:00:56-04:00 logger.go:66:                           [32m+[0m[0m Resource = "*"
TestEks 2023-10-04T09:00:56-04:00 logger.go:66:                         },
TestEks 2023-10-04T09:00:56-04:00 logger.go:66:                     ]
TestEks 2023-10-04T09:00:56-04:00 logger.go:66:                   [32m+[0m[0m Version   = "2012-10-17"
TestEks 2023-10-04T09:00:56-04:00 logger.go:66:                 }
TestEks 2023-10-04T09:00:56-04:00 logger.go:66:             )
TestEks 2023-10-04T09:00:56-04:00 logger.go:66:         }
TestEks 2023-10-04T09:00:56-04:00 logger.go:66:     }
TestEks 2023-10-04T09:00:56-04:00 logger.go:66: 
TestEks 2023-10-04T09:00:56-04:00 logger.go:66: [1m  # module.existing_vpc_eks_runner.module.eks.aws_iam_role_policy_attachment.cluster_encryption[0][0m will be created
TestEks 2023-10-04T09:00:56-04:00 logger.go:66: [0m  [32m+[0m[0m resource "aws_iam_role_policy_attachment" "cluster_encryption" {
TestEks 2023-10-04T09:00:56-04:00 logger.go:66:       [32m+[0m[0m id         = (known after apply)
TestEks 2023-10-04T09:00:56-04:00 logger.go:66:       [32m+[0m[0m policy_arn = (known after apply)
TestEks 2023-10-04T09:00:56-04:00 logger.go:66:       [32m+[0m[0m role       = (known after apply)
TestEks 2023-10-04T09:00:56-04:00 logger.go:66:     }
TestEks 2023-10-04T09:00:56-04:00 logger.go:66: 
TestEks 2023-10-04T09:00:56-04:00 logger.go:66: [1m  # module.existing_vpc_eks_runner.module.eks.aws_iam_role_policy_attachment.this["AmazonEKSClusterPolicy"][0m will be created
TestEks 2023-10-04T09:00:56-04:00 logger.go:66: [0m  [32m+[0m[0m resource "aws_iam_role_policy_attachment" "this" {
TestEks 2023-10-04T09:00:56-04:00 logger.go:66:       [32m+[0m[0m id         = (known after apply)
TestEks 2023-10-04T09:00:56-04:00 logger.go:66:       [32m+[0m[0m policy_arn = "arn:aws:iam::aws:policy/AmazonEKSClusterPolicy"
TestEks 2023-10-04T09:00:56-04:00 logger.go:66:       [32m+[0m[0m role       = (known after apply)
TestEks 2023-10-04T09:00:56-04:00 logger.go:66:     }
TestEks 2023-10-04T09:00:56-04:00 logger.go:66: 
TestEks 2023-10-04T09:00:56-04:00 logger.go:66: [1m  # module.existing_vpc_eks_runner.module.eks.aws_iam_role_policy_attachment.this["AmazonEKSVPCResourceController"][0m will be created
TestEks 2023-10-04T09:00:56-04:00 logger.go:66: [0m  [32m+[0m[0m resource "aws_iam_role_policy_attachment" "this" {
TestEks 2023-10-04T09:00:56-04:00 logger.go:66:       [32m+[0m[0m id         = (known after apply)
TestEks 2023-10-04T09:00:56-04:00 logger.go:66:       [32m+[0m[0m policy_arn = "arn:aws:iam::aws:policy/AmazonEKSVPCResourceController"
TestEks 2023-10-04T09:00:56-04:00 logger.go:66:       [32m+[0m[0m role       = (known after apply)
TestEks 2023-10-04T09:00:56-04:00 logger.go:66:     }
TestEks 2023-10-04T09:00:56-04:00 logger.go:66: 
TestEks 2023-10-04T09:00:56-04:00 logger.go:66: [1m  # module.existing_vpc_eks_runner.module.eks.aws_security_group.cluster[0][0m will be created
TestEks 2023-10-04T09:00:56-04:00 logger.go:66: [0m  [32m+[0m[0m resource "aws_security_group" "cluster" {
TestEks 2023-10-04T09:00:56-04:00 logger.go:66:       [32m+[0m[0m arn                    = (known after apply)
TestEks 2023-10-04T09:00:56-04:00 logger.go:66:       [32m+[0m[0m description            = "EKS cluster security group"
TestEks 2023-10-04T09:00:56-04:00 logger.go:66:       [32m+[0m[0m egress                 = (known after apply)
TestEks 2023-10-04T09:00:56-04:00 logger.go:66:       [32m+[0m[0m id                     = (known after apply)
TestEks 2023-10-04T09:00:56-04:00 logger.go:66:       [32m+[0m[0m ingress                = (known after apply)
TestEks 2023-10-04T09:00:56-04:00 logger.go:66:       [32m+[0m[0m name                   = (known after apply)
TestEks 2023-10-04T09:00:56-04:00 logger.go:66:       [32m+[0m[0m name_prefix            = "eks-runner-go-19867-demo-cluster-"
TestEks 2023-10-04T09:00:56-04:00 logger.go:66:       [32m+[0m[0m owner_id               = (known after apply)
TestEks 2023-10-04T09:00:56-04:00 logger.go:66:       [32m+[0m[0m revoke_rules_on_delete = false
TestEks 2023-10-04T09:00:56-04:00 logger.go:66:       [32m+[0m[0m tags                   = {
TestEks 2023-10-04T09:00:56-04:00 logger.go:66:           [32m+[0m[0m "Name"          = "eks-runner-go-19867-demo-cluster"
TestEks 2023-10-04T09:00:56-04:00 logger.go:66:           [32m+[0m[0m "Owner"         = "lucas.j.hughes@outlook.com"
TestEks 2023-10-04T09:00:56-04:00 logger.go:66:           [32m+[0m[0m "t_AppID"       = "SVC03377"
TestEks 2023-10-04T09:00:56-04:00 logger.go:66:           [32m+[0m[0m "t_dcl"         = "3"
TestEks 2023-10-04T09:00:56-04:00 logger.go:66:           [32m+[0m[0m "t_environment" = "DEMO"
TestEks 2023-10-04T09:00:56-04:00 logger.go:66:         }
TestEks 2023-10-04T09:00:56-04:00 logger.go:66:       [32m+[0m[0m tags_all               = {
TestEks 2023-10-04T09:00:56-04:00 logger.go:66:           [32m+[0m[0m "Name"          = "eks-runner-go-19867-demo-cluster"
TestEks 2023-10-04T09:00:56-04:00 logger.go:66:           [32m+[0m[0m "Owner"         = "lucas.j.hughes@outlook.com"
TestEks 2023-10-04T09:00:56-04:00 logger.go:66:           [32m+[0m[0m "t_AppID"       = "SVC03377"
TestEks 2023-10-04T09:00:56-04:00 logger.go:66:           [32m+[0m[0m "t_dcl"         = "3"
TestEks 2023-10-04T09:00:56-04:00 logger.go:66:           [32m+[0m[0m "t_environment" = "DEMO"
TestEks 2023-10-04T09:00:56-04:00 logger.go:66:         }
TestEks 2023-10-04T09:00:56-04:00 logger.go:66:       [32m+[0m[0m vpc_id                 = (known after apply)
TestEks 2023-10-04T09:00:56-04:00 logger.go:66:     }
TestEks 2023-10-04T09:00:56-04:00 logger.go:66: 
TestEks 2023-10-04T09:00:56-04:00 logger.go:66: [1m  # module.existing_vpc_eks_runner.module.eks.aws_security_group.node[0][0m will be created
TestEks 2023-10-04T09:00:56-04:00 logger.go:66: [0m  [32m+[0m[0m resource "aws_security_group" "node" {
TestEks 2023-10-04T09:00:56-04:00 logger.go:66:       [32m+[0m[0m arn                    = (known after apply)
TestEks 2023-10-04T09:00:56-04:00 logger.go:66:       [32m+[0m[0m description            = "EKS node shared security group"
TestEks 2023-10-04T09:00:56-04:00 logger.go:66:       [32m+[0m[0m egress                 = (known after apply)
TestEks 2023-10-04T09:00:56-04:00 logger.go:66:       [32m+[0m[0m id                     = (known after apply)
TestEks 2023-10-04T09:00:56-04:00 logger.go:66:       [32m+[0m[0m ingress                = (known after apply)
TestEks 2023-10-04T09:00:56-04:00 logger.go:66:       [32m+[0m[0m name                   = (known after apply)
TestEks 2023-10-04T09:00:56-04:00 logger.go:66:       [32m+[0m[0m name_prefix            = "eks-runner-go-19867-demo-node-"
TestEks 2023-10-04T09:00:56-04:00 logger.go:66:       [32m+[0m[0m owner_id               = (known after apply)
TestEks 2023-10-04T09:00:56-04:00 logger.go:66:       [32m+[0m[0m revoke_rules_on_delete = false
TestEks 2023-10-04T09:00:56-04:00 logger.go:66:       [32m+[0m[0m tags                   = {
TestEks 2023-10-04T09:00:56-04:00 logger.go:66:           [32m+[0m[0m "Name"                                           = "eks-runner-go-19867-demo-node"
TestEks 2023-10-04T09:00:56-04:00 logger.go:66:           [32m+[0m[0m "Owner"                                          = "lucas.j.hughes@outlook.com"
TestEks 2023-10-04T09:00:56-04:00 logger.go:66:           [32m+[0m[0m "kubernetes.io/cluster/eks-runner-go-19867-demo" = "owned"
TestEks 2023-10-04T09:00:56-04:00 logger.go:66:           [32m+[0m[0m "t_AppID"                                        = "SVC03377"
TestEks 2023-10-04T09:00:56-04:00 logger.go:66:           [32m+[0m[0m "t_dcl"                                          = "3"
TestEks 2023-10-04T09:00:56-04:00 logger.go:66:           [32m+[0m[0m "t_environment"                                  = "DEMO"
TestEks 2023-10-04T09:00:56-04:00 logger.go:66:         }
TestEks 2023-10-04T09:00:56-04:00 logger.go:66:       [32m+[0m[0m tags_all               = {
TestEks 2023-10-04T09:00:56-04:00 logger.go:66:           [32m+[0m[0m "Name"                                           = "eks-runner-go-19867-demo-node"
TestEks 2023-10-04T09:00:56-04:00 logger.go:66:           [32m+[0m[0m "Owner"                                          = "lucas.j.hughes@outlook.com"
TestEks 2023-10-04T09:00:56-04:00 logger.go:66:           [32m+[0m[0m "kubernetes.io/cluster/eks-runner-go-19867-demo" = "owned"
TestEks 2023-10-04T09:00:56-04:00 logger.go:66:           [32m+[0m[0m "t_AppID"                                        = "SVC03377"
TestEks 2023-10-04T09:00:56-04:00 logger.go:66:           [32m+[0m[0m "t_dcl"                                          = "3"
TestEks 2023-10-04T09:00:56-04:00 logger.go:66:           [32m+[0m[0m "t_environment"                                  = "DEMO"
TestEks 2023-10-04T09:00:56-04:00 logger.go:66:         }
TestEks 2023-10-04T09:00:56-04:00 logger.go:66:       [32m+[0m[0m vpc_id                 = (known after apply)
TestEks 2023-10-04T09:00:56-04:00 logger.go:66:     }
TestEks 2023-10-04T09:00:56-04:00 logger.go:66: 
TestEks 2023-10-04T09:00:56-04:00 logger.go:66: [1m  # module.existing_vpc_eks_runner.module.eks.aws_security_group_rule.cluster["ingress_nodes_443"][0m will be created
TestEks 2023-10-04T09:00:56-04:00 logger.go:66: [0m  [32m+[0m[0m resource "aws_security_group_rule" "cluster" {
TestEks 2023-10-04T09:00:56-04:00 logger.go:66:       [32m+[0m[0m description              = "Node groups to cluster API"
TestEks 2023-10-04T09:00:56-04:00 logger.go:66:       [32m+[0m[0m from_port                = 443
TestEks 2023-10-04T09:00:56-04:00 logger.go:66:       [32m+[0m[0m id                       = (known after apply)
TestEks 2023-10-04T09:00:56-04:00 logger.go:66:       [32m+[0m[0m protocol                 = "tcp"
TestEks 2023-10-04T09:00:56-04:00 logger.go:66:       [32m+[0m[0m security_group_id        = (known after apply)
TestEks 2023-10-04T09:00:56-04:00 logger.go:66:       [32m+[0m[0m security_group_rule_id   = (known after apply)
TestEks 2023-10-04T09:00:56-04:00 logger.go:66:       [32m+[0m[0m self                     = false
TestEks 2023-10-04T09:00:56-04:00 logger.go:66:       [32m+[0m[0m source_security_group_id = (known after apply)
TestEks 2023-10-04T09:00:56-04:00 logger.go:66:       [32m+[0m[0m to_port                  = 443
TestEks 2023-10-04T09:00:56-04:00 logger.go:66:       [32m+[0m[0m type                     = "ingress"
TestEks 2023-10-04T09:00:56-04:00 logger.go:66:     }
TestEks 2023-10-04T09:00:56-04:00 logger.go:66: 
TestEks 2023-10-04T09:00:56-04:00 logger.go:66: [1m  # module.existing_vpc_eks_runner.module.eks.aws_security_group_rule.node["egress_all"][0m will be created
TestEks 2023-10-04T09:00:56-04:00 logger.go:66: [0m  [32m+[0m[0m resource "aws_security_group_rule" "node" {
TestEks 2023-10-04T09:00:56-04:00 logger.go:66:       [32m+[0m[0m cidr_blocks              = [
TestEks 2023-10-04T09:00:56-04:00 logger.go:66:           [32m+[0m[0m "0.0.0.0/0",
TestEks 2023-10-04T09:00:56-04:00 logger.go:66:         ]
TestEks 2023-10-04T09:00:56-04:00 logger.go:66:       [32m+[0m[0m description              = "Allow all egress"
TestEks 2023-10-04T09:00:56-04:00 logger.go:66:       [32m+[0m[0m from_port                = 0
TestEks 2023-10-04T09:00:56-04:00 logger.go:66:       [32m+[0m[0m id                       = (known after apply)
TestEks 2023-10-04T09:00:56-04:00 logger.go:66:       [32m+[0m[0m prefix_list_ids          = []
TestEks 2023-10-04T09:00:56-04:00 logger.go:66:       [32m+[0m[0m protocol                 = "-1"
TestEks 2023-10-04T09:00:56-04:00 logger.go:66:       [32m+[0m[0m security_group_id        = (known after apply)
TestEks 2023-10-04T09:00:56-04:00 logger.go:66:       [32m+[0m[0m security_group_rule_id   = (known after apply)
TestEks 2023-10-04T09:00:56-04:00 logger.go:66:       [32m+[0m[0m self                     = false
TestEks 2023-10-04T09:00:56-04:00 logger.go:66:       [32m+[0m[0m source_security_group_id = (known after apply)
TestEks 2023-10-04T09:00:56-04:00 logger.go:66:       [32m+[0m[0m to_port                  = 0
TestEks 2023-10-04T09:00:56-04:00 logger.go:66:       [32m+[0m[0m type                     = "egress"
TestEks 2023-10-04T09:00:56-04:00 logger.go:66:     }
TestEks 2023-10-04T09:00:56-04:00 logger.go:66: 
TestEks 2023-10-04T09:00:56-04:00 logger.go:66: [1m  # module.existing_vpc_eks_runner.module.eks.aws_security_group_rule.node["ingress_cluster_443"][0m will be created
TestEks 2023-10-04T09:00:56-04:00 logger.go:66: [0m  [32m+[0m[0m resource "aws_security_group_rule" "node" {
TestEks 2023-10-04T09:00:56-04:00 logger.go:66:       [32m+[0m[0m description              = "Cluster API to node groups"
TestEks 2023-10-04T09:00:56-04:00 logger.go:66:       [32m+[0m[0m from_port                = 443
TestEks 2023-10-04T09:00:56-04:00 logger.go:66:       [32m+[0m[0m id                       = (known after apply)
TestEks 2023-10-04T09:00:56-04:00 logger.go:66:       [32m+[0m[0m prefix_list_ids          = []
TestEks 2023-10-04T09:00:56-04:00 logger.go:66:       [32m+[0m[0m protocol                 = "tcp"
TestEks 2023-10-04T09:00:56-04:00 logger.go:66:       [32m+[0m[0m security_group_id        = (known after apply)
TestEks 2023-10-04T09:00:56-04:00 logger.go:66:       [32m+[0m[0m security_group_rule_id   = (known after apply)
TestEks 2023-10-04T09:00:56-04:00 logger.go:66:       [32m+[0m[0m self                     = false
TestEks 2023-10-04T09:00:56-04:00 logger.go:66:       [32m+[0m[0m source_security_group_id = (known after apply)
TestEks 2023-10-04T09:00:56-04:00 logger.go:66:       [32m+[0m[0m to_port                  = 443
TestEks 2023-10-04T09:00:56-04:00 logger.go:66:       [32m+[0m[0m type                     = "ingress"
TestEks 2023-10-04T09:00:56-04:00 logger.go:66:     }
TestEks 2023-10-04T09:00:56-04:00 logger.go:66: 
TestEks 2023-10-04T09:00:56-04:00 logger.go:66: [1m  # module.existing_vpc_eks_runner.module.eks.aws_security_group_rule.node["ingress_cluster_4443_webhook"][0m will be created
TestEks 2023-10-04T09:00:56-04:00 logger.go:66: [0m  [32m+[0m[0m resource "aws_security_group_rule" "node" {
TestEks 2023-10-04T09:00:56-04:00 logger.go:66:       [32m+[0m[0m description              = "Cluster API to node 4443/tcp webhook"
TestEks 2023-10-04T09:00:56-04:00 logger.go:66:       [32m+[0m[0m from_port                = 4443
TestEks 2023-10-04T09:00:56-04:00 logger.go:66:       [32m+[0m[0m id                       = (known after apply)
TestEks 2023-10-04T09:00:56-04:00 logger.go:66:       [32m+[0m[0m prefix_list_ids          = []
TestEks 2023-10-04T09:00:56-04:00 logger.go:66:       [32m+[0m[0m protocol                 = "tcp"
TestEks 2023-10-04T09:00:56-04:00 logger.go:66:       [32m+[0m[0m security_group_id        = (known after apply)
TestEks 2023-10-04T09:00:56-04:00 logger.go:66:       [32m+[0m[0m security_group_rule_id   = (known after apply)
TestEks 2023-10-04T09:00:56-04:00 logger.go:66:       [32m+[0m[0m self                     = false
TestEks 2023-10-04T09:00:56-04:00 logger.go:66:       [32m+[0m[0m source_security_group_id = (known after apply)
TestEks 2023-10-04T09:00:56-04:00 logger.go:66:       [32m+[0m[0m to_port                  = 4443
TestEks 2023-10-04T09:00:56-04:00 logger.go:66:       [32m+[0m[0m type                     = "ingress"
TestEks 2023-10-04T09:00:56-04:00 logger.go:66:     }
TestEks 2023-10-04T09:00:56-04:00 logger.go:66: 
TestEks 2023-10-04T09:00:56-04:00 logger.go:66: [1m  # module.existing_vpc_eks_runner.module.eks.aws_security_group_rule.node["ingress_cluster_6443_webhook"][0m will be created
TestEks 2023-10-04T09:00:56-04:00 logger.go:66: [0m  [32m+[0m[0m resource "aws_security_group_rule" "node" {
TestEks 2023-10-04T09:00:56-04:00 logger.go:66:       [32m+[0m[0m description              = "Cluster API to node 6443/tcp webhook"
TestEks 2023-10-04T09:00:56-04:00 logger.go:66:       [32m+[0m[0m from_port                = 6443
TestEks 2023-10-04T09:00:56-04:00 logger.go:66:       [32m+[0m[0m id                       = (known after apply)
TestEks 2023-10-04T09:00:56-04:00 logger.go:66:       [32m+[0m[0m prefix_list_ids          = []
TestEks 2023-10-04T09:00:56-04:00 logger.go:66:       [32m+[0m[0m protocol                 = "tcp"
TestEks 2023-10-04T09:00:56-04:00 logger.go:66:       [32m+[0m[0m security_group_id        = (known after apply)
TestEks 2023-10-04T09:00:56-04:00 logger.go:66:       [32m+[0m[0m security_group_rule_id   = (known after apply)
TestEks 2023-10-04T09:00:56-04:00 logger.go:66:       [32m+[0m[0m self                     = false
TestEks 2023-10-04T09:00:56-04:00 logger.go:66:       [32m+[0m[0m source_security_group_id = (known after apply)
TestEks 2023-10-04T09:00:56-04:00 logger.go:66:       [32m+[0m[0m to_port                  = 6443
TestEks 2023-10-04T09:00:56-04:00 logger.go:66:       [32m+[0m[0m type                     = "ingress"
TestEks 2023-10-04T09:00:56-04:00 logger.go:66:     }
TestEks 2023-10-04T09:00:56-04:00 logger.go:66: 
TestEks 2023-10-04T09:00:56-04:00 logger.go:66: [1m  # module.existing_vpc_eks_runner.module.eks.aws_security_group_rule.node["ingress_cluster_8443_webhook"][0m will be created
TestEks 2023-10-04T09:00:56-04:00 logger.go:66: [0m  [32m+[0m[0m resource "aws_security_group_rule" "node" {
TestEks 2023-10-04T09:00:56-04:00 logger.go:66:       [32m+[0m[0m description              = "Cluster API to node 8443/tcp webhook"
TestEks 2023-10-04T09:00:56-04:00 logger.go:66:       [32m+[0m[0m from_port                = 8443
TestEks 2023-10-04T09:00:56-04:00 logger.go:66:       [32m+[0m[0m id                       = (known after apply)
TestEks 2023-10-04T09:00:56-04:00 logger.go:66:       [32m+[0m[0m prefix_list_ids          = []
TestEks 2023-10-04T09:00:56-04:00 logger.go:66:       [32m+[0m[0m protocol                 = "tcp"
TestEks 2023-10-04T09:00:56-04:00 logger.go:66:       [32m+[0m[0m security_group_id        = (known after apply)
TestEks 2023-10-04T09:00:56-04:00 logger.go:66:       [32m+[0m[0m security_group_rule_id   = (known after apply)
TestEks 2023-10-04T09:00:56-04:00 logger.go:66:       [32m+[0m[0m self                     = false
TestEks 2023-10-04T09:00:56-04:00 logger.go:66:       [32m+[0m[0m source_security_group_id = (known after apply)
TestEks 2023-10-04T09:00:56-04:00 logger.go:66:       [32m+[0m[0m to_port                  = 8443
TestEks 2023-10-04T09:00:56-04:00 logger.go:66:       [32m+[0m[0m type                     = "ingress"
TestEks 2023-10-04T09:00:56-04:00 logger.go:66:     }
TestEks 2023-10-04T09:00:56-04:00 logger.go:66: 
TestEks 2023-10-04T09:00:56-04:00 logger.go:66: [1m  # module.existing_vpc_eks_runner.module.eks.aws_security_group_rule.node["ingress_cluster_9443_webhook"][0m will be created
TestEks 2023-10-04T09:00:56-04:00 logger.go:66: [0m  [32m+[0m[0m resource "aws_security_group_rule" "node" {
TestEks 2023-10-04T09:00:56-04:00 logger.go:66:       [32m+[0m[0m description              = "Cluster API to node 9443/tcp webhook"
TestEks 2023-10-04T09:00:56-04:00 logger.go:66:       [32m+[0m[0m from_port                = 9443
TestEks 2023-10-04T09:00:56-04:00 logger.go:66:       [32m+[0m[0m id                       = (known after apply)
TestEks 2023-10-04T09:00:56-04:00 logger.go:66:       [32m+[0m[0m prefix_list_ids          = []
TestEks 2023-10-04T09:00:56-04:00 logger.go:66:       [32m+[0m[0m protocol                 = "tcp"
TestEks 2023-10-04T09:00:56-04:00 logger.go:66:       [32m+[0m[0m security_group_id        = (known after apply)
TestEks 2023-10-04T09:00:56-04:00 logger.go:66:       [32m+[0m[0m security_group_rule_id   = (known after apply)
TestEks 2023-10-04T09:00:56-04:00 logger.go:66:       [32m+[0m[0m self                     = false
TestEks 2023-10-04T09:00:56-04:00 logger.go:66:       [32m+[0m[0m source_security_group_id = (known after apply)
TestEks 2023-10-04T09:00:56-04:00 logger.go:66:       [32m+[0m[0m to_port                  = 9443
TestEks 2023-10-04T09:00:56-04:00 logger.go:66:       [32m+[0m[0m type                     = "ingress"
TestEks 2023-10-04T09:00:56-04:00 logger.go:66:     }
TestEks 2023-10-04T09:00:56-04:00 logger.go:66: 
TestEks 2023-10-04T09:00:56-04:00 logger.go:66: [1m  # module.existing_vpc_eks_runner.module.eks.aws_security_group_rule.node["ingress_cluster_kubelet"][0m will be created
TestEks 2023-10-04T09:00:56-04:00 logger.go:66: [0m  [32m+[0m[0m resource "aws_security_group_rule" "node" {
TestEks 2023-10-04T09:00:56-04:00 logger.go:66:       [32m+[0m[0m description              = "Cluster API to node kubelets"
TestEks 2023-10-04T09:00:56-04:00 logger.go:66:       [32m+[0m[0m from_port                = 10250
TestEks 2023-10-04T09:00:56-04:00 logger.go:66:       [32m+[0m[0m id                       = (known after apply)
TestEks 2023-10-04T09:00:56-04:00 logger.go:66:       [32m+[0m[0m prefix_list_ids          = []
TestEks 2023-10-04T09:00:56-04:00 logger.go:66:       [32m+[0m[0m protocol                 = "tcp"
TestEks 2023-10-04T09:00:56-04:00 logger.go:66:       [32m+[0m[0m security_group_id        = (known after apply)
TestEks 2023-10-04T09:00:56-04:00 logger.go:66:       [32m+[0m[0m security_group_rule_id   = (known after apply)
TestEks 2023-10-04T09:00:56-04:00 logger.go:66:       [32m+[0m[0m self                     = false
TestEks 2023-10-04T09:00:56-04:00 logger.go:66:       [32m+[0m[0m source_security_group_id = (known after apply)
TestEks 2023-10-04T09:00:56-04:00 logger.go:66:       [32m+[0m[0m to_port                  = 10250
TestEks 2023-10-04T09:00:56-04:00 logger.go:66:       [32m+[0m[0m type                     = "ingress"
TestEks 2023-10-04T09:00:56-04:00 logger.go:66:     }
TestEks 2023-10-04T09:00:56-04:00 logger.go:66: 
TestEks 2023-10-04T09:00:56-04:00 logger.go:66: [1m  # module.existing_vpc_eks_runner.module.eks.aws_security_group_rule.node["ingress_nodes_ephemeral"][0m will be created
TestEks 2023-10-04T09:00:56-04:00 logger.go:66: [0m  [32m+[0m[0m resource "aws_security_group_rule" "node" {
TestEks 2023-10-04T09:00:56-04:00 logger.go:66:       [32m+[0m[0m description              = "Node to node ingress on ephemeral ports"
TestEks 2023-10-04T09:00:56-04:00 logger.go:66:       [32m+[0m[0m from_port                = 1025
TestEks 2023-10-04T09:00:56-04:00 logger.go:66:       [32m+[0m[0m id                       = (known after apply)
TestEks 2023-10-04T09:00:56-04:00 logger.go:66:       [32m+[0m[0m prefix_list_ids          = []
TestEks 2023-10-04T09:00:56-04:00 logger.go:66:       [32m+[0m[0m protocol                 = "tcp"
TestEks 2023-10-04T09:00:56-04:00 logger.go:66:       [32m+[0m[0m security_group_id        = (known after apply)
TestEks 2023-10-04T09:00:56-04:00 logger.go:66:       [32m+[0m[0m security_group_rule_id   = (known after apply)
TestEks 2023-10-04T09:00:56-04:00 logger.go:66:       [32m+[0m[0m self                     = true
TestEks 2023-10-04T09:00:56-04:00 logger.go:66:       [32m+[0m[0m source_security_group_id = (known after apply)
TestEks 2023-10-04T09:00:56-04:00 logger.go:66:       [32m+[0m[0m to_port                  = 65535
TestEks 2023-10-04T09:00:56-04:00 logger.go:66:       [32m+[0m[0m type                     = "ingress"
TestEks 2023-10-04T09:00:56-04:00 logger.go:66:     }
TestEks 2023-10-04T09:00:56-04:00 logger.go:66: 
TestEks 2023-10-04T09:00:56-04:00 logger.go:66: [1m  # module.existing_vpc_eks_runner.module.eks.aws_security_group_rule.node["ingress_self_coredns_tcp"][0m will be created
TestEks 2023-10-04T09:00:56-04:00 logger.go:66: [0m  [32m+[0m[0m resource "aws_security_group_rule" "node" {
TestEks 2023-10-04T09:00:56-04:00 logger.go:66:       [32m+[0m[0m description              = "Node to node CoreDNS"
TestEks 2023-10-04T09:00:56-04:00 logger.go:66:       [32m+[0m[0m from_port                = 53
TestEks 2023-10-04T09:00:56-04:00 logger.go:66:       [32m+[0m[0m id                       = (known after apply)
TestEks 2023-10-04T09:00:56-04:00 logger.go:66:       [32m+[0m[0m prefix_list_ids          = []
TestEks 2023-10-04T09:00:56-04:00 logger.go:66:       [32m+[0m[0m protocol                 = "tcp"
TestEks 2023-10-04T09:00:56-04:00 logger.go:66:       [32m+[0m[0m security_group_id        = (known after apply)
TestEks 2023-10-04T09:00:56-04:00 logger.go:66:       [32m+[0m[0m security_group_rule_id   = (known after apply)
TestEks 2023-10-04T09:00:56-04:00 logger.go:66:       [32m+[0m[0m self                     = true
TestEks 2023-10-04T09:00:56-04:00 logger.go:66:       [32m+[0m[0m source_security_group_id = (known after apply)
TestEks 2023-10-04T09:00:56-04:00 logger.go:66:       [32m+[0m[0m to_port                  = 53
TestEks 2023-10-04T09:00:56-04:00 logger.go:66:       [32m+[0m[0m type                     = "ingress"
TestEks 2023-10-04T09:00:56-04:00 logger.go:66:     }
TestEks 2023-10-04T09:00:56-04:00 logger.go:66: 
TestEks 2023-10-04T09:00:56-04:00 logger.go:66: [1m  # module.existing_vpc_eks_runner.module.eks.aws_security_group_rule.node["ingress_self_coredns_udp"][0m will be created
TestEks 2023-10-04T09:00:56-04:00 logger.go:66: [0m  [32m+[0m[0m resource "aws_security_group_rule" "node" {
TestEks 2023-10-04T09:00:56-04:00 logger.go:66:       [32m+[0m[0m description              = "Node to node CoreDNS UDP"
TestEks 2023-10-04T09:00:56-04:00 logger.go:66:       [32m+[0m[0m from_port                = 53
TestEks 2023-10-04T09:00:56-04:00 logger.go:66:       [32m+[0m[0m id                       = (known after apply)
TestEks 2023-10-04T09:00:56-04:00 logger.go:66:       [32m+[0m[0m prefix_list_ids          = []
TestEks 2023-10-04T09:00:56-04:00 logger.go:66:       [32m+[0m[0m protocol                 = "udp"
TestEks 2023-10-04T09:00:56-04:00 logger.go:66:       [32m+[0m[0m security_group_id        = (known after apply)
TestEks 2023-10-04T09:00:56-04:00 logger.go:66:       [32m+[0m[0m security_group_rule_id   = (known after apply)
TestEks 2023-10-04T09:00:56-04:00 logger.go:66:       [32m+[0m[0m self                     = true
TestEks 2023-10-04T09:00:56-04:00 logger.go:66:       [32m+[0m[0m source_security_group_id = (known after apply)
TestEks 2023-10-04T09:00:56-04:00 logger.go:66:       [32m+[0m[0m to_port                  = 53
TestEks 2023-10-04T09:00:56-04:00 logger.go:66:       [32m+[0m[0m type                     = "ingress"
TestEks 2023-10-04T09:00:56-04:00 logger.go:66:     }
TestEks 2023-10-04T09:00:56-04:00 logger.go:66: 
TestEks 2023-10-04T09:00:56-04:00 logger.go:66: [1m  # module.existing_vpc_eks_runner.module.eks.time_sleep.this[0][0m will be created
TestEks 2023-10-04T09:00:56-04:00 logger.go:66: [0m  [32m+[0m[0m resource "time_sleep" "this" {
TestEks 2023-10-04T09:00:56-04:00 logger.go:66:       [32m+[0m[0m create_duration = "30s"
TestEks 2023-10-04T09:00:56-04:00 logger.go:66:       [32m+[0m[0m id              = (known after apply)
TestEks 2023-10-04T09:00:56-04:00 logger.go:66:       [32m+[0m[0m triggers        = {
TestEks 2023-10-04T09:00:56-04:00 logger.go:66:           [32m+[0m[0m "cluster_certificate_authority_data" = (known after apply)
TestEks 2023-10-04T09:00:56-04:00 logger.go:66:           [32m+[0m[0m "cluster_endpoint"                   = (known after apply)
TestEks 2023-10-04T09:00:56-04:00 logger.go:66:           [32m+[0m[0m "cluster_name"                       = "eks-runner-go-19867-demo"
TestEks 2023-10-04T09:00:56-04:00 logger.go:66:           [32m+[0m[0m "cluster_version"                    = "1.27"
TestEks 2023-10-04T09:00:56-04:00 logger.go:66:         }
TestEks 2023-10-04T09:00:56-04:00 logger.go:66:     }
TestEks 2023-10-04T09:00:56-04:00 logger.go:66: 
TestEks 2023-10-04T09:00:56-04:00 logger.go:66: [1m  # module.new_vpc_eks_runner.module.eks.data.aws_eks_addon_version.this["coredns"][0m will be read during apply
TestEks 2023-10-04T09:00:56-04:00 logger.go:66:   # (depends on a resource or a module with changes pending)
TestEks 2023-10-04T09:00:56-04:00 logger.go:66: [0m [36m<=[0m[0m data "aws_eks_addon_version" "this" {
TestEks 2023-10-04T09:00:56-04:00 logger.go:66:       [32m+[0m[0m addon_name         = "coredns"
TestEks 2023-10-04T09:00:56-04:00 logger.go:66:       [32m+[0m[0m id                 = (known after apply)
TestEks 2023-10-04T09:00:56-04:00 logger.go:66:       [32m+[0m[0m kubernetes_version = "1.27"
TestEks 2023-10-04T09:00:56-04:00 logger.go:66:       [32m+[0m[0m version            = (known after apply)
TestEks 2023-10-04T09:00:56-04:00 logger.go:66:     }
TestEks 2023-10-04T09:00:56-04:00 logger.go:66: 
TestEks 2023-10-04T09:00:56-04:00 logger.go:66: [1m  # module.new_vpc_eks_runner.module.eks.data.aws_eks_addon_version.this["kube-proxy"][0m will be read during apply
TestEks 2023-10-04T09:00:56-04:00 logger.go:66:   # (depends on a resource or a module with changes pending)
TestEks 2023-10-04T09:00:56-04:00 logger.go:66: [0m [36m<=[0m[0m data "aws_eks_addon_version" "this" {
TestEks 2023-10-04T09:00:56-04:00 logger.go:66:       [32m+[0m[0m addon_name         = "kube-proxy"
TestEks 2023-10-04T09:00:56-04:00 logger.go:66:       [32m+[0m[0m id                 = (known after apply)
TestEks 2023-10-04T09:00:56-04:00 logger.go:66:       [32m+[0m[0m kubernetes_version = "1.27"
TestEks 2023-10-04T09:00:56-04:00 logger.go:66:       [32m+[0m[0m version            = (known after apply)
TestEks 2023-10-04T09:00:56-04:00 logger.go:66:     }
TestEks 2023-10-04T09:00:56-04:00 logger.go:66: 
TestEks 2023-10-04T09:00:56-04:00 logger.go:66: [1m  # module.new_vpc_eks_runner.module.eks.data.aws_eks_addon_version.this["vpc-cni"][0m will be read during apply
TestEks 2023-10-04T09:00:56-04:00 logger.go:66:   # (depends on a resource or a module with changes pending)
TestEks 2023-10-04T09:00:56-04:00 logger.go:66: [0m [36m<=[0m[0m data "aws_eks_addon_version" "this" {
TestEks 2023-10-04T09:00:56-04:00 logger.go:66:       [32m+[0m[0m addon_name         = "vpc-cni"
TestEks 2023-10-04T09:00:56-04:00 logger.go:66:       [32m+[0m[0m id                 = (known after apply)
TestEks 2023-10-04T09:00:56-04:00 logger.go:66:       [32m+[0m[0m kubernetes_version = "1.27"
TestEks 2023-10-04T09:00:56-04:00 logger.go:66:       [32m+[0m[0m most_recent        = true
TestEks 2023-10-04T09:00:56-04:00 logger.go:66:       [32m+[0m[0m version            = (known after apply)
TestEks 2023-10-04T09:00:56-04:00 logger.go:66:     }
TestEks 2023-10-04T09:00:56-04:00 logger.go:66: 
TestEks 2023-10-04T09:00:56-04:00 logger.go:66: [1m  # module.new_vpc_eks_runner.module.eks.aws_cloudwatch_log_group.this[0][0m will be created
TestEks 2023-10-04T09:00:56-04:00 logger.go:66: [0m  [32m+[0m[0m resource "aws_cloudwatch_log_group" "this" {
TestEks 2023-10-04T09:00:56-04:00 logger.go:66:       [32m+[0m[0m arn               = (known after apply)
TestEks 2023-10-04T09:00:56-04:00 logger.go:66:       [32m+[0m[0m id                = (known after apply)
TestEks 2023-10-04T09:00:56-04:00 logger.go:66:       [32m+[0m[0m name              = "/aws/eks/eks-runner-go-10604-demo/cluster"
TestEks 2023-10-04T09:00:56-04:00 logger.go:66:       [32m+[0m[0m name_prefix       = (known after apply)
TestEks 2023-10-04T09:00:56-04:00 logger.go:66:       [32m+[0m[0m retention_in_days = 90
TestEks 2023-10-04T09:00:56-04:00 logger.go:66:       [32m+[0m[0m skip_destroy      = false
TestEks 2023-10-04T09:00:56-04:00 logger.go:66:       [32m+[0m[0m tags              = {
TestEks 2023-10-04T09:00:56-04:00 logger.go:66:           [32m+[0m[0m "Name"          = "/aws/eks/eks-runner-go-10604-demo/cluster"
TestEks 2023-10-04T09:00:56-04:00 logger.go:66:           [32m+[0m[0m "Owner"         = "lucas.j.hughes@outlook.com"
TestEks 2023-10-04T09:00:56-04:00 logger.go:66:           [32m+[0m[0m "t_AppID"       = "SVC03377"
TestEks 2023-10-04T09:00:56-04:00 logger.go:66:           [32m+[0m[0m "t_dcl"         = "3"
TestEks 2023-10-04T09:00:56-04:00 logger.go:66:           [32m+[0m[0m "t_environment" = "DEMO"
TestEks 2023-10-04T09:00:56-04:00 logger.go:66:         }
TestEks 2023-10-04T09:00:56-04:00 logger.go:66:       [32m+[0m[0m tags_all          = {
TestEks 2023-10-04T09:00:56-04:00 logger.go:66:           [32m+[0m[0m "Name"          = "/aws/eks/eks-runner-go-10604-demo/cluster"
TestEks 2023-10-04T09:00:56-04:00 logger.go:66:           [32m+[0m[0m "Owner"         = "lucas.j.hughes@outlook.com"
TestEks 2023-10-04T09:00:56-04:00 logger.go:66:           [32m+[0m[0m "t_AppID"       = "SVC03377"
TestEks 2023-10-04T09:00:56-04:00 logger.go:66:           [32m+[0m[0m "t_dcl"         = "3"
TestEks 2023-10-04T09:00:56-04:00 logger.go:66:           [32m+[0m[0m "t_environment" = "DEMO"
TestEks 2023-10-04T09:00:56-04:00 logger.go:66:         }
TestEks 2023-10-04T09:00:56-04:00 logger.go:66:     }
TestEks 2023-10-04T09:00:56-04:00 logger.go:66: 
TestEks 2023-10-04T09:00:56-04:00 logger.go:66: [1m  # module.new_vpc_eks_runner.module.eks.aws_ec2_tag.cluster_primary_security_group["Owner"][0m will be created
TestEks 2023-10-04T09:00:56-04:00 logger.go:66: [0m  [32m+[0m[0m resource "aws_ec2_tag" "cluster_primary_security_group" {
TestEks 2023-10-04T09:00:56-04:00 logger.go:66:       [32m+[0m[0m id          = (known after apply)
TestEks 2023-10-04T09:00:56-04:00 logger.go:66:       [32m+[0m[0m key         = "Owner"
TestEks 2023-10-04T09:00:56-04:00 logger.go:66:       [32m+[0m[0m resource_id = (known after apply)
TestEks 2023-10-04T09:00:56-04:00 logger.go:66:       [32m+[0m[0m value       = "lucas.j.hughes@outlook.com"
TestEks 2023-10-04T09:00:56-04:00 logger.go:66:     }
TestEks 2023-10-04T09:00:56-04:00 logger.go:66: 
TestEks 2023-10-04T09:00:56-04:00 logger.go:66: [1m  # module.new_vpc_eks_runner.module.eks.aws_ec2_tag.cluster_primary_security_group["t_AppID"][0m will be created
TestEks 2023-10-04T09:00:56-04:00 logger.go:66: [0m  [32m+[0m[0m resource "aws_ec2_tag" "cluster_primary_security_group" {
TestEks 2023-10-04T09:00:56-04:00 logger.go:66:       [32m+[0m[0m id          = (known after apply)
TestEks 2023-10-04T09:00:56-04:00 logger.go:66:       [32m+[0m[0m key         = "t_AppID"
TestEks 2023-10-04T09:00:56-04:00 logger.go:66:       [32m+[0m[0m resource_id = (known after apply)
TestEks 2023-10-04T09:00:56-04:00 logger.go:66:       [32m+[0m[0m value       = "SVC03377"
TestEks 2023-10-04T09:00:56-04:00 logger.go:66:     }
TestEks 2023-10-04T09:00:56-04:00 logger.go:66: 
TestEks 2023-10-04T09:00:56-04:00 logger.go:66: [1m  # module.new_vpc_eks_runner.module.eks.aws_ec2_tag.cluster_primary_security_group["t_dcl"][0m will be created
TestEks 2023-10-04T09:00:56-04:00 logger.go:66: [0m  [32m+[0m[0m resource "aws_ec2_tag" "cluster_primary_security_group" {
TestEks 2023-10-04T09:00:56-04:00 logger.go:66:       [32m+[0m[0m id          = (known after apply)
TestEks 2023-10-04T09:00:56-04:00 logger.go:66:       [32m+[0m[0m key         = "t_dcl"
TestEks 2023-10-04T09:00:56-04:00 logger.go:66:       [32m+[0m[0m resource_id = (known after apply)
TestEks 2023-10-04T09:00:56-04:00 logger.go:66:       [32m+[0m[0m value       = "3"
TestEks 2023-10-04T09:00:56-04:00 logger.go:66:     }
TestEks 2023-10-04T09:00:56-04:00 logger.go:66: 
TestEks 2023-10-04T09:00:56-04:00 logger.go:66: [1m  # module.new_vpc_eks_runner.module.eks.aws_ec2_tag.cluster_primary_security_group["t_environment"][0m will be created
TestEks 2023-10-04T09:00:56-04:00 logger.go:66: [0m  [32m+[0m[0m resource "aws_ec2_tag" "cluster_primary_security_group" {
TestEks 2023-10-04T09:00:56-04:00 logger.go:66:       [32m+[0m[0m id          = (known after apply)
TestEks 2023-10-04T09:00:56-04:00 logger.go:66:       [32m+[0m[0m key         = "t_environment"
TestEks 2023-10-04T09:00:56-04:00 logger.go:66:       [32m+[0m[0m resource_id = (known after apply)
TestEks 2023-10-04T09:00:56-04:00 logger.go:66:       [32m+[0m[0m value       = "DEMO"
TestEks 2023-10-04T09:00:56-04:00 logger.go:66:     }
TestEks 2023-10-04T09:00:56-04:00 logger.go:66: 
TestEks 2023-10-04T09:00:56-04:00 logger.go:66: [1m  # module.new_vpc_eks_runner.module.eks.aws_eks_addon.before_compute["vpc-cni"][0m will be created
TestEks 2023-10-04T09:00:56-04:00 logger.go:66: [0m  [32m+[0m[0m resource "aws_eks_addon" "before_compute" {
TestEks 2023-10-04T09:00:56-04:00 logger.go:66:       [32m+[0m[0m addon_name           = "vpc-cni"
TestEks 2023-10-04T09:00:56-04:00 logger.go:66:       [32m+[0m[0m addon_version        = (known after apply)
TestEks 2023-10-04T09:00:56-04:00 logger.go:66:       [32m+[0m[0m arn                  = (known after apply)
TestEks 2023-10-04T09:00:56-04:00 logger.go:66:       [32m+[0m[0m cluster_name         = "eks-runner-go-10604-demo"
TestEks 2023-10-04T09:00:56-04:00 logger.go:66:       [32m+[0m[0m configuration_values = jsonencode(
TestEks 2023-10-04T09:00:56-04:00 logger.go:66:             {
TestEks 2023-10-04T09:00:56-04:00 logger.go:66:               [32m+[0m[0m env = {
TestEks 2023-10-04T09:00:56-04:00 logger.go:66:                   [32m+[0m[0m ENABLE_PREFIX_DELEGATION = "true"
TestEks 2023-10-04T09:00:56-04:00 logger.go:66:                   [32m+[0m[0m WARM_PREFIX_TARGET       = "1"
TestEks 2023-10-04T09:00:56-04:00 logger.go:66:                 }
TestEks 2023-10-04T09:00:56-04:00 logger.go:66:             }
TestEks 2023-10-04T09:00:56-04:00 logger.go:66:         )
TestEks 2023-10-04T09:00:56-04:00 logger.go:66:       [32m+[0m[0m created_at           = (known after apply)
TestEks 2023-10-04T09:00:56-04:00 logger.go:66:       [32m+[0m[0m id                   = (known after apply)
TestEks 2023-10-04T09:00:56-04:00 logger.go:66:       [32m+[0m[0m modified_at          = (known after apply)
TestEks 2023-10-04T09:00:56-04:00 logger.go:66:       [32m+[0m[0m resolve_conflicts    = "OVERWRITE"
TestEks 2023-10-04T09:00:56-04:00 logger.go:66:       [32m+[0m[0m tags                 = {
TestEks 2023-10-04T09:00:56-04:00 logger.go:66:           [32m+[0m[0m "Owner"         = "lucas.j.hughes@outlook.com"
TestEks 2023-10-04T09:00:56-04:00 logger.go:66:           [32m+[0m[0m "t_AppID"       = "SVC03377"
TestEks 2023-10-04T09:00:56-04:00 logger.go:66:           [32m+[0m[0m "t_dcl"         = "3"
TestEks 2023-10-04T09:00:56-04:00 logger.go:66:           [32m+[0m[0m "t_environment" = "DEMO"
TestEks 2023-10-04T09:00:56-04:00 logger.go:66:         }
TestEks 2023-10-04T09:00:56-04:00 logger.go:66:       [32m+[0m[0m tags_all             = {
TestEks 2023-10-04T09:00:56-04:00 logger.go:66:           [32m+[0m[0m "Owner"         = "lucas.j.hughes@outlook.com"
TestEks 2023-10-04T09:00:56-04:00 logger.go:66:           [32m+[0m[0m "t_AppID"       = "SVC03377"
TestEks 2023-10-04T09:00:56-04:00 logger.go:66:           [32m+[0m[0m "t_dcl"         = "3"
TestEks 2023-10-04T09:00:56-04:00 logger.go:66:           [32m+[0m[0m "t_environment" = "DEMO"
TestEks 2023-10-04T09:00:56-04:00 logger.go:66:         }
TestEks 2023-10-04T09:00:56-04:00 logger.go:66: 
TestEks 2023-10-04T09:00:56-04:00 logger.go:66:       [32m+[0m[0m timeouts {}
TestEks 2023-10-04T09:00:56-04:00 logger.go:66:     }
TestEks 2023-10-04T09:00:56-04:00 logger.go:66: 
TestEks 2023-10-04T09:00:56-04:00 logger.go:66: [1m  # module.new_vpc_eks_runner.module.eks.aws_eks_addon.this["coredns"][0m will be created
TestEks 2023-10-04T09:00:56-04:00 logger.go:66: [0m  [32m+[0m[0m resource "aws_eks_addon" "this" {
TestEks 2023-10-04T09:00:56-04:00 logger.go:66:       [32m+[0m[0m addon_name           = "coredns"
TestEks 2023-10-04T09:00:56-04:00 logger.go:66:       [32m+[0m[0m addon_version        = (known after apply)
TestEks 2023-10-04T09:00:56-04:00 logger.go:66:       [32m+[0m[0m arn                  = (known after apply)
TestEks 2023-10-04T09:00:56-04:00 logger.go:66:       [32m+[0m[0m cluster_name         = "eks-runner-go-10604-demo"
TestEks 2023-10-04T09:00:56-04:00 logger.go:66:       [32m+[0m[0m configuration_values = (known after apply)
TestEks 2023-10-04T09:00:56-04:00 logger.go:66:       [32m+[0m[0m created_at           = (known after apply)
TestEks 2023-10-04T09:00:56-04:00 logger.go:66:       [32m+[0m[0m id                   = (known after apply)
TestEks 2023-10-04T09:00:56-04:00 logger.go:66:       [32m+[0m[0m modified_at          = (known after apply)
TestEks 2023-10-04T09:00:56-04:00 logger.go:66:       [32m+[0m[0m resolve_conflicts    = "OVERWRITE"
TestEks 2023-10-04T09:00:56-04:00 logger.go:66:       [32m+[0m[0m tags                 = {
TestEks 2023-10-04T09:00:56-04:00 logger.go:66:           [32m+[0m[0m "Owner"         = "lucas.j.hughes@outlook.com"
TestEks 2023-10-04T09:00:56-04:00 logger.go:66:           [32m+[0m[0m "t_AppID"       = "SVC03377"
TestEks 2023-10-04T09:00:56-04:00 logger.go:66:           [32m+[0m[0m "t_dcl"         = "3"
TestEks 2023-10-04T09:00:56-04:00 logger.go:66:           [32m+[0m[0m "t_environment" = "DEMO"
TestEks 2023-10-04T09:00:56-04:00 logger.go:66:         }
TestEks 2023-10-04T09:00:56-04:00 logger.go:66:       [32m+[0m[0m tags_all             = {
TestEks 2023-10-04T09:00:56-04:00 logger.go:66:           [32m+[0m[0m "Owner"         = "lucas.j.hughes@outlook.com"
TestEks 2023-10-04T09:00:56-04:00 logger.go:66:           [32m+[0m[0m "t_AppID"       = "SVC03377"
TestEks 2023-10-04T09:00:56-04:00 logger.go:66:           [32m+[0m[0m "t_dcl"         = "3"
TestEks 2023-10-04T09:00:56-04:00 logger.go:66:           [32m+[0m[0m "t_environment" = "DEMO"
TestEks 2023-10-04T09:00:56-04:00 logger.go:66:         }
TestEks 2023-10-04T09:00:56-04:00 logger.go:66: 
TestEks 2023-10-04T09:00:56-04:00 logger.go:66:       [32m+[0m[0m timeouts {}
TestEks 2023-10-04T09:00:56-04:00 logger.go:66:     }
TestEks 2023-10-04T09:00:56-04:00 logger.go:66: 
TestEks 2023-10-04T09:00:56-04:00 logger.go:66: [1m  # module.new_vpc_eks_runner.module.eks.aws_eks_addon.this["kube-proxy"][0m will be created
TestEks 2023-10-04T09:00:56-04:00 logger.go:66: [0m  [32m+[0m[0m resource "aws_eks_addon" "this" {
TestEks 2023-10-04T09:00:56-04:00 logger.go:66:       [32m+[0m[0m addon_name           = "kube-proxy"
TestEks 2023-10-04T09:00:56-04:00 logger.go:66:       [32m+[0m[0m addon_version        = (known after apply)
TestEks 2023-10-04T09:00:56-04:00 logger.go:66:       [32m+[0m[0m arn                  = (known after apply)
TestEks 2023-10-04T09:00:56-04:00 logger.go:66:       [32m+[0m[0m cluster_name         = "eks-runner-go-10604-demo"
TestEks 2023-10-04T09:00:56-04:00 logger.go:66:       [32m+[0m[0m configuration_values = (known after apply)
TestEks 2023-10-04T09:00:56-04:00 logger.go:66:       [32m+[0m[0m created_at           = (known after apply)
TestEks 2023-10-04T09:00:56-04:00 logger.go:66:       [32m+[0m[0m id                   = (known after apply)
TestEks 2023-10-04T09:00:56-04:00 logger.go:66:       [32m+[0m[0m modified_at          = (known after apply)
TestEks 2023-10-04T09:00:56-04:00 logger.go:66:       [32m+[0m[0m resolve_conflicts    = "OVERWRITE"
TestEks 2023-10-04T09:00:56-04:00 logger.go:66:       [32m+[0m[0m tags                 = {
TestEks 2023-10-04T09:00:56-04:00 logger.go:66:           [32m+[0m[0m "Owner"         = "lucas.j.hughes@outlook.com"
TestEks 2023-10-04T09:00:56-04:00 logger.go:66:           [32m+[0m[0m "t_AppID"       = "SVC03377"
TestEks 2023-10-04T09:00:56-04:00 logger.go:66:           [32m+[0m[0m "t_dcl"         = "3"
TestEks 2023-10-04T09:00:56-04:00 logger.go:66:           [32m+[0m[0m "t_environment" = "DEMO"
TestEks 2023-10-04T09:00:56-04:00 logger.go:66:         }
TestEks 2023-10-04T09:00:56-04:00 logger.go:66:       [32m+[0m[0m tags_all             = {
TestEks 2023-10-04T09:00:56-04:00 logger.go:66:           [32m+[0m[0m "Owner"         = "lucas.j.hughes@outlook.com"
TestEks 2023-10-04T09:00:56-04:00 logger.go:66:           [32m+[0m[0m "t_AppID"       = "SVC03377"
TestEks 2023-10-04T09:00:56-04:00 logger.go:66:           [32m+[0m[0m "t_dcl"         = "3"
TestEks 2023-10-04T09:00:56-04:00 logger.go:66:           [32m+[0m[0m "t_environment" = "DEMO"
TestEks 2023-10-04T09:00:56-04:00 logger.go:66:         }
TestEks 2023-10-04T09:00:56-04:00 logger.go:66: 
TestEks 2023-10-04T09:00:56-04:00 logger.go:66:       [32m+[0m[0m timeouts {}
TestEks 2023-10-04T09:00:56-04:00 logger.go:66:     }
TestEks 2023-10-04T09:00:56-04:00 logger.go:66: 
TestEks 2023-10-04T09:00:56-04:00 logger.go:66: [1m  # module.new_vpc_eks_runner.module.eks.aws_eks_cluster.this[0][0m will be created
TestEks 2023-10-04T09:00:56-04:00 logger.go:66: [0m  [32m+[0m[0m resource "aws_eks_cluster" "this" {
TestEks 2023-10-04T09:00:56-04:00 logger.go:66:       [32m+[0m[0m arn                       = (known after apply)
TestEks 2023-10-04T09:00:56-04:00 logger.go:66:       [32m+[0m[0m certificate_authority     = (known after apply)
TestEks 2023-10-04T09:00:56-04:00 logger.go:66:       [32m+[0m[0m cluster_id                = (known after apply)
TestEks 2023-10-04T09:00:56-04:00 logger.go:66:       [32m+[0m[0m created_at                = (known after apply)
TestEks 2023-10-04T09:00:56-04:00 logger.go:66:       [32m+[0m[0m enabled_cluster_log_types = [
TestEks 2023-10-04T09:00:56-04:00 logger.go:66:           [32m+[0m[0m "api",
TestEks 2023-10-04T09:00:56-04:00 logger.go:66:           [32m+[0m[0m "audit",
TestEks 2023-10-04T09:00:56-04:00 logger.go:66:           [32m+[0m[0m "authenticator",
TestEks 2023-10-04T09:00:56-04:00 logger.go:66:         ]
TestEks 2023-10-04T09:00:56-04:00 logger.go:66:       [32m+[0m[0m endpoint                  = (known after apply)
TestEks 2023-10-04T09:00:56-04:00 logger.go:66:       [32m+[0m[0m id                        = (known after apply)
TestEks 2023-10-04T09:00:56-04:00 logger.go:66:       [32m+[0m[0m identity                  = (known after apply)
TestEks 2023-10-04T09:00:56-04:00 logger.go:66:       [32m+[0m[0m name                      = "eks-runner-go-10604-demo"
TestEks 2023-10-04T09:00:56-04:00 logger.go:66:       [32m+[0m[0m platform_version          = (known after apply)
TestEks 2023-10-04T09:00:56-04:00 logger.go:66:       [32m+[0m[0m role_arn                  = (known after apply)
TestEks 2023-10-04T09:00:56-04:00 logger.go:66:       [32m+[0m[0m status                    = (known after apply)
TestEks 2023-10-04T09:00:56-04:00 logger.go:66:       [32m+[0m[0m tags                      = {
TestEks 2023-10-04T09:00:56-04:00 logger.go:66:           [32m+[0m[0m "Owner"         = "lucas.j.hughes@outlook.com"
TestEks 2023-10-04T09:00:56-04:00 logger.go:66:           [32m+[0m[0m "t_AppID"       = "SVC03377"
TestEks 2023-10-04T09:00:56-04:00 logger.go:66:           [32m+[0m[0m "t_dcl"         = "3"
TestEks 2023-10-04T09:00:56-04:00 logger.go:66:           [32m+[0m[0m "t_environment" = "DEMO"
TestEks 2023-10-04T09:00:56-04:00 logger.go:66:         }
TestEks 2023-10-04T09:00:56-04:00 logger.go:66:       [32m+[0m[0m tags_all                  = {
TestEks 2023-10-04T09:00:56-04:00 logger.go:66:           [32m+[0m[0m "Owner"         = "lucas.j.hughes@outlook.com"
TestEks 2023-10-04T09:00:56-04:00 logger.go:66:           [32m+[0m[0m "t_AppID"       = "SVC03377"
TestEks 2023-10-04T09:00:56-04:00 logger.go:66:           [32m+[0m[0m "t_dcl"         = "3"
TestEks 2023-10-04T09:00:56-04:00 logger.go:66:           [32m+[0m[0m "t_environment" = "DEMO"
TestEks 2023-10-04T09:00:56-04:00 logger.go:66:         }
TestEks 2023-10-04T09:00:56-04:00 logger.go:66:       [32m+[0m[0m version                   = "1.27"
TestEks 2023-10-04T09:00:56-04:00 logger.go:66: 
TestEks 2023-10-04T09:00:56-04:00 logger.go:66:       [32m+[0m[0m encryption_config {
TestEks 2023-10-04T09:00:56-04:00 logger.go:66:           [32m+[0m[0m resources = [
TestEks 2023-10-04T09:00:56-04:00 logger.go:66:               [32m+[0m[0m "secrets",
TestEks 2023-10-04T09:00:56-04:00 logger.go:66:             ]
TestEks 2023-10-04T09:00:56-04:00 logger.go:66: 
TestEks 2023-10-04T09:00:56-04:00 logger.go:66:           [32m+[0m[0m provider {
TestEks 2023-10-04T09:00:56-04:00 logger.go:66:               [32m+[0m[0m key_arn = (known after apply)
TestEks 2023-10-04T09:00:56-04:00 logger.go:66:             }
TestEks 2023-10-04T09:00:56-04:00 logger.go:66:         }
TestEks 2023-10-04T09:00:56-04:00 logger.go:66: 
TestEks 2023-10-04T09:00:56-04:00 logger.go:66:       [32m+[0m[0m kubernetes_network_config {
TestEks 2023-10-04T09:00:56-04:00 logger.go:66:           [32m+[0m[0m ip_family         = (known after apply)
TestEks 2023-10-04T09:00:56-04:00 logger.go:66:           [32m+[0m[0m service_ipv4_cidr = (known after apply)
TestEks 2023-10-04T09:00:56-04:00 logger.go:66:           [32m+[0m[0m service_ipv6_cidr = (known after apply)
TestEks 2023-10-04T09:00:56-04:00 logger.go:66:         }
TestEks 2023-10-04T09:00:56-04:00 logger.go:66: 
TestEks 2023-10-04T09:00:56-04:00 logger.go:66:       [32m+[0m[0m timeouts {}
TestEks 2023-10-04T09:00:56-04:00 logger.go:66: 
TestEks 2023-10-04T09:00:56-04:00 logger.go:66:       [32m+[0m[0m vpc_config {
TestEks 2023-10-04T09:00:56-04:00 logger.go:66:           [32m+[0m[0m cluster_security_group_id = (known after apply)
TestEks 2023-10-04T09:00:56-04:00 logger.go:66:           [32m+[0m[0m endpoint_private_access   = true
TestEks 2023-10-04T09:00:56-04:00 logger.go:66:           [32m+[0m[0m endpoint_public_access    = false
TestEks 2023-10-04T09:00:56-04:00 logger.go:66:           [32m+[0m[0m public_access_cidrs       = [
TestEks 2023-10-04T09:00:56-04:00 logger.go:66:               [32m+[0m[0m "0.0.0.0/0",
TestEks 2023-10-04T09:00:56-04:00 logger.go:66:             ]
TestEks 2023-10-04T09:00:56-04:00 logger.go:66:           [32m+[0m[0m security_group_ids        = (known after apply)
TestEks 2023-10-04T09:00:56-04:00 logger.go:66:           [32m+[0m[0m subnet_ids                = (known after apply)
TestEks 2023-10-04T09:00:56-04:00 logger.go:66:           [32m+[0m[0m vpc_id                    = (known after apply)
TestEks 2023-10-04T09:00:56-04:00 logger.go:66:         }
TestEks 2023-10-04T09:00:56-04:00 logger.go:66:     }
TestEks 2023-10-04T09:00:56-04:00 logger.go:66: 
TestEks 2023-10-04T09:00:56-04:00 logger.go:66: [1m  # module.new_vpc_eks_runner.module.eks.aws_iam_policy.cluster_encryption[0][0m will be created
TestEks 2023-10-04T09:00:56-04:00 logger.go:66: [0m  [32m+[0m[0m resource "aws_iam_policy" "cluster_encryption" {
TestEks 2023-10-04T09:00:56-04:00 logger.go:66:       [32m+[0m[0m arn         = (known after apply)
TestEks 2023-10-04T09:00:56-04:00 logger.go:66:       [32m+[0m[0m description = "Cluster encryption policy to allow cluster role to utilize CMK provided"
TestEks 2023-10-04T09:00:56-04:00 logger.go:66:       [32m+[0m[0m id          = (known after apply)
TestEks 2023-10-04T09:00:56-04:00 logger.go:66:       [32m+[0m[0m name        = (known after apply)
TestEks 2023-10-04T09:00:56-04:00 logger.go:66:       [32m+[0m[0m name_prefix = "eks-runner-go-10604-demo-cluster-ClusterEncryption"
TestEks 2023-10-04T09:00:56-04:00 logger.go:66:       [32m+[0m[0m path        = "/"
TestEks 2023-10-04T09:00:56-04:00 logger.go:66:       [32m+[0m[0m policy      = (known after apply)
TestEks 2023-10-04T09:00:56-04:00 logger.go:66:       [32m+[0m[0m policy_id   = (known after apply)
TestEks 2023-10-04T09:00:56-04:00 logger.go:66:       [32m+[0m[0m tags        = {
TestEks 2023-10-04T09:00:56-04:00 logger.go:66:           [32m+[0m[0m "Owner"         = "lucas.j.hughes@outlook.com"
TestEks 2023-10-04T09:00:56-04:00 logger.go:66:           [32m+[0m[0m "t_AppID"       = "SVC03377"
TestEks 2023-10-04T09:00:56-04:00 logger.go:66:           [32m+[0m[0m "t_dcl"         = "3"
TestEks 2023-10-04T09:00:56-04:00 logger.go:66:           [32m+[0m[0m "t_environment" = "DEMO"
TestEks 2023-10-04T09:00:56-04:00 logger.go:66:         }
TestEks 2023-10-04T09:00:56-04:00 logger.go:66:       [32m+[0m[0m tags_all    = {
TestEks 2023-10-04T09:00:56-04:00 logger.go:66:           [32m+[0m[0m "Owner"         = "lucas.j.hughes@outlook.com"
TestEks 2023-10-04T09:00:56-04:00 logger.go:66:           [32m+[0m[0m "t_AppID"       = "SVC03377"
TestEks 2023-10-04T09:00:56-04:00 logger.go:66:           [32m+[0m[0m "t_dcl"         = "3"
TestEks 2023-10-04T09:00:56-04:00 logger.go:66:           [32m+[0m[0m "t_environment" = "DEMO"
TestEks 2023-10-04T09:00:56-04:00 logger.go:66:         }
TestEks 2023-10-04T09:00:56-04:00 logger.go:66:     }
TestEks 2023-10-04T09:00:56-04:00 logger.go:66: 
TestEks 2023-10-04T09:00:56-04:00 logger.go:66: [1m  # module.new_vpc_eks_runner.module.eks.aws_iam_role.this[0][0m will be created
TestEks 2023-10-04T09:00:56-04:00 logger.go:66: [0m  [32m+[0m[0m resource "aws_iam_role" "this" {
TestEks 2023-10-04T09:00:56-04:00 logger.go:66:       [32m+[0m[0m arn                   = (known after apply)
TestEks 2023-10-04T09:00:56-04:00 logger.go:66:       [32m+[0m[0m assume_role_policy    = jsonencode(
TestEks 2023-10-04T09:00:56-04:00 logger.go:66:             {
TestEks 2023-10-04T09:00:56-04:00 logger.go:66:               [32m+[0m[0m Statement = [
TestEks 2023-10-04T09:00:56-04:00 logger.go:66:                   [32m+[0m[0m {
TestEks 2023-10-04T09:00:56-04:00 logger.go:66:                       [32m+[0m[0m Action    = "sts:AssumeRole"
TestEks 2023-10-04T09:00:56-04:00 logger.go:66:                       [32m+[0m[0m Effect    = "Allow"
TestEks 2023-10-04T09:00:56-04:00 logger.go:66:                       [32m+[0m[0m Principal = {
TestEks 2023-10-04T09:00:56-04:00 logger.go:66:                           [32m+[0m[0m Service = "eks.amazonaws.com"
TestEks 2023-10-04T09:00:56-04:00 logger.go:66:                         }
TestEks 2023-10-04T09:00:56-04:00 logger.go:66:                       [32m+[0m[0m Sid       = "EKSClusterAssumeRole"
TestEks 2023-10-04T09:00:56-04:00 logger.go:66:                     },
TestEks 2023-10-04T09:00:56-04:00 logger.go:66:                 ]
TestEks 2023-10-04T09:00:56-04:00 logger.go:66:               [32m+[0m[0m Version   = "2012-10-17"
TestEks 2023-10-04T09:00:56-04:00 logger.go:66:             }
TestEks 2023-10-04T09:00:56-04:00 logger.go:66:         )
TestEks 2023-10-04T09:00:56-04:00 logger.go:66:       [32m+[0m[0m create_date           = (known after apply)
TestEks 2023-10-04T09:00:56-04:00 logger.go:66:       [32m+[0m[0m force_detach_policies = true
TestEks 2023-10-04T09:00:56-04:00 logger.go:66:       [32m+[0m[0m id                    = (known after apply)
TestEks 2023-10-04T09:00:56-04:00 logger.go:66:       [32m+[0m[0m managed_policy_arns   = (known after apply)
TestEks 2023-10-04T09:00:56-04:00 logger.go:66:       [32m+[0m[0m max_session_duration  = 3600
TestEks 2023-10-04T09:00:56-04:00 logger.go:66:       [32m+[0m[0m name                  = (known after apply)
TestEks 2023-10-04T09:00:56-04:00 logger.go:66:       [32m+[0m[0m name_prefix           = "eks-runner-go-10604-demo-cluster-"
TestEks 2023-10-04T09:00:56-04:00 logger.go:66:       [32m+[0m[0m path                  = "/"
TestEks 2023-10-04T09:00:56-04:00 logger.go:66:       [32m+[0m[0m tags                  = {
TestEks 2023-10-04T09:00:56-04:00 logger.go:66:           [32m+[0m[0m "Owner"         = "lucas.j.hughes@outlook.com"
TestEks 2023-10-04T09:00:56-04:00 logger.go:66:           [32m+[0m[0m "t_AppID"       = "SVC03377"
TestEks 2023-10-04T09:00:56-04:00 logger.go:66:           [32m+[0m[0m "t_dcl"         = "3"
TestEks 2023-10-04T09:00:56-04:00 logger.go:66:           [32m+[0m[0m "t_environment" = "DEMO"
TestEks 2023-10-04T09:00:56-04:00 logger.go:66:         }
TestEks 2023-10-04T09:00:56-04:00 logger.go:66:       [32m+[0m[0m tags_all              = {
TestEks 2023-10-04T09:00:56-04:00 logger.go:66:           [32m+[0m[0m "Owner"         = "lucas.j.hughes@outlook.com"
TestEks 2023-10-04T09:00:56-04:00 logger.go:66:           [32m+[0m[0m "t_AppID"       = "SVC03377"
TestEks 2023-10-04T09:00:56-04:00 logger.go:66:           [32m+[0m[0m "t_dcl"         = "3"
TestEks 2023-10-04T09:00:56-04:00 logger.go:66:           [32m+[0m[0m "t_environment" = "DEMO"
TestEks 2023-10-04T09:00:56-04:00 logger.go:66:         }
TestEks 2023-10-04T09:00:56-04:00 logger.go:66:       [32m+[0m[0m unique_id             = (known after apply)
TestEks 2023-10-04T09:00:56-04:00 logger.go:66: 
TestEks 2023-10-04T09:00:56-04:00 logger.go:66:       [32m+[0m[0m inline_policy {
TestEks 2023-10-04T09:00:56-04:00 logger.go:66:           [32m+[0m[0m name   = "eks-runner-go-10604-demo-cluster"
TestEks 2023-10-04T09:00:56-04:00 logger.go:66:           [32m+[0m[0m policy = jsonencode(
TestEks 2023-10-04T09:00:56-04:00 logger.go:66:                 {
TestEks 2023-10-04T09:00:56-04:00 logger.go:66:                   [32m+[0m[0m Statement = [
TestEks 2023-10-04T09:00:56-04:00 logger.go:66:                       [32m+[0m[0m {
TestEks 2023-10-04T09:00:56-04:00 logger.go:66:                           [32m+[0m[0m Action   = [
TestEks 2023-10-04T09:00:56-04:00 logger.go:66:                               [32m+[0m[0m "logs:CreateLogGroup",
TestEks 2023-10-04T09:00:56-04:00 logger.go:66:                             ]
TestEks 2023-10-04T09:00:56-04:00 logger.go:66:                           [32m+[0m[0m Effect   = "Deny"
TestEks 2023-10-04T09:00:56-04:00 logger.go:66:                           [32m+[0m[0m Resource = "*"
TestEks 2023-10-04T09:00:56-04:00 logger.go:66:                         },
TestEks 2023-10-04T09:00:56-04:00 logger.go:66:                     ]
TestEks 2023-10-04T09:00:56-04:00 logger.go:66:                   [32m+[0m[0m Version   = "2012-10-17"
TestEks 2023-10-04T09:00:56-04:00 logger.go:66:                 }
TestEks 2023-10-04T09:00:56-04:00 logger.go:66:             )
TestEks 2023-10-04T09:00:56-04:00 logger.go:66:         }
TestEks 2023-10-04T09:00:56-04:00 logger.go:66:     }
TestEks 2023-10-04T09:00:56-04:00 logger.go:66: 
TestEks 2023-10-04T09:00:56-04:00 logger.go:66: [1m  # module.new_vpc_eks_runner.module.eks.aws_iam_role_policy_attachment.cluster_encryption[0][0m will be created
TestEks 2023-10-04T09:00:56-04:00 logger.go:66: [0m  [32m+[0m[0m resource "aws_iam_role_policy_attachment" "cluster_encryption" {
TestEks 2023-10-04T09:00:56-04:00 logger.go:66:       [32m+[0m[0m id         = (known after apply)
TestEks 2023-10-04T09:00:56-04:00 logger.go:66:       [32m+[0m[0m policy_arn = (known after apply)
TestEks 2023-10-04T09:00:56-04:00 logger.go:66:       [32m+[0m[0m role       = (known after apply)
TestEks 2023-10-04T09:00:56-04:00 logger.go:66:     }
TestEks 2023-10-04T09:00:56-04:00 logger.go:66: 
TestEks 2023-10-04T09:00:56-04:00 logger.go:66: [1m  # module.new_vpc_eks_runner.module.eks.aws_iam_role_policy_attachment.this["AmazonEKSClusterPolicy"][0m will be created
TestEks 2023-10-04T09:00:56-04:00 logger.go:66: [0m  [32m+[0m[0m resource "aws_iam_role_policy_attachment" "this" {
TestEks 2023-10-04T09:00:56-04:00 logger.go:66:       [32m+[0m[0m id         = (known after apply)
TestEks 2023-10-04T09:00:56-04:00 logger.go:66:       [32m+[0m[0m policy_arn = "arn:aws:iam::aws:policy/AmazonEKSClusterPolicy"
TestEks 2023-10-04T09:00:56-04:00 logger.go:66:       [32m+[0m[0m role       = (known after apply)
TestEks 2023-10-04T09:00:56-04:00 logger.go:66:     }
TestEks 2023-10-04T09:00:56-04:00 logger.go:66: 
TestEks 2023-10-04T09:00:56-04:00 logger.go:66: [1m  # module.new_vpc_eks_runner.module.eks.aws_iam_role_policy_attachment.this["AmazonEKSVPCResourceController"][0m will be created
TestEks 2023-10-04T09:00:56-04:00 logger.go:66: [0m  [32m+[0m[0m resource "aws_iam_role_policy_attachment" "this" {
TestEks 2023-10-04T09:00:56-04:00 logger.go:66:       [32m+[0m[0m id         = (known after apply)
TestEks 2023-10-04T09:00:56-04:00 logger.go:66:       [32m+[0m[0m policy_arn = "arn:aws:iam::aws:policy/AmazonEKSVPCResourceController"
TestEks 2023-10-04T09:00:56-04:00 logger.go:66:       [32m+[0m[0m role       = (known after apply)
TestEks 2023-10-04T09:00:56-04:00 logger.go:66:     }
TestEks 2023-10-04T09:00:56-04:00 logger.go:66: 
TestEks 2023-10-04T09:00:56-04:00 logger.go:66: [1m  # module.new_vpc_eks_runner.module.eks.aws_security_group.cluster[0][0m will be created
TestEks 2023-10-04T09:00:56-04:00 logger.go:66: [0m  [32m+[0m[0m resource "aws_security_group" "cluster" {
TestEks 2023-10-04T09:00:56-04:00 logger.go:66:       [32m+[0m[0m arn                    = (known after apply)
TestEks 2023-10-04T09:00:56-04:00 logger.go:66:       [32m+[0m[0m description            = "EKS cluster security group"
TestEks 2023-10-04T09:00:56-04:00 logger.go:66:       [32m+[0m[0m egress                 = (known after apply)
TestEks 2023-10-04T09:00:56-04:00 logger.go:66:       [32m+[0m[0m id                     = (known after apply)
TestEks 2023-10-04T09:00:56-04:00 logger.go:66:       [32m+[0m[0m ingress                = (known after apply)
TestEks 2023-10-04T09:00:56-04:00 logger.go:66:       [32m+[0m[0m name                   = (known after apply)
TestEks 2023-10-04T09:00:56-04:00 logger.go:66:       [32m+[0m[0m name_prefix            = "eks-runner-go-10604-demo-cluster-"
TestEks 2023-10-04T09:00:56-04:00 logger.go:66:       [32m+[0m[0m owner_id               = (known after apply)
TestEks 2023-10-04T09:00:56-04:00 logger.go:66:       [32m+[0m[0m revoke_rules_on_delete = false
TestEks 2023-10-04T09:00:56-04:00 logger.go:66:       [32m+[0m[0m tags                   = {
TestEks 2023-10-04T09:00:56-04:00 logger.go:66:           [32m+[0m[0m "Name"          = "eks-runner-go-10604-demo-cluster"
TestEks 2023-10-04T09:00:56-04:00 logger.go:66:           [32m+[0m[0m "Owner"         = "lucas.j.hughes@outlook.com"
TestEks 2023-10-04T09:00:56-04:00 logger.go:66:           [32m+[0m[0m "t_AppID"       = "SVC03377"
TestEks 2023-10-04T09:00:56-04:00 logger.go:66:           [32m+[0m[0m "t_dcl"         = "3"
TestEks 2023-10-04T09:00:56-04:00 logger.go:66:           [32m+[0m[0m "t_environment" = "DEMO"
TestEks 2023-10-04T09:00:56-04:00 logger.go:66:         }
TestEks 2023-10-04T09:00:56-04:00 logger.go:66:       [32m+[0m[0m tags_all               = {
TestEks 2023-10-04T09:00:56-04:00 logger.go:66:           [32m+[0m[0m "Name"          = "eks-runner-go-10604-demo-cluster"
TestEks 2023-10-04T09:00:56-04:00 logger.go:66:           [32m+[0m[0m "Owner"         = "lucas.j.hughes@outlook.com"
TestEks 2023-10-04T09:00:56-04:00 logger.go:66:           [32m+[0m[0m "t_AppID"       = "SVC03377"
TestEks 2023-10-04T09:00:56-04:00 logger.go:66:           [32m+[0m[0m "t_dcl"         = "3"
TestEks 2023-10-04T09:00:56-04:00 logger.go:66:           [32m+[0m[0m "t_environment" = "DEMO"
TestEks 2023-10-04T09:00:56-04:00 logger.go:66:         }
TestEks 2023-10-04T09:00:56-04:00 logger.go:66:       [32m+[0m[0m vpc_id                 = (known after apply)
TestEks 2023-10-04T09:00:56-04:00 logger.go:66:     }
TestEks 2023-10-04T09:00:56-04:00 logger.go:66: 
TestEks 2023-10-04T09:00:56-04:00 logger.go:66: [1m  # module.new_vpc_eks_runner.module.eks.aws_security_group.node[0][0m will be created
TestEks 2023-10-04T09:00:56-04:00 logger.go:66: [0m  [32m+[0m[0m resource "aws_security_group" "node" {
TestEks 2023-10-04T09:00:56-04:00 logger.go:66:       [32m+[0m[0m arn                    = (known after apply)
TestEks 2023-10-04T09:00:56-04:00 logger.go:66:       [32m+[0m[0m description            = "EKS node shared security group"
TestEks 2023-10-04T09:00:56-04:00 logger.go:66:       [32m+[0m[0m egress                 = (known after apply)
TestEks 2023-10-04T09:00:56-04:00 logger.go:66:       [32m+[0m[0m id                     = (known after apply)
TestEks 2023-10-04T09:00:56-04:00 logger.go:66:       [32m+[0m[0m ingress                = (known after apply)
TestEks 2023-10-04T09:00:56-04:00 logger.go:66:       [32m+[0m[0m name                   = (known after apply)
TestEks 2023-10-04T09:00:56-04:00 logger.go:66:       [32m+[0m[0m name_prefix            = "eks-runner-go-10604-demo-node-"
TestEks 2023-10-04T09:00:56-04:00 logger.go:66:       [32m+[0m[0m owner_id               = (known after apply)
TestEks 2023-10-04T09:00:56-04:00 logger.go:66:       [32m+[0m[0m revoke_rules_on_delete = false
TestEks 2023-10-04T09:00:56-04:00 logger.go:66:       [32m+[0m[0m tags                   = {
TestEks 2023-10-04T09:00:56-04:00 logger.go:66:           [32m+[0m[0m "Name"                                           = "eks-runner-go-10604-demo-node"
TestEks 2023-10-04T09:00:56-04:00 logger.go:66:           [32m+[0m[0m "Owner"                                          = "lucas.j.hughes@outlook.com"
TestEks 2023-10-04T09:00:56-04:00 logger.go:66:           [32m+[0m[0m "kubernetes.io/cluster/eks-runner-go-10604-demo" = "owned"
TestEks 2023-10-04T09:00:56-04:00 logger.go:66:           [32m+[0m[0m "t_AppID"                                        = "SVC03377"
TestEks 2023-10-04T09:00:56-04:00 logger.go:66:           [32m+[0m[0m "t_dcl"                                          = "3"
TestEks 2023-10-04T09:00:56-04:00 logger.go:66:           [32m+[0m[0m "t_environment"                                  = "DEMO"
TestEks 2023-10-04T09:00:56-04:00 logger.go:66:         }
TestEks 2023-10-04T09:00:56-04:00 logger.go:66:       [32m+[0m[0m tags_all               = {
TestEks 2023-10-04T09:00:56-04:00 logger.go:66:           [32m+[0m[0m "Name"                                           = "eks-runner-go-10604-demo-node"
TestEks 2023-10-04T09:00:56-04:00 logger.go:66:           [32m+[0m[0m "Owner"                                          = "lucas.j.hughes@outlook.com"
TestEks 2023-10-04T09:00:56-04:00 logger.go:66:           [32m+[0m[0m "kubernetes.io/cluster/eks-runner-go-10604-demo" = "owned"
TestEks 2023-10-04T09:00:56-04:00 logger.go:66:           [32m+[0m[0m "t_AppID"                                        = "SVC03377"
TestEks 2023-10-04T09:00:56-04:00 logger.go:66:           [32m+[0m[0m "t_dcl"                                          = "3"
TestEks 2023-10-04T09:00:56-04:00 logger.go:66:           [32m+[0m[0m "t_environment"                                  = "DEMO"
TestEks 2023-10-04T09:00:56-04:00 logger.go:66:         }
TestEks 2023-10-04T09:00:56-04:00 logger.go:66:       [32m+[0m[0m vpc_id                 = (known after apply)
TestEks 2023-10-04T09:00:56-04:00 logger.go:66:     }
TestEks 2023-10-04T09:00:56-04:00 logger.go:66: 
TestEks 2023-10-04T09:00:56-04:00 logger.go:66: [1m  # module.new_vpc_eks_runner.module.eks.aws_security_group_rule.cluster["ingress_nodes_443"][0m will be created
TestEks 2023-10-04T09:00:56-04:00 logger.go:66: [0m  [32m+[0m[0m resource "aws_security_group_rule" "cluster" {
TestEks 2023-10-04T09:00:56-04:00 logger.go:66:       [32m+[0m[0m description              = "Node groups to cluster API"
TestEks 2023-10-04T09:00:56-04:00 logger.go:66:       [32m+[0m[0m from_port                = 443
TestEks 2023-10-04T09:00:56-04:00 logger.go:66:       [32m+[0m[0m id                       = (known after apply)
TestEks 2023-10-04T09:00:56-04:00 logger.go:66:       [32m+[0m[0m protocol                 = "tcp"
TestEks 2023-10-04T09:00:56-04:00 logger.go:66:       [32m+[0m[0m security_group_id        = (known after apply)
TestEks 2023-10-04T09:00:56-04:00 logger.go:66:       [32m+[0m[0m security_group_rule_id   = (known after apply)
TestEks 2023-10-04T09:00:56-04:00 logger.go:66:       [32m+[0m[0m self                     = false
TestEks 2023-10-04T09:00:56-04:00 logger.go:66:       [32m+[0m[0m source_security_group_id = (known after apply)
TestEks 2023-10-04T09:00:56-04:00 logger.go:66:       [32m+[0m[0m to_port                  = 443
TestEks 2023-10-04T09:00:56-04:00 logger.go:66:       [32m+[0m[0m type                     = "ingress"
TestEks 2023-10-04T09:00:56-04:00 logger.go:66:     }
TestEks 2023-10-04T09:00:56-04:00 logger.go:66: 
TestEks 2023-10-04T09:00:56-04:00 logger.go:66: [1m  # module.new_vpc_eks_runner.module.eks.aws_security_group_rule.node["egress_all"][0m will be created
TestEks 2023-10-04T09:00:56-04:00 logger.go:66: [0m  [32m+[0m[0m resource "aws_security_group_rule" "node" {
TestEks 2023-10-04T09:00:56-04:00 logger.go:66:       [32m+[0m[0m cidr_blocks              = [
TestEks 2023-10-04T09:00:56-04:00 logger.go:66:           [32m+[0m[0m "0.0.0.0/0",
TestEks 2023-10-04T09:00:56-04:00 logger.go:66:         ]
TestEks 2023-10-04T09:00:56-04:00 logger.go:66:       [32m+[0m[0m description              = "Allow all egress"
TestEks 2023-10-04T09:00:56-04:00 logger.go:66:       [32m+[0m[0m from_port                = 0
TestEks 2023-10-04T09:00:56-04:00 logger.go:66:       [32m+[0m[0m id                       = (known after apply)
TestEks 2023-10-04T09:00:56-04:00 logger.go:66:       [32m+[0m[0m prefix_list_ids          = []
TestEks 2023-10-04T09:00:56-04:00 logger.go:66:       [32m+[0m[0m protocol                 = "-1"
TestEks 2023-10-04T09:00:56-04:00 logger.go:66:       [32m+[0m[0m security_group_id        = (known after apply)
TestEks 2023-10-04T09:00:56-04:00 logger.go:66:       [32m+[0m[0m security_group_rule_id   = (known after apply)
TestEks 2023-10-04T09:00:56-04:00 logger.go:66:       [32m+[0m[0m self                     = false
TestEks 2023-10-04T09:00:56-04:00 logger.go:66:       [32m+[0m[0m source_security_group_id = (known after apply)
TestEks 2023-10-04T09:00:56-04:00 logger.go:66:       [32m+[0m[0m to_port                  = 0
TestEks 2023-10-04T09:00:56-04:00 logger.go:66:       [32m+[0m[0m type                     = "egress"
TestEks 2023-10-04T09:00:56-04:00 logger.go:66:     }
TestEks 2023-10-04T09:00:56-04:00 logger.go:66: 
TestEks 2023-10-04T09:00:56-04:00 logger.go:66: [1m  # module.new_vpc_eks_runner.module.eks.aws_security_group_rule.node["ingress_cluster_443"][0m will be created
TestEks 2023-10-04T09:00:56-04:00 logger.go:66: [0m  [32m+[0m[0m resource "aws_security_group_rule" "node" {
TestEks 2023-10-04T09:00:56-04:00 logger.go:66:       [32m+[0m[0m description              = "Cluster API to node groups"
TestEks 2023-10-04T09:00:56-04:00 logger.go:66:       [32m+[0m[0m from_port                = 443
TestEks 2023-10-04T09:00:56-04:00 logger.go:66:       [32m+[0m[0m id                       = (known after apply)
TestEks 2023-10-04T09:00:56-04:00 logger.go:66:       [32m+[0m[0m prefix_list_ids          = []
TestEks 2023-10-04T09:00:56-04:00 logger.go:66:       [32m+[0m[0m protocol                 = "tcp"
TestEks 2023-10-04T09:00:56-04:00 logger.go:66:       [32m+[0m[0m security_group_id        = (known after apply)
TestEks 2023-10-04T09:00:56-04:00 logger.go:66:       [32m+[0m[0m security_group_rule_id   = (known after apply)
TestEks 2023-10-04T09:00:56-04:00 logger.go:66:       [32m+[0m[0m self                     = false
TestEks 2023-10-04T09:00:56-04:00 logger.go:66:       [32m+[0m[0m source_security_group_id = (known after apply)
TestEks 2023-10-04T09:00:56-04:00 logger.go:66:       [32m+[0m[0m to_port                  = 443
TestEks 2023-10-04T09:00:56-04:00 logger.go:66:       [32m+[0m[0m type                     = "ingress"
TestEks 2023-10-04T09:00:56-04:00 logger.go:66:     }
TestEks 2023-10-04T09:00:56-04:00 logger.go:66: 
TestEks 2023-10-04T09:00:56-04:00 logger.go:66: [1m  # module.new_vpc_eks_runner.module.eks.aws_security_group_rule.node["ingress_cluster_4443_webhook"][0m will be created
TestEks 2023-10-04T09:00:56-04:00 logger.go:66: [0m  [32m+[0m[0m resource "aws_security_group_rule" "node" {
TestEks 2023-10-04T09:00:56-04:00 logger.go:66:       [32m+[0m[0m description              = "Cluster API to node 4443/tcp webhook"
TestEks 2023-10-04T09:00:56-04:00 logger.go:66:       [32m+[0m[0m from_port                = 4443
TestEks 2023-10-04T09:00:56-04:00 logger.go:66:       [32m+[0m[0m id                       = (known after apply)
TestEks 2023-10-04T09:00:56-04:00 logger.go:66:       [32m+[0m[0m prefix_list_ids          = []
TestEks 2023-10-04T09:00:56-04:00 logger.go:66:       [32m+[0m[0m protocol                 = "tcp"
TestEks 2023-10-04T09:00:56-04:00 logger.go:66:       [32m+[0m[0m security_group_id        = (known after apply)
TestEks 2023-10-04T09:00:56-04:00 logger.go:66:       [32m+[0m[0m security_group_rule_id   = (known after apply)
TestEks 2023-10-04T09:00:56-04:00 logger.go:66:       [32m+[0m[0m self                     = false
TestEks 2023-10-04T09:00:56-04:00 logger.go:66:       [32m+[0m[0m source_security_group_id = (known after apply)
TestEks 2023-10-04T09:00:56-04:00 logger.go:66:       [32m+[0m[0m to_port                  = 4443
TestEks 2023-10-04T09:00:56-04:00 logger.go:66:       [32m+[0m[0m type                     = "ingress"
TestEks 2023-10-04T09:00:56-04:00 logger.go:66:     }
TestEks 2023-10-04T09:00:56-04:00 logger.go:66: 
TestEks 2023-10-04T09:00:56-04:00 logger.go:66: [1m  # module.new_vpc_eks_runner.module.eks.aws_security_group_rule.node["ingress_cluster_6443_webhook"][0m will be created
TestEks 2023-10-04T09:00:56-04:00 logger.go:66: [0m  [32m+[0m[0m resource "aws_security_group_rule" "node" {
TestEks 2023-10-04T09:00:56-04:00 logger.go:66:       [32m+[0m[0m description              = "Cluster API to node 6443/tcp webhook"
TestEks 2023-10-04T09:00:56-04:00 logger.go:66:       [32m+[0m[0m from_port                = 6443
TestEks 2023-10-04T09:00:56-04:00 logger.go:66:       [32m+[0m[0m id                       = (known after apply)
TestEks 2023-10-04T09:00:56-04:00 logger.go:66:       [32m+[0m[0m prefix_list_ids          = []
TestEks 2023-10-04T09:00:56-04:00 logger.go:66:       [32m+[0m[0m protocol                 = "tcp"
TestEks 2023-10-04T09:00:56-04:00 logger.go:66:       [32m+[0m[0m security_group_id        = (known after apply)
TestEks 2023-10-04T09:00:56-04:00 logger.go:66:       [32m+[0m[0m security_group_rule_id   = (known after apply)
TestEks 2023-10-04T09:00:56-04:00 logger.go:66:       [32m+[0m[0m self                     = false
TestEks 2023-10-04T09:00:56-04:00 logger.go:66:       [32m+[0m[0m source_security_group_id = (known after apply)
TestEks 2023-10-04T09:00:56-04:00 logger.go:66:       [32m+[0m[0m to_port                  = 6443
TestEks 2023-10-04T09:00:56-04:00 logger.go:66:       [32m+[0m[0m type                     = "ingress"
TestEks 2023-10-04T09:00:56-04:00 logger.go:66:     }
TestEks 2023-10-04T09:00:56-04:00 logger.go:66: 
TestEks 2023-10-04T09:00:56-04:00 logger.go:66: [1m  # module.new_vpc_eks_runner.module.eks.aws_security_group_rule.node["ingress_cluster_8443_webhook"][0m will be created
TestEks 2023-10-04T09:00:56-04:00 logger.go:66: [0m  [32m+[0m[0m resource "aws_security_group_rule" "node" {
TestEks 2023-10-04T09:00:56-04:00 logger.go:66:       [32m+[0m[0m description              = "Cluster API to node 8443/tcp webhook"
TestEks 2023-10-04T09:00:56-04:00 logger.go:66:       [32m+[0m[0m from_port                = 8443
TestEks 2023-10-04T09:00:56-04:00 logger.go:66:       [32m+[0m[0m id                       = (known after apply)
TestEks 2023-10-04T09:00:56-04:00 logger.go:66:       [32m+[0m[0m prefix_list_ids          = []
TestEks 2023-10-04T09:00:56-04:00 logger.go:66:       [32m+[0m[0m protocol                 = "tcp"
TestEks 2023-10-04T09:00:56-04:00 logger.go:66:       [32m+[0m[0m security_group_id        = (known after apply)
TestEks 2023-10-04T09:00:56-04:00 logger.go:66:       [32m+[0m[0m security_group_rule_id   = (known after apply)
TestEks 2023-10-04T09:00:56-04:00 logger.go:66:       [32m+[0m[0m self                     = false
TestEks 2023-10-04T09:00:56-04:00 logger.go:66:       [32m+[0m[0m source_security_group_id = (known after apply)
TestEks 2023-10-04T09:00:56-04:00 logger.go:66:       [32m+[0m[0m to_port                  = 8443
TestEks 2023-10-04T09:00:56-04:00 logger.go:66:       [32m+[0m[0m type                     = "ingress"
TestEks 2023-10-04T09:00:56-04:00 logger.go:66:     }
TestEks 2023-10-04T09:00:56-04:00 logger.go:66: 
TestEks 2023-10-04T09:00:56-04:00 logger.go:66: [1m  # module.new_vpc_eks_runner.module.eks.aws_security_group_rule.node["ingress_cluster_9443_webhook"][0m will be created
TestEks 2023-10-04T09:00:56-04:00 logger.go:66: [0m  [32m+[0m[0m resource "aws_security_group_rule" "node" {
TestEks 2023-10-04T09:00:56-04:00 logger.go:66:       [32m+[0m[0m description              = "Cluster API to node 9443/tcp webhook"
TestEks 2023-10-04T09:00:56-04:00 logger.go:66:       [32m+[0m[0m from_port                = 9443
TestEks 2023-10-04T09:00:56-04:00 logger.go:66:       [32m+[0m[0m id                       = (known after apply)
TestEks 2023-10-04T09:00:56-04:00 logger.go:66:       [32m+[0m[0m prefix_list_ids          = []
TestEks 2023-10-04T09:00:56-04:00 logger.go:66:       [32m+[0m[0m protocol                 = "tcp"
TestEks 2023-10-04T09:00:56-04:00 logger.go:66:       [32m+[0m[0m security_group_id        = (known after apply)
TestEks 2023-10-04T09:00:56-04:00 logger.go:66:       [32m+[0m[0m security_group_rule_id   = (known after apply)
TestEks 2023-10-04T09:00:56-04:00 logger.go:66:       [32m+[0m[0m self                     = false
TestEks 2023-10-04T09:00:56-04:00 logger.go:66:       [32m+[0m[0m source_security_group_id = (known after apply)
TestEks 2023-10-04T09:00:56-04:00 logger.go:66:       [32m+[0m[0m to_port                  = 9443
TestEks 2023-10-04T09:00:56-04:00 logger.go:66:       [32m+[0m[0m type                     = "ingress"
TestEks 2023-10-04T09:00:56-04:00 logger.go:66:     }
TestEks 2023-10-04T09:00:56-04:00 logger.go:66: 
TestEks 2023-10-04T09:00:56-04:00 logger.go:66: [1m  # module.new_vpc_eks_runner.module.eks.aws_security_group_rule.node["ingress_cluster_kubelet"][0m will be created
TestEks 2023-10-04T09:00:56-04:00 logger.go:66: [0m  [32m+[0m[0m resource "aws_security_group_rule" "node" {
TestEks 2023-10-04T09:00:56-04:00 logger.go:66:       [32m+[0m[0m description              = "Cluster API to node kubelets"
TestEks 2023-10-04T09:00:56-04:00 logger.go:66:       [32m+[0m[0m from_port                = 10250
TestEks 2023-10-04T09:00:56-04:00 logger.go:66:       [32m+[0m[0m id                       = (known after apply)
TestEks 2023-10-04T09:00:56-04:00 logger.go:66:       [32m+[0m[0m prefix_list_ids          = []
TestEks 2023-10-04T09:00:56-04:00 logger.go:66:       [32m+[0m[0m protocol                 = "tcp"
TestEks 2023-10-04T09:00:56-04:00 logger.go:66:       [32m+[0m[0m security_group_id        = (known after apply)
TestEks 2023-10-04T09:00:56-04:00 logger.go:66:       [32m+[0m[0m security_group_rule_id   = (known after apply)
TestEks 2023-10-04T09:00:56-04:00 logger.go:66:       [32m+[0m[0m self                     = false
TestEks 2023-10-04T09:00:56-04:00 logger.go:66:       [32m+[0m[0m source_security_group_id = (known after apply)
TestEks 2023-10-04T09:00:56-04:00 logger.go:66:       [32m+[0m[0m to_port                  = 10250
TestEks 2023-10-04T09:00:56-04:00 logger.go:66:       [32m+[0m[0m type                     = "ingress"
TestEks 2023-10-04T09:00:56-04:00 logger.go:66:     }
TestEks 2023-10-04T09:00:56-04:00 logger.go:66: 
TestEks 2023-10-04T09:00:56-04:00 logger.go:66: [1m  # module.new_vpc_eks_runner.module.eks.aws_security_group_rule.node["ingress_nodes_ephemeral"][0m will be created
TestEks 2023-10-04T09:00:56-04:00 logger.go:66: [0m  [32m+[0m[0m resource "aws_security_group_rule" "node" {
TestEks 2023-10-04T09:00:56-04:00 logger.go:66:       [32m+[0m[0m description              = "Node to node ingress on ephemeral ports"
TestEks 2023-10-04T09:00:56-04:00 logger.go:66:       [32m+[0m[0m from_port                = 1025
TestEks 2023-10-04T09:00:56-04:00 logger.go:66:       [32m+[0m[0m id                       = (known after apply)
TestEks 2023-10-04T09:00:56-04:00 logger.go:66:       [32m+[0m[0m prefix_list_ids          = []
TestEks 2023-10-04T09:00:56-04:00 logger.go:66:       [32m+[0m[0m protocol                 = "tcp"
TestEks 2023-10-04T09:00:56-04:00 logger.go:66:       [32m+[0m[0m security_group_id        = (known after apply)
TestEks 2023-10-04T09:00:56-04:00 logger.go:66:       [32m+[0m[0m security_group_rule_id   = (known after apply)
TestEks 2023-10-04T09:00:56-04:00 logger.go:66:       [32m+[0m[0m self                     = true
TestEks 2023-10-04T09:00:56-04:00 logger.go:66:       [32m+[0m[0m source_security_group_id = (known after apply)
TestEks 2023-10-04T09:00:56-04:00 logger.go:66:       [32m+[0m[0m to_port                  = 65535
TestEks 2023-10-04T09:00:56-04:00 logger.go:66:       [32m+[0m[0m type                     = "ingress"
TestEks 2023-10-04T09:00:56-04:00 logger.go:66:     }
TestEks 2023-10-04T09:00:56-04:00 logger.go:66: 
TestEks 2023-10-04T09:00:56-04:00 logger.go:66: [1m  # module.new_vpc_eks_runner.module.eks.aws_security_group_rule.node["ingress_self_coredns_tcp"][0m will be created
TestEks 2023-10-04T09:00:56-04:00 logger.go:66: [0m  [32m+[0m[0m resource "aws_security_group_rule" "node" {
TestEks 2023-10-04T09:00:56-04:00 logger.go:66:       [32m+[0m[0m description              = "Node to node CoreDNS"
TestEks 2023-10-04T09:00:56-04:00 logger.go:66:       [32m+[0m[0m from_port                = 53
TestEks 2023-10-04T09:00:56-04:00 logger.go:66:       [32m+[0m[0m id                       = (known after apply)
TestEks 2023-10-04T09:00:56-04:00 logger.go:66:       [32m+[0m[0m prefix_list_ids          = []
TestEks 2023-10-04T09:00:56-04:00 logger.go:66:       [32m+[0m[0m protocol                 = "tcp"
TestEks 2023-10-04T09:00:56-04:00 logger.go:66:       [32m+[0m[0m security_group_id        = (known after apply)
TestEks 2023-10-04T09:00:56-04:00 logger.go:66:       [32m+[0m[0m security_group_rule_id   = (known after apply)
TestEks 2023-10-04T09:00:56-04:00 logger.go:66:       [32m+[0m[0m self                     = true
TestEks 2023-10-04T09:00:56-04:00 logger.go:66:       [32m+[0m[0m source_security_group_id = (known after apply)
TestEks 2023-10-04T09:00:56-04:00 logger.go:66:       [32m+[0m[0m to_port                  = 53
TestEks 2023-10-04T09:00:56-04:00 logger.go:66:       [32m+[0m[0m type                     = "ingress"
TestEks 2023-10-04T09:00:56-04:00 logger.go:66:     }
TestEks 2023-10-04T09:00:56-04:00 logger.go:66: 
TestEks 2023-10-04T09:00:56-04:00 logger.go:66: [1m  # module.new_vpc_eks_runner.module.eks.aws_security_group_rule.node["ingress_self_coredns_udp"][0m will be created
TestEks 2023-10-04T09:00:56-04:00 logger.go:66: [0m  [32m+[0m[0m resource "aws_security_group_rule" "node" {
TestEks 2023-10-04T09:00:56-04:00 logger.go:66:       [32m+[0m[0m description              = "Node to node CoreDNS UDP"
TestEks 2023-10-04T09:00:56-04:00 logger.go:66:       [32m+[0m[0m from_port                = 53
TestEks 2023-10-04T09:00:56-04:00 logger.go:66:       [32m+[0m[0m id                       = (known after apply)
TestEks 2023-10-04T09:00:56-04:00 logger.go:66:       [32m+[0m[0m prefix_list_ids          = []
TestEks 2023-10-04T09:00:56-04:00 logger.go:66:       [32m+[0m[0m protocol                 = "udp"
TestEks 2023-10-04T09:00:56-04:00 logger.go:66:       [32m+[0m[0m security_group_id        = (known after apply)
TestEks 2023-10-04T09:00:56-04:00 logger.go:66:       [32m+[0m[0m security_group_rule_id   = (known after apply)
TestEks 2023-10-04T09:00:56-04:00 logger.go:66:       [32m+[0m[0m self                     = true
TestEks 2023-10-04T09:00:56-04:00 logger.go:66:       [32m+[0m[0m source_security_group_id = (known after apply)
TestEks 2023-10-04T09:00:56-04:00 logger.go:66:       [32m+[0m[0m to_port                  = 53
TestEks 2023-10-04T09:00:56-04:00 logger.go:66:       [32m+[0m[0m type                     = "ingress"
TestEks 2023-10-04T09:00:56-04:00 logger.go:66:     }
TestEks 2023-10-04T09:00:56-04:00 logger.go:66: 
TestEks 2023-10-04T09:00:56-04:00 logger.go:66: [1m  # module.new_vpc_eks_runner.module.eks.time_sleep.this[0][0m will be created
TestEks 2023-10-04T09:00:56-04:00 logger.go:66: [0m  [32m+[0m[0m resource "time_sleep" "this" {
TestEks 2023-10-04T09:00:56-04:00 logger.go:66:       [32m+[0m[0m create_duration = "30s"
TestEks 2023-10-04T09:00:56-04:00 logger.go:66:       [32m+[0m[0m id              = (known after apply)
TestEks 2023-10-04T09:00:56-04:00 logger.go:66:       [32m+[0m[0m triggers        = {
TestEks 2023-10-04T09:00:56-04:00 logger.go:66:           [32m+[0m[0m "cluster_certificate_authority_data" = (known after apply)
TestEks 2023-10-04T09:00:56-04:00 logger.go:66:           [32m+[0m[0m "cluster_endpoint"                   = (known after apply)
TestEks 2023-10-04T09:00:56-04:00 logger.go:66:           [32m+[0m[0m "cluster_name"                       = "eks-runner-go-10604-demo"
TestEks 2023-10-04T09:00:56-04:00 logger.go:66:           [32m+[0m[0m "cluster_version"                    = "1.27"
TestEks 2023-10-04T09:00:56-04:00 logger.go:66:         }
TestEks 2023-10-04T09:00:56-04:00 logger.go:66:     }
TestEks 2023-10-04T09:00:56-04:00 logger.go:66: 
TestEks 2023-10-04T09:00:56-04:00 logger.go:66: [1m  # module.new_vpc_eks_runner.module.vpc[0].aws_default_network_acl.this[0][0m will be created
TestEks 2023-10-04T09:00:56-04:00 logger.go:66: [0m  [32m+[0m[0m resource "aws_default_network_acl" "this" {
TestEks 2023-10-04T09:00:56-04:00 logger.go:66:       [32m+[0m[0m arn                    = (known after apply)
TestEks 2023-10-04T09:00:56-04:00 logger.go:66:       [32m+[0m[0m default_network_acl_id = (known after apply)
TestEks 2023-10-04T09:00:56-04:00 logger.go:66:       [32m+[0m[0m id                     = (known after apply)
TestEks 2023-10-04T09:00:56-04:00 logger.go:66:       [32m+[0m[0m owner_id               = (known after apply)
TestEks 2023-10-04T09:00:56-04:00 logger.go:66:       [32m+[0m[0m tags                   = {
TestEks 2023-10-04T09:00:56-04:00 logger.go:66:           [32m+[0m[0m "Name"          = "eks-runner-go-10604-demo-default"
TestEks 2023-10-04T09:00:56-04:00 logger.go:66:           [32m+[0m[0m "Owner"         = "lucas.j.hughes@outlook.com"
TestEks 2023-10-04T09:00:56-04:00 logger.go:66:           [32m+[0m[0m "t_AppID"       = "SVC03377"
TestEks 2023-10-04T09:00:56-04:00 logger.go:66:           [32m+[0m[0m "t_dcl"         = "3"
TestEks 2023-10-04T09:00:56-04:00 logger.go:66:           [32m+[0m[0m "t_environment" = "DEMO"
TestEks 2023-10-04T09:00:56-04:00 logger.go:66:         }
TestEks 2023-10-04T09:00:56-04:00 logger.go:66:       [32m+[0m[0m tags_all               = {
TestEks 2023-10-04T09:00:56-04:00 logger.go:66:           [32m+[0m[0m "Name"          = "eks-runner-go-10604-demo-default"
TestEks 2023-10-04T09:00:56-04:00 logger.go:66:           [32m+[0m[0m "Owner"         = "lucas.j.hughes@outlook.com"
TestEks 2023-10-04T09:00:56-04:00 logger.go:66:           [32m+[0m[0m "t_AppID"       = "SVC03377"
TestEks 2023-10-04T09:00:56-04:00 logger.go:66:           [32m+[0m[0m "t_dcl"         = "3"
TestEks 2023-10-04T09:00:56-04:00 logger.go:66:           [32m+[0m[0m "t_environment" = "DEMO"
TestEks 2023-10-04T09:00:56-04:00 logger.go:66:         }
TestEks 2023-10-04T09:00:56-04:00 logger.go:66:       [32m+[0m[0m vpc_id                 = (known after apply)
TestEks 2023-10-04T09:00:56-04:00 logger.go:66: 
TestEks 2023-10-04T09:00:56-04:00 logger.go:66:       [32m+[0m[0m egress {
TestEks 2023-10-04T09:00:56-04:00 logger.go:66:           [32m+[0m[0m action          = "allow"
TestEks 2023-10-04T09:00:56-04:00 logger.go:66:           [32m+[0m[0m from_port       = 0
TestEks 2023-10-04T09:00:56-04:00 logger.go:66:           [32m+[0m[0m ipv6_cidr_block = "::/0"
TestEks 2023-10-04T09:00:56-04:00 logger.go:66:           [32m+[0m[0m protocol        = "-1"
TestEks 2023-10-04T09:00:56-04:00 logger.go:66:           [32m+[0m[0m rule_no         = 101
TestEks 2023-10-04T09:00:56-04:00 logger.go:66:           [32m+[0m[0m to_port         = 0
TestEks 2023-10-04T09:00:56-04:00 logger.go:66:         }
TestEks 2023-10-04T09:00:56-04:00 logger.go:66:       [32m+[0m[0m egress {
TestEks 2023-10-04T09:00:56-04:00 logger.go:66:           [32m+[0m[0m action     = "allow"
TestEks 2023-10-04T09:00:56-04:00 logger.go:66:           [32m+[0m[0m cidr_block = "0.0.0.0/0"
TestEks 2023-10-04T09:00:56-04:00 logger.go:66:           [32m+[0m[0m from_port  = 0
TestEks 2023-10-04T09:00:56-04:00 logger.go:66:           [32m+[0m[0m protocol   = "-1"
TestEks 2023-10-04T09:00:56-04:00 logger.go:66:           [32m+[0m[0m rule_no    = 100
TestEks 2023-10-04T09:00:56-04:00 logger.go:66:           [32m+[0m[0m to_port    = 0
TestEks 2023-10-04T09:00:56-04:00 logger.go:66:         }
TestEks 2023-10-04T09:00:56-04:00 logger.go:66: 
TestEks 2023-10-04T09:00:56-04:00 logger.go:66:       [32m+[0m[0m ingress {
TestEks 2023-10-04T09:00:56-04:00 logger.go:66:           [32m+[0m[0m action          = "allow"
TestEks 2023-10-04T09:00:56-04:00 logger.go:66:           [32m+[0m[0m from_port       = 0
TestEks 2023-10-04T09:00:56-04:00 logger.go:66:           [32m+[0m[0m ipv6_cidr_block = "::/0"
TestEks 2023-10-04T09:00:56-04:00 logger.go:66:           [32m+[0m[0m protocol        = "-1"
TestEks 2023-10-04T09:00:56-04:00 logger.go:66:           [32m+[0m[0m rule_no         = 101
TestEks 2023-10-04T09:00:56-04:00 logger.go:66:           [32m+[0m[0m to_port         = 0
TestEks 2023-10-04T09:00:56-04:00 logger.go:66:         }
TestEks 2023-10-04T09:00:56-04:00 logger.go:66:       [32m+[0m[0m ingress {
TestEks 2023-10-04T09:00:56-04:00 logger.go:66:           [32m+[0m[0m action     = "allow"
TestEks 2023-10-04T09:00:56-04:00 logger.go:66:           [32m+[0m[0m cidr_block = "0.0.0.0/0"
TestEks 2023-10-04T09:00:56-04:00 logger.go:66:           [32m+[0m[0m from_port  = 0
TestEks 2023-10-04T09:00:56-04:00 logger.go:66:           [32m+[0m[0m protocol   = "-1"
TestEks 2023-10-04T09:00:56-04:00 logger.go:66:           [32m+[0m[0m rule_no    = 100
TestEks 2023-10-04T09:00:56-04:00 logger.go:66:           [32m+[0m[0m to_port    = 0
TestEks 2023-10-04T09:00:56-04:00 logger.go:66:         }
TestEks 2023-10-04T09:00:56-04:00 logger.go:66:     }
TestEks 2023-10-04T09:00:56-04:00 logger.go:66: 
TestEks 2023-10-04T09:00:56-04:00 logger.go:66: [1m  # module.new_vpc_eks_runner.module.vpc[0].aws_default_route_table.default[0][0m will be created
TestEks 2023-10-04T09:00:56-04:00 logger.go:66: [0m  [32m+[0m[0m resource "aws_default_route_table" "default" {
TestEks 2023-10-04T09:00:56-04:00 logger.go:66:       [32m+[0m[0m arn                    = (known after apply)
TestEks 2023-10-04T09:00:56-04:00 logger.go:66:       [32m+[0m[0m default_route_table_id = (known after apply)
TestEks 2023-10-04T09:00:56-04:00 logger.go:66:       [32m+[0m[0m id                     = (known after apply)
TestEks 2023-10-04T09:00:56-04:00 logger.go:66:       [32m+[0m[0m owner_id               = (known after apply)
TestEks 2023-10-04T09:00:56-04:00 logger.go:66:       [32m+[0m[0m route                  = (known after apply)
TestEks 2023-10-04T09:00:56-04:00 logger.go:66:       [32m+[0m[0m tags                   = {
TestEks 2023-10-04T09:00:56-04:00 logger.go:66:           [32m+[0m[0m "Name"          = "eks-runner-go-10604-demo-default"
TestEks 2023-10-04T09:00:56-04:00 logger.go:66:           [32m+[0m[0m "Owner"         = "lucas.j.hughes@outlook.com"
TestEks 2023-10-04T09:00:56-04:00 logger.go:66:           [32m+[0m[0m "t_AppID"       = "SVC03377"
TestEks 2023-10-04T09:00:56-04:00 logger.go:66:           [32m+[0m[0m "t_dcl"         = "3"
TestEks 2023-10-04T09:00:56-04:00 logger.go:66:           [32m+[0m[0m "t_environment" = "DEMO"
TestEks 2023-10-04T09:00:56-04:00 logger.go:66:         }
TestEks 2023-10-04T09:00:56-04:00 logger.go:66:       [32m+[0m[0m tags_all               = {
TestEks 2023-10-04T09:00:56-04:00 logger.go:66:           [32m+[0m[0m "Name"          = "eks-runner-go-10604-demo-default"
TestEks 2023-10-04T09:00:56-04:00 logger.go:66:           [32m+[0m[0m "Owner"         = "lucas.j.hughes@outlook.com"
TestEks 2023-10-04T09:00:56-04:00 logger.go:66:           [32m+[0m[0m "t_AppID"       = "SVC03377"
TestEks 2023-10-04T09:00:56-04:00 logger.go:66:           [32m+[0m[0m "t_dcl"         = "3"
TestEks 2023-10-04T09:00:56-04:00 logger.go:66:           [32m+[0m[0m "t_environment" = "DEMO"
TestEks 2023-10-04T09:00:56-04:00 logger.go:66:         }
TestEks 2023-10-04T09:00:56-04:00 logger.go:66:       [32m+[0m[0m vpc_id                 = (known after apply)
TestEks 2023-10-04T09:00:56-04:00 logger.go:66: 
TestEks 2023-10-04T09:00:56-04:00 logger.go:66:       [32m+[0m[0m timeouts {
TestEks 2023-10-04T09:00:56-04:00 logger.go:66:           [32m+[0m[0m create = "5m"
TestEks 2023-10-04T09:00:56-04:00 logger.go:66:           [32m+[0m[0m update = "5m"
TestEks 2023-10-04T09:00:56-04:00 logger.go:66:         }
TestEks 2023-10-04T09:00:56-04:00 logger.go:66:     }
TestEks 2023-10-04T09:00:56-04:00 logger.go:66: 
TestEks 2023-10-04T09:00:56-04:00 logger.go:66: [1m  # module.new_vpc_eks_runner.module.vpc[0].aws_default_security_group.this[0][0m will be created
TestEks 2023-10-04T09:00:56-04:00 logger.go:66: [0m  [32m+[0m[0m resource "aws_default_security_group" "this" {
TestEks 2023-10-04T09:00:56-04:00 logger.go:66:       [32m+[0m[0m arn                    = (known after apply)
TestEks 2023-10-04T09:00:56-04:00 logger.go:66:       [32m+[0m[0m description            = (known after apply)
TestEks 2023-10-04T09:00:56-04:00 logger.go:66:       [32m+[0m[0m egress                 = (known after apply)
TestEks 2023-10-04T09:00:56-04:00 logger.go:66:       [32m+[0m[0m id                     = (known after apply)
TestEks 2023-10-04T09:00:56-04:00 logger.go:66:       [32m+[0m[0m ingress                = (known after apply)
TestEks 2023-10-04T09:00:56-04:00 logger.go:66:       [32m+[0m[0m name                   = (known after apply)
TestEks 2023-10-04T09:00:56-04:00 logger.go:66:       [32m+[0m[0m name_prefix            = (known after apply)
TestEks 2023-10-04T09:00:56-04:00 logger.go:66:       [32m+[0m[0m owner_id               = (known after apply)
TestEks 2023-10-04T09:00:56-04:00 logger.go:66:       [32m+[0m[0m revoke_rules_on_delete = false
TestEks 2023-10-04T09:00:56-04:00 logger.go:66:       [32m+[0m[0m tags                   = {
TestEks 2023-10-04T09:00:56-04:00 logger.go:66:           [32m+[0m[0m "Name"          = "eks-runner-go-10604-demo-default"
TestEks 2023-10-04T09:00:56-04:00 logger.go:66:           [32m+[0m[0m "Owner"         = "lucas.j.hughes@outlook.com"
TestEks 2023-10-04T09:00:56-04:00 logger.go:66:           [32m+[0m[0m "t_AppID"       = "SVC03377"
TestEks 2023-10-04T09:00:56-04:00 logger.go:66:           [32m+[0m[0m "t_dcl"         = "3"
TestEks 2023-10-04T09:00:56-04:00 logger.go:66:           [32m+[0m[0m "t_environment" = "DEMO"
TestEks 2023-10-04T09:00:56-04:00 logger.go:66:         }
TestEks 2023-10-04T09:00:56-04:00 logger.go:66:       [32m+[0m[0m tags_all               = {
TestEks 2023-10-04T09:00:56-04:00 logger.go:66:           [32m+[0m[0m "Name"          = "eks-runner-go-10604-demo-default"
TestEks 2023-10-04T09:00:56-04:00 logger.go:66:           [32m+[0m[0m "Owner"         = "lucas.j.hughes@outlook.com"
TestEks 2023-10-04T09:00:56-04:00 logger.go:66:           [32m+[0m[0m "t_AppID"       = "SVC03377"
TestEks 2023-10-04T09:00:56-04:00 logger.go:66:           [32m+[0m[0m "t_dcl"         = "3"
TestEks 2023-10-04T09:00:56-04:00 logger.go:66:           [32m+[0m[0m "t_environment" = "DEMO"
TestEks 2023-10-04T09:00:56-04:00 logger.go:66:         }
TestEks 2023-10-04T09:00:56-04:00 logger.go:66:       [32m+[0m[0m vpc_id                 = (known after apply)
TestEks 2023-10-04T09:00:56-04:00 logger.go:66:     }
TestEks 2023-10-04T09:00:56-04:00 logger.go:66: 
TestEks 2023-10-04T09:00:56-04:00 logger.go:66: [1m  # module.new_vpc_eks_runner.module.vpc[0].aws_eip.nat[0][0m will be created
TestEks 2023-10-04T09:00:56-04:00 logger.go:66: [0m  [32m+[0m[0m resource "aws_eip" "nat" {
TestEks 2023-10-04T09:00:56-04:00 logger.go:66:       [32m+[0m[0m allocation_id        = (known after apply)
TestEks 2023-10-04T09:00:56-04:00 logger.go:66:       [32m+[0m[0m association_id       = (known after apply)
TestEks 2023-10-04T09:00:56-04:00 logger.go:66:       [32m+[0m[0m carrier_ip           = (known after apply)
TestEks 2023-10-04T09:00:56-04:00 logger.go:66:       [32m+[0m[0m customer_owned_ip    = (known after apply)
TestEks 2023-10-04T09:00:56-04:00 logger.go:66:       [32m+[0m[0m domain               = "vpc"
TestEks 2023-10-04T09:00:56-04:00 logger.go:66:       [32m+[0m[0m id                   = (known after apply)
TestEks 2023-10-04T09:00:56-04:00 logger.go:66:       [32m+[0m[0m instance             = (known after apply)
TestEks 2023-10-04T09:00:56-04:00 logger.go:66:       [32m+[0m[0m network_border_group = (known after apply)
TestEks 2023-10-04T09:00:56-04:00 logger.go:66:       [32m+[0m[0m network_interface    = (known after apply)
TestEks 2023-10-04T09:00:56-04:00 logger.go:66:       [32m+[0m[0m private_dns          = (known after apply)
TestEks 2023-10-04T09:00:56-04:00 logger.go:66:       [32m+[0m[0m private_ip           = (known after apply)
TestEks 2023-10-04T09:00:56-04:00 logger.go:66:       [32m+[0m[0m public_dns           = (known after apply)
TestEks 2023-10-04T09:00:56-04:00 logger.go:66:       [32m+[0m[0m public_ip            = (known after apply)
TestEks 2023-10-04T09:00:56-04:00 logger.go:66:       [32m+[0m[0m public_ipv4_pool     = (known after apply)
TestEks 2023-10-04T09:00:56-04:00 logger.go:66:       [32m+[0m[0m tags                 = {
TestEks 2023-10-04T09:00:56-04:00 logger.go:66:           [32m+[0m[0m "Name"          = "eks-runner-go-10604-demo-us-east-1a"
TestEks 2023-10-04T09:00:56-04:00 logger.go:66:           [32m+[0m[0m "Owner"         = "lucas.j.hughes@outlook.com"
TestEks 2023-10-04T09:00:56-04:00 logger.go:66:           [32m+[0m[0m "t_AppID"       = "SVC03377"
TestEks 2023-10-04T09:00:56-04:00 logger.go:66:           [32m+[0m[0m "t_dcl"         = "3"
TestEks 2023-10-04T09:00:56-04:00 logger.go:66:           [32m+[0m[0m "t_environment" = "DEMO"
TestEks 2023-10-04T09:00:56-04:00 logger.go:66:         }
TestEks 2023-10-04T09:00:56-04:00 logger.go:66:       [32m+[0m[0m tags_all             = {
TestEks 2023-10-04T09:00:56-04:00 logger.go:66:           [32m+[0m[0m "Name"          = "eks-runner-go-10604-demo-us-east-1a"
TestEks 2023-10-04T09:00:56-04:00 logger.go:66:           [32m+[0m[0m "Owner"         = "lucas.j.hughes@outlook.com"
TestEks 2023-10-04T09:00:56-04:00 logger.go:66:           [32m+[0m[0m "t_AppID"       = "SVC03377"
TestEks 2023-10-04T09:00:56-04:00 logger.go:66:           [32m+[0m[0m "t_dcl"         = "3"
TestEks 2023-10-04T09:00:56-04:00 logger.go:66:           [32m+[0m[0m "t_environment" = "DEMO"
TestEks 2023-10-04T09:00:56-04:00 logger.go:66:         }
TestEks 2023-10-04T09:00:56-04:00 logger.go:66:       [32m+[0m[0m vpc                  = (known after apply)
TestEks 2023-10-04T09:00:56-04:00 logger.go:66:     }
TestEks 2023-10-04T09:00:56-04:00 logger.go:66: 
TestEks 2023-10-04T09:00:56-04:00 logger.go:66: [1m  # module.new_vpc_eks_runner.module.vpc[0].aws_internet_gateway.this[0][0m will be created
TestEks 2023-10-04T09:00:56-04:00 logger.go:66: [0m  [32m+[0m[0m resource "aws_internet_gateway" "this" {
TestEks 2023-10-04T09:00:56-04:00 logger.go:66:       [32m+[0m[0m arn      = (known after apply)
TestEks 2023-10-04T09:00:56-04:00 logger.go:66:       [32m+[0m[0m id       = (known after apply)
TestEks 2023-10-04T09:00:56-04:00 logger.go:66:       [32m+[0m[0m owner_id = (known after apply)
TestEks 2023-10-04T09:00:56-04:00 logger.go:66:       [32m+[0m[0m tags     = {
TestEks 2023-10-04T09:00:56-04:00 logger.go:66:           [32m+[0m[0m "Name"          = "eks-runner-go-10604-demo"
TestEks 2023-10-04T09:00:56-04:00 logger.go:66:           [32m+[0m[0m "Owner"         = "lucas.j.hughes@outlook.com"
TestEks 2023-10-04T09:00:56-04:00 logger.go:66:           [32m+[0m[0m "t_AppID"       = "SVC03377"
TestEks 2023-10-04T09:00:56-04:00 logger.go:66:           [32m+[0m[0m "t_dcl"         = "3"
TestEks 2023-10-04T09:00:56-04:00 logger.go:66:           [32m+[0m[0m "t_environment" = "DEMO"
TestEks 2023-10-04T09:00:56-04:00 logger.go:66:         }
TestEks 2023-10-04T09:00:56-04:00 logger.go:66:       [32m+[0m[0m tags_all = {
TestEks 2023-10-04T09:00:56-04:00 logger.go:66:           [32m+[0m[0m "Name"          = "eks-runner-go-10604-demo"
TestEks 2023-10-04T09:00:56-04:00 logger.go:66:           [32m+[0m[0m "Owner"         = "lucas.j.hughes@outlook.com"
TestEks 2023-10-04T09:00:56-04:00 logger.go:66:           [32m+[0m[0m "t_AppID"       = "SVC03377"
TestEks 2023-10-04T09:00:56-04:00 logger.go:66:           [32m+[0m[0m "t_dcl"         = "3"
TestEks 2023-10-04T09:00:56-04:00 logger.go:66:           [32m+[0m[0m "t_environment" = "DEMO"
TestEks 2023-10-04T09:00:56-04:00 logger.go:66:         }
TestEks 2023-10-04T09:00:56-04:00 logger.go:66:       [32m+[0m[0m vpc_id   = (known after apply)
TestEks 2023-10-04T09:00:56-04:00 logger.go:66:     }
TestEks 2023-10-04T09:00:56-04:00 logger.go:66: 
TestEks 2023-10-04T09:00:56-04:00 logger.go:66: [1m  # module.new_vpc_eks_runner.module.vpc[0].aws_nat_gateway.this[0][0m will be created
TestEks 2023-10-04T09:00:56-04:00 logger.go:66: [0m  [32m+[0m[0m resource "aws_nat_gateway" "this" {
TestEks 2023-10-04T09:00:56-04:00 logger.go:66:       [32m+[0m[0m allocation_id                      = (known after apply)
TestEks 2023-10-04T09:00:56-04:00 logger.go:66:       [32m+[0m[0m association_id                     = (known after apply)
TestEks 2023-10-04T09:00:56-04:00 logger.go:66:       [32m+[0m[0m connectivity_type                  = "public"
TestEks 2023-10-04T09:00:56-04:00 logger.go:66:       [32m+[0m[0m id                                 = (known after apply)
TestEks 2023-10-04T09:00:56-04:00 logger.go:66:       [32m+[0m[0m network_interface_id               = (known after apply)
TestEks 2023-10-04T09:00:56-04:00 logger.go:66:       [32m+[0m[0m private_ip                         = (known after apply)
TestEks 2023-10-04T09:00:56-04:00 logger.go:66:       [32m+[0m[0m public_ip                          = (known after apply)
TestEks 2023-10-04T09:00:56-04:00 logger.go:66:       [32m+[0m[0m secondary_private_ip_address_count = (known after apply)
TestEks 2023-10-04T09:00:56-04:00 logger.go:66:       [32m+[0m[0m secondary_private_ip_addresses     = (known after apply)
TestEks 2023-10-04T09:00:56-04:00 logger.go:66:       [32m+[0m[0m subnet_id                          = (known after apply)
TestEks 2023-10-04T09:00:56-04:00 logger.go:66:       [32m+[0m[0m tags                               = {
TestEks 2023-10-04T09:00:56-04:00 logger.go:66:           [32m+[0m[0m "Name"          = "eks-runner-go-10604-demo-us-east-1a"
TestEks 2023-10-04T09:00:56-04:00 logger.go:66:           [32m+[0m[0m "Owner"         = "lucas.j.hughes@outlook.com"
TestEks 2023-10-04T09:00:56-04:00 logger.go:66:           [32m+[0m[0m "t_AppID"       = "SVC03377"
TestEks 2023-10-04T09:00:56-04:00 logger.go:66:           [32m+[0m[0m "t_dcl"         = "3"
TestEks 2023-10-04T09:00:56-04:00 logger.go:66:           [32m+[0m[0m "t_environment" = "DEMO"
TestEks 2023-10-04T09:00:56-04:00 logger.go:66:         }
TestEks 2023-10-04T09:00:56-04:00 logger.go:66:       [32m+[0m[0m tags_all                           = {
TestEks 2023-10-04T09:00:56-04:00 logger.go:66:           [32m+[0m[0m "Name"          = "eks-runner-go-10604-demo-us-east-1a"
TestEks 2023-10-04T09:00:56-04:00 logger.go:66:           [32m+[0m[0m "Owner"         = "lucas.j.hughes@outlook.com"
TestEks 2023-10-04T09:00:56-04:00 logger.go:66:           [32m+[0m[0m "t_AppID"       = "SVC03377"
TestEks 2023-10-04T09:00:56-04:00 logger.go:66:           [32m+[0m[0m "t_dcl"         = "3"
TestEks 2023-10-04T09:00:56-04:00 logger.go:66:           [32m+[0m[0m "t_environment" = "DEMO"
TestEks 2023-10-04T09:00:56-04:00 logger.go:66:         }
TestEks 2023-10-04T09:00:56-04:00 logger.go:66:     }
TestEks 2023-10-04T09:00:56-04:00 logger.go:66: 
TestEks 2023-10-04T09:00:56-04:00 logger.go:66: [1m  # module.new_vpc_eks_runner.module.vpc[0].aws_route.private_nat_gateway[0][0m will be created
TestEks 2023-10-04T09:00:56-04:00 logger.go:66: [0m  [32m+[0m[0m resource "aws_route" "private_nat_gateway" {
TestEks 2023-10-04T09:00:56-04:00 logger.go:66:       [32m+[0m[0m destination_cidr_block = "0.0.0.0/0"
TestEks 2023-10-04T09:00:56-04:00 logger.go:66:       [32m+[0m[0m id                     = (known after apply)
TestEks 2023-10-04T09:00:56-04:00 logger.go:66:       [32m+[0m[0m instance_id            = (known after apply)
TestEks 2023-10-04T09:00:56-04:00 logger.go:66:       [32m+[0m[0m instance_owner_id      = (known after apply)
TestEks 2023-10-04T09:00:56-04:00 logger.go:66:       [32m+[0m[0m nat_gateway_id         = (known after apply)
TestEks 2023-10-04T09:00:56-04:00 logger.go:66:       [32m+[0m[0m network_interface_id   = (known after apply)
TestEks 2023-10-04T09:00:56-04:00 logger.go:66:       [32m+[0m[0m origin                 = (known after apply)
TestEks 2023-10-04T09:00:56-04:00 logger.go:66:       [32m+[0m[0m route_table_id         = (known after apply)
TestEks 2023-10-04T09:00:56-04:00 logger.go:66:       [32m+[0m[0m state                  = (known after apply)
TestEks 2023-10-04T09:00:56-04:00 logger.go:66: 
TestEks 2023-10-04T09:00:56-04:00 logger.go:66:       [32m+[0m[0m timeouts {
TestEks 2023-10-04T09:00:56-04:00 logger.go:66:           [32m+[0m[0m create = "5m"
TestEks 2023-10-04T09:00:56-04:00 logger.go:66:         }
TestEks 2023-10-04T09:00:56-04:00 logger.go:66:     }
TestEks 2023-10-04T09:00:56-04:00 logger.go:66: 
TestEks 2023-10-04T09:00:56-04:00 logger.go:66: [1m  # module.new_vpc_eks_runner.module.vpc[0].aws_route.public_internet_gateway[0][0m will be created
TestEks 2023-10-04T09:00:56-04:00 logger.go:66: [0m  [32m+[0m[0m resource "aws_route" "public_internet_gateway" {
TestEks 2023-10-04T09:00:56-04:00 logger.go:66:       [32m+[0m[0m destination_cidr_block = "0.0.0.0/0"
TestEks 2023-10-04T09:00:56-04:00 logger.go:66:       [32m+[0m[0m gateway_id             = (known after apply)
TestEks 2023-10-04T09:00:56-04:00 logger.go:66:       [32m+[0m[0m id                     = (known after apply)
TestEks 2023-10-04T09:00:56-04:00 logger.go:66:       [32m+[0m[0m instance_id            = (known after apply)
TestEks 2023-10-04T09:00:56-04:00 logger.go:66:       [32m+[0m[0m instance_owner_id      = (known after apply)
TestEks 2023-10-04T09:00:56-04:00 logger.go:66:       [32m+[0m[0m network_interface_id   = (known after apply)
TestEks 2023-10-04T09:00:56-04:00 logger.go:66:       [32m+[0m[0m origin                 = (known after apply)
TestEks 2023-10-04T09:00:56-04:00 logger.go:66:       [32m+[0m[0m route_table_id         = (known after apply)
TestEks 2023-10-04T09:00:56-04:00 logger.go:66:       [32m+[0m[0m state                  = (known after apply)
TestEks 2023-10-04T09:00:56-04:00 logger.go:66: 
TestEks 2023-10-04T09:00:56-04:00 logger.go:66:       [32m+[0m[0m timeouts {
TestEks 2023-10-04T09:00:56-04:00 logger.go:66:           [32m+[0m[0m create = "5m"
TestEks 2023-10-04T09:00:56-04:00 logger.go:66:         }
TestEks 2023-10-04T09:00:56-04:00 logger.go:66:     }
TestEks 2023-10-04T09:00:56-04:00 logger.go:66: 
TestEks 2023-10-04T09:00:56-04:00 logger.go:66: [1m  # module.new_vpc_eks_runner.module.vpc[0].aws_route_table.private[0][0m will be created
TestEks 2023-10-04T09:00:56-04:00 logger.go:66: [0m  [32m+[0m[0m resource "aws_route_table" "private" {
TestEks 2023-10-04T09:00:56-04:00 logger.go:66:       [32m+[0m[0m arn              = (known after apply)
TestEks 2023-10-04T09:00:56-04:00 logger.go:66:       [32m+[0m[0m id               = (known after apply)
TestEks 2023-10-04T09:00:56-04:00 logger.go:66:       [32m+[0m[0m owner_id         = (known after apply)
TestEks 2023-10-04T09:00:56-04:00 logger.go:66:       [32m+[0m[0m propagating_vgws = (known after apply)
TestEks 2023-10-04T09:00:56-04:00 logger.go:66:       [32m+[0m[0m route            = (known after apply)
TestEks 2023-10-04T09:00:56-04:00 logger.go:66:       [32m+[0m[0m tags             = {
TestEks 2023-10-04T09:00:56-04:00 logger.go:66:           [32m+[0m[0m "Name"          = "eks-runner-go-10604-demo-private"
TestEks 2023-10-04T09:00:56-04:00 logger.go:66:           [32m+[0m[0m "Owner"         = "lucas.j.hughes@outlook.com"
TestEks 2023-10-04T09:00:56-04:00 logger.go:66:           [32m+[0m[0m "t_AppID"       = "SVC03377"
TestEks 2023-10-04T09:00:56-04:00 logger.go:66:           [32m+[0m[0m "t_dcl"         = "3"
TestEks 2023-10-04T09:00:56-04:00 logger.go:66:           [32m+[0m[0m "t_environment" = "DEMO"
TestEks 2023-10-04T09:00:56-04:00 logger.go:66:         }
TestEks 2023-10-04T09:00:56-04:00 logger.go:66:       [32m+[0m[0m tags_all         = {
TestEks 2023-10-04T09:00:56-04:00 logger.go:66:           [32m+[0m[0m "Name"          = "eks-runner-go-10604-demo-private"
TestEks 2023-10-04T09:00:56-04:00 logger.go:66:           [32m+[0m[0m "Owner"         = "lucas.j.hughes@outlook.com"
TestEks 2023-10-04T09:00:56-04:00 logger.go:66:           [32m+[0m[0m "t_AppID"       = "SVC03377"
TestEks 2023-10-04T09:00:56-04:00 logger.go:66:           [32m+[0m[0m "t_dcl"         = "3"
TestEks 2023-10-04T09:00:56-04:00 logger.go:66:           [32m+[0m[0m "t_environment" = "DEMO"
TestEks 2023-10-04T09:00:56-04:00 logger.go:66:         }
TestEks 2023-10-04T09:00:56-04:00 logger.go:66:       [32m+[0m[0m vpc_id           = (known after apply)
TestEks 2023-10-04T09:00:56-04:00 logger.go:66:     }
TestEks 2023-10-04T09:00:56-04:00 logger.go:66: 
TestEks 2023-10-04T09:00:56-04:00 logger.go:66: [1m  # module.new_vpc_eks_runner.module.vpc[0].aws_route_table.public[0][0m will be created
TestEks 2023-10-04T09:00:56-04:00 logger.go:66: [0m  [32m+[0m[0m resource "aws_route_table" "public" {
TestEks 2023-10-04T09:00:56-04:00 logger.go:66:       [32m+[0m[0m arn              = (known after apply)
TestEks 2023-10-04T09:00:56-04:00 logger.go:66:       [32m+[0m[0m id               = (known after apply)
TestEks 2023-10-04T09:00:56-04:00 logger.go:66:       [32m+[0m[0m owner_id         = (known after apply)
TestEks 2023-10-04T09:00:56-04:00 logger.go:66:       [32m+[0m[0m propagating_vgws = (known after apply)
TestEks 2023-10-04T09:00:56-04:00 logger.go:66:       [32m+[0m[0m route            = (known after apply)
TestEks 2023-10-04T09:00:56-04:00 logger.go:66:       [32m+[0m[0m tags             = {
TestEks 2023-10-04T09:00:56-04:00 logger.go:66:           [32m+[0m[0m "Name"          = "eks-runner-go-10604-demo-public"
TestEks 2023-10-04T09:00:56-04:00 logger.go:66:           [32m+[0m[0m "Owner"         = "lucas.j.hughes@outlook.com"
TestEks 2023-10-04T09:00:56-04:00 logger.go:66:           [32m+[0m[0m "t_AppID"       = "SVC03377"
TestEks 2023-10-04T09:00:56-04:00 logger.go:66:           [32m+[0m[0m "t_dcl"         = "3"
TestEks 2023-10-04T09:00:56-04:00 logger.go:66:           [32m+[0m[0m "t_environment" = "DEMO"
TestEks 2023-10-04T09:00:56-04:00 logger.go:66:         }
TestEks 2023-10-04T09:00:56-04:00 logger.go:66:       [32m+[0m[0m tags_all         = {
TestEks 2023-10-04T09:00:56-04:00 logger.go:66:           [32m+[0m[0m "Name"          = "eks-runner-go-10604-demo-public"
TestEks 2023-10-04T09:00:56-04:00 logger.go:66:           [32m+[0m[0m "Owner"         = "lucas.j.hughes@outlook.com"
TestEks 2023-10-04T09:00:56-04:00 logger.go:66:           [32m+[0m[0m "t_AppID"       = "SVC03377"
TestEks 2023-10-04T09:00:56-04:00 logger.go:66:           [32m+[0m[0m "t_dcl"         = "3"
TestEks 2023-10-04T09:00:56-04:00 logger.go:66:           [32m+[0m[0m "t_environment" = "DEMO"
TestEks 2023-10-04T09:00:56-04:00 logger.go:66:         }
TestEks 2023-10-04T09:00:56-04:00 logger.go:66:       [32m+[0m[0m vpc_id           = (known after apply)
TestEks 2023-10-04T09:00:56-04:00 logger.go:66:     }
TestEks 2023-10-04T09:00:56-04:00 logger.go:66: 
TestEks 2023-10-04T09:00:56-04:00 logger.go:66: [1m  # module.new_vpc_eks_runner.module.vpc[0].aws_route_table_association.private[0][0m will be created
TestEks 2023-10-04T09:00:56-04:00 logger.go:66: [0m  [32m+[0m[0m resource "aws_route_table_association" "private" {
TestEks 2023-10-04T09:00:56-04:00 logger.go:66:       [32m+[0m[0m id             = (known after apply)
TestEks 2023-10-04T09:00:56-04:00 logger.go:66:       [32m+[0m[0m route_table_id = (known after apply)
TestEks 2023-10-04T09:00:56-04:00 logger.go:66:       [32m+[0m[0m subnet_id      = (known after apply)
TestEks 2023-10-04T09:00:56-04:00 logger.go:66:     }
TestEks 2023-10-04T09:00:56-04:00 logger.go:66: 
TestEks 2023-10-04T09:00:56-04:00 logger.go:66: [1m  # module.new_vpc_eks_runner.module.vpc[0].aws_route_table_association.private[1][0m will be created
TestEks 2023-10-04T09:00:56-04:00 logger.go:66: [0m  [32m+[0m[0m resource "aws_route_table_association" "private" {
TestEks 2023-10-04T09:00:56-04:00 logger.go:66:       [32m+[0m[0m id             = (known after apply)
TestEks 2023-10-04T09:00:56-04:00 logger.go:66:       [32m+[0m[0m route_table_id = (known after apply)
TestEks 2023-10-04T09:00:56-04:00 logger.go:66:       [32m+[0m[0m subnet_id      = (known after apply)
TestEks 2023-10-04T09:00:56-04:00 logger.go:66:     }
TestEks 2023-10-04T09:00:56-04:00 logger.go:66: 
TestEks 2023-10-04T09:00:56-04:00 logger.go:66: [1m  # module.new_vpc_eks_runner.module.vpc[0].aws_route_table_association.public[0][0m will be created
TestEks 2023-10-04T09:00:56-04:00 logger.go:66: [0m  [32m+[0m[0m resource "aws_route_table_association" "public" {
TestEks 2023-10-04T09:00:56-04:00 logger.go:66:       [32m+[0m[0m id             = (known after apply)
TestEks 2023-10-04T09:00:56-04:00 logger.go:66:       [32m+[0m[0m route_table_id = (known after apply)
TestEks 2023-10-04T09:00:56-04:00 logger.go:66:       [32m+[0m[0m subnet_id      = (known after apply)
TestEks 2023-10-04T09:00:56-04:00 logger.go:66:     }
TestEks 2023-10-04T09:00:56-04:00 logger.go:66: 
TestEks 2023-10-04T09:00:56-04:00 logger.go:66: [1m  # module.new_vpc_eks_runner.module.vpc[0].aws_route_table_association.public[1][0m will be created
TestEks 2023-10-04T09:00:56-04:00 logger.go:66: [0m  [32m+[0m[0m resource "aws_route_table_association" "public" {
TestEks 2023-10-04T09:00:56-04:00 logger.go:66:       [32m+[0m[0m id             = (known after apply)
TestEks 2023-10-04T09:00:56-04:00 logger.go:66:       [32m+[0m[0m route_table_id = (known after apply)
TestEks 2023-10-04T09:00:56-04:00 logger.go:66:       [32m+[0m[0m subnet_id      = (known after apply)
TestEks 2023-10-04T09:00:56-04:00 logger.go:66:     }
TestEks 2023-10-04T09:00:56-04:00 logger.go:66: 
TestEks 2023-10-04T09:00:56-04:00 logger.go:66: [1m  # module.new_vpc_eks_runner.module.vpc[0].aws_subnet.private[0][0m will be created
TestEks 2023-10-04T09:00:56-04:00 logger.go:66: [0m  [32m+[0m[0m resource "aws_subnet" "private" {
TestEks 2023-10-04T09:00:56-04:00 logger.go:66:       [32m+[0m[0m arn                                            = (known after apply)
TestEks 2023-10-04T09:00:56-04:00 logger.go:66:       [32m+[0m[0m assign_ipv6_address_on_creation                = false
TestEks 2023-10-04T09:00:56-04:00 logger.go:66:       [32m+[0m[0m availability_zone                              = "us-east-1a"
TestEks 2023-10-04T09:00:56-04:00 logger.go:66:       [32m+[0m[0m availability_zone_id                           = (known after apply)
TestEks 2023-10-04T09:00:56-04:00 logger.go:66:       [32m+[0m[0m cidr_block                                     = "119.0.0.48/28"
TestEks 2023-10-04T09:00:56-04:00 logger.go:66:       [32m+[0m[0m enable_dns64                                   = false
TestEks 2023-10-04T09:00:56-04:00 logger.go:66:       [32m+[0m[0m enable_resource_name_dns_a_record_on_launch    = false
TestEks 2023-10-04T09:00:56-04:00 logger.go:66:       [32m+[0m[0m enable_resource_name_dns_aaaa_record_on_launch = false
TestEks 2023-10-04T09:00:56-04:00 logger.go:66:       [32m+[0m[0m id                                             = (known after apply)
TestEks 2023-10-04T09:00:56-04:00 logger.go:66:       [32m+[0m[0m ipv6_cidr_block_association_id                 = (known after apply)
TestEks 2023-10-04T09:00:56-04:00 logger.go:66:       [32m+[0m[0m ipv6_native                                    = false
TestEks 2023-10-04T09:00:56-04:00 logger.go:66:       [32m+[0m[0m map_public_ip_on_launch                        = false
TestEks 2023-10-04T09:00:56-04:00 logger.go:66:       [32m+[0m[0m owner_id                                       = (known after apply)
TestEks 2023-10-04T09:00:56-04:00 logger.go:66:       [32m+[0m[0m private_dns_hostname_type_on_launch            = (known after apply)
TestEks 2023-10-04T09:00:56-04:00 logger.go:66:       [32m+[0m[0m tags                                           = {
TestEks 2023-10-04T09:00:56-04:00 logger.go:66:           [32m+[0m[0m "Name"          = "eks-runner-go-10604-demo-private-us-east-1a"
TestEks 2023-10-04T09:00:56-04:00 logger.go:66:           [32m+[0m[0m "Owner"         = "lucas.j.hughes@outlook.com"
TestEks 2023-10-04T09:00:56-04:00 logger.go:66:           [32m+[0m[0m "t_AppID"       = "SVC03377"
TestEks 2023-10-04T09:00:56-04:00 logger.go:66:           [32m+[0m[0m "t_dcl"         = "3"
TestEks 2023-10-04T09:00:56-04:00 logger.go:66:           [32m+[0m[0m "t_environment" = "DEMO"
TestEks 2023-10-04T09:00:56-04:00 logger.go:66:         }
TestEks 2023-10-04T09:00:56-04:00 logger.go:66:       [32m+[0m[0m tags_all                                       = {
TestEks 2023-10-04T09:00:56-04:00 logger.go:66:           [32m+[0m[0m "Name"          = "eks-runner-go-10604-demo-private-us-east-1a"
TestEks 2023-10-04T09:00:56-04:00 logger.go:66:           [32m+[0m[0m "Owner"         = "lucas.j.hughes@outlook.com"
TestEks 2023-10-04T09:00:56-04:00 logger.go:66:           [32m+[0m[0m "t_AppID"       = "SVC03377"
TestEks 2023-10-04T09:00:56-04:00 logger.go:66:           [32m+[0m[0m "t_dcl"         = "3"
TestEks 2023-10-04T09:00:56-04:00 logger.go:66:           [32m+[0m[0m "t_environment" = "DEMO"
TestEks 2023-10-04T09:00:56-04:00 logger.go:66:         }
TestEks 2023-10-04T09:00:56-04:00 logger.go:66:       [32m+[0m[0m vpc_id                                         = (known after apply)
TestEks 2023-10-04T09:00:56-04:00 logger.go:66:     }
TestEks 2023-10-04T09:00:56-04:00 logger.go:66: 
TestEks 2023-10-04T09:00:56-04:00 logger.go:66: [1m  # module.new_vpc_eks_runner.module.vpc[0].aws_subnet.private[1][0m will be created
TestEks 2023-10-04T09:00:56-04:00 logger.go:66: [0m  [32m+[0m[0m resource "aws_subnet" "private" {
TestEks 2023-10-04T09:00:56-04:00 logger.go:66:       [32m+[0m[0m arn                                            = (known after apply)
TestEks 2023-10-04T09:00:56-04:00 logger.go:66:       [32m+[0m[0m assign_ipv6_address_on_creation                = false
TestEks 2023-10-04T09:00:56-04:00 logger.go:66:       [32m+[0m[0m availability_zone                              = "us-east-1b"
TestEks 2023-10-04T09:00:56-04:00 logger.go:66:       [32m+[0m[0m availability_zone_id                           = (known after apply)
TestEks 2023-10-04T09:00:56-04:00 logger.go:66:       [32m+[0m[0m cidr_block                                     = "119.0.0.64/28"
TestEks 2023-10-04T09:00:56-04:00 logger.go:66:       [32m+[0m[0m enable_dns64                                   = false
TestEks 2023-10-04T09:00:56-04:00 logger.go:66:       [32m+[0m[0m enable_resource_name_dns_a_record_on_launch    = false
TestEks 2023-10-04T09:00:56-04:00 logger.go:66:       [32m+[0m[0m enable_resource_name_dns_aaaa_record_on_launch = false
TestEks 2023-10-04T09:00:56-04:00 logger.go:66:       [32m+[0m[0m id                                             = (known after apply)
TestEks 2023-10-04T09:00:56-04:00 logger.go:66:       [32m+[0m[0m ipv6_cidr_block_association_id                 = (known after apply)
TestEks 2023-10-04T09:00:56-04:00 logger.go:66:       [32m+[0m[0m ipv6_native                                    = false
TestEks 2023-10-04T09:00:56-04:00 logger.go:66:       [32m+[0m[0m map_public_ip_on_launch                        = false
TestEks 2023-10-04T09:00:56-04:00 logger.go:66:       [32m+[0m[0m owner_id                                       = (known after apply)
TestEks 2023-10-04T09:00:56-04:00 logger.go:66:       [32m+[0m[0m private_dns_hostname_type_on_launch            = (known after apply)
TestEks 2023-10-04T09:00:56-04:00 logger.go:66:       [32m+[0m[0m tags                                           = {
TestEks 2023-10-04T09:00:56-04:00 logger.go:66:           [32m+[0m[0m "Name"          = "eks-runner-go-10604-demo-private-us-east-1b"
TestEks 2023-10-04T09:00:56-04:00 logger.go:66:           [32m+[0m[0m "Owner"         = "lucas.j.hughes@outlook.com"
TestEks 2023-10-04T09:00:56-04:00 logger.go:66:           [32m+[0m[0m "t_AppID"       = "SVC03377"
TestEks 2023-10-04T09:00:56-04:00 logger.go:66:           [32m+[0m[0m "t_dcl"         = "3"
TestEks 2023-10-04T09:00:56-04:00 logger.go:66:           [32m+[0m[0m "t_environment" = "DEMO"
TestEks 2023-10-04T09:00:56-04:00 logger.go:66:         }
TestEks 2023-10-04T09:00:56-04:00 logger.go:66:       [32m+[0m[0m tags_all                                       = {
TestEks 2023-10-04T09:00:56-04:00 logger.go:66:           [32m+[0m[0m "Name"          = "eks-runner-go-10604-demo-private-us-east-1b"
TestEks 2023-10-04T09:00:56-04:00 logger.go:66:           [32m+[0m[0m "Owner"         = "lucas.j.hughes@outlook.com"
TestEks 2023-10-04T09:00:56-04:00 logger.go:66:           [32m+[0m[0m "t_AppID"       = "SVC03377"
TestEks 2023-10-04T09:00:56-04:00 logger.go:66:           [32m+[0m[0m "t_dcl"         = "3"
TestEks 2023-10-04T09:00:56-04:00 logger.go:66:           [32m+[0m[0m "t_environment" = "DEMO"
TestEks 2023-10-04T09:00:56-04:00 logger.go:66:         }
TestEks 2023-10-04T09:00:56-04:00 logger.go:66:       [32m+[0m[0m vpc_id                                         = (known after apply)
TestEks 2023-10-04T09:00:56-04:00 logger.go:66:     }
TestEks 2023-10-04T09:00:56-04:00 logger.go:66: 
TestEks 2023-10-04T09:00:56-04:00 logger.go:66: [1m  # module.new_vpc_eks_runner.module.vpc[0].aws_subnet.public[0][0m will be created
TestEks 2023-10-04T09:00:56-04:00 logger.go:66: [0m  [32m+[0m[0m resource "aws_subnet" "public" {
TestEks 2023-10-04T09:00:56-04:00 logger.go:66:       [32m+[0m[0m arn                                            = (known after apply)
TestEks 2023-10-04T09:00:56-04:00 logger.go:66:       [32m+[0m[0m assign_ipv6_address_on_creation                = false
TestEks 2023-10-04T09:00:56-04:00 logger.go:66:       [32m+[0m[0m availability_zone                              = "us-east-1a"
TestEks 2023-10-04T09:00:56-04:00 logger.go:66:       [32m+[0m[0m availability_zone_id                           = (known after apply)
TestEks 2023-10-04T09:00:56-04:00 logger.go:66:       [32m+[0m[0m cidr_block                                     = "119.0.0.16/28"
TestEks 2023-10-04T09:00:56-04:00 logger.go:66:       [32m+[0m[0m enable_dns64                                   = false
TestEks 2023-10-04T09:00:56-04:00 logger.go:66:       [32m+[0m[0m enable_resource_name_dns_a_record_on_launch    = false
TestEks 2023-10-04T09:00:56-04:00 logger.go:66:       [32m+[0m[0m enable_resource_name_dns_aaaa_record_on_launch = false
TestEks 2023-10-04T09:00:56-04:00 logger.go:66:       [32m+[0m[0m id                                             = (known after apply)
TestEks 2023-10-04T09:00:56-04:00 logger.go:66:       [32m+[0m[0m ipv6_cidr_block_association_id                 = (known after apply)
TestEks 2023-10-04T09:00:56-04:00 logger.go:66:       [32m+[0m[0m ipv6_native                                    = false
TestEks 2023-10-04T09:00:56-04:00 logger.go:66:       [32m+[0m[0m map_public_ip_on_launch                        = false
TestEks 2023-10-04T09:00:56-04:00 logger.go:66:       [32m+[0m[0m owner_id                                       = (known after apply)
TestEks 2023-10-04T09:00:56-04:00 logger.go:66:       [32m+[0m[0m private_dns_hostname_type_on_launch            = (known after apply)
TestEks 2023-10-04T09:00:56-04:00 logger.go:66:       [32m+[0m[0m tags                                           = {
TestEks 2023-10-04T09:00:56-04:00 logger.go:66:           [32m+[0m[0m "Name"          = "eks-runner-go-10604-demo-public-us-east-1a"
TestEks 2023-10-04T09:00:56-04:00 logger.go:66:           [32m+[0m[0m "Owner"         = "lucas.j.hughes@outlook.com"
TestEks 2023-10-04T09:00:56-04:00 logger.go:66:           [32m+[0m[0m "t_AppID"       = "SVC03377"
TestEks 2023-10-04T09:00:56-04:00 logger.go:66:           [32m+[0m[0m "t_dcl"         = "3"
TestEks 2023-10-04T09:00:56-04:00 logger.go:66:           [32m+[0m[0m "t_environment" = "DEMO"
TestEks 2023-10-04T09:00:56-04:00 logger.go:66:         }
TestEks 2023-10-04T09:00:56-04:00 logger.go:66:       [32m+[0m[0m tags_all                                       = {
TestEks 2023-10-04T09:00:56-04:00 logger.go:66:           [32m+[0m[0m "Name"          = "eks-runner-go-10604-demo-public-us-east-1a"
TestEks 2023-10-04T09:00:56-04:00 logger.go:66:           [32m+[0m[0m "Owner"         = "lucas.j.hughes@outlook.com"
TestEks 2023-10-04T09:00:56-04:00 logger.go:66:           [32m+[0m[0m "t_AppID"       = "SVC03377"
TestEks 2023-10-04T09:00:56-04:00 logger.go:66:           [32m+[0m[0m "t_dcl"         = "3"
TestEks 2023-10-04T09:00:56-04:00 logger.go:66:           [32m+[0m[0m "t_environment" = "DEMO"
TestEks 2023-10-04T09:00:56-04:00 logger.go:66:         }
TestEks 2023-10-04T09:00:56-04:00 logger.go:66:       [32m+[0m[0m vpc_id                                         = (known after apply)
TestEks 2023-10-04T09:00:56-04:00 logger.go:66:     }
TestEks 2023-10-04T09:00:56-04:00 logger.go:66: 
TestEks 2023-10-04T09:00:56-04:00 logger.go:66: [1m  # module.new_vpc_eks_runner.module.vpc[0].aws_subnet.public[1][0m will be created
TestEks 2023-10-04T09:00:56-04:00 logger.go:66: [0m  [32m+[0m[0m resource "aws_subnet" "public" {
TestEks 2023-10-04T09:00:56-04:00 logger.go:66:       [32m+[0m[0m arn                                            = (known after apply)
TestEks 2023-10-04T09:00:56-04:00 logger.go:66:       [32m+[0m[0m assign_ipv6_address_on_creation                = false
TestEks 2023-10-04T09:00:56-04:00 logger.go:66:       [32m+[0m[0m availability_zone                              = "us-east-1b"
TestEks 2023-10-04T09:00:56-04:00 logger.go:66:       [32m+[0m[0m availability_zone_id                           = (known after apply)
TestEks 2023-10-04T09:00:56-04:00 logger.go:66:       [32m+[0m[0m cidr_block                                     = "119.0.0.32/28"
TestEks 2023-10-04T09:00:56-04:00 logger.go:66:       [32m+[0m[0m enable_dns64                                   = false
TestEks 2023-10-04T09:00:56-04:00 logger.go:66:       [32m+[0m[0m enable_resource_name_dns_a_record_on_launch    = false
TestEks 2023-10-04T09:00:56-04:00 logger.go:66:       [32m+[0m[0m enable_resource_name_dns_aaaa_record_on_launch = false
TestEks 2023-10-04T09:00:56-04:00 logger.go:66:       [32m+[0m[0m id                                             = (known after apply)
TestEks 2023-10-04T09:00:56-04:00 logger.go:66:       [32m+[0m[0m ipv6_cidr_block_association_id                 = (known after apply)
TestEks 2023-10-04T09:00:56-04:00 logger.go:66:       [32m+[0m[0m ipv6_native                                    = false
TestEks 2023-10-04T09:00:56-04:00 logger.go:66:       [32m+[0m[0m map_public_ip_on_launch                        = false
TestEks 2023-10-04T09:00:56-04:00 logger.go:66:       [32m+[0m[0m owner_id                                       = (known after apply)
TestEks 2023-10-04T09:00:56-04:00 logger.go:66:       [32m+[0m[0m private_dns_hostname_type_on_launch            = (known after apply)
TestEks 2023-10-04T09:00:56-04:00 logger.go:66:       [32m+[0m[0m tags                                           = {
TestEks 2023-10-04T09:00:56-04:00 logger.go:66:           [32m+[0m[0m "Name"          = "eks-runner-go-10604-demo-public-us-east-1b"
TestEks 2023-10-04T09:00:56-04:00 logger.go:66:           [32m+[0m[0m "Owner"         = "lucas.j.hughes@outlook.com"
TestEks 2023-10-04T09:00:56-04:00 logger.go:66:           [32m+[0m[0m "t_AppID"       = "SVC03377"
TestEks 2023-10-04T09:00:56-04:00 logger.go:66:           [32m+[0m[0m "t_dcl"         = "3"
TestEks 2023-10-04T09:00:56-04:00 logger.go:66:           [32m+[0m[0m "t_environment" = "DEMO"
TestEks 2023-10-04T09:00:56-04:00 logger.go:66:         }
TestEks 2023-10-04T09:00:56-04:00 logger.go:66:       [32m+[0m[0m tags_all                                       = {
TestEks 2023-10-04T09:00:56-04:00 logger.go:66:           [32m+[0m[0m "Name"          = "eks-runner-go-10604-demo-public-us-east-1b"
TestEks 2023-10-04T09:00:56-04:00 logger.go:66:           [32m+[0m[0m "Owner"         = "lucas.j.hughes@outlook.com"
TestEks 2023-10-04T09:00:56-04:00 logger.go:66:           [32m+[0m[0m "t_AppID"       = "SVC03377"
TestEks 2023-10-04T09:00:56-04:00 logger.go:66:           [32m+[0m[0m "t_dcl"         = "3"
TestEks 2023-10-04T09:00:56-04:00 logger.go:66:           [32m+[0m[0m "t_environment" = "DEMO"
TestEks 2023-10-04T09:00:56-04:00 logger.go:66:         }
TestEks 2023-10-04T09:00:56-04:00 logger.go:66:       [32m+[0m[0m vpc_id                                         = (known after apply)
TestEks 2023-10-04T09:00:56-04:00 logger.go:66:     }
TestEks 2023-10-04T09:00:56-04:00 logger.go:66: 
TestEks 2023-10-04T09:00:56-04:00 logger.go:66: [1m  # module.new_vpc_eks_runner.module.vpc[0].aws_vpc.this[0][0m will be created
TestEks 2023-10-04T09:00:56-04:00 logger.go:66: [0m  [32m+[0m[0m resource "aws_vpc" "this" {
TestEks 2023-10-04T09:00:56-04:00 logger.go:66:       [32m+[0m[0m arn                                  = (known after apply)
TestEks 2023-10-04T09:00:56-04:00 logger.go:66:       [32m+[0m[0m cidr_block                           = "119.0.0.0/24"
TestEks 2023-10-04T09:00:56-04:00 logger.go:66:       [32m+[0m[0m default_network_acl_id               = (known after apply)
TestEks 2023-10-04T09:00:56-04:00 logger.go:66:       [32m+[0m[0m default_route_table_id               = (known after apply)
TestEks 2023-10-04T09:00:56-04:00 logger.go:66:       [32m+[0m[0m default_security_group_id            = (known after apply)
TestEks 2023-10-04T09:00:56-04:00 logger.go:66:       [32m+[0m[0m dhcp_options_id                      = (known after apply)
TestEks 2023-10-04T09:00:56-04:00 logger.go:66:       [32m+[0m[0m enable_dns_hostnames                 = true
TestEks 2023-10-04T09:00:56-04:00 logger.go:66:       [32m+[0m[0m enable_dns_support                   = true
TestEks 2023-10-04T09:00:56-04:00 logger.go:66:       [32m+[0m[0m enable_network_address_usage_metrics = (known after apply)
TestEks 2023-10-04T09:00:56-04:00 logger.go:66:       [32m+[0m[0m id                                   = (known after apply)
TestEks 2023-10-04T09:00:56-04:00 logger.go:66:       [32m+[0m[0m instance_tenancy                     = "default"
TestEks 2023-10-04T09:00:56-04:00 logger.go:66:       [32m+[0m[0m ipv6_association_id                  = (known after apply)
TestEks 2023-10-04T09:00:56-04:00 logger.go:66:       [32m+[0m[0m ipv6_cidr_block                      = (known after apply)
TestEks 2023-10-04T09:00:56-04:00 logger.go:66:       [32m+[0m[0m ipv6_cidr_block_network_border_group = (known after apply)
TestEks 2023-10-04T09:00:56-04:00 logger.go:66:       [32m+[0m[0m main_route_table_id                  = (known after apply)
TestEks 2023-10-04T09:00:56-04:00 logger.go:66:       [32m+[0m[0m owner_id                             = (known after apply)
TestEks 2023-10-04T09:00:56-04:00 logger.go:66:       [32m+[0m[0m tags                                 = {
TestEks 2023-10-04T09:00:56-04:00 logger.go:66:           [32m+[0m[0m "Name"          = "eks-runner-go-10604-demo"
TestEks 2023-10-04T09:00:56-04:00 logger.go:66:           [32m+[0m[0m "Owner"         = "lucas.j.hughes@outlook.com"
TestEks 2023-10-04T09:00:56-04:00 logger.go:66:           [32m+[0m[0m "t_AppID"       = "SVC03377"
TestEks 2023-10-04T09:00:56-04:00 logger.go:66:           [32m+[0m[0m "t_dcl"         = "3"
TestEks 2023-10-04T09:00:56-04:00 logger.go:66:           [32m+[0m[0m "t_environment" = "DEMO"
TestEks 2023-10-04T09:00:56-04:00 logger.go:66:         }
TestEks 2023-10-04T09:00:56-04:00 logger.go:66:       [32m+[0m[0m tags_all                             = {
TestEks 2023-10-04T09:00:56-04:00 logger.go:66:           [32m+[0m[0m "Name"          = "eks-runner-go-10604-demo"
TestEks 2023-10-04T09:00:56-04:00 logger.go:66:           [32m+[0m[0m "Owner"         = "lucas.j.hughes@outlook.com"
TestEks 2023-10-04T09:00:56-04:00 logger.go:66:           [32m+[0m[0m "t_AppID"       = "SVC03377"
TestEks 2023-10-04T09:00:56-04:00 logger.go:66:           [32m+[0m[0m "t_dcl"         = "3"
TestEks 2023-10-04T09:00:56-04:00 logger.go:66:           [32m+[0m[0m "t_environment" = "DEMO"
TestEks 2023-10-04T09:00:56-04:00 logger.go:66:         }
TestEks 2023-10-04T09:00:56-04:00 logger.go:66:     }
TestEks 2023-10-04T09:00:56-04:00 logger.go:66: 
TestEks 2023-10-04T09:00:56-04:00 logger.go:66: [1m  # module.existing_vpc_eks_runner.module.eks.module.eks_managed_node_group["eks-gitlab-runner"].aws_autoscaling_schedule.this["scale-down"][0m will be created
TestEks 2023-10-04T09:00:56-04:00 logger.go:66: [0m  [32m+[0m[0m resource "aws_autoscaling_schedule" "this" {
TestEks 2023-10-04T09:00:56-04:00 logger.go:66:       [32m+[0m[0m arn                    = (known after apply)
TestEks 2023-10-04T09:00:56-04:00 logger.go:66:       [32m+[0m[0m autoscaling_group_name = (known after apply)
TestEks 2023-10-04T09:00:56-04:00 logger.go:66:       [32m+[0m[0m desired_capacity       = 0
TestEks 2023-10-04T09:00:56-04:00 logger.go:66:       [32m+[0m[0m end_time               = (known after apply)
TestEks 2023-10-04T09:00:56-04:00 logger.go:66:       [32m+[0m[0m id                     = (known after apply)
TestEks 2023-10-04T09:00:56-04:00 logger.go:66:       [32m+[0m[0m max_size               = 1
TestEks 2023-10-04T09:00:56-04:00 logger.go:66:       [32m+[0m[0m min_size               = 0
TestEks 2023-10-04T09:00:56-04:00 logger.go:66:       [32m+[0m[0m recurrence             = "0 0 * * TUE-SAT"
TestEks 2023-10-04T09:00:56-04:00 logger.go:66:       [32m+[0m[0m scheduled_action_name  = "scale-down"
TestEks 2023-10-04T09:00:56-04:00 logger.go:66:       [32m+[0m[0m start_time             = (known after apply)
TestEks 2023-10-04T09:00:56-04:00 logger.go:66:       [32m+[0m[0m time_zone              = (known after apply)
TestEks 2023-10-04T09:00:56-04:00 logger.go:66:     }
TestEks 2023-10-04T09:00:56-04:00 logger.go:66: 
TestEks 2023-10-04T09:00:56-04:00 logger.go:66: [1m  # module.existing_vpc_eks_runner.module.eks.module.eks_managed_node_group["eks-gitlab-runner"].aws_autoscaling_schedule.this["scale-up"][0m will be created
TestEks 2023-10-04T09:00:56-04:00 logger.go:66: [0m  [32m+[0m[0m resource "aws_autoscaling_schedule" "this" {
TestEks 2023-10-04T09:00:56-04:00 logger.go:66:       [32m+[0m[0m arn                    = (known after apply)
TestEks 2023-10-04T09:00:56-04:00 logger.go:66:       [32m+[0m[0m autoscaling_group_name = (known after apply)
TestEks 2023-10-04T09:00:56-04:00 logger.go:66:       [32m+[0m[0m desired_capacity       = 1
TestEks 2023-10-04T09:00:56-04:00 logger.go:66:       [32m+[0m[0m end_time               = (known after apply)
TestEks 2023-10-04T09:00:56-04:00 logger.go:66:       [32m+[0m[0m id                     = (known after apply)
TestEks 2023-10-04T09:00:56-04:00 logger.go:66:       [32m+[0m[0m max_size               = 3
TestEks 2023-10-04T09:00:56-04:00 logger.go:66:       [32m+[0m[0m min_size               = 1
TestEks 2023-10-04T09:00:56-04:00 logger.go:66:       [32m+[0m[0m recurrence             = "0 12 * * MON-FRI"
TestEks 2023-10-04T09:00:56-04:00 logger.go:66:       [32m+[0m[0m scheduled_action_name  = "scale-up"
TestEks 2023-10-04T09:00:56-04:00 logger.go:66:       [32m+[0m[0m start_time             = (known after apply)
TestEks 2023-10-04T09:00:56-04:00 logger.go:66:       [32m+[0m[0m time_zone              = (known after apply)
TestEks 2023-10-04T09:00:56-04:00 logger.go:66:     }
TestEks 2023-10-04T09:00:56-04:00 logger.go:66: 
TestEks 2023-10-04T09:00:56-04:00 logger.go:66: [1m  # module.existing_vpc_eks_runner.module.eks.module.eks_managed_node_group["eks-gitlab-runner"].aws_eks_node_group.this[0][0m will be created
TestEks 2023-10-04T09:00:56-04:00 logger.go:66: [0m  [32m+[0m[0m resource "aws_eks_node_group" "this" {
TestEks 2023-10-04T09:00:56-04:00 logger.go:66:       [32m+[0m[0m ami_type               = (known after apply)
TestEks 2023-10-04T09:00:56-04:00 logger.go:66:       [32m+[0m[0m arn                    = (known after apply)
TestEks 2023-10-04T09:00:56-04:00 logger.go:66:       [32m+[0m[0m capacity_type          = "SPOT"
TestEks 2023-10-04T09:00:56-04:00 logger.go:66:       [32m+[0m[0m cluster_name           = "eks-runner-go-19867-demo"
TestEks 2023-10-04T09:00:56-04:00 logger.go:66:       [32m+[0m[0m disk_size              = (known after apply)
TestEks 2023-10-04T09:00:56-04:00 logger.go:66:       [32m+[0m[0m force_update_version   = true
TestEks 2023-10-04T09:00:56-04:00 logger.go:66:       [32m+[0m[0m id                     = (known after apply)
TestEks 2023-10-04T09:00:56-04:00 logger.go:66:       [32m+[0m[0m instance_types         = [
TestEks 2023-10-04T09:00:56-04:00 logger.go:66:           [32m+[0m[0m "t3.medium",
TestEks 2023-10-04T09:00:56-04:00 logger.go:66:           [32m+[0m[0m "t3.large",
TestEks 2023-10-04T09:00:56-04:00 logger.go:66:         ]
TestEks 2023-10-04T09:00:56-04:00 logger.go:66:       [32m+[0m[0m node_group_name        = (known after apply)
TestEks 2023-10-04T09:00:56-04:00 logger.go:66:       [32m+[0m[0m node_group_name_prefix = "eks-runner-go-19867-"
TestEks 2023-10-04T09:00:56-04:00 logger.go:66:       [32m+[0m[0m node_role_arn          = (known after apply)
TestEks 2023-10-04T09:00:56-04:00 logger.go:66:       [32m+[0m[0m release_version        = (known after apply)
TestEks 2023-10-04T09:00:56-04:00 logger.go:66:       [32m+[0m[0m resources              = (known after apply)
TestEks 2023-10-04T09:00:56-04:00 logger.go:66:       [32m+[0m[0m status                 = (known after apply)
TestEks 2023-10-04T09:00:56-04:00 logger.go:66:       [32m+[0m[0m subnet_ids             = (known after apply)
TestEks 2023-10-04T09:00:56-04:00 logger.go:66:       [32m+[0m[0m tags                   = {
TestEks 2023-10-04T09:00:56-04:00 logger.go:66:           [32m+[0m[0m "Name"          = "eks-runner-go-19867"
TestEks 2023-10-04T09:00:56-04:00 logger.go:66:           [32m+[0m[0m "Owner"         = "lucas.j.hughes@outlook.com"
TestEks 2023-10-04T09:00:56-04:00 logger.go:66:           [32m+[0m[0m "t_AppID"       = "SVC03377"
TestEks 2023-10-04T09:00:56-04:00 logger.go:66:           [32m+[0m[0m "t_dcl"         = "3"
TestEks 2023-10-04T09:00:56-04:00 logger.go:66:           [32m+[0m[0m "t_environment" = "DEMO"
TestEks 2023-10-04T09:00:56-04:00 logger.go:66:         }
TestEks 2023-10-04T09:00:56-04:00 logger.go:66:       [32m+[0m[0m tags_all               = {
TestEks 2023-10-04T09:00:56-04:00 logger.go:66:           [32m+[0m[0m "Name"          = "eks-runner-go-19867"
TestEks 2023-10-04T09:00:56-04:00 logger.go:66:           [32m+[0m[0m "Owner"         = "lucas.j.hughes@outlook.com"
TestEks 2023-10-04T09:00:56-04:00 logger.go:66:           [32m+[0m[0m "t_AppID"       = "SVC03377"
TestEks 2023-10-04T09:00:56-04:00 logger.go:66:           [32m+[0m[0m "t_dcl"         = "3"
TestEks 2023-10-04T09:00:56-04:00 logger.go:66:           [32m+[0m[0m "t_environment" = "DEMO"
TestEks 2023-10-04T09:00:56-04:00 logger.go:66:         }
TestEks 2023-10-04T09:00:56-04:00 logger.go:66:       [32m+[0m[0m version                = (known after apply)
TestEks 2023-10-04T09:00:56-04:00 logger.go:66: 
TestEks 2023-10-04T09:00:56-04:00 logger.go:66:       [32m+[0m[0m launch_template {
TestEks 2023-10-04T09:00:56-04:00 logger.go:66:           [32m+[0m[0m id      = (known after apply)
TestEks 2023-10-04T09:00:56-04:00 logger.go:66:           [32m+[0m[0m name    = (known after apply)
TestEks 2023-10-04T09:00:56-04:00 logger.go:66:           [32m+[0m[0m version = (known after apply)
TestEks 2023-10-04T09:00:56-04:00 logger.go:66:         }
TestEks 2023-10-04T09:00:56-04:00 logger.go:66: 
TestEks 2023-10-04T09:00:56-04:00 logger.go:66:       [32m+[0m[0m scaling_config {
TestEks 2023-10-04T09:00:56-04:00 logger.go:66:           [32m+[0m[0m desired_size = 2
TestEks 2023-10-04T09:00:56-04:00 logger.go:66:           [32m+[0m[0m max_size     = 7
TestEks 2023-10-04T09:00:56-04:00 logger.go:66:           [32m+[0m[0m min_size     = 0
TestEks 2023-10-04T09:00:56-04:00 logger.go:66:         }
TestEks 2023-10-04T09:00:56-04:00 logger.go:66: 
TestEks 2023-10-04T09:00:56-04:00 logger.go:66:       [32m+[0m[0m timeouts {}
TestEks 2023-10-04T09:00:56-04:00 logger.go:66: 
TestEks 2023-10-04T09:00:56-04:00 logger.go:66:       [32m+[0m[0m update_config {
TestEks 2023-10-04T09:00:56-04:00 logger.go:66:           [32m+[0m[0m max_unavailable_percentage = 33
TestEks 2023-10-04T09:00:56-04:00 logger.go:66:         }
TestEks 2023-10-04T09:00:56-04:00 logger.go:66:     }
TestEks 2023-10-04T09:00:56-04:00 logger.go:66: 
TestEks 2023-10-04T09:00:56-04:00 logger.go:66: [1m  # module.existing_vpc_eks_runner.module.eks.module.eks_managed_node_group["eks-gitlab-runner"].aws_iam_role.this[0][0m will be created
TestEks 2023-10-04T09:00:56-04:00 logger.go:66: [0m  [32m+[0m[0m resource "aws_iam_role" "this" {
TestEks 2023-10-04T09:00:56-04:00 logger.go:66:       [32m+[0m[0m arn                   = (known after apply)
TestEks 2023-10-04T09:00:56-04:00 logger.go:66:       [32m+[0m[0m assume_role_policy    = jsonencode(
TestEks 2023-10-04T09:00:56-04:00 logger.go:66:             {
TestEks 2023-10-04T09:00:56-04:00 logger.go:66:               [32m+[0m[0m Statement = [
TestEks 2023-10-04T09:00:56-04:00 logger.go:66:                   [32m+[0m[0m {
TestEks 2023-10-04T09:00:56-04:00 logger.go:66:                       [32m+[0m[0m Action    = "sts:AssumeRole"
TestEks 2023-10-04T09:00:56-04:00 logger.go:66:                       [32m+[0m[0m Effect    = "Allow"
TestEks 2023-10-04T09:00:56-04:00 logger.go:66:                       [32m+[0m[0m Principal = {
TestEks 2023-10-04T09:00:56-04:00 logger.go:66:                           [32m+[0m[0m Service = "ec2.amazonaws.com"
TestEks 2023-10-04T09:00:56-04:00 logger.go:66:                         }
TestEks 2023-10-04T09:00:56-04:00 logger.go:66:                       [32m+[0m[0m Sid       = "EKSNodeAssumeRole"
TestEks 2023-10-04T09:00:56-04:00 logger.go:66:                     },
TestEks 2023-10-04T09:00:56-04:00 logger.go:66:                 ]
TestEks 2023-10-04T09:00:56-04:00 logger.go:66:               [32m+[0m[0m Version   = "2012-10-17"
TestEks 2023-10-04T09:00:56-04:00 logger.go:66:             }
TestEks 2023-10-04T09:00:56-04:00 logger.go:66:         )
TestEks 2023-10-04T09:00:56-04:00 logger.go:66:       [32m+[0m[0m create_date           = (known after apply)
TestEks 2023-10-04T09:00:56-04:00 logger.go:66:       [32m+[0m[0m description           = "EKS managed node group IAM role"
TestEks 2023-10-04T09:00:56-04:00 logger.go:66:       [32m+[0m[0m force_detach_policies = true
TestEks 2023-10-04T09:00:56-04:00 logger.go:66:       [32m+[0m[0m id                    = (known after apply)
TestEks 2023-10-04T09:00:56-04:00 logger.go:66:       [32m+[0m[0m managed_policy_arns   = (known after apply)
TestEks 2023-10-04T09:00:56-04:00 logger.go:66:       [32m+[0m[0m max_session_duration  = 3600
TestEks 2023-10-04T09:00:56-04:00 logger.go:66:       [32m+[0m[0m name                  = (known after apply)
TestEks 2023-10-04T09:00:56-04:00 logger.go:66:       [32m+[0m[0m name_prefix           = "eks-runner-go-19867-eks-node-group-"
TestEks 2023-10-04T09:00:56-04:00 logger.go:66:       [32m+[0m[0m path                  = "/"
TestEks 2023-10-04T09:00:56-04:00 logger.go:66:       [32m+[0m[0m tags                  = {
TestEks 2023-10-04T09:00:56-04:00 logger.go:66:           [32m+[0m[0m "Owner"         = "lucas.j.hughes@outlook.com"
TestEks 2023-10-04T09:00:56-04:00 logger.go:66:           [32m+[0m[0m "t_AppID"       = "SVC03377"
TestEks 2023-10-04T09:00:56-04:00 logger.go:66:           [32m+[0m[0m "t_dcl"         = "3"
TestEks 2023-10-04T09:00:56-04:00 logger.go:66:           [32m+[0m[0m "t_environment" = "DEMO"
TestEks 2023-10-04T09:00:56-04:00 logger.go:66:         }
TestEks 2023-10-04T09:00:56-04:00 logger.go:66:       [32m+[0m[0m tags_all              = {
TestEks 2023-10-04T09:00:56-04:00 logger.go:66:           [32m+[0m[0m "Owner"         = "lucas.j.hughes@outlook.com"
TestEks 2023-10-04T09:00:56-04:00 logger.go:66:           [32m+[0m[0m "t_AppID"       = "SVC03377"
TestEks 2023-10-04T09:00:56-04:00 logger.go:66:           [32m+[0m[0m "t_dcl"         = "3"
TestEks 2023-10-04T09:00:56-04:00 logger.go:66:           [32m+[0m[0m "t_environment" = "DEMO"
TestEks 2023-10-04T09:00:56-04:00 logger.go:66:         }
TestEks 2023-10-04T09:00:56-04:00 logger.go:66:       [32m+[0m[0m unique_id             = (known after apply)
TestEks 2023-10-04T09:00:56-04:00 logger.go:66:     }
TestEks 2023-10-04T09:00:56-04:00 logger.go:66: 
TestEks 2023-10-04T09:00:56-04:00 logger.go:66: [1m  # module.existing_vpc_eks_runner.module.eks.module.eks_managed_node_group["eks-gitlab-runner"].aws_iam_role_policy_attachment.additional["AmazonEC2ContainerRegistryReadOnly"][0m will be created
TestEks 2023-10-04T09:00:56-04:00 logger.go:66: [0m  [32m+[0m[0m resource "aws_iam_role_policy_attachment" "additional" {
TestEks 2023-10-04T09:00:56-04:00 logger.go:66:       [32m+[0m[0m id         = (known after apply)
TestEks 2023-10-04T09:00:56-04:00 logger.go:66:       [32m+[0m[0m policy_arn = "arn:aws:iam::aws:policy/AmazonEC2ContainerRegistryReadOnly"
TestEks 2023-10-04T09:00:56-04:00 logger.go:66:       [32m+[0m[0m role       = (known after apply)
TestEks 2023-10-04T09:00:56-04:00 logger.go:66:     }
TestEks 2023-10-04T09:00:56-04:00 logger.go:66: 
TestEks 2023-10-04T09:00:56-04:00 logger.go:66: [1m  # module.existing_vpc_eks_runner.module.eks.module.eks_managed_node_group["eks-gitlab-runner"].aws_iam_role_policy_attachment.additional["additional_policy"][0m will be created
TestEks 2023-10-04T09:00:56-04:00 logger.go:66: [0m  [32m+[0m[0m resource "aws_iam_role_policy_attachment" "additional" {
TestEks 2023-10-04T09:00:56-04:00 logger.go:66:       [32m+[0m[0m id         = (known after apply)
TestEks 2023-10-04T09:00:56-04:00 logger.go:66:       [32m+[0m[0m policy_arn = "arn:aws:iam::aws:policy/job-function/SystemAdministrator"
TestEks 2023-10-04T09:00:56-04:00 logger.go:66:       [32m+[0m[0m role       = (known after apply)
TestEks 2023-10-04T09:00:56-04:00 logger.go:66:     }
TestEks 2023-10-04T09:00:56-04:00 logger.go:66: 
TestEks 2023-10-04T09:00:56-04:00 logger.go:66: [1m  # module.existing_vpc_eks_runner.module.eks.module.eks_managed_node_group["eks-gitlab-runner"].aws_iam_role_policy_attachment.additional["ssm"][0m will be created
TestEks 2023-10-04T09:00:56-04:00 logger.go:66: [0m  [32m+[0m[0m resource "aws_iam_role_policy_attachment" "additional" {
TestEks 2023-10-04T09:00:56-04:00 logger.go:66:       [32m+[0m[0m id         = (known after apply)
TestEks 2023-10-04T09:00:56-04:00 logger.go:66:       [32m+[0m[0m policy_arn = "arn:aws:iam::aws:policy/AmazonSSMManagedInstanceCore"
TestEks 2023-10-04T09:00:56-04:00 logger.go:66:       [32m+[0m[0m role       = (known after apply)
TestEks 2023-10-04T09:00:56-04:00 logger.go:66:     }
TestEks 2023-10-04T09:00:56-04:00 logger.go:66: 
TestEks 2023-10-04T09:00:56-04:00 logger.go:66: [1m  # module.existing_vpc_eks_runner.module.eks.module.eks_managed_node_group["eks-gitlab-runner"].aws_iam_role_policy_attachment.this["arn:aws:iam::aws:policy/AmazonEC2ContainerRegistryReadOnly"][0m will be created
TestEks 2023-10-04T09:00:56-04:00 logger.go:66: [0m  [32m+[0m[0m resource "aws_iam_role_policy_attachment" "this" {
TestEks 2023-10-04T09:00:56-04:00 logger.go:66:       [32m+[0m[0m id         = (known after apply)
TestEks 2023-10-04T09:00:56-04:00 logger.go:66:       [32m+[0m[0m policy_arn = "arn:aws:iam::aws:policy/AmazonEC2ContainerRegistryReadOnly"
TestEks 2023-10-04T09:00:56-04:00 logger.go:66:       [32m+[0m[0m role       = (known after apply)
TestEks 2023-10-04T09:00:56-04:00 logger.go:66:     }
TestEks 2023-10-04T09:00:56-04:00 logger.go:66: 
TestEks 2023-10-04T09:00:56-04:00 logger.go:66: [1m  # module.existing_vpc_eks_runner.module.eks.module.eks_managed_node_group["eks-gitlab-runner"].aws_iam_role_policy_attachment.this["arn:aws:iam::aws:policy/AmazonEKSWorkerNodePolicy"][0m will be created
TestEks 2023-10-04T09:00:56-04:00 logger.go:66: [0m  [32m+[0m[0m resource "aws_iam_role_policy_attachment" "this" {
TestEks 2023-10-04T09:00:56-04:00 logger.go:66:       [32m+[0m[0m id         = (known after apply)
TestEks 2023-10-04T09:00:56-04:00 logger.go:66:       [32m+[0m[0m policy_arn = "arn:aws:iam::aws:policy/AmazonEKSWorkerNodePolicy"
TestEks 2023-10-04T09:00:56-04:00 logger.go:66:       [32m+[0m[0m role       = (known after apply)
TestEks 2023-10-04T09:00:56-04:00 logger.go:66:     }
TestEks 2023-10-04T09:00:56-04:00 logger.go:66: 
TestEks 2023-10-04T09:00:56-04:00 logger.go:66: [1m  # module.existing_vpc_eks_runner.module.eks.module.eks_managed_node_group["eks-gitlab-runner"].aws_iam_role_policy_attachment.this["arn:aws:iam::aws:policy/AmazonEKS_CNI_Policy"][0m will be created
TestEks 2023-10-04T09:00:56-04:00 logger.go:66: [0m  [32m+[0m[0m resource "aws_iam_role_policy_attachment" "this" {
TestEks 2023-10-04T09:00:56-04:00 logger.go:66:       [32m+[0m[0m id         = (known after apply)
TestEks 2023-10-04T09:00:56-04:00 logger.go:66:       [32m+[0m[0m policy_arn = "arn:aws:iam::aws:policy/AmazonEKS_CNI_Policy"
TestEks 2023-10-04T09:00:56-04:00 logger.go:66:       [32m+[0m[0m role       = (known after apply)
TestEks 2023-10-04T09:00:56-04:00 logger.go:66:     }
TestEks 2023-10-04T09:00:56-04:00 logger.go:66: 
TestEks 2023-10-04T09:00:56-04:00 logger.go:66: [1m  # module.existing_vpc_eks_runner.module.eks.module.eks_managed_node_group["eks-gitlab-runner"].aws_launch_template.this[0][0m will be created
TestEks 2023-10-04T09:00:56-04:00 logger.go:66: [0m  [32m+[0m[0m resource "aws_launch_template" "this" {
TestEks 2023-10-04T09:00:56-04:00 logger.go:66:       [32m+[0m[0m arn                    = (known after apply)
TestEks 2023-10-04T09:00:56-04:00 logger.go:66:       [32m+[0m[0m default_version        = (known after apply)
TestEks 2023-10-04T09:00:56-04:00 logger.go:66:       [32m+[0m[0m description            = "Custom launch template for eks-runner-go-19867 EKS managed node group"
TestEks 2023-10-04T09:00:56-04:00 logger.go:66:       [32m+[0m[0m ebs_optimized          = "true"
TestEks 2023-10-04T09:00:56-04:00 logger.go:66:       [32m+[0m[0m id                     = (known after apply)
TestEks 2023-10-04T09:00:56-04:00 logger.go:66:       [32m+[0m[0m image_id               = "ami-03f9ed6c9c41e7946"
TestEks 2023-10-04T09:00:56-04:00 logger.go:66:       [32m+[0m[0m latest_version         = (known after apply)
TestEks 2023-10-04T09:00:56-04:00 logger.go:66:       [32m+[0m[0m name                   = (known after apply)
TestEks 2023-10-04T09:00:56-04:00 logger.go:66:       [32m+[0m[0m name_prefix            = "eks-gitlab-runner-"
TestEks 2023-10-04T09:00:56-04:00 logger.go:66:       [32m+[0m[0m tags                   = {
TestEks 2023-10-04T09:00:56-04:00 logger.go:66:           [32m+[0m[0m "Owner"         = "lucas.j.hughes@outlook.com"
TestEks 2023-10-04T09:00:56-04:00 logger.go:66:           [32m+[0m[0m "t_AppID"       = "SVC03377"
TestEks 2023-10-04T09:00:56-04:00 logger.go:66:           [32m+[0m[0m "t_dcl"         = "3"
TestEks 2023-10-04T09:00:56-04:00 logger.go:66:           [32m+[0m[0m "t_environment" = "DEMO"
TestEks 2023-10-04T09:00:56-04:00 logger.go:66:         }
TestEks 2023-10-04T09:00:56-04:00 logger.go:66:       [32m+[0m[0m tags_all               = {
TestEks 2023-10-04T09:00:56-04:00 logger.go:66:           [32m+[0m[0m "Owner"         = "lucas.j.hughes@outlook.com"
TestEks 2023-10-04T09:00:56-04:00 logger.go:66:           [32m+[0m[0m "t_AppID"       = "SVC03377"
TestEks 2023-10-04T09:00:56-04:00 logger.go:66:           [32m+[0m[0m "t_dcl"         = "3"
TestEks 2023-10-04T09:00:56-04:00 logger.go:66:           [32m+[0m[0m "t_environment" = "DEMO"
TestEks 2023-10-04T09:00:56-04:00 logger.go:66:         }
TestEks 2023-10-04T09:00:56-04:00 logger.go:66:       [32m+[0m[0m update_default_version = true
TestEks 2023-10-04T09:00:56-04:00 logger.go:66:       [32m+[0m[0m user_data              = (known after apply)
TestEks 2023-10-04T09:00:56-04:00 logger.go:66:       [32m+[0m[0m vpc_security_group_ids = (known after apply)
TestEks 2023-10-04T09:00:56-04:00 logger.go:66: 
TestEks 2023-10-04T09:00:56-04:00 logger.go:66:       [32m+[0m[0m block_device_mappings {
TestEks 2023-10-04T09:00:56-04:00 logger.go:66:           [32m+[0m[0m device_name = "/dev/xvda"
TestEks 2023-10-04T09:00:56-04:00 logger.go:66: 
TestEks 2023-10-04T09:00:56-04:00 logger.go:66:           [32m+[0m[0m ebs {
TestEks 2023-10-04T09:00:56-04:00 logger.go:66:               [32m+[0m[0m delete_on_termination = "true"
TestEks 2023-10-04T09:00:56-04:00 logger.go:66:               [32m+[0m[0m encrypted             = "true"
TestEks 2023-10-04T09:00:56-04:00 logger.go:66:               [32m+[0m[0m iops                  = 3000
TestEks 2023-10-04T09:00:56-04:00 logger.go:66:               [32m+[0m[0m throughput            = 150
TestEks 2023-10-04T09:00:56-04:00 logger.go:66:               [32m+[0m[0m volume_size           = 30
TestEks 2023-10-04T09:00:56-04:00 logger.go:66:               [32m+[0m[0m volume_type           = "gp3"
TestEks 2023-10-04T09:00:56-04:00 logger.go:66:             }
TestEks 2023-10-04T09:00:56-04:00 logger.go:66:         }
TestEks 2023-10-04T09:00:56-04:00 logger.go:66: 
TestEks 2023-10-04T09:00:56-04:00 logger.go:66:       [32m+[0m[0m metadata_options {
TestEks 2023-10-04T09:00:56-04:00 logger.go:66:           [32m+[0m[0m http_endpoint               = "enabled"
TestEks 2023-10-04T09:00:56-04:00 logger.go:66:           [32m+[0m[0m http_protocol_ipv6          = (known after apply)
TestEks 2023-10-04T09:00:56-04:00 logger.go:66:           [32m+[0m[0m http_put_response_hop_limit = 2
TestEks 2023-10-04T09:00:56-04:00 logger.go:66:           [32m+[0m[0m http_tokens                 = "required"
TestEks 2023-10-04T09:00:56-04:00 logger.go:66:           [32m+[0m[0m instance_metadata_tags      = "enabled"
TestEks 2023-10-04T09:00:56-04:00 logger.go:66:         }
TestEks 2023-10-04T09:00:56-04:00 logger.go:66: 
TestEks 2023-10-04T09:00:56-04:00 logger.go:66:       [32m+[0m[0m monitoring {
TestEks 2023-10-04T09:00:56-04:00 logger.go:66:           [32m+[0m[0m enabled = true
TestEks 2023-10-04T09:00:56-04:00 logger.go:66:         }
TestEks 2023-10-04T09:00:56-04:00 logger.go:66: 
TestEks 2023-10-04T09:00:56-04:00 logger.go:66:       [32m+[0m[0m tag_specifications {
TestEks 2023-10-04T09:00:56-04:00 logger.go:66:           [32m+[0m[0m resource_type = "instance"
TestEks 2023-10-04T09:00:56-04:00 logger.go:66:           [32m+[0m[0m tags          = {
TestEks 2023-10-04T09:00:56-04:00 logger.go:66:               [32m+[0m[0m "Name"          = "eks-runner-go-19867"
TestEks 2023-10-04T09:00:56-04:00 logger.go:66:               [32m+[0m[0m "Owner"         = "lucas.j.hughes@outlook.com"
TestEks 2023-10-04T09:00:56-04:00 logger.go:66:               [32m+[0m[0m "t_AppID"       = "SVC03377"
TestEks 2023-10-04T09:00:56-04:00 logger.go:66:               [32m+[0m[0m "t_dcl"         = "3"
TestEks 2023-10-04T09:00:56-04:00 logger.go:66:               [32m+[0m[0m "t_environment" = "DEMO"
TestEks 2023-10-04T09:00:56-04:00 logger.go:66:             }
TestEks 2023-10-04T09:00:56-04:00 logger.go:66:         }
TestEks 2023-10-04T09:00:56-04:00 logger.go:66:       [32m+[0m[0m tag_specifications {
TestEks 2023-10-04T09:00:56-04:00 logger.go:66:           [32m+[0m[0m resource_type = "network-interface"
TestEks 2023-10-04T09:00:56-04:00 logger.go:66:           [32m+[0m[0m tags          = {
TestEks 2023-10-04T09:00:56-04:00 logger.go:66:               [32m+[0m[0m "Name"          = "eks-runner-go-19867"
TestEks 2023-10-04T09:00:56-04:00 logger.go:66:               [32m+[0m[0m "Owner"         = "lucas.j.hughes@outlook.com"
TestEks 2023-10-04T09:00:56-04:00 logger.go:66:               [32m+[0m[0m "t_AppID"       = "SVC03377"
TestEks 2023-10-04T09:00:56-04:00 logger.go:66:               [32m+[0m[0m "t_dcl"         = "3"
TestEks 2023-10-04T09:00:56-04:00 logger.go:66:               [32m+[0m[0m "t_environment" = "DEMO"
TestEks 2023-10-04T09:00:56-04:00 logger.go:66:             }
TestEks 2023-10-04T09:00:56-04:00 logger.go:66:         }
TestEks 2023-10-04T09:00:56-04:00 logger.go:66:       [32m+[0m[0m tag_specifications {
TestEks 2023-10-04T09:00:56-04:00 logger.go:66:           [32m+[0m[0m resource_type = "volume"
TestEks 2023-10-04T09:00:56-04:00 logger.go:66:           [32m+[0m[0m tags          = {
TestEks 2023-10-04T09:00:56-04:00 logger.go:66:               [32m+[0m[0m "Name"          = "eks-runner-go-19867"
TestEks 2023-10-04T09:00:56-04:00 logger.go:66:               [32m+[0m[0m "Owner"         = "lucas.j.hughes@outlook.com"
TestEks 2023-10-04T09:00:56-04:00 logger.go:66:               [32m+[0m[0m "t_AppID"       = "SVC03377"
TestEks 2023-10-04T09:00:56-04:00 logger.go:66:               [32m+[0m[0m "t_dcl"         = "3"
TestEks 2023-10-04T09:00:56-04:00 logger.go:66:               [32m+[0m[0m "t_environment" = "DEMO"
TestEks 2023-10-04T09:00:56-04:00 logger.go:66:             }
TestEks 2023-10-04T09:00:56-04:00 logger.go:66:         }
TestEks 2023-10-04T09:00:56-04:00 logger.go:66:     }
TestEks 2023-10-04T09:00:56-04:00 logger.go:66: 
TestEks 2023-10-04T09:00:56-04:00 logger.go:66: [1m  # module.existing_vpc_eks_runner.module.eks.module.kms.data.aws_iam_policy_document.this[0][0m will be read during apply
TestEks 2023-10-04T09:00:56-04:00 logger.go:66:   # (config refers to values not yet known)
TestEks 2023-10-04T09:00:56-04:00 logger.go:66: [0m [36m<=[0m[0m data "aws_iam_policy_document" "this" {
TestEks 2023-10-04T09:00:56-04:00 logger.go:66:       [32m+[0m[0m id                        = (known after apply)
TestEks 2023-10-04T09:00:56-04:00 logger.go:66:       [32m+[0m[0m json                      = (known after apply)
TestEks 2023-10-04T09:00:56-04:00 logger.go:66:       [32m+[0m[0m override_policy_documents = []
TestEks 2023-10-04T09:00:56-04:00 logger.go:66:       [32m+[0m[0m source_policy_documents   = []
TestEks 2023-10-04T09:00:56-04:00 logger.go:66: 
TestEks 2023-10-04T09:00:56-04:00 logger.go:66:       [32m+[0m[0m statement {
TestEks 2023-10-04T09:00:56-04:00 logger.go:66:           [32m+[0m[0m actions   = [
TestEks 2023-10-04T09:00:56-04:00 logger.go:66:               [32m+[0m[0m "kms:CancelKeyDeletion",
TestEks 2023-10-04T09:00:56-04:00 logger.go:66:               [32m+[0m[0m "kms:Create*",
TestEks 2023-10-04T09:00:56-04:00 logger.go:66:               [32m+[0m[0m "kms:Delete*",
TestEks 2023-10-04T09:00:56-04:00 logger.go:66:               [32m+[0m[0m "kms:Describe*",
TestEks 2023-10-04T09:00:56-04:00 logger.go:66:               [32m+[0m[0m "kms:Disable*",
TestEks 2023-10-04T09:00:56-04:00 logger.go:66:               [32m+[0m[0m "kms:Enable*",
TestEks 2023-10-04T09:00:56-04:00 logger.go:66:               [32m+[0m[0m "kms:Get*",
TestEks 2023-10-04T09:00:56-04:00 logger.go:66:               [32m+[0m[0m "kms:List*",
TestEks 2023-10-04T09:00:56-04:00 logger.go:66:               [32m+[0m[0m "kms:Put*",
TestEks 2023-10-04T09:00:56-04:00 logger.go:66:               [32m+[0m[0m "kms:Revoke*",
TestEks 2023-10-04T09:00:56-04:00 logger.go:66:               [32m+[0m[0m "kms:ScheduleKeyDeletion",
TestEks 2023-10-04T09:00:56-04:00 logger.go:66:               [32m+[0m[0m "kms:TagResource",
TestEks 2023-10-04T09:00:56-04:00 logger.go:66:               [32m+[0m[0m "kms:UntagResource",
TestEks 2023-10-04T09:00:56-04:00 logger.go:66:               [32m+[0m[0m "kms:Update*",
TestEks 2023-10-04T09:00:56-04:00 logger.go:66:             ]
TestEks 2023-10-04T09:00:56-04:00 logger.go:66:           [32m+[0m[0m resources = [
TestEks 2023-10-04T09:00:56-04:00 logger.go:66:               [32m+[0m[0m "*",
TestEks 2023-10-04T09:00:56-04:00 logger.go:66:             ]
TestEks 2023-10-04T09:00:56-04:00 logger.go:66:           [32m+[0m[0m sid       = "KeyAdministration"
TestEks 2023-10-04T09:00:56-04:00 logger.go:66: 
TestEks 2023-10-04T09:00:56-04:00 logger.go:66:           [32m+[0m[0m principals {
TestEks 2023-10-04T09:00:56-04:00 logger.go:66:               [32m+[0m[0m identifiers = [
TestEks 2023-10-04T09:00:56-04:00 logger.go:66:                   [32m+[0m[0m "arn:aws:iam::177807608173:role/PCMPowerUser",
TestEks 2023-10-04T09:00:56-04:00 logger.go:66:                 ]
TestEks 2023-10-04T09:00:56-04:00 logger.go:66:               [32m+[0m[0m type        = "AWS"
TestEks 2023-10-04T09:00:56-04:00 logger.go:66:             }
TestEks 2023-10-04T09:00:56-04:00 logger.go:66:         }
TestEks 2023-10-04T09:00:56-04:00 logger.go:66:       [32m+[0m[0m statement {
TestEks 2023-10-04T09:00:56-04:00 logger.go:66:           [32m+[0m[0m actions   = [
TestEks 2023-10-04T09:00:56-04:00 logger.go:66:               [32m+[0m[0m "kms:Decrypt",
TestEks 2023-10-04T09:00:56-04:00 logger.go:66:               [32m+[0m[0m "kms:DescribeKey",
TestEks 2023-10-04T09:00:56-04:00 logger.go:66:               [32m+[0m[0m "kms:Encrypt",
TestEks 2023-10-04T09:00:56-04:00 logger.go:66:               [32m+[0m[0m "kms:GenerateDataKey*",
TestEks 2023-10-04T09:00:56-04:00 logger.go:66:               [32m+[0m[0m "kms:ReEncrypt*",
TestEks 2023-10-04T09:00:56-04:00 logger.go:66:             ]
TestEks 2023-10-04T09:00:56-04:00 logger.go:66:           [32m+[0m[0m resources = [
TestEks 2023-10-04T09:00:56-04:00 logger.go:66:               [32m+[0m[0m "*",
TestEks 2023-10-04T09:00:56-04:00 logger.go:66:             ]
TestEks 2023-10-04T09:00:56-04:00 logger.go:66:           [32m+[0m[0m sid       = "KeyUsage"
TestEks 2023-10-04T09:00:56-04:00 logger.go:66: 
TestEks 2023-10-04T09:00:56-04:00 logger.go:66:           [32m+[0m[0m principals {
TestEks 2023-10-04T09:00:56-04:00 logger.go:66:               [32m+[0m[0m identifiers = [
TestEks 2023-10-04T09:00:56-04:00 logger.go:66:                   [32m+[0m[0m (known after apply),
TestEks 2023-10-04T09:00:56-04:00 logger.go:66:                 ]
TestEks 2023-10-04T09:00:56-04:00 logger.go:66:               [32m+[0m[0m type        = "AWS"
TestEks 2023-10-04T09:00:56-04:00 logger.go:66:             }
TestEks 2023-10-04T09:00:56-04:00 logger.go:66:         }
TestEks 2023-10-04T09:00:56-04:00 logger.go:66:     }
TestEks 2023-10-04T09:00:56-04:00 logger.go:66: 
TestEks 2023-10-04T09:00:56-04:00 logger.go:66: [1m  # module.existing_vpc_eks_runner.module.eks.module.kms.aws_kms_alias.this["cluster"][0m will be created
TestEks 2023-10-04T09:00:56-04:00 logger.go:66: [0m  [32m+[0m[0m resource "aws_kms_alias" "this" {
TestEks 2023-10-04T09:00:56-04:00 logger.go:66:       [32m+[0m[0m arn            = (known after apply)
TestEks 2023-10-04T09:00:56-04:00 logger.go:66:       [32m+[0m[0m id             = (known after apply)
TestEks 2023-10-04T09:00:56-04:00 logger.go:66:       [32m+[0m[0m name           = "alias/eks/eks-runner-go-19867-demo"
TestEks 2023-10-04T09:00:56-04:00 logger.go:66:       [32m+[0m[0m name_prefix    = (known after apply)
TestEks 2023-10-04T09:00:56-04:00 logger.go:66:       [32m+[0m[0m target_key_arn = (known after apply)
TestEks 2023-10-04T09:00:56-04:00 logger.go:66:       [32m+[0m[0m target_key_id  = (known after apply)
TestEks 2023-10-04T09:00:56-04:00 logger.go:66:     }
TestEks 2023-10-04T09:00:56-04:00 logger.go:66: 
TestEks 2023-10-04T09:00:56-04:00 logger.go:66: [1m  # module.existing_vpc_eks_runner.module.eks.module.kms.aws_kms_key.this[0][0m will be created
TestEks 2023-10-04T09:00:56-04:00 logger.go:66: [0m  [32m+[0m[0m resource "aws_kms_key" "this" {
TestEks 2023-10-04T09:00:56-04:00 logger.go:66:       [32m+[0m[0m arn                                = (known after apply)
TestEks 2023-10-04T09:00:56-04:00 logger.go:66:       [32m+[0m[0m bypass_policy_lockout_safety_check = false
TestEks 2023-10-04T09:00:56-04:00 logger.go:66:       [32m+[0m[0m customer_master_key_spec           = "SYMMETRIC_DEFAULT"
TestEks 2023-10-04T09:00:56-04:00 logger.go:66:       [32m+[0m[0m description                        = "eks-runner-go-19867-demo cluster encryption key"
TestEks 2023-10-04T09:00:56-04:00 logger.go:66:       [32m+[0m[0m enable_key_rotation                = true
TestEks 2023-10-04T09:00:56-04:00 logger.go:66:       [32m+[0m[0m id                                 = (known after apply)
TestEks 2023-10-04T09:00:56-04:00 logger.go:66:       [32m+[0m[0m is_enabled                         = true
TestEks 2023-10-04T09:00:56-04:00 logger.go:66:       [32m+[0m[0m key_id                             = (known after apply)
TestEks 2023-10-04T09:00:56-04:00 logger.go:66:       [32m+[0m[0m key_usage                          = "ENCRYPT_DECRYPT"
TestEks 2023-10-04T09:00:56-04:00 logger.go:66:       [32m+[0m[0m multi_region                       = false
TestEks 2023-10-04T09:00:56-04:00 logger.go:66:       [32m+[0m[0m policy                             = (known after apply)
TestEks 2023-10-04T09:00:56-04:00 logger.go:66:       [32m+[0m[0m tags                               = {
TestEks 2023-10-04T09:00:56-04:00 logger.go:66:           [32m+[0m[0m "Owner"         = "lucas.j.hughes@outlook.com"
TestEks 2023-10-04T09:00:56-04:00 logger.go:66:           [32m+[0m[0m "t_AppID"       = "SVC03377"
TestEks 2023-10-04T09:00:56-04:00 logger.go:66:           [32m+[0m[0m "t_dcl"         = "3"
TestEks 2023-10-04T09:00:56-04:00 logger.go:66:           [32m+[0m[0m "t_environment" = "DEMO"
TestEks 2023-10-04T09:00:56-04:00 logger.go:66:         }
TestEks 2023-10-04T09:00:56-04:00 logger.go:66:       [32m+[0m[0m tags_all                           = {
TestEks 2023-10-04T09:00:56-04:00 logger.go:66:           [32m+[0m[0m "Owner"         = "lucas.j.hughes@outlook.com"
TestEks 2023-10-04T09:00:56-04:00 logger.go:66:           [32m+[0m[0m "t_AppID"       = "SVC03377"
TestEks 2023-10-04T09:00:56-04:00 logger.go:66:           [32m+[0m[0m "t_dcl"         = "3"
TestEks 2023-10-04T09:00:56-04:00 logger.go:66:           [32m+[0m[0m "t_environment" = "DEMO"
TestEks 2023-10-04T09:00:56-04:00 logger.go:66:         }
TestEks 2023-10-04T09:00:56-04:00 logger.go:66:     }
TestEks 2023-10-04T09:00:56-04:00 logger.go:66: 
TestEks 2023-10-04T09:00:56-04:00 logger.go:66: [1m  # module.new_vpc_eks_runner.module.eks.module.eks_managed_node_group["eks-gitlab-runner"].aws_autoscaling_schedule.this["scale-down"][0m will be created
TestEks 2023-10-04T09:00:56-04:00 logger.go:66: [0m  [32m+[0m[0m resource "aws_autoscaling_schedule" "this" {
TestEks 2023-10-04T09:00:56-04:00 logger.go:66:       [32m+[0m[0m arn                    = (known after apply)
TestEks 2023-10-04T09:00:56-04:00 logger.go:66:       [32m+[0m[0m autoscaling_group_name = (known after apply)
TestEks 2023-10-04T09:00:56-04:00 logger.go:66:       [32m+[0m[0m desired_capacity       = 0
TestEks 2023-10-04T09:00:56-04:00 logger.go:66:       [32m+[0m[0m end_time               = (known after apply)
TestEks 2023-10-04T09:00:56-04:00 logger.go:66:       [32m+[0m[0m id                     = (known after apply)
TestEks 2023-10-04T09:00:56-04:00 logger.go:66:       [32m+[0m[0m max_size               = 1
TestEks 2023-10-04T09:00:56-04:00 logger.go:66:       [32m+[0m[0m min_size               = 0
TestEks 2023-10-04T09:00:56-04:00 logger.go:66:       [32m+[0m[0m recurrence             = "0 0 * * TUE-SAT"
TestEks 2023-10-04T09:00:56-04:00 logger.go:66:       [32m+[0m[0m scheduled_action_name  = "scale-down"
TestEks 2023-10-04T09:00:56-04:00 logger.go:66:       [32m+[0m[0m start_time             = (known after apply)
TestEks 2023-10-04T09:00:56-04:00 logger.go:66:       [32m+[0m[0m time_zone              = (known after apply)
TestEks 2023-10-04T09:00:56-04:00 logger.go:66:     }
TestEks 2023-10-04T09:00:56-04:00 logger.go:66: 
TestEks 2023-10-04T09:00:56-04:00 logger.go:66: [1m  # module.new_vpc_eks_runner.module.eks.module.eks_managed_node_group["eks-gitlab-runner"].aws_autoscaling_schedule.this["scale-up"][0m will be created
TestEks 2023-10-04T09:00:56-04:00 logger.go:66: [0m  [32m+[0m[0m resource "aws_autoscaling_schedule" "this" {
TestEks 2023-10-04T09:00:56-04:00 logger.go:66:       [32m+[0m[0m arn                    = (known after apply)
TestEks 2023-10-04T09:00:56-04:00 logger.go:66:       [32m+[0m[0m autoscaling_group_name = (known after apply)
TestEks 2023-10-04T09:00:56-04:00 logger.go:66:       [32m+[0m[0m desired_capacity       = 1
TestEks 2023-10-04T09:00:56-04:00 logger.go:66:       [32m+[0m[0m end_time               = (known after apply)
TestEks 2023-10-04T09:00:56-04:00 logger.go:66:       [32m+[0m[0m id                     = (known after apply)
TestEks 2023-10-04T09:00:56-04:00 logger.go:66:       [32m+[0m[0m max_size               = 3
TestEks 2023-10-04T09:00:56-04:00 logger.go:66:       [32m+[0m[0m min_size               = 1
TestEks 2023-10-04T09:00:56-04:00 logger.go:66:       [32m+[0m[0m recurrence             = "0 12 * * MON-FRI"
TestEks 2023-10-04T09:00:56-04:00 logger.go:66:       [32m+[0m[0m scheduled_action_name  = "scale-up"
TestEks 2023-10-04T09:00:56-04:00 logger.go:66:       [32m+[0m[0m start_time             = (known after apply)
TestEks 2023-10-04T09:00:56-04:00 logger.go:66:       [32m+[0m[0m time_zone              = (known after apply)
TestEks 2023-10-04T09:00:56-04:00 logger.go:66:     }
TestEks 2023-10-04T09:00:56-04:00 logger.go:66: 
TestEks 2023-10-04T09:00:56-04:00 logger.go:66: [1m  # module.new_vpc_eks_runner.module.eks.module.eks_managed_node_group["eks-gitlab-runner"].aws_eks_node_group.this[0][0m will be created
TestEks 2023-10-04T09:00:56-04:00 logger.go:66: [0m  [32m+[0m[0m resource "aws_eks_node_group" "this" {
TestEks 2023-10-04T09:00:56-04:00 logger.go:66:       [32m+[0m[0m ami_type               = (known after apply)
TestEks 2023-10-04T09:00:56-04:00 logger.go:66:       [32m+[0m[0m arn                    = (known after apply)
TestEks 2023-10-04T09:00:56-04:00 logger.go:66:       [32m+[0m[0m capacity_type          = "SPOT"
TestEks 2023-10-04T09:00:56-04:00 logger.go:66:       [32m+[0m[0m cluster_name           = "eks-runner-go-10604-demo"
TestEks 2023-10-04T09:00:56-04:00 logger.go:66:       [32m+[0m[0m disk_size              = (known after apply)
TestEks 2023-10-04T09:00:56-04:00 logger.go:66:       [32m+[0m[0m force_update_version   = true
TestEks 2023-10-04T09:00:56-04:00 logger.go:66:       [32m+[0m[0m id                     = (known after apply)
TestEks 2023-10-04T09:00:56-04:00 logger.go:66:       [32m+[0m[0m instance_types         = [
TestEks 2023-10-04T09:00:56-04:00 logger.go:66:           [32m+[0m[0m "t3.medium",
TestEks 2023-10-04T09:00:56-04:00 logger.go:66:           [32m+[0m[0m "t3.large",
TestEks 2023-10-04T09:00:56-04:00 logger.go:66:         ]
TestEks 2023-10-04T09:00:56-04:00 logger.go:66:       [32m+[0m[0m node_group_name        = (known after apply)
TestEks 2023-10-04T09:00:56-04:00 logger.go:66:       [32m+[0m[0m node_group_name_prefix = "eks-runner-go-10604-"
TestEks 2023-10-04T09:00:56-04:00 logger.go:66:       [32m+[0m[0m node_role_arn          = (known after apply)
TestEks 2023-10-04T09:00:56-04:00 logger.go:66:       [32m+[0m[0m release_version        = (known after apply)
TestEks 2023-10-04T09:00:56-04:00 logger.go:66:       [32m+[0m[0m resources              = (known after apply)
TestEks 2023-10-04T09:00:56-04:00 logger.go:66:       [32m+[0m[0m status                 = (known after apply)
TestEks 2023-10-04T09:00:56-04:00 logger.go:66:       [32m+[0m[0m subnet_ids             = (known after apply)
TestEks 2023-10-04T09:00:56-04:00 logger.go:66:       [32m+[0m[0m tags                   = {
TestEks 2023-10-04T09:00:56-04:00 logger.go:66:           [32m+[0m[0m "Name"          = "eks-runner-go-10604"
TestEks 2023-10-04T09:00:56-04:00 logger.go:66:           [32m+[0m[0m "Owner"         = "lucas.j.hughes@outlook.com"
TestEks 2023-10-04T09:00:56-04:00 logger.go:66:           [32m+[0m[0m "t_AppID"       = "SVC03377"
TestEks 2023-10-04T09:00:56-04:00 logger.go:66:           [32m+[0m[0m "t_dcl"         = "3"
TestEks 2023-10-04T09:00:56-04:00 logger.go:66:           [32m+[0m[0m "t_environment" = "DEMO"
TestEks 2023-10-04T09:00:56-04:00 logger.go:66:         }
TestEks 2023-10-04T09:00:56-04:00 logger.go:66:       [32m+[0m[0m tags_all               = {
TestEks 2023-10-04T09:00:56-04:00 logger.go:66:           [32m+[0m[0m "Name"          = "eks-runner-go-10604"
TestEks 2023-10-04T09:00:56-04:00 logger.go:66:           [32m+[0m[0m "Owner"         = "lucas.j.hughes@outlook.com"
TestEks 2023-10-04T09:00:56-04:00 logger.go:66:           [32m+[0m[0m "t_AppID"       = "SVC03377"
TestEks 2023-10-04T09:00:56-04:00 logger.go:66:           [32m+[0m[0m "t_dcl"         = "3"
TestEks 2023-10-04T09:00:56-04:00 logger.go:66:           [32m+[0m[0m "t_environment" = "DEMO"
TestEks 2023-10-04T09:00:56-04:00 logger.go:66:         }
TestEks 2023-10-04T09:00:56-04:00 logger.go:66:       [32m+[0m[0m version                = (known after apply)
TestEks 2023-10-04T09:00:56-04:00 logger.go:66: 
TestEks 2023-10-04T09:00:56-04:00 logger.go:66:       [32m+[0m[0m launch_template {
TestEks 2023-10-04T09:00:56-04:00 logger.go:66:           [32m+[0m[0m id      = (known after apply)
TestEks 2023-10-04T09:00:56-04:00 logger.go:66:           [32m+[0m[0m name    = (known after apply)
TestEks 2023-10-04T09:00:56-04:00 logger.go:66:           [32m+[0m[0m version = (known after apply)
TestEks 2023-10-04T09:00:56-04:00 logger.go:66:         }
TestEks 2023-10-04T09:00:56-04:00 logger.go:66: 
TestEks 2023-10-04T09:00:56-04:00 logger.go:66:       [32m+[0m[0m scaling_config {
TestEks 2023-10-04T09:00:56-04:00 logger.go:66:           [32m+[0m[0m desired_size = 2
TestEks 2023-10-04T09:00:56-04:00 logger.go:66:           [32m+[0m[0m max_size     = 7
TestEks 2023-10-04T09:00:56-04:00 logger.go:66:           [32m+[0m[0m min_size     = 0
TestEks 2023-10-04T09:00:56-04:00 logger.go:66:         }
TestEks 2023-10-04T09:00:56-04:00 logger.go:66: 
TestEks 2023-10-04T09:00:56-04:00 logger.go:66:       [32m+[0m[0m timeouts {}
TestEks 2023-10-04T09:00:56-04:00 logger.go:66: 
TestEks 2023-10-04T09:00:56-04:00 logger.go:66:       [32m+[0m[0m update_config {
TestEks 2023-10-04T09:00:56-04:00 logger.go:66:           [32m+[0m[0m max_unavailable_percentage = 33
TestEks 2023-10-04T09:00:56-04:00 logger.go:66:         }
TestEks 2023-10-04T09:00:56-04:00 logger.go:66:     }
TestEks 2023-10-04T09:00:56-04:00 logger.go:66: 
TestEks 2023-10-04T09:00:56-04:00 logger.go:66: [1m  # module.new_vpc_eks_runner.module.eks.module.eks_managed_node_group["eks-gitlab-runner"].aws_iam_role.this[0][0m will be created
TestEks 2023-10-04T09:00:56-04:00 logger.go:66: [0m  [32m+[0m[0m resource "aws_iam_role" "this" {
TestEks 2023-10-04T09:00:56-04:00 logger.go:66:       [32m+[0m[0m arn                   = (known after apply)
TestEks 2023-10-04T09:00:56-04:00 logger.go:66:       [32m+[0m[0m assume_role_policy    = jsonencode(
TestEks 2023-10-04T09:00:56-04:00 logger.go:66:             {
TestEks 2023-10-04T09:00:56-04:00 logger.go:66:               [32m+[0m[0m Statement = [
TestEks 2023-10-04T09:00:56-04:00 logger.go:66:                   [32m+[0m[0m {
TestEks 2023-10-04T09:00:56-04:00 logger.go:66:                       [32m+[0m[0m Action    = "sts:AssumeRole"
TestEks 2023-10-04T09:00:56-04:00 logger.go:66:                       [32m+[0m[0m Effect    = "Allow"
TestEks 2023-10-04T09:00:56-04:00 logger.go:66:                       [32m+[0m[0m Principal = {
TestEks 2023-10-04T09:00:56-04:00 logger.go:66:                           [32m+[0m[0m Service = "ec2.amazonaws.com"
TestEks 2023-10-04T09:00:56-04:00 logger.go:66:                         }
TestEks 2023-10-04T09:00:56-04:00 logger.go:66:                       [32m+[0m[0m Sid       = "EKSNodeAssumeRole"
TestEks 2023-10-04T09:00:56-04:00 logger.go:66:                     },
TestEks 2023-10-04T09:00:56-04:00 logger.go:66:                 ]
TestEks 2023-10-04T09:00:56-04:00 logger.go:66:               [32m+[0m[0m Version   = "2012-10-17"
TestEks 2023-10-04T09:00:56-04:00 logger.go:66:             }
TestEks 2023-10-04T09:00:56-04:00 logger.go:66:         )
TestEks 2023-10-04T09:00:56-04:00 logger.go:66:       [32m+[0m[0m create_date           = (known after apply)
TestEks 2023-10-04T09:00:56-04:00 logger.go:66:       [32m+[0m[0m description           = "EKS managed node group IAM role"
TestEks 2023-10-04T09:00:56-04:00 logger.go:66:       [32m+[0m[0m force_detach_policies = true
TestEks 2023-10-04T09:00:56-04:00 logger.go:66:       [32m+[0m[0m id                    = (known after apply)
TestEks 2023-10-04T09:00:56-04:00 logger.go:66:       [32m+[0m[0m managed_policy_arns   = (known after apply)
TestEks 2023-10-04T09:00:56-04:00 logger.go:66:       [32m+[0m[0m max_session_duration  = 3600
TestEks 2023-10-04T09:00:56-04:00 logger.go:66:       [32m+[0m[0m name                  = (known after apply)
TestEks 2023-10-04T09:00:56-04:00 logger.go:66:       [32m+[0m[0m name_prefix           = "eks-runner-go-10604-eks-node-group-"
TestEks 2023-10-04T09:00:56-04:00 logger.go:66:       [32m+[0m[0m path                  = "/"
TestEks 2023-10-04T09:00:56-04:00 logger.go:66:       [32m+[0m[0m tags                  = {
TestEks 2023-10-04T09:00:56-04:00 logger.go:66:           [32m+[0m[0m "Owner"         = "lucas.j.hughes@outlook.com"
TestEks 2023-10-04T09:00:56-04:00 logger.go:66:           [32m+[0m[0m "t_AppID"       = "SVC03377"
TestEks 2023-10-04T09:00:56-04:00 logger.go:66:           [32m+[0m[0m "t_dcl"         = "3"
TestEks 2023-10-04T09:00:56-04:00 logger.go:66:           [32m+[0m[0m "t_environment" = "DEMO"
TestEks 2023-10-04T09:00:56-04:00 logger.go:66:         }
TestEks 2023-10-04T09:00:56-04:00 logger.go:66:       [32m+[0m[0m tags_all              = {
TestEks 2023-10-04T09:00:56-04:00 logger.go:66:           [32m+[0m[0m "Owner"         = "lucas.j.hughes@outlook.com"
TestEks 2023-10-04T09:00:56-04:00 logger.go:66:           [32m+[0m[0m "t_AppID"       = "SVC03377"
TestEks 2023-10-04T09:00:56-04:00 logger.go:66:           [32m+[0m[0m "t_dcl"         = "3"
TestEks 2023-10-04T09:00:56-04:00 logger.go:66:           [32m+[0m[0m "t_environment" = "DEMO"
TestEks 2023-10-04T09:00:56-04:00 logger.go:66:         }
TestEks 2023-10-04T09:00:56-04:00 logger.go:66:       [32m+[0m[0m unique_id             = (known after apply)
TestEks 2023-10-04T09:00:56-04:00 logger.go:66:     }
TestEks 2023-10-04T09:00:56-04:00 logger.go:66: 
TestEks 2023-10-04T09:00:56-04:00 logger.go:66: [1m  # module.new_vpc_eks_runner.module.eks.module.eks_managed_node_group["eks-gitlab-runner"].aws_iam_role_policy_attachment.additional["AmazonEC2ContainerRegistryReadOnly"][0m will be created
TestEks 2023-10-04T09:00:56-04:00 logger.go:66: [0m  [32m+[0m[0m resource "aws_iam_role_policy_attachment" "additional" {
TestEks 2023-10-04T09:00:56-04:00 logger.go:66:       [32m+[0m[0m id         = (known after apply)
TestEks 2023-10-04T09:00:56-04:00 logger.go:66:       [32m+[0m[0m policy_arn = "arn:aws:iam::aws:policy/AmazonEC2ContainerRegistryReadOnly"
TestEks 2023-10-04T09:00:56-04:00 logger.go:66:       [32m+[0m[0m role       = (known after apply)
TestEks 2023-10-04T09:00:56-04:00 logger.go:66:     }
TestEks 2023-10-04T09:00:56-04:00 logger.go:66: 
TestEks 2023-10-04T09:00:56-04:00 logger.go:66: [1m  # module.new_vpc_eks_runner.module.eks.module.eks_managed_node_group["eks-gitlab-runner"].aws_iam_role_policy_attachment.additional["additional_policy"][0m will be created
TestEks 2023-10-04T09:00:56-04:00 logger.go:66: [0m  [32m+[0m[0m resource "aws_iam_role_policy_attachment" "additional" {
TestEks 2023-10-04T09:00:56-04:00 logger.go:66:       [32m+[0m[0m id         = (known after apply)
TestEks 2023-10-04T09:00:56-04:00 logger.go:66:       [32m+[0m[0m policy_arn = "arn:aws:iam::aws:policy/job-function/SystemAdministrator"
TestEks 2023-10-04T09:00:56-04:00 logger.go:66:       [32m+[0m[0m role       = (known after apply)
TestEks 2023-10-04T09:00:56-04:00 logger.go:66:     }
TestEks 2023-10-04T09:00:56-04:00 logger.go:66: 
TestEks 2023-10-04T09:00:56-04:00 logger.go:66: [1m  # module.new_vpc_eks_runner.module.eks.module.eks_managed_node_group["eks-gitlab-runner"].aws_iam_role_policy_attachment.additional["ssm"][0m will be created
TestEks 2023-10-04T09:00:56-04:00 logger.go:66: [0m  [32m+[0m[0m resource "aws_iam_role_policy_attachment" "additional" {
TestEks 2023-10-04T09:00:56-04:00 logger.go:66:       [32m+[0m[0m id         = (known after apply)
TestEks 2023-10-04T09:00:56-04:00 logger.go:66:       [32m+[0m[0m policy_arn = "arn:aws:iam::aws:policy/AmazonSSMManagedInstanceCore"
TestEks 2023-10-04T09:00:56-04:00 logger.go:66:       [32m+[0m[0m role       = (known after apply)
TestEks 2023-10-04T09:00:56-04:00 logger.go:66:     }
TestEks 2023-10-04T09:00:56-04:00 logger.go:66: 
TestEks 2023-10-04T09:00:56-04:00 logger.go:66: [1m  # module.new_vpc_eks_runner.module.eks.module.eks_managed_node_group["eks-gitlab-runner"].aws_iam_role_policy_attachment.this["arn:aws:iam::aws:policy/AmazonEC2ContainerRegistryReadOnly"][0m will be created
TestEks 2023-10-04T09:00:56-04:00 logger.go:66: [0m  [32m+[0m[0m resource "aws_iam_role_policy_attachment" "this" {
TestEks 2023-10-04T09:00:56-04:00 logger.go:66:       [32m+[0m[0m id         = (known after apply)
TestEks 2023-10-04T09:00:56-04:00 logger.go:66:       [32m+[0m[0m policy_arn = "arn:aws:iam::aws:policy/AmazonEC2ContainerRegistryReadOnly"
TestEks 2023-10-04T09:00:56-04:00 logger.go:66:       [32m+[0m[0m role       = (known after apply)
TestEks 2023-10-04T09:00:56-04:00 logger.go:66:     }
TestEks 2023-10-04T09:00:56-04:00 logger.go:66: 
TestEks 2023-10-04T09:00:56-04:00 logger.go:66: [1m  # module.new_vpc_eks_runner.module.eks.module.eks_managed_node_group["eks-gitlab-runner"].aws_iam_role_policy_attachment.this["arn:aws:iam::aws:policy/AmazonEKSWorkerNodePolicy"][0m will be created
TestEks 2023-10-04T09:00:56-04:00 logger.go:66: [0m  [32m+[0m[0m resource "aws_iam_role_policy_attachment" "this" {
TestEks 2023-10-04T09:00:56-04:00 logger.go:66:       [32m+[0m[0m id         = (known after apply)
TestEks 2023-10-04T09:00:56-04:00 logger.go:66:       [32m+[0m[0m policy_arn = "arn:aws:iam::aws:policy/AmazonEKSWorkerNodePolicy"
TestEks 2023-10-04T09:00:56-04:00 logger.go:66:       [32m+[0m[0m role       = (known after apply)
TestEks 2023-10-04T09:00:56-04:00 logger.go:66:     }
TestEks 2023-10-04T09:00:56-04:00 logger.go:66: 
TestEks 2023-10-04T09:00:56-04:00 logger.go:66: [1m  # module.new_vpc_eks_runner.module.eks.module.eks_managed_node_group["eks-gitlab-runner"].aws_iam_role_policy_attachment.this["arn:aws:iam::aws:policy/AmazonEKS_CNI_Policy"][0m will be created
TestEks 2023-10-04T09:00:56-04:00 logger.go:66: [0m  [32m+[0m[0m resource "aws_iam_role_policy_attachment" "this" {
TestEks 2023-10-04T09:00:56-04:00 logger.go:66:       [32m+[0m[0m id         = (known after apply)
TestEks 2023-10-04T09:00:56-04:00 logger.go:66:       [32m+[0m[0m policy_arn = "arn:aws:iam::aws:policy/AmazonEKS_CNI_Policy"
TestEks 2023-10-04T09:00:56-04:00 logger.go:66:       [32m+[0m[0m role       = (known after apply)
TestEks 2023-10-04T09:00:56-04:00 logger.go:66:     }
TestEks 2023-10-04T09:00:56-04:00 logger.go:66: 
TestEks 2023-10-04T09:00:56-04:00 logger.go:66: [1m  # module.new_vpc_eks_runner.module.eks.module.eks_managed_node_group["eks-gitlab-runner"].aws_launch_template.this[0][0m will be created
TestEks 2023-10-04T09:00:56-04:00 logger.go:66: [0m  [32m+[0m[0m resource "aws_launch_template" "this" {
TestEks 2023-10-04T09:00:56-04:00 logger.go:66:       [32m+[0m[0m arn                    = (known after apply)
TestEks 2023-10-04T09:00:56-04:00 logger.go:66:       [32m+[0m[0m default_version        = (known after apply)
TestEks 2023-10-04T09:00:56-04:00 logger.go:66:       [32m+[0m[0m description            = "Custom launch template for eks-runner-go-10604 EKS managed node group"
TestEks 2023-10-04T09:00:56-04:00 logger.go:66:       [32m+[0m[0m ebs_optimized          = "true"
TestEks 2023-10-04T09:00:56-04:00 logger.go:66:       [32m+[0m[0m id                     = (known after apply)
TestEks 2023-10-04T09:00:56-04:00 logger.go:66:       [32m+[0m[0m image_id               = "ami-03f9ed6c9c41e7946"
TestEks 2023-10-04T09:00:56-04:00 logger.go:66:       [32m+[0m[0m latest_version         = (known after apply)
TestEks 2023-10-04T09:00:56-04:00 logger.go:66:       [32m+[0m[0m name                   = (known after apply)
TestEks 2023-10-04T09:00:56-04:00 logger.go:66:       [32m+[0m[0m name_prefix            = "eks-gitlab-runner-"
TestEks 2023-10-04T09:00:56-04:00 logger.go:66:       [32m+[0m[0m tags                   = {
TestEks 2023-10-04T09:00:56-04:00 logger.go:66:           [32m+[0m[0m "Owner"         = "lucas.j.hughes@outlook.com"
TestEks 2023-10-04T09:00:56-04:00 logger.go:66:           [32m+[0m[0m "t_AppID"       = "SVC03377"
TestEks 2023-10-04T09:00:56-04:00 logger.go:66:           [32m+[0m[0m "t_dcl"         = "3"
TestEks 2023-10-04T09:00:56-04:00 logger.go:66:           [32m+[0m[0m "t_environment" = "DEMO"
TestEks 2023-10-04T09:00:56-04:00 logger.go:66:         }
TestEks 2023-10-04T09:00:56-04:00 logger.go:66:       [32m+[0m[0m tags_all               = {
TestEks 2023-10-04T09:00:56-04:00 logger.go:66:           [32m+[0m[0m "Owner"         = "lucas.j.hughes@outlook.com"
TestEks 2023-10-04T09:00:56-04:00 logger.go:66:           [32m+[0m[0m "t_AppID"       = "SVC03377"
TestEks 2023-10-04T09:00:56-04:00 logger.go:66:           [32m+[0m[0m "t_dcl"         = "3"
TestEks 2023-10-04T09:00:56-04:00 logger.go:66:           [32m+[0m[0m "t_environment" = "DEMO"
TestEks 2023-10-04T09:00:56-04:00 logger.go:66:         }
TestEks 2023-10-04T09:00:56-04:00 logger.go:66:       [32m+[0m[0m update_default_version = true
TestEks 2023-10-04T09:00:56-04:00 logger.go:66:       [32m+[0m[0m user_data              = (known after apply)
TestEks 2023-10-04T09:00:56-04:00 logger.go:66:       [32m+[0m[0m vpc_security_group_ids = (known after apply)
TestEks 2023-10-04T09:00:56-04:00 logger.go:66: 
TestEks 2023-10-04T09:00:56-04:00 logger.go:66:       [32m+[0m[0m block_device_mappings {
TestEks 2023-10-04T09:00:56-04:00 logger.go:66:           [32m+[0m[0m device_name = "/dev/xvda"
TestEks 2023-10-04T09:00:56-04:00 logger.go:66: 
TestEks 2023-10-04T09:00:56-04:00 logger.go:66:           [32m+[0m[0m ebs {
TestEks 2023-10-04T09:00:56-04:00 logger.go:66:               [32m+[0m[0m delete_on_termination = "true"
TestEks 2023-10-04T09:00:56-04:00 logger.go:66:               [32m+[0m[0m encrypted             = "true"
TestEks 2023-10-04T09:00:56-04:00 logger.go:66:               [32m+[0m[0m iops                  = 3000
TestEks 2023-10-04T09:00:56-04:00 logger.go:66:               [32m+[0m[0m throughput            = 150
TestEks 2023-10-04T09:00:56-04:00 logger.go:66:               [32m+[0m[0m volume_size           = 30
TestEks 2023-10-04T09:00:56-04:00 logger.go:66:               [32m+[0m[0m volume_type           = "gp3"
TestEks 2023-10-04T09:00:56-04:00 logger.go:66:             }
TestEks 2023-10-04T09:00:56-04:00 logger.go:66:         }
TestEks 2023-10-04T09:00:56-04:00 logger.go:66: 
TestEks 2023-10-04T09:00:56-04:00 logger.go:66:       [32m+[0m[0m metadata_options {
TestEks 2023-10-04T09:00:56-04:00 logger.go:66:           [32m+[0m[0m http_endpoint               = "enabled"
TestEks 2023-10-04T09:00:56-04:00 logger.go:66:           [32m+[0m[0m http_protocol_ipv6          = (known after apply)
TestEks 2023-10-04T09:00:56-04:00 logger.go:66:           [32m+[0m[0m http_put_response_hop_limit = 2
TestEks 2023-10-04T09:00:56-04:00 logger.go:66:           [32m+[0m[0m http_tokens                 = "required"
TestEks 2023-10-04T09:00:56-04:00 logger.go:66:           [32m+[0m[0m instance_metadata_tags      = "enabled"
TestEks 2023-10-04T09:00:56-04:00 logger.go:66:         }
TestEks 2023-10-04T09:00:56-04:00 logger.go:66: 
TestEks 2023-10-04T09:00:56-04:00 logger.go:66:       [32m+[0m[0m monitoring {
TestEks 2023-10-04T09:00:56-04:00 logger.go:66:           [32m+[0m[0m enabled = true
TestEks 2023-10-04T09:00:56-04:00 logger.go:66:         }
TestEks 2023-10-04T09:00:56-04:00 logger.go:66: 
TestEks 2023-10-04T09:00:56-04:00 logger.go:66:       [32m+[0m[0m tag_specifications {
TestEks 2023-10-04T09:00:56-04:00 logger.go:66:           [32m+[0m[0m resource_type = "instance"
TestEks 2023-10-04T09:00:56-04:00 logger.go:66:           [32m+[0m[0m tags          = {
TestEks 2023-10-04T09:00:56-04:00 logger.go:66:               [32m+[0m[0m "Name"          = "eks-runner-go-10604"
TestEks 2023-10-04T09:00:56-04:00 logger.go:66:               [32m+[0m[0m "Owner"         = "lucas.j.hughes@outlook.com"
TestEks 2023-10-04T09:00:56-04:00 logger.go:66:               [32m+[0m[0m "t_AppID"       = "SVC03377"
TestEks 2023-10-04T09:00:56-04:00 logger.go:66:               [32m+[0m[0m "t_dcl"         = "3"
TestEks 2023-10-04T09:00:56-04:00 logger.go:66:               [32m+[0m[0m "t_environment" = "DEMO"
TestEks 2023-10-04T09:00:56-04:00 logger.go:66:             }
TestEks 2023-10-04T09:00:56-04:00 logger.go:66:         }
TestEks 2023-10-04T09:00:56-04:00 logger.go:66:       [32m+[0m[0m tag_specifications {
TestEks 2023-10-04T09:00:56-04:00 logger.go:66:           [32m+[0m[0m resource_type = "network-interface"
TestEks 2023-10-04T09:00:56-04:00 logger.go:66:           [32m+[0m[0m tags          = {
TestEks 2023-10-04T09:00:56-04:00 logger.go:66:               [32m+[0m[0m "Name"          = "eks-runner-go-10604"
TestEks 2023-10-04T09:00:56-04:00 logger.go:66:               [32m+[0m[0m "Owner"         = "lucas.j.hughes@outlook.com"
TestEks 2023-10-04T09:00:56-04:00 logger.go:66:               [32m+[0m[0m "t_AppID"       = "SVC03377"
TestEks 2023-10-04T09:00:56-04:00 logger.go:66:               [32m+[0m[0m "t_dcl"         = "3"
TestEks 2023-10-04T09:00:56-04:00 logger.go:66:               [32m+[0m[0m "t_environment" = "DEMO"
TestEks 2023-10-04T09:00:56-04:00 logger.go:66:             }
TestEks 2023-10-04T09:00:56-04:00 logger.go:66:         }
TestEks 2023-10-04T09:00:56-04:00 logger.go:66:       [32m+[0m[0m tag_specifications {
TestEks 2023-10-04T09:00:56-04:00 logger.go:66:           [32m+[0m[0m resource_type = "volume"
TestEks 2023-10-04T09:00:56-04:00 logger.go:66:           [32m+[0m[0m tags          = {
TestEks 2023-10-04T09:00:56-04:00 logger.go:66:               [32m+[0m[0m "Name"          = "eks-runner-go-10604"
TestEks 2023-10-04T09:00:56-04:00 logger.go:66:               [32m+[0m[0m "Owner"         = "lucas.j.hughes@outlook.com"
TestEks 2023-10-04T09:00:56-04:00 logger.go:66:               [32m+[0m[0m "t_AppID"       = "SVC03377"
TestEks 2023-10-04T09:00:56-04:00 logger.go:66:               [32m+[0m[0m "t_dcl"         = "3"
TestEks 2023-10-04T09:00:56-04:00 logger.go:66:               [32m+[0m[0m "t_environment" = "DEMO"
TestEks 2023-10-04T09:00:56-04:00 logger.go:66:             }
TestEks 2023-10-04T09:00:56-04:00 logger.go:66:         }
TestEks 2023-10-04T09:00:56-04:00 logger.go:66:     }
TestEks 2023-10-04T09:00:56-04:00 logger.go:66: 
TestEks 2023-10-04T09:00:56-04:00 logger.go:66: [1m  # module.new_vpc_eks_runner.module.eks.module.kms.data.aws_iam_policy_document.this[0][0m will be read during apply
TestEks 2023-10-04T09:00:56-04:00 logger.go:66:   # (config refers to values not yet known)
TestEks 2023-10-04T09:00:56-04:00 logger.go:66: [0m [36m<=[0m[0m data "aws_iam_policy_document" "this" {
TestEks 2023-10-04T09:00:56-04:00 logger.go:66:       [32m+[0m[0m id                        = (known after apply)
TestEks 2023-10-04T09:00:56-04:00 logger.go:66:       [32m+[0m[0m json                      = (known after apply)
TestEks 2023-10-04T09:00:56-04:00 logger.go:66:       [32m+[0m[0m override_policy_documents = []
TestEks 2023-10-04T09:00:56-04:00 logger.go:66:       [32m+[0m[0m source_policy_documents   = []
TestEks 2023-10-04T09:00:56-04:00 logger.go:66: 
TestEks 2023-10-04T09:00:56-04:00 logger.go:66:       [32m+[0m[0m statement {
TestEks 2023-10-04T09:00:56-04:00 logger.go:66:           [32m+[0m[0m actions   = [
TestEks 2023-10-04T09:00:56-04:00 logger.go:66:               [32m+[0m[0m "kms:CancelKeyDeletion",
TestEks 2023-10-04T09:00:56-04:00 logger.go:66:               [32m+[0m[0m "kms:Create*",
TestEks 2023-10-04T09:00:56-04:00 logger.go:66:               [32m+[0m[0m "kms:Delete*",
TestEks 2023-10-04T09:00:56-04:00 logger.go:66:               [32m+[0m[0m "kms:Describe*",
TestEks 2023-10-04T09:00:56-04:00 logger.go:66:               [32m+[0m[0m "kms:Disable*",
TestEks 2023-10-04T09:00:56-04:00 logger.go:66:               [32m+[0m[0m "kms:Enable*",
TestEks 2023-10-04T09:00:56-04:00 logger.go:66:               [32m+[0m[0m "kms:Get*",
TestEks 2023-10-04T09:00:56-04:00 logger.go:66:               [32m+[0m[0m "kms:List*",
TestEks 2023-10-04T09:00:56-04:00 logger.go:66:               [32m+[0m[0m "kms:Put*",
TestEks 2023-10-04T09:00:56-04:00 logger.go:66:               [32m+[0m[0m "kms:Revoke*",
TestEks 2023-10-04T09:00:56-04:00 logger.go:66:               [32m+[0m[0m "kms:ScheduleKeyDeletion",
TestEks 2023-10-04T09:00:56-04:00 logger.go:66:               [32m+[0m[0m "kms:TagResource",
TestEks 2023-10-04T09:00:56-04:00 logger.go:66:               [32m+[0m[0m "kms:UntagResource",
TestEks 2023-10-04T09:00:56-04:00 logger.go:66:               [32m+[0m[0m "kms:Update*",
TestEks 2023-10-04T09:00:56-04:00 logger.go:66:             ]
TestEks 2023-10-04T09:00:56-04:00 logger.go:66:           [32m+[0m[0m resources = [
TestEks 2023-10-04T09:00:56-04:00 logger.go:66:               [32m+[0m[0m "*",
TestEks 2023-10-04T09:00:56-04:00 logger.go:66:             ]
TestEks 2023-10-04T09:00:56-04:00 logger.go:66:           [32m+[0m[0m sid       = "KeyAdministration"
TestEks 2023-10-04T09:00:56-04:00 logger.go:66: 
TestEks 2023-10-04T09:00:56-04:00 logger.go:66:           [32m+[0m[0m principals {
TestEks 2023-10-04T09:00:56-04:00 logger.go:66:               [32m+[0m[0m identifiers = [
TestEks 2023-10-04T09:00:56-04:00 logger.go:66:                   [32m+[0m[0m "arn:aws:iam::177807608173:role/PCMPowerUser",
TestEks 2023-10-04T09:00:56-04:00 logger.go:66:                 ]
TestEks 2023-10-04T09:00:56-04:00 logger.go:66:               [32m+[0m[0m type        = "AWS"
TestEks 2023-10-04T09:00:56-04:00 logger.go:66:             }
TestEks 2023-10-04T09:00:56-04:00 logger.go:66:         }
TestEks 2023-10-04T09:00:56-04:00 logger.go:66:       [32m+[0m[0m statement {
TestEks 2023-10-04T09:00:56-04:00 logger.go:66:           [32m+[0m[0m actions   = [
TestEks 2023-10-04T09:00:56-04:00 logger.go:66:               [32m+[0m[0m "kms:Decrypt",
TestEks 2023-10-04T09:00:56-04:00 logger.go:66:               [32m+[0m[0m "kms:DescribeKey",
TestEks 2023-10-04T09:00:56-04:00 logger.go:66:               [32m+[0m[0m "kms:Encrypt",
TestEks 2023-10-04T09:00:56-04:00 logger.go:66:               [32m+[0m[0m "kms:GenerateDataKey*",
TestEks 2023-10-04T09:00:56-04:00 logger.go:66:               [32m+[0m[0m "kms:ReEncrypt*",
TestEks 2023-10-04T09:00:56-04:00 logger.go:66:             ]
TestEks 2023-10-04T09:00:56-04:00 logger.go:66:           [32m+[0m[0m resources = [
TestEks 2023-10-04T09:00:56-04:00 logger.go:66:               [32m+[0m[0m "*",
TestEks 2023-10-04T09:00:56-04:00 logger.go:66:             ]
TestEks 2023-10-04T09:00:56-04:00 logger.go:66:           [32m+[0m[0m sid       = "KeyUsage"
TestEks 2023-10-04T09:00:56-04:00 logger.go:66: 
TestEks 2023-10-04T09:00:56-04:00 logger.go:66:           [32m+[0m[0m principals {
TestEks 2023-10-04T09:00:56-04:00 logger.go:66:               [32m+[0m[0m identifiers = [
TestEks 2023-10-04T09:00:56-04:00 logger.go:66:                   [32m+[0m[0m (known after apply),
TestEks 2023-10-04T09:00:56-04:00 logger.go:66:                 ]
TestEks 2023-10-04T09:00:56-04:00 logger.go:66:               [32m+[0m[0m type        = "AWS"
TestEks 2023-10-04T09:00:56-04:00 logger.go:66:             }
TestEks 2023-10-04T09:00:56-04:00 logger.go:66:         }
TestEks 2023-10-04T09:00:56-04:00 logger.go:66:     }
TestEks 2023-10-04T09:00:56-04:00 logger.go:66: 
TestEks 2023-10-04T09:00:56-04:00 logger.go:66: [1m  # module.new_vpc_eks_runner.module.eks.module.kms.aws_kms_alias.this["cluster"][0m will be created
TestEks 2023-10-04T09:00:56-04:00 logger.go:66: [0m  [32m+[0m[0m resource "aws_kms_alias" "this" {
TestEks 2023-10-04T09:00:56-04:00 logger.go:66:       [32m+[0m[0m arn            = (known after apply)
TestEks 2023-10-04T09:00:56-04:00 logger.go:66:       [32m+[0m[0m id             = (known after apply)
TestEks 2023-10-04T09:00:56-04:00 logger.go:66:       [32m+[0m[0m name           = "alias/eks/eks-runner-go-10604-demo"
TestEks 2023-10-04T09:00:56-04:00 logger.go:66:       [32m+[0m[0m name_prefix    = (known after apply)
TestEks 2023-10-04T09:00:56-04:00 logger.go:66:       [32m+[0m[0m target_key_arn = (known after apply)
TestEks 2023-10-04T09:00:56-04:00 logger.go:66:       [32m+[0m[0m target_key_id  = (known after apply)
TestEks 2023-10-04T09:00:56-04:00 logger.go:66:     }
TestEks 2023-10-04T09:00:56-04:00 logger.go:66: 
TestEks 2023-10-04T09:00:56-04:00 logger.go:66: [1m  # module.new_vpc_eks_runner.module.eks.module.kms.aws_kms_key.this[0][0m will be created
TestEks 2023-10-04T09:00:56-04:00 logger.go:66: [0m  [32m+[0m[0m resource "aws_kms_key" "this" {
TestEks 2023-10-04T09:00:56-04:00 logger.go:66:       [32m+[0m[0m arn                                = (known after apply)
TestEks 2023-10-04T09:00:56-04:00 logger.go:66:       [32m+[0m[0m bypass_policy_lockout_safety_check = false
TestEks 2023-10-04T09:00:56-04:00 logger.go:66:       [32m+[0m[0m customer_master_key_spec           = "SYMMETRIC_DEFAULT"
TestEks 2023-10-04T09:00:56-04:00 logger.go:66:       [32m+[0m[0m description                        = "eks-runner-go-10604-demo cluster encryption key"
TestEks 2023-10-04T09:00:56-04:00 logger.go:66:       [32m+[0m[0m enable_key_rotation                = true
TestEks 2023-10-04T09:00:56-04:00 logger.go:66:       [32m+[0m[0m id                                 = (known after apply)
TestEks 2023-10-04T09:00:56-04:00 logger.go:66:       [32m+[0m[0m is_enabled                         = true
TestEks 2023-10-04T09:00:56-04:00 logger.go:66:       [32m+[0m[0m key_id                             = (known after apply)
TestEks 2023-10-04T09:00:56-04:00 logger.go:66:       [32m+[0m[0m key_usage                          = "ENCRYPT_DECRYPT"
TestEks 2023-10-04T09:00:56-04:00 logger.go:66:       [32m+[0m[0m multi_region                       = false
TestEks 2023-10-04T09:00:56-04:00 logger.go:66:       [32m+[0m[0m policy                             = (known after apply)
TestEks 2023-10-04T09:00:56-04:00 logger.go:66:       [32m+[0m[0m tags                               = {
TestEks 2023-10-04T09:00:56-04:00 logger.go:66:           [32m+[0m[0m "Owner"         = "lucas.j.hughes@outlook.com"
TestEks 2023-10-04T09:00:56-04:00 logger.go:66:           [32m+[0m[0m "t_AppID"       = "SVC03377"
TestEks 2023-10-04T09:00:56-04:00 logger.go:66:           [32m+[0m[0m "t_dcl"         = "3"
TestEks 2023-10-04T09:00:56-04:00 logger.go:66:           [32m+[0m[0m "t_environment" = "DEMO"
TestEks 2023-10-04T09:00:56-04:00 logger.go:66:         }
TestEks 2023-10-04T09:00:56-04:00 logger.go:66:       [32m+[0m[0m tags_all                           = {
TestEks 2023-10-04T09:00:56-04:00 logger.go:66:           [32m+[0m[0m "Owner"         = "lucas.j.hughes@outlook.com"
TestEks 2023-10-04T09:00:56-04:00 logger.go:66:           [32m+[0m[0m "t_AppID"       = "SVC03377"
TestEks 2023-10-04T09:00:56-04:00 logger.go:66:           [32m+[0m[0m "t_dcl"         = "3"
TestEks 2023-10-04T09:00:56-04:00 logger.go:66:           [32m+[0m[0m "t_environment" = "DEMO"
TestEks 2023-10-04T09:00:56-04:00 logger.go:66:         }
TestEks 2023-10-04T09:00:56-04:00 logger.go:66:     }
TestEks 2023-10-04T09:00:56-04:00 logger.go:66: 
TestEks 2023-10-04T09:00:56-04:00 logger.go:66: [1mPlan:[0m 101 to add, 0 to change, 0 to destroy.
TestEks 2023-10-04T09:00:56-04:00 logger.go:66: [0m
TestEks 2023-10-04T09:00:56-04:00 logger.go:66: Changes to Outputs:
TestEks 2023-10-04T09:00:56-04:00 logger.go:66:   [32m+[0m[0m cluster_name             = "eks-runner-go-10604-demo"
TestEks 2023-10-04T09:00:56-04:00 logger.go:66:   [32m+[0m[0m self_managed_node_groups = {}
TestEks 2023-10-04T09:00:58-04:00 logger.go:66: [0m[1mmodule.new_vpc_eks_runner.module.eks.aws_cloudwatch_log_group.this[0]: Creating...[0m[0m
TestEks 2023-10-04T09:00:58-04:00 logger.go:66: [0m[1mmodule.new_vpc_eks_runner.module.vpc[0].aws_vpc.this[0]: Creating...[0m[0m
TestEks 2023-10-04T09:00:58-04:00 logger.go:66: [0m[1mmodule.new_vpc_eks_runner.module.eks.aws_iam_role.this[0]: Creating...[0m[0m
TestEks 2023-10-04T09:00:58-04:00 logger.go:66: [0m[1mmodule.existing_vpc_eks_runner.module.eks.aws_cloudwatch_log_group.this[0]: Creating...[0m[0m
TestEks 2023-10-04T09:00:58-04:00 logger.go:66: [0m[1mmodule.existing_vpc_eks_runner.module.eks.aws_iam_role.this[0]: Creating...[0m[0m
TestEks 2023-10-04T09:00:59-04:00 logger.go:66: [0m[1mmodule.new_vpc_eks_runner.module.eks.aws_cloudwatch_log_group.this[0]: Creation complete after 1s [id=/aws/eks/eks-runner-go-10604-demo/cluster][0m
TestEks 2023-10-04T09:00:59-04:00 logger.go:66: [0m[1mmodule.existing_vpc_eks_runner.module.eks.aws_cloudwatch_log_group.this[0]: Creation complete after 0s [id=/aws/eks/eks-runner-go-19867-demo/cluster][0m
TestEks 2023-10-04T09:00:59-04:00 logger.go:66: [0m[1mmodule.existing_vpc_eks_runner.module.eks.aws_iam_role.this[0]: Creation complete after 0s [id=eks-runner-go-19867-demo-cluster-20231004130058821700000001][0m
TestEks 2023-10-04T09:00:59-04:00 logger.go:66: [0m[1mmodule.existing_vpc_eks_runner.module.eks.aws_iam_role_policy_attachment.this["AmazonEKSVPCResourceController"]: Creating...[0m[0m
TestEks 2023-10-04T09:00:59-04:00 logger.go:66: [0m[1mmodule.existing_vpc_eks_runner.module.eks.aws_iam_role_policy_attachment.this["AmazonEKSClusterPolicy"]: Creating...[0m[0m
TestEks 2023-10-04T09:00:59-04:00 logger.go:66: [0m[1mmodule.existing_vpc_eks_runner.module.eks.module.kms.data.aws_iam_policy_document.this[0]: Reading...[0m[0m
TestEks 2023-10-04T09:00:59-04:00 logger.go:66: [0m[1mmodule.existing_vpc_eks_runner.module.eks.module.kms.data.aws_iam_policy_document.this[0]: Read complete after 0s [id=1480435103][0m
TestEks 2023-10-04T09:00:59-04:00 logger.go:66: [0m[1mmodule.existing_vpc_eks_runner.module.eks.module.kms.aws_kms_key.this[0]: Creating...[0m[0m
TestEks 2023-10-04T09:00:59-04:00 logger.go:66: [0m[1mmodule.existing_vpc_eks_runner.module.eks.aws_iam_role_policy_attachment.this["AmazonEKSVPCResourceController"]: Creation complete after 1s [id=eks-runner-go-19867-demo-cluster-20231004130058821700000001-20231004130059514600000002][0m
TestEks 2023-10-04T09:00:59-04:00 logger.go:66: [0m[1mmodule.existing_vpc_eks_runner.module.eks.aws_iam_role_policy_attachment.this["AmazonEKSClusterPolicy"]: Creation complete after 1s [id=eks-runner-go-19867-demo-cluster-20231004130058821700000001-20231004130059603300000003][0m
TestEks 2023-10-04T09:01:00-04:00 logger.go:66: [0m[1mmodule.new_vpc_eks_runner.module.eks.aws_iam_role.this[0]: Creation complete after 2s [id=eks-runner-go-10604-demo-cluster-20231004130058490000000001][0m
TestEks 2023-10-04T09:01:00-04:00 logger.go:66: [0m[1mmodule.new_vpc_eks_runner.module.eks.module.kms.data.aws_iam_policy_document.this[0]: Reading...[0m[0m
TestEks 2023-10-04T09:01:00-04:00 logger.go:66: [0m[1mmodule.new_vpc_eks_runner.module.eks.aws_iam_role_policy_attachment.this["AmazonEKSClusterPolicy"]: Creating...[0m[0m
TestEks 2023-10-04T09:01:00-04:00 logger.go:66: [0m[1mmodule.new_vpc_eks_runner.module.eks.aws_iam_role_policy_attachment.this["AmazonEKSVPCResourceController"]: Creating...[0m[0m
TestEks 2023-10-04T09:01:00-04:00 logger.go:66: [0m[1mmodule.new_vpc_eks_runner.module.eks.module.kms.data.aws_iam_policy_document.this[0]: Read complete after 0s [id=756419666][0m
TestEks 2023-10-04T09:01:00-04:00 logger.go:66: [0m[1mmodule.new_vpc_eks_runner.module.eks.module.kms.aws_kms_key.this[0]: Creating...[0m[0m
TestEks 2023-10-04T09:01:00-04:00 logger.go:66: [0m[1mmodule.new_vpc_eks_runner.module.eks.aws_iam_role_policy_attachment.this["AmazonEKSVPCResourceController"]: Creation complete after 0s [id=eks-runner-go-10604-demo-cluster-20231004130058490000000001-20231004130100323300000002][0m
TestEks 2023-10-04T09:01:00-04:00 logger.go:66: [0m[1mmodule.new_vpc_eks_runner.module.eks.aws_iam_role_policy_attachment.this["AmazonEKSClusterPolicy"]: Creation complete after 1s [id=eks-runner-go-10604-demo-cluster-20231004130058490000000001-20231004130100523500000003][0m
TestEks 2023-10-04T09:01:08-04:00 logger.go:66: [0m[1mmodule.new_vpc_eks_runner.module.vpc[0].aws_vpc.this[0]: Still creating... [10s elapsed][0m[0m
TestEks 2023-10-04T09:01:09-04:00 logger.go:66: [0m[1mmodule.existing_vpc_eks_runner.module.eks.module.kms.aws_kms_key.this[0]: Still creating... [10s elapsed][0m[0m
TestEks 2023-10-04T09:01:10-04:00 logger.go:66: [0m[1mmodule.new_vpc_eks_runner.module.eks.module.kms.aws_kms_key.this[0]: Still creating... [10s elapsed][0m[0m
TestEks 2023-10-04T09:01:10-04:00 logger.go:66: [0m[1mmodule.new_vpc_eks_runner.module.vpc[0].aws_vpc.this[0]: Creation complete after 12s [id=vpc-0095aef4d255b5396][0m
TestEks 2023-10-04T09:01:10-04:00 logger.go:66: [0m[1mmodule.new_vpc_eks_runner.module.vpc[0].aws_route_table.private[0]: Creating...[0m[0m
TestEks 2023-10-04T09:01:10-04:00 logger.go:66: [0m[1mmodule.new_vpc_eks_runner.module.vpc[0].aws_route_table.public[0]: Creating...[0m[0m
TestEks 2023-10-04T09:01:10-04:00 logger.go:66: [0m[1mmodule.new_vpc_eks_runner.module.vpc[0].aws_subnet.public[0]: Creating...[0m[0m
TestEks 2023-10-04T09:01:10-04:00 logger.go:66: [0m[1mmodule.new_vpc_eks_runner.module.vpc[0].aws_default_security_group.this[0]: Creating...[0m[0m
TestEks 2023-10-04T09:01:10-04:00 logger.go:66: [0m[1mmodule.new_vpc_eks_runner.module.vpc[0].aws_subnet.private[1]: Creating...[0m[0m
TestEks 2023-10-04T09:01:10-04:00 logger.go:66: [0m[1mmodule.new_vpc_eks_runner.module.vpc[0].aws_subnet.public[1]: Creating...[0m[0m
TestEks 2023-10-04T09:01:10-04:00 logger.go:66: [0m[1mmodule.new_vpc_eks_runner.module.vpc[0].aws_default_route_table.default[0]: Creating...[0m[0m
TestEks 2023-10-04T09:01:10-04:00 logger.go:66: [0m[1mmodule.new_vpc_eks_runner.module.vpc[0].aws_default_network_acl.this[0]: Creating...[0m[0m
TestEks 2023-10-04T09:01:11-04:00 logger.go:66: [0m[1mmodule.new_vpc_eks_runner.module.vpc[0].aws_default_route_table.default[0]: Creation complete after 1s [id=rtb-02810fec43724a480][0m
TestEks 2023-10-04T09:01:11-04:00 logger.go:66: [0m[1mmodule.new_vpc_eks_runner.module.vpc[0].aws_internet_gateway.this[0]: Creating...[0m[0m
TestEks 2023-10-04T09:01:11-04:00 logger.go:66: [0m[1mmodule.new_vpc_eks_runner.module.vpc[0].aws_route_table.public[0]: Creation complete after 1s [id=rtb-01b7e19eba495fdfe][0m
TestEks 2023-10-04T09:01:11-04:00 logger.go:66: [0m[1mmodule.new_vpc_eks_runner.module.vpc[0].aws_subnet.private[0]: Creating...[0m[0m
TestEks 2023-10-04T09:01:11-04:00 logger.go:66: [0m[1mmodule.new_vpc_eks_runner.module.vpc[0].aws_route_table.private[0]: Creation complete after 1s [id=rtb-0cdd8a29d5ee4a737][0m
TestEks 2023-10-04T09:01:11-04:00 logger.go:66: [0m[1mmodule.new_vpc_eks_runner.module.vpc[0].aws_subnet.private[1]: Creation complete after 1s [id=subnet-04f0b7f2cfb8dc557][0m
TestEks 2023-10-04T09:01:11-04:00 logger.go:66: [0m[1mmodule.new_vpc_eks_runner.module.eks.aws_security_group.node[0]: Creating...[0m[0m
TestEks 2023-10-04T09:01:11-04:00 logger.go:66: [0m[1mmodule.new_vpc_eks_runner.module.eks.aws_security_group.cluster[0]: Creating...[0m[0m
TestEks 2023-10-04T09:01:11-04:00 logger.go:66: [0m[1mmodule.new_vpc_eks_runner.module.vpc[0].aws_subnet.public[1]: Creation complete after 1s [id=subnet-02400b4bc4cc31dcb][0m
TestEks 2023-10-04T09:01:11-04:00 logger.go:66: [0m[1mmodule.new_vpc_eks_runner.module.vpc[0].aws_subnet.public[0]: Creation complete after 1s [id=subnet-06aa44dc1c4d957a8][0m
TestEks 2023-10-04T09:01:11-04:00 logger.go:66: [0m[1mmodule.new_vpc_eks_runner.module.vpc[0].aws_route_table_association.public[0]: Creating...[0m[0m
TestEks 2023-10-04T09:01:11-04:00 logger.go:66: [0m[1mmodule.new_vpc_eks_runner.module.vpc[0].aws_route_table_association.public[1]: Creating...[0m[0m
TestEks 2023-10-04T09:01:11-04:00 logger.go:66: [0m[1mmodule.new_vpc_eks_runner.module.vpc[0].aws_internet_gateway.this[0]: Creation complete after 1s [id=igw-04587c4efff6488f3][0m
TestEks 2023-10-04T09:01:11-04:00 logger.go:66: [0m[1mmodule.new_vpc_eks_runner.module.vpc[0].aws_eip.nat[0]: Creating...[0m[0m
TestEks 2023-10-04T09:01:11-04:00 logger.go:66: [0m[1mmodule.new_vpc_eks_runner.module.vpc[0].aws_route_table_association.public[0]: Creation complete after 1s [id=rtbassoc-06743f507c85286d4][0m
TestEks 2023-10-04T09:01:11-04:00 logger.go:66: [0m[1mmodule.new_vpc_eks_runner.module.vpc[0].aws_route.public_internet_gateway[0]: Creating...[0m[0m
TestEks 2023-10-04T09:01:11-04:00 logger.go:66: [0m[1mmodule.new_vpc_eks_runner.module.vpc[0].aws_route_table_association.public[1]: Creation complete after 1s [id=rtbassoc-002b05c5a4b2898a6][0m
TestEks 2023-10-04T09:01:12-04:00 logger.go:66: [0m[1mmodule.new_vpc_eks_runner.module.vpc[0].aws_default_network_acl.this[0]: Creation complete after 2s [id=acl-07ba8e94172127934][0m
TestEks 2023-10-04T09:01:12-04:00 logger.go:66: [0m[1mmodule.new_vpc_eks_runner.module.vpc[0].aws_subnet.private[0]: Creation complete after 1s [id=subnet-09e19a893c2cc8ccd][0m
TestEks 2023-10-04T09:01:12-04:00 logger.go:66: [0m[1mmodule.new_vpc_eks_runner.module.vpc[0].aws_route_table_association.private[0]: Creating...[0m[0m
TestEks 2023-10-04T09:01:12-04:00 logger.go:66: [0m[1mmodule.new_vpc_eks_runner.module.vpc[0].aws_route_table_association.private[1]: Creating...[0m[0m
TestEks 2023-10-04T09:01:12-04:00 logger.go:66: [0m[1mmodule.new_vpc_eks_runner.module.vpc[0].aws_default_security_group.this[0]: Creation complete after 2s [id=sg-0511d1770689e96d8][0m
TestEks 2023-10-04T09:01:12-04:00 logger.go:66: [0m[1mmodule.existing_vpc_eks_runner.data.aws_subnet.existing[0]: Reading...[0m[0m
TestEks 2023-10-04T09:01:12-04:00 logger.go:66: [0m[1mmodule.new_vpc_eks_runner.module.eks.module.eks_managed_node_group["eks-gitlab-runner"].aws_iam_role.this[0]: Creating...[0m[0m
TestEks 2023-10-04T09:01:12-04:00 logger.go:66: [0m[1mmodule.new_vpc_eks_runner.module.eks.module.eks_managed_node_group["eks-gitlab-runner"].aws_iam_role.this[0]: Creation complete after 0s [id=eks-runner-go-10604-eks-node-group-20231004130112133800000006][0m
TestEks 2023-10-04T09:01:12-04:00 logger.go:66: [0m[1mmodule.new_vpc_eks_runner.module.eks.module.eks_managed_node_group["eks-gitlab-runner"].aws_iam_role_policy_attachment.additional["additional_policy"]: Creating...[0m[0m
TestEks 2023-10-04T09:01:12-04:00 logger.go:66: [0m[1mmodule.new_vpc_eks_runner.module.vpc[0].aws_eip.nat[0]: Creation complete after 0s [id=eipalloc-0be513587461407bc][0m
TestEks 2023-10-04T09:01:12-04:00 logger.go:66: [0m[1mmodule.new_vpc_eks_runner.module.eks.module.eks_managed_node_group["eks-gitlab-runner"].aws_iam_role_policy_attachment.this["arn:aws:iam::aws:policy/AmazonEC2ContainerRegistryReadOnly"]: Creating...[0m[0m
TestEks 2023-10-04T09:01:12-04:00 logger.go:66: [0m[1mmodule.existing_vpc_eks_runner.data.aws_subnet.existing[0]: Read complete after 1s [id=subnet-09e19a893c2cc8ccd][0m
TestEks 2023-10-04T09:01:12-04:00 logger.go:66: [0m[1mmodule.new_vpc_eks_runner.module.eks.module.eks_managed_node_group["eks-gitlab-runner"].aws_iam_role_policy_attachment.this["arn:aws:iam::aws:policy/AmazonEKSWorkerNodePolicy"]: Creating...[0m[0m
TestEks 2023-10-04T09:01:12-04:00 logger.go:66: [0m[1mmodule.new_vpc_eks_runner.module.vpc[0].aws_route.public_internet_gateway[0]: Creation complete after 1s [id=r-rtb-01b7e19eba495fdfe1080289494][0m
TestEks 2023-10-04T09:01:12-04:00 logger.go:66: [0m[1mmodule.new_vpc_eks_runner.module.eks.module.eks_managed_node_group["eks-gitlab-runner"].aws_iam_role_policy_attachment.additional["AmazonEC2ContainerRegistryReadOnly"]: Creating...[0m[0m
TestEks 2023-10-04T09:01:12-04:00 logger.go:66: [0m[1mmodule.new_vpc_eks_runner.module.eks.module.eks_managed_node_group["eks-gitlab-runner"].aws_iam_role_policy_attachment.additional["additional_policy"]: Creation complete after 1s [id=eks-runner-go-10604-eks-node-group-20231004130112133800000006-20231004130112535600000007][0m
TestEks 2023-10-04T09:01:12-04:00 logger.go:66: [0m[1mmodule.new_vpc_eks_runner.module.eks.module.eks_managed_node_group["eks-gitlab-runner"].aws_iam_role_policy_attachment.this["arn:aws:iam::aws:policy/AmazonEKS_CNI_Policy"]: Creating...[0m[0m
TestEks 2023-10-04T09:01:12-04:00 logger.go:66: [0m[1mmodule.new_vpc_eks_runner.module.eks.module.eks_managed_node_group["eks-gitlab-runner"].aws_iam_role_policy_attachment.this["arn:aws:iam::aws:policy/AmazonEKSWorkerNodePolicy"]: Creation complete after 0s [id=eks-runner-go-10604-eks-node-group-20231004130112133800000006-20231004130112686500000009][0m
TestEks 2023-10-04T09:01:12-04:00 logger.go:66: [0m[1mmodule.new_vpc_eks_runner.module.eks.module.eks_managed_node_group["eks-gitlab-runner"].aws_iam_role_policy_attachment.additional["ssm"]: Creating...[0m[0m
TestEks 2023-10-04T09:01:12-04:00 logger.go:66: [0m[1mmodule.new_vpc_eks_runner.module.eks.module.eks_managed_node_group["eks-gitlab-runner"].aws_iam_role_policy_attachment.this["arn:aws:iam::aws:policy/AmazonEC2ContainerRegistryReadOnly"]: Creation complete after 0s [id=eks-runner-go-10604-eks-node-group-20231004130112133800000006-20231004130112595500000008][0m
TestEks 2023-10-04T09:01:12-04:00 logger.go:66: [0m[1mmodule.new_vpc_eks_runner.module.vpc[0].aws_nat_gateway.this[0]: Creating...[0m[0m
TestEks 2023-10-04T09:01:12-04:00 logger.go:66: [0m[1mmodule.new_vpc_eks_runner.module.eks.module.eks_managed_node_group["eks-gitlab-runner"].aws_iam_role_policy_attachment.additional["AmazonEC2ContainerRegistryReadOnly"]: Creation complete after 0s [id=eks-runner-go-10604-eks-node-group-20231004130112133800000006-2023100413011268840000000a][0m
TestEks 2023-10-04T09:01:12-04:00 logger.go:66: [0m[1mmodule.existing_vpc_eks_runner.module.eks.aws_security_group.cluster[0]: Creating...[0m[0m
TestEks 2023-10-04T09:01:12-04:00 logger.go:66: [0m[1mmodule.new_vpc_eks_runner.module.eks.module.eks_managed_node_group["eks-gitlab-runner"].aws_iam_role_policy_attachment.this["arn:aws:iam::aws:policy/AmazonEKS_CNI_Policy"]: Creation complete after 0s [id=eks-runner-go-10604-eks-node-group-20231004130112133800000006-2023100413011277920000000c][0m
TestEks 2023-10-04T09:01:12-04:00 logger.go:66: [0m[1mmodule.existing_vpc_eks_runner.module.eks.aws_security_group.node[0]: Creating...[0m[0m
TestEks 2023-10-04T09:01:12-04:00 logger.go:66: [0m[1mmodule.new_vpc_eks_runner.module.eks.module.eks_managed_node_group["eks-gitlab-runner"].aws_iam_role_policy_attachment.additional["ssm"]: Creation complete after 0s [id=eks-runner-go-10604-eks-node-group-20231004130112133800000006-2023100413011284010000000d][0m
TestEks 2023-10-04T09:01:12-04:00 logger.go:66: [0m[1mmodule.existing_vpc_eks_runner.module.eks.module.eks_managed_node_group["eks-gitlab-runner"].aws_iam_role.this[0]: Creating...[0m[0m
TestEks 2023-10-04T09:01:13-04:00 logger.go:66: [0m[1mmodule.existing_vpc_eks_runner.module.eks.module.eks_managed_node_group["eks-gitlab-runner"].aws_iam_role.this[0]: Creation complete after 0s [id=eks-runner-go-19867-eks-node-group-20231004130112916800000006][0m
TestEks 2023-10-04T09:01:13-04:00 logger.go:66: [0m[1mmodule.existing_vpc_eks_runner.module.eks.module.eks_managed_node_group["eks-gitlab-runner"].aws_iam_role_policy_attachment.this["arn:aws:iam::aws:policy/AmazonEC2ContainerRegistryReadOnly"]: Creating...[0m[0m
TestEks 2023-10-04T09:01:13-04:00 logger.go:66: [0m[1mmodule.new_vpc_eks_runner.module.vpc[0].aws_route_table_association.private[0]: Creation complete after 1s [id=rtbassoc-054f1198ae6cf0f8d][0m
TestEks 2023-10-04T09:01:13-04:00 logger.go:66: [0m[1mmodule.existing_vpc_eks_runner.module.eks.module.eks_managed_node_group["eks-gitlab-runner"].aws_iam_role_policy_attachment.additional["ssm"]: Creating...[0m[0m
TestEks 2023-10-04T09:01:13-04:00 logger.go:66: [0m[1mmodule.new_vpc_eks_runner.module.vpc[0].aws_route_table_association.private[1]: Creation complete after 1s [id=rtbassoc-05ad051bb9b27c86f][0m
TestEks 2023-10-04T09:01:13-04:00 logger.go:66: [0m[1mmodule.existing_vpc_eks_runner.module.eks.module.eks_managed_node_group["eks-gitlab-runner"].aws_iam_role_policy_attachment.this["arn:aws:iam::aws:policy/AmazonEKS_CNI_Policy"]: Creating...[0m[0m
TestEks 2023-10-04T09:01:13-04:00 logger.go:66: [0m[1mmodule.new_vpc_eks_runner.module.eks.aws_security_group.node[0]: Creation complete after 2s [id=sg-054a7cb1132d24b80][0m
TestEks 2023-10-04T09:01:13-04:00 logger.go:66: [0m[1mmodule.new_vpc_eks_runner.module.eks.aws_security_group.cluster[0]: Creation complete after 2s [id=sg-0934512868e3ab8c3][0m
TestEks 2023-10-04T09:01:13-04:00 logger.go:66: [0m[1mmodule.existing_vpc_eks_runner.module.eks.module.eks_managed_node_group["eks-gitlab-runner"].aws_iam_role_policy_attachment.additional["additional_policy"]: Creating...[0m[0m
TestEks 2023-10-04T09:01:13-04:00 logger.go:66: [0m[1mmodule.existing_vpc_eks_runner.module.eks.module.eks_managed_node_group["eks-gitlab-runner"].aws_iam_role_policy_attachment.this["arn:aws:iam::aws:policy/AmazonEKSWorkerNodePolicy"]: Creating...[0m[0m
TestEks 2023-10-04T09:01:13-04:00 logger.go:66: [0m[1mmodule.existing_vpc_eks_runner.module.eks.module.eks_managed_node_group["eks-gitlab-runner"].aws_iam_role_policy_attachment.this["arn:aws:iam::aws:policy/AmazonEC2ContainerRegistryReadOnly"]: Creation complete after 0s [id=eks-runner-go-19867-eks-node-group-20231004130112916800000006-20231004130113353700000007][0m
TestEks 2023-10-04T09:01:13-04:00 logger.go:66: [0m[1mmodule.existing_vpc_eks_runner.module.eks.module.eks_managed_node_group["eks-gitlab-runner"].aws_iam_role_policy_attachment.additional["AmazonEC2ContainerRegistryReadOnly"]: Creating...[0m[0m
TestEks 2023-10-04T09:01:13-04:00 logger.go:66: [0m[1mmodule.existing_vpc_eks_runner.module.eks.module.eks_managed_node_group["eks-gitlab-runner"].aws_iam_role_policy_attachment.additional["ssm"]: Creation complete after 0s [id=eks-runner-go-19867-eks-node-group-20231004130112916800000006-20231004130113382900000008][0m
TestEks 2023-10-04T09:01:13-04:00 logger.go:66: [0m[1mmodule.new_vpc_eks_runner.module.eks.aws_security_group_rule.cluster["ingress_nodes_443"]: Creating...[0m[0m
TestEks 2023-10-04T09:01:13-04:00 logger.go:66: [0m[1mmodule.existing_vpc_eks_runner.module.eks.module.eks_managed_node_group["eks-gitlab-runner"].aws_iam_role_policy_attachment.this["arn:aws:iam::aws:policy/AmazonEKS_CNI_Policy"]: Creation complete after 1s [id=eks-runner-go-19867-eks-node-group-20231004130112916800000006-20231004130113461900000009][0m
TestEks 2023-10-04T09:01:13-04:00 logger.go:66: [0m[1mmodule.new_vpc_eks_runner.module.eks.aws_security_group_rule.node["ingress_cluster_443"]: Creating...[0m[0m
TestEks 2023-10-04T09:01:13-04:00 logger.go:66: [0m[1mmodule.existing_vpc_eks_runner.module.eks.module.eks_managed_node_group["eks-gitlab-runner"].aws_iam_role_policy_attachment.additional["additional_policy"]: Creation complete after 1s [id=eks-runner-go-19867-eks-node-group-20231004130112916800000006-2023100413011352420000000a][0m
TestEks 2023-10-04T09:01:13-04:00 logger.go:66: [0m[1mmodule.new_vpc_eks_runner.module.eks.aws_security_group_rule.node["egress_all"]: Creating...[0m[0m
TestEks 2023-10-04T09:01:13-04:00 logger.go:66: [0m[1mmodule.existing_vpc_eks_runner.module.eks.module.eks_managed_node_group["eks-gitlab-runner"].aws_iam_role_policy_attachment.this["arn:aws:iam::aws:policy/AmazonEKSWorkerNodePolicy"]: Creation complete after 1s [id=eks-runner-go-19867-eks-node-group-20231004130112916800000006-2023100413011353900000000b][0m
TestEks 2023-10-04T09:01:13-04:00 logger.go:66: [0m[1mmodule.new_vpc_eks_runner.module.eks.aws_security_group_rule.node["ingress_cluster_6443_webhook"]: Creating...[0m[0m
TestEks 2023-10-04T09:01:13-04:00 logger.go:66: [0m[1mmodule.existing_vpc_eks_runner.module.eks.module.eks_managed_node_group["eks-gitlab-runner"].aws_iam_role_policy_attachment.additional["AmazonEC2ContainerRegistryReadOnly"]: Creation complete after 1s [id=eks-runner-go-19867-eks-node-group-20231004130112916800000006-2023100413011354420000000c][0m
TestEks 2023-10-04T09:01:13-04:00 logger.go:66: [0m[1mmodule.new_vpc_eks_runner.module.eks.aws_security_group_rule.node["ingress_cluster_4443_webhook"]: Creating...[0m[0m
TestEks 2023-10-04T09:01:14-04:00 logger.go:66: [0m[1mmodule.new_vpc_eks_runner.module.eks.aws_security_group_rule.cluster["ingress_nodes_443"]: Creation complete after 1s [id=sgrule-3392966303][0m
TestEks 2023-10-04T09:01:14-04:00 logger.go:66: [0m[1mmodule.new_vpc_eks_runner.module.eks.aws_security_group_rule.node["ingress_nodes_ephemeral"]: Creating...[0m[0m
TestEks 2023-10-04T09:01:14-04:00 logger.go:66: [0m[1mmodule.new_vpc_eks_runner.module.eks.aws_security_group_rule.node["ingress_cluster_443"]: Creation complete after 0s [id=sgrule-1549593675][0m
TestEks 2023-10-04T09:01:14-04:00 logger.go:66: [0m[1mmodule.new_vpc_eks_runner.module.eks.aws_security_group_rule.node["ingress_cluster_kubelet"]: Creating...[0m[0m
TestEks 2023-10-04T09:01:14-04:00 logger.go:66: [0m[1mmodule.existing_vpc_eks_runner.module.eks.aws_security_group.cluster[0]: Creation complete after 2s [id=sg-0fe0a0f4754d1d7b6][0m
TestEks 2023-10-04T09:01:14-04:00 logger.go:66: [0m[1mmodule.new_vpc_eks_runner.module.eks.aws_security_group_rule.node["egress_all"]: Creation complete after 1s [id=sgrule-1164766295][0m
TestEks 2023-10-04T09:01:14-04:00 logger.go:66: [0m[1mmodule.new_vpc_eks_runner.module.eks.aws_security_group_rule.node["ingress_self_coredns_tcp"]: Creating...[0m[0m
TestEks 2023-10-04T09:01:14-04:00 logger.go:66: [0m[1mmodule.new_vpc_eks_runner.module.eks.aws_security_group_rule.node["ingress_cluster_8443_webhook"]: Creating...[0m[0m
TestEks 2023-10-04T09:01:14-04:00 logger.go:66: [0m[1mmodule.existing_vpc_eks_runner.module.eks.aws_security_group.node[0]: Creation complete after 2s [id=sg-0ad7cfd5af856e460][0m
TestEks 2023-10-04T09:01:14-04:00 logger.go:66: [0m[1mmodule.new_vpc_eks_runner.module.eks.aws_security_group_rule.node["ingress_self_coredns_udp"]: Creating...[0m[0m
TestEks 2023-10-04T09:01:15-04:00 logger.go:66: [0m[1mmodule.new_vpc_eks_runner.module.eks.aws_security_group_rule.node["ingress_cluster_6443_webhook"]: Creation complete after 1s [id=sgrule-2325166555][0m
TestEks 2023-10-04T09:01:15-04:00 logger.go:66: [0m[1mmodule.new_vpc_eks_runner.module.eks.aws_security_group_rule.node["ingress_cluster_9443_webhook"]: Creating...[0m[0m
TestEks 2023-10-04T09:01:15-04:00 logger.go:66: [0m[1mmodule.new_vpc_eks_runner.module.eks.aws_security_group_rule.node["ingress_cluster_4443_webhook"]: Creation complete after 2s [id=sgrule-1138056781][0m
TestEks 2023-10-04T09:01:15-04:00 logger.go:66: [0m[1mmodule.existing_vpc_eks_runner.module.eks.aws_security_group_rule.node["ingress_cluster_443"]: Creating...[0m[0m
TestEks 2023-10-04T09:01:16-04:00 logger.go:66: [0m[1mmodule.new_vpc_eks_runner.module.eks.aws_security_group_rule.node["ingress_nodes_ephemeral"]: Creation complete after 3s [id=sgrule-1087926372][0m
TestEks 2023-10-04T09:01:16-04:00 logger.go:66: [0m[1mmodule.existing_vpc_eks_runner.module.eks.aws_security_group_rule.node["ingress_self_coredns_udp"]: Creating...[0m[0m
TestEks 2023-10-04T09:01:16-04:00 logger.go:66: [0m[1mmodule.existing_vpc_eks_runner.module.eks.aws_security_group_rule.node["ingress_cluster_443"]: Creation complete after 1s [id=sgrule-3287407462][0m
TestEks 2023-10-04T09:01:16-04:00 logger.go:66: [0m[1mmodule.existing_vpc_eks_runner.module.eks.aws_security_group_rule.node["ingress_cluster_9443_webhook"]: Creating...[0m[0m
TestEks 2023-10-04T09:01:17-04:00 logger.go:66: [0m[1mmodule.new_vpc_eks_runner.module.eks.aws_security_group_rule.node["ingress_cluster_kubelet"]: Creation complete after 3s [id=sgrule-2340873068][0m
TestEks 2023-10-04T09:01:17-04:00 logger.go:66: [0m[1mmodule.existing_vpc_eks_runner.module.eks.aws_security_group_rule.node["egress_all"]: Creating...[0m[0m
TestEks 2023-10-04T09:01:17-04:00 logger.go:66: [0m[1mmodule.existing_vpc_eks_runner.module.eks.aws_security_group_rule.node["ingress_self_coredns_udp"]: Creation complete after 0s [id=sgrule-4179244787][0m
TestEks 2023-10-04T09:01:17-04:00 logger.go:66: [0m[1mmodule.existing_vpc_eks_runner.module.eks.aws_security_group_rule.node["ingress_self_coredns_tcp"]: Creating...[0m[0m
TestEks 2023-10-04T09:01:17-04:00 logger.go:66: [0m[1mmodule.existing_vpc_eks_runner.module.eks.aws_security_group_rule.node["ingress_cluster_9443_webhook"]: Creation complete after 1s [id=sgrule-2492228537][0m
TestEks 2023-10-04T09:01:17-04:00 logger.go:66: [0m[1mmodule.existing_vpc_eks_runner.module.eks.aws_security_group_rule.node["ingress_cluster_8443_webhook"]: Creating...[0m[0m
TestEks 2023-10-04T09:01:17-04:00 logger.go:66: [0m[1mmodule.new_vpc_eks_runner.module.eks.aws_security_group_rule.node["ingress_self_coredns_tcp"]: Creation complete after 3s [id=sgrule-257684292][0m
TestEks 2023-10-04T09:01:17-04:00 logger.go:66: [0m[1mmodule.existing_vpc_eks_runner.module.eks.aws_security_group_rule.node["ingress_nodes_ephemeral"]: Creating...[0m[0m
TestEks 2023-10-04T09:01:18-04:00 logger.go:66: [0m[1mmodule.existing_vpc_eks_runner.module.eks.aws_security_group_rule.node["egress_all"]: Creation complete after 1s [id=sgrule-1231132628][0m
TestEks 2023-10-04T09:01:18-04:00 logger.go:66: [0m[1mmodule.existing_vpc_eks_runner.module.eks.aws_security_group_rule.node["ingress_cluster_6443_webhook"]: Creating...[0m[0m
TestEks 2023-10-04T09:01:18-04:00 logger.go:66: [0m[1mmodule.new_vpc_eks_runner.module.eks.aws_security_group_rule.node["ingress_cluster_8443_webhook"]: Creation complete after 3s [id=sgrule-2580219386][0m
TestEks 2023-10-04T09:01:18-04:00 logger.go:66: [0m[1mmodule.existing_vpc_eks_runner.module.eks.aws_security_group_rule.node["ingress_cluster_4443_webhook"]: Creating...[0m[0m
TestEks 2023-10-04T09:01:18-04:00 logger.go:66: [0m[1mmodule.existing_vpc_eks_runner.module.eks.aws_security_group_rule.node["ingress_self_coredns_tcp"]: Creation complete after 2s [id=sgrule-1564841244][0m
TestEks 2023-10-04T09:01:18-04:00 logger.go:66: [0m[1mmodule.new_vpc_eks_runner.module.eks.aws_security_group_rule.node["ingress_self_coredns_udp"]: Creation complete after 4s [id=sgrule-2869186731][0m
TestEks 2023-10-04T09:01:18-04:00 logger.go:66: [0m[1mmodule.existing_vpc_eks_runner.module.eks.aws_security_group_rule.node["ingress_cluster_kubelet"]: Creating...[0m[0m
TestEks 2023-10-04T09:01:18-04:00 logger.go:66: [0m[1mmodule.existing_vpc_eks_runner.module.eks.aws_security_group_rule.cluster["ingress_nodes_443"]: Creating...[0m[0m
TestEks 2023-10-04T09:01:19-04:00 logger.go:66: [0m[1mmodule.new_vpc_eks_runner.module.eks.aws_security_group_rule.node["ingress_cluster_9443_webhook"]: Creation complete after 4s [id=sgrule-4251596337][0m
TestEks 2023-10-04T09:01:19-04:00 logger.go:66: [0m[1mmodule.existing_vpc_eks_runner.module.eks.module.kms.aws_kms_key.this[0]: Still creating... [20s elapsed][0m[0m
TestEks 2023-10-04T09:01:19-04:00 logger.go:66: [0m[1mmodule.existing_vpc_eks_runner.module.eks.aws_security_group_rule.node["ingress_cluster_8443_webhook"]: Creation complete after 2s [id=sgrule-4029501554][0m
TestEks 2023-10-04T09:01:19-04:00 logger.go:66: [0m[1mmodule.existing_vpc_eks_runner.module.eks.aws_security_group_rule.cluster["ingress_nodes_443"]: Creation complete after 1s [id=sgrule-1645039922][0m
TestEks 2023-10-04T09:01:19-04:00 logger.go:66: [0m[1mmodule.existing_vpc_eks_runner.module.eks.aws_security_group_rule.node["ingress_nodes_ephemeral"]: Creation complete after 2s [id=sgrule-2849329823][0m
TestEks 2023-10-04T09:01:20-04:00 logger.go:66: [0m[1mmodule.new_vpc_eks_runner.module.eks.module.kms.aws_kms_key.this[0]: Still creating... [20s elapsed][0m[0m
TestEks 2023-10-04T09:01:20-04:00 logger.go:66: [0m[1mmodule.existing_vpc_eks_runner.module.eks.module.kms.aws_kms_key.this[0]: Creation complete after 21s [id=65a4d840-38e9-42ed-95ad-03f29f5e57d2][0m
TestEks 2023-10-04T09:01:20-04:00 logger.go:66: [0m[1mmodule.existing_vpc_eks_runner.module.eks.module.kms.aws_kms_alias.this["cluster"]: Creating...[0m[0m
TestEks 2023-10-04T09:01:20-04:00 logger.go:66: [0m[1mmodule.existing_vpc_eks_runner.module.eks.aws_iam_policy.cluster_encryption[0]: Creating...[0m[0m
TestEks 2023-10-04T09:01:20-04:00 logger.go:66: [0m[1mmodule.existing_vpc_eks_runner.module.eks.module.kms.aws_kms_alias.this["cluster"]: Creation complete after 0s [id=alias/eks/eks-runner-go-19867-demo][0m
TestEks 2023-10-04T09:01:20-04:00 logger.go:66: [0m[1mmodule.existing_vpc_eks_runner.module.eks.aws_security_group_rule.node["ingress_cluster_6443_webhook"]: Creation complete after 3s [id=sgrule-3815861331][0m
TestEks 2023-10-04T09:01:20-04:00 logger.go:66: [0m[1mmodule.existing_vpc_eks_runner.module.eks.aws_iam_policy.cluster_encryption[0]: Creation complete after 1s [id=arn:aws:iam::177807608173:policy/eks-runner-go-19867-demo-cluster-ClusterEncryption2023100413012038430000000d][0m
TestEks 2023-10-04T09:01:20-04:00 logger.go:66: [0m[1mmodule.existing_vpc_eks_runner.module.eks.aws_iam_role_policy_attachment.cluster_encryption[0]: Creating...[0m[0m
TestEks 2023-10-04T09:01:20-04:00 logger.go:66: [0m[1mmodule.existing_vpc_eks_runner.module.eks.aws_iam_role_policy_attachment.cluster_encryption[0]: Creation complete after 0s [id=eks-runner-go-19867-demo-cluster-20231004130058821700000001-2023100413012073830000000e][0m
TestEks 2023-10-04T09:01:21-04:00 logger.go:66: [0m[1mmodule.new_vpc_eks_runner.module.eks.module.kms.aws_kms_key.this[0]: Creation complete after 21s [id=2f6cfae5-09b8-44d2-95f9-6a1751beea57][0m
TestEks 2023-10-04T09:01:21-04:00 logger.go:66: [0m[1mmodule.new_vpc_eks_runner.module.eks.module.kms.aws_kms_alias.this["cluster"]: Creating...[0m[0m
TestEks 2023-10-04T09:01:21-04:00 logger.go:66: [0m[1mmodule.new_vpc_eks_runner.module.eks.aws_iam_policy.cluster_encryption[0]: Creating...[0m[0m
TestEks 2023-10-04T09:01:21-04:00 logger.go:66: [0m[1mmodule.new_vpc_eks_runner.module.eks.aws_eks_cluster.this[0]: Creating...[0m[0m
TestEks 2023-10-04T09:01:21-04:00 logger.go:66: [0m[1mmodule.existing_vpc_eks_runner.module.eks.aws_security_group_rule.node["ingress_cluster_4443_webhook"]: Creation complete after 3s [id=sgrule-707988421][0m
TestEks 2023-10-04T09:01:21-04:00 logger.go:66: [0m[1mmodule.new_vpc_eks_runner.module.eks.module.kms.aws_kms_alias.this["cluster"]: Creation complete after 0s [id=alias/eks/eks-runner-go-10604-demo][0m
TestEks 2023-10-04T09:01:21-04:00 logger.go:66: [0m[1mmodule.new_vpc_eks_runner.module.eks.aws_iam_policy.cluster_encryption[0]: Creation complete after 0s [id=arn:aws:iam::177807608173:policy/eks-runner-go-10604-demo-cluster-ClusterEncryption2023100413012105610000000e][0m
TestEks 2023-10-04T09:01:21-04:00 logger.go:66: [0m[1mmodule.new_vpc_eks_runner.module.eks.aws_iam_role_policy_attachment.cluster_encryption[0]: Creating...[0m[0m
TestEks 2023-10-04T09:01:21-04:00 logger.go:66: [0m[1mmodule.new_vpc_eks_runner.module.eks.aws_iam_role_policy_attachment.cluster_encryption[0]: Creation complete after 0s [id=eks-runner-go-10604-demo-cluster-20231004130058490000000001-2023100413012138770000000f][0m
TestEks 2023-10-04T09:01:21-04:00 logger.go:66: [0m[1mmodule.existing_vpc_eks_runner.module.eks.aws_security_group_rule.node["ingress_cluster_kubelet"]: Creation complete after 3s [id=sgrule-2460747895][0m
TestEks 2023-10-04T09:01:21-04:00 logger.go:66: [0m[1mmodule.existing_vpc_eks_runner.module.eks.aws_eks_cluster.this[0]: Creating...[0m[0m
TestEks 2023-10-04T09:01:22-04:00 logger.go:66: [0m[1mmodule.new_vpc_eks_runner.module.vpc[0].aws_nat_gateway.this[0]: Still creating... [10s elapsed][0m[0m
TestEks 2023-10-04T09:01:31-04:00 logger.go:66: [0m[1mmodule.new_vpc_eks_runner.module.eks.aws_eks_cluster.this[0]: Still creating... [10s elapsed][0m[0m
TestEks 2023-10-04T09:01:31-04:00 logger.go:66: [0m[1mmodule.existing_vpc_eks_runner.module.eks.aws_eks_cluster.this[0]: Still creating... [10s elapsed][0m[0m
TestEks 2023-10-04T09:01:32-04:00 logger.go:66: [0m[1mmodule.new_vpc_eks_runner.module.vpc[0].aws_nat_gateway.this[0]: Still creating... [20s elapsed][0m[0m
TestEks 2023-10-04T09:01:41-04:00 logger.go:66: [0m[1mmodule.new_vpc_eks_runner.module.eks.aws_eks_cluster.this[0]: Still creating... [20s elapsed][0m[0m
TestEks 2023-10-04T09:01:41-04:00 logger.go:66: [0m[1mmodule.existing_vpc_eks_runner.module.eks.aws_eks_cluster.this[0]: Still creating... [20s elapsed][0m[0m
TestEks 2023-10-04T09:01:42-04:00 logger.go:66: [0m[1mmodule.new_vpc_eks_runner.module.vpc[0].aws_nat_gateway.this[0]: Still creating... [30s elapsed][0m[0m
TestEks 2023-10-04T09:01:51-04:00 logger.go:66: [0m[1mmodule.new_vpc_eks_runner.module.eks.aws_eks_cluster.this[0]: Still creating... [30s elapsed][0m[0m
TestEks 2023-10-04T09:01:51-04:00 logger.go:66: [0m[1mmodule.existing_vpc_eks_runner.module.eks.aws_eks_cluster.this[0]: Still creating... [30s elapsed][0m[0m
TestEks 2023-10-04T09:01:52-04:00 logger.go:66: [0m[1mmodule.new_vpc_eks_runner.module.vpc[0].aws_nat_gateway.this[0]: Still creating... [40s elapsed][0m[0m
TestEks 2023-10-04T09:02:01-04:00 logger.go:66: [0m[1mmodule.new_vpc_eks_runner.module.eks.aws_eks_cluster.this[0]: Still creating... [40s elapsed][0m[0m
TestEks 2023-10-04T09:02:01-04:00 logger.go:66: [0m[1mmodule.existing_vpc_eks_runner.module.eks.aws_eks_cluster.this[0]: Still creating... [40s elapsed][0m[0m
TestEks 2023-10-04T09:02:02-04:00 logger.go:66: [0m[1mmodule.new_vpc_eks_runner.module.vpc[0].aws_nat_gateway.this[0]: Still creating... [50s elapsed][0m[0m
TestEks 2023-10-04T09:02:11-04:00 logger.go:66: [0m[1mmodule.new_vpc_eks_runner.module.eks.aws_eks_cluster.this[0]: Still creating... [50s elapsed][0m[0m
TestEks 2023-10-04T09:02:11-04:00 logger.go:66: [0m[1mmodule.existing_vpc_eks_runner.module.eks.aws_eks_cluster.this[0]: Still creating... [50s elapsed][0m[0m
TestEks 2023-10-04T09:02:12-04:00 logger.go:66: [0m[1mmodule.new_vpc_eks_runner.module.vpc[0].aws_nat_gateway.this[0]: Still creating... [1m0s elapsed][0m[0m
TestEks 2023-10-04T09:02:21-04:00 logger.go:66: [0m[1mmodule.new_vpc_eks_runner.module.eks.aws_eks_cluster.this[0]: Still creating... [1m0s elapsed][0m[0m
TestEks 2023-10-04T09:02:21-04:00 logger.go:66: [0m[1mmodule.existing_vpc_eks_runner.module.eks.aws_eks_cluster.this[0]: Still creating... [1m0s elapsed][0m[0m
TestEks 2023-10-04T09:02:22-04:00 logger.go:66: [0m[1mmodule.new_vpc_eks_runner.module.vpc[0].aws_nat_gateway.this[0]: Still creating... [1m10s elapsed][0m[0m
TestEks 2023-10-04T09:02:31-04:00 logger.go:66: [0m[1mmodule.new_vpc_eks_runner.module.eks.aws_eks_cluster.this[0]: Still creating... [1m10s elapsed][0m[0m
TestEks 2023-10-04T09:02:31-04:00 logger.go:66: [0m[1mmodule.existing_vpc_eks_runner.module.eks.aws_eks_cluster.this[0]: Still creating... [1m10s elapsed][0m[0m
TestEks 2023-10-04T09:02:32-04:00 logger.go:66: [0m[1mmodule.new_vpc_eks_runner.module.vpc[0].aws_nat_gateway.this[0]: Still creating... [1m20s elapsed][0m[0m
TestEks 2023-10-04T09:02:41-04:00 logger.go:66: [0m[1mmodule.new_vpc_eks_runner.module.eks.aws_eks_cluster.this[0]: Still creating... [1m20s elapsed][0m[0m
TestEks 2023-10-04T09:02:41-04:00 logger.go:66: [0m[1mmodule.existing_vpc_eks_runner.module.eks.aws_eks_cluster.this[0]: Still creating... [1m20s elapsed][0m[0m
TestEks 2023-10-04T09:02:42-04:00 logger.go:66: [0m[1mmodule.new_vpc_eks_runner.module.vpc[0].aws_nat_gateway.this[0]: Still creating... [1m30s elapsed][0m[0m
TestEks 2023-10-04T09:02:51-04:00 logger.go:66: [0m[1mmodule.new_vpc_eks_runner.module.eks.aws_eks_cluster.this[0]: Still creating... [1m30s elapsed][0m[0m
TestEks 2023-10-04T09:02:51-04:00 logger.go:66: [0m[1mmodule.existing_vpc_eks_runner.module.eks.aws_eks_cluster.this[0]: Still creating... [1m30s elapsed][0m[0m
TestEks 2023-10-04T09:02:52-04:00 logger.go:66: [0m[1mmodule.new_vpc_eks_runner.module.vpc[0].aws_nat_gateway.this[0]: Still creating... [1m40s elapsed][0m[0m
TestEks 2023-10-04T09:02:57-04:00 logger.go:66: [0m[1mmodule.new_vpc_eks_runner.module.vpc[0].aws_nat_gateway.this[0]: Creation complete after 1m44s [id=nat-0f240967b182a1189][0m
TestEks 2023-10-04T09:02:58-04:00 logger.go:66: [0m[1mmodule.new_vpc_eks_runner.module.vpc[0].aws_route.private_nat_gateway[0]: Creating...[0m[0m
TestEks 2023-10-04T09:03:01-04:00 logger.go:66: [0m[1mmodule.new_vpc_eks_runner.module.eks.aws_eks_cluster.this[0]: Still creating... [1m40s elapsed][0m[0m
TestEks 2023-10-04T09:03:01-04:00 logger.go:66: [0m[1mmodule.existing_vpc_eks_runner.module.eks.aws_eks_cluster.this[0]: Still creating... [1m40s elapsed][0m[0m
TestEks 2023-10-04T09:03:08-04:00 logger.go:66: [0m[1mmodule.new_vpc_eks_runner.module.vpc[0].aws_route.private_nat_gateway[0]: Still creating... [10s elapsed][0m[0m
TestEks 2023-10-04T09:03:11-04:00 logger.go:66: [0m[1mmodule.new_vpc_eks_runner.module.eks.aws_eks_cluster.this[0]: Still creating... [1m50s elapsed][0m[0m
TestEks 2023-10-04T09:03:11-04:00 logger.go:66: [0m[1mmodule.existing_vpc_eks_runner.module.eks.aws_eks_cluster.this[0]: Still creating... [1m50s elapsed][0m[0m
TestEks 2023-10-04T09:03:18-04:00 logger.go:66: [0m[1mmodule.new_vpc_eks_runner.module.vpc[0].aws_route.private_nat_gateway[0]: Still creating... [20s elapsed][0m[0m
TestEks 2023-10-04T09:03:21-04:00 logger.go:66: [0m[1mmodule.new_vpc_eks_runner.module.eks.aws_eks_cluster.this[0]: Still creating... [2m0s elapsed][0m[0m
TestEks 2023-10-04T09:03:21-04:00 logger.go:66: [0m[1mmodule.existing_vpc_eks_runner.module.eks.aws_eks_cluster.this[0]: Still creating... [2m0s elapsed][0m[0m
TestEks 2023-10-04T09:03:28-04:00 logger.go:66: [0m[1mmodule.new_vpc_eks_runner.module.vpc[0].aws_route.private_nat_gateway[0]: Still creating... [30s elapsed][0m[0m
TestEks 2023-10-04T09:03:31-04:00 logger.go:66: [0m[1mmodule.new_vpc_eks_runner.module.eks.aws_eks_cluster.this[0]: Still creating... [2m10s elapsed][0m[0m
TestEks 2023-10-04T09:03:31-04:00 logger.go:66: [0m[1mmodule.existing_vpc_eks_runner.module.eks.aws_eks_cluster.this[0]: Still creating... [2m10s elapsed][0m[0m
TestEks 2023-10-04T09:03:38-04:00 logger.go:66: [0m[1mmodule.new_vpc_eks_runner.module.vpc[0].aws_route.private_nat_gateway[0]: Still creating... [40s elapsed][0m[0m
TestEks 2023-10-04T09:03:41-04:00 logger.go:66: [0m[1mmodule.new_vpc_eks_runner.module.eks.aws_eks_cluster.this[0]: Still creating... [2m20s elapsed][0m[0m
TestEks 2023-10-04T09:03:41-04:00 logger.go:66: [0m[1mmodule.existing_vpc_eks_runner.module.eks.aws_eks_cluster.this[0]: Still creating... [2m20s elapsed][0m[0m
TestEks 2023-10-04T09:03:48-04:00 logger.go:66: [0m[1mmodule.new_vpc_eks_runner.module.vpc[0].aws_route.private_nat_gateway[0]: Still creating... [50s elapsed][0m[0m
TestEks 2023-10-04T09:03:51-04:00 logger.go:66: [0m[1mmodule.new_vpc_eks_runner.module.eks.aws_eks_cluster.this[0]: Still creating... [2m30s elapsed][0m[0m
TestEks 2023-10-04T09:03:51-04:00 logger.go:66: [0m[1mmodule.existing_vpc_eks_runner.module.eks.aws_eks_cluster.this[0]: Still creating... [2m30s elapsed][0m[0m
TestEks 2023-10-04T09:03:58-04:00 logger.go:66: [0m[1mmodule.new_vpc_eks_runner.module.vpc[0].aws_route.private_nat_gateway[0]: Still creating... [1m0s elapsed][0m[0m
TestEks 2023-10-04T09:04:01-04:00 logger.go:66: [0m[1mmodule.new_vpc_eks_runner.module.eks.aws_eks_cluster.this[0]: Still creating... [2m40s elapsed][0m[0m
TestEks 2023-10-04T09:04:01-04:00 logger.go:66: [0m[1mmodule.existing_vpc_eks_runner.module.eks.aws_eks_cluster.this[0]: Still creating... [2m40s elapsed][0m[0m
TestEks 2023-10-04T09:04:08-04:00 logger.go:66: [0m[1mmodule.new_vpc_eks_runner.module.vpc[0].aws_route.private_nat_gateway[0]: Still creating... [1m10s elapsed][0m[0m
TestEks 2023-10-04T09:04:11-04:00 logger.go:66: [0m[1mmodule.new_vpc_eks_runner.module.eks.aws_eks_cluster.this[0]: Still creating... [2m50s elapsed][0m[0m
TestEks 2023-10-04T09:04:11-04:00 logger.go:66: [0m[1mmodule.existing_vpc_eks_runner.module.eks.aws_eks_cluster.this[0]: Still creating... [2m50s elapsed][0m[0m
TestEks 2023-10-04T09:04:18-04:00 logger.go:66: [0m[1mmodule.new_vpc_eks_runner.module.vpc[0].aws_route.private_nat_gateway[0]: Still creating... [1m20s elapsed][0m[0m
TestEks 2023-10-04T09:04:21-04:00 logger.go:66: [0m[1mmodule.new_vpc_eks_runner.module.eks.aws_eks_cluster.this[0]: Still creating... [3m0s elapsed][0m[0m
TestEks 2023-10-04T09:04:21-04:00 logger.go:66: [0m[1mmodule.existing_vpc_eks_runner.module.eks.aws_eks_cluster.this[0]: Still creating... [3m0s elapsed][0m[0m
TestEks 2023-10-04T09:04:28-04:00 logger.go:66: [0m[1mmodule.new_vpc_eks_runner.module.vpc[0].aws_route.private_nat_gateway[0]: Still creating... [1m30s elapsed][0m[0m
TestEks 2023-10-04T09:04:31-04:00 logger.go:66: [0m[1mmodule.new_vpc_eks_runner.module.eks.aws_eks_cluster.this[0]: Still creating... [3m10s elapsed][0m[0m
TestEks 2023-10-04T09:04:31-04:00 logger.go:66: [0m[1mmodule.existing_vpc_eks_runner.module.eks.aws_eks_cluster.this[0]: Still creating... [3m10s elapsed][0m[0m
TestEks 2023-10-04T09:04:38-04:00 logger.go:66: [0m[1mmodule.new_vpc_eks_runner.module.vpc[0].aws_route.private_nat_gateway[0]: Still creating... [1m40s elapsed][0m[0m
TestEks 2023-10-04T09:04:41-04:00 logger.go:66: [0m[1mmodule.new_vpc_eks_runner.module.eks.aws_eks_cluster.this[0]: Still creating... [3m20s elapsed][0m[0m
TestEks 2023-10-04T09:04:41-04:00 logger.go:66: [0m[1mmodule.existing_vpc_eks_runner.module.eks.aws_eks_cluster.this[0]: Still creating... [3m20s elapsed][0m[0m
TestEks 2023-10-04T09:04:48-04:00 logger.go:66: [0m[1mmodule.new_vpc_eks_runner.module.vpc[0].aws_route.private_nat_gateway[0]: Still creating... [1m50s elapsed][0m[0m
TestEks 2023-10-04T09:04:51-04:00 logger.go:66: [0m[1mmodule.new_vpc_eks_runner.module.eks.aws_eks_cluster.this[0]: Still creating... [3m30s elapsed][0m[0m
TestEks 2023-10-04T09:04:51-04:00 logger.go:66: [0m[1mmodule.existing_vpc_eks_runner.module.eks.aws_eks_cluster.this[0]: Still creating... [3m30s elapsed][0m[0m
TestEks 2023-10-04T09:04:58-04:00 logger.go:66: [0m[1mmodule.new_vpc_eks_runner.module.vpc[0].aws_route.private_nat_gateway[0]: Still creating... [2m0s elapsed][0m[0m
TestEks 2023-10-04T09:05:01-04:00 logger.go:66: [0m[1mmodule.new_vpc_eks_runner.module.eks.aws_eks_cluster.this[0]: Still creating... [3m40s elapsed][0m[0m
TestEks 2023-10-04T09:05:01-04:00 logger.go:66: [0m[1mmodule.existing_vpc_eks_runner.module.eks.aws_eks_cluster.this[0]: Still creating... [3m40s elapsed][0m[0m
TestEks 2023-10-04T09:05:08-04:00 logger.go:66: [0m[1mmodule.new_vpc_eks_runner.module.vpc[0].aws_route.private_nat_gateway[0]: Still creating... [2m10s elapsed][0m[0m
TestEks 2023-10-04T09:05:11-04:00 logger.go:66: [0m[1mmodule.new_vpc_eks_runner.module.eks.aws_eks_cluster.this[0]: Still creating... [3m50s elapsed][0m[0m
TestEks 2023-10-04T09:05:11-04:00 logger.go:66: [0m[1mmodule.existing_vpc_eks_runner.module.eks.aws_eks_cluster.this[0]: Still creating... [3m50s elapsed][0m[0m
TestEks 2023-10-04T09:05:18-04:00 logger.go:66: [0m[1mmodule.new_vpc_eks_runner.module.vpc[0].aws_route.private_nat_gateway[0]: Still creating... [2m20s elapsed][0m[0m
TestEks 2023-10-04T09:05:21-04:00 logger.go:66: [0m[1mmodule.new_vpc_eks_runner.module.eks.aws_eks_cluster.this[0]: Still creating... [4m0s elapsed][0m[0m
TestEks 2023-10-04T09:05:21-04:00 logger.go:66: [0m[1mmodule.existing_vpc_eks_runner.module.eks.aws_eks_cluster.this[0]: Still creating... [4m0s elapsed][0m[0m
TestEks 2023-10-04T09:05:28-04:00 logger.go:66: [0m[1mmodule.new_vpc_eks_runner.module.vpc[0].aws_route.private_nat_gateway[0]: Still creating... [2m30s elapsed][0m[0m
TestEks 2023-10-04T09:05:31-04:00 logger.go:66: [0m[1mmodule.new_vpc_eks_runner.module.eks.aws_eks_cluster.this[0]: Still creating... [4m10s elapsed][0m[0m
TestEks 2023-10-04T09:05:31-04:00 logger.go:66: [0m[1mmodule.existing_vpc_eks_runner.module.eks.aws_eks_cluster.this[0]: Still creating... [4m10s elapsed][0m[0m
TestEks 2023-10-04T09:05:38-04:00 logger.go:66: [0m[1mmodule.new_vpc_eks_runner.module.vpc[0].aws_route.private_nat_gateway[0]: Still creating... [2m40s elapsed][0m[0m
TestEks 2023-10-04T09:05:41-04:00 logger.go:66: [0m[1mmodule.new_vpc_eks_runner.module.eks.aws_eks_cluster.this[0]: Still creating... [4m20s elapsed][0m[0m
TestEks 2023-10-04T09:05:41-04:00 logger.go:66: [0m[1mmodule.existing_vpc_eks_runner.module.eks.aws_eks_cluster.this[0]: Still creating... [4m20s elapsed][0m[0m
TestEks 2023-10-04T09:05:48-04:00 logger.go:66: [0m[1mmodule.new_vpc_eks_runner.module.vpc[0].aws_route.private_nat_gateway[0]: Still creating... [2m50s elapsed][0m[0m
TestEks 2023-10-04T09:05:51-04:00 logger.go:66: [0m[1mmodule.new_vpc_eks_runner.module.eks.aws_eks_cluster.this[0]: Still creating... [4m30s elapsed][0m[0m
TestEks 2023-10-04T09:05:51-04:00 logger.go:66: [0m[1mmodule.existing_vpc_eks_runner.module.eks.aws_eks_cluster.this[0]: Still creating... [4m30s elapsed][0m[0m
TestEks 2023-10-04T09:05:54-04:00 logger.go:66: [0m[1mmodule.new_vpc_eks_runner.module.vpc[0].aws_route.private_nat_gateway[0]: Creation complete after 2m56s [id=r-rtb-0cdd8a29d5ee4a7371080289494][0m
TestEks 2023-10-04T09:06:01-04:00 logger.go:66: [0m[1mmodule.new_vpc_eks_runner.module.eks.aws_eks_cluster.this[0]: Still creating... [4m40s elapsed][0m[0m
TestEks 2023-10-04T09:06:01-04:00 logger.go:66: [0m[1mmodule.existing_vpc_eks_runner.module.eks.aws_eks_cluster.this[0]: Still creating... [4m40s elapsed][0m[0m
TestEks 2023-10-04T09:06:11-04:00 logger.go:66: [0m[1mmodule.new_vpc_eks_runner.module.eks.aws_eks_cluster.this[0]: Still creating... [4m50s elapsed][0m[0m
TestEks 2023-10-04T09:06:11-04:00 logger.go:66: [0m[1mmodule.existing_vpc_eks_runner.module.eks.aws_eks_cluster.this[0]: Still creating... [4m50s elapsed][0m[0m
TestEks 2023-10-04T09:06:21-04:00 logger.go:66: [0m[1mmodule.new_vpc_eks_runner.module.eks.aws_eks_cluster.this[0]: Still creating... [5m0s elapsed][0m[0m
TestEks 2023-10-04T09:06:21-04:00 logger.go:66: [0m[1mmodule.existing_vpc_eks_runner.module.eks.aws_eks_cluster.this[0]: Still creating... [5m0s elapsed][0m[0m
TestEks 2023-10-04T09:06:31-04:00 logger.go:66: [0m[1mmodule.new_vpc_eks_runner.module.eks.aws_eks_cluster.this[0]: Still creating... [5m10s elapsed][0m[0m
TestEks 2023-10-04T09:06:31-04:00 logger.go:66: [0m[1mmodule.existing_vpc_eks_runner.module.eks.aws_eks_cluster.this[0]: Still creating... [5m10s elapsed][0m[0m
TestEks 2023-10-04T09:06:41-04:00 logger.go:66: [0m[1mmodule.new_vpc_eks_runner.module.eks.aws_eks_cluster.this[0]: Still creating... [5m20s elapsed][0m[0m
TestEks 2023-10-04T09:06:41-04:00 logger.go:66: [0m[1mmodule.existing_vpc_eks_runner.module.eks.aws_eks_cluster.this[0]: Still creating... [5m20s elapsed][0m[0m
TestEks 2023-10-04T09:06:51-04:00 logger.go:66: [0m[1mmodule.new_vpc_eks_runner.module.eks.aws_eks_cluster.this[0]: Still creating... [5m30s elapsed][0m[0m
TestEks 2023-10-04T09:06:51-04:00 logger.go:66: [0m[1mmodule.existing_vpc_eks_runner.module.eks.aws_eks_cluster.this[0]: Still creating... [5m30s elapsed][0m[0m
TestEks 2023-10-04T09:07:01-04:00 logger.go:66: [0m[1mmodule.new_vpc_eks_runner.module.eks.aws_eks_cluster.this[0]: Still creating... [5m40s elapsed][0m[0m
TestEks 2023-10-04T09:07:01-04:00 logger.go:66: [0m[1mmodule.existing_vpc_eks_runner.module.eks.aws_eks_cluster.this[0]: Still creating... [5m40s elapsed][0m[0m
TestEks 2023-10-04T09:07:11-04:00 logger.go:66: [0m[1mmodule.new_vpc_eks_runner.module.eks.aws_eks_cluster.this[0]: Still creating... [5m50s elapsed][0m[0m
TestEks 2023-10-04T09:07:11-04:00 logger.go:66: [0m[1mmodule.existing_vpc_eks_runner.module.eks.aws_eks_cluster.this[0]: Still creating... [5m50s elapsed][0m[0m
TestEks 2023-10-04T09:07:21-04:00 logger.go:66: [0m[1mmodule.new_vpc_eks_runner.module.eks.aws_eks_cluster.this[0]: Still creating... [6m0s elapsed][0m[0m
TestEks 2023-10-04T09:07:21-04:00 logger.go:66: [0m[1mmodule.existing_vpc_eks_runner.module.eks.aws_eks_cluster.this[0]: Still creating... [6m0s elapsed][0m[0m
TestEks 2023-10-04T09:07:31-04:00 logger.go:66: [0m[1mmodule.new_vpc_eks_runner.module.eks.aws_eks_cluster.this[0]: Still creating... [6m10s elapsed][0m[0m
TestEks 2023-10-04T09:07:31-04:00 logger.go:66: [0m[1mmodule.existing_vpc_eks_runner.module.eks.aws_eks_cluster.this[0]: Still creating... [6m10s elapsed][0m[0m
TestEks 2023-10-04T09:07:41-04:00 logger.go:66: [0m[1mmodule.new_vpc_eks_runner.module.eks.aws_eks_cluster.this[0]: Still creating... [6m20s elapsed][0m[0m
TestEks 2023-10-04T09:07:41-04:00 logger.go:66: [0m[1mmodule.existing_vpc_eks_runner.module.eks.aws_eks_cluster.this[0]: Still creating... [6m20s elapsed][0m[0m
TestEks 2023-10-04T09:07:51-04:00 logger.go:66: [0m[1mmodule.new_vpc_eks_runner.module.eks.aws_eks_cluster.this[0]: Still creating... [6m30s elapsed][0m[0m
TestEks 2023-10-04T09:07:51-04:00 logger.go:66: [0m[1mmodule.existing_vpc_eks_runner.module.eks.aws_eks_cluster.this[0]: Still creating... [6m30s elapsed][0m[0m
TestEks 2023-10-04T09:08:01-04:00 logger.go:66: [0m[1mmodule.new_vpc_eks_runner.module.eks.aws_eks_cluster.this[0]: Still creating... [6m40s elapsed][0m[0m
TestEks 2023-10-04T09:08:01-04:00 logger.go:66: [0m[1mmodule.existing_vpc_eks_runner.module.eks.aws_eks_cluster.this[0]: Still creating... [6m40s elapsed][0m[0m
TestEks 2023-10-04T09:08:11-04:00 logger.go:66: [0m[1mmodule.new_vpc_eks_runner.module.eks.aws_eks_cluster.this[0]: Still creating... [6m50s elapsed][0m[0m
TestEks 2023-10-04T09:08:11-04:00 logger.go:66: [0m[1mmodule.existing_vpc_eks_runner.module.eks.aws_eks_cluster.this[0]: Still creating... [6m50s elapsed][0m[0m
TestEks 2023-10-04T09:08:21-04:00 logger.go:66: [0m[1mmodule.new_vpc_eks_runner.module.eks.aws_eks_cluster.this[0]: Still creating... [7m0s elapsed][0m[0m
TestEks 2023-10-04T09:08:21-04:00 logger.go:66: [0m[1mmodule.existing_vpc_eks_runner.module.eks.aws_eks_cluster.this[0]: Still creating... [7m0s elapsed][0m[0m
TestEks 2023-10-04T09:08:31-04:00 logger.go:66: [0m[1mmodule.new_vpc_eks_runner.module.eks.aws_eks_cluster.this[0]: Still creating... [7m10s elapsed][0m[0m
TestEks 2023-10-04T09:08:31-04:00 logger.go:66: [0m[1mmodule.existing_vpc_eks_runner.module.eks.aws_eks_cluster.this[0]: Still creating... [7m10s elapsed][0m[0m
TestEks 2023-10-04T09:08:41-04:00 logger.go:66: [0m[1mmodule.new_vpc_eks_runner.module.eks.aws_eks_cluster.this[0]: Still creating... [7m20s elapsed][0m[0m
TestEks 2023-10-04T09:08:41-04:00 logger.go:66: [0m[1mmodule.existing_vpc_eks_runner.module.eks.aws_eks_cluster.this[0]: Still creating... [7m20s elapsed][0m[0m
TestEks 2023-10-04T09:08:51-04:00 logger.go:66: [0m[1mmodule.new_vpc_eks_runner.module.eks.aws_eks_cluster.this[0]: Still creating... [7m30s elapsed][0m[0m
TestEks 2023-10-04T09:08:51-04:00 logger.go:66: [0m[1mmodule.existing_vpc_eks_runner.module.eks.aws_eks_cluster.this[0]: Still creating... [7m30s elapsed][0m[0m
TestEks 2023-10-04T09:09:01-04:00 logger.go:66: [0m[1mmodule.new_vpc_eks_runner.module.eks.aws_eks_cluster.this[0]: Still creating... [7m40s elapsed][0m[0m
TestEks 2023-10-04T09:09:01-04:00 logger.go:66: [0m[1mmodule.existing_vpc_eks_runner.module.eks.aws_eks_cluster.this[0]: Still creating... [7m40s elapsed][0m[0m
TestEks 2023-10-04T09:09:11-04:00 logger.go:66: [0m[1mmodule.new_vpc_eks_runner.module.eks.aws_eks_cluster.this[0]: Still creating... [7m50s elapsed][0m[0m
TestEks 2023-10-04T09:09:11-04:00 logger.go:66: [0m[1mmodule.existing_vpc_eks_runner.module.eks.aws_eks_cluster.this[0]: Still creating... [7m50s elapsed][0m[0m
TestEks 2023-10-04T09:09:21-04:00 logger.go:66: [0m[1mmodule.new_vpc_eks_runner.module.eks.aws_eks_cluster.this[0]: Still creating... [8m0s elapsed][0m[0m
TestEks 2023-10-04T09:09:21-04:00 logger.go:66: [0m[1mmodule.existing_vpc_eks_runner.module.eks.aws_eks_cluster.this[0]: Still creating... [8m0s elapsed][0m[0m
TestEks 2023-10-04T09:09:31-04:00 logger.go:66: [0m[1mmodule.new_vpc_eks_runner.module.eks.aws_eks_cluster.this[0]: Still creating... [8m10s elapsed][0m[0m
TestEks 2023-10-04T09:09:31-04:00 logger.go:66: [0m[1mmodule.existing_vpc_eks_runner.module.eks.aws_eks_cluster.this[0]: Still creating... [8m10s elapsed][0m[0m
TestEks 2023-10-04T09:09:41-04:00 logger.go:66: [0m[1mmodule.new_vpc_eks_runner.module.eks.aws_eks_cluster.this[0]: Still creating... [8m20s elapsed][0m[0m
TestEks 2023-10-04T09:09:41-04:00 logger.go:66: [0m[1mmodule.existing_vpc_eks_runner.module.eks.aws_eks_cluster.this[0]: Still creating... [8m20s elapsed][0m[0m
TestEks 2023-10-04T09:09:51-04:00 logger.go:66: [0m[1mmodule.new_vpc_eks_runner.module.eks.aws_eks_cluster.this[0]: Still creating... [8m30s elapsed][0m[0m
TestEks 2023-10-04T09:09:51-04:00 logger.go:66: [0m[1mmodule.existing_vpc_eks_runner.module.eks.aws_eks_cluster.this[0]: Still creating... [8m30s elapsed][0m[0m
TestEks 2023-10-04T09:10:01-04:00 logger.go:66: [0m[1mmodule.new_vpc_eks_runner.module.eks.aws_eks_cluster.this[0]: Still creating... [8m40s elapsed][0m[0m
TestEks 2023-10-04T09:10:01-04:00 logger.go:66: [0m[1mmodule.existing_vpc_eks_runner.module.eks.aws_eks_cluster.this[0]: Still creating... [8m40s elapsed][0m[0m
TestEks 2023-10-04T09:10:11-04:00 logger.go:66: [0m[1mmodule.new_vpc_eks_runner.module.eks.aws_eks_cluster.this[0]: Still creating... [8m50s elapsed][0m[0m
TestEks 2023-10-04T09:10:11-04:00 logger.go:66: [0m[1mmodule.existing_vpc_eks_runner.module.eks.aws_eks_cluster.this[0]: Still creating... [8m50s elapsed][0m[0m
TestEks 2023-10-04T09:10:15-04:00 logger.go:66: [0m[1mmodule.existing_vpc_eks_runner.module.eks.aws_eks_cluster.this[0]: Creation complete after 8m53s [id=eks-runner-go-19867-demo][0m
TestEks 2023-10-04T09:10:16-04:00 logger.go:66: [0m[1mmodule.existing_vpc_eks_runner.module.eks.data.aws_eks_addon_version.this["vpc-cni"]: Reading...[0m[0m
TestEks 2023-10-04T09:10:16-04:00 logger.go:66: [0m[1mmodule.existing_vpc_eks_runner.module.eks.data.aws_eks_addon_version.this["coredns"]: Reading...[0m[0m
TestEks 2023-10-04T09:10:16-04:00 logger.go:66: [0m[1mmodule.existing_vpc_eks_runner.module.eks.aws_ec2_tag.cluster_primary_security_group["t_AppID"]: Creating...[0m[0m
TestEks 2023-10-04T09:10:16-04:00 logger.go:66: [0m[1mmodule.existing_vpc_eks_runner.module.eks.aws_ec2_tag.cluster_primary_security_group["Owner"]: Creating...[0m[0m
TestEks 2023-10-04T09:10:16-04:00 logger.go:66: [0m[1mmodule.existing_vpc_eks_runner.module.eks.aws_ec2_tag.cluster_primary_security_group["t_environment"]: Creating...[0m[0m
TestEks 2023-10-04T09:10:16-04:00 logger.go:66: [0m[1mmodule.existing_vpc_eks_runner.module.eks.data.aws_eks_addon_version.this["kube-proxy"]: Reading...[0m[0m
TestEks 2023-10-04T09:10:16-04:00 logger.go:66: [0m[1mmodule.existing_vpc_eks_runner.module.eks.aws_ec2_tag.cluster_primary_security_group["t_dcl"]: Creating...[0m[0m
TestEks 2023-10-04T09:10:16-04:00 logger.go:66: [0m[1mmodule.existing_vpc_eks_runner.module.eks.time_sleep.this[0]: Creating...[0m[0m
TestEks 2023-10-04T09:10:16-04:00 logger.go:66: [0m[1mmodule.existing_vpc_eks_runner.module.eks.data.aws_eks_addon_version.this["kube-proxy"]: Read complete after 0s [id=kube-proxy][0m
TestEks 2023-10-04T09:10:16-04:00 logger.go:66: [0m[1mmodule.existing_vpc_eks_runner.module.eks.data.aws_eks_addon_version.this["vpc-cni"]: Read complete after 0s [id=vpc-cni][0m
TestEks 2023-10-04T09:10:16-04:00 logger.go:66: [0m[1mmodule.existing_vpc_eks_runner.module.eks.data.aws_eks_addon_version.this["coredns"]: Read complete after 1s [id=coredns][0m
TestEks 2023-10-04T09:10:16-04:00 logger.go:66: [0m[1mmodule.existing_vpc_eks_runner.module.eks.aws_eks_addon.before_compute["vpc-cni"]: Creating...[0m[0m
TestEks 2023-10-04T09:10:16-04:00 logger.go:66: [0m[1mmodule.existing_vpc_eks_runner.module.eks.aws_ec2_tag.cluster_primary_security_group["t_dcl"]: Creation complete after 1s [id=sg-00c647a14c7edc89c,t_dcl][0m
TestEks 2023-10-04T09:10:16-04:00 logger.go:66: [0m[1mmodule.existing_vpc_eks_runner.module.eks.aws_ec2_tag.cluster_primary_security_group["t_environment"]: Creation complete after 1s [id=sg-00c647a14c7edc89c,t_environment][0m
TestEks 2023-10-04T09:10:16-04:00 logger.go:66: [0m[1mmodule.existing_vpc_eks_runner.module.eks.aws_ec2_tag.cluster_primary_security_group["Owner"]: Creation complete after 1s [id=sg-00c647a14c7edc89c,Owner][0m
TestEks 2023-10-04T09:10:17-04:00 logger.go:66: [0m[1mmodule.existing_vpc_eks_runner.module.eks.aws_ec2_tag.cluster_primary_security_group["t_AppID"]: Creation complete after 1s [id=sg-00c647a14c7edc89c,t_AppID][0m
TestEks 2023-10-04T09:10:21-04:00 logger.go:66: [0m[1mmodule.new_vpc_eks_runner.module.eks.aws_eks_cluster.this[0]: Still creating... [9m0s elapsed][0m[0m
TestEks 2023-10-04T09:10:26-04:00 logger.go:66: [0m[1mmodule.existing_vpc_eks_runner.module.eks.time_sleep.this[0]: Still creating... [10s elapsed][0m[0m
TestEks 2023-10-04T09:10:26-04:00 logger.go:66: [0m[1mmodule.existing_vpc_eks_runner.module.eks.aws_eks_addon.before_compute["vpc-cni"]: Still creating... [10s elapsed][0m[0m
TestEks 2023-10-04T09:10:31-04:00 logger.go:66: [0m[1mmodule.new_vpc_eks_runner.module.eks.aws_eks_cluster.this[0]: Still creating... [9m10s elapsed][0m[0m
TestEks 2023-10-04T09:10:36-04:00 logger.go:66: [0m[1mmodule.existing_vpc_eks_runner.module.eks.time_sleep.this[0]: Still creating... [20s elapsed][0m[0m
TestEks 2023-10-04T09:10:36-04:00 logger.go:66: [0m[1mmodule.existing_vpc_eks_runner.module.eks.aws_eks_addon.before_compute["vpc-cni"]: Still creating... [20s elapsed][0m[0m
TestEks 2023-10-04T09:10:41-04:00 logger.go:66: [0m[1mmodule.new_vpc_eks_runner.module.eks.aws_eks_cluster.this[0]: Still creating... [9m20s elapsed][0m[0m
TestEks 2023-10-04T09:10:46-04:00 logger.go:66: [0m[1mmodule.existing_vpc_eks_runner.module.eks.time_sleep.this[0]: Creation complete after 30s [id=2023-10-04T13:10:46Z][0m
TestEks 2023-10-04T09:10:46-04:00 logger.go:66: [0m[1mmodule.existing_vpc_eks_runner.module.eks.aws_eks_addon.before_compute["vpc-cni"]: Still creating... [30s elapsed][0m[0m
TestEks 2023-10-04T09:10:47-04:00 logger.go:66: [0m[1mmodule.existing_vpc_eks_runner.module.eks.module.eks_managed_node_group["eks-gitlab-runner"].aws_launch_template.this[0]: Creating...[0m[0m
TestEks 2023-10-04T09:10:47-04:00 logger.go:66: [0m[1mmodule.existing_vpc_eks_runner.module.eks.module.eks_managed_node_group["eks-gitlab-runner"].aws_launch_template.this[0]: Creation complete after 0s [id=lt-073f4ff19b3a6cfb8][0m
TestEks 2023-10-04T09:10:47-04:00 logger.go:66: [0m[1mmodule.existing_vpc_eks_runner.module.eks.module.eks_managed_node_group["eks-gitlab-runner"].aws_eks_node_group.this[0]: Creating...[0m[0m
TestEks 2023-10-04T09:10:51-04:00 logger.go:66: [0m[1mmodule.new_vpc_eks_runner.module.eks.aws_eks_cluster.this[0]: Still creating... [9m30s elapsed][0m[0m
TestEks 2023-10-04T09:10:56-04:00 logger.go:66: [0m[1mmodule.existing_vpc_eks_runner.module.eks.aws_eks_addon.before_compute["vpc-cni"]: Still creating... [40s elapsed][0m[0m
TestEks 2023-10-04T09:10:57-04:00 logger.go:66: [0m[1mmodule.existing_vpc_eks_runner.module.eks.module.eks_managed_node_group["eks-gitlab-runner"].aws_eks_node_group.this[0]: Still creating... [10s elapsed][0m[0m
TestEks 2023-10-04T09:11:01-04:00 logger.go:66: [0m[1mmodule.new_vpc_eks_runner.module.eks.aws_eks_cluster.this[0]: Still creating... [9m40s elapsed][0m[0m
TestEks 2023-10-04T09:11:06-04:00 logger.go:66: [0m[1mmodule.existing_vpc_eks_runner.module.eks.aws_eks_addon.before_compute["vpc-cni"]: Still creating... [50s elapsed][0m[0m
TestEks 2023-10-04T09:11:07-04:00 logger.go:66: [0m[1mmodule.existing_vpc_eks_runner.module.eks.module.eks_managed_node_group["eks-gitlab-runner"].aws_eks_node_group.this[0]: Still creating... [20s elapsed][0m[0m
TestEks 2023-10-04T09:11:11-04:00 logger.go:66: [0m[1mmodule.new_vpc_eks_runner.module.eks.aws_eks_cluster.this[0]: Still creating... [9m50s elapsed][0m[0m
TestEks 2023-10-04T09:11:16-04:00 logger.go:66: [0m[1mmodule.existing_vpc_eks_runner.module.eks.aws_eks_addon.before_compute["vpc-cni"]: Still creating... [1m0s elapsed][0m[0m
TestEks 2023-10-04T09:11:17-04:00 logger.go:66: [0m[1mmodule.existing_vpc_eks_runner.module.eks.module.eks_managed_node_group["eks-gitlab-runner"].aws_eks_node_group.this[0]: Still creating... [30s elapsed][0m[0m
TestEks 2023-10-04T09:11:21-04:00 logger.go:66: [0m[1mmodule.new_vpc_eks_runner.module.eks.aws_eks_cluster.this[0]: Still creating... [10m0s elapsed][0m[0m
TestEks 2023-10-04T09:11:26-04:00 logger.go:66: [0m[1mmodule.existing_vpc_eks_runner.module.eks.aws_eks_addon.before_compute["vpc-cni"]: Still creating... [1m10s elapsed][0m[0m
TestEks 2023-10-04T09:11:27-04:00 logger.go:66: [0m[1mmodule.existing_vpc_eks_runner.module.eks.module.eks_managed_node_group["eks-gitlab-runner"].aws_eks_node_group.this[0]: Still creating... [40s elapsed][0m[0m
TestEks 2023-10-04T09:11:31-04:00 logger.go:66: [0m[1mmodule.new_vpc_eks_runner.module.eks.aws_eks_cluster.this[0]: Still creating... [10m10s elapsed][0m[0m
TestEks 2023-10-04T09:11:36-04:00 logger.go:66: [0m[1mmodule.existing_vpc_eks_runner.module.eks.aws_eks_addon.before_compute["vpc-cni"]: Still creating... [1m20s elapsed][0m[0m
TestEks 2023-10-04T09:11:37-04:00 logger.go:66: [0m[1mmodule.existing_vpc_eks_runner.module.eks.module.eks_managed_node_group["eks-gitlab-runner"].aws_eks_node_group.this[0]: Still creating... [51s elapsed][0m[0m
TestEks 2023-10-04T09:11:41-04:00 logger.go:66: [0m[1mmodule.new_vpc_eks_runner.module.eks.aws_eks_cluster.this[0]: Still creating... [10m20s elapsed][0m[0m
TestEks 2023-10-04T09:11:46-04:00 logger.go:66: [0m[1mmodule.existing_vpc_eks_runner.module.eks.aws_eks_addon.before_compute["vpc-cni"]: Still creating... [1m30s elapsed][0m[0m
TestEks 2023-10-04T09:11:47-04:00 logger.go:66: [0m[1mmodule.existing_vpc_eks_runner.module.eks.module.eks_managed_node_group["eks-gitlab-runner"].aws_eks_node_group.this[0]: Still creating... [1m1s elapsed][0m[0m
TestEks 2023-10-04T09:11:51-04:00 logger.go:66: [0m[1mmodule.new_vpc_eks_runner.module.eks.aws_eks_cluster.this[0]: Still creating... [10m30s elapsed][0m[0m
TestEks 2023-10-04T09:11:56-04:00 logger.go:66: [0m[1mmodule.existing_vpc_eks_runner.module.eks.aws_eks_addon.before_compute["vpc-cni"]: Still creating... [1m40s elapsed][0m[0m
TestEks 2023-10-04T09:11:57-04:00 logger.go:66: [0m[1mmodule.existing_vpc_eks_runner.module.eks.module.eks_managed_node_group["eks-gitlab-runner"].aws_eks_node_group.this[0]: Still creating... [1m11s elapsed][0m[0m
TestEks 2023-10-04T09:12:01-04:00 logger.go:66: [0m[1mmodule.new_vpc_eks_runner.module.eks.aws_eks_cluster.this[0]: Still creating... [10m40s elapsed][0m[0m
TestEks 2023-10-04T09:12:06-04:00 logger.go:66: [0m[1mmodule.existing_vpc_eks_runner.module.eks.aws_eks_addon.before_compute["vpc-cni"]: Still creating... [1m50s elapsed][0m[0m
TestEks 2023-10-04T09:12:07-04:00 logger.go:66: [0m[1mmodule.existing_vpc_eks_runner.module.eks.module.eks_managed_node_group["eks-gitlab-runner"].aws_eks_node_group.this[0]: Still creating... [1m21s elapsed][0m[0m
TestEks 2023-10-04T09:12:11-04:00 logger.go:66: [0m[1mmodule.new_vpc_eks_runner.module.eks.aws_eks_cluster.this[0]: Still creating... [10m50s elapsed][0m[0m
TestEks 2023-10-04T09:12:16-04:00 logger.go:66: [0m[1mmodule.existing_vpc_eks_runner.module.eks.aws_eks_addon.before_compute["vpc-cni"]: Still creating... [2m0s elapsed][0m[0m
TestEks 2023-10-04T09:12:17-04:00 logger.go:66: [0m[1mmodule.existing_vpc_eks_runner.module.eks.module.eks_managed_node_group["eks-gitlab-runner"].aws_eks_node_group.this[0]: Still creating... [1m31s elapsed][0m[0m
TestEks 2023-10-04T09:12:21-04:00 logger.go:66: [0m[1mmodule.new_vpc_eks_runner.module.eks.aws_eks_cluster.this[0]: Still creating... [11m0s elapsed][0m[0m
TestEks 2023-10-04T09:12:23-04:00 logger.go:66: [0m[1mmodule.existing_vpc_eks_runner.module.eks.aws_eks_addon.before_compute["vpc-cni"]: Creation complete after 2m6s [id=eks-runner-go-19867-demo:vpc-cni][0m
TestEks 2023-10-04T09:12:27-04:00 logger.go:66: [0m[1mmodule.existing_vpc_eks_runner.module.eks.module.eks_managed_node_group["eks-gitlab-runner"].aws_eks_node_group.this[0]: Still creating... [1m41s elapsed][0m[0m
TestEks 2023-10-04T09:12:31-04:00 logger.go:66: [0m[1mmodule.new_vpc_eks_runner.module.eks.aws_eks_cluster.this[0]: Still creating... [11m10s elapsed][0m[0m
TestEks 2023-10-04T09:12:36-04:00 logger.go:66: [0m[1mmodule.new_vpc_eks_runner.module.eks.aws_eks_cluster.this[0]: Creation complete after 11m16s [id=eks-runner-go-10604-demo][0m
TestEks 2023-10-04T09:12:36-04:00 logger.go:66: [0m[1mmodule.new_vpc_eks_runner.module.eks.data.aws_eks_addon_version.this["vpc-cni"]: Reading...[0m[0m
TestEks 2023-10-04T09:12:36-04:00 logger.go:66: [0m[1mmodule.new_vpc_eks_runner.module.eks.data.aws_eks_addon_version.this["coredns"]: Reading...[0m[0m
TestEks 2023-10-04T09:12:36-04:00 logger.go:66: [0m[1mmodule.new_vpc_eks_runner.module.eks.data.aws_eks_addon_version.this["kube-proxy"]: Reading...[0m[0m
TestEks 2023-10-04T09:12:36-04:00 logger.go:66: [0m[1mmodule.new_vpc_eks_runner.module.eks.aws_ec2_tag.cluster_primary_security_group["t_AppID"]: Creating...[0m[0m
TestEks 2023-10-04T09:12:36-04:00 logger.go:66: [0m[1mmodule.new_vpc_eks_runner.module.eks.aws_ec2_tag.cluster_primary_security_group["t_dcl"]: Creating...[0m[0m
TestEks 2023-10-04T09:12:36-04:00 logger.go:66: [0m[1mmodule.new_vpc_eks_runner.module.eks.aws_ec2_tag.cluster_primary_security_group["t_environment"]: Creating...[0m[0m
TestEks 2023-10-04T09:12:36-04:00 logger.go:66: [0m[1mmodule.new_vpc_eks_runner.module.eks.aws_ec2_tag.cluster_primary_security_group["Owner"]: Creating...[0m[0m
TestEks 2023-10-04T09:12:36-04:00 logger.go:66: [0m[1mmodule.new_vpc_eks_runner.module.eks.time_sleep.this[0]: Creating...[0m[0m
TestEks 2023-10-04T09:12:37-04:00 logger.go:66: [0m[1mmodule.new_vpc_eks_runner.module.eks.data.aws_eks_addon_version.this["kube-proxy"]: Read complete after 0s [id=kube-proxy][0m
TestEks 2023-10-04T09:12:37-04:00 logger.go:66: [0m[1mmodule.new_vpc_eks_runner.module.eks.data.aws_eks_addon_version.this["vpc-cni"]: Read complete after 0s [id=vpc-cni][0m
TestEks 2023-10-04T09:12:37-04:00 logger.go:66: [0m[1mmodule.new_vpc_eks_runner.module.eks.data.aws_eks_addon_version.this["coredns"]: Read complete after 0s [id=coredns][0m
TestEks 2023-10-04T09:12:37-04:00 logger.go:66: [0m[1mmodule.new_vpc_eks_runner.module.eks.aws_eks_addon.before_compute["vpc-cni"]: Creating...[0m[0m
TestEks 2023-10-04T09:12:37-04:00 logger.go:66: [0m[1mmodule.existing_vpc_eks_runner.module.eks.module.eks_managed_node_group["eks-gitlab-runner"].aws_eks_node_group.this[0]: Still creating... [1m51s elapsed][0m[0m
TestEks 2023-10-04T09:12:37-04:00 logger.go:66: [0m[1mmodule.new_vpc_eks_runner.module.eks.aws_ec2_tag.cluster_primary_security_group["t_environment"]: Creation complete after 1s [id=sg-0ab0213631b6d2495,t_environment][0m
TestEks 2023-10-04T09:12:37-04:00 logger.go:66: [0m[1mmodule.new_vpc_eks_runner.module.eks.aws_ec2_tag.cluster_primary_security_group["t_dcl"]: Creation complete after 1s [id=sg-0ab0213631b6d2495,t_dcl][0m
TestEks 2023-10-04T09:12:37-04:00 logger.go:66: [0m[1mmodule.new_vpc_eks_runner.module.eks.aws_ec2_tag.cluster_primary_security_group["t_AppID"]: Creation complete after 1s [id=sg-0ab0213631b6d2495,t_AppID][0m
TestEks 2023-10-04T09:12:37-04:00 logger.go:66: [0m[1mmodule.new_vpc_eks_runner.module.eks.aws_ec2_tag.cluster_primary_security_group["Owner"]: Creation complete after 1s [id=sg-0ab0213631b6d2495,Owner][0m
TestEks 2023-10-04T09:12:46-04:00 logger.go:66: [0m[1mmodule.new_vpc_eks_runner.module.eks.time_sleep.this[0]: Still creating... [10s elapsed][0m[0m
TestEks 2023-10-04T09:12:47-04:00 logger.go:66: [0m[1mmodule.new_vpc_eks_runner.module.eks.aws_eks_addon.before_compute["vpc-cni"]: Still creating... [10s elapsed][0m[0m
TestEks 2023-10-04T09:12:47-04:00 logger.go:66: [0m[1mmodule.existing_vpc_eks_runner.module.eks.module.eks_managed_node_group["eks-gitlab-runner"].aws_eks_node_group.this[0]: Still creating... [2m1s elapsed][0m[0m
TestEks 2023-10-04T09:12:56-04:00 logger.go:66: [0m[1mmodule.new_vpc_eks_runner.module.eks.time_sleep.this[0]: Still creating... [20s elapsed][0m[0m
TestEks 2023-10-04T09:12:57-04:00 logger.go:66: [0m[1mmodule.new_vpc_eks_runner.module.eks.aws_eks_addon.before_compute["vpc-cni"]: Still creating... [20s elapsed][0m[0m
TestEks 2023-10-04T09:12:57-04:00 logger.go:66: [0m[1mmodule.existing_vpc_eks_runner.module.eks.module.eks_managed_node_group["eks-gitlab-runner"].aws_eks_node_group.this[0]: Still creating... [2m11s elapsed][0m[0m
TestEks 2023-10-04T09:13:06-04:00 logger.go:66: [0m[1mmodule.new_vpc_eks_runner.module.eks.time_sleep.this[0]: Still creating... [30s elapsed][0m[0m
TestEks 2023-10-04T09:13:06-04:00 logger.go:66: [0m[1mmodule.new_vpc_eks_runner.module.eks.time_sleep.this[0]: Creation complete after 30s [id=2023-10-04T13:13:06Z][0m
TestEks 2023-10-04T09:13:07-04:00 logger.go:66: [0m[1mmodule.new_vpc_eks_runner.module.eks.aws_eks_addon.before_compute["vpc-cni"]: Still creating... [30s elapsed][0m[0m
TestEks 2023-10-04T09:13:07-04:00 logger.go:66: [0m[1mmodule.existing_vpc_eks_runner.module.eks.module.eks_managed_node_group["eks-gitlab-runner"].aws_eks_node_group.this[0]: Still creating... [2m21s elapsed][0m[0m
TestEks 2023-10-04T09:13:08-04:00 logger.go:66: [0m[1mmodule.new_vpc_eks_runner.module.eks.module.eks_managed_node_group["eks-gitlab-runner"].aws_launch_template.this[0]: Creating...[0m[0m
TestEks 2023-10-04T09:13:08-04:00 logger.go:66: [0m[1mmodule.new_vpc_eks_runner.module.eks.module.eks_managed_node_group["eks-gitlab-runner"].aws_launch_template.this[0]: Creation complete after 0s [id=lt-0b913048c2a8c3a65][0m
TestEks 2023-10-04T09:13:08-04:00 logger.go:66: [0m[1mmodule.new_vpc_eks_runner.module.eks.module.eks_managed_node_group["eks-gitlab-runner"].aws_eks_node_group.this[0]: Creating...[0m[0m
TestEks 2023-10-04T09:13:17-04:00 logger.go:66: [0m[1mmodule.new_vpc_eks_runner.module.eks.aws_eks_addon.before_compute["vpc-cni"]: Still creating... [40s elapsed][0m[0m
TestEks 2023-10-04T09:13:17-04:00 logger.go:66: [0m[1mmodule.existing_vpc_eks_runner.module.eks.module.eks_managed_node_group["eks-gitlab-runner"].aws_eks_node_group.this[0]: Still creating... [2m31s elapsed][0m[0m
TestEks 2023-10-04T09:13:18-04:00 logger.go:66: [0m[1mmodule.new_vpc_eks_runner.module.eks.module.eks_managed_node_group["eks-gitlab-runner"].aws_eks_node_group.this[0]: Still creating... [10s elapsed][0m[0m
TestEks 2023-10-04T09:13:26-04:00 logger.go:66: [0m[1mmodule.existing_vpc_eks_runner.module.eks.module.eks_managed_node_group["eks-gitlab-runner"].aws_eks_node_group.this[0]: Creation complete after 2m40s [id=eks-runner-go-19867-demo:eks-runner-go-19867-20231004131047493200000012][0m
TestEks 2023-10-04T09:13:26-04:00 logger.go:66: [0m[1mmodule.existing_vpc_eks_runner.module.eks.module.eks_managed_node_group["eks-gitlab-runner"].aws_autoscaling_schedule.this["scale-down"]: Creating...[0m[0m
TestEks 2023-10-04T09:13:26-04:00 logger.go:66: [0m[1mmodule.existing_vpc_eks_runner.module.eks.module.eks_managed_node_group["eks-gitlab-runner"].aws_autoscaling_schedule.this["scale-up"]: Creating...[0m[0m
TestEks 2023-10-04T09:13:27-04:00 logger.go:66: [0m[1mmodule.new_vpc_eks_runner.module.eks.aws_eks_addon.before_compute["vpc-cni"]: Still creating... [50s elapsed][0m[0m
TestEks 2023-10-04T09:13:27-04:00 logger.go:66: [0m[1mmodule.existing_vpc_eks_runner.module.eks.module.eks_managed_node_group["eks-gitlab-runner"].aws_autoscaling_schedule.this["scale-down"]: Creation complete after 0s [id=scale-down][0m
TestEks 2023-10-04T09:13:27-04:00 logger.go:66: [0m[1mmodule.existing_vpc_eks_runner.module.eks.module.eks_managed_node_group["eks-gitlab-runner"].aws_autoscaling_schedule.this["scale-up"]: Creation complete after 0s [id=scale-up][0m
TestEks 2023-10-04T09:13:27-04:00 logger.go:66: [0m[1mmodule.existing_vpc_eks_runner.module.eks.aws_eks_addon.this["kube-proxy"]: Creating...[0m[0m
TestEks 2023-10-04T09:13:27-04:00 logger.go:66: [0m[1mmodule.existing_vpc_eks_runner.module.eks.aws_eks_addon.this["coredns"]: Creating...[0m[0m
TestEks 2023-10-04T09:13:28-04:00 logger.go:66: [0m[1mmodule.new_vpc_eks_runner.module.eks.module.eks_managed_node_group["eks-gitlab-runner"].aws_eks_node_group.this[0]: Still creating... [20s elapsed][0m[0m
TestEks 2023-10-04T09:13:37-04:00 logger.go:66: [0m[1mmodule.new_vpc_eks_runner.module.eks.aws_eks_addon.before_compute["vpc-cni"]: Still creating... [1m0s elapsed][0m[0m
TestEks 2023-10-04T09:13:37-04:00 logger.go:66: [0m[1mmodule.existing_vpc_eks_runner.module.eks.aws_eks_addon.this["kube-proxy"]: Still creating... [10s elapsed][0m[0m
TestEks 2023-10-04T09:13:37-04:00 logger.go:66: [0m[1mmodule.existing_vpc_eks_runner.module.eks.aws_eks_addon.this["coredns"]: Still creating... [10s elapsed][0m[0m
TestEks 2023-10-04T09:13:38-04:00 logger.go:66: [0m[1mmodule.new_vpc_eks_runner.module.eks.module.eks_managed_node_group["eks-gitlab-runner"].aws_eks_node_group.this[0]: Still creating... [30s elapsed][0m[0m
TestEks 2023-10-04T09:13:41-04:00 logger.go:66: [0m[1mmodule.existing_vpc_eks_runner.module.eks.aws_eks_addon.this["kube-proxy"]: Creation complete after 15s [id=eks-runner-go-19867-demo:kube-proxy][0m
TestEks 2023-10-04T09:13:47-04:00 logger.go:66: [0m[1mmodule.new_vpc_eks_runner.module.eks.aws_eks_addon.before_compute["vpc-cni"]: Still creating... [1m10s elapsed][0m[0m
TestEks 2023-10-04T09:13:47-04:00 logger.go:66: [0m[1mmodule.existing_vpc_eks_runner.module.eks.aws_eks_addon.this["coredns"]: Still creating... [20s elapsed][0m[0m
TestEks 2023-10-04T09:13:48-04:00 logger.go:66: [0m[1mmodule.new_vpc_eks_runner.module.eks.module.eks_managed_node_group["eks-gitlab-runner"].aws_eks_node_group.this[0]: Still creating... [40s elapsed][0m[0m
TestEks 2023-10-04T09:13:57-04:00 logger.go:66: [0m[1mmodule.new_vpc_eks_runner.module.eks.aws_eks_addon.before_compute["vpc-cni"]: Still creating... [1m20s elapsed][0m[0m
TestEks 2023-10-04T09:13:57-04:00 logger.go:66: [0m[1mmodule.existing_vpc_eks_runner.module.eks.aws_eks_addon.this["coredns"]: Still creating... [30s elapsed][0m[0m
TestEks 2023-10-04T09:13:58-04:00 logger.go:66: [0m[1mmodule.new_vpc_eks_runner.module.eks.module.eks_managed_node_group["eks-gitlab-runner"].aws_eks_node_group.this[0]: Still creating... [50s elapsed][0m[0m
TestEks 2023-10-04T09:14:07-04:00 logger.go:66: [0m[1mmodule.new_vpc_eks_runner.module.eks.aws_eks_addon.before_compute["vpc-cni"]: Still creating... [1m30s elapsed][0m[0m
TestEks 2023-10-04T09:14:07-04:00 logger.go:66: [0m[1mmodule.existing_vpc_eks_runner.module.eks.aws_eks_addon.this["coredns"]: Still creating... [40s elapsed][0m[0m
TestEks 2023-10-04T09:14:08-04:00 logger.go:66: [0m[1mmodule.new_vpc_eks_runner.module.eks.module.eks_managed_node_group["eks-gitlab-runner"].aws_eks_node_group.this[0]: Still creating... [1m0s elapsed][0m[0m
TestEks 2023-10-04T09:14:17-04:00 logger.go:66: [0m[1mmodule.new_vpc_eks_runner.module.eks.aws_eks_addon.before_compute["vpc-cni"]: Still creating... [1m40s elapsed][0m[0m
TestEks 2023-10-04T09:14:17-04:00 logger.go:66: [0m[1mmodule.existing_vpc_eks_runner.module.eks.aws_eks_addon.this["coredns"]: Still creating... [50s elapsed][0m[0m
TestEks 2023-10-04T09:14:18-04:00 logger.go:66: [0m[1mmodule.new_vpc_eks_runner.module.eks.module.eks_managed_node_group["eks-gitlab-runner"].aws_eks_node_group.this[0]: Still creating... [1m10s elapsed][0m[0m
TestEks 2023-10-04T09:14:27-04:00 logger.go:66: [0m[1mmodule.new_vpc_eks_runner.module.eks.aws_eks_addon.before_compute["vpc-cni"]: Still creating... [1m50s elapsed][0m[0m
TestEks 2023-10-04T09:14:27-04:00 logger.go:66: [0m[1mmodule.existing_vpc_eks_runner.module.eks.aws_eks_addon.this["coredns"]: Still creating... [1m0s elapsed][0m[0m
TestEks 2023-10-04T09:14:28-04:00 logger.go:66: [0m[1mmodule.new_vpc_eks_runner.module.eks.module.eks_managed_node_group["eks-gitlab-runner"].aws_eks_node_group.this[0]: Still creating... [1m20s elapsed][0m[0m
TestEks 2023-10-04T09:14:37-04:00 logger.go:66: [0m[1mmodule.new_vpc_eks_runner.module.eks.aws_eks_addon.before_compute["vpc-cni"]: Still creating... [2m0s elapsed][0m[0m
TestEks 2023-10-04T09:14:37-04:00 logger.go:66: [0m[1mmodule.existing_vpc_eks_runner.module.eks.aws_eks_addon.this["coredns"]: Still creating... [1m10s elapsed][0m[0m
TestEks 2023-10-04T09:14:38-04:00 logger.go:66: [0m[1mmodule.new_vpc_eks_runner.module.eks.module.eks_managed_node_group["eks-gitlab-runner"].aws_eks_node_group.this[0]: Still creating... [1m30s elapsed][0m[0m
TestEks 2023-10-04T09:14:47-04:00 logger.go:66: [0m[1mmodule.new_vpc_eks_runner.module.eks.aws_eks_addon.before_compute["vpc-cni"]: Still creating... [2m10s elapsed][0m[0m
TestEks 2023-10-04T09:14:47-04:00 logger.go:66: [0m[1mmodule.existing_vpc_eks_runner.module.eks.aws_eks_addon.this["coredns"]: Still creating... [1m20s elapsed][0m[0m
TestEks 2023-10-04T09:14:48-04:00 logger.go:66: [0m[1mmodule.new_vpc_eks_runner.module.eks.module.eks_managed_node_group["eks-gitlab-runner"].aws_eks_node_group.this[0]: Still creating... [1m41s elapsed][0m[0m
TestEks 2023-10-04T09:14:57-04:00 logger.go:66: [0m[1mmodule.new_vpc_eks_runner.module.eks.aws_eks_addon.before_compute["vpc-cni"]: Still creating... [2m20s elapsed][0m[0m
TestEks 2023-10-04T09:14:57-04:00 logger.go:66: [0m[1mmodule.existing_vpc_eks_runner.module.eks.aws_eks_addon.this["coredns"]: Still creating... [1m30s elapsed][0m[0m
TestEks 2023-10-04T09:14:58-04:00 logger.go:66: [0m[1mmodule.new_vpc_eks_runner.module.eks.module.eks_managed_node_group["eks-gitlab-runner"].aws_eks_node_group.this[0]: Still creating... [1m51s elapsed][0m[0m
TestEks 2023-10-04T09:15:07-04:00 logger.go:66: [0m[1mmodule.new_vpc_eks_runner.module.eks.aws_eks_addon.before_compute["vpc-cni"]: Still creating... [2m30s elapsed][0m[0m
TestEks 2023-10-04T09:15:07-04:00 logger.go:66: [0m[1mmodule.existing_vpc_eks_runner.module.eks.aws_eks_addon.this["coredns"]: Still creating... [1m40s elapsed][0m[0m
TestEks 2023-10-04T09:15:08-04:00 logger.go:66: [0m[1mmodule.new_vpc_eks_runner.module.eks.module.eks_managed_node_group["eks-gitlab-runner"].aws_eks_node_group.this[0]: Still creating... [2m1s elapsed][0m[0m
TestEks 2023-10-04T09:15:17-04:00 logger.go:66: [0m[1mmodule.new_vpc_eks_runner.module.eks.aws_eks_addon.before_compute["vpc-cni"]: Still creating... [2m40s elapsed][0m[0m
TestEks 2023-10-04T09:15:17-04:00 logger.go:66: [0m[1mmodule.existing_vpc_eks_runner.module.eks.aws_eks_addon.this["coredns"]: Still creating... [1m50s elapsed][0m[0m
TestEks 2023-10-04T09:15:18-04:00 logger.go:66: [0m[1mmodule.new_vpc_eks_runner.module.eks.module.eks_managed_node_group["eks-gitlab-runner"].aws_eks_node_group.this[0]: Still creating... [2m11s elapsed][0m[0m
TestEks 2023-10-04T09:15:27-04:00 logger.go:66: [0m[1mmodule.new_vpc_eks_runner.module.eks.aws_eks_addon.before_compute["vpc-cni"]: Still creating... [2m50s elapsed][0m[0m
TestEks 2023-10-04T09:15:27-04:00 logger.go:66: [0m[1mmodule.existing_vpc_eks_runner.module.eks.aws_eks_addon.this["coredns"]: Still creating... [2m0s elapsed][0m[0m
TestEks 2023-10-04T09:15:28-04:00 logger.go:66: [0m[1mmodule.new_vpc_eks_runner.module.eks.module.eks_managed_node_group["eks-gitlab-runner"].aws_eks_node_group.this[0]: Still creating... [2m21s elapsed][0m[0m
TestEks 2023-10-04T09:15:37-04:00 logger.go:66: [0m[1mmodule.new_vpc_eks_runner.module.eks.aws_eks_addon.before_compute["vpc-cni"]: Still creating... [3m0s elapsed][0m[0m
TestEks 2023-10-04T09:15:37-04:00 logger.go:66: [0m[1mmodule.existing_vpc_eks_runner.module.eks.aws_eks_addon.this["coredns"]: Still creating... [2m10s elapsed][0m[0m
TestEks 2023-10-04T09:15:38-04:00 logger.go:66: [0m[1mmodule.new_vpc_eks_runner.module.eks.module.eks_managed_node_group["eks-gitlab-runner"].aws_eks_node_group.this[0]: Still creating... [2m31s elapsed][0m[0m
TestEks 2023-10-04T09:15:47-04:00 logger.go:66: [0m[1mmodule.new_vpc_eks_runner.module.eks.aws_eks_addon.before_compute["vpc-cni"]: Still creating... [3m10s elapsed][0m[0m
TestEks 2023-10-04T09:15:47-04:00 logger.go:66: [0m[1mmodule.existing_vpc_eks_runner.module.eks.aws_eks_addon.this["coredns"]: Still creating... [2m20s elapsed][0m[0m
TestEks 2023-10-04T09:15:48-04:00 logger.go:66: [0m[1mmodule.new_vpc_eks_runner.module.eks.module.eks_managed_node_group["eks-gitlab-runner"].aws_eks_node_group.this[0]: Still creating... [2m41s elapsed][0m[0m
TestEks 2023-10-04T09:15:57-04:00 logger.go:66: [0m[1mmodule.new_vpc_eks_runner.module.eks.aws_eks_addon.before_compute["vpc-cni"]: Still creating... [3m20s elapsed][0m[0m
TestEks 2023-10-04T09:15:57-04:00 logger.go:66: [0m[1mmodule.existing_vpc_eks_runner.module.eks.aws_eks_addon.this["coredns"]: Still creating... [2m30s elapsed][0m[0m
TestEks 2023-10-04T09:15:58-04:00 logger.go:66: [0m[1mmodule.new_vpc_eks_runner.module.eks.module.eks_managed_node_group["eks-gitlab-runner"].aws_eks_node_group.this[0]: Still creating... [2m51s elapsed][0m[0m
TestEks 2023-10-04T09:16:07-04:00 logger.go:66: [0m[1mmodule.new_vpc_eks_runner.module.eks.aws_eks_addon.before_compute["vpc-cni"]: Still creating... [3m30s elapsed][0m[0m
TestEks 2023-10-04T09:16:07-04:00 logger.go:66: [0m[1mmodule.existing_vpc_eks_runner.module.eks.aws_eks_addon.this["coredns"]: Still creating... [2m40s elapsed][0m[0m
TestEks 2023-10-04T09:16:08-04:00 logger.go:66: [0m[1mmodule.new_vpc_eks_runner.module.eks.module.eks_managed_node_group["eks-gitlab-runner"].aws_eks_node_group.this[0]: Still creating... [3m1s elapsed][0m[0m
TestEks 2023-10-04T09:16:17-04:00 logger.go:66: [0m[1mmodule.new_vpc_eks_runner.module.eks.aws_eks_addon.before_compute["vpc-cni"]: Still creating... [3m40s elapsed][0m[0m
TestEks 2023-10-04T09:16:17-04:00 logger.go:66: [0m[1mmodule.existing_vpc_eks_runner.module.eks.aws_eks_addon.this["coredns"]: Still creating... [2m50s elapsed][0m[0m
TestEks 2023-10-04T09:16:18-04:00 logger.go:66: [0m[1mmodule.new_vpc_eks_runner.module.eks.module.eks_managed_node_group["eks-gitlab-runner"].aws_eks_node_group.this[0]: Still creating... [3m11s elapsed][0m[0m
TestEks 2023-10-04T09:16:27-04:00 logger.go:66: [0m[1mmodule.new_vpc_eks_runner.module.eks.aws_eks_addon.before_compute["vpc-cni"]: Still creating... [3m50s elapsed][0m[0m
TestEks 2023-10-04T09:16:27-04:00 logger.go:66: [0m[1mmodule.existing_vpc_eks_runner.module.eks.aws_eks_addon.this["coredns"]: Still creating... [3m0s elapsed][0m[0m
TestEks 2023-10-04T09:16:28-04:00 logger.go:66: [0m[1mmodule.new_vpc_eks_runner.module.eks.module.eks_managed_node_group["eks-gitlab-runner"].aws_eks_node_group.this[0]: Still creating... [3m21s elapsed][0m[0m
TestEks 2023-10-04T09:16:37-04:00 logger.go:66: [0m[1mmodule.new_vpc_eks_runner.module.eks.aws_eks_addon.before_compute["vpc-cni"]: Still creating... [4m0s elapsed][0m[0m
TestEks 2023-10-04T09:16:37-04:00 logger.go:66: [0m[1mmodule.existing_vpc_eks_runner.module.eks.aws_eks_addon.this["coredns"]: Still creating... [3m10s elapsed][0m[0m
TestEks 2023-10-04T09:16:38-04:00 logger.go:66: [0m[1mmodule.new_vpc_eks_runner.module.eks.module.eks_managed_node_group["eks-gitlab-runner"].aws_eks_node_group.this[0]: Creation complete after 3m30s [id=eks-runner-go-10604-demo:eks-runner-go-10604-20231004131308494300000013][0m
TestEks 2023-10-04T09:16:39-04:00 logger.go:66: [0m[1mmodule.new_vpc_eks_runner.module.eks.module.eks_managed_node_group["eks-gitlab-runner"].aws_autoscaling_schedule.this["scale-down"]: Creating...[0m[0m
TestEks 2023-10-04T09:16:39-04:00 logger.go:66: [0m[1mmodule.new_vpc_eks_runner.module.eks.module.eks_managed_node_group["eks-gitlab-runner"].aws_autoscaling_schedule.this["scale-up"]: Creating...[0m[0m
TestEks 2023-10-04T09:16:40-04:00 logger.go:66: [0m[1mmodule.new_vpc_eks_runner.module.eks.module.eks_managed_node_group["eks-gitlab-runner"].aws_autoscaling_schedule.this["scale-down"]: Creation complete after 1s [id=scale-down][0m
TestEks 2023-10-04T09:16:40-04:00 logger.go:66: [0m[1mmodule.new_vpc_eks_runner.module.eks.module.eks_managed_node_group["eks-gitlab-runner"].aws_autoscaling_schedule.this["scale-up"]: Creation complete after 1s [id=scale-up][0m
TestEks 2023-10-04T09:16:40-04:00 logger.go:66: [0m[1mmodule.new_vpc_eks_runner.module.eks.aws_eks_addon.this["kube-proxy"]: Creating...[0m[0m
TestEks 2023-10-04T09:16:40-04:00 logger.go:66: [0m[1mmodule.new_vpc_eks_runner.module.eks.aws_eks_addon.this["coredns"]: Creating...[0m[0m
TestEks 2023-10-04T09:16:45-04:00 logger.go:66: [0m[1mmodule.new_vpc_eks_runner.module.eks.aws_eks_addon.this["kube-proxy"]: Creation complete after 4s [id=eks-runner-go-10604-demo:kube-proxy][0m
TestEks 2023-10-04T09:16:47-04:00 logger.go:66: [0m[1mmodule.new_vpc_eks_runner.module.eks.aws_eks_addon.before_compute["vpc-cni"]: Still creating... [4m10s elapsed][0m[0m
TestEks 2023-10-04T09:16:47-04:00 logger.go:66: [0m[1mmodule.existing_vpc_eks_runner.module.eks.aws_eks_addon.this["coredns"]: Still creating... [3m20s elapsed][0m[0m
TestEks 2023-10-04T09:16:50-04:00 logger.go:66: [0m[1mmodule.new_vpc_eks_runner.module.eks.aws_eks_addon.this["coredns"]: Still creating... [10s elapsed][0m[0m
TestEks 2023-10-04T09:16:57-04:00 logger.go:66: [0m[1mmodule.new_vpc_eks_runner.module.eks.aws_eks_addon.before_compute["vpc-cni"]: Still creating... [4m20s elapsed][0m[0m
TestEks 2023-10-04T09:16:57-04:00 logger.go:66: [0m[1mmodule.existing_vpc_eks_runner.module.eks.aws_eks_addon.this["coredns"]: Still creating... [3m30s elapsed][0m[0m
TestEks 2023-10-04T09:17:00-04:00 logger.go:66: [0m[1mmodule.new_vpc_eks_runner.module.eks.aws_eks_addon.this["coredns"]: Still creating... [20s elapsed][0m[0m
TestEks 2023-10-04T09:17:07-04:00 logger.go:66: [0m[1mmodule.new_vpc_eks_runner.module.eks.aws_eks_addon.before_compute["vpc-cni"]: Still creating... [4m30s elapsed][0m[0m
TestEks 2023-10-04T09:17:07-04:00 logger.go:66: [0m[1mmodule.existing_vpc_eks_runner.module.eks.aws_eks_addon.this["coredns"]: Still creating... [3m40s elapsed][0m[0m
TestEks 2023-10-04T09:17:10-04:00 logger.go:66: [0m[1mmodule.new_vpc_eks_runner.module.eks.aws_eks_addon.this["coredns"]: Still creating... [30s elapsed][0m[0m
TestEks 2023-10-04T09:17:17-04:00 logger.go:66: [0m[1mmodule.new_vpc_eks_runner.module.eks.aws_eks_addon.before_compute["vpc-cni"]: Still creating... [4m40s elapsed][0m[0m
TestEks 2023-10-04T09:17:17-04:00 logger.go:66: [0m[1mmodule.existing_vpc_eks_runner.module.eks.aws_eks_addon.this["coredns"]: Still creating... [3m50s elapsed][0m[0m
TestEks 2023-10-04T09:17:20-04:00 logger.go:66: [0m[1mmodule.new_vpc_eks_runner.module.eks.aws_eks_addon.this["coredns"]: Still creating... [40s elapsed][0m[0m
TestEks 2023-10-04T09:17:27-04:00 logger.go:66: [0m[1mmodule.new_vpc_eks_runner.module.eks.aws_eks_addon.before_compute["vpc-cni"]: Still creating... [4m50s elapsed][0m[0m
TestEks 2023-10-04T09:17:27-04:00 logger.go:66: [0m[1mmodule.existing_vpc_eks_runner.module.eks.aws_eks_addon.this["coredns"]: Still creating... [4m1s elapsed][0m[0m
TestEks 2023-10-04T09:17:30-04:00 logger.go:66: [0m[1mmodule.new_vpc_eks_runner.module.eks.aws_eks_addon.this["coredns"]: Still creating... [50s elapsed][0m[0m
TestEks 2023-10-04T09:17:37-04:00 logger.go:66: [0m[1mmodule.new_vpc_eks_runner.module.eks.aws_eks_addon.before_compute["vpc-cni"]: Still creating... [5m0s elapsed][0m[0m
TestEks 2023-10-04T09:17:37-04:00 logger.go:66: [0m[1mmodule.existing_vpc_eks_runner.module.eks.aws_eks_addon.this["coredns"]: Still creating... [4m11s elapsed][0m[0m
TestEks 2023-10-04T09:17:40-04:00 logger.go:66: [0m[1mmodule.new_vpc_eks_runner.module.eks.aws_eks_addon.this["coredns"]: Still creating... [1m0s elapsed][0m[0m
TestEks 2023-10-04T09:17:47-04:00 logger.go:66: [0m[1mmodule.new_vpc_eks_runner.module.eks.aws_eks_addon.before_compute["vpc-cni"]: Still creating... [5m10s elapsed][0m[0m
TestEks 2023-10-04T09:17:47-04:00 logger.go:66: [0m[1mmodule.existing_vpc_eks_runner.module.eks.aws_eks_addon.this["coredns"]: Still creating... [4m21s elapsed][0m[0m
TestEks 2023-10-04T09:17:50-04:00 logger.go:66: [0m[1mmodule.new_vpc_eks_runner.module.eks.aws_eks_addon.this["coredns"]: Still creating... [1m10s elapsed][0m[0m
TestEks 2023-10-04T09:17:57-04:00 logger.go:66: [0m[1mmodule.new_vpc_eks_runner.module.eks.aws_eks_addon.before_compute["vpc-cni"]: Still creating... [5m20s elapsed][0m[0m
TestEks 2023-10-04T09:17:57-04:00 logger.go:66: [0m[1mmodule.existing_vpc_eks_runner.module.eks.aws_eks_addon.this["coredns"]: Still creating... [4m31s elapsed][0m[0m
TestEks 2023-10-04T09:18:00-04:00 logger.go:66: [0m[1mmodule.new_vpc_eks_runner.module.eks.aws_eks_addon.this["coredns"]: Still creating... [1m20s elapsed][0m[0m
TestEks 2023-10-04T09:18:07-04:00 logger.go:66: [0m[1mmodule.new_vpc_eks_runner.module.eks.aws_eks_addon.before_compute["vpc-cni"]: Still creating... [5m30s elapsed][0m[0m
TestEks 2023-10-04T09:18:07-04:00 logger.go:66: [0m[1mmodule.existing_vpc_eks_runner.module.eks.aws_eks_addon.this["coredns"]: Still creating... [4m41s elapsed][0m[0m
TestEks 2023-10-04T09:18:10-04:00 logger.go:66: [0m[1mmodule.new_vpc_eks_runner.module.eks.aws_eks_addon.this["coredns"]: Still creating... [1m30s elapsed][0m[0m
TestEks 2023-10-04T09:18:17-04:00 logger.go:66: [0m[1mmodule.new_vpc_eks_runner.module.eks.aws_eks_addon.before_compute["vpc-cni"]: Still creating... [5m40s elapsed][0m[0m
TestEks 2023-10-04T09:18:17-04:00 logger.go:66: [0m[1mmodule.existing_vpc_eks_runner.module.eks.aws_eks_addon.this["coredns"]: Still creating... [4m51s elapsed][0m[0m
TestEks 2023-10-04T09:18:20-04:00 logger.go:66: [0m[1mmodule.new_vpc_eks_runner.module.eks.aws_eks_addon.this["coredns"]: Still creating... [1m40s elapsed][0m[0m
TestEks 2023-10-04T09:18:27-04:00 logger.go:66: [0m[1mmodule.new_vpc_eks_runner.module.eks.aws_eks_addon.before_compute["vpc-cni"]: Still creating... [5m50s elapsed][0m[0m
TestEks 2023-10-04T09:18:27-04:00 logger.go:66: [0m[1mmodule.existing_vpc_eks_runner.module.eks.aws_eks_addon.this["coredns"]: Still creating... [5m1s elapsed][0m[0m
TestEks 2023-10-04T09:18:30-04:00 logger.go:66: [0m[1mmodule.new_vpc_eks_runner.module.eks.aws_eks_addon.this["coredns"]: Still creating... [1m50s elapsed][0m[0m
TestEks 2023-10-04T09:18:37-04:00 logger.go:66: [0m[1mmodule.new_vpc_eks_runner.module.eks.aws_eks_addon.before_compute["vpc-cni"]: Still creating... [6m0s elapsed][0m[0m
TestEks 2023-10-04T09:18:37-04:00 logger.go:66: [0m[1mmodule.existing_vpc_eks_runner.module.eks.aws_eks_addon.this["coredns"]: Still creating... [5m11s elapsed][0m[0m
TestEks 2023-10-04T09:18:40-04:00 logger.go:66: [0m[1mmodule.new_vpc_eks_runner.module.eks.aws_eks_addon.this["coredns"]: Still creating... [2m0s elapsed][0m[0m
TestEks 2023-10-04T09:18:47-04:00 logger.go:66: [0m[1mmodule.new_vpc_eks_runner.module.eks.aws_eks_addon.before_compute["vpc-cni"]: Still creating... [6m10s elapsed][0m[0m
TestEks 2023-10-04T09:18:47-04:00 logger.go:66: [0m[1mmodule.existing_vpc_eks_runner.module.eks.aws_eks_addon.this["coredns"]: Still creating... [5m21s elapsed][0m[0m
TestEks 2023-10-04T09:18:50-04:00 logger.go:66: [0m[1mmodule.new_vpc_eks_runner.module.eks.aws_eks_addon.this["coredns"]: Still creating... [2m10s elapsed][0m[0m
TestEks 2023-10-04T09:18:57-04:00 logger.go:66: [0m[1mmodule.new_vpc_eks_runner.module.eks.aws_eks_addon.before_compute["vpc-cni"]: Still creating... [6m20s elapsed][0m[0m
TestEks 2023-10-04T09:18:57-04:00 logger.go:66: [0m[1mmodule.existing_vpc_eks_runner.module.eks.aws_eks_addon.this["coredns"]: Still creating... [5m31s elapsed][0m[0m
TestEks 2023-10-04T09:19:00-04:00 logger.go:66: [0m[1mmodule.new_vpc_eks_runner.module.eks.aws_eks_addon.this["coredns"]: Still creating... [2m20s elapsed][0m[0m
TestEks 2023-10-04T09:19:07-04:00 logger.go:66: [0m[1mmodule.new_vpc_eks_runner.module.eks.aws_eks_addon.before_compute["vpc-cni"]: Still creating... [6m30s elapsed][0m[0m
TestEks 2023-10-04T09:19:07-04:00 logger.go:66: [0m[1mmodule.existing_vpc_eks_runner.module.eks.aws_eks_addon.this["coredns"]: Still creating... [5m41s elapsed][0m[0m
TestEks 2023-10-04T09:19:10-04:00 logger.go:66: [0m[1mmodule.new_vpc_eks_runner.module.eks.aws_eks_addon.this["coredns"]: Still creating... [2m30s elapsed][0m[0m
TestEks 2023-10-04T09:19:17-04:00 logger.go:66: [0m[1mmodule.new_vpc_eks_runner.module.eks.aws_eks_addon.before_compute["vpc-cni"]: Still creating... [6m40s elapsed][0m[0m
TestEks 2023-10-04T09:19:17-04:00 logger.go:66: [0m[1mmodule.existing_vpc_eks_runner.module.eks.aws_eks_addon.this["coredns"]: Still creating... [5m51s elapsed][0m[0m
TestEks 2023-10-04T09:19:20-04:00 logger.go:66: [0m[1mmodule.new_vpc_eks_runner.module.eks.aws_eks_addon.this["coredns"]: Still creating... [2m40s elapsed][0m[0m
TestEks 2023-10-04T09:19:27-04:00 logger.go:66: [0m[1mmodule.new_vpc_eks_runner.module.eks.aws_eks_addon.before_compute["vpc-cni"]: Still creating... [6m50s elapsed][0m[0m
TestEks 2023-10-04T09:19:27-04:00 logger.go:66: [0m[1mmodule.existing_vpc_eks_runner.module.eks.aws_eks_addon.this["coredns"]: Still creating... [6m1s elapsed][0m[0m
TestEks 2023-10-04T09:19:30-04:00 logger.go:66: [0m[1mmodule.new_vpc_eks_runner.module.eks.aws_eks_addon.this["coredns"]: Still creating... [2m50s elapsed][0m[0m
TestEks 2023-10-04T09:19:37-04:00 logger.go:66: [0m[1mmodule.new_vpc_eks_runner.module.eks.aws_eks_addon.before_compute["vpc-cni"]: Still creating... [7m0s elapsed][0m[0m
TestEks 2023-10-04T09:19:37-04:00 logger.go:66: [0m[1mmodule.existing_vpc_eks_runner.module.eks.aws_eks_addon.this["coredns"]: Still creating... [6m11s elapsed][0m[0m
TestEks 2023-10-04T09:19:40-04:00 logger.go:66: [0m[1mmodule.new_vpc_eks_runner.module.eks.aws_eks_addon.this["coredns"]: Still creating... [3m0s elapsed][0m[0m
TestEks 2023-10-04T09:19:47-04:00 logger.go:66: [0m[1mmodule.new_vpc_eks_runner.module.eks.aws_eks_addon.before_compute["vpc-cni"]: Still creating... [7m10s elapsed][0m[0m
TestEks 2023-10-04T09:19:47-04:00 logger.go:66: [0m[1mmodule.existing_vpc_eks_runner.module.eks.aws_eks_addon.this["coredns"]: Still creating... [6m21s elapsed][0m[0m
TestEks 2023-10-04T09:19:50-04:00 logger.go:66: [0m[1mmodule.new_vpc_eks_runner.module.eks.aws_eks_addon.this["coredns"]: Still creating... [3m10s elapsed][0m[0m
TestEks 2023-10-04T09:19:57-04:00 logger.go:66: [0m[1mmodule.new_vpc_eks_runner.module.eks.aws_eks_addon.before_compute["vpc-cni"]: Still creating... [7m20s elapsed][0m[0m
TestEks 2023-10-04T09:19:57-04:00 logger.go:66: [0m[1mmodule.existing_vpc_eks_runner.module.eks.aws_eks_addon.this["coredns"]: Still creating... [6m31s elapsed][0m[0m
TestEks 2023-10-04T09:20:00-04:00 logger.go:66: [0m[1mmodule.new_vpc_eks_runner.module.eks.aws_eks_addon.this["coredns"]: Still creating... [3m20s elapsed][0m[0m
TestEks 2023-10-04T09:20:07-04:00 logger.go:66: [0m[1mmodule.new_vpc_eks_runner.module.eks.aws_eks_addon.before_compute["vpc-cni"]: Still creating... [7m30s elapsed][0m[0m
TestEks 2023-10-04T09:20:07-04:00 logger.go:66: [0m[1mmodule.existing_vpc_eks_runner.module.eks.aws_eks_addon.this["coredns"]: Still creating... [6m41s elapsed][0m[0m
TestEks 2023-10-04T09:20:10-04:00 logger.go:66: [0m[1mmodule.new_vpc_eks_runner.module.eks.aws_eks_addon.this["coredns"]: Still creating... [3m30s elapsed][0m[0m
TestEks 2023-10-04T09:20:17-04:00 logger.go:66: [0m[1mmodule.new_vpc_eks_runner.module.eks.aws_eks_addon.before_compute["vpc-cni"]: Still creating... [7m40s elapsed][0m[0m
TestEks 2023-10-04T09:20:17-04:00 logger.go:66: [0m[1mmodule.existing_vpc_eks_runner.module.eks.aws_eks_addon.this["coredns"]: Still creating... [6m51s elapsed][0m[0m
TestEks 2023-10-04T09:20:20-04:00 logger.go:66: [0m[1mmodule.new_vpc_eks_runner.module.eks.aws_eks_addon.this["coredns"]: Still creating... [3m40s elapsed][0m[0m
TestEks 2023-10-04T09:20:27-04:00 logger.go:66: [0m[1mmodule.new_vpc_eks_runner.module.eks.aws_eks_addon.before_compute["vpc-cni"]: Still creating... [7m50s elapsed][0m[0m
TestEks 2023-10-04T09:20:27-04:00 logger.go:66: [0m[1mmodule.existing_vpc_eks_runner.module.eks.aws_eks_addon.this["coredns"]: Still creating... [7m1s elapsed][0m[0m
TestEks 2023-10-04T09:20:30-04:00 logger.go:66: [0m[1mmodule.new_vpc_eks_runner.module.eks.aws_eks_addon.this["coredns"]: Still creating... [3m50s elapsed][0m[0m
TestEks 2023-10-04T09:20:37-04:00 logger.go:66: [0m[1mmodule.new_vpc_eks_runner.module.eks.aws_eks_addon.before_compute["vpc-cni"]: Still creating... [8m0s elapsed][0m[0m
TestEks 2023-10-04T09:20:37-04:00 logger.go:66: [0m[1mmodule.existing_vpc_eks_runner.module.eks.aws_eks_addon.this["coredns"]: Still creating... [7m11s elapsed][0m[0m
TestEks 2023-10-04T09:20:40-04:00 logger.go:66: [0m[1mmodule.new_vpc_eks_runner.module.eks.aws_eks_addon.this["coredns"]: Still creating... [4m0s elapsed][0m[0m
TestEks 2023-10-04T09:20:47-04:00 logger.go:66: [0m[1mmodule.new_vpc_eks_runner.module.eks.aws_eks_addon.before_compute["vpc-cni"]: Still creating... [8m10s elapsed][0m[0m
TestEks 2023-10-04T09:20:47-04:00 logger.go:66: [0m[1mmodule.existing_vpc_eks_runner.module.eks.aws_eks_addon.this["coredns"]: Still creating... [7m21s elapsed][0m[0m
TestEks 2023-10-04T09:20:50-04:00 logger.go:66: [0m[1mmodule.new_vpc_eks_runner.module.eks.aws_eks_addon.this["coredns"]: Still creating... [4m10s elapsed][0m[0m
TestEks 2023-10-04T09:20:57-04:00 logger.go:66: [0m[1mmodule.new_vpc_eks_runner.module.eks.aws_eks_addon.before_compute["vpc-cni"]: Still creating... [8m20s elapsed][0m[0m
TestEks 2023-10-04T09:20:57-04:00 logger.go:66: [0m[1mmodule.existing_vpc_eks_runner.module.eks.aws_eks_addon.this["coredns"]: Still creating... [7m31s elapsed][0m[0m
TestEks 2023-10-04T09:21:00-04:00 logger.go:66: [0m[1mmodule.new_vpc_eks_runner.module.eks.aws_eks_addon.this["coredns"]: Still creating... [4m20s elapsed][0m[0m
TestEks 2023-10-04T09:21:07-04:00 logger.go:66: [0m[1mmodule.new_vpc_eks_runner.module.eks.aws_eks_addon.before_compute["vpc-cni"]: Still creating... [8m30s elapsed][0m[0m
TestEks 2023-10-04T09:21:07-04:00 logger.go:66: [0m[1mmodule.existing_vpc_eks_runner.module.eks.aws_eks_addon.this["coredns"]: Still creating... [7m41s elapsed][0m[0m
TestEks 2023-10-04T09:21:10-04:00 logger.go:66: [0m[1mmodule.new_vpc_eks_runner.module.eks.aws_eks_addon.this["coredns"]: Still creating... [4m30s elapsed][0m[0m
TestEks 2023-10-04T09:21:17-04:00 logger.go:66: [0m[1mmodule.new_vpc_eks_runner.module.eks.aws_eks_addon.before_compute["vpc-cni"]: Still creating... [8m40s elapsed][0m[0m
TestEks 2023-10-04T09:21:17-04:00 logger.go:66: [0m[1mmodule.existing_vpc_eks_runner.module.eks.aws_eks_addon.this["coredns"]: Still creating... [7m51s elapsed][0m[0m
TestEks 2023-10-04T09:21:20-04:00 logger.go:66: [0m[1mmodule.new_vpc_eks_runner.module.eks.aws_eks_addon.this["coredns"]: Still creating... [4m40s elapsed][0m[0m
TestEks 2023-10-04T09:21:27-04:00 logger.go:66: [0m[1mmodule.new_vpc_eks_runner.module.eks.aws_eks_addon.before_compute["vpc-cni"]: Still creating... [8m50s elapsed][0m[0m
TestEks 2023-10-04T09:21:27-04:00 logger.go:66: [0m[1mmodule.existing_vpc_eks_runner.module.eks.aws_eks_addon.this["coredns"]: Still creating... [8m1s elapsed][0m[0m
TestEks 2023-10-04T09:21:30-04:00 logger.go:66: [0m[1mmodule.new_vpc_eks_runner.module.eks.aws_eks_addon.this["coredns"]: Still creating... [4m50s elapsed][0m[0m
TestEks 2023-10-04T09:21:37-04:00 logger.go:66: [0m[1mmodule.new_vpc_eks_runner.module.eks.aws_eks_addon.before_compute["vpc-cni"]: Still creating... [9m0s elapsed][0m[0m
TestEks 2023-10-04T09:21:37-04:00 logger.go:66: [0m[1mmodule.existing_vpc_eks_runner.module.eks.aws_eks_addon.this["coredns"]: Still creating... [8m11s elapsed][0m[0m
TestEks 2023-10-04T09:21:40-04:00 logger.go:66: [0m[1mmodule.new_vpc_eks_runner.module.eks.aws_eks_addon.this["coredns"]: Still creating... [5m0s elapsed][0m[0m
TestEks 2023-10-04T09:21:47-04:00 logger.go:66: [0m[1mmodule.new_vpc_eks_runner.module.eks.aws_eks_addon.before_compute["vpc-cni"]: Still creating... [9m10s elapsed][0m[0m
TestEks 2023-10-04T09:21:47-04:00 logger.go:66: [0m[1mmodule.existing_vpc_eks_runner.module.eks.aws_eks_addon.this["coredns"]: Still creating... [8m21s elapsed][0m[0m
TestEks 2023-10-04T09:21:50-04:00 logger.go:66: [0m[1mmodule.new_vpc_eks_runner.module.eks.aws_eks_addon.this["coredns"]: Still creating... [5m10s elapsed][0m[0m
TestEks 2023-10-04T09:21:57-04:00 logger.go:66: [0m[1mmodule.new_vpc_eks_runner.module.eks.aws_eks_addon.before_compute["vpc-cni"]: Still creating... [9m20s elapsed][0m[0m
TestEks 2023-10-04T09:21:57-04:00 logger.go:66: [0m[1mmodule.existing_vpc_eks_runner.module.eks.aws_eks_addon.this["coredns"]: Still creating... [8m31s elapsed][0m[0m
TestEks 2023-10-04T09:22:00-04:00 logger.go:66: [0m[1mmodule.new_vpc_eks_runner.module.eks.aws_eks_addon.this["coredns"]: Still creating... [5m20s elapsed][0m[0m
TestEks 2023-10-04T09:22:07-04:00 logger.go:66: [0m[1mmodule.new_vpc_eks_runner.module.eks.aws_eks_addon.before_compute["vpc-cni"]: Still creating... [9m30s elapsed][0m[0m
TestEks 2023-10-04T09:22:07-04:00 logger.go:66: [0m[1mmodule.existing_vpc_eks_runner.module.eks.aws_eks_addon.this["coredns"]: Still creating... [8m41s elapsed][0m[0m
TestEks 2023-10-04T09:22:10-04:00 logger.go:66: [0m[1mmodule.new_vpc_eks_runner.module.eks.aws_eks_addon.this["coredns"]: Still creating... [5m30s elapsed][0m[0m
TestEks 2023-10-04T09:22:17-04:00 logger.go:66: [0m[1mmodule.new_vpc_eks_runner.module.eks.aws_eks_addon.before_compute["vpc-cni"]: Still creating... [9m40s elapsed][0m[0m
TestEks 2023-10-04T09:22:17-04:00 logger.go:66: [0m[1mmodule.existing_vpc_eks_runner.module.eks.aws_eks_addon.this["coredns"]: Still creating... [8m51s elapsed][0m[0m
TestEks 2023-10-04T09:22:20-04:00 logger.go:66: [0m[1mmodule.new_vpc_eks_runner.module.eks.aws_eks_addon.this["coredns"]: Still creating... [5m40s elapsed][0m[0m
TestEks 2023-10-04T09:22:27-04:00 logger.go:66: [0m[1mmodule.new_vpc_eks_runner.module.eks.aws_eks_addon.before_compute["vpc-cni"]: Still creating... [9m50s elapsed][0m[0m
TestEks 2023-10-04T09:22:27-04:00 logger.go:66: [0m[1mmodule.existing_vpc_eks_runner.module.eks.aws_eks_addon.this["coredns"]: Still creating... [9m1s elapsed][0m[0m
TestEks 2023-10-04T09:22:30-04:00 logger.go:66: [0m[1mmodule.new_vpc_eks_runner.module.eks.aws_eks_addon.this["coredns"]: Still creating... [5m50s elapsed][0m[0m
TestEks 2023-10-04T09:22:37-04:00 logger.go:66: [0m[1mmodule.new_vpc_eks_runner.module.eks.aws_eks_addon.before_compute["vpc-cni"]: Still creating... [10m0s elapsed][0m[0m
TestEks 2023-10-04T09:22:37-04:00 logger.go:66: [0m[1mmodule.existing_vpc_eks_runner.module.eks.aws_eks_addon.this["coredns"]: Still creating... [9m11s elapsed][0m[0m
TestEks 2023-10-04T09:22:40-04:00 logger.go:66: [0m[1mmodule.new_vpc_eks_runner.module.eks.aws_eks_addon.this["coredns"]: Still creating... [6m0s elapsed][0m[0m
TestEks 2023-10-04T09:22:47-04:00 logger.go:66: [0m[1mmodule.new_vpc_eks_runner.module.eks.aws_eks_addon.before_compute["vpc-cni"]: Still creating... [10m10s elapsed][0m[0m
TestEks 2023-10-04T09:22:47-04:00 logger.go:66: [0m[1mmodule.existing_vpc_eks_runner.module.eks.aws_eks_addon.this["coredns"]: Still creating... [9m21s elapsed][0m[0m
TestEks 2023-10-04T09:22:50-04:00 logger.go:66: [0m[1mmodule.new_vpc_eks_runner.module.eks.aws_eks_addon.this["coredns"]: Still creating... [6m10s elapsed][0m[0m
TestEks 2023-10-04T09:22:57-04:00 logger.go:66: [0m[1mmodule.new_vpc_eks_runner.module.eks.aws_eks_addon.before_compute["vpc-cni"]: Still creating... [10m20s elapsed][0m[0m
TestEks 2023-10-04T09:22:57-04:00 logger.go:66: [0m[1mmodule.existing_vpc_eks_runner.module.eks.aws_eks_addon.this["coredns"]: Still creating... [9m31s elapsed][0m[0m
TestEks 2023-10-04T09:23:00-04:00 logger.go:66: [0m[1mmodule.new_vpc_eks_runner.module.eks.aws_eks_addon.this["coredns"]: Still creating... [6m20s elapsed][0m[0m
TestEks 2023-10-04T09:23:07-04:00 logger.go:66: [0m[1mmodule.new_vpc_eks_runner.module.eks.aws_eks_addon.before_compute["vpc-cni"]: Still creating... [10m30s elapsed][0m[0m
TestEks 2023-10-04T09:23:07-04:00 logger.go:66: [0m[1mmodule.existing_vpc_eks_runner.module.eks.aws_eks_addon.this["coredns"]: Still creating... [9m41s elapsed][0m[0m
TestEks 2023-10-04T09:23:10-04:00 logger.go:66: [0m[1mmodule.new_vpc_eks_runner.module.eks.aws_eks_addon.this["coredns"]: Still creating... [6m30s elapsed][0m[0m
TestEks 2023-10-04T09:23:17-04:00 logger.go:66: [0m[1mmodule.new_vpc_eks_runner.module.eks.aws_eks_addon.before_compute["vpc-cni"]: Still creating... [10m40s elapsed][0m[0m
TestEks 2023-10-04T09:23:17-04:00 logger.go:66: [0m[1mmodule.existing_vpc_eks_runner.module.eks.aws_eks_addon.this["coredns"]: Still creating... [9m51s elapsed][0m[0m
TestEks 2023-10-04T09:23:20-04:00 logger.go:66: [0m[1mmodule.new_vpc_eks_runner.module.eks.aws_eks_addon.this["coredns"]: Still creating... [6m40s elapsed][0m[0m
TestEks 2023-10-04T09:23:27-04:00 logger.go:66: [0m[1mmodule.new_vpc_eks_runner.module.eks.aws_eks_addon.before_compute["vpc-cni"]: Still creating... [10m50s elapsed][0m[0m
TestEks 2023-10-04T09:23:27-04:00 logger.go:66: [0m[1mmodule.existing_vpc_eks_runner.module.eks.aws_eks_addon.this["coredns"]: Still creating... [10m1s elapsed][0m[0m
TestEks 2023-10-04T09:23:30-04:00 logger.go:66: [0m[1mmodule.new_vpc_eks_runner.module.eks.aws_eks_addon.this["coredns"]: Still creating... [6m50s elapsed][0m[0m
TestEks 2023-10-04T09:23:37-04:00 logger.go:66: [0m[1mmodule.new_vpc_eks_runner.module.eks.aws_eks_addon.before_compute["vpc-cni"]: Still creating... [11m0s elapsed][0m[0m
TestEks 2023-10-04T09:23:37-04:00 logger.go:66: [0m[1mmodule.existing_vpc_eks_runner.module.eks.aws_eks_addon.this["coredns"]: Still creating... [10m11s elapsed][0m[0m
TestEks 2023-10-04T09:23:40-04:00 logger.go:66: [0m[1mmodule.new_vpc_eks_runner.module.eks.aws_eks_addon.this["coredns"]: Still creating... [7m0s elapsed][0m[0m
TestEks 2023-10-04T09:23:47-04:00 logger.go:66: [0m[1mmodule.new_vpc_eks_runner.module.eks.aws_eks_addon.before_compute["vpc-cni"]: Still creating... [11m10s elapsed][0m[0m
TestEks 2023-10-04T09:23:47-04:00 logger.go:66: [0m[1mmodule.existing_vpc_eks_runner.module.eks.aws_eks_addon.this["coredns"]: Still creating... [10m21s elapsed][0m[0m
TestEks 2023-10-04T09:23:50-04:00 logger.go:66: [0m[1mmodule.new_vpc_eks_runner.module.eks.aws_eks_addon.this["coredns"]: Still creating... [7m10s elapsed][0m[0m
TestEks 2023-10-04T09:23:57-04:00 logger.go:66: [0m[1mmodule.new_vpc_eks_runner.module.eks.aws_eks_addon.before_compute["vpc-cni"]: Still creating... [11m20s elapsed][0m[0m
TestEks 2023-10-04T09:23:57-04:00 logger.go:66: [0m[1mmodule.existing_vpc_eks_runner.module.eks.aws_eks_addon.this["coredns"]: Still creating... [10m31s elapsed][0m[0m
TestEks 2023-10-04T09:24:00-04:00 logger.go:66: [0m[1mmodule.new_vpc_eks_runner.module.eks.aws_eks_addon.this["coredns"]: Still creating... [7m20s elapsed][0m[0m
TestEks 2023-10-04T09:24:07-04:00 logger.go:66: [0m[1mmodule.new_vpc_eks_runner.module.eks.aws_eks_addon.before_compute["vpc-cni"]: Still creating... [11m30s elapsed][0m[0m
TestEks 2023-10-04T09:24:07-04:00 logger.go:66: [0m[1mmodule.existing_vpc_eks_runner.module.eks.aws_eks_addon.this["coredns"]: Still creating... [10m41s elapsed][0m[0m
TestEks 2023-10-04T09:24:10-04:00 logger.go:66: [0m[1mmodule.new_vpc_eks_runner.module.eks.aws_eks_addon.this["coredns"]: Still creating... [7m30s elapsed][0m[0m
TestEks 2023-10-04T09:24:17-04:00 logger.go:66: [0m[1mmodule.new_vpc_eks_runner.module.eks.aws_eks_addon.before_compute["vpc-cni"]: Still creating... [11m40s elapsed][0m[0m
TestEks 2023-10-04T09:24:17-04:00 logger.go:66: [0m[1mmodule.existing_vpc_eks_runner.module.eks.aws_eks_addon.this["coredns"]: Still creating... [10m51s elapsed][0m[0m
TestEks 2023-10-04T09:24:20-04:00 logger.go:66: [0m[1mmodule.new_vpc_eks_runner.module.eks.aws_eks_addon.this["coredns"]: Still creating... [7m40s elapsed][0m[0m
TestEks 2023-10-04T09:24:27-04:00 logger.go:66: [0m[1mmodule.new_vpc_eks_runner.module.eks.aws_eks_addon.before_compute["vpc-cni"]: Still creating... [11m50s elapsed][0m[0m
TestEks 2023-10-04T09:24:27-04:00 logger.go:66: [0m[1mmodule.existing_vpc_eks_runner.module.eks.aws_eks_addon.this["coredns"]: Still creating... [11m1s elapsed][0m[0m
TestEks 2023-10-04T09:24:30-04:00 logger.go:66: [0m[1mmodule.new_vpc_eks_runner.module.eks.aws_eks_addon.this["coredns"]: Still creating... [7m50s elapsed][0m[0m
TestEks 2023-10-04T09:24:37-04:00 logger.go:66: [0m[1mmodule.new_vpc_eks_runner.module.eks.aws_eks_addon.before_compute["vpc-cni"]: Still creating... [12m0s elapsed][0m[0m
TestEks 2023-10-04T09:24:37-04:00 logger.go:66: [0m[1mmodule.existing_vpc_eks_runner.module.eks.aws_eks_addon.this["coredns"]: Still creating... [11m11s elapsed][0m[0m
TestEks 2023-10-04T09:24:40-04:00 logger.go:66: [0m[1mmodule.new_vpc_eks_runner.module.eks.aws_eks_addon.this["coredns"]: Still creating... [8m0s elapsed][0m[0m
TestEks 2023-10-04T09:24:47-04:00 logger.go:66: [0m[1mmodule.new_vpc_eks_runner.module.eks.aws_eks_addon.before_compute["vpc-cni"]: Still creating... [12m10s elapsed][0m[0m
TestEks 2023-10-04T09:24:47-04:00 logger.go:66: [0m[1mmodule.existing_vpc_eks_runner.module.eks.aws_eks_addon.this["coredns"]: Still creating... [11m21s elapsed][0m[0m
TestEks 2023-10-04T09:24:50-04:00 logger.go:66: [0m[1mmodule.new_vpc_eks_runner.module.eks.aws_eks_addon.this["coredns"]: Still creating... [8m10s elapsed][0m[0m
TestEks 2023-10-04T09:24:57-04:00 logger.go:66: [0m[1mmodule.new_vpc_eks_runner.module.eks.aws_eks_addon.before_compute["vpc-cni"]: Still creating... [12m20s elapsed][0m[0m
TestEks 2023-10-04T09:24:57-04:00 logger.go:66: [0m[1mmodule.existing_vpc_eks_runner.module.eks.aws_eks_addon.this["coredns"]: Still creating... [11m31s elapsed][0m[0m
TestEks 2023-10-04T09:25:00-04:00 logger.go:66: [0m[1mmodule.new_vpc_eks_runner.module.eks.aws_eks_addon.this["coredns"]: Still creating... [8m20s elapsed][0m[0m
TestEks 2023-10-04T09:25:07-04:00 logger.go:66: [0m[1mmodule.new_vpc_eks_runner.module.eks.aws_eks_addon.before_compute["vpc-cni"]: Still creating... [12m30s elapsed][0m[0m
TestEks 2023-10-04T09:25:07-04:00 logger.go:66: [0m[1mmodule.existing_vpc_eks_runner.module.eks.aws_eks_addon.this["coredns"]: Still creating... [11m41s elapsed][0m[0m
TestEks 2023-10-04T09:25:10-04:00 logger.go:66: [0m[1mmodule.new_vpc_eks_runner.module.eks.aws_eks_addon.this["coredns"]: Still creating... [8m30s elapsed][0m[0m
TestEks 2023-10-04T09:25:17-04:00 logger.go:66: [0m[1mmodule.new_vpc_eks_runner.module.eks.aws_eks_addon.before_compute["vpc-cni"]: Still creating... [12m40s elapsed][0m[0m
TestEks 2023-10-04T09:25:17-04:00 logger.go:66: [0m[1mmodule.existing_vpc_eks_runner.module.eks.aws_eks_addon.this["coredns"]: Still creating... [11m51s elapsed][0m[0m
TestEks 2023-10-04T09:25:20-04:00 logger.go:66: [0m[1mmodule.new_vpc_eks_runner.module.eks.aws_eks_addon.this["coredns"]: Still creating... [8m40s elapsed][0m[0m
TestEks 2023-10-04T09:25:27-04:00 logger.go:66: [0m[1mmodule.new_vpc_eks_runner.module.eks.aws_eks_addon.before_compute["vpc-cni"]: Still creating... [12m50s elapsed][0m[0m
TestEks 2023-10-04T09:25:27-04:00 logger.go:66: [0m[1mmodule.existing_vpc_eks_runner.module.eks.aws_eks_addon.this["coredns"]: Still creating... [12m1s elapsed][0m[0m
TestEks 2023-10-04T09:25:30-04:00 logger.go:66: [0m[1mmodule.new_vpc_eks_runner.module.eks.aws_eks_addon.this["coredns"]: Still creating... [8m50s elapsed][0m[0m
TestEks 2023-10-04T09:25:37-04:00 logger.go:66: [0m[1mmodule.new_vpc_eks_runner.module.eks.aws_eks_addon.before_compute["vpc-cni"]: Still creating... [13m0s elapsed][0m[0m
TestEks 2023-10-04T09:25:37-04:00 logger.go:66: [0m[1mmodule.existing_vpc_eks_runner.module.eks.aws_eks_addon.this["coredns"]: Still creating... [12m11s elapsed][0m[0m
TestEks 2023-10-04T09:25:40-04:00 logger.go:66: [0m[1mmodule.new_vpc_eks_runner.module.eks.aws_eks_addon.this["coredns"]: Still creating... [9m0s elapsed][0m[0m
TestEks 2023-10-04T09:25:47-04:00 logger.go:66: [0m[1mmodule.new_vpc_eks_runner.module.eks.aws_eks_addon.before_compute["vpc-cni"]: Still creating... [13m10s elapsed][0m[0m
TestEks 2023-10-04T09:25:47-04:00 logger.go:66: [0m[1mmodule.existing_vpc_eks_runner.module.eks.aws_eks_addon.this["coredns"]: Still creating... [12m21s elapsed][0m[0m
TestEks 2023-10-04T09:25:50-04:00 logger.go:66: [0m[1mmodule.new_vpc_eks_runner.module.eks.aws_eks_addon.this["coredns"]: Still creating... [9m10s elapsed][0m[0m
TestEks 2023-10-04T09:25:57-04:00 logger.go:66: [0m[1mmodule.new_vpc_eks_runner.module.eks.aws_eks_addon.before_compute["vpc-cni"]: Still creating... [13m20s elapsed][0m[0m
TestEks 2023-10-04T09:25:57-04:00 logger.go:66: [0m[1mmodule.existing_vpc_eks_runner.module.eks.aws_eks_addon.this["coredns"]: Still creating... [12m31s elapsed][0m[0m
TestEks 2023-10-04T09:26:00-04:00 logger.go:66: [0m[1mmodule.new_vpc_eks_runner.module.eks.aws_eks_addon.this["coredns"]: Still creating... [9m20s elapsed][0m[0m
TestEks 2023-10-04T09:26:07-04:00 logger.go:66: [0m[1mmodule.new_vpc_eks_runner.module.eks.aws_eks_addon.before_compute["vpc-cni"]: Still creating... [13m30s elapsed][0m[0m
TestEks 2023-10-04T09:26:07-04:00 logger.go:66: [0m[1mmodule.existing_vpc_eks_runner.module.eks.aws_eks_addon.this["coredns"]: Still creating... [12m41s elapsed][0m[0m
TestEks 2023-10-04T09:26:10-04:00 logger.go:66: [0m[1mmodule.new_vpc_eks_runner.module.eks.aws_eks_addon.this["coredns"]: Still creating... [9m30s elapsed][0m[0m
TestEks 2023-10-04T09:26:17-04:00 logger.go:66: [0m[1mmodule.new_vpc_eks_runner.module.eks.aws_eks_addon.before_compute["vpc-cni"]: Still creating... [13m40s elapsed][0m[0m
TestEks 2023-10-04T09:26:17-04:00 logger.go:66: [0m[1mmodule.existing_vpc_eks_runner.module.eks.aws_eks_addon.this["coredns"]: Still creating... [12m51s elapsed][0m[0m
TestEks 2023-10-04T09:26:20-04:00 logger.go:66: [0m[1mmodule.new_vpc_eks_runner.module.eks.aws_eks_addon.this["coredns"]: Still creating... [9m40s elapsed][0m[0m
TestEks 2023-10-04T09:26:27-04:00 logger.go:66: [0m[1mmodule.new_vpc_eks_runner.module.eks.aws_eks_addon.before_compute["vpc-cni"]: Still creating... [13m50s elapsed][0m[0m
TestEks 2023-10-04T09:26:27-04:00 logger.go:66: [0m[1mmodule.existing_vpc_eks_runner.module.eks.aws_eks_addon.this["coredns"]: Still creating... [13m1s elapsed][0m[0m
TestEks 2023-10-04T09:26:30-04:00 logger.go:66: [0m[1mmodule.new_vpc_eks_runner.module.eks.aws_eks_addon.this["coredns"]: Still creating... [9m50s elapsed][0m[0m
TestEks 2023-10-04T09:26:37-04:00 logger.go:66: [0m[1mmodule.new_vpc_eks_runner.module.eks.aws_eks_addon.before_compute["vpc-cni"]: Still creating... [14m0s elapsed][0m[0m
TestEks 2023-10-04T09:26:37-04:00 logger.go:66: [0m[1mmodule.existing_vpc_eks_runner.module.eks.aws_eks_addon.this["coredns"]: Still creating... [13m11s elapsed][0m[0m
TestEks 2023-10-04T09:26:40-04:00 logger.go:66: [0m[1mmodule.new_vpc_eks_runner.module.eks.aws_eks_addon.this["coredns"]: Still creating... [10m0s elapsed][0m[0m
TestEks 2023-10-04T09:26:47-04:00 logger.go:66: [0m[1mmodule.new_vpc_eks_runner.module.eks.aws_eks_addon.before_compute["vpc-cni"]: Still creating... [14m10s elapsed][0m[0m
TestEks 2023-10-04T09:26:47-04:00 logger.go:66: [0m[1mmodule.existing_vpc_eks_runner.module.eks.aws_eks_addon.this["coredns"]: Still creating... [13m21s elapsed][0m[0m
TestEks 2023-10-04T09:26:50-04:00 logger.go:66: [0m[1mmodule.new_vpc_eks_runner.module.eks.aws_eks_addon.this["coredns"]: Still creating... [10m10s elapsed][0m[0m
TestEks 2023-10-04T09:26:57-04:00 logger.go:66: [0m[1mmodule.new_vpc_eks_runner.module.eks.aws_eks_addon.before_compute["vpc-cni"]: Still creating... [14m20s elapsed][0m[0m
TestEks 2023-10-04T09:26:57-04:00 logger.go:66: [0m[1mmodule.existing_vpc_eks_runner.module.eks.aws_eks_addon.this["coredns"]: Still creating... [13m31s elapsed][0m[0m
TestEks 2023-10-04T09:27:00-04:00 logger.go:66: [0m[1mmodule.new_vpc_eks_runner.module.eks.aws_eks_addon.this["coredns"]: Still creating... [10m20s elapsed][0m[0m
TestEks 2023-10-04T09:27:07-04:00 logger.go:66: [0m[1mmodule.new_vpc_eks_runner.module.eks.aws_eks_addon.before_compute["vpc-cni"]: Still creating... [14m30s elapsed][0m[0m
TestEks 2023-10-04T09:27:07-04:00 logger.go:66: [0m[1mmodule.existing_vpc_eks_runner.module.eks.aws_eks_addon.this["coredns"]: Still creating... [13m41s elapsed][0m[0m
TestEks 2023-10-04T09:27:10-04:00 logger.go:66: [0m[1mmodule.new_vpc_eks_runner.module.eks.aws_eks_addon.this["coredns"]: Still creating... [10m30s elapsed][0m[0m
TestEks 2023-10-04T09:27:17-04:00 logger.go:66: [0m[1mmodule.new_vpc_eks_runner.module.eks.aws_eks_addon.before_compute["vpc-cni"]: Still creating... [14m40s elapsed][0m[0m
TestEks 2023-10-04T09:27:17-04:00 logger.go:66: [0m[1mmodule.existing_vpc_eks_runner.module.eks.aws_eks_addon.this["coredns"]: Still creating... [13m51s elapsed][0m[0m
TestEks 2023-10-04T09:27:20-04:00 logger.go:66: [0m[1mmodule.new_vpc_eks_runner.module.eks.aws_eks_addon.this["coredns"]: Still creating... [10m40s elapsed][0m[0m
TestEks 2023-10-04T09:27:27-04:00 logger.go:66: [0m[1mmodule.new_vpc_eks_runner.module.eks.aws_eks_addon.before_compute["vpc-cni"]: Still creating... [14m50s elapsed][0m[0m
TestEks 2023-10-04T09:27:27-04:00 logger.go:66: [0m[1mmodule.existing_vpc_eks_runner.module.eks.aws_eks_addon.this["coredns"]: Still creating... [14m1s elapsed][0m[0m
TestEks 2023-10-04T09:27:30-04:00 logger.go:66: [0m[1mmodule.new_vpc_eks_runner.module.eks.aws_eks_addon.this["coredns"]: Still creating... [10m50s elapsed][0m[0m
TestEks 2023-10-04T09:27:37-04:00 logger.go:66: [0m[1mmodule.new_vpc_eks_runner.module.eks.aws_eks_addon.before_compute["vpc-cni"]: Still creating... [15m0s elapsed][0m[0m
TestEks 2023-10-04T09:27:37-04:00 logger.go:66: [0m[1mmodule.existing_vpc_eks_runner.module.eks.aws_eks_addon.this["coredns"]: Still creating... [14m11s elapsed][0m[0m
TestEks 2023-10-04T09:27:40-04:00 logger.go:66: [0m[1mmodule.new_vpc_eks_runner.module.eks.aws_eks_addon.this["coredns"]: Still creating... [11m0s elapsed][0m[0m
TestEks 2023-10-04T09:27:47-04:00 logger.go:66: [0m[1mmodule.new_vpc_eks_runner.module.eks.aws_eks_addon.before_compute["vpc-cni"]: Still creating... [15m10s elapsed][0m[0m
TestEks 2023-10-04T09:27:47-04:00 logger.go:66: [0m[1mmodule.existing_vpc_eks_runner.module.eks.aws_eks_addon.this["coredns"]: Still creating... [14m21s elapsed][0m[0m
TestEks 2023-10-04T09:27:48-04:00 logger.go:66: [0m[1mmodule.new_vpc_eks_runner.module.eks.aws_eks_addon.before_compute["vpc-cni"]: Creation complete after 15m11s [id=eks-runner-go-10604-demo:vpc-cni][0m
TestEks 2023-10-04T09:27:50-04:00 logger.go:66: [0m[1mmodule.new_vpc_eks_runner.module.eks.aws_eks_addon.this["coredns"]: Still creating... [11m10s elapsed][0m[0m
TestEks 2023-10-04T09:27:57-04:00 logger.go:66: [0m[1mmodule.existing_vpc_eks_runner.module.eks.aws_eks_addon.this["coredns"]: Still creating... [14m31s elapsed][0m[0m
TestEks 2023-10-04T09:28:00-04:00 logger.go:66: [0m[1mmodule.new_vpc_eks_runner.module.eks.aws_eks_addon.this["coredns"]: Still creating... [11m20s elapsed][0m[0m
TestEks 2023-10-04T09:28:07-04:00 logger.go:66: [0m[1mmodule.existing_vpc_eks_runner.module.eks.aws_eks_addon.this["coredns"]: Still creating... [14m41s elapsed][0m[0m
TestEks 2023-10-04T09:28:10-04:00 logger.go:66: [0m[1mmodule.new_vpc_eks_runner.module.eks.aws_eks_addon.this["coredns"]: Still creating... [11m30s elapsed][0m[0m
TestEks 2023-10-04T09:28:17-04:00 logger.go:66: [0m[1mmodule.existing_vpc_eks_runner.module.eks.aws_eks_addon.this["coredns"]: Still creating... [14m51s elapsed][0m[0m
TestEks 2023-10-04T09:28:20-04:00 logger.go:66: [0m[1mmodule.new_vpc_eks_runner.module.eks.aws_eks_addon.this["coredns"]: Still creating... [11m40s elapsed][0m[0m
TestEks 2023-10-04T09:28:27-04:00 logger.go:66: [0m[1mmodule.existing_vpc_eks_runner.module.eks.aws_eks_addon.this["coredns"]: Still creating... [15m1s elapsed][0m[0m
TestEks 2023-10-04T09:28:30-04:00 logger.go:66: [0m[1mmodule.new_vpc_eks_runner.module.eks.aws_eks_addon.this["coredns"]: Still creating... [11m50s elapsed][0m[0m
TestEks 2023-10-04T09:28:37-04:00 logger.go:66: [0m[1mmodule.existing_vpc_eks_runner.module.eks.aws_eks_addon.this["coredns"]: Still creating... [15m11s elapsed][0m[0m
TestEks 2023-10-04T09:28:40-04:00 logger.go:66: [0m[1mmodule.new_vpc_eks_runner.module.eks.aws_eks_addon.this["coredns"]: Still creating... [12m0s elapsed][0m[0m
TestEks 2023-10-04T09:28:47-04:00 logger.go:66: [0m[1mmodule.existing_vpc_eks_runner.module.eks.aws_eks_addon.this["coredns"]: Still creating... [15m21s elapsed][0m[0m
TestEks 2023-10-04T09:28:50-04:00 logger.go:66: [0m[1mmodule.new_vpc_eks_runner.module.eks.aws_eks_addon.this["coredns"]: Still creating... [12m10s elapsed][0m[0m
TestEks 2023-10-04T09:28:57-04:00 logger.go:66: [0m[1mmodule.existing_vpc_eks_runner.module.eks.aws_eks_addon.this["coredns"]: Still creating... [15m31s elapsed][0m[0m
TestEks 2023-10-04T09:29:00-04:00 logger.go:66: [0m[1mmodule.new_vpc_eks_runner.module.eks.aws_eks_addon.this["coredns"]: Still creating... [12m20s elapsed][0m[0m
TestEks 2023-10-04T09:29:07-04:00 logger.go:66: [0m[1mmodule.existing_vpc_eks_runner.module.eks.aws_eks_addon.this["coredns"]: Still creating... [15m41s elapsed][0m[0m
TestEks 2023-10-04T09:29:10-04:00 logger.go:66: [0m[1mmodule.new_vpc_eks_runner.module.eks.aws_eks_addon.this["coredns"]: Still creating... [12m30s elapsed][0m[0m
TestEks 2023-10-04T09:29:17-04:00 logger.go:66: [0m[1mmodule.existing_vpc_eks_runner.module.eks.aws_eks_addon.this["coredns"]: Still creating... [15m51s elapsed][0m[0m
TestEks 2023-10-04T09:29:20-04:00 logger.go:66: [0m[1mmodule.new_vpc_eks_runner.module.eks.aws_eks_addon.this["coredns"]: Still creating... [12m40s elapsed][0m[0m
TestEks 2023-10-04T09:29:27-04:00 logger.go:66: [0m[1mmodule.existing_vpc_eks_runner.module.eks.aws_eks_addon.this["coredns"]: Still creating... [16m1s elapsed][0m[0m
TestEks 2023-10-04T09:29:30-04:00 logger.go:66: [0m[1mmodule.new_vpc_eks_runner.module.eks.aws_eks_addon.this["coredns"]: Still creating... [12m50s elapsed][0m[0m
TestEks 2023-10-04T09:29:37-04:00 logger.go:66: [0m[1mmodule.existing_vpc_eks_runner.module.eks.aws_eks_addon.this["coredns"]: Still creating... [16m11s elapsed][0m[0m
TestEks 2023-10-04T09:29:40-04:00 logger.go:66: [0m[1mmodule.new_vpc_eks_runner.module.eks.aws_eks_addon.this["coredns"]: Still creating... [13m0s elapsed][0m[0m
TestEks 2023-10-04T09:29:47-04:00 logger.go:66: [0m[1mmodule.existing_vpc_eks_runner.module.eks.aws_eks_addon.this["coredns"]: Still creating... [16m21s elapsed][0m[0m
TestEks 2023-10-04T09:29:50-04:00 logger.go:66: [0m[1mmodule.new_vpc_eks_runner.module.eks.aws_eks_addon.this["coredns"]: Still creating... [13m10s elapsed][0m[0m
TestEks 2023-10-04T09:29:57-04:00 logger.go:66: [0m[1mmodule.existing_vpc_eks_runner.module.eks.aws_eks_addon.this["coredns"]: Still creating... [16m31s elapsed][0m[0m
TestEks 2023-10-04T09:30:00-04:00 logger.go:66: [0m[1mmodule.new_vpc_eks_runner.module.eks.aws_eks_addon.this["coredns"]: Still creating... [13m20s elapsed][0m[0m
TestEks 2023-10-04T09:30:07-04:00 logger.go:66: [0m[1mmodule.existing_vpc_eks_runner.module.eks.aws_eks_addon.this["coredns"]: Still creating... [16m41s elapsed][0m[0m
TestEks 2023-10-04T09:30:10-04:00 logger.go:66: [0m[1mmodule.new_vpc_eks_runner.module.eks.aws_eks_addon.this["coredns"]: Still creating... [13m30s elapsed][0m[0m
TestEks 2023-10-04T09:30:17-04:00 logger.go:66: [0m[1mmodule.existing_vpc_eks_runner.module.eks.aws_eks_addon.this["coredns"]: Still creating... [16m51s elapsed][0m[0m
TestEks 2023-10-04T09:30:20-04:00 logger.go:66: [0m[1mmodule.new_vpc_eks_runner.module.eks.aws_eks_addon.this["coredns"]: Still creating... [13m40s elapsed][0m[0m
TestEks 2023-10-04T09:30:27-04:00 logger.go:66: [0m[1mmodule.existing_vpc_eks_runner.module.eks.aws_eks_addon.this["coredns"]: Still creating... [17m1s elapsed][0m[0m
TestEks 2023-10-04T09:30:30-04:00 logger.go:66: [0m[1mmodule.new_vpc_eks_runner.module.eks.aws_eks_addon.this["coredns"]: Still creating... [13m50s elapsed][0m[0m
TestEks 2023-10-04T09:30:37-04:00 logger.go:66: [0m[1mmodule.existing_vpc_eks_runner.module.eks.aws_eks_addon.this["coredns"]: Still creating... [17m11s elapsed][0m[0m
TestEks 2023-10-04T09:30:40-04:00 logger.go:66: [0m[1mmodule.new_vpc_eks_runner.module.eks.aws_eks_addon.this["coredns"]: Still creating... [14m0s elapsed][0m[0m
TestEks 2023-10-04T09:30:47-04:00 logger.go:66: [0m[1mmodule.existing_vpc_eks_runner.module.eks.aws_eks_addon.this["coredns"]: Still creating... [17m21s elapsed][0m[0m
TestEks 2023-10-04T09:30:50-04:00 logger.go:66: [0m[1mmodule.new_vpc_eks_runner.module.eks.aws_eks_addon.this["coredns"]: Still creating... [14m10s elapsed][0m[0m
TestEks 2023-10-04T09:30:57-04:00 logger.go:66: [0m[1mmodule.existing_vpc_eks_runner.module.eks.aws_eks_addon.this["coredns"]: Still creating... [17m31s elapsed][0m[0m
TestEks 2023-10-04T09:31:00-04:00 logger.go:66: [0m[1mmodule.new_vpc_eks_runner.module.eks.aws_eks_addon.this["coredns"]: Still creating... [14m20s elapsed][0m[0m
TestEks 2023-10-04T09:31:07-04:00 logger.go:66: [0m[1mmodule.existing_vpc_eks_runner.module.eks.aws_eks_addon.this["coredns"]: Still creating... [17m41s elapsed][0m[0m
TestEks 2023-10-04T09:31:10-04:00 logger.go:66: [0m[1mmodule.new_vpc_eks_runner.module.eks.aws_eks_addon.this["coredns"]: Still creating... [14m30s elapsed][0m[0m
TestEks 2023-10-04T09:31:17-04:00 logger.go:66: [0m[1mmodule.existing_vpc_eks_runner.module.eks.aws_eks_addon.this["coredns"]: Still creating... [17m51s elapsed][0m[0m
TestEks 2023-10-04T09:31:20-04:00 logger.go:66: [0m[1mmodule.new_vpc_eks_runner.module.eks.aws_eks_addon.this["coredns"]: Still creating... [14m40s elapsed][0m[0m
TestEks 2023-10-04T09:31:27-04:00 logger.go:66: [0m[1mmodule.existing_vpc_eks_runner.module.eks.aws_eks_addon.this["coredns"]: Still creating... [18m1s elapsed][0m[0m
TestEks 2023-10-04T09:31:30-04:00 logger.go:66: [0m[1mmodule.new_vpc_eks_runner.module.eks.aws_eks_addon.this["coredns"]: Still creating... [14m50s elapsed][0m[0m
TestEks 2023-10-04T09:31:37-04:00 logger.go:66: [0m[1mmodule.existing_vpc_eks_runner.module.eks.aws_eks_addon.this["coredns"]: Still creating... [18m11s elapsed][0m[0m
TestEks 2023-10-04T09:31:40-04:00 logger.go:66: [0m[1mmodule.new_vpc_eks_runner.module.eks.aws_eks_addon.this["coredns"]: Still creating... [15m0s elapsed][0m[0m
TestEks 2023-10-04T09:31:47-04:00 logger.go:66: [0m[1mmodule.existing_vpc_eks_runner.module.eks.aws_eks_addon.this["coredns"]: Still creating... [18m21s elapsed][0m[0m
TestEks 2023-10-04T09:31:50-04:00 logger.go:66: [0m[1mmodule.new_vpc_eks_runner.module.eks.aws_eks_addon.this["coredns"]: Still creating... [15m10s elapsed][0m[0m
TestEks 2023-10-04T09:31:57-04:00 logger.go:66: [0m[1mmodule.existing_vpc_eks_runner.module.eks.aws_eks_addon.this["coredns"]: Still creating... [18m31s elapsed][0m[0m
TestEks 2023-10-04T09:32:00-04:00 logger.go:66: [0m[1mmodule.new_vpc_eks_runner.module.eks.aws_eks_addon.this["coredns"]: Still creating... [15m20s elapsed][0m[0m
TestEks 2023-10-04T09:32:07-04:00 logger.go:66: [0m[1mmodule.existing_vpc_eks_runner.module.eks.aws_eks_addon.this["coredns"]: Still creating... [18m41s elapsed][0m[0m
TestEks 2023-10-04T09:32:10-04:00 logger.go:66: [0m[1mmodule.new_vpc_eks_runner.module.eks.aws_eks_addon.this["coredns"]: Still creating... [15m30s elapsed][0m[0m
TestEks 2023-10-04T09:32:17-04:00 logger.go:66: [0m[1mmodule.existing_vpc_eks_runner.module.eks.aws_eks_addon.this["coredns"]: Still creating... [18m51s elapsed][0m[0m
TestEks 2023-10-04T09:32:20-04:00 logger.go:66: [0m[1mmodule.new_vpc_eks_runner.module.eks.aws_eks_addon.this["coredns"]: Still creating... [15m40s elapsed][0m[0m
TestEks 2023-10-04T09:32:27-04:00 logger.go:66: [0m[1mmodule.existing_vpc_eks_runner.module.eks.aws_eks_addon.this["coredns"]: Still creating... [19m1s elapsed][0m[0m
TestEks 2023-10-04T09:32:30-04:00 logger.go:66: [0m[1mmodule.new_vpc_eks_runner.module.eks.aws_eks_addon.this["coredns"]: Still creating... [15m50s elapsed][0m[0m
TestEks 2023-10-04T09:32:37-04:00 logger.go:66: [0m[1mmodule.existing_vpc_eks_runner.module.eks.aws_eks_addon.this["coredns"]: Still creating... [19m11s elapsed][0m[0m
TestEks 2023-10-04T09:32:40-04:00 logger.go:66: [0m[1mmodule.new_vpc_eks_runner.module.eks.aws_eks_addon.this["coredns"]: Still creating... [16m0s elapsed][0m[0m
TestEks 2023-10-04T09:32:47-04:00 logger.go:66: [0m[1mmodule.existing_vpc_eks_runner.module.eks.aws_eks_addon.this["coredns"]: Still creating... [19m21s elapsed][0m[0m
TestEks 2023-10-04T09:32:50-04:00 logger.go:66: [0m[1mmodule.new_vpc_eks_runner.module.eks.aws_eks_addon.this["coredns"]: Still creating... [16m10s elapsed][0m[0m
TestEks 2023-10-04T09:32:57-04:00 logger.go:66: [0m[1mmodule.existing_vpc_eks_runner.module.eks.aws_eks_addon.this["coredns"]: Still creating... [19m31s elapsed][0m[0m
TestEks 2023-10-04T09:33:00-04:00 logger.go:66: [0m[1mmodule.new_vpc_eks_runner.module.eks.aws_eks_addon.this["coredns"]: Still creating... [16m20s elapsed][0m[0m
TestEks 2023-10-04T09:33:07-04:00 logger.go:66: [0m[1mmodule.existing_vpc_eks_runner.module.eks.aws_eks_addon.this["coredns"]: Still creating... [19m41s elapsed][0m[0m
TestEks 2023-10-04T09:33:10-04:00 logger.go:66: [0m[1mmodule.new_vpc_eks_runner.module.eks.aws_eks_addon.this["coredns"]: Still creating... [16m30s elapsed][0m[0m
TestEks 2023-10-04T09:33:17-04:00 logger.go:66: [0m[1mmodule.existing_vpc_eks_runner.module.eks.aws_eks_addon.this["coredns"]: Still creating... [19m51s elapsed][0m[0m
TestEks 2023-10-04T09:33:20-04:00 logger.go:66: [0m[1mmodule.new_vpc_eks_runner.module.eks.aws_eks_addon.this["coredns"]: Still creating... [16m40s elapsed][0m[0m
TestEks 2023-10-04T09:33:27-04:00 logger.go:66: [0m[1mmodule.existing_vpc_eks_runner.module.eks.aws_eks_addon.this["coredns"]: Still creating... [20m1s elapsed][0m[0m
TestEks 2023-10-04T09:33:30-04:00 logger.go:66: [0m[1mmodule.new_vpc_eks_runner.module.eks.aws_eks_addon.this["coredns"]: Still creating... [16m50s elapsed][0m[0m
TestEks 2023-10-04T09:33:40-04:00 logger.go:66: [0m[1mmodule.new_vpc_eks_runner.module.eks.aws_eks_addon.this["coredns"]: Still creating... [17m0s elapsed][0m[0m
TestEks 2023-10-04T09:33:50-04:00 logger.go:66: [0m[1mmodule.new_vpc_eks_runner.module.eks.aws_eks_addon.this["coredns"]: Still creating... [17m10s elapsed][0m[0m
TestEks 2023-10-04T09:34:00-04:00 logger.go:66: [0m[1mmodule.new_vpc_eks_runner.module.eks.aws_eks_addon.this["coredns"]: Still creating... [17m20s elapsed][0m[0m
TestEks 2023-10-04T09:34:10-04:00 logger.go:66: [0m[1mmodule.new_vpc_eks_runner.module.eks.aws_eks_addon.this["coredns"]: Still creating... [17m30s elapsed][0m[0m
TestEks 2023-10-04T09:34:20-04:00 logger.go:66: [0m[1mmodule.new_vpc_eks_runner.module.eks.aws_eks_addon.this["coredns"]: Still creating... [17m40s elapsed][0m[0m
TestEks 2023-10-04T09:34:30-04:00 logger.go:66: [0m[1mmodule.new_vpc_eks_runner.module.eks.aws_eks_addon.this["coredns"]: Still creating... [17m50s elapsed][0m[0m
TestEks 2023-10-04T09:34:40-04:00 logger.go:66: [0m[1mmodule.new_vpc_eks_runner.module.eks.aws_eks_addon.this["coredns"]: Still creating... [18m0s elapsed][0m[0m
TestEks 2023-10-04T09:34:50-04:00 logger.go:66: [0m[1mmodule.new_vpc_eks_runner.module.eks.aws_eks_addon.this["coredns"]: Still creating... [18m10s elapsed][0m[0m
TestEks 2023-10-04T09:35:00-04:00 logger.go:66: [0m[1mmodule.new_vpc_eks_runner.module.eks.aws_eks_addon.this["coredns"]: Still creating... [18m20s elapsed][0m[0m
TestEks 2023-10-04T09:35:10-04:00 logger.go:66: [0m[1mmodule.new_vpc_eks_runner.module.eks.aws_eks_addon.this["coredns"]: Still creating... [18m30s elapsed][0m[0m
TestEks 2023-10-04T09:35:20-04:00 logger.go:66: [0m[1mmodule.new_vpc_eks_runner.module.eks.aws_eks_addon.this["coredns"]: Still creating... [18m40s elapsed][0m[0m
TestEks 2023-10-04T09:35:30-04:00 logger.go:66: [0m[1mmodule.new_vpc_eks_runner.module.eks.aws_eks_addon.this["coredns"]: Still creating... [18m50s elapsed][0m[0m
TestEks 2023-10-04T09:35:40-04:00 logger.go:66: [0m[1mmodule.new_vpc_eks_runner.module.eks.aws_eks_addon.this["coredns"]: Still creating... [19m0s elapsed][0m[0m
TestEks 2023-10-04T09:35:50-04:00 logger.go:66: [0m[1mmodule.new_vpc_eks_runner.module.eks.aws_eks_addon.this["coredns"]: Still creating... [19m10s elapsed][0m[0m
TestEks 2023-10-04T09:36:00-04:00 logger.go:66: [0m[1mmodule.new_vpc_eks_runner.module.eks.aws_eks_addon.this["coredns"]: Still creating... [19m20s elapsed][0m[0m
TestEks 2023-10-04T09:36:10-04:00 logger.go:66: [0m[1mmodule.new_vpc_eks_runner.module.eks.aws_eks_addon.this["coredns"]: Still creating... [19m30s elapsed][0m[0m
TestEks 2023-10-04T09:36:20-04:00 logger.go:66: [0m[1mmodule.new_vpc_eks_runner.module.eks.aws_eks_addon.this["coredns"]: Still creating... [19m40s elapsed][0m[0m
TestEks 2023-10-04T09:36:30-04:00 logger.go:66: [0m[1mmodule.new_vpc_eks_runner.module.eks.aws_eks_addon.this["coredns"]: Still creating... [19m50s elapsed][0m[0m
TestEks 2023-10-04T09:36:40-04:00 logger.go:66: [0m[1mmodule.new_vpc_eks_runner.module.eks.aws_eks_addon.this["coredns"]: Still creating... [20m0s elapsed][0m[0m
TestEks 2023-10-04T09:36:42-04:00 logger.go:66: [33m╷[0m[0m
TestEks 2023-10-04T09:36:42-04:00 logger.go:66: [33m│[0m [0m[1m[33mWarning: [0m[0m[1mRunning terraform apply again will remove the kubernetes add-on and attempt to create it again effectively purging previous add-on configuration[0m
TestEks 2023-10-04T09:36:42-04:00 logger.go:66: [33m│[0m [0m
TestEks 2023-10-04T09:36:42-04:00 logger.go:66: [33m│[0m [0m[0m  with module.existing_vpc_eks_runner.module.eks.aws_eks_addon.this["coredns"],
TestEks 2023-10-04T09:36:42-04:00 logger.go:66: [33m│[0m [0m  on .terraform/modules/existing_vpc_eks_runner.eks/main.tf line 382, in resource "aws_eks_addon" "this":
TestEks 2023-10-04T09:36:42-04:00 logger.go:66: [33m│[0m [0m 382: resource "aws_eks_addon" "this" [4m{[0m[0m
TestEks 2023-10-04T09:36:42-04:00 logger.go:66: [33m│[0m [0m
TestEks 2023-10-04T09:36:42-04:00 logger.go:66: [33m│[0m [0m(and one more similar warning elsewhere)
TestEks 2023-10-04T09:36:42-04:00 logger.go:66: [33m╵[0m[0m
TestEks 2023-10-04T09:36:42-04:00 logger.go:66: [33m╷[0m[0m
TestEks 2023-10-04T09:36:42-04:00 logger.go:66: [33m│[0m [0m[1m[33mWarning: [0m[0m[1mArgument is deprecated[0m
TestEks 2023-10-04T09:36:42-04:00 logger.go:66: [33m│[0m [0m
TestEks 2023-10-04T09:36:42-04:00 logger.go:66: [33m│[0m [0m[0m  with module.existing_vpc_eks_runner.module.eks.aws_eks_addon.this["coredns"],
TestEks 2023-10-04T09:36:42-04:00 logger.go:66: [33m│[0m [0m  on .terraform/modules/existing_vpc_eks_runner.eks/main.tf line 392, in resource "aws_eks_addon" "this":
TestEks 2023-10-04T09:36:42-04:00 logger.go:66: [33m│[0m [0m 392:   resolve_conflicts        = [4mtry(each.value.resolve_conflicts, "OVERWRITE")[0m[0m
TestEks 2023-10-04T09:36:42-04:00 logger.go:66: [33m│[0m [0m
TestEks 2023-10-04T09:36:42-04:00 logger.go:66: [33m│[0m [0mThe "resolve_conflicts" attribute can't be set to "PRESERVE" on initial
TestEks 2023-10-04T09:36:42-04:00 logger.go:66: [33m│[0m [0mresource creation. Use "resolve_conflicts_on_create" and/or
TestEks 2023-10-04T09:36:42-04:00 logger.go:66: [33m│[0m [0m"resolve_conflicts_on_update" instead
TestEks 2023-10-04T09:36:42-04:00 logger.go:66: [33m│[0m [0m
TestEks 2023-10-04T09:36:42-04:00 logger.go:66: [33m│[0m [0m(and 11 more similar warnings elsewhere)
TestEks 2023-10-04T09:36:42-04:00 logger.go:66: [33m╵[0m[0m
TestEks 2023-10-04T09:36:42-04:00 logger.go:66: [31m╷[0m[0m
TestEks 2023-10-04T09:36:42-04:00 logger.go:66: [31m│[0m [0m[1m[31mError: [0m[0m[1mwaiting for EKS Add-On (eks-runner-go-19867-demo:coredns) create: timeout while waiting for state to become 'ACTIVE' (last state: 'CREATING', timeout: 20m0s)[0m
TestEks 2023-10-04T09:36:42-04:00 logger.go:66: [31m│[0m [0m
TestEks 2023-10-04T09:36:42-04:00 logger.go:66: [31m│[0m [0m[0m  with module.existing_vpc_eks_runner.module.eks.aws_eks_addon.this["coredns"],
TestEks 2023-10-04T09:36:42-04:00 logger.go:66: [31m│[0m [0m  on .terraform/modules/existing_vpc_eks_runner.eks/main.tf line 382, in resource "aws_eks_addon" "this":
TestEks 2023-10-04T09:36:42-04:00 logger.go:66: [31m│[0m [0m 382: resource "aws_eks_addon" "this" [4m{[0m[0m
TestEks 2023-10-04T09:36:42-04:00 logger.go:66: [31m│[0m [0m
TestEks 2023-10-04T09:36:42-04:00 logger.go:66: [31m╵[0m[0m
TestEks 2023-10-04T09:36:42-04:00 logger.go:66: [31m╷[0m[0m
TestEks 2023-10-04T09:36:42-04:00 logger.go:66: [31m│[0m [0m[1m[31mError: [0m[0m[1mwaiting for EKS Add-On (eks-runner-go-10604-demo:coredns) create: timeout while waiting for state to become 'ACTIVE' (last state: 'CREATING', timeout: 20m0s)[0m
TestEks 2023-10-04T09:36:42-04:00 logger.go:66: [31m│[0m [0m
TestEks 2023-10-04T09:36:42-04:00 logger.go:66: [31m│[0m [0m[0m  with module.new_vpc_eks_runner.module.eks.aws_eks_addon.this["coredns"],
TestEks 2023-10-04T09:36:42-04:00 logger.go:66: [31m│[0m [0m  on .terraform/modules/new_vpc_eks_runner.eks/main.tf line 382, in resource "aws_eks_addon" "this":
TestEks 2023-10-04T09:36:42-04:00 logger.go:66: [31m│[0m [0m 382: resource "aws_eks_addon" "this" [4m{[0m[0m
TestEks 2023-10-04T09:36:42-04:00 logger.go:66: [31m│[0m [0m
TestEks 2023-10-04T09:36:42-04:00 logger.go:66: [31m╵[0m[0m
TestEks 2023-10-04T09:36:42-04:00 retry.go:99: Returning due to fatal error: FatalError{Underlying: error while running command: exit status 1; [31m╷[0m[0m
[31m│[0m [0m[1m[31mError: [0m[0m[1mwaiting for EKS Add-On (eks-runner-go-19867-demo:coredns) create: timeout while waiting for state to become 'ACTIVE' (last state: 'CREATING', timeout: 20m0s)[0m
[31m│[0m [0m
[31m│[0m [0m[0m  with module.existing_vpc_eks_runner.module.eks.aws_eks_addon.this["coredns"],
[31m│[0m [0m  on .terraform/modules/existing_vpc_eks_runner.eks/main.tf line 382, in resource "aws_eks_addon" "this":
[31m│[0m [0m 382: resource "aws_eks_addon" "this" [4m{[0m[0m
[31m│[0m [0m
[31m╵[0m[0m
[31m╷[0m[0m
[31m│[0m [0m[1m[31mError: [0m[0m[1mwaiting for EKS Add-On (eks-runner-go-10604-demo:coredns) create: timeout while waiting for state to become 'ACTIVE' (last state: 'CREATING', timeout: 20m0s)[0m
[31m│[0m [0m
[31m│[0m [0m[0m  with module.new_vpc_eks_runner.module.eks.aws_eks_addon.this["coredns"],
[31m│[0m [0m  on .terraform/modules/new_vpc_eks_runner.eks/main.tf line 382, in resource "aws_eks_addon" "this":
[31m│[0m [0m 382: resource "aws_eks_addon" "this" [4m{[0m[0m
[31m│[0m [0m
[31m╵[0m[0m}
    apply.go:15: 
        	Error Trace:	/Users/uhughlu/go/pkg/mod/github.com/gruntwork-io/terratest@v0.44.0/modules/terraform/apply.go:15
        	            				/Users/uhughlu/repos/terraformmodules/gitlab-runners/test/eks_test.go:96
        	Error:      	Received unexpected error:
        	            	FatalError{Underlying: error while running command: exit status 1; [31m╷[0m[0m
        	            	[31m│[0m [0m[1m[31mError: [0m[0m[1mwaiting for EKS Add-On (eks-runner-go-19867-demo:coredns) create: timeout while waiting for state to become 'ACTIVE' (last state: 'CREATING', timeout: 20m0s)[0m
        	            	[31m│[0m [0m
        	            	[31m│[0m [0m[0m  with module.existing_vpc_eks_runner.module.eks.aws_eks_addon.this["coredns"],
        	            	[31m│[0m [0m  on .terraform/modules/existing_vpc_eks_runner.eks/main.tf line 382, in resource "aws_eks_addon" "this":
        	            	[31m│[0m [0m 382: resource "aws_eks_addon" "this" [4m{[0m[0m
        	            	[31m│[0m [0m
        	            	[31m╵[0m[0m
        	            	[31m╷[0m[0m
        	            	[31m│[0m [0m[1m[31mError: [0m[0m[1mwaiting for EKS Add-On (eks-runner-go-10604-demo:coredns) create: timeout while waiting for state to become 'ACTIVE' (last state: 'CREATING', timeout: 20m0s)[0m
        	            	[31m│[0m [0m
        	            	[31m│[0m [0m[0m  with module.new_vpc_eks_runner.module.eks.aws_eks_addon.this["coredns"],
        	            	[31m│[0m [0m  on .terraform/modules/new_vpc_eks_runner.eks/main.tf line 382, in resource "aws_eks_addon" "this":
        	            	[31m│[0m [0m 382: resource "aws_eks_addon" "this" [4m{[0m[0m
        	            	[31m│[0m [0m
        	            	[31m╵[0m[0m}
        	Test:       	TestEks
TestEks 2023-10-04T09:36:42-04:00 retry.go:91: terraform [destroy -auto-approve -input=false -var gitlab_runner_token=glrt-A77XgHfiAsYpBDr9965D -var tags={"Owner" = "lucas.j.hughes@outlook.com", "t_AppID" = "SVC03377", "t_dcl" = "3"} -var project_name=eks-runner-go-10604 -var project_name_2=eks-runner-go-19867 -var vpc_cidr_block=119.0.0.0/24 -lock=false]
TestEks 2023-10-04T09:36:42-04:00 logger.go:66: Running command terraform with args [destroy -auto-approve -input=false -var gitlab_runner_token=glrt-A77XgHfiAsYpBDr9965D -var tags={"Owner" = "lucas.j.hughes@outlook.com", "t_AppID" = "SVC03377", "t_dcl" = "3"} -var project_name=eks-runner-go-10604 -var project_name_2=eks-runner-go-19867 -var vpc_cidr_block=119.0.0.0/24 -lock=false]
TestEks 2023-10-04T09:36:50-04:00 logger.go:66: [0m[1mmodule.existing_vpc_eks_runner.module.eks.data.aws_partition.current: Reading...[0m[0m
TestEks 2023-10-04T09:36:50-04:00 logger.go:66: [0m[1mmodule.existing_vpc_eks_runner.module.eks.module.kms.data.aws_partition.current: Reading...[0m[0m
TestEks 2023-10-04T09:36:50-04:00 logger.go:66: [0m[1mmodule.existing_vpc_eks_runner.data.aws_availability_zones.available: Reading...[0m[0m
TestEks 2023-10-04T09:36:50-04:00 logger.go:66: [0m[1mmodule.existing_vpc_eks_runner.module.eks.module.kms.data.aws_caller_identity.current: Reading...[0m[0m
TestEks 2023-10-04T09:36:50-04:00 logger.go:66: [0m[1mmodule.existing_vpc_eks_runner.module.eks.data.aws_caller_identity.current: Reading...[0m[0m
TestEks 2023-10-04T09:36:50-04:00 logger.go:66: [0m[1mmodule.existing_vpc_eks_runner.data.aws_ami.pcm_eks_ami: Reading...[0m[0m
TestEks 2023-10-04T09:36:50-04:00 logger.go:66: [0m[1mmodule.existing_vpc_eks_runner.module.eks.data.aws_partition.current: Read complete after 0s [id=aws][0m
TestEks 2023-10-04T09:36:50-04:00 logger.go:66: [0m[1mmodule.existing_vpc_eks_runner.module.eks.aws_cloudwatch_log_group.this[0]: Refreshing state... [id=/aws/eks/eks-runner-go-19867-demo/cluster][0m
TestEks 2023-10-04T09:36:50-04:00 logger.go:66: [0m[1mmodule.existing_vpc_eks_runner.module.eks.module.kms.data.aws_partition.current: Read complete after 0s [id=aws][0m
TestEks 2023-10-04T09:36:50-04:00 logger.go:66: [0m[1mmodule.existing_vpc_eks_runner.module.eks.data.aws_iam_policy_document.assume_role_policy[0]: Reading...[0m[0m
TestEks 2023-10-04T09:36:50-04:00 logger.go:66: [0m[1mmodule.existing_vpc_eks_runner.module.eks.data.aws_iam_policy_document.assume_role_policy[0]: Read complete after 0s [id=2764486067][0m
TestEks 2023-10-04T09:36:50-04:00 logger.go:66: [0m[1mmodule.existing_vpc_eks_runner.module.eks.aws_iam_role.this[0]: Refreshing state... [id=eks-runner-go-19867-demo-cluster-20231004130058821700000001][0m
TestEks 2023-10-04T09:36:50-04:00 logger.go:66: [0m[1mmodule.existing_vpc_eks_runner.module.eks.module.kms.data.aws_caller_identity.current: Read complete after 0s [id=177807608173][0m
TestEks 2023-10-04T09:36:50-04:00 logger.go:66: [0m[1mmodule.existing_vpc_eks_runner.module.eks.data.aws_caller_identity.current: Read complete after 0s [id=177807608173][0m
TestEks 2023-10-04T09:36:50-04:00 logger.go:66: [0m[1mmodule.existing_vpc_eks_runner.module.eks.data.aws_iam_session_context.current: Reading...[0m[0m
TestEks 2023-10-04T09:36:50-04:00 logger.go:66: [0m[1mmodule.new_vpc_eks_runner.module.eks.module.kms.data.aws_caller_identity.current: Reading...[0m[0m
TestEks 2023-10-04T09:36:50-04:00 logger.go:66: [0m[1mmodule.new_vpc_eks_runner.data.aws_availability_zones.available: Reading...[0m[0m
TestEks 2023-10-04T09:36:50-04:00 logger.go:66: [0m[1mmodule.new_vpc_eks_runner.module.eks.data.aws_caller_identity.current: Reading...[0m[0m
TestEks 2023-10-04T09:36:50-04:00 logger.go:66: [0m[1mmodule.new_vpc_eks_runner.data.aws_ami.pcm_eks_ami: Reading...[0m[0m
TestEks 2023-10-04T09:36:50-04:00 logger.go:66: [0m[1mmodule.new_vpc_eks_runner.module.eks.data.aws_partition.current: Reading...[0m[0m
TestEks 2023-10-04T09:36:50-04:00 logger.go:66: [0m[1mmodule.new_vpc_eks_runner.module.eks.data.aws_partition.current: Read complete after 0s [id=aws][0m
TestEks 2023-10-04T09:36:50-04:00 logger.go:66: [0m[1mmodule.new_vpc_eks_runner.module.eks.aws_cloudwatch_log_group.this[0]: Refreshing state... [id=/aws/eks/eks-runner-go-10604-demo/cluster][0m
TestEks 2023-10-04T09:36:50-04:00 logger.go:66: [0m[1mmodule.new_vpc_eks_runner.module.eks.module.kms.data.aws_partition.current: Reading...[0m[0m
TestEks 2023-10-04T09:36:50-04:00 logger.go:66: [0m[1mmodule.new_vpc_eks_runner.module.eks.module.kms.data.aws_partition.current: Read complete after 0s [id=aws][0m
TestEks 2023-10-04T09:36:50-04:00 logger.go:66: [0m[1mmodule.new_vpc_eks_runner.module.vpc[0].aws_vpc.this[0]: Refreshing state... [id=vpc-0095aef4d255b5396][0m
TestEks 2023-10-04T09:36:50-04:00 logger.go:66: [0m[1mmodule.existing_vpc_eks_runner.data.aws_availability_zones.available: Read complete after 0s [id=us-east-1][0m
TestEks 2023-10-04T09:36:50-04:00 logger.go:66: [0m[1mmodule.new_vpc_eks_runner.module.eks.data.aws_iam_policy_document.assume_role_policy[0]: Reading...[0m[0m
TestEks 2023-10-04T09:36:50-04:00 logger.go:66: [0m[1mmodule.new_vpc_eks_runner.module.eks.data.aws_iam_policy_document.assume_role_policy[0]: Read complete after 0s [id=2764486067][0m
TestEks 2023-10-04T09:36:50-04:00 logger.go:66: [0m[1mmodule.new_vpc_eks_runner.module.eks.aws_iam_role.this[0]: Refreshing state... [id=eks-runner-go-10604-demo-cluster-20231004130058490000000001][0m
TestEks 2023-10-04T09:36:50-04:00 logger.go:66: [0m[1mmodule.existing_vpc_eks_runner.module.eks.data.aws_iam_session_context.current: Read complete after 0s [id=arn:aws:sts::177807608173:assumed-role/PCMPowerUser/lucas.j.hughes@outlook.com][0m
TestEks 2023-10-04T09:36:51-04:00 logger.go:66: [0m[1mmodule.existing_vpc_eks_runner.module.eks.aws_iam_role_policy_attachment.this["AmazonEKSVPCResourceController"]: Refreshing state... [id=eks-runner-go-19867-demo-cluster-20231004130058821700000001-20231004130059514600000002][0m
TestEks 2023-10-04T09:36:51-04:00 logger.go:66: [0m[1mmodule.existing_vpc_eks_runner.module.eks.aws_iam_role_policy_attachment.this["AmazonEKSClusterPolicy"]: Refreshing state... [id=eks-runner-go-19867-demo-cluster-20231004130058821700000001-20231004130059603300000003][0m
TestEks 2023-10-04T09:36:51-04:00 logger.go:66: [0m[1mmodule.new_vpc_eks_runner.module.eks.module.kms.data.aws_caller_identity.current: Read complete after 0s [id=177807608173][0m
TestEks 2023-10-04T09:36:51-04:00 logger.go:66: [0m[1mmodule.existing_vpc_eks_runner.module.eks.module.kms.data.aws_iam_policy_document.this[0]: Reading...[0m[0m
TestEks 2023-10-04T09:36:51-04:00 logger.go:66: [0m[1mmodule.existing_vpc_eks_runner.module.eks.module.kms.data.aws_iam_policy_document.this[0]: Read complete after 0s [id=1480435103][0m
TestEks 2023-10-04T09:36:51-04:00 logger.go:66: [0m[1mmodule.existing_vpc_eks_runner.module.eks.module.kms.aws_kms_key.this[0]: Refreshing state... [id=65a4d840-38e9-42ed-95ad-03f29f5e57d2][0m
TestEks 2023-10-04T09:36:51-04:00 logger.go:66: [0m[1mmodule.new_vpc_eks_runner.module.eks.data.aws_caller_identity.current: Read complete after 0s [id=177807608173][0m
TestEks 2023-10-04T09:36:51-04:00 logger.go:66: [0m[1mmodule.new_vpc_eks_runner.module.eks.data.aws_iam_session_context.current: Reading...[0m[0m
TestEks 2023-10-04T09:36:51-04:00 logger.go:66: [0m[1mmodule.new_vpc_eks_runner.data.aws_availability_zones.available: Read complete after 0s [id=us-east-1][0m
TestEks 2023-10-04T09:36:51-04:00 logger.go:66: [0m[1mmodule.new_vpc_eks_runner.module.eks.data.aws_iam_session_context.current: Read complete after 0s [id=arn:aws:sts::177807608173:assumed-role/PCMPowerUser/lucas.j.hughes@outlook.com][0m
TestEks 2023-10-04T09:36:51-04:00 logger.go:66: [0m[1mmodule.existing_vpc_eks_runner.module.eks.module.kms.aws_kms_alias.this["cluster"]: Refreshing state... [id=alias/eks/eks-runner-go-19867-demo][0m
TestEks 2023-10-04T09:36:51-04:00 logger.go:66: [0m[1mmodule.existing_vpc_eks_runner.module.eks.aws_iam_policy.cluster_encryption[0]: Refreshing state... [id=arn:aws:iam::177807608173:policy/eks-runner-go-19867-demo-cluster-ClusterEncryption2023100413012038430000000d][0m
TestEks 2023-10-04T09:36:51-04:00 logger.go:66: [0m[1mmodule.new_vpc_eks_runner.module.eks.aws_iam_role_policy_attachment.this["AmazonEKSVPCResourceController"]: Refreshing state... [id=eks-runner-go-10604-demo-cluster-20231004130058490000000001-20231004130100323300000002][0m
TestEks 2023-10-04T09:36:51-04:00 logger.go:66: [0m[1mmodule.new_vpc_eks_runner.module.eks.aws_iam_role_policy_attachment.this["AmazonEKSClusterPolicy"]: Refreshing state... [id=eks-runner-go-10604-demo-cluster-20231004130058490000000001-20231004130100523500000003][0m
TestEks 2023-10-04T09:36:51-04:00 logger.go:66: [0m[1mmodule.new_vpc_eks_runner.module.eks.module.kms.data.aws_iam_policy_document.this[0]: Reading...[0m[0m
TestEks 2023-10-04T09:36:51-04:00 logger.go:66: [0m[1mmodule.new_vpc_eks_runner.module.eks.module.kms.data.aws_iam_policy_document.this[0]: Read complete after 0s [id=756419666][0m
TestEks 2023-10-04T09:36:51-04:00 logger.go:66: [0m[1mmodule.new_vpc_eks_runner.module.eks.module.kms.aws_kms_key.this[0]: Refreshing state... [id=2f6cfae5-09b8-44d2-95f9-6a1751beea57][0m
TestEks 2023-10-04T09:36:51-04:00 logger.go:66: [0m[1mmodule.existing_vpc_eks_runner.data.aws_ami.pcm_eks_ami: Read complete after 0s [id=ami-03f9ed6c9c41e7946][0m
TestEks 2023-10-04T09:36:51-04:00 logger.go:66: [0m[1mmodule.existing_vpc_eks_runner.module.eks.aws_iam_role_policy_attachment.cluster_encryption[0]: Refreshing state... [id=eks-runner-go-19867-demo-cluster-20231004130058821700000001-2023100413012073830000000e][0m
TestEks 2023-10-04T09:36:51-04:00 logger.go:66: [0m[1mmodule.new_vpc_eks_runner.data.aws_ami.pcm_eks_ami: Read complete after 1s [id=ami-03f9ed6c9c41e7946][0m
TestEks 2023-10-04T09:36:51-04:00 logger.go:66: [0m[1mmodule.new_vpc_eks_runner.module.eks.module.kms.aws_kms_alias.this["cluster"]: Refreshing state... [id=alias/eks/eks-runner-go-10604-demo][0m
TestEks 2023-10-04T09:36:51-04:00 logger.go:66: [0m[1mmodule.new_vpc_eks_runner.module.eks.aws_iam_policy.cluster_encryption[0]: Refreshing state... [id=arn:aws:iam::177807608173:policy/eks-runner-go-10604-demo-cluster-ClusterEncryption2023100413012105610000000e][0m
TestEks 2023-10-04T09:36:51-04:00 logger.go:66: [0m[1mmodule.new_vpc_eks_runner.module.eks.aws_iam_role_policy_attachment.cluster_encryption[0]: Refreshing state... [id=eks-runner-go-10604-demo-cluster-20231004130058490000000001-2023100413012138770000000f][0m
TestEks 2023-10-04T09:36:51-04:00 logger.go:66: [0m[1mmodule.new_vpc_eks_runner.module.vpc[0].aws_default_security_group.this[0]: Refreshing state... [id=sg-0511d1770689e96d8][0m
TestEks 2023-10-04T09:36:51-04:00 logger.go:66: [0m[1mmodule.new_vpc_eks_runner.module.vpc[0].aws_default_route_table.default[0]: Refreshing state... [id=rtb-02810fec43724a480][0m
TestEks 2023-10-04T09:36:51-04:00 logger.go:66: [0m[1mmodule.new_vpc_eks_runner.module.vpc[0].aws_default_network_acl.this[0]: Refreshing state... [id=acl-07ba8e94172127934][0m
TestEks 2023-10-04T09:36:51-04:00 logger.go:66: [0m[1mmodule.new_vpc_eks_runner.module.eks.aws_security_group.node[0]: Refreshing state... [id=sg-054a7cb1132d24b80][0m
TestEks 2023-10-04T09:36:51-04:00 logger.go:66: [0m[1mmodule.new_vpc_eks_runner.module.eks.aws_security_group.cluster[0]: Refreshing state... [id=sg-0934512868e3ab8c3][0m
TestEks 2023-10-04T09:36:51-04:00 logger.go:66: [0m[1mmodule.new_vpc_eks_runner.module.vpc[0].aws_internet_gateway.this[0]: Refreshing state... [id=igw-04587c4efff6488f3][0m
TestEks 2023-10-04T09:36:51-04:00 logger.go:66: [0m[1mmodule.new_vpc_eks_runner.module.vpc[0].aws_route_table.private[0]: Refreshing state... [id=rtb-0cdd8a29d5ee4a737][0m
TestEks 2023-10-04T09:36:51-04:00 logger.go:66: [0m[1mmodule.new_vpc_eks_runner.module.vpc[0].aws_subnet.private[0]: Refreshing state... [id=subnet-09e19a893c2cc8ccd][0m
TestEks 2023-10-04T09:36:51-04:00 logger.go:66: [0m[1mmodule.new_vpc_eks_runner.module.vpc[0].aws_subnet.private[1]: Refreshing state... [id=subnet-04f0b7f2cfb8dc557][0m
TestEks 2023-10-04T09:36:51-04:00 logger.go:66: [0m[1mmodule.new_vpc_eks_runner.module.vpc[0].aws_subnet.public[0]: Refreshing state... [id=subnet-06aa44dc1c4d957a8][0m
TestEks 2023-10-04T09:36:52-04:00 logger.go:66: [0m[1mmodule.new_vpc_eks_runner.module.vpc[0].aws_subnet.public[1]: Refreshing state... [id=subnet-02400b4bc4cc31dcb][0m
TestEks 2023-10-04T09:36:52-04:00 logger.go:66: [0m[1mmodule.new_vpc_eks_runner.module.vpc[0].aws_route_table.public[0]: Refreshing state... [id=rtb-01b7e19eba495fdfe][0m
TestEks 2023-10-04T09:36:52-04:00 logger.go:66: [0m[1mmodule.new_vpc_eks_runner.module.vpc[0].aws_eip.nat[0]: Refreshing state... [id=eipalloc-0be513587461407bc][0m
TestEks 2023-10-04T09:36:52-04:00 logger.go:66: [0m[1mmodule.new_vpc_eks_runner.module.eks.aws_security_group_rule.node["ingress_self_coredns_udp"]: Refreshing state... [id=sgrule-2869186731][0m
TestEks 2023-10-04T09:36:52-04:00 logger.go:66: [0m[1mmodule.new_vpc_eks_runner.module.eks.aws_security_group_rule.node["ingress_cluster_443"]: Refreshing state... [id=sgrule-1549593675][0m
TestEks 2023-10-04T09:36:52-04:00 logger.go:66: [0m[1mmodule.new_vpc_eks_runner.module.eks.aws_security_group_rule.node["ingress_self_coredns_tcp"]: Refreshing state... [id=sgrule-257684292][0m
TestEks 2023-10-04T09:36:52-04:00 logger.go:66: [0m[1mmodule.new_vpc_eks_runner.module.eks.aws_security_group_rule.node["ingress_cluster_kubelet"]: Refreshing state... [id=sgrule-2340873068][0m
TestEks 2023-10-04T09:36:52-04:00 logger.go:66: [0m[1mmodule.new_vpc_eks_runner.module.eks.aws_security_group_rule.node["ingress_cluster_6443_webhook"]: Refreshing state... [id=sgrule-2325166555][0m
TestEks 2023-10-04T09:36:52-04:00 logger.go:66: [0m[1mmodule.new_vpc_eks_runner.module.eks.aws_security_group_rule.node["egress_all"]: Refreshing state... [id=sgrule-1164766295][0m
TestEks 2023-10-04T09:36:52-04:00 logger.go:66: [0m[1mmodule.new_vpc_eks_runner.module.eks.aws_security_group_rule.node["ingress_nodes_ephemeral"]: Refreshing state... [id=sgrule-1087926372][0m
TestEks 2023-10-04T09:36:52-04:00 logger.go:66: [0m[1mmodule.new_vpc_eks_runner.module.eks.aws_security_group_rule.node["ingress_cluster_4443_webhook"]: Refreshing state... [id=sgrule-1138056781][0m
TestEks 2023-10-04T09:36:52-04:00 logger.go:66: [0m[1mmodule.new_vpc_eks_runner.module.eks.aws_security_group_rule.node["ingress_cluster_9443_webhook"]: Refreshing state... [id=sgrule-4251596337][0m
TestEks 2023-10-04T09:36:52-04:00 logger.go:66: [0m[1mmodule.new_vpc_eks_runner.module.eks.aws_security_group_rule.node["ingress_cluster_8443_webhook"]: Refreshing state... [id=sgrule-2580219386][0m
TestEks 2023-10-04T09:36:52-04:00 logger.go:66: [0m[1mmodule.new_vpc_eks_runner.module.eks.aws_security_group_rule.cluster["ingress_nodes_443"]: Refreshing state... [id=sgrule-3392966303][0m
TestEks 2023-10-04T09:36:52-04:00 logger.go:66: [0m[1mmodule.new_vpc_eks_runner.module.vpc[0].aws_route_table_association.private[0]: Refreshing state... [id=rtbassoc-054f1198ae6cf0f8d][0m
TestEks 2023-10-04T09:36:52-04:00 logger.go:66: [0m[1mmodule.new_vpc_eks_runner.module.vpc[0].aws_route_table_association.private[1]: Refreshing state... [id=rtbassoc-05ad051bb9b27c86f][0m
TestEks 2023-10-04T09:36:52-04:00 logger.go:66: [0m[1mmodule.new_vpc_eks_runner.module.vpc[0].aws_route.public_internet_gateway[0]: Refreshing state... [id=r-rtb-01b7e19eba495fdfe1080289494][0m
TestEks 2023-10-04T09:36:52-04:00 logger.go:66: [0m[1mmodule.new_vpc_eks_runner.module.vpc[0].aws_route_table_association.public[0]: Refreshing state... [id=rtbassoc-06743f507c85286d4][0m
TestEks 2023-10-04T09:36:52-04:00 logger.go:66: [0m[1mmodule.new_vpc_eks_runner.module.vpc[0].aws_route_table_association.public[1]: Refreshing state... [id=rtbassoc-002b05c5a4b2898a6][0m
TestEks 2023-10-04T09:36:52-04:00 logger.go:66: [0m[1mmodule.new_vpc_eks_runner.module.vpc[0].aws_nat_gateway.this[0]: Refreshing state... [id=nat-0f240967b182a1189][0m
TestEks 2023-10-04T09:36:52-04:00 logger.go:66: [0m[1mmodule.new_vpc_eks_runner.module.eks.module.eks_managed_node_group["eks-gitlab-runner"].data.aws_partition.current: Reading...[0m[0m
TestEks 2023-10-04T09:36:52-04:00 logger.go:66: [0m[1mmodule.new_vpc_eks_runner.module.eks.module.eks_managed_node_group["eks-gitlab-runner"].data.aws_partition.current: Read complete after 0s [id=aws][0m
TestEks 2023-10-04T09:36:52-04:00 logger.go:66: [0m[1mmodule.new_vpc_eks_runner.module.eks.module.eks_managed_node_group["eks-gitlab-runner"].data.aws_caller_identity.current: Reading...[0m[0m
TestEks 2023-10-04T09:36:52-04:00 logger.go:66: [0m[1mmodule.existing_vpc_eks_runner.data.aws_subnet.existing[0]: Reading...[0m[0m
TestEks 2023-10-04T09:36:52-04:00 logger.go:66: [0m[1mmodule.new_vpc_eks_runner.module.eks.module.eks_managed_node_group["eks-gitlab-runner"].data.aws_iam_policy_document.assume_role_policy[0]: Reading...[0m[0m
TestEks 2023-10-04T09:36:52-04:00 logger.go:66: [0m[1mmodule.new_vpc_eks_runner.module.eks.module.eks_managed_node_group["eks-gitlab-runner"].data.aws_iam_policy_document.assume_role_policy[0]: Read complete after 0s [id=2560088296][0m
TestEks 2023-10-04T09:36:52-04:00 logger.go:66: [0m[1mmodule.new_vpc_eks_runner.module.eks.module.eks_managed_node_group["eks-gitlab-runner"].aws_iam_role.this[0]: Refreshing state... [id=eks-runner-go-10604-eks-node-group-20231004130112133800000006][0m
TestEks 2023-10-04T09:36:52-04:00 logger.go:66: [0m[1mmodule.existing_vpc_eks_runner.module.eks.module.eks_managed_node_group["eks-gitlab-runner"].data.aws_partition.current: Reading...[0m[0m
TestEks 2023-10-04T09:36:52-04:00 logger.go:66: [0m[1mmodule.existing_vpc_eks_runner.module.eks.module.eks_managed_node_group["eks-gitlab-runner"].data.aws_partition.current: Read complete after 0s [id=aws][0m
TestEks 2023-10-04T09:36:52-04:00 logger.go:66: [0m[1mmodule.existing_vpc_eks_runner.module.eks.module.eks_managed_node_group["eks-gitlab-runner"].data.aws_caller_identity.current: Reading...[0m[0m
TestEks 2023-10-04T09:36:52-04:00 logger.go:66: [0m[1mmodule.new_vpc_eks_runner.module.eks.module.eks_managed_node_group["eks-gitlab-runner"].data.aws_caller_identity.current: Read complete after 1s [id=177807608173][0m
TestEks 2023-10-04T09:36:52-04:00 logger.go:66: [0m[1mmodule.existing_vpc_eks_runner.module.eks.module.eks_managed_node_group["eks-gitlab-runner"].data.aws_iam_policy_document.assume_role_policy[0]: Reading...[0m[0m
TestEks 2023-10-04T09:36:52-04:00 logger.go:66: [0m[1mmodule.existing_vpc_eks_runner.module.eks.module.eks_managed_node_group["eks-gitlab-runner"].data.aws_iam_policy_document.assume_role_policy[0]: Read complete after 0s [id=2560088296][0m
TestEks 2023-10-04T09:36:52-04:00 logger.go:66: [0m[1mmodule.existing_vpc_eks_runner.module.eks.module.eks_managed_node_group["eks-gitlab-runner"].aws_iam_role.this[0]: Refreshing state... [id=eks-runner-go-19867-eks-node-group-20231004130112916800000006][0m
TestEks 2023-10-04T09:36:52-04:00 logger.go:66: [0m[1mmodule.existing_vpc_eks_runner.module.eks.module.eks_managed_node_group["eks-gitlab-runner"].data.aws_caller_identity.current: Read complete after 1s [id=177807608173][0m
TestEks 2023-10-04T09:36:52-04:00 logger.go:66: [0m[1mmodule.existing_vpc_eks_runner.data.aws_subnet.existing[0]: Read complete after 1s [id=subnet-09e19a893c2cc8ccd][0m
TestEks 2023-10-04T09:36:52-04:00 logger.go:66: [0m[1mmodule.new_vpc_eks_runner.module.eks.aws_eks_cluster.this[0]: Refreshing state... [id=eks-runner-go-10604-demo][0m
TestEks 2023-10-04T09:36:52-04:00 logger.go:66: [0m[1mmodule.new_vpc_eks_runner.module.vpc[0].aws_route.private_nat_gateway[0]: Refreshing state... [id=r-rtb-0cdd8a29d5ee4a7371080289494][0m
TestEks 2023-10-04T09:36:52-04:00 logger.go:66: [0m[1mmodule.existing_vpc_eks_runner.module.eks.aws_security_group.cluster[0]: Refreshing state... [id=sg-0fe0a0f4754d1d7b6][0m
TestEks 2023-10-04T09:36:52-04:00 logger.go:66: [0m[1mmodule.existing_vpc_eks_runner.module.eks.aws_security_group.node[0]: Refreshing state... [id=sg-0ad7cfd5af856e460][0m
TestEks 2023-10-04T09:36:52-04:00 logger.go:66: [0m[1mmodule.existing_vpc_eks_runner.module.eks.aws_security_group_rule.node["egress_all"]: Refreshing state... [id=sgrule-1231132628][0m
TestEks 2023-10-04T09:36:52-04:00 logger.go:66: [0m[1mmodule.existing_vpc_eks_runner.module.eks.aws_security_group_rule.node["ingress_cluster_4443_webhook"]: Refreshing state... [id=sgrule-707988421][0m
TestEks 2023-10-04T09:36:52-04:00 logger.go:66: [0m[1mmodule.existing_vpc_eks_runner.module.eks.aws_security_group_rule.node["ingress_cluster_6443_webhook"]: Refreshing state... [id=sgrule-3815861331][0m
TestEks 2023-10-04T09:36:52-04:00 logger.go:66: [0m[1mmodule.existing_vpc_eks_runner.module.eks.aws_security_group_rule.node["ingress_cluster_8443_webhook"]: Refreshing state... [id=sgrule-4029501554][0m
TestEks 2023-10-04T09:36:52-04:00 logger.go:66: [0m[1mmodule.existing_vpc_eks_runner.module.eks.aws_security_group_rule.node["ingress_nodes_ephemeral"]: Refreshing state... [id=sgrule-2849329823][0m
TestEks 2023-10-04T09:36:52-04:00 logger.go:66: [0m[1mmodule.existing_vpc_eks_runner.module.eks.aws_security_group_rule.node["ingress_cluster_443"]: Refreshing state... [id=sgrule-3287407462][0m
TestEks 2023-10-04T09:36:52-04:00 logger.go:66: [0m[1mmodule.existing_vpc_eks_runner.module.eks.aws_security_group_rule.node["ingress_self_coredns_udp"]: Refreshing state... [id=sgrule-4179244787][0m
TestEks 2023-10-04T09:36:52-04:00 logger.go:66: [0m[1mmodule.existing_vpc_eks_runner.module.eks.aws_security_group_rule.node["ingress_cluster_kubelet"]: Refreshing state... [id=sgrule-2460747895][0m
TestEks 2023-10-04T09:36:52-04:00 logger.go:66: [0m[1mmodule.existing_vpc_eks_runner.module.eks.aws_security_group_rule.node["ingress_self_coredns_tcp"]: Refreshing state... [id=sgrule-1564841244][0m
TestEks 2023-10-04T09:36:52-04:00 logger.go:66: [0m[1mmodule.existing_vpc_eks_runner.module.eks.aws_security_group_rule.node["ingress_cluster_9443_webhook"]: Refreshing state... [id=sgrule-2492228537][0m
TestEks 2023-10-04T09:36:52-04:00 logger.go:66: [0m[1mmodule.existing_vpc_eks_runner.module.eks.aws_security_group_rule.cluster["ingress_nodes_443"]: Refreshing state... [id=sgrule-1645039922][0m
TestEks 2023-10-04T09:36:52-04:00 logger.go:66: [0m[1mmodule.existing_vpc_eks_runner.module.eks.module.eks_managed_node_group["eks-gitlab-runner"].aws_iam_role_policy_attachment.additional["AmazonEC2ContainerRegistryReadOnly"]: Refreshing state... [id=eks-runner-go-19867-eks-node-group-20231004130112916800000006-2023100413011354420000000c][0m
TestEks 2023-10-04T09:36:52-04:00 logger.go:66: [0m[1mmodule.existing_vpc_eks_runner.module.eks.module.eks_managed_node_group["eks-gitlab-runner"].aws_iam_role_policy_attachment.additional["ssm"]: Refreshing state... [id=eks-runner-go-19867-eks-node-group-20231004130112916800000006-20231004130113382900000008][0m
TestEks 2023-10-04T09:36:52-04:00 logger.go:66: [0m[1mmodule.existing_vpc_eks_runner.module.eks.module.eks_managed_node_group["eks-gitlab-runner"].aws_iam_role_policy_attachment.additional["additional_policy"]: Refreshing state... [id=eks-runner-go-19867-eks-node-group-20231004130112916800000006-2023100413011352420000000a][0m
TestEks 2023-10-04T09:36:53-04:00 logger.go:66: [0m[1mmodule.existing_vpc_eks_runner.module.eks.module.eks_managed_node_group["eks-gitlab-runner"].aws_iam_role_policy_attachment.this["arn:aws:iam::aws:policy/AmazonEKSWorkerNodePolicy"]: Refreshing state... [id=eks-runner-go-19867-eks-node-group-20231004130112916800000006-2023100413011353900000000b][0m
TestEks 2023-10-04T09:36:53-04:00 logger.go:66: [0m[1mmodule.existing_vpc_eks_runner.module.eks.module.eks_managed_node_group["eks-gitlab-runner"].aws_iam_role_policy_attachment.this["arn:aws:iam::aws:policy/AmazonEC2ContainerRegistryReadOnly"]: Refreshing state... [id=eks-runner-go-19867-eks-node-group-20231004130112916800000006-20231004130113353700000007][0m
TestEks 2023-10-04T09:36:53-04:00 logger.go:66: [0m[1mmodule.existing_vpc_eks_runner.module.eks.module.eks_managed_node_group["eks-gitlab-runner"].aws_iam_role_policy_attachment.this["arn:aws:iam::aws:policy/AmazonEKS_CNI_Policy"]: Refreshing state... [id=eks-runner-go-19867-eks-node-group-20231004130112916800000006-20231004130113461900000009][0m
TestEks 2023-10-04T09:36:53-04:00 logger.go:66: [0m[1mmodule.new_vpc_eks_runner.module.eks.module.eks_managed_node_group["eks-gitlab-runner"].aws_iam_role_policy_attachment.additional["additional_policy"]: Refreshing state... [id=eks-runner-go-10604-eks-node-group-20231004130112133800000006-20231004130112535600000007][0m
TestEks 2023-10-04T09:36:53-04:00 logger.go:66: [0m[1mmodule.new_vpc_eks_runner.module.eks.module.eks_managed_node_group["eks-gitlab-runner"].aws_iam_role_policy_attachment.additional["ssm"]: Refreshing state... [id=eks-runner-go-10604-eks-node-group-20231004130112133800000006-2023100413011284010000000d][0m
TestEks 2023-10-04T09:36:53-04:00 logger.go:66: [0m[1mmodule.new_vpc_eks_runner.module.eks.module.eks_managed_node_group["eks-gitlab-runner"].aws_iam_role_policy_attachment.additional["AmazonEC2ContainerRegistryReadOnly"]: Refreshing state... [id=eks-runner-go-10604-eks-node-group-20231004130112133800000006-2023100413011268840000000a][0m
TestEks 2023-10-04T09:36:53-04:00 logger.go:66: [0m[1mmodule.new_vpc_eks_runner.module.eks.module.eks_managed_node_group["eks-gitlab-runner"].aws_iam_role_policy_attachment.this["arn:aws:iam::aws:policy/AmazonEKS_CNI_Policy"]: Refreshing state... [id=eks-runner-go-10604-eks-node-group-20231004130112133800000006-2023100413011277920000000c][0m
TestEks 2023-10-04T09:36:53-04:00 logger.go:66: [0m[1mmodule.new_vpc_eks_runner.module.eks.module.eks_managed_node_group["eks-gitlab-runner"].aws_iam_role_policy_attachment.this["arn:aws:iam::aws:policy/AmazonEKSWorkerNodePolicy"]: Refreshing state... [id=eks-runner-go-10604-eks-node-group-20231004130112133800000006-20231004130112686500000009][0m
TestEks 2023-10-04T09:36:53-04:00 logger.go:66: [0m[1mmodule.new_vpc_eks_runner.module.eks.module.eks_managed_node_group["eks-gitlab-runner"].aws_iam_role_policy_attachment.this["arn:aws:iam::aws:policy/AmazonEC2ContainerRegistryReadOnly"]: Refreshing state... [id=eks-runner-go-10604-eks-node-group-20231004130112133800000006-20231004130112595500000008][0m
TestEks 2023-10-04T09:36:53-04:00 logger.go:66: [0m[1mmodule.new_vpc_eks_runner.module.eks.data.aws_eks_addon_version.this["coredns"]: Reading...[0m[0m
TestEks 2023-10-04T09:36:53-04:00 logger.go:66: [0m[1mmodule.new_vpc_eks_runner.module.eks.data.aws_eks_addon_version.this["vpc-cni"]: Reading...[0m[0m
TestEks 2023-10-04T09:36:53-04:00 logger.go:66: [0m[1mmodule.new_vpc_eks_runner.module.eks.time_sleep.this[0]: Refreshing state... [id=2023-10-04T13:13:06Z][0m
TestEks 2023-10-04T09:36:53-04:00 logger.go:66: [0m[1mmodule.new_vpc_eks_runner.module.eks.data.aws_eks_addon_version.this["kube-proxy"]: Reading...[0m[0m
TestEks 2023-10-04T09:36:53-04:00 logger.go:66: [0m[1mmodule.new_vpc_eks_runner.module.eks.aws_ec2_tag.cluster_primary_security_group["t_AppID"]: Refreshing state... [id=sg-0ab0213631b6d2495,t_AppID][0m
TestEks 2023-10-04T09:36:53-04:00 logger.go:66: [0m[1mmodule.new_vpc_eks_runner.module.eks.aws_ec2_tag.cluster_primary_security_group["Owner"]: Refreshing state... [id=sg-0ab0213631b6d2495,Owner][0m
TestEks 2023-10-04T09:36:53-04:00 logger.go:66: [0m[1mmodule.new_vpc_eks_runner.module.eks.aws_ec2_tag.cluster_primary_security_group["t_dcl"]: Refreshing state... [id=sg-0ab0213631b6d2495,t_dcl][0m
TestEks 2023-10-04T09:36:53-04:00 logger.go:66: [0m[1mmodule.new_vpc_eks_runner.module.eks.aws_ec2_tag.cluster_primary_security_group["t_environment"]: Refreshing state... [id=sg-0ab0213631b6d2495,t_environment][0m
TestEks 2023-10-04T09:36:53-04:00 logger.go:66: [0m[1mmodule.new_vpc_eks_runner.module.eks.data.aws_eks_addon_version.this["kube-proxy"]: Read complete after 0s [id=kube-proxy][0m
TestEks 2023-10-04T09:36:53-04:00 logger.go:66: [0m[1mmodule.new_vpc_eks_runner.module.eks.data.aws_eks_addon_version.this["coredns"]: Read complete after 0s [id=coredns][0m
TestEks 2023-10-04T09:36:53-04:00 logger.go:66: [0m[1mmodule.new_vpc_eks_runner.module.eks.data.aws_eks_addon_version.this["vpc-cni"]: Read complete after 0s [id=vpc-cni][0m
TestEks 2023-10-04T09:36:53-04:00 logger.go:66: [0m[1mmodule.new_vpc_eks_runner.module.eks.aws_eks_addon.before_compute["vpc-cni"]: Refreshing state... [id=eks-runner-go-10604-demo:vpc-cni][0m
TestEks 2023-10-04T09:36:53-04:00 logger.go:66: [0m[1mmodule.existing_vpc_eks_runner.module.eks.aws_eks_cluster.this[0]: Refreshing state... [id=eks-runner-go-19867-demo][0m
TestEks 2023-10-04T09:36:53-04:00 logger.go:66: [0m[1mmodule.new_vpc_eks_runner.module.eks.module.eks_managed_node_group["eks-gitlab-runner"].aws_launch_template.this[0]: Refreshing state... [id=lt-0b913048c2a8c3a65][0m
TestEks 2023-10-04T09:36:53-04:00 logger.go:66: [0m[1mmodule.new_vpc_eks_runner.module.eks.module.eks_managed_node_group["eks-gitlab-runner"].aws_eks_node_group.this[0]: Refreshing state... [id=eks-runner-go-10604-demo:eks-runner-go-10604-20231004131308494300000013][0m
TestEks 2023-10-04T09:36:53-04:00 logger.go:66: [0m[1mmodule.existing_vpc_eks_runner.module.eks.aws_ec2_tag.cluster_primary_security_group["t_AppID"]: Refreshing state... [id=sg-00c647a14c7edc89c,t_AppID][0m
TestEks 2023-10-04T09:36:53-04:00 logger.go:66: [0m[1mmodule.existing_vpc_eks_runner.module.eks.aws_ec2_tag.cluster_primary_security_group["t_environment"]: Refreshing state... [id=sg-00c647a14c7edc89c,t_environment][0m
TestEks 2023-10-04T09:36:53-04:00 logger.go:66: [0m[1mmodule.existing_vpc_eks_runner.module.eks.aws_ec2_tag.cluster_primary_security_group["Owner"]: Refreshing state... [id=sg-00c647a14c7edc89c,Owner][0m
TestEks 2023-10-04T09:36:53-04:00 logger.go:66: [0m[1mmodule.existing_vpc_eks_runner.module.eks.time_sleep.this[0]: Refreshing state... [id=2023-10-04T13:10:46Z][0m
TestEks 2023-10-04T09:36:53-04:00 logger.go:66: [0m[1mmodule.existing_vpc_eks_runner.module.eks.aws_ec2_tag.cluster_primary_security_group["t_dcl"]: Refreshing state... [id=sg-00c647a14c7edc89c,t_dcl][0m
TestEks 2023-10-04T09:36:53-04:00 logger.go:66: [0m[1mmodule.existing_vpc_eks_runner.module.eks.data.aws_eks_addon_version.this["kube-proxy"]: Reading...[0m[0m
TestEks 2023-10-04T09:36:53-04:00 logger.go:66: [0m[1mmodule.existing_vpc_eks_runner.module.eks.data.aws_eks_addon_version.this["vpc-cni"]: Reading...[0m[0m
TestEks 2023-10-04T09:36:53-04:00 logger.go:66: [0m[1mmodule.existing_vpc_eks_runner.module.eks.data.aws_eks_addon_version.this["coredns"]: Reading...[0m[0m
TestEks 2023-10-04T09:36:53-04:00 logger.go:66: [0m[1mmodule.existing_vpc_eks_runner.module.eks.data.aws_eks_addon_version.this["kube-proxy"]: Read complete after 0s [id=kube-proxy][0m
TestEks 2023-10-04T09:36:53-04:00 logger.go:66: [0m[1mmodule.existing_vpc_eks_runner.module.eks.data.aws_eks_addon_version.this["coredns"]: Read complete after 0s [id=coredns][0m
TestEks 2023-10-04T09:36:53-04:00 logger.go:66: [0m[1mmodule.new_vpc_eks_runner.module.eks.module.eks_managed_node_group["eks-gitlab-runner"].aws_autoscaling_schedule.this["scale-down"]: Refreshing state... [id=scale-down][0m
TestEks 2023-10-04T09:36:53-04:00 logger.go:66: [0m[1mmodule.new_vpc_eks_runner.module.eks.module.eks_managed_node_group["eks-gitlab-runner"].aws_autoscaling_schedule.this["scale-up"]: Refreshing state... [id=scale-up][0m
TestEks 2023-10-04T09:36:53-04:00 logger.go:66: [0m[1mmodule.existing_vpc_eks_runner.module.eks.data.aws_eks_addon_version.this["vpc-cni"]: Read complete after 0s [id=vpc-cni][0m
TestEks 2023-10-04T09:36:53-04:00 logger.go:66: [0m[1mmodule.existing_vpc_eks_runner.module.eks.aws_eks_addon.before_compute["vpc-cni"]: Refreshing state... [id=eks-runner-go-19867-demo:vpc-cni][0m
TestEks 2023-10-04T09:36:53-04:00 logger.go:66: [0m[1mmodule.existing_vpc_eks_runner.module.eks.module.eks_managed_node_group["eks-gitlab-runner"].aws_launch_template.this[0]: Refreshing state... [id=lt-073f4ff19b3a6cfb8][0m
TestEks 2023-10-04T09:36:54-04:00 logger.go:66: [0m[1mmodule.existing_vpc_eks_runner.module.eks.module.eks_managed_node_group["eks-gitlab-runner"].aws_eks_node_group.this[0]: Refreshing state... [id=eks-runner-go-19867-demo:eks-runner-go-19867-20231004131047493200000012][0m
TestEks 2023-10-04T09:36:54-04:00 logger.go:66: [0m[1mmodule.new_vpc_eks_runner.module.eks.aws_eks_addon.this["coredns"]: Refreshing state... [id=eks-runner-go-10604-demo:coredns][0m
TestEks 2023-10-04T09:36:54-04:00 logger.go:66: [0m[1mmodule.new_vpc_eks_runner.module.eks.aws_eks_addon.this["kube-proxy"]: Refreshing state... [id=eks-runner-go-10604-demo:kube-proxy][0m
TestEks 2023-10-04T09:36:54-04:00 logger.go:66: [0m[1mmodule.existing_vpc_eks_runner.module.eks.module.eks_managed_node_group["eks-gitlab-runner"].aws_autoscaling_schedule.this["scale-down"]: Refreshing state... [id=scale-down][0m
TestEks 2023-10-04T09:36:54-04:00 logger.go:66: [0m[1mmodule.existing_vpc_eks_runner.module.eks.module.eks_managed_node_group["eks-gitlab-runner"].aws_autoscaling_schedule.this["scale-up"]: Refreshing state... [id=scale-up][0m
TestEks 2023-10-04T09:36:54-04:00 logger.go:66: [0m[1mmodule.existing_vpc_eks_runner.module.eks.aws_eks_addon.this["coredns"]: Refreshing state... [id=eks-runner-go-19867-demo:coredns][0m
TestEks 2023-10-04T09:36:54-04:00 logger.go:66: [0m[1mmodule.existing_vpc_eks_runner.module.eks.aws_eks_addon.this["kube-proxy"]: Refreshing state... [id=eks-runner-go-19867-demo:kube-proxy][0m
TestEks 2023-10-04T09:36:57-04:00 logger.go:66: 
TestEks 2023-10-04T09:36:57-04:00 logger.go:66: Terraform used the selected providers to generate the following execution
TestEks 2023-10-04T09:36:57-04:00 logger.go:66: plan. Resource actions are indicated with the following symbols:
TestEks 2023-10-04T09:36:57-04:00 logger.go:66:   [31m-[0m destroy[0m
TestEks 2023-10-04T09:36:57-04:00 logger.go:66: 
TestEks 2023-10-04T09:36:57-04:00 logger.go:66: Terraform will perform the following actions:
TestEks 2023-10-04T09:36:57-04:00 logger.go:66: 
TestEks 2023-10-04T09:36:57-04:00 logger.go:66: [1m  # module.existing_vpc_eks_runner.module.eks.aws_cloudwatch_log_group.this[0][0m will be [1m[31mdestroyed[0m
TestEks 2023-10-04T09:36:57-04:00 logger.go:66: [0m  [31m-[0m[0m resource "aws_cloudwatch_log_group" "this" {
TestEks 2023-10-04T09:36:57-04:00 logger.go:66:       [31m-[0m[0m arn               = "arn:aws:logs:us-east-1:177807608173:log-group:/aws/eks/eks-runner-go-19867-demo/cluster" [90m-> null[0m[0m
TestEks 2023-10-04T09:36:57-04:00 logger.go:66:       [31m-[0m[0m id                = "/aws/eks/eks-runner-go-19867-demo/cluster" [90m-> null[0m[0m
TestEks 2023-10-04T09:36:57-04:00 logger.go:66:       [31m-[0m[0m name              = "/aws/eks/eks-runner-go-19867-demo/cluster" [90m-> null[0m[0m
TestEks 2023-10-04T09:36:57-04:00 logger.go:66:       [31m-[0m[0m retention_in_days = 90 [90m-> null[0m[0m
TestEks 2023-10-04T09:36:57-04:00 logger.go:66:       [31m-[0m[0m skip_destroy      = false [90m-> null[0m[0m
TestEks 2023-10-04T09:36:57-04:00 logger.go:66:       [31m-[0m[0m tags              = {
TestEks 2023-10-04T09:36:57-04:00 logger.go:66:           [31m-[0m[0m "Name"          = "/aws/eks/eks-runner-go-19867-demo/cluster"
TestEks 2023-10-04T09:36:57-04:00 logger.go:66:           [31m-[0m[0m "Owner"         = "lucas.j.hughes@outlook.com"
TestEks 2023-10-04T09:36:57-04:00 logger.go:66:           [31m-[0m[0m "t_AppID"       = "SVC03377"
TestEks 2023-10-04T09:36:57-04:00 logger.go:66:           [31m-[0m[0m "t_dcl"         = "3"
TestEks 2023-10-04T09:36:57-04:00 logger.go:66:           [31m-[0m[0m "t_environment" = "DEMO"
TestEks 2023-10-04T09:36:57-04:00 logger.go:66:         } [90m-> null[0m[0m
TestEks 2023-10-04T09:36:57-04:00 logger.go:66:       [31m-[0m[0m tags_all          = {
TestEks 2023-10-04T09:36:57-04:00 logger.go:66:           [31m-[0m[0m "Name"          = "/aws/eks/eks-runner-go-19867-demo/cluster"
TestEks 2023-10-04T09:36:57-04:00 logger.go:66:           [31m-[0m[0m "Owner"         = "lucas.j.hughes@outlook.com"
TestEks 2023-10-04T09:36:57-04:00 logger.go:66:           [31m-[0m[0m "t_AppID"       = "SVC03377"
TestEks 2023-10-04T09:36:57-04:00 logger.go:66:           [31m-[0m[0m "t_dcl"         = "3"
TestEks 2023-10-04T09:36:57-04:00 logger.go:66:           [31m-[0m[0m "t_environment" = "DEMO"
TestEks 2023-10-04T09:36:57-04:00 logger.go:66:         } [90m-> null[0m[0m
TestEks 2023-10-04T09:36:57-04:00 logger.go:66:     }
TestEks 2023-10-04T09:36:57-04:00 logger.go:66: 
TestEks 2023-10-04T09:36:57-04:00 logger.go:66: [1m  # module.existing_vpc_eks_runner.module.eks.aws_ec2_tag.cluster_primary_security_group["Owner"][0m will be [1m[31mdestroyed[0m
TestEks 2023-10-04T09:36:57-04:00 logger.go:66: [0m  [31m-[0m[0m resource "aws_ec2_tag" "cluster_primary_security_group" {
TestEks 2023-10-04T09:36:57-04:00 logger.go:66:       [31m-[0m[0m id          = "sg-00c647a14c7edc89c,Owner" [90m-> null[0m[0m
TestEks 2023-10-04T09:36:57-04:00 logger.go:66:       [31m-[0m[0m key         = "Owner" [90m-> null[0m[0m
TestEks 2023-10-04T09:36:57-04:00 logger.go:66:       [31m-[0m[0m resource_id = "sg-00c647a14c7edc89c" [90m-> null[0m[0m
TestEks 2023-10-04T09:36:57-04:00 logger.go:66:       [31m-[0m[0m value       = "lucas.j.hughes@outlook.com" [90m-> null[0m[0m
TestEks 2023-10-04T09:36:57-04:00 logger.go:66:     }
TestEks 2023-10-04T09:36:57-04:00 logger.go:66: 
TestEks 2023-10-04T09:36:57-04:00 logger.go:66: [1m  # module.existing_vpc_eks_runner.module.eks.aws_ec2_tag.cluster_primary_security_group["t_AppID"][0m will be [1m[31mdestroyed[0m
TestEks 2023-10-04T09:36:57-04:00 logger.go:66: [0m  [31m-[0m[0m resource "aws_ec2_tag" "cluster_primary_security_group" {
TestEks 2023-10-04T09:36:57-04:00 logger.go:66:       [31m-[0m[0m id          = "sg-00c647a14c7edc89c,t_AppID" [90m-> null[0m[0m
TestEks 2023-10-04T09:36:57-04:00 logger.go:66:       [31m-[0m[0m key         = "t_AppID" [90m-> null[0m[0m
TestEks 2023-10-04T09:36:57-04:00 logger.go:66:       [31m-[0m[0m resource_id = "sg-00c647a14c7edc89c" [90m-> null[0m[0m
TestEks 2023-10-04T09:36:57-04:00 logger.go:66:       [31m-[0m[0m value       = "SVC03377" [90m-> null[0m[0m
TestEks 2023-10-04T09:36:57-04:00 logger.go:66:     }
TestEks 2023-10-04T09:36:57-04:00 logger.go:66: 
TestEks 2023-10-04T09:36:57-04:00 logger.go:66: [1m  # module.existing_vpc_eks_runner.module.eks.aws_ec2_tag.cluster_primary_security_group["t_dcl"][0m will be [1m[31mdestroyed[0m
TestEks 2023-10-04T09:36:57-04:00 logger.go:66: [0m  [31m-[0m[0m resource "aws_ec2_tag" "cluster_primary_security_group" {
TestEks 2023-10-04T09:36:57-04:00 logger.go:66:       [31m-[0m[0m id          = "sg-00c647a14c7edc89c,t_dcl" [90m-> null[0m[0m
TestEks 2023-10-04T09:36:57-04:00 logger.go:66:       [31m-[0m[0m key         = "t_dcl" [90m-> null[0m[0m
TestEks 2023-10-04T09:36:57-04:00 logger.go:66:       [31m-[0m[0m resource_id = "sg-00c647a14c7edc89c" [90m-> null[0m[0m
TestEks 2023-10-04T09:36:57-04:00 logger.go:66:       [31m-[0m[0m value       = "3" [90m-> null[0m[0m
TestEks 2023-10-04T09:36:57-04:00 logger.go:66:     }
TestEks 2023-10-04T09:36:57-04:00 logger.go:66: 
TestEks 2023-10-04T09:36:57-04:00 logger.go:66: [1m  # module.existing_vpc_eks_runner.module.eks.aws_ec2_tag.cluster_primary_security_group["t_environment"][0m will be [1m[31mdestroyed[0m
TestEks 2023-10-04T09:36:57-04:00 logger.go:66: [0m  [31m-[0m[0m resource "aws_ec2_tag" "cluster_primary_security_group" {
TestEks 2023-10-04T09:36:57-04:00 logger.go:66:       [31m-[0m[0m id          = "sg-00c647a14c7edc89c,t_environment" [90m-> null[0m[0m
TestEks 2023-10-04T09:36:57-04:00 logger.go:66:       [31m-[0m[0m key         = "t_environment" [90m-> null[0m[0m
TestEks 2023-10-04T09:36:57-04:00 logger.go:66:       [31m-[0m[0m resource_id = "sg-00c647a14c7edc89c" [90m-> null[0m[0m
TestEks 2023-10-04T09:36:57-04:00 logger.go:66:       [31m-[0m[0m value       = "DEMO" [90m-> null[0m[0m
TestEks 2023-10-04T09:36:57-04:00 logger.go:66:     }
TestEks 2023-10-04T09:36:57-04:00 logger.go:66: 
TestEks 2023-10-04T09:36:57-04:00 logger.go:66: [1m  # module.existing_vpc_eks_runner.module.eks.aws_eks_addon.before_compute["vpc-cni"][0m will be [1m[31mdestroyed[0m
TestEks 2023-10-04T09:36:57-04:00 logger.go:66: [0m  [31m-[0m[0m resource "aws_eks_addon" "before_compute" {
TestEks 2023-10-04T09:36:57-04:00 logger.go:66:       [31m-[0m[0m addon_name           = "vpc-cni" [90m-> null[0m[0m
TestEks 2023-10-04T09:36:57-04:00 logger.go:66:       [31m-[0m[0m addon_version        = "v1.15.0-eksbuild.2" [90m-> null[0m[0m
TestEks 2023-10-04T09:36:57-04:00 logger.go:66:       [31m-[0m[0m arn                  = "arn:aws:eks:us-east-1:177807608173:addon/eks-runner-go-19867-demo/vpc-cni/b2c57d67-beda-21ad-01ff-b1be1049c920" [90m-> null[0m[0m
TestEks 2023-10-04T09:36:57-04:00 logger.go:66:       [31m-[0m[0m cluster_name         = "eks-runner-go-19867-demo" [90m-> null[0m[0m
TestEks 2023-10-04T09:36:57-04:00 logger.go:66:       [31m-[0m[0m configuration_values = jsonencode(
TestEks 2023-10-04T09:36:57-04:00 logger.go:66:             {
TestEks 2023-10-04T09:36:57-04:00 logger.go:66:               [31m-[0m[0m env = {
TestEks 2023-10-04T09:36:57-04:00 logger.go:66:                   [31m-[0m[0m ENABLE_PREFIX_DELEGATION = "true"
TestEks 2023-10-04T09:36:57-04:00 logger.go:66:                   [31m-[0m[0m WARM_PREFIX_TARGET       = "1"
TestEks 2023-10-04T09:36:57-04:00 logger.go:66:                 }
TestEks 2023-10-04T09:36:57-04:00 logger.go:66:             }
TestEks 2023-10-04T09:36:57-04:00 logger.go:66:         ) [90m-> null[0m[0m
TestEks 2023-10-04T09:36:57-04:00 logger.go:66:       [31m-[0m[0m created_at           = "2023-10-04T13:10:16Z" [90m-> null[0m[0m
TestEks 2023-10-04T09:36:57-04:00 logger.go:66:       [31m-[0m[0m id                   = "eks-runner-go-19867-demo:vpc-cni" [90m-> null[0m[0m
TestEks 2023-10-04T09:36:57-04:00 logger.go:66:       [31m-[0m[0m modified_at          = "2023-10-04T13:12:20Z" [90m-> null[0m[0m
TestEks 2023-10-04T09:36:57-04:00 logger.go:66:       [31m-[0m[0m resolve_conflicts    = "OVERWRITE" [90m-> null[0m[0m
TestEks 2023-10-04T09:36:57-04:00 logger.go:66:       [31m-[0m[0m tags                 = {
TestEks 2023-10-04T09:36:57-04:00 logger.go:66:           [31m-[0m[0m "Owner"         = "lucas.j.hughes@outlook.com"
TestEks 2023-10-04T09:36:57-04:00 logger.go:66:           [31m-[0m[0m "t_AppID"       = "SVC03377"
TestEks 2023-10-04T09:36:57-04:00 logger.go:66:           [31m-[0m[0m "t_dcl"         = "3"
TestEks 2023-10-04T09:36:57-04:00 logger.go:66:           [31m-[0m[0m "t_environment" = "DEMO"
TestEks 2023-10-04T09:36:57-04:00 logger.go:66:         } [90m-> null[0m[0m
TestEks 2023-10-04T09:36:57-04:00 logger.go:66:       [31m-[0m[0m tags_all             = {
TestEks 2023-10-04T09:36:57-04:00 logger.go:66:           [31m-[0m[0m "Owner"         = "lucas.j.hughes@outlook.com"
TestEks 2023-10-04T09:36:57-04:00 logger.go:66:           [31m-[0m[0m "t_AppID"       = "SVC03377"
TestEks 2023-10-04T09:36:57-04:00 logger.go:66:           [31m-[0m[0m "t_dcl"         = "3"
TestEks 2023-10-04T09:36:57-04:00 logger.go:66:           [31m-[0m[0m "t_environment" = "DEMO"
TestEks 2023-10-04T09:36:57-04:00 logger.go:66:         } [90m-> null[0m[0m
TestEks 2023-10-04T09:36:57-04:00 logger.go:66: 
TestEks 2023-10-04T09:36:57-04:00 logger.go:66:       [31m-[0m[0m timeouts {}
TestEks 2023-10-04T09:36:57-04:00 logger.go:66:     }
TestEks 2023-10-04T09:36:57-04:00 logger.go:66: 
TestEks 2023-10-04T09:36:57-04:00 logger.go:66: [1m  # module.existing_vpc_eks_runner.module.eks.aws_eks_addon.this["coredns"][0m will be [1m[31mdestroyed[0m
TestEks 2023-10-04T09:36:57-04:00 logger.go:66: [0m  [31m-[0m[0m resource "aws_eks_addon" "this" {
TestEks 2023-10-04T09:36:57-04:00 logger.go:66:       [31m-[0m[0m addon_name        = "coredns" [90m-> null[0m[0m
TestEks 2023-10-04T09:36:57-04:00 logger.go:66:       [31m-[0m[0m addon_version     = "v1.10.1-eksbuild.1" [90m-> null[0m[0m
TestEks 2023-10-04T09:36:57-04:00 logger.go:66:       [31m-[0m[0m arn               = "arn:aws:eks:us-east-1:177807608173:addon/eks-runner-go-19867-demo/coredns/d0c57d69-338c-e9b0-edeb-5256607b4c02" [90m-> null[0m[0m
TestEks 2023-10-04T09:36:57-04:00 logger.go:66:       [31m-[0m[0m cluster_name      = "eks-runner-go-19867-demo" [90m-> null[0m[0m
TestEks 2023-10-04T09:36:57-04:00 logger.go:66:       [31m-[0m[0m created_at        = "2023-10-04T13:13:27Z" [90m-> null[0m[0m
TestEks 2023-10-04T09:36:57-04:00 logger.go:66:       [31m-[0m[0m id                = "eks-runner-go-19867-demo:coredns" [90m-> null[0m[0m
TestEks 2023-10-04T09:36:57-04:00 logger.go:66:       [31m-[0m[0m modified_at       = "2023-10-04T13:13:27Z" [90m-> null[0m[0m
TestEks 2023-10-04T09:36:57-04:00 logger.go:66:       [31m-[0m[0m resolve_conflicts = "OVERWRITE" [90m-> null[0m[0m
TestEks 2023-10-04T09:36:57-04:00 logger.go:66:       [31m-[0m[0m tags              = {
TestEks 2023-10-04T09:36:57-04:00 logger.go:66:           [31m-[0m[0m "Owner"         = "lucas.j.hughes@outlook.com"
TestEks 2023-10-04T09:36:57-04:00 logger.go:66:           [31m-[0m[0m "t_AppID"       = "SVC03377"
TestEks 2023-10-04T09:36:57-04:00 logger.go:66:           [31m-[0m[0m "t_dcl"         = "3"
TestEks 2023-10-04T09:36:57-04:00 logger.go:66:           [31m-[0m[0m "t_environment" = "DEMO"
TestEks 2023-10-04T09:36:57-04:00 logger.go:66:         } [90m-> null[0m[0m
TestEks 2023-10-04T09:36:57-04:00 logger.go:66:       [31m-[0m[0m tags_all          = {
TestEks 2023-10-04T09:36:57-04:00 logger.go:66:           [31m-[0m[0m "Owner"         = "lucas.j.hughes@outlook.com"
TestEks 2023-10-04T09:36:57-04:00 logger.go:66:           [31m-[0m[0m "t_AppID"       = "SVC03377"
TestEks 2023-10-04T09:36:57-04:00 logger.go:66:           [31m-[0m[0m "t_dcl"         = "3"
TestEks 2023-10-04T09:36:57-04:00 logger.go:66:           [31m-[0m[0m "t_environment" = "DEMO"
TestEks 2023-10-04T09:36:57-04:00 logger.go:66:         } [90m-> null[0m[0m
TestEks 2023-10-04T09:36:57-04:00 logger.go:66: 
TestEks 2023-10-04T09:36:57-04:00 logger.go:66:       [31m-[0m[0m timeouts {}
TestEks 2023-10-04T09:36:57-04:00 logger.go:66:     }
TestEks 2023-10-04T09:36:57-04:00 logger.go:66: 
TestEks 2023-10-04T09:36:57-04:00 logger.go:66: [1m  # module.existing_vpc_eks_runner.module.eks.aws_eks_addon.this["kube-proxy"][0m will be [1m[31mdestroyed[0m
TestEks 2023-10-04T09:36:57-04:00 logger.go:66: [0m  [31m-[0m[0m resource "aws_eks_addon" "this" {
TestEks 2023-10-04T09:36:57-04:00 logger.go:66:       [31m-[0m[0m addon_name        = "kube-proxy" [90m-> null[0m[0m
TestEks 2023-10-04T09:36:57-04:00 logger.go:66:       [31m-[0m[0m addon_version     = "v1.27.1-eksbuild.1" [90m-> null[0m[0m
TestEks 2023-10-04T09:36:57-04:00 logger.go:66:       [31m-[0m[0m arn               = "arn:aws:eks:us-east-1:177807608173:addon/eks-runner-go-19867-demo/kube-proxy/bec57d69-338f-397a-81fc-5665d0bab7dd" [90m-> null[0m[0m
TestEks 2023-10-04T09:36:57-04:00 logger.go:66:       [31m-[0m[0m cluster_name      = "eks-runner-go-19867-demo" [90m-> null[0m[0m
TestEks 2023-10-04T09:36:57-04:00 logger.go:66:       [31m-[0m[0m created_at        = "2023-10-04T13:13:27Z" [90m-> null[0m[0m
TestEks 2023-10-04T09:36:57-04:00 logger.go:66:       [31m-[0m[0m id                = "eks-runner-go-19867-demo:kube-proxy" [90m-> null[0m[0m
TestEks 2023-10-04T09:36:57-04:00 logger.go:66:       [31m-[0m[0m modified_at       = "2023-10-04T13:13:40Z" [90m-> null[0m[0m
TestEks 2023-10-04T09:36:57-04:00 logger.go:66:       [31m-[0m[0m resolve_conflicts = "OVERWRITE" [90m-> null[0m[0m
TestEks 2023-10-04T09:36:57-04:00 logger.go:66:       [31m-[0m[0m tags              = {
TestEks 2023-10-04T09:36:57-04:00 logger.go:66:           [31m-[0m[0m "Owner"         = "lucas.j.hughes@outlook.com"
TestEks 2023-10-04T09:36:57-04:00 logger.go:66:           [31m-[0m[0m "t_AppID"       = "SVC03377"
TestEks 2023-10-04T09:36:57-04:00 logger.go:66:           [31m-[0m[0m "t_dcl"         = "3"
TestEks 2023-10-04T09:36:57-04:00 logger.go:66:           [31m-[0m[0m "t_environment" = "DEMO"
TestEks 2023-10-04T09:36:57-04:00 logger.go:66:         } [90m-> null[0m[0m
TestEks 2023-10-04T09:36:57-04:00 logger.go:66:       [31m-[0m[0m tags_all          = {
TestEks 2023-10-04T09:36:57-04:00 logger.go:66:           [31m-[0m[0m "Owner"         = "lucas.j.hughes@outlook.com"
TestEks 2023-10-04T09:36:57-04:00 logger.go:66:           [31m-[0m[0m "t_AppID"       = "SVC03377"
TestEks 2023-10-04T09:36:57-04:00 logger.go:66:           [31m-[0m[0m "t_dcl"         = "3"
TestEks 2023-10-04T09:36:57-04:00 logger.go:66:           [31m-[0m[0m "t_environment" = "DEMO"
TestEks 2023-10-04T09:36:57-04:00 logger.go:66:         } [90m-> null[0m[0m
TestEks 2023-10-04T09:36:57-04:00 logger.go:66: 
TestEks 2023-10-04T09:36:57-04:00 logger.go:66:       [31m-[0m[0m timeouts {}
TestEks 2023-10-04T09:36:57-04:00 logger.go:66:     }
TestEks 2023-10-04T09:36:57-04:00 logger.go:66: 
TestEks 2023-10-04T09:36:57-04:00 logger.go:66: [1m  # module.existing_vpc_eks_runner.module.eks.aws_eks_cluster.this[0][0m will be [1m[31mdestroyed[0m
TestEks 2023-10-04T09:36:57-04:00 logger.go:66: [0m  [31m-[0m[0m resource "aws_eks_cluster" "this" {
TestEks 2023-10-04T09:36:57-04:00 logger.go:66:       [31m-[0m[0m arn                       = "arn:aws:eks:us-east-1:177807608173:cluster/eks-runner-go-19867-demo" [90m-> null[0m[0m
TestEks 2023-10-04T09:36:57-04:00 logger.go:66:       [31m-[0m[0m certificate_authority     = [
TestEks 2023-10-04T09:36:57-04:00 logger.go:66:           [31m-[0m[0m {
TestEks 2023-10-04T09:36:57-04:00 logger.go:66:               [31m-[0m[0m data = "LS0tLS1CRUdJTiBDRVJUSUZJQ0FURS0tLS0tCk1JSURCVENDQWUyZ0F3SUJBZ0lJYXVmT2F0bVFLdUl3RFFZSktvWklodmNOQVFFTEJRQXdGVEVUTUJFR0ExVUUKQXhNS2EzVmlaWEp1WlhSbGN6QWVGdzB5TXpFd01EUXhNekEyTVRkYUZ3MHpNekV3TURFeE16QTJNVGRhTUJVeApFekFSQmdOVkJBTVRDbXQxWW1WeWJtVjBaWE13Z2dFaU1BMEdDU3FHU0liM0RRRUJBUVVBQTRJQkR3QXdnZ0VLCkFvSUJBUUREMG5qQS9kSjNlSFZrK1pYYjV5UjZ1Mlh1UVk5OWJNdWp4QmFOWGtudHRwUEtuZEJWK09XY1VHRngKRXBvUHRkR1FPRHN2TVRGQjJlc0JMV1VBYk9ERW91TzFDcC9Rd01wd0wxZThOTEhJakhFZGhWWisxaXl3a0h5VQpQd1RjNXNjOFJsYm1BUVJaUXZkN3BMRU90M1Z5Vm1ZS29XRXUra0lnckl6Q1hRVlUydUp5MW9wNUlrTk5ybjQrCkh5N3lCT21rM1hncjYzSm5CaTVYRkwyWjhDUE93cDEzVXJkVXl5SHEwTE5UWldsR0hLRkU4RVRkeDFOOXU1WXgKUXh2bEkxMUo3SXhCV3pIek5pVDV6dFNkMVJWVUhuMTVoRisvK2x4cjJ2bEJaZjF6cGlwRjBnaERBVGp5TmhEMQpjVUFqN0VTL1ZGaUFWYWxTR0I5UmlwUTIxdGhaQWdNQkFBR2pXVEJYTUE0R0ExVWREd0VCL3dRRUF3SUNwREFQCkJnTlZIUk1CQWY4RUJUQURBUUgvTUIwR0ExVWREZ1FXQkJRek9WVEFUWXVMTzNPdDlCRnlIc3RXMFFFWEpUQVYKQmdOVkhSRUVEakFNZ2dwcmRXSmxjbTVsZEdWek1BMEdDU3FHU0liM0RRRUJDd1VBQTRJQkFRQ3lweHd6UDU5cgpVaE1vd25kRU14V1ZkelN2NXpKRG5jMFpsQzZOOHcxUm1wb3dIR2taaTRSTDNUUU1zZDQvSkF4U0ZwWkptMk9oCllLazV1bWZTemhGNFRBNXl2NlBhSlNVaDJwckhSb0lIQ2d1ZmV1VGRCYnZpdklKQkNYdUhjb21XVWtnMWZEQy8KSkkrc0hjNWtoM1FZSGViWHNNTlkvYjhtdGZPbFR1cXpTM0dmZkkxNi9VWFFSNUVpaWJXM0ZSK2JSdzNIc05PcwpUZHY2UFZUSE95bStjSS9HTnExQ1NNeUVjeENzcTBhWHZNTFI2dFZReTQ0RDlKTmJzR1ZrZWxOY3NzUDFwa1YwCmdaMmlqdVBsakZBR0dEOTdwNkRnMGZCMml4SWN3eXlXelB6MlVFamhUdDRFd3dPMEFhMEJuZHh1UjZoQmlhS1QKOUNnM1dGL1lBaU44Ci0tLS0tRU5EIENFUlRJRklDQVRFLS0tLS0K"
TestEks 2023-10-04T09:36:57-04:00 logger.go:66:             },
TestEks 2023-10-04T09:36:57-04:00 logger.go:66:         ] [90m-> null[0m[0m
TestEks 2023-10-04T09:36:57-04:00 logger.go:66:       [31m-[0m[0m created_at                = "2023-10-04 13:01:23.75 +0000 UTC" [90m-> null[0m[0m
TestEks 2023-10-04T09:36:57-04:00 logger.go:66:       [31m-[0m[0m enabled_cluster_log_types = [
TestEks 2023-10-04T09:36:57-04:00 logger.go:66:           [31m-[0m[0m "api",
TestEks 2023-10-04T09:36:57-04:00 logger.go:66:           [31m-[0m[0m "audit",
TestEks 2023-10-04T09:36:57-04:00 logger.go:66:           [31m-[0m[0m "authenticator",
TestEks 2023-10-04T09:36:57-04:00 logger.go:66:         ] [90m-> null[0m[0m
TestEks 2023-10-04T09:36:57-04:00 logger.go:66:       [31m-[0m[0m endpoint                  = "https://22A40DCC456B48566B6F7076B665D88C.gr7.us-east-1.eks.amazonaws.com" [90m-> null[0m[0m
TestEks 2023-10-04T09:36:57-04:00 logger.go:66:       [31m-[0m[0m id                        = "eks-runner-go-19867-demo" [90m-> null[0m[0m
TestEks 2023-10-04T09:36:57-04:00 logger.go:66:       [31m-[0m[0m identity                  = [
TestEks 2023-10-04T09:36:57-04:00 logger.go:66:           [31m-[0m[0m {
TestEks 2023-10-04T09:36:57-04:00 logger.go:66:               [31m-[0m[0m oidc = [
TestEks 2023-10-04T09:36:57-04:00 logger.go:66:                   [31m-[0m[0m {
TestEks 2023-10-04T09:36:57-04:00 logger.go:66:                       [31m-[0m[0m issuer = "https://oidc.eks.us-east-1.amazonaws.com/id/22A40DCC456B48566B6F7076B665D88C"
TestEks 2023-10-04T09:36:57-04:00 logger.go:66:                     },
TestEks 2023-10-04T09:36:57-04:00 logger.go:66:                 ]
TestEks 2023-10-04T09:36:57-04:00 logger.go:66:             },
TestEks 2023-10-04T09:36:57-04:00 logger.go:66:         ] [90m-> null[0m[0m
TestEks 2023-10-04T09:36:57-04:00 logger.go:66:       [31m-[0m[0m name                      = "eks-runner-go-19867-demo" [90m-> null[0m[0m
TestEks 2023-10-04T09:36:57-04:00 logger.go:66:       [31m-[0m[0m platform_version          = "eks.5" [90m-> null[0m[0m
TestEks 2023-10-04T09:36:57-04:00 logger.go:66:       [31m-[0m[0m role_arn                  = "arn:aws:iam::177807608173:role/eks-runner-go-19867-demo-cluster-20231004130058821700000001" [90m-> null[0m[0m
TestEks 2023-10-04T09:36:57-04:00 logger.go:66:       [31m-[0m[0m status                    = "ACTIVE" [90m-> null[0m[0m
TestEks 2023-10-04T09:36:57-04:00 logger.go:66:       [31m-[0m[0m tags                      = {
TestEks 2023-10-04T09:36:57-04:00 logger.go:66:           [31m-[0m[0m "Owner"         = "lucas.j.hughes@outlook.com"
TestEks 2023-10-04T09:36:57-04:00 logger.go:66:           [31m-[0m[0m "t_AppID"       = "SVC03377"
TestEks 2023-10-04T09:36:57-04:00 logger.go:66:           [31m-[0m[0m "t_dcl"         = "3"
TestEks 2023-10-04T09:36:57-04:00 logger.go:66:           [31m-[0m[0m "t_environment" = "DEMO"
TestEks 2023-10-04T09:36:57-04:00 logger.go:66:         } [90m-> null[0m[0m
TestEks 2023-10-04T09:36:57-04:00 logger.go:66:       [31m-[0m[0m tags_all                  = {
TestEks 2023-10-04T09:36:57-04:00 logger.go:66:           [31m-[0m[0m "Owner"         = "lucas.j.hughes@outlook.com"
TestEks 2023-10-04T09:36:57-04:00 logger.go:66:           [31m-[0m[0m "t_AppID"       = "SVC03377"
TestEks 2023-10-04T09:36:57-04:00 logger.go:66:           [31m-[0m[0m "t_dcl"         = "3"
TestEks 2023-10-04T09:36:57-04:00 logger.go:66:           [31m-[0m[0m "t_environment" = "DEMO"
TestEks 2023-10-04T09:36:57-04:00 logger.go:66:         } [90m-> null[0m[0m
TestEks 2023-10-04T09:36:57-04:00 logger.go:66:       [31m-[0m[0m version                   = "1.27" [90m-> null[0m[0m
TestEks 2023-10-04T09:36:57-04:00 logger.go:66: 
TestEks 2023-10-04T09:36:57-04:00 logger.go:66:       [31m-[0m[0m encryption_config {
TestEks 2023-10-04T09:36:57-04:00 logger.go:66:           [31m-[0m[0m resources = [
TestEks 2023-10-04T09:36:57-04:00 logger.go:66:               [31m-[0m[0m "secrets",
TestEks 2023-10-04T09:36:57-04:00 logger.go:66:             ] [90m-> null[0m[0m
TestEks 2023-10-04T09:36:57-04:00 logger.go:66: 
TestEks 2023-10-04T09:36:57-04:00 logger.go:66:           [31m-[0m[0m provider {
TestEks 2023-10-04T09:36:57-04:00 logger.go:66:               [31m-[0m[0m key_arn = "arn:aws:kms:us-east-1:177807608173:key/65a4d840-38e9-42ed-95ad-03f29f5e57d2" [90m-> null[0m[0m
TestEks 2023-10-04T09:36:57-04:00 logger.go:66:             }
TestEks 2023-10-04T09:36:57-04:00 logger.go:66:         }
TestEks 2023-10-04T09:36:57-04:00 logger.go:66: 
TestEks 2023-10-04T09:36:57-04:00 logger.go:66:       [31m-[0m[0m kubernetes_network_config {
TestEks 2023-10-04T09:36:57-04:00 logger.go:66:           [31m-[0m[0m ip_family         = "ipv4" [90m-> null[0m[0m
TestEks 2023-10-04T09:36:57-04:00 logger.go:66:           [31m-[0m[0m service_ipv4_cidr = "10.100.0.0/16" [90m-> null[0m[0m
TestEks 2023-10-04T09:36:57-04:00 logger.go:66:         }
TestEks 2023-10-04T09:36:57-04:00 logger.go:66: 
TestEks 2023-10-04T09:36:57-04:00 logger.go:66:       [31m-[0m[0m timeouts {}
TestEks 2023-10-04T09:36:57-04:00 logger.go:66: 
TestEks 2023-10-04T09:36:57-04:00 logger.go:66:       [31m-[0m[0m vpc_config {
TestEks 2023-10-04T09:36:57-04:00 logger.go:66:           [31m-[0m[0m cluster_security_group_id = "sg-00c647a14c7edc89c" [90m-> null[0m[0m
TestEks 2023-10-04T09:36:57-04:00 logger.go:66:           [31m-[0m[0m endpoint_private_access   = true [90m-> null[0m[0m
TestEks 2023-10-04T09:36:57-04:00 logger.go:66:           [31m-[0m[0m endpoint_public_access    = false [90m-> null[0m[0m
TestEks 2023-10-04T09:36:57-04:00 logger.go:66:           [31m-[0m[0m public_access_cidrs       = [
TestEks 2023-10-04T09:36:57-04:00 logger.go:66:               [31m-[0m[0m "0.0.0.0/0",
TestEks 2023-10-04T09:36:57-04:00 logger.go:66:             ] [90m-> null[0m[0m
TestEks 2023-10-04T09:36:57-04:00 logger.go:66:           [31m-[0m[0m security_group_ids        = [
TestEks 2023-10-04T09:36:57-04:00 logger.go:66:               [31m-[0m[0m "sg-0fe0a0f4754d1d7b6",
TestEks 2023-10-04T09:36:57-04:00 logger.go:66:             ] [90m-> null[0m[0m
TestEks 2023-10-04T09:36:57-04:00 logger.go:66:           [31m-[0m[0m subnet_ids                = [
TestEks 2023-10-04T09:36:57-04:00 logger.go:66:               [31m-[0m[0m "subnet-04f0b7f2cfb8dc557",
TestEks 2023-10-04T09:36:57-04:00 logger.go:66:               [31m-[0m[0m "subnet-09e19a893c2cc8ccd",
TestEks 2023-10-04T09:36:57-04:00 logger.go:66:             ] [90m-> null[0m[0m
TestEks 2023-10-04T09:36:57-04:00 logger.go:66:           [31m-[0m[0m vpc_id                    = "vpc-0095aef4d255b5396" [90m-> null[0m[0m
TestEks 2023-10-04T09:36:57-04:00 logger.go:66:         }
TestEks 2023-10-04T09:36:57-04:00 logger.go:66:     }
TestEks 2023-10-04T09:36:57-04:00 logger.go:66: 
TestEks 2023-10-04T09:36:57-04:00 logger.go:66: [1m  # module.existing_vpc_eks_runner.module.eks.aws_iam_policy.cluster_encryption[0][0m will be [1m[31mdestroyed[0m
TestEks 2023-10-04T09:36:57-04:00 logger.go:66: [0m  [31m-[0m[0m resource "aws_iam_policy" "cluster_encryption" {
TestEks 2023-10-04T09:36:57-04:00 logger.go:66:       [31m-[0m[0m arn         = "arn:aws:iam::177807608173:policy/eks-runner-go-19867-demo-cluster-ClusterEncryption2023100413012038430000000d" [90m-> null[0m[0m
TestEks 2023-10-04T09:36:57-04:00 logger.go:66:       [31m-[0m[0m description = "Cluster encryption policy to allow cluster role to utilize CMK provided" [90m-> null[0m[0m
TestEks 2023-10-04T09:36:57-04:00 logger.go:66:       [31m-[0m[0m id          = "arn:aws:iam::177807608173:policy/eks-runner-go-19867-demo-cluster-ClusterEncryption2023100413012038430000000d" [90m-> null[0m[0m
TestEks 2023-10-04T09:36:57-04:00 logger.go:66:       [31m-[0m[0m name        = "eks-runner-go-19867-demo-cluster-ClusterEncryption2023100413012038430000000d" [90m-> null[0m[0m
TestEks 2023-10-04T09:36:57-04:00 logger.go:66:       [31m-[0m[0m name_prefix = "eks-runner-go-19867-demo-cluster-ClusterEncryption" [90m-> null[0m[0m
TestEks 2023-10-04T09:36:57-04:00 logger.go:66:       [31m-[0m[0m path        = "/" [90m-> null[0m[0m
TestEks 2023-10-04T09:36:57-04:00 logger.go:66:       [31m-[0m[0m policy      = jsonencode(
TestEks 2023-10-04T09:36:57-04:00 logger.go:66:             {
TestEks 2023-10-04T09:36:57-04:00 logger.go:66:               [31m-[0m[0m Statement = [
TestEks 2023-10-04T09:36:57-04:00 logger.go:66:                   [31m-[0m[0m {
TestEks 2023-10-04T09:36:57-04:00 logger.go:66:                       [31m-[0m[0m Action   = [
TestEks 2023-10-04T09:36:57-04:00 logger.go:66:                           [31m-[0m[0m "kms:Encrypt",
TestEks 2023-10-04T09:36:57-04:00 logger.go:66:                           [31m-[0m[0m "kms:Decrypt",
TestEks 2023-10-04T09:36:57-04:00 logger.go:66:                           [31m-[0m[0m "kms:ListGrants",
TestEks 2023-10-04T09:36:57-04:00 logger.go:66:                           [31m-[0m[0m "kms:DescribeKey",
TestEks 2023-10-04T09:36:57-04:00 logger.go:66:                         ]
TestEks 2023-10-04T09:36:57-04:00 logger.go:66:                       [31m-[0m[0m Effect   = "Allow"
TestEks 2023-10-04T09:36:57-04:00 logger.go:66:                       [31m-[0m[0m Resource = "arn:aws:kms:us-east-1:177807608173:key/65a4d840-38e9-42ed-95ad-03f29f5e57d2"
TestEks 2023-10-04T09:36:57-04:00 logger.go:66:                     },
TestEks 2023-10-04T09:36:57-04:00 logger.go:66:                 ]
TestEks 2023-10-04T09:36:57-04:00 logger.go:66:               [31m-[0m[0m Version   = "2012-10-17"
TestEks 2023-10-04T09:36:57-04:00 logger.go:66:             }
TestEks 2023-10-04T09:36:57-04:00 logger.go:66:         ) [90m-> null[0m[0m
TestEks 2023-10-04T09:36:57-04:00 logger.go:66:       [31m-[0m[0m policy_id   = "ANPASSZRIZFWVYV4ODDIS" [90m-> null[0m[0m
TestEks 2023-10-04T09:36:57-04:00 logger.go:66:       [31m-[0m[0m tags        = {
TestEks 2023-10-04T09:36:57-04:00 logger.go:66:           [31m-[0m[0m "Owner"         = "lucas.j.hughes@outlook.com"
TestEks 2023-10-04T09:36:57-04:00 logger.go:66:           [31m-[0m[0m "t_AppID"       = "SVC03377"
TestEks 2023-10-04T09:36:57-04:00 logger.go:66:           [31m-[0m[0m "t_dcl"         = "3"
TestEks 2023-10-04T09:36:57-04:00 logger.go:66:           [31m-[0m[0m "t_environment" = "DEMO"
TestEks 2023-10-04T09:36:57-04:00 logger.go:66:         } [90m-> null[0m[0m
TestEks 2023-10-04T09:36:57-04:00 logger.go:66:       [31m-[0m[0m tags_all    = {
TestEks 2023-10-04T09:36:57-04:00 logger.go:66:           [31m-[0m[0m "Owner"         = "lucas.j.hughes@outlook.com"
TestEks 2023-10-04T09:36:57-04:00 logger.go:66:           [31m-[0m[0m "t_AppID"       = "SVC03377"
TestEks 2023-10-04T09:36:57-04:00 logger.go:66:           [31m-[0m[0m "t_dcl"         = "3"
TestEks 2023-10-04T09:36:57-04:00 logger.go:66:           [31m-[0m[0m "t_environment" = "DEMO"
TestEks 2023-10-04T09:36:57-04:00 logger.go:66:         } [90m-> null[0m[0m
TestEks 2023-10-04T09:36:57-04:00 logger.go:66:     }
TestEks 2023-10-04T09:36:57-04:00 logger.go:66: 
TestEks 2023-10-04T09:36:57-04:00 logger.go:66: [1m  # module.existing_vpc_eks_runner.module.eks.aws_iam_role.this[0][0m will be [1m[31mdestroyed[0m
TestEks 2023-10-04T09:36:57-04:00 logger.go:66: [0m  [31m-[0m[0m resource "aws_iam_role" "this" {
TestEks 2023-10-04T09:36:57-04:00 logger.go:66:       [31m-[0m[0m arn                   = "arn:aws:iam::177807608173:role/eks-runner-go-19867-demo-cluster-20231004130058821700000001" [90m-> null[0m[0m
TestEks 2023-10-04T09:36:57-04:00 logger.go:66:       [31m-[0m[0m assume_role_policy    = jsonencode(
TestEks 2023-10-04T09:36:57-04:00 logger.go:66:             {
TestEks 2023-10-04T09:36:57-04:00 logger.go:66:               [31m-[0m[0m Statement = [
TestEks 2023-10-04T09:36:57-04:00 logger.go:66:                   [31m-[0m[0m {
TestEks 2023-10-04T09:36:57-04:00 logger.go:66:                       [31m-[0m[0m Action    = "sts:AssumeRole"
TestEks 2023-10-04T09:36:57-04:00 logger.go:66:                       [31m-[0m[0m Effect    = "Allow"
TestEks 2023-10-04T09:36:57-04:00 logger.go:66:                       [31m-[0m[0m Principal = {
TestEks 2023-10-04T09:36:57-04:00 logger.go:66:                           [31m-[0m[0m Service = "eks.amazonaws.com"
TestEks 2023-10-04T09:36:57-04:00 logger.go:66:                         }
TestEks 2023-10-04T09:36:57-04:00 logger.go:66:                       [31m-[0m[0m Sid       = "EKSClusterAssumeRole"
TestEks 2023-10-04T09:36:57-04:00 logger.go:66:                     },
TestEks 2023-10-04T09:36:57-04:00 logger.go:66:                 ]
TestEks 2023-10-04T09:36:57-04:00 logger.go:66:               [31m-[0m[0m Version   = "2012-10-17"
TestEks 2023-10-04T09:36:57-04:00 logger.go:66:             }
TestEks 2023-10-04T09:36:57-04:00 logger.go:66:         ) [90m-> null[0m[0m
TestEks 2023-10-04T09:36:57-04:00 logger.go:66:       [31m-[0m[0m create_date           = "2023-10-04T13:00:59Z" [90m-> null[0m[0m
TestEks 2023-10-04T09:36:57-04:00 logger.go:66:       [31m-[0m[0m force_detach_policies = true [90m-> null[0m[0m
TestEks 2023-10-04T09:36:57-04:00 logger.go:66:       [31m-[0m[0m id                    = "eks-runner-go-19867-demo-cluster-20231004130058821700000001" [90m-> null[0m[0m
TestEks 2023-10-04T09:36:57-04:00 logger.go:66:       [31m-[0m[0m managed_policy_arns   = [
TestEks 2023-10-04T09:36:57-04:00 logger.go:66:           [31m-[0m[0m "arn:aws:iam::177807608173:policy/eks-runner-go-19867-demo-cluster-ClusterEncryption2023100413012038430000000d",
TestEks 2023-10-04T09:36:57-04:00 logger.go:66:           [31m-[0m[0m "arn:aws:iam::aws:policy/AmazonEKSClusterPolicy",
TestEks 2023-10-04T09:36:57-04:00 logger.go:66:           [31m-[0m[0m "arn:aws:iam::aws:policy/AmazonEKSVPCResourceController",
TestEks 2023-10-04T09:36:57-04:00 logger.go:66:         ] [90m-> null[0m[0m
TestEks 2023-10-04T09:36:57-04:00 logger.go:66:       [31m-[0m[0m max_session_duration  = 3600 [90m-> null[0m[0m
TestEks 2023-10-04T09:36:57-04:00 logger.go:66:       [31m-[0m[0m name                  = "eks-runner-go-19867-demo-cluster-20231004130058821700000001" [90m-> null[0m[0m
TestEks 2023-10-04T09:36:57-04:00 logger.go:66:       [31m-[0m[0m name_prefix           = "eks-runner-go-19867-demo-cluster-" [90m-> null[0m[0m
TestEks 2023-10-04T09:36:57-04:00 logger.go:66:       [31m-[0m[0m path                  = "/" [90m-> null[0m[0m
TestEks 2023-10-04T09:36:57-04:00 logger.go:66:       [31m-[0m[0m tags                  = {
TestEks 2023-10-04T09:36:57-04:00 logger.go:66:           [31m-[0m[0m "Owner"         = "lucas.j.hughes@outlook.com"
TestEks 2023-10-04T09:36:57-04:00 logger.go:66:           [31m-[0m[0m "t_AppID"       = "SVC03377"
TestEks 2023-10-04T09:36:57-04:00 logger.go:66:           [31m-[0m[0m "t_dcl"         = "3"
TestEks 2023-10-04T09:36:57-04:00 logger.go:66:           [31m-[0m[0m "t_environment" = "DEMO"
TestEks 2023-10-04T09:36:57-04:00 logger.go:66:         } [90m-> null[0m[0m
TestEks 2023-10-04T09:36:57-04:00 logger.go:66:       [31m-[0m[0m tags_all              = {
TestEks 2023-10-04T09:36:57-04:00 logger.go:66:           [31m-[0m[0m "Owner"         = "lucas.j.hughes@outlook.com"
TestEks 2023-10-04T09:36:57-04:00 logger.go:66:           [31m-[0m[0m "t_AppID"       = "SVC03377"
TestEks 2023-10-04T09:36:57-04:00 logger.go:66:           [31m-[0m[0m "t_dcl"         = "3"
TestEks 2023-10-04T09:36:57-04:00 logger.go:66:           [31m-[0m[0m "t_environment" = "DEMO"
TestEks 2023-10-04T09:36:57-04:00 logger.go:66:         } [90m-> null[0m[0m
TestEks 2023-10-04T09:36:57-04:00 logger.go:66:       [31m-[0m[0m unique_id             = "AROASSZRIZFWUSAPB76V5" [90m-> null[0m[0m
TestEks 2023-10-04T09:36:57-04:00 logger.go:66: 
TestEks 2023-10-04T09:36:57-04:00 logger.go:66:       [31m-[0m[0m inline_policy {
TestEks 2023-10-04T09:36:57-04:00 logger.go:66:           [31m-[0m[0m name   = "eks-runner-go-19867-demo-cluster" [90m-> null[0m[0m
TestEks 2023-10-04T09:36:57-04:00 logger.go:66:           [31m-[0m[0m policy = jsonencode(
TestEks 2023-10-04T09:36:57-04:00 logger.go:66:                 {
TestEks 2023-10-04T09:36:57-04:00 logger.go:66:                   [31m-[0m[0m Statement = [
TestEks 2023-10-04T09:36:57-04:00 logger.go:66:                       [31m-[0m[0m {
TestEks 2023-10-04T09:36:57-04:00 logger.go:66:                           [31m-[0m[0m Action   = [
TestEks 2023-10-04T09:36:57-04:00 logger.go:66:                               [31m-[0m[0m "logs:CreateLogGroup",
TestEks 2023-10-04T09:36:57-04:00 logger.go:66:                             ]
TestEks 2023-10-04T09:36:57-04:00 logger.go:66:                           [31m-[0m[0m Effect   = "Deny"
TestEks 2023-10-04T09:36:57-04:00 logger.go:66:                           [31m-[0m[0m Resource = "*"
TestEks 2023-10-04T09:36:57-04:00 logger.go:66:                         },
TestEks 2023-10-04T09:36:57-04:00 logger.go:66:                     ]
TestEks 2023-10-04T09:36:57-04:00 logger.go:66:                   [31m-[0m[0m Version   = "2012-10-17"
TestEks 2023-10-04T09:36:57-04:00 logger.go:66:                 }
TestEks 2023-10-04T09:36:57-04:00 logger.go:66:             ) [90m-> null[0m[0m
TestEks 2023-10-04T09:36:57-04:00 logger.go:66:         }
TestEks 2023-10-04T09:36:57-04:00 logger.go:66:     }
TestEks 2023-10-04T09:36:57-04:00 logger.go:66: 
TestEks 2023-10-04T09:36:57-04:00 logger.go:66: [1m  # module.existing_vpc_eks_runner.module.eks.aws_iam_role_policy_attachment.cluster_encryption[0][0m will be [1m[31mdestroyed[0m
TestEks 2023-10-04T09:36:57-04:00 logger.go:66: [0m  [31m-[0m[0m resource "aws_iam_role_policy_attachment" "cluster_encryption" {
TestEks 2023-10-04T09:36:57-04:00 logger.go:66:       [31m-[0m[0m id         = "eks-runner-go-19867-demo-cluster-20231004130058821700000001-2023100413012073830000000e" [90m-> null[0m[0m
TestEks 2023-10-04T09:36:57-04:00 logger.go:66:       [31m-[0m[0m policy_arn = "arn:aws:iam::177807608173:policy/eks-runner-go-19867-demo-cluster-ClusterEncryption2023100413012038430000000d" [90m-> null[0m[0m
TestEks 2023-10-04T09:36:57-04:00 logger.go:66:       [31m-[0m[0m role       = "eks-runner-go-19867-demo-cluster-20231004130058821700000001" [90m-> null[0m[0m
TestEks 2023-10-04T09:36:57-04:00 logger.go:66:     }
TestEks 2023-10-04T09:36:57-04:00 logger.go:66: 
TestEks 2023-10-04T09:36:57-04:00 logger.go:66: [1m  # module.existing_vpc_eks_runner.module.eks.aws_iam_role_policy_attachment.this["AmazonEKSClusterPolicy"][0m will be [1m[31mdestroyed[0m
TestEks 2023-10-04T09:36:57-04:00 logger.go:66: [0m  [31m-[0m[0m resource "aws_iam_role_policy_attachment" "this" {
TestEks 2023-10-04T09:36:57-04:00 logger.go:66:       [31m-[0m[0m id         = "eks-runner-go-19867-demo-cluster-20231004130058821700000001-20231004130059603300000003" [90m-> null[0m[0m
TestEks 2023-10-04T09:36:57-04:00 logger.go:66:       [31m-[0m[0m policy_arn = "arn:aws:iam::aws:policy/AmazonEKSClusterPolicy" [90m-> null[0m[0m
TestEks 2023-10-04T09:36:57-04:00 logger.go:66:       [31m-[0m[0m role       = "eks-runner-go-19867-demo-cluster-20231004130058821700000001" [90m-> null[0m[0m
TestEks 2023-10-04T09:36:57-04:00 logger.go:66:     }
TestEks 2023-10-04T09:36:57-04:00 logger.go:66: 
TestEks 2023-10-04T09:36:57-04:00 logger.go:66: [1m  # module.existing_vpc_eks_runner.module.eks.aws_iam_role_policy_attachment.this["AmazonEKSVPCResourceController"][0m will be [1m[31mdestroyed[0m
TestEks 2023-10-04T09:36:57-04:00 logger.go:66: [0m  [31m-[0m[0m resource "aws_iam_role_policy_attachment" "this" {
TestEks 2023-10-04T09:36:57-04:00 logger.go:66:       [31m-[0m[0m id         = "eks-runner-go-19867-demo-cluster-20231004130058821700000001-20231004130059514600000002" [90m-> null[0m[0m
TestEks 2023-10-04T09:36:57-04:00 logger.go:66:       [31m-[0m[0m policy_arn = "arn:aws:iam::aws:policy/AmazonEKSVPCResourceController" [90m-> null[0m[0m
TestEks 2023-10-04T09:36:57-04:00 logger.go:66:       [31m-[0m[0m role       = "eks-runner-go-19867-demo-cluster-20231004130058821700000001" [90m-> null[0m[0m
TestEks 2023-10-04T09:36:57-04:00 logger.go:66:     }
TestEks 2023-10-04T09:36:57-04:00 logger.go:66: 
TestEks 2023-10-04T09:36:57-04:00 logger.go:66: [1m  # module.existing_vpc_eks_runner.module.eks.aws_security_group.cluster[0][0m will be [1m[31mdestroyed[0m
TestEks 2023-10-04T09:36:57-04:00 logger.go:66: [0m  [31m-[0m[0m resource "aws_security_group" "cluster" {
TestEks 2023-10-04T09:36:57-04:00 logger.go:66:       [31m-[0m[0m arn                    = "arn:aws:ec2:us-east-1:177807608173:security-group/sg-0fe0a0f4754d1d7b6" [90m-> null[0m[0m
TestEks 2023-10-04T09:36:57-04:00 logger.go:66:       [31m-[0m[0m description            = "EKS cluster security group" [90m-> null[0m[0m
TestEks 2023-10-04T09:36:57-04:00 logger.go:66:       [31m-[0m[0m egress                 = [] [90m-> null[0m[0m
TestEks 2023-10-04T09:36:57-04:00 logger.go:66:       [31m-[0m[0m id                     = "sg-0fe0a0f4754d1d7b6" [90m-> null[0m[0m
TestEks 2023-10-04T09:36:57-04:00 logger.go:66:       [31m-[0m[0m ingress                = [
TestEks 2023-10-04T09:36:57-04:00 logger.go:66:           [31m-[0m[0m {
TestEks 2023-10-04T09:36:57-04:00 logger.go:66:               [31m-[0m[0m cidr_blocks      = []
TestEks 2023-10-04T09:36:57-04:00 logger.go:66:               [31m-[0m[0m description      = "Node groups to cluster API"
TestEks 2023-10-04T09:36:57-04:00 logger.go:66:               [31m-[0m[0m from_port        = 443
TestEks 2023-10-04T09:36:57-04:00 logger.go:66:               [31m-[0m[0m ipv6_cidr_blocks = []
TestEks 2023-10-04T09:36:57-04:00 logger.go:66:               [31m-[0m[0m prefix_list_ids  = []
TestEks 2023-10-04T09:36:57-04:00 logger.go:66:               [31m-[0m[0m protocol         = "tcp"
TestEks 2023-10-04T09:36:57-04:00 logger.go:66:               [31m-[0m[0m security_groups  = [
TestEks 2023-10-04T09:36:57-04:00 logger.go:66:                   [31m-[0m[0m "sg-0ad7cfd5af856e460",
TestEks 2023-10-04T09:36:57-04:00 logger.go:66:                 ]
TestEks 2023-10-04T09:36:57-04:00 logger.go:66:               [31m-[0m[0m self             = false
TestEks 2023-10-04T09:36:57-04:00 logger.go:66:               [31m-[0m[0m to_port          = 443
TestEks 2023-10-04T09:36:57-04:00 logger.go:66:             },
TestEks 2023-10-04T09:36:57-04:00 logger.go:66:         ] [90m-> null[0m[0m
TestEks 2023-10-04T09:36:57-04:00 logger.go:66:       [31m-[0m[0m name                   = "eks-runner-go-19867-demo-cluster-20231004130112820900000004" [90m-> null[0m[0m
TestEks 2023-10-04T09:36:57-04:00 logger.go:66:       [31m-[0m[0m name_prefix            = "eks-runner-go-19867-demo-cluster-" [90m-> null[0m[0m
TestEks 2023-10-04T09:36:57-04:00 logger.go:66:       [31m-[0m[0m owner_id               = "177807608173" [90m-> null[0m[0m
TestEks 2023-10-04T09:36:57-04:00 logger.go:66:       [31m-[0m[0m revoke_rules_on_delete = false [90m-> null[0m[0m
TestEks 2023-10-04T09:36:57-04:00 logger.go:66:       [31m-[0m[0m tags                   = {
TestEks 2023-10-04T09:36:57-04:00 logger.go:66:           [31m-[0m[0m "Name"          = "eks-runner-go-19867-demo-cluster"
TestEks 2023-10-04T09:36:57-04:00 logger.go:66:           [31m-[0m[0m "Owner"         = "lucas.j.hughes@outlook.com"
TestEks 2023-10-04T09:36:57-04:00 logger.go:66:           [31m-[0m[0m "t_AppID"       = "SVC03377"
TestEks 2023-10-04T09:36:57-04:00 logger.go:66:           [31m-[0m[0m "t_dcl"         = "3"
TestEks 2023-10-04T09:36:57-04:00 logger.go:66:           [31m-[0m[0m "t_environment" = "DEMO"
TestEks 2023-10-04T09:36:57-04:00 logger.go:66:         } [90m-> null[0m[0m
TestEks 2023-10-04T09:36:57-04:00 logger.go:66:       [31m-[0m[0m tags_all               = {
TestEks 2023-10-04T09:36:57-04:00 logger.go:66:           [31m-[0m[0m "Name"          = "eks-runner-go-19867-demo-cluster"
TestEks 2023-10-04T09:36:57-04:00 logger.go:66:           [31m-[0m[0m "Owner"         = "lucas.j.hughes@outlook.com"
TestEks 2023-10-04T09:36:57-04:00 logger.go:66:           [31m-[0m[0m "t_AppID"       = "SVC03377"
TestEks 2023-10-04T09:36:57-04:00 logger.go:66:           [31m-[0m[0m "t_dcl"         = "3"
TestEks 2023-10-04T09:36:57-04:00 logger.go:66:           [31m-[0m[0m "t_environment" = "DEMO"
TestEks 2023-10-04T09:36:57-04:00 logger.go:66:         } [90m-> null[0m[0m
TestEks 2023-10-04T09:36:57-04:00 logger.go:66:       [31m-[0m[0m vpc_id                 = "vpc-0095aef4d255b5396" [90m-> null[0m[0m
TestEks 2023-10-04T09:36:57-04:00 logger.go:66:     }
TestEks 2023-10-04T09:36:57-04:00 logger.go:66: 
TestEks 2023-10-04T09:36:57-04:00 logger.go:66: [1m  # module.existing_vpc_eks_runner.module.eks.aws_security_group.node[0][0m will be [1m[31mdestroyed[0m
TestEks 2023-10-04T09:36:57-04:00 logger.go:66: [0m  [31m-[0m[0m resource "aws_security_group" "node" {
TestEks 2023-10-04T09:36:57-04:00 logger.go:66:       [31m-[0m[0m arn                    = "arn:aws:ec2:us-east-1:177807608173:security-group/sg-0ad7cfd5af856e460" [90m-> null[0m[0m
TestEks 2023-10-04T09:36:57-04:00 logger.go:66:       [31m-[0m[0m description            = "EKS node shared security group" [90m-> null[0m[0m
TestEks 2023-10-04T09:36:57-04:00 logger.go:66:       [31m-[0m[0m egress                 = [
TestEks 2023-10-04T09:36:57-04:00 logger.go:66:           [31m-[0m[0m {
TestEks 2023-10-04T09:36:57-04:00 logger.go:66:               [31m-[0m[0m cidr_blocks      = [
TestEks 2023-10-04T09:36:57-04:00 logger.go:66:                   [31m-[0m[0m "0.0.0.0/0",
TestEks 2023-10-04T09:36:57-04:00 logger.go:66:                 ]
TestEks 2023-10-04T09:36:57-04:00 logger.go:66:               [31m-[0m[0m description      = "Allow all egress"
TestEks 2023-10-04T09:36:57-04:00 logger.go:66:               [31m-[0m[0m from_port        = 0
TestEks 2023-10-04T09:36:57-04:00 logger.go:66:               [31m-[0m[0m ipv6_cidr_blocks = []
TestEks 2023-10-04T09:36:57-04:00 logger.go:66:               [31m-[0m[0m prefix_list_ids  = []
TestEks 2023-10-04T09:36:57-04:00 logger.go:66:               [31m-[0m[0m protocol         = "-1"
TestEks 2023-10-04T09:36:57-04:00 logger.go:66:               [31m-[0m[0m security_groups  = []
TestEks 2023-10-04T09:36:57-04:00 logger.go:66:               [31m-[0m[0m self             = false
TestEks 2023-10-04T09:36:57-04:00 logger.go:66:               [31m-[0m[0m to_port          = 0
TestEks 2023-10-04T09:36:57-04:00 logger.go:66:             },
TestEks 2023-10-04T09:36:57-04:00 logger.go:66:         ] [90m-> null[0m[0m
TestEks 2023-10-04T09:36:57-04:00 logger.go:66:       [31m-[0m[0m id                     = "sg-0ad7cfd5af856e460" [90m-> null[0m[0m
TestEks 2023-10-04T09:36:57-04:00 logger.go:66:       [31m-[0m[0m ingress                = [
TestEks 2023-10-04T09:36:57-04:00 logger.go:66:           [31m-[0m[0m {
TestEks 2023-10-04T09:36:57-04:00 logger.go:66:               [31m-[0m[0m cidr_blocks      = []
TestEks 2023-10-04T09:36:57-04:00 logger.go:66:               [31m-[0m[0m description      = "Cluster API to node 4443/tcp webhook"
TestEks 2023-10-04T09:36:57-04:00 logger.go:66:               [31m-[0m[0m from_port        = 4443
TestEks 2023-10-04T09:36:57-04:00 logger.go:66:               [31m-[0m[0m ipv6_cidr_blocks = []
TestEks 2023-10-04T09:36:57-04:00 logger.go:66:               [31m-[0m[0m prefix_list_ids  = []
TestEks 2023-10-04T09:36:57-04:00 logger.go:66:               [31m-[0m[0m protocol         = "tcp"
TestEks 2023-10-04T09:36:57-04:00 logger.go:66:               [31m-[0m[0m security_groups  = [
TestEks 2023-10-04T09:36:57-04:00 logger.go:66:                   [31m-[0m[0m "sg-0fe0a0f4754d1d7b6",
TestEks 2023-10-04T09:36:57-04:00 logger.go:66:                 ]
TestEks 2023-10-04T09:36:57-04:00 logger.go:66:               [31m-[0m[0m self             = false
TestEks 2023-10-04T09:36:57-04:00 logger.go:66:               [31m-[0m[0m to_port          = 4443
TestEks 2023-10-04T09:36:57-04:00 logger.go:66:             },
TestEks 2023-10-04T09:36:57-04:00 logger.go:66:           [31m-[0m[0m {
TestEks 2023-10-04T09:36:57-04:00 logger.go:66:               [31m-[0m[0m cidr_blocks      = []
TestEks 2023-10-04T09:36:57-04:00 logger.go:66:               [31m-[0m[0m description      = "Cluster API to node 6443/tcp webhook"
TestEks 2023-10-04T09:36:57-04:00 logger.go:66:               [31m-[0m[0m from_port        = 6443
TestEks 2023-10-04T09:36:57-04:00 logger.go:66:               [31m-[0m[0m ipv6_cidr_blocks = []
TestEks 2023-10-04T09:36:57-04:00 logger.go:66:               [31m-[0m[0m prefix_list_ids  = []
TestEks 2023-10-04T09:36:57-04:00 logger.go:66:               [31m-[0m[0m protocol         = "tcp"
TestEks 2023-10-04T09:36:57-04:00 logger.go:66:               [31m-[0m[0m security_groups  = [
TestEks 2023-10-04T09:36:57-04:00 logger.go:66:                   [31m-[0m[0m "sg-0fe0a0f4754d1d7b6",
TestEks 2023-10-04T09:36:57-04:00 logger.go:66:                 ]
TestEks 2023-10-04T09:36:57-04:00 logger.go:66:               [31m-[0m[0m self             = false
TestEks 2023-10-04T09:36:57-04:00 logger.go:66:               [31m-[0m[0m to_port          = 6443
TestEks 2023-10-04T09:36:57-04:00 logger.go:66:             },
TestEks 2023-10-04T09:36:57-04:00 logger.go:66:           [31m-[0m[0m {
TestEks 2023-10-04T09:36:57-04:00 logger.go:66:               [31m-[0m[0m cidr_blocks      = []
TestEks 2023-10-04T09:36:57-04:00 logger.go:66:               [31m-[0m[0m description      = "Cluster API to node 8443/tcp webhook"
TestEks 2023-10-04T09:36:57-04:00 logger.go:66:               [31m-[0m[0m from_port        = 8443
TestEks 2023-10-04T09:36:57-04:00 logger.go:66:               [31m-[0m[0m ipv6_cidr_blocks = []
TestEks 2023-10-04T09:36:57-04:00 logger.go:66:               [31m-[0m[0m prefix_list_ids  = []
TestEks 2023-10-04T09:36:57-04:00 logger.go:66:               [31m-[0m[0m protocol         = "tcp"
TestEks 2023-10-04T09:36:57-04:00 logger.go:66:               [31m-[0m[0m security_groups  = [
TestEks 2023-10-04T09:36:57-04:00 logger.go:66:                   [31m-[0m[0m "sg-0fe0a0f4754d1d7b6",
TestEks 2023-10-04T09:36:57-04:00 logger.go:66:                 ]
TestEks 2023-10-04T09:36:57-04:00 logger.go:66:               [31m-[0m[0m self             = false
TestEks 2023-10-04T09:36:57-04:00 logger.go:66:               [31m-[0m[0m to_port          = 8443
TestEks 2023-10-04T09:36:57-04:00 logger.go:66:             },
TestEks 2023-10-04T09:36:57-04:00 logger.go:66:           [31m-[0m[0m {
TestEks 2023-10-04T09:36:57-04:00 logger.go:66:               [31m-[0m[0m cidr_blocks      = []
TestEks 2023-10-04T09:36:57-04:00 logger.go:66:               [31m-[0m[0m description      = "Cluster API to node 9443/tcp webhook"
TestEks 2023-10-04T09:36:57-04:00 logger.go:66:               [31m-[0m[0m from_port        = 9443
TestEks 2023-10-04T09:36:57-04:00 logger.go:66:               [31m-[0m[0m ipv6_cidr_blocks = []
TestEks 2023-10-04T09:36:57-04:00 logger.go:66:               [31m-[0m[0m prefix_list_ids  = []
TestEks 2023-10-04T09:36:57-04:00 logger.go:66:               [31m-[0m[0m protocol         = "tcp"
TestEks 2023-10-04T09:36:57-04:00 logger.go:66:               [31m-[0m[0m security_groups  = [
TestEks 2023-10-04T09:36:57-04:00 logger.go:66:                   [31m-[0m[0m "sg-0fe0a0f4754d1d7b6",
TestEks 2023-10-04T09:36:57-04:00 logger.go:66:                 ]
TestEks 2023-10-04T09:36:57-04:00 logger.go:66:               [31m-[0m[0m self             = false
TestEks 2023-10-04T09:36:57-04:00 logger.go:66:               [31m-[0m[0m to_port          = 9443
TestEks 2023-10-04T09:36:57-04:00 logger.go:66:             },
TestEks 2023-10-04T09:36:57-04:00 logger.go:66:           [31m-[0m[0m {
TestEks 2023-10-04T09:36:57-04:00 logger.go:66:               [31m-[0m[0m cidr_blocks      = []
TestEks 2023-10-04T09:36:57-04:00 logger.go:66:               [31m-[0m[0m description      = "Cluster API to node groups"
TestEks 2023-10-04T09:36:57-04:00 logger.go:66:               [31m-[0m[0m from_port        = 443
TestEks 2023-10-04T09:36:57-04:00 logger.go:66:               [31m-[0m[0m ipv6_cidr_blocks = []
TestEks 2023-10-04T09:36:57-04:00 logger.go:66:               [31m-[0m[0m prefix_list_ids  = []
TestEks 2023-10-04T09:36:57-04:00 logger.go:66:               [31m-[0m[0m protocol         = "tcp"
TestEks 2023-10-04T09:36:57-04:00 logger.go:66:               [31m-[0m[0m security_groups  = [
TestEks 2023-10-04T09:36:57-04:00 logger.go:66:                   [31m-[0m[0m "sg-0fe0a0f4754d1d7b6",
TestEks 2023-10-04T09:36:57-04:00 logger.go:66:                 ]
TestEks 2023-10-04T09:36:57-04:00 logger.go:66:               [31m-[0m[0m self             = false
TestEks 2023-10-04T09:36:57-04:00 logger.go:66:               [31m-[0m[0m to_port          = 443
TestEks 2023-10-04T09:36:57-04:00 logger.go:66:             },
TestEks 2023-10-04T09:36:57-04:00 logger.go:66:           [31m-[0m[0m {
TestEks 2023-10-04T09:36:57-04:00 logger.go:66:               [31m-[0m[0m cidr_blocks      = []
TestEks 2023-10-04T09:36:57-04:00 logger.go:66:               [31m-[0m[0m description      = "Cluster API to node kubelets"
TestEks 2023-10-04T09:36:57-04:00 logger.go:66:               [31m-[0m[0m from_port        = 10250
TestEks 2023-10-04T09:36:57-04:00 logger.go:66:               [31m-[0m[0m ipv6_cidr_blocks = []
TestEks 2023-10-04T09:36:57-04:00 logger.go:66:               [31m-[0m[0m prefix_list_ids  = []
TestEks 2023-10-04T09:36:57-04:00 logger.go:66:               [31m-[0m[0m protocol         = "tcp"
TestEks 2023-10-04T09:36:57-04:00 logger.go:66:               [31m-[0m[0m security_groups  = [
TestEks 2023-10-04T09:36:57-04:00 logger.go:66:                   [31m-[0m[0m "sg-0fe0a0f4754d1d7b6",
TestEks 2023-10-04T09:36:57-04:00 logger.go:66:                 ]
TestEks 2023-10-04T09:36:57-04:00 logger.go:66:               [31m-[0m[0m self             = false
TestEks 2023-10-04T09:36:57-04:00 logger.go:66:               [31m-[0m[0m to_port          = 10250
TestEks 2023-10-04T09:36:57-04:00 logger.go:66:             },
TestEks 2023-10-04T09:36:57-04:00 logger.go:66:           [31m-[0m[0m {
TestEks 2023-10-04T09:36:57-04:00 logger.go:66:               [31m-[0m[0m cidr_blocks      = []
TestEks 2023-10-04T09:36:57-04:00 logger.go:66:               [31m-[0m[0m description      = "Node to node CoreDNS UDP"
TestEks 2023-10-04T09:36:57-04:00 logger.go:66:               [31m-[0m[0m from_port        = 53
TestEks 2023-10-04T09:36:57-04:00 logger.go:66:               [31m-[0m[0m ipv6_cidr_blocks = []
TestEks 2023-10-04T09:36:57-04:00 logger.go:66:               [31m-[0m[0m prefix_list_ids  = []
TestEks 2023-10-04T09:36:57-04:00 logger.go:66:               [31m-[0m[0m protocol         = "udp"
TestEks 2023-10-04T09:36:57-04:00 logger.go:66:               [31m-[0m[0m security_groups  = []
TestEks 2023-10-04T09:36:57-04:00 logger.go:66:               [31m-[0m[0m self             = true
TestEks 2023-10-04T09:36:57-04:00 logger.go:66:               [31m-[0m[0m to_port          = 53
TestEks 2023-10-04T09:36:57-04:00 logger.go:66:             },
TestEks 2023-10-04T09:36:57-04:00 logger.go:66:           [31m-[0m[0m {
TestEks 2023-10-04T09:36:57-04:00 logger.go:66:               [31m-[0m[0m cidr_blocks      = []
TestEks 2023-10-04T09:36:57-04:00 logger.go:66:               [31m-[0m[0m description      = "Node to node CoreDNS"
TestEks 2023-10-04T09:36:57-04:00 logger.go:66:               [31m-[0m[0m from_port        = 53
TestEks 2023-10-04T09:36:57-04:00 logger.go:66:               [31m-[0m[0m ipv6_cidr_blocks = []
TestEks 2023-10-04T09:36:57-04:00 logger.go:66:               [31m-[0m[0m prefix_list_ids  = []
TestEks 2023-10-04T09:36:57-04:00 logger.go:66:               [31m-[0m[0m protocol         = "tcp"
TestEks 2023-10-04T09:36:57-04:00 logger.go:66:               [31m-[0m[0m security_groups  = []
TestEks 2023-10-04T09:36:57-04:00 logger.go:66:               [31m-[0m[0m self             = true
TestEks 2023-10-04T09:36:57-04:00 logger.go:66:               [31m-[0m[0m to_port          = 53
TestEks 2023-10-04T09:36:57-04:00 logger.go:66:             },
TestEks 2023-10-04T09:36:57-04:00 logger.go:66:           [31m-[0m[0m {
TestEks 2023-10-04T09:36:57-04:00 logger.go:66:               [31m-[0m[0m cidr_blocks      = []
TestEks 2023-10-04T09:36:57-04:00 logger.go:66:               [31m-[0m[0m description      = "Node to node ingress on ephemeral ports"
TestEks 2023-10-04T09:36:57-04:00 logger.go:66:               [31m-[0m[0m from_port        = 1025
TestEks 2023-10-04T09:36:57-04:00 logger.go:66:               [31m-[0m[0m ipv6_cidr_blocks = []
TestEks 2023-10-04T09:36:57-04:00 logger.go:66:               [31m-[0m[0m prefix_list_ids  = []
TestEks 2023-10-04T09:36:57-04:00 logger.go:66:               [31m-[0m[0m protocol         = "tcp"
TestEks 2023-10-04T09:36:57-04:00 logger.go:66:               [31m-[0m[0m security_groups  = []
TestEks 2023-10-04T09:36:57-04:00 logger.go:66:               [31m-[0m[0m self             = true
TestEks 2023-10-04T09:36:57-04:00 logger.go:66:               [31m-[0m[0m to_port          = 65535
TestEks 2023-10-04T09:36:57-04:00 logger.go:66:             },
TestEks 2023-10-04T09:36:57-04:00 logger.go:66:         ] [90m-> null[0m[0m
TestEks 2023-10-04T09:36:57-04:00 logger.go:66:       [31m-[0m[0m name                   = "eks-runner-go-19867-demo-node-20231004130112846300000005" [90m-> null[0m[0m
TestEks 2023-10-04T09:36:57-04:00 logger.go:66:       [31m-[0m[0m name_prefix            = "eks-runner-go-19867-demo-node-" [90m-> null[0m[0m
TestEks 2023-10-04T09:36:57-04:00 logger.go:66:       [31m-[0m[0m owner_id               = "177807608173" [90m-> null[0m[0m
TestEks 2023-10-04T09:36:57-04:00 logger.go:66:       [31m-[0m[0m revoke_rules_on_delete = false [90m-> null[0m[0m
TestEks 2023-10-04T09:36:57-04:00 logger.go:66:       [31m-[0m[0m tags                   = {
TestEks 2023-10-04T09:36:57-04:00 logger.go:66:           [31m-[0m[0m "Name"                                           = "eks-runner-go-19867-demo-node"
TestEks 2023-10-04T09:36:57-04:00 logger.go:66:           [31m-[0m[0m "Owner"                                          = "lucas.j.hughes@outlook.com"
TestEks 2023-10-04T09:36:57-04:00 logger.go:66:           [31m-[0m[0m "kubernetes.io/cluster/eks-runner-go-19867-demo" = "owned"
TestEks 2023-10-04T09:36:57-04:00 logger.go:66:           [31m-[0m[0m "t_AppID"                                        = "SVC03377"
TestEks 2023-10-04T09:36:57-04:00 logger.go:66:           [31m-[0m[0m "t_dcl"                                          = "3"
TestEks 2023-10-04T09:36:57-04:00 logger.go:66:           [31m-[0m[0m "t_environment"                                  = "DEMO"
TestEks 2023-10-04T09:36:57-04:00 logger.go:66:         } [90m-> null[0m[0m
TestEks 2023-10-04T09:36:57-04:00 logger.go:66:       [31m-[0m[0m tags_all               = {
TestEks 2023-10-04T09:36:57-04:00 logger.go:66:           [31m-[0m[0m "Name"                                           = "eks-runner-go-19867-demo-node"
TestEks 2023-10-04T09:36:57-04:00 logger.go:66:           [31m-[0m[0m "Owner"                                          = "lucas.j.hughes@outlook.com"
TestEks 2023-10-04T09:36:57-04:00 logger.go:66:           [31m-[0m[0m "kubernetes.io/cluster/eks-runner-go-19867-demo" = "owned"
TestEks 2023-10-04T09:36:57-04:00 logger.go:66:           [31m-[0m[0m "t_AppID"                                        = "SVC03377"
TestEks 2023-10-04T09:36:57-04:00 logger.go:66:           [31m-[0m[0m "t_dcl"                                          = "3"
TestEks 2023-10-04T09:36:57-04:00 logger.go:66:           [31m-[0m[0m "t_environment"                                  = "DEMO"
TestEks 2023-10-04T09:36:57-04:00 logger.go:66:         } [90m-> null[0m[0m
TestEks 2023-10-04T09:36:57-04:00 logger.go:66:       [31m-[0m[0m vpc_id                 = "vpc-0095aef4d255b5396" [90m-> null[0m[0m
TestEks 2023-10-04T09:36:57-04:00 logger.go:66:     }
TestEks 2023-10-04T09:36:57-04:00 logger.go:66: 
TestEks 2023-10-04T09:36:57-04:00 logger.go:66: [1m  # module.existing_vpc_eks_runner.module.eks.aws_security_group_rule.cluster["ingress_nodes_443"][0m will be [1m[31mdestroyed[0m
TestEks 2023-10-04T09:36:57-04:00 logger.go:66: [0m  [31m-[0m[0m resource "aws_security_group_rule" "cluster" {
TestEks 2023-10-04T09:36:57-04:00 logger.go:66:       [31m-[0m[0m description              = "Node groups to cluster API" [90m-> null[0m[0m
TestEks 2023-10-04T09:36:57-04:00 logger.go:66:       [31m-[0m[0m from_port                = 443 [90m-> null[0m[0m
TestEks 2023-10-04T09:36:57-04:00 logger.go:66:       [31m-[0m[0m id                       = "sgrule-1645039922" [90m-> null[0m[0m
TestEks 2023-10-04T09:36:57-04:00 logger.go:66:       [31m-[0m[0m protocol                 = "tcp" [90m-> null[0m[0m
TestEks 2023-10-04T09:36:57-04:00 logger.go:66:       [31m-[0m[0m security_group_id        = "sg-0fe0a0f4754d1d7b6" [90m-> null[0m[0m
TestEks 2023-10-04T09:36:57-04:00 logger.go:66:       [31m-[0m[0m security_group_rule_id   = "sgr-09b21bb655ed9129f" [90m-> null[0m[0m
TestEks 2023-10-04T09:36:57-04:00 logger.go:66:       [31m-[0m[0m self                     = false [90m-> null[0m[0m
TestEks 2023-10-04T09:36:57-04:00 logger.go:66:       [31m-[0m[0m source_security_group_id = "sg-0ad7cfd5af856e460" [90m-> null[0m[0m
TestEks 2023-10-04T09:36:57-04:00 logger.go:66:       [31m-[0m[0m to_port                  = 443 [90m-> null[0m[0m
TestEks 2023-10-04T09:36:57-04:00 logger.go:66:       [31m-[0m[0m type                     = "ingress" [90m-> null[0m[0m
TestEks 2023-10-04T09:36:57-04:00 logger.go:66:     }
TestEks 2023-10-04T09:36:57-04:00 logger.go:66: 
TestEks 2023-10-04T09:36:57-04:00 logger.go:66: [1m  # module.existing_vpc_eks_runner.module.eks.aws_security_group_rule.node["egress_all"][0m will be [1m[31mdestroyed[0m
TestEks 2023-10-04T09:36:57-04:00 logger.go:66: [0m  [31m-[0m[0m resource "aws_security_group_rule" "node" {
TestEks 2023-10-04T09:36:57-04:00 logger.go:66:       [31m-[0m[0m cidr_blocks            = [
TestEks 2023-10-04T09:36:57-04:00 logger.go:66:           [31m-[0m[0m "0.0.0.0/0",
TestEks 2023-10-04T09:36:57-04:00 logger.go:66:         ] [90m-> null[0m[0m
TestEks 2023-10-04T09:36:57-04:00 logger.go:66:       [31m-[0m[0m description            = "Allow all egress" [90m-> null[0m[0m
TestEks 2023-10-04T09:36:57-04:00 logger.go:66:       [31m-[0m[0m from_port              = 0 [90m-> null[0m[0m
TestEks 2023-10-04T09:36:57-04:00 logger.go:66:       [31m-[0m[0m id                     = "sgrule-1231132628" [90m-> null[0m[0m
TestEks 2023-10-04T09:36:57-04:00 logger.go:66:       [31m-[0m[0m prefix_list_ids        = [] [90m-> null[0m[0m
TestEks 2023-10-04T09:36:57-04:00 logger.go:66:       [31m-[0m[0m protocol               = "-1" [90m-> null[0m[0m
TestEks 2023-10-04T09:36:57-04:00 logger.go:66:       [31m-[0m[0m security_group_id      = "sg-0ad7cfd5af856e460" [90m-> null[0m[0m
TestEks 2023-10-04T09:36:57-04:00 logger.go:66:       [31m-[0m[0m security_group_rule_id = "sgr-0f290865094f5ff39" [90m-> null[0m[0m
TestEks 2023-10-04T09:36:57-04:00 logger.go:66:       [31m-[0m[0m self                   = false [90m-> null[0m[0m
TestEks 2023-10-04T09:36:57-04:00 logger.go:66:       [31m-[0m[0m to_port                = 0 [90m-> null[0m[0m
TestEks 2023-10-04T09:36:57-04:00 logger.go:66:       [31m-[0m[0m type                   = "egress" [90m-> null[0m[0m
TestEks 2023-10-04T09:36:57-04:00 logger.go:66:     }
TestEks 2023-10-04T09:36:57-04:00 logger.go:66: 
TestEks 2023-10-04T09:36:57-04:00 logger.go:66: [1m  # module.existing_vpc_eks_runner.module.eks.aws_security_group_rule.node["ingress_cluster_443"][0m will be [1m[31mdestroyed[0m
TestEks 2023-10-04T09:36:57-04:00 logger.go:66: [0m  [31m-[0m[0m resource "aws_security_group_rule" "node" {
TestEks 2023-10-04T09:36:57-04:00 logger.go:66:       [31m-[0m[0m description              = "Cluster API to node groups" [90m-> null[0m[0m
TestEks 2023-10-04T09:36:57-04:00 logger.go:66:       [31m-[0m[0m from_port                = 443 [90m-> null[0m[0m
TestEks 2023-10-04T09:36:57-04:00 logger.go:66:       [31m-[0m[0m id                       = "sgrule-3287407462" [90m-> null[0m[0m
TestEks 2023-10-04T09:36:57-04:00 logger.go:66:       [31m-[0m[0m prefix_list_ids          = [] [90m-> null[0m[0m
TestEks 2023-10-04T09:36:57-04:00 logger.go:66:       [31m-[0m[0m protocol                 = "tcp" [90m-> null[0m[0m
TestEks 2023-10-04T09:36:57-04:00 logger.go:66:       [31m-[0m[0m security_group_id        = "sg-0ad7cfd5af856e460" [90m-> null[0m[0m
TestEks 2023-10-04T09:36:57-04:00 logger.go:66:       [31m-[0m[0m security_group_rule_id   = "sgr-038dc940af9d1506c" [90m-> null[0m[0m
TestEks 2023-10-04T09:36:57-04:00 logger.go:66:       [31m-[0m[0m self                     = false [90m-> null[0m[0m
TestEks 2023-10-04T09:36:57-04:00 logger.go:66:       [31m-[0m[0m source_security_group_id = "sg-0fe0a0f4754d1d7b6" [90m-> null[0m[0m
TestEks 2023-10-04T09:36:57-04:00 logger.go:66:       [31m-[0m[0m to_port                  = 443 [90m-> null[0m[0m
TestEks 2023-10-04T09:36:57-04:00 logger.go:66:       [31m-[0m[0m type                     = "ingress" [90m-> null[0m[0m
TestEks 2023-10-04T09:36:57-04:00 logger.go:66:     }
TestEks 2023-10-04T09:36:57-04:00 logger.go:66: 
TestEks 2023-10-04T09:36:57-04:00 logger.go:66: [1m  # module.existing_vpc_eks_runner.module.eks.aws_security_group_rule.node["ingress_cluster_4443_webhook"][0m will be [1m[31mdestroyed[0m
TestEks 2023-10-04T09:36:57-04:00 logger.go:66: [0m  [31m-[0m[0m resource "aws_security_group_rule" "node" {
TestEks 2023-10-04T09:36:57-04:00 logger.go:66:       [31m-[0m[0m description              = "Cluster API to node 4443/tcp webhook" [90m-> null[0m[0m
TestEks 2023-10-04T09:36:57-04:00 logger.go:66:       [31m-[0m[0m from_port                = 4443 [90m-> null[0m[0m
TestEks 2023-10-04T09:36:57-04:00 logger.go:66:       [31m-[0m[0m id                       = "sgrule-707988421" [90m-> null[0m[0m
TestEks 2023-10-04T09:36:57-04:00 logger.go:66:       [31m-[0m[0m prefix_list_ids          = [] [90m-> null[0m[0m
TestEks 2023-10-04T09:36:57-04:00 logger.go:66:       [31m-[0m[0m protocol                 = "tcp" [90m-> null[0m[0m
TestEks 2023-10-04T09:36:57-04:00 logger.go:66:       [31m-[0m[0m security_group_id        = "sg-0ad7cfd5af856e460" [90m-> null[0m[0m
TestEks 2023-10-04T09:36:57-04:00 logger.go:66:       [31m-[0m[0m security_group_rule_id   = "sgr-0e49d7ded2d6f4d30" [90m-> null[0m[0m
TestEks 2023-10-04T09:36:57-04:00 logger.go:66:       [31m-[0m[0m self                     = false [90m-> null[0m[0m
TestEks 2023-10-04T09:36:57-04:00 logger.go:66:       [31m-[0m[0m source_security_group_id = "sg-0fe0a0f4754d1d7b6" [90m-> null[0m[0m
TestEks 2023-10-04T09:36:57-04:00 logger.go:66:       [31m-[0m[0m to_port                  = 4443 [90m-> null[0m[0m
TestEks 2023-10-04T09:36:57-04:00 logger.go:66:       [31m-[0m[0m type                     = "ingress" [90m-> null[0m[0m
TestEks 2023-10-04T09:36:57-04:00 logger.go:66:     }
TestEks 2023-10-04T09:36:57-04:00 logger.go:66: 
TestEks 2023-10-04T09:36:57-04:00 logger.go:66: [1m  # module.existing_vpc_eks_runner.module.eks.aws_security_group_rule.node["ingress_cluster_6443_webhook"][0m will be [1m[31mdestroyed[0m
TestEks 2023-10-04T09:36:57-04:00 logger.go:66: [0m  [31m-[0m[0m resource "aws_security_group_rule" "node" {
TestEks 2023-10-04T09:36:57-04:00 logger.go:66:       [31m-[0m[0m description              = "Cluster API to node 6443/tcp webhook" [90m-> null[0m[0m
TestEks 2023-10-04T09:36:57-04:00 logger.go:66:       [31m-[0m[0m from_port                = 6443 [90m-> null[0m[0m
TestEks 2023-10-04T09:36:57-04:00 logger.go:66:       [31m-[0m[0m id                       = "sgrule-3815861331" [90m-> null[0m[0m
TestEks 2023-10-04T09:36:57-04:00 logger.go:66:       [31m-[0m[0m prefix_list_ids          = [] [90m-> null[0m[0m
TestEks 2023-10-04T09:36:57-04:00 logger.go:66:       [31m-[0m[0m protocol                 = "tcp" [90m-> null[0m[0m
TestEks 2023-10-04T09:36:57-04:00 logger.go:66:       [31m-[0m[0m security_group_id        = "sg-0ad7cfd5af856e460" [90m-> null[0m[0m
TestEks 2023-10-04T09:36:57-04:00 logger.go:66:       [31m-[0m[0m security_group_rule_id   = "sgr-08a630312fa82f0ff" [90m-> null[0m[0m
TestEks 2023-10-04T09:36:57-04:00 logger.go:66:       [31m-[0m[0m self                     = false [90m-> null[0m[0m
TestEks 2023-10-04T09:36:57-04:00 logger.go:66:       [31m-[0m[0m source_security_group_id = "sg-0fe0a0f4754d1d7b6" [90m-> null[0m[0m
TestEks 2023-10-04T09:36:57-04:00 logger.go:66:       [31m-[0m[0m to_port                  = 6443 [90m-> null[0m[0m
TestEks 2023-10-04T09:36:57-04:00 logger.go:66:       [31m-[0m[0m type                     = "ingress" [90m-> null[0m[0m
TestEks 2023-10-04T09:36:57-04:00 logger.go:66:     }
TestEks 2023-10-04T09:36:57-04:00 logger.go:66: 
TestEks 2023-10-04T09:36:57-04:00 logger.go:66: [1m  # module.existing_vpc_eks_runner.module.eks.aws_security_group_rule.node["ingress_cluster_8443_webhook"][0m will be [1m[31mdestroyed[0m
TestEks 2023-10-04T09:36:57-04:00 logger.go:66: [0m  [31m-[0m[0m resource "aws_security_group_rule" "node" {
TestEks 2023-10-04T09:36:57-04:00 logger.go:66:       [31m-[0m[0m description              = "Cluster API to node 8443/tcp webhook" [90m-> null[0m[0m
TestEks 2023-10-04T09:36:57-04:00 logger.go:66:       [31m-[0m[0m from_port                = 8443 [90m-> null[0m[0m
TestEks 2023-10-04T09:36:57-04:00 logger.go:66:       [31m-[0m[0m id                       = "sgrule-4029501554" [90m-> null[0m[0m
TestEks 2023-10-04T09:36:57-04:00 logger.go:66:       [31m-[0m[0m prefix_list_ids          = [] [90m-> null[0m[0m
TestEks 2023-10-04T09:36:57-04:00 logger.go:66:       [31m-[0m[0m protocol                 = "tcp" [90m-> null[0m[0m
TestEks 2023-10-04T09:36:57-04:00 logger.go:66:       [31m-[0m[0m security_group_id        = "sg-0ad7cfd5af856e460" [90m-> null[0m[0m
TestEks 2023-10-04T09:36:57-04:00 logger.go:66:       [31m-[0m[0m security_group_rule_id   = "sgr-0d10a7a7f1e1619b9" [90m-> null[0m[0m
TestEks 2023-10-04T09:36:57-04:00 logger.go:66:       [31m-[0m[0m self                     = false [90m-> null[0m[0m
TestEks 2023-10-04T09:36:57-04:00 logger.go:66:       [31m-[0m[0m source_security_group_id = "sg-0fe0a0f4754d1d7b6" [90m-> null[0m[0m
TestEks 2023-10-04T09:36:57-04:00 logger.go:66:       [31m-[0m[0m to_port                  = 8443 [90m-> null[0m[0m
TestEks 2023-10-04T09:36:57-04:00 logger.go:66:       [31m-[0m[0m type                     = "ingress" [90m-> null[0m[0m
TestEks 2023-10-04T09:36:57-04:00 logger.go:66:     }
TestEks 2023-10-04T09:36:57-04:00 logger.go:66: 
TestEks 2023-10-04T09:36:57-04:00 logger.go:66: [1m  # module.existing_vpc_eks_runner.module.eks.aws_security_group_rule.node["ingress_cluster_9443_webhook"][0m will be [1m[31mdestroyed[0m
TestEks 2023-10-04T09:36:57-04:00 logger.go:66: [0m  [31m-[0m[0m resource "aws_security_group_rule" "node" {
TestEks 2023-10-04T09:36:57-04:00 logger.go:66:       [31m-[0m[0m description              = "Cluster API to node 9443/tcp webhook" [90m-> null[0m[0m
TestEks 2023-10-04T09:36:57-04:00 logger.go:66:       [31m-[0m[0m from_port                = 9443 [90m-> null[0m[0m
TestEks 2023-10-04T09:36:57-04:00 logger.go:66:       [31m-[0m[0m id                       = "sgrule-2492228537" [90m-> null[0m[0m
TestEks 2023-10-04T09:36:57-04:00 logger.go:66:       [31m-[0m[0m prefix_list_ids          = [] [90m-> null[0m[0m
TestEks 2023-10-04T09:36:57-04:00 logger.go:66:       [31m-[0m[0m protocol                 = "tcp" [90m-> null[0m[0m
TestEks 2023-10-04T09:36:57-04:00 logger.go:66:       [31m-[0m[0m security_group_id        = "sg-0ad7cfd5af856e460" [90m-> null[0m[0m
TestEks 2023-10-04T09:36:57-04:00 logger.go:66:       [31m-[0m[0m security_group_rule_id   = "sgr-053ee4abee02d7fa1" [90m-> null[0m[0m
TestEks 2023-10-04T09:36:57-04:00 logger.go:66:       [31m-[0m[0m self                     = false [90m-> null[0m[0m
TestEks 2023-10-04T09:36:57-04:00 logger.go:66:       [31m-[0m[0m source_security_group_id = "sg-0fe0a0f4754d1d7b6" [90m-> null[0m[0m
TestEks 2023-10-04T09:36:57-04:00 logger.go:66:       [31m-[0m[0m to_port                  = 9443 [90m-> null[0m[0m
TestEks 2023-10-04T09:36:57-04:00 logger.go:66:       [31m-[0m[0m type                     = "ingress" [90m-> null[0m[0m
TestEks 2023-10-04T09:36:57-04:00 logger.go:66:     }
TestEks 2023-10-04T09:36:57-04:00 logger.go:66: 
TestEks 2023-10-04T09:36:57-04:00 logger.go:66: [1m  # module.existing_vpc_eks_runner.module.eks.aws_security_group_rule.node["ingress_cluster_kubelet"][0m will be [1m[31mdestroyed[0m
TestEks 2023-10-04T09:36:57-04:00 logger.go:66: [0m  [31m-[0m[0m resource "aws_security_group_rule" "node" {
TestEks 2023-10-04T09:36:57-04:00 logger.go:66:       [31m-[0m[0m description              = "Cluster API to node kubelets" [90m-> null[0m[0m
TestEks 2023-10-04T09:36:57-04:00 logger.go:66:       [31m-[0m[0m from_port                = 10250 [90m-> null[0m[0m
TestEks 2023-10-04T09:36:57-04:00 logger.go:66:       [31m-[0m[0m id                       = "sgrule-2460747895" [90m-> null[0m[0m
TestEks 2023-10-04T09:36:57-04:00 logger.go:66:       [31m-[0m[0m prefix_list_ids          = [] [90m-> null[0m[0m
TestEks 2023-10-04T09:36:57-04:00 logger.go:66:       [31m-[0m[0m protocol                 = "tcp" [90m-> null[0m[0m
TestEks 2023-10-04T09:36:57-04:00 logger.go:66:       [31m-[0m[0m security_group_id        = "sg-0ad7cfd5af856e460" [90m-> null[0m[0m
TestEks 2023-10-04T09:36:57-04:00 logger.go:66:       [31m-[0m[0m security_group_rule_id   = "sgr-032006f3cccd13b79" [90m-> null[0m[0m
TestEks 2023-10-04T09:36:57-04:00 logger.go:66:       [31m-[0m[0m self                     = false [90m-> null[0m[0m
TestEks 2023-10-04T09:36:57-04:00 logger.go:66:       [31m-[0m[0m source_security_group_id = "sg-0fe0a0f4754d1d7b6" [90m-> null[0m[0m
TestEks 2023-10-04T09:36:57-04:00 logger.go:66:       [31m-[0m[0m to_port                  = 10250 [90m-> null[0m[0m
TestEks 2023-10-04T09:36:57-04:00 logger.go:66:       [31m-[0m[0m type                     = "ingress" [90m-> null[0m[0m
TestEks 2023-10-04T09:36:57-04:00 logger.go:66:     }
TestEks 2023-10-04T09:36:57-04:00 logger.go:66: 
TestEks 2023-10-04T09:36:57-04:00 logger.go:66: [1m  # module.existing_vpc_eks_runner.module.eks.aws_security_group_rule.node["ingress_nodes_ephemeral"][0m will be [1m[31mdestroyed[0m
TestEks 2023-10-04T09:36:57-04:00 logger.go:66: [0m  [31m-[0m[0m resource "aws_security_group_rule" "node" {
TestEks 2023-10-04T09:36:57-04:00 logger.go:66:       [31m-[0m[0m description            = "Node to node ingress on ephemeral ports" [90m-> null[0m[0m
TestEks 2023-10-04T09:36:57-04:00 logger.go:66:       [31m-[0m[0m from_port              = 1025 [90m-> null[0m[0m
TestEks 2023-10-04T09:36:57-04:00 logger.go:66:       [31m-[0m[0m id                     = "sgrule-2849329823" [90m-> null[0m[0m
TestEks 2023-10-04T09:36:57-04:00 logger.go:66:       [31m-[0m[0m prefix_list_ids        = [] [90m-> null[0m[0m
TestEks 2023-10-04T09:36:57-04:00 logger.go:66:       [31m-[0m[0m protocol               = "tcp" [90m-> null[0m[0m
TestEks 2023-10-04T09:36:57-04:00 logger.go:66:       [31m-[0m[0m security_group_id      = "sg-0ad7cfd5af856e460" [90m-> null[0m[0m
TestEks 2023-10-04T09:36:57-04:00 logger.go:66:       [31m-[0m[0m security_group_rule_id = "sgr-09a1a0258fe223881" [90m-> null[0m[0m
TestEks 2023-10-04T09:36:57-04:00 logger.go:66:       [31m-[0m[0m self                   = true [90m-> null[0m[0m
TestEks 2023-10-04T09:36:57-04:00 logger.go:66:       [31m-[0m[0m to_port                = 65535 [90m-> null[0m[0m
TestEks 2023-10-04T09:36:57-04:00 logger.go:66:       [31m-[0m[0m type                   = "ingress" [90m-> null[0m[0m
TestEks 2023-10-04T09:36:57-04:00 logger.go:66:     }
TestEks 2023-10-04T09:36:57-04:00 logger.go:66: 
TestEks 2023-10-04T09:36:57-04:00 logger.go:66: [1m  # module.existing_vpc_eks_runner.module.eks.aws_security_group_rule.node["ingress_self_coredns_tcp"][0m will be [1m[31mdestroyed[0m
TestEks 2023-10-04T09:36:57-04:00 logger.go:66: [0m  [31m-[0m[0m resource "aws_security_group_rule" "node" {
TestEks 2023-10-04T09:36:57-04:00 logger.go:66:       [31m-[0m[0m description            = "Node to node CoreDNS" [90m-> null[0m[0m
TestEks 2023-10-04T09:36:57-04:00 logger.go:66:       [31m-[0m[0m from_port              = 53 [90m-> null[0m[0m
TestEks 2023-10-04T09:36:57-04:00 logger.go:66:       [31m-[0m[0m id                     = "sgrule-1564841244" [90m-> null[0m[0m
TestEks 2023-10-04T09:36:57-04:00 logger.go:66:       [31m-[0m[0m prefix_list_ids        = [] [90m-> null[0m[0m
TestEks 2023-10-04T09:36:57-04:00 logger.go:66:       [31m-[0m[0m protocol               = "tcp" [90m-> null[0m[0m
TestEks 2023-10-04T09:36:57-04:00 logger.go:66:       [31m-[0m[0m security_group_id      = "sg-0ad7cfd5af856e460" [90m-> null[0m[0m
TestEks 2023-10-04T09:36:57-04:00 logger.go:66:       [31m-[0m[0m security_group_rule_id = "sgr-01ec64dafeee49171" [90m-> null[0m[0m
TestEks 2023-10-04T09:36:57-04:00 logger.go:66:       [31m-[0m[0m self                   = true [90m-> null[0m[0m
TestEks 2023-10-04T09:36:57-04:00 logger.go:66:       [31m-[0m[0m to_port                = 53 [90m-> null[0m[0m
TestEks 2023-10-04T09:36:57-04:00 logger.go:66:       [31m-[0m[0m type                   = "ingress" [90m-> null[0m[0m
TestEks 2023-10-04T09:36:57-04:00 logger.go:66:     }
TestEks 2023-10-04T09:36:57-04:00 logger.go:66: 
TestEks 2023-10-04T09:36:57-04:00 logger.go:66: [1m  # module.existing_vpc_eks_runner.module.eks.aws_security_group_rule.node["ingress_self_coredns_udp"][0m will be [1m[31mdestroyed[0m
TestEks 2023-10-04T09:36:57-04:00 logger.go:66: [0m  [31m-[0m[0m resource "aws_security_group_rule" "node" {
TestEks 2023-10-04T09:36:57-04:00 logger.go:66:       [31m-[0m[0m description            = "Node to node CoreDNS UDP" [90m-> null[0m[0m
TestEks 2023-10-04T09:36:57-04:00 logger.go:66:       [31m-[0m[0m from_port              = 53 [90m-> null[0m[0m
TestEks 2023-10-04T09:36:57-04:00 logger.go:66:       [31m-[0m[0m id                     = "sgrule-4179244787" [90m-> null[0m[0m
TestEks 2023-10-04T09:36:57-04:00 logger.go:66:       [31m-[0m[0m prefix_list_ids        = [] [90m-> null[0m[0m
TestEks 2023-10-04T09:36:57-04:00 logger.go:66:       [31m-[0m[0m protocol               = "udp" [90m-> null[0m[0m
TestEks 2023-10-04T09:36:57-04:00 logger.go:66:       [31m-[0m[0m security_group_id      = "sg-0ad7cfd5af856e460" [90m-> null[0m[0m
TestEks 2023-10-04T09:36:57-04:00 logger.go:66:       [31m-[0m[0m security_group_rule_id = "sgr-0bad4008762978466" [90m-> null[0m[0m
TestEks 2023-10-04T09:36:57-04:00 logger.go:66:       [31m-[0m[0m self                   = true [90m-> null[0m[0m
TestEks 2023-10-04T09:36:57-04:00 logger.go:66:       [31m-[0m[0m to_port                = 53 [90m-> null[0m[0m
TestEks 2023-10-04T09:36:57-04:00 logger.go:66:       [31m-[0m[0m type                   = "ingress" [90m-> null[0m[0m
TestEks 2023-10-04T09:36:57-04:00 logger.go:66:     }
TestEks 2023-10-04T09:36:57-04:00 logger.go:66: 
TestEks 2023-10-04T09:36:57-04:00 logger.go:66: [1m  # module.existing_vpc_eks_runner.module.eks.time_sleep.this[0][0m will be [1m[31mdestroyed[0m
TestEks 2023-10-04T09:36:57-04:00 logger.go:66: [0m  [31m-[0m[0m resource "time_sleep" "this" {
TestEks 2023-10-04T09:36:57-04:00 logger.go:66:       [31m-[0m[0m create_duration = "30s" [90m-> null[0m[0m
TestEks 2023-10-04T09:36:57-04:00 logger.go:66:       [31m-[0m[0m id              = "2023-10-04T13:10:46Z" [90m-> null[0m[0m
TestEks 2023-10-04T09:36:57-04:00 logger.go:66:       [31m-[0m[0m triggers        = {
TestEks 2023-10-04T09:36:57-04:00 logger.go:66:           [31m-[0m[0m "cluster_certificate_authority_data" = "LS0tLS1CRUdJTiBDRVJUSUZJQ0FURS0tLS0tCk1JSURCVENDQWUyZ0F3SUJBZ0lJYXVmT2F0bVFLdUl3RFFZSktvWklodmNOQVFFTEJRQXdGVEVUTUJFR0ExVUUKQXhNS2EzVmlaWEp1WlhSbGN6QWVGdzB5TXpFd01EUXhNekEyTVRkYUZ3MHpNekV3TURFeE16QTJNVGRhTUJVeApFekFSQmdOVkJBTVRDbXQxWW1WeWJtVjBaWE13Z2dFaU1BMEdDU3FHU0liM0RRRUJBUVVBQTRJQkR3QXdnZ0VLCkFvSUJBUUREMG5qQS9kSjNlSFZrK1pYYjV5UjZ1Mlh1UVk5OWJNdWp4QmFOWGtudHRwUEtuZEJWK09XY1VHRngKRXBvUHRkR1FPRHN2TVRGQjJlc0JMV1VBYk9ERW91TzFDcC9Rd01wd0wxZThOTEhJakhFZGhWWisxaXl3a0h5VQpQd1RjNXNjOFJsYm1BUVJaUXZkN3BMRU90M1Z5Vm1ZS29XRXUra0lnckl6Q1hRVlUydUp5MW9wNUlrTk5ybjQrCkh5N3lCT21rM1hncjYzSm5CaTVYRkwyWjhDUE93cDEzVXJkVXl5SHEwTE5UWldsR0hLRkU4RVRkeDFOOXU1WXgKUXh2bEkxMUo3SXhCV3pIek5pVDV6dFNkMVJWVUhuMTVoRisvK2x4cjJ2bEJaZjF6cGlwRjBnaERBVGp5TmhEMQpjVUFqN0VTL1ZGaUFWYWxTR0I5UmlwUTIxdGhaQWdNQkFBR2pXVEJYTUE0R0ExVWREd0VCL3dRRUF3SUNwREFQCkJnTlZIUk1CQWY4RUJUQURBUUgvTUIwR0ExVWREZ1FXQkJRek9WVEFUWXVMTzNPdDlCRnlIc3RXMFFFWEpUQVYKQmdOVkhSRUVEakFNZ2dwcmRXSmxjbTVsZEdWek1BMEdDU3FHU0liM0RRRUJDd1VBQTRJQkFRQ3lweHd6UDU5cgpVaE1vd25kRU14V1ZkelN2NXpKRG5jMFpsQzZOOHcxUm1wb3dIR2taaTRSTDNUUU1zZDQvSkF4U0ZwWkptMk9oCllLazV1bWZTemhGNFRBNXl2NlBhSlNVaDJwckhSb0lIQ2d1ZmV1VGRCYnZpdklKQkNYdUhjb21XVWtnMWZEQy8KSkkrc0hjNWtoM1FZSGViWHNNTlkvYjhtdGZPbFR1cXpTM0dmZkkxNi9VWFFSNUVpaWJXM0ZSK2JSdzNIc05PcwpUZHY2UFZUSE95bStjSS9HTnExQ1NNeUVjeENzcTBhWHZNTFI2dFZReTQ0RDlKTmJzR1ZrZWxOY3NzUDFwa1YwCmdaMmlqdVBsakZBR0dEOTdwNkRnMGZCMml4SWN3eXlXelB6MlVFamhUdDRFd3dPMEFhMEJuZHh1UjZoQmlhS1QKOUNnM1dGL1lBaU44Ci0tLS0tRU5EIENFUlRJRklDQVRFLS0tLS0K"
TestEks 2023-10-04T09:36:57-04:00 logger.go:66:           [31m-[0m[0m "cluster_endpoint"                   = "https://22A40DCC456B48566B6F7076B665D88C.gr7.us-east-1.eks.amazonaws.com"
TestEks 2023-10-04T09:36:57-04:00 logger.go:66:           [31m-[0m[0m "cluster_name"                       = "eks-runner-go-19867-demo"
TestEks 2023-10-04T09:36:57-04:00 logger.go:66:           [31m-[0m[0m "cluster_version"                    = "1.27"
TestEks 2023-10-04T09:36:57-04:00 logger.go:66:         } [90m-> null[0m[0m
TestEks 2023-10-04T09:36:57-04:00 logger.go:66:     }
TestEks 2023-10-04T09:36:57-04:00 logger.go:66: 
TestEks 2023-10-04T09:36:57-04:00 logger.go:66: [1m  # module.new_vpc_eks_runner.module.eks.aws_cloudwatch_log_group.this[0][0m will be [1m[31mdestroyed[0m
TestEks 2023-10-04T09:36:57-04:00 logger.go:66: [0m  [31m-[0m[0m resource "aws_cloudwatch_log_group" "this" {
TestEks 2023-10-04T09:36:57-04:00 logger.go:66:       [31m-[0m[0m arn               = "arn:aws:logs:us-east-1:177807608173:log-group:/aws/eks/eks-runner-go-10604-demo/cluster" [90m-> null[0m[0m
TestEks 2023-10-04T09:36:57-04:00 logger.go:66:       [31m-[0m[0m id                = "/aws/eks/eks-runner-go-10604-demo/cluster" [90m-> null[0m[0m
TestEks 2023-10-04T09:36:57-04:00 logger.go:66:       [31m-[0m[0m name              = "/aws/eks/eks-runner-go-10604-demo/cluster" [90m-> null[0m[0m
TestEks 2023-10-04T09:36:57-04:00 logger.go:66:       [31m-[0m[0m retention_in_days = 90 [90m-> null[0m[0m
TestEks 2023-10-04T09:36:57-04:00 logger.go:66:       [31m-[0m[0m skip_destroy      = false [90m-> null[0m[0m
TestEks 2023-10-04T09:36:57-04:00 logger.go:66:       [31m-[0m[0m tags              = {
TestEks 2023-10-04T09:36:57-04:00 logger.go:66:           [31m-[0m[0m "Name"          = "/aws/eks/eks-runner-go-10604-demo/cluster"
TestEks 2023-10-04T09:36:57-04:00 logger.go:66:           [31m-[0m[0m "Owner"         = "lucas.j.hughes@outlook.com"
TestEks 2023-10-04T09:36:57-04:00 logger.go:66:           [31m-[0m[0m "t_AppID"       = "SVC03377"
TestEks 2023-10-04T09:36:57-04:00 logger.go:66:           [31m-[0m[0m "t_dcl"         = "3"
TestEks 2023-10-04T09:36:57-04:00 logger.go:66:           [31m-[0m[0m "t_environment" = "DEMO"
TestEks 2023-10-04T09:36:57-04:00 logger.go:66:         } [90m-> null[0m[0m
TestEks 2023-10-04T09:36:57-04:00 logger.go:66:       [31m-[0m[0m tags_all          = {
TestEks 2023-10-04T09:36:57-04:00 logger.go:66:           [31m-[0m[0m "Name"          = "/aws/eks/eks-runner-go-10604-demo/cluster"
TestEks 2023-10-04T09:36:57-04:00 logger.go:66:           [31m-[0m[0m "Owner"         = "lucas.j.hughes@outlook.com"
TestEks 2023-10-04T09:36:57-04:00 logger.go:66:           [31m-[0m[0m "t_AppID"       = "SVC03377"
TestEks 2023-10-04T09:36:57-04:00 logger.go:66:           [31m-[0m[0m "t_dcl"         = "3"
TestEks 2023-10-04T09:36:57-04:00 logger.go:66:           [31m-[0m[0m "t_environment" = "DEMO"
TestEks 2023-10-04T09:36:57-04:00 logger.go:66:         } [90m-> null[0m[0m
TestEks 2023-10-04T09:36:57-04:00 logger.go:66:     }
TestEks 2023-10-04T09:36:57-04:00 logger.go:66: 
TestEks 2023-10-04T09:36:57-04:00 logger.go:66: [1m  # module.new_vpc_eks_runner.module.eks.aws_ec2_tag.cluster_primary_security_group["Owner"][0m will be [1m[31mdestroyed[0m
TestEks 2023-10-04T09:36:57-04:00 logger.go:66: [0m  [31m-[0m[0m resource "aws_ec2_tag" "cluster_primary_security_group" {
TestEks 2023-10-04T09:36:57-04:00 logger.go:66:       [31m-[0m[0m id          = "sg-0ab0213631b6d2495,Owner" [90m-> null[0m[0m
TestEks 2023-10-04T09:36:57-04:00 logger.go:66:       [31m-[0m[0m key         = "Owner" [90m-> null[0m[0m
TestEks 2023-10-04T09:36:57-04:00 logger.go:66:       [31m-[0m[0m resource_id = "sg-0ab0213631b6d2495" [90m-> null[0m[0m
TestEks 2023-10-04T09:36:57-04:00 logger.go:66:       [31m-[0m[0m value       = "lucas.j.hughes@outlook.com" [90m-> null[0m[0m
TestEks 2023-10-04T09:36:57-04:00 logger.go:66:     }
TestEks 2023-10-04T09:36:57-04:00 logger.go:66: 
TestEks 2023-10-04T09:36:57-04:00 logger.go:66: [1m  # module.new_vpc_eks_runner.module.eks.aws_ec2_tag.cluster_primary_security_group["t_AppID"][0m will be [1m[31mdestroyed[0m
TestEks 2023-10-04T09:36:57-04:00 logger.go:66: [0m  [31m-[0m[0m resource "aws_ec2_tag" "cluster_primary_security_group" {
TestEks 2023-10-04T09:36:57-04:00 logger.go:66:       [31m-[0m[0m id          = "sg-0ab0213631b6d2495,t_AppID" [90m-> null[0m[0m
TestEks 2023-10-04T09:36:57-04:00 logger.go:66:       [31m-[0m[0m key         = "t_AppID" [90m-> null[0m[0m
TestEks 2023-10-04T09:36:57-04:00 logger.go:66:       [31m-[0m[0m resource_id = "sg-0ab0213631b6d2495" [90m-> null[0m[0m
TestEks 2023-10-04T09:36:57-04:00 logger.go:66:       [31m-[0m[0m value       = "SVC03377" [90m-> null[0m[0m
TestEks 2023-10-04T09:36:57-04:00 logger.go:66:     }
TestEks 2023-10-04T09:36:57-04:00 logger.go:66: 
TestEks 2023-10-04T09:36:57-04:00 logger.go:66: [1m  # module.new_vpc_eks_runner.module.eks.aws_ec2_tag.cluster_primary_security_group["t_dcl"][0m will be [1m[31mdestroyed[0m
TestEks 2023-10-04T09:36:57-04:00 logger.go:66: [0m  [31m-[0m[0m resource "aws_ec2_tag" "cluster_primary_security_group" {
TestEks 2023-10-04T09:36:57-04:00 logger.go:66:       [31m-[0m[0m id          = "sg-0ab0213631b6d2495,t_dcl" [90m-> null[0m[0m
TestEks 2023-10-04T09:36:57-04:00 logger.go:66:       [31m-[0m[0m key         = "t_dcl" [90m-> null[0m[0m
TestEks 2023-10-04T09:36:57-04:00 logger.go:66:       [31m-[0m[0m resource_id = "sg-0ab0213631b6d2495" [90m-> null[0m[0m
TestEks 2023-10-04T09:36:57-04:00 logger.go:66:       [31m-[0m[0m value       = "3" [90m-> null[0m[0m
TestEks 2023-10-04T09:36:57-04:00 logger.go:66:     }
TestEks 2023-10-04T09:36:57-04:00 logger.go:66: 
TestEks 2023-10-04T09:36:57-04:00 logger.go:66: [1m  # module.new_vpc_eks_runner.module.eks.aws_ec2_tag.cluster_primary_security_group["t_environment"][0m will be [1m[31mdestroyed[0m
TestEks 2023-10-04T09:36:57-04:00 logger.go:66: [0m  [31m-[0m[0m resource "aws_ec2_tag" "cluster_primary_security_group" {
TestEks 2023-10-04T09:36:57-04:00 logger.go:66:       [31m-[0m[0m id          = "sg-0ab0213631b6d2495,t_environment" [90m-> null[0m[0m
TestEks 2023-10-04T09:36:57-04:00 logger.go:66:       [31m-[0m[0m key         = "t_environment" [90m-> null[0m[0m
TestEks 2023-10-04T09:36:57-04:00 logger.go:66:       [31m-[0m[0m resource_id = "sg-0ab0213631b6d2495" [90m-> null[0m[0m
TestEks 2023-10-04T09:36:57-04:00 logger.go:66:       [31m-[0m[0m value       = "DEMO" [90m-> null[0m[0m
TestEks 2023-10-04T09:36:57-04:00 logger.go:66:     }
TestEks 2023-10-04T09:36:57-04:00 logger.go:66: 
TestEks 2023-10-04T09:36:57-04:00 logger.go:66: [1m  # module.new_vpc_eks_runner.module.eks.aws_eks_addon.before_compute["vpc-cni"][0m will be [1m[31mdestroyed[0m
TestEks 2023-10-04T09:36:57-04:00 logger.go:66: [0m  [31m-[0m[0m resource "aws_eks_addon" "before_compute" {
TestEks 2023-10-04T09:36:57-04:00 logger.go:66:       [31m-[0m[0m addon_name           = "vpc-cni" [90m-> null[0m[0m
TestEks 2023-10-04T09:36:57-04:00 logger.go:66:       [31m-[0m[0m addon_version        = "v1.15.0-eksbuild.2" [90m-> null[0m[0m
TestEks 2023-10-04T09:36:57-04:00 logger.go:66:       [31m-[0m[0m arn                  = "arn:aws:eks:us-east-1:177807608173:addon/eks-runner-go-10604-demo/vpc-cni/06c57d68-d112-7039-4c0e-474db60d7a04" [90m-> null[0m[0m
TestEks 2023-10-04T09:36:57-04:00 logger.go:66:       [31m-[0m[0m cluster_name         = "eks-runner-go-10604-demo" [90m-> null[0m[0m
TestEks 2023-10-04T09:36:57-04:00 logger.go:66:       [31m-[0m[0m configuration_values = jsonencode(
TestEks 2023-10-04T09:36:57-04:00 logger.go:66:             {
TestEks 2023-10-04T09:36:57-04:00 logger.go:66:               [31m-[0m[0m env = {
TestEks 2023-10-04T09:36:57-04:00 logger.go:66:                   [31m-[0m[0m ENABLE_PREFIX_DELEGATION = "true"
TestEks 2023-10-04T09:36:57-04:00 logger.go:66:                   [31m-[0m[0m WARM_PREFIX_TARGET       = "1"
TestEks 2023-10-04T09:36:57-04:00 logger.go:66:                 }
TestEks 2023-10-04T09:36:57-04:00 logger.go:66:             }
TestEks 2023-10-04T09:36:57-04:00 logger.go:66:         ) [90m-> null[0m[0m
TestEks 2023-10-04T09:36:57-04:00 logger.go:66:       [31m-[0m[0m created_at           = "2023-10-04T13:12:37Z" [90m-> null[0m[0m
TestEks 2023-10-04T09:36:57-04:00 logger.go:66:       [31m-[0m[0m id                   = "eks-runner-go-10604-demo:vpc-cni" [90m-> null[0m[0m
TestEks 2023-10-04T09:36:57-04:00 logger.go:66:       [31m-[0m[0m modified_at          = "2023-10-04T13:27:44Z" [90m-> null[0m[0m
TestEks 2023-10-04T09:36:57-04:00 logger.go:66:       [31m-[0m[0m resolve_conflicts    = "OVERWRITE" [90m-> null[0m[0m
TestEks 2023-10-04T09:36:57-04:00 logger.go:66:       [31m-[0m[0m tags                 = {
TestEks 2023-10-04T09:36:57-04:00 logger.go:66:           [31m-[0m[0m "Owner"         = "lucas.j.hughes@outlook.com"
TestEks 2023-10-04T09:36:57-04:00 logger.go:66:           [31m-[0m[0m "t_AppID"       = "SVC03377"
TestEks 2023-10-04T09:36:57-04:00 logger.go:66:           [31m-[0m[0m "t_dcl"         = "3"
TestEks 2023-10-04T09:36:57-04:00 logger.go:66:           [31m-[0m[0m "t_environment" = "DEMO"
TestEks 2023-10-04T09:36:57-04:00 logger.go:66:         } [90m-> null[0m[0m
TestEks 2023-10-04T09:36:57-04:00 logger.go:66:       [31m-[0m[0m tags_all             = {
TestEks 2023-10-04T09:36:57-04:00 logger.go:66:           [31m-[0m[0m "Owner"         = "lucas.j.hughes@outlook.com"
TestEks 2023-10-04T09:36:57-04:00 logger.go:66:           [31m-[0m[0m "t_AppID"       = "SVC03377"
TestEks 2023-10-04T09:36:57-04:00 logger.go:66:           [31m-[0m[0m "t_dcl"         = "3"
TestEks 2023-10-04T09:36:57-04:00 logger.go:66:           [31m-[0m[0m "t_environment" = "DEMO"
TestEks 2023-10-04T09:36:57-04:00 logger.go:66:         } [90m-> null[0m[0m
TestEks 2023-10-04T09:36:57-04:00 logger.go:66: 
TestEks 2023-10-04T09:36:57-04:00 logger.go:66:       [31m-[0m[0m timeouts {}
TestEks 2023-10-04T09:36:57-04:00 logger.go:66:     }
TestEks 2023-10-04T09:36:57-04:00 logger.go:66: 
TestEks 2023-10-04T09:36:57-04:00 logger.go:66: [1m  # module.new_vpc_eks_runner.module.eks.aws_eks_addon.this["coredns"][0m will be [1m[31mdestroyed[0m
TestEks 2023-10-04T09:36:57-04:00 logger.go:66: [0m  [31m-[0m[0m resource "aws_eks_addon" "this" {
TestEks 2023-10-04T09:36:57-04:00 logger.go:66:       [31m-[0m[0m addon_name        = "coredns" [90m-> null[0m[0m
TestEks 2023-10-04T09:36:57-04:00 logger.go:66:       [31m-[0m[0m addon_version     = "v1.10.1-eksbuild.1" [90m-> null[0m[0m
TestEks 2023-10-04T09:36:57-04:00 logger.go:66:       [31m-[0m[0m arn               = "arn:aws:eks:us-east-1:177807608173:addon/eks-runner-go-10604-demo/coredns/44c57d6a-acae-ca3d-3aab-06b316df0768" [90m-> null[0m[0m
TestEks 2023-10-04T09:36:57-04:00 logger.go:66:       [31m-[0m[0m cluster_name      = "eks-runner-go-10604-demo" [90m-> null[0m[0m
TestEks 2023-10-04T09:36:57-04:00 logger.go:66:       [31m-[0m[0m created_at        = "2023-10-04T13:16:40Z" [90m-> null[0m[0m
TestEks 2023-10-04T09:36:57-04:00 logger.go:66:       [31m-[0m[0m id                = "eks-runner-go-10604-demo:coredns" [90m-> null[0m[0m
TestEks 2023-10-04T09:36:57-04:00 logger.go:66:       [31m-[0m[0m modified_at       = "2023-10-04T13:16:40Z" [90m-> null[0m[0m
TestEks 2023-10-04T09:36:57-04:00 logger.go:66:       [31m-[0m[0m resolve_conflicts = "OVERWRITE" [90m-> null[0m[0m
TestEks 2023-10-04T09:36:57-04:00 logger.go:66:       [31m-[0m[0m tags              = {
TestEks 2023-10-04T09:36:57-04:00 logger.go:66:           [31m-[0m[0m "Owner"         = "lucas.j.hughes@outlook.com"
TestEks 2023-10-04T09:36:57-04:00 logger.go:66:           [31m-[0m[0m "t_AppID"       = "SVC03377"
TestEks 2023-10-04T09:36:57-04:00 logger.go:66:           [31m-[0m[0m "t_dcl"         = "3"
TestEks 2023-10-04T09:36:57-04:00 logger.go:66:           [31m-[0m[0m "t_environment" = "DEMO"
TestEks 2023-10-04T09:36:57-04:00 logger.go:66:         } [90m-> null[0m[0m
TestEks 2023-10-04T09:36:57-04:00 logger.go:66:       [31m-[0m[0m tags_all          = {
TestEks 2023-10-04T09:36:57-04:00 logger.go:66:           [31m-[0m[0m "Owner"         = "lucas.j.hughes@outlook.com"
TestEks 2023-10-04T09:36:57-04:00 logger.go:66:           [31m-[0m[0m "t_AppID"       = "SVC03377"
TestEks 2023-10-04T09:36:57-04:00 logger.go:66:           [31m-[0m[0m "t_dcl"         = "3"
TestEks 2023-10-04T09:36:57-04:00 logger.go:66:           [31m-[0m[0m "t_environment" = "DEMO"
TestEks 2023-10-04T09:36:57-04:00 logger.go:66:         } [90m-> null[0m[0m
TestEks 2023-10-04T09:36:57-04:00 logger.go:66: 
TestEks 2023-10-04T09:36:57-04:00 logger.go:66:       [31m-[0m[0m timeouts {}
TestEks 2023-10-04T09:36:57-04:00 logger.go:66:     }
TestEks 2023-10-04T09:36:57-04:00 logger.go:66: 
TestEks 2023-10-04T09:36:57-04:00 logger.go:66: [1m  # module.new_vpc_eks_runner.module.eks.aws_eks_addon.this["kube-proxy"][0m will be [1m[31mdestroyed[0m
TestEks 2023-10-04T09:36:57-04:00 logger.go:66: [0m  [31m-[0m[0m resource "aws_eks_addon" "this" {
TestEks 2023-10-04T09:36:57-04:00 logger.go:66:       [31m-[0m[0m addon_name        = "kube-proxy" [90m-> null[0m[0m
TestEks 2023-10-04T09:36:57-04:00 logger.go:66:       [31m-[0m[0m addon_version     = "v1.27.1-eksbuild.1" [90m-> null[0m[0m
TestEks 2023-10-04T09:36:57-04:00 logger.go:66:       [31m-[0m[0m arn               = "arn:aws:eks:us-east-1:177807608173:addon/eks-runner-go-10604-demo/kube-proxy/cac57d6a-acb1-2b00-8aca-85febf06faa6" [90m-> null[0m[0m
TestEks 2023-10-04T09:36:57-04:00 logger.go:66:       [31m-[0m[0m cluster_name      = "eks-runner-go-10604-demo" [90m-> null[0m[0m
TestEks 2023-10-04T09:36:57-04:00 logger.go:66:       [31m-[0m[0m created_at        = "2023-10-04T13:16:40Z" [90m-> null[0m[0m
TestEks 2023-10-04T09:36:57-04:00 logger.go:66:       [31m-[0m[0m id                = "eks-runner-go-10604-demo:kube-proxy" [90m-> null[0m[0m
TestEks 2023-10-04T09:36:57-04:00 logger.go:66:       [31m-[0m[0m modified_at       = "2023-10-04T13:16:43Z" [90m-> null[0m[0m
TestEks 2023-10-04T09:36:57-04:00 logger.go:66:       [31m-[0m[0m resolve_conflicts = "OVERWRITE" [90m-> null[0m[0m
TestEks 2023-10-04T09:36:57-04:00 logger.go:66:       [31m-[0m[0m tags              = {
TestEks 2023-10-04T09:36:57-04:00 logger.go:66:           [31m-[0m[0m "Owner"         = "lucas.j.hughes@outlook.com"
TestEks 2023-10-04T09:36:57-04:00 logger.go:66:           [31m-[0m[0m "t_AppID"       = "SVC03377"
TestEks 2023-10-04T09:36:57-04:00 logger.go:66:           [31m-[0m[0m "t_dcl"         = "3"
TestEks 2023-10-04T09:36:57-04:00 logger.go:66:           [31m-[0m[0m "t_environment" = "DEMO"
TestEks 2023-10-04T09:36:57-04:00 logger.go:66:         } [90m-> null[0m[0m
TestEks 2023-10-04T09:36:57-04:00 logger.go:66:       [31m-[0m[0m tags_all          = {
TestEks 2023-10-04T09:36:57-04:00 logger.go:66:           [31m-[0m[0m "Owner"         = "lucas.j.hughes@outlook.com"
TestEks 2023-10-04T09:36:57-04:00 logger.go:66:           [31m-[0m[0m "t_AppID"       = "SVC03377"
TestEks 2023-10-04T09:36:57-04:00 logger.go:66:           [31m-[0m[0m "t_dcl"         = "3"
TestEks 2023-10-04T09:36:57-04:00 logger.go:66:           [31m-[0m[0m "t_environment" = "DEMO"
TestEks 2023-10-04T09:36:57-04:00 logger.go:66:         } [90m-> null[0m[0m
TestEks 2023-10-04T09:36:57-04:00 logger.go:66: 
TestEks 2023-10-04T09:36:57-04:00 logger.go:66:       [31m-[0m[0m timeouts {}
TestEks 2023-10-04T09:36:57-04:00 logger.go:66:     }
TestEks 2023-10-04T09:36:57-04:00 logger.go:66: 
TestEks 2023-10-04T09:36:57-04:00 logger.go:66: [1m  # module.new_vpc_eks_runner.module.eks.aws_eks_cluster.this[0][0m will be [1m[31mdestroyed[0m
TestEks 2023-10-04T09:36:57-04:00 logger.go:66: [0m  [31m-[0m[0m resource "aws_eks_cluster" "this" {
TestEks 2023-10-04T09:36:57-04:00 logger.go:66:       [31m-[0m[0m arn                       = "arn:aws:eks:us-east-1:177807608173:cluster/eks-runner-go-10604-demo" [90m-> null[0m[0m
TestEks 2023-10-04T09:36:57-04:00 logger.go:66:       [31m-[0m[0m certificate_authority     = [
TestEks 2023-10-04T09:36:57-04:00 logger.go:66:           [31m-[0m[0m {
TestEks 2023-10-04T09:36:57-04:00 logger.go:66:               [31m-[0m[0m data = "LS0tLS1CRUdJTiBDRVJUSUZJQ0FURS0tLS0tCk1JSURCVENDQWUyZ0F3SUJBZ0lJSjR1OEYrMHl1cVF3RFFZSktvWklodmNOQVFFTEJRQXdGVEVUTUJFR0ExVUUKQXhNS2EzVmlaWEp1WlhSbGN6QWVGdzB5TXpFd01EUXhNekEyTlRCYUZ3MHpNekV3TURFeE16QTJOVEJhTUJVeApFekFSQmdOVkJBTVRDbXQxWW1WeWJtVjBaWE13Z2dFaU1BMEdDU3FHU0liM0RRRUJBUVVBQTRJQkR3QXdnZ0VLCkFvSUJBUURsSWliTG1wcGFuckx0NVJzNjF0UlFwUmJCMVVRamdqaVdtWlRXU1ptVmt3SEx2bkh2dTdTTnBLWGIKcy80RXNObjMyNTRIWXhtT0grbTN4b3F6WjZiMUV2bWROWjNxa1d4N1NRYWpHaVVnb1JBektjNVNtQnZMaXB4SQovL29sTCt5QmN0VHBBTzZUSVVQbDJneG1sdk1JRDRkTGVHR2dzd08xcGFOQzdNTnlzTVZ3OVZjeXRmc2h3UmxPCmJ1WHR0TlVqaWNXUTRnR1lCWEtmTzdmSUhYaHFWRmRJZ29JQ0w4OG93eG5YVVhtL0JsQmVraER4VjgvSDI2UEEKSUFSekZpbGdoUWZMYTVPSnpSeGdqaGNzY0RWNTkvQU1JbkNVMHB6MGExYjNFbWE0Z1NXa2FPK3F1dS92ZnRKUQpTVlZ6UzRvOVhhczlMQkl4RnBIbXZ3bDU5bGNsQWdNQkFBR2pXVEJYTUE0R0ExVWREd0VCL3dRRUF3SUNwREFQCkJnTlZIUk1CQWY4RUJUQURBUUgvTUIwR0ExVWREZ1FXQkJSZHp0VU1ibUhPTXpUYVNTV3lSR1Q0dm1iK0RUQVYKQmdOVkhSRUVEakFNZ2dwcmRXSmxjbTVsZEdWek1BMEdDU3FHU0liM0RRRUJDd1VBQTRJQkFRQUlXS1lWMC85QwpPU0VJNGk3QnpHZjNoMGc2OHlyY1pJeWtGRC96VUZlQ1A1eHFZMUE0YnBvY0xQdWJNaU4vTGppUTcyL0tyQytRCnEvSFMzWlJQUFNvSTUrL1pZdTVxSUxHcnIvS1cvTEpuQUo4L3gzdlBBRGpjUGJhS3RVdFpxSHZDdForNWRva2kKVTJxSm1DUzN6ZFBid0k2elVuT2NBb1dHR1RWdjFPajMxc1lPU0hTOGJRSkMvQ1JQNXY4cjAzL3FUd1BCTDJHegpYejFxTW42NlhhVnNDblBCMzJYajN4L0xYOEozTGxZSHllazZIczVHcXVQM2tjZzhDYWNvUnlIU1RNLzRpbXJLCmFHbGlRTXNhTzczajIvRzB3Q0paeWxzK1kvRm15a24zUzVlQ3JFT0JvLzBobzVEWTJwditxandhczVoOGw3U0kKS0pHUFg2SnpaTmxsCi0tLS0tRU5EIENFUlRJRklDQVRFLS0tLS0K"
TestEks 2023-10-04T09:36:57-04:00 logger.go:66:             },
TestEks 2023-10-04T09:36:57-04:00 logger.go:66:         ] [90m-> null[0m[0m
TestEks 2023-10-04T09:36:57-04:00 logger.go:66:       [31m-[0m[0m created_at                = "2023-10-04 13:01:22.886 +0000 UTC" [90m-> null[0m[0m
TestEks 2023-10-04T09:36:57-04:00 logger.go:66:       [31m-[0m[0m enabled_cluster_log_types = [
TestEks 2023-10-04T09:36:57-04:00 logger.go:66:           [31m-[0m[0m "api",
TestEks 2023-10-04T09:36:57-04:00 logger.go:66:           [31m-[0m[0m "audit",
TestEks 2023-10-04T09:36:57-04:00 logger.go:66:           [31m-[0m[0m "authenticator",
TestEks 2023-10-04T09:36:57-04:00 logger.go:66:         ] [90m-> null[0m[0m
TestEks 2023-10-04T09:36:57-04:00 logger.go:66:       [31m-[0m[0m endpoint                  = "https://61D53ACA3583C9355B7A91DB759C80EF.gr7.us-east-1.eks.amazonaws.com" [90m-> null[0m[0m
TestEks 2023-10-04T09:36:57-04:00 logger.go:66:       [31m-[0m[0m id                        = "eks-runner-go-10604-demo" [90m-> null[0m[0m
TestEks 2023-10-04T09:36:57-04:00 logger.go:66:       [31m-[0m[0m identity                  = [
TestEks 2023-10-04T09:36:57-04:00 logger.go:66:           [31m-[0m[0m {
TestEks 2023-10-04T09:36:57-04:00 logger.go:66:               [31m-[0m[0m oidc = [
TestEks 2023-10-04T09:36:57-04:00 logger.go:66:                   [31m-[0m[0m {
TestEks 2023-10-04T09:36:57-04:00 logger.go:66:                       [31m-[0m[0m issuer = "https://oidc.eks.us-east-1.amazonaws.com/id/61D53ACA3583C9355B7A91DB759C80EF"
TestEks 2023-10-04T09:36:57-04:00 logger.go:66:                     },
TestEks 2023-10-04T09:36:57-04:00 logger.go:66:                 ]
TestEks 2023-10-04T09:36:57-04:00 logger.go:66:             },
TestEks 2023-10-04T09:36:57-04:00 logger.go:66:         ] [90m-> null[0m[0m
TestEks 2023-10-04T09:36:57-04:00 logger.go:66:       [31m-[0m[0m name                      = "eks-runner-go-10604-demo" [90m-> null[0m[0m
TestEks 2023-10-04T09:36:57-04:00 logger.go:66:       [31m-[0m[0m platform_version          = "eks.5" [90m-> null[0m[0m
TestEks 2023-10-04T09:36:57-04:00 logger.go:66:       [31m-[0m[0m role_arn                  = "arn:aws:iam::177807608173:role/eks-runner-go-10604-demo-cluster-20231004130058490000000001" [90m-> null[0m[0m
TestEks 2023-10-04T09:36:57-04:00 logger.go:66:       [31m-[0m[0m status                    = "ACTIVE" [90m-> null[0m[0m
TestEks 2023-10-04T09:36:57-04:00 logger.go:66:       [31m-[0m[0m tags                      = {
TestEks 2023-10-04T09:36:57-04:00 logger.go:66:           [31m-[0m[0m "Owner"         = "lucas.j.hughes@outlook.com"
TestEks 2023-10-04T09:36:57-04:00 logger.go:66:           [31m-[0m[0m "t_AppID"       = "SVC03377"
TestEks 2023-10-04T09:36:57-04:00 logger.go:66:           [31m-[0m[0m "t_dcl"         = "3"
TestEks 2023-10-04T09:36:57-04:00 logger.go:66:           [31m-[0m[0m "t_environment" = "DEMO"
TestEks 2023-10-04T09:36:57-04:00 logger.go:66:         } [90m-> null[0m[0m
TestEks 2023-10-04T09:36:57-04:00 logger.go:66:       [31m-[0m[0m tags_all                  = {
TestEks 2023-10-04T09:36:57-04:00 logger.go:66:           [31m-[0m[0m "Owner"         = "lucas.j.hughes@outlook.com"
TestEks 2023-10-04T09:36:57-04:00 logger.go:66:           [31m-[0m[0m "t_AppID"       = "SVC03377"
TestEks 2023-10-04T09:36:57-04:00 logger.go:66:           [31m-[0m[0m "t_dcl"         = "3"
TestEks 2023-10-04T09:36:57-04:00 logger.go:66:           [31m-[0m[0m "t_environment" = "DEMO"
TestEks 2023-10-04T09:36:57-04:00 logger.go:66:         } [90m-> null[0m[0m
TestEks 2023-10-04T09:36:57-04:00 logger.go:66:       [31m-[0m[0m version                   = "1.27" [90m-> null[0m[0m
TestEks 2023-10-04T09:36:57-04:00 logger.go:66: 
TestEks 2023-10-04T09:36:57-04:00 logger.go:66:       [31m-[0m[0m encryption_config {
TestEks 2023-10-04T09:36:57-04:00 logger.go:66:           [31m-[0m[0m resources = [
TestEks 2023-10-04T09:36:57-04:00 logger.go:66:               [31m-[0m[0m "secrets",
TestEks 2023-10-04T09:36:57-04:00 logger.go:66:             ] [90m-> null[0m[0m
TestEks 2023-10-04T09:36:57-04:00 logger.go:66: 
TestEks 2023-10-04T09:36:57-04:00 logger.go:66:           [31m-[0m[0m provider {
TestEks 2023-10-04T09:36:57-04:00 logger.go:66:               [31m-[0m[0m key_arn = "arn:aws:kms:us-east-1:177807608173:key/2f6cfae5-09b8-44d2-95f9-6a1751beea57" [90m-> null[0m[0m
TestEks 2023-10-04T09:36:57-04:00 logger.go:66:             }
TestEks 2023-10-04T09:36:57-04:00 logger.go:66:         }
TestEks 2023-10-04T09:36:57-04:00 logger.go:66: 
TestEks 2023-10-04T09:36:57-04:00 logger.go:66:       [31m-[0m[0m kubernetes_network_config {
TestEks 2023-10-04T09:36:57-04:00 logger.go:66:           [31m-[0m[0m ip_family         = "ipv4" [90m-> null[0m[0m
TestEks 2023-10-04T09:36:57-04:00 logger.go:66:           [31m-[0m[0m service_ipv4_cidr = "10.100.0.0/16" [90m-> null[0m[0m
TestEks 2023-10-04T09:36:57-04:00 logger.go:66:         }
TestEks 2023-10-04T09:36:57-04:00 logger.go:66: 
TestEks 2023-10-04T09:36:57-04:00 logger.go:66:       [31m-[0m[0m timeouts {}
TestEks 2023-10-04T09:36:57-04:00 logger.go:66: 
TestEks 2023-10-04T09:36:57-04:00 logger.go:66:       [31m-[0m[0m vpc_config {
TestEks 2023-10-04T09:36:57-04:00 logger.go:66:           [31m-[0m[0m cluster_security_group_id = "sg-0ab0213631b6d2495" [90m-> null[0m[0m
TestEks 2023-10-04T09:36:57-04:00 logger.go:66:           [31m-[0m[0m endpoint_private_access   = true [90m-> null[0m[0m
TestEks 2023-10-04T09:36:57-04:00 logger.go:66:           [31m-[0m[0m endpoint_public_access    = false [90m-> null[0m[0m
TestEks 2023-10-04T09:36:57-04:00 logger.go:66:           [31m-[0m[0m public_access_cidrs       = [
TestEks 2023-10-04T09:36:57-04:00 logger.go:66:               [31m-[0m[0m "0.0.0.0/0",
TestEks 2023-10-04T09:36:57-04:00 logger.go:66:             ] [90m-> null[0m[0m
TestEks 2023-10-04T09:36:57-04:00 logger.go:66:           [31m-[0m[0m security_group_ids        = [
TestEks 2023-10-04T09:36:57-04:00 logger.go:66:               [31m-[0m[0m "sg-0934512868e3ab8c3",
TestEks 2023-10-04T09:36:57-04:00 logger.go:66:             ] [90m-> null[0m[0m
TestEks 2023-10-04T09:36:57-04:00 logger.go:66:           [31m-[0m[0m subnet_ids                = [
TestEks 2023-10-04T09:36:57-04:00 logger.go:66:               [31m-[0m[0m "subnet-04f0b7f2cfb8dc557",
TestEks 2023-10-04T09:36:57-04:00 logger.go:66:               [31m-[0m[0m "subnet-09e19a893c2cc8ccd",
TestEks 2023-10-04T09:36:57-04:00 logger.go:66:             ] [90m-> null[0m[0m
TestEks 2023-10-04T09:36:57-04:00 logger.go:66:           [31m-[0m[0m vpc_id                    = "vpc-0095aef4d255b5396" [90m-> null[0m[0m
TestEks 2023-10-04T09:36:57-04:00 logger.go:66:         }
TestEks 2023-10-04T09:36:57-04:00 logger.go:66:     }
TestEks 2023-10-04T09:36:57-04:00 logger.go:66: 
TestEks 2023-10-04T09:36:57-04:00 logger.go:66: [1m  # module.new_vpc_eks_runner.module.eks.aws_iam_policy.cluster_encryption[0][0m will be [1m[31mdestroyed[0m
TestEks 2023-10-04T09:36:57-04:00 logger.go:66: [0m  [31m-[0m[0m resource "aws_iam_policy" "cluster_encryption" {
TestEks 2023-10-04T09:36:57-04:00 logger.go:66:       [31m-[0m[0m arn         = "arn:aws:iam::177807608173:policy/eks-runner-go-10604-demo-cluster-ClusterEncryption2023100413012105610000000e" [90m-> null[0m[0m
TestEks 2023-10-04T09:36:57-04:00 logger.go:66:       [31m-[0m[0m description = "Cluster encryption policy to allow cluster role to utilize CMK provided" [90m-> null[0m[0m
TestEks 2023-10-04T09:36:57-04:00 logger.go:66:       [31m-[0m[0m id          = "arn:aws:iam::177807608173:policy/eks-runner-go-10604-demo-cluster-ClusterEncryption2023100413012105610000000e" [90m-> null[0m[0m
TestEks 2023-10-04T09:36:57-04:00 logger.go:66:       [31m-[0m[0m name        = "eks-runner-go-10604-demo-cluster-ClusterEncryption2023100413012105610000000e" [90m-> null[0m[0m
TestEks 2023-10-04T09:36:57-04:00 logger.go:66:       [31m-[0m[0m name_prefix = "eks-runner-go-10604-demo-cluster-ClusterEncryption" [90m-> null[0m[0m
TestEks 2023-10-04T09:36:57-04:00 logger.go:66:       [31m-[0m[0m path        = "/" [90m-> null[0m[0m
TestEks 2023-10-04T09:36:57-04:00 logger.go:66:       [31m-[0m[0m policy      = jsonencode(
TestEks 2023-10-04T09:36:57-04:00 logger.go:66:             {
TestEks 2023-10-04T09:36:57-04:00 logger.go:66:               [31m-[0m[0m Statement = [
TestEks 2023-10-04T09:36:57-04:00 logger.go:66:                   [31m-[0m[0m {
TestEks 2023-10-04T09:36:57-04:00 logger.go:66:                       [31m-[0m[0m Action   = [
TestEks 2023-10-04T09:36:57-04:00 logger.go:66:                           [31m-[0m[0m "kms:Encrypt",
TestEks 2023-10-04T09:36:57-04:00 logger.go:66:                           [31m-[0m[0m "kms:Decrypt",
TestEks 2023-10-04T09:36:57-04:00 logger.go:66:                           [31m-[0m[0m "kms:ListGrants",
TestEks 2023-10-04T09:36:57-04:00 logger.go:66:                           [31m-[0m[0m "kms:DescribeKey",
TestEks 2023-10-04T09:36:57-04:00 logger.go:66:                         ]
TestEks 2023-10-04T09:36:57-04:00 logger.go:66:                       [31m-[0m[0m Effect   = "Allow"
TestEks 2023-10-04T09:36:57-04:00 logger.go:66:                       [31m-[0m[0m Resource = "arn:aws:kms:us-east-1:177807608173:key/2f6cfae5-09b8-44d2-95f9-6a1751beea57"
TestEks 2023-10-04T09:36:57-04:00 logger.go:66:                     },
TestEks 2023-10-04T09:36:57-04:00 logger.go:66:                 ]
TestEks 2023-10-04T09:36:57-04:00 logger.go:66:               [31m-[0m[0m Version   = "2012-10-17"
TestEks 2023-10-04T09:36:57-04:00 logger.go:66:             }
TestEks 2023-10-04T09:36:57-04:00 logger.go:66:         ) [90m-> null[0m[0m
TestEks 2023-10-04T09:36:57-04:00 logger.go:66:       [31m-[0m[0m policy_id   = "ANPASSZRIZFWVZYNJQSVV" [90m-> null[0m[0m
TestEks 2023-10-04T09:36:57-04:00 logger.go:66:       [31m-[0m[0m tags        = {
TestEks 2023-10-04T09:36:57-04:00 logger.go:66:           [31m-[0m[0m "Owner"         = "lucas.j.hughes@outlook.com"
TestEks 2023-10-04T09:36:57-04:00 logger.go:66:           [31m-[0m[0m "t_AppID"       = "SVC03377"
TestEks 2023-10-04T09:36:57-04:00 logger.go:66:           [31m-[0m[0m "t_dcl"         = "3"
TestEks 2023-10-04T09:36:57-04:00 logger.go:66:           [31m-[0m[0m "t_environment" = "DEMO"
TestEks 2023-10-04T09:36:57-04:00 logger.go:66:         } [90m-> null[0m[0m
TestEks 2023-10-04T09:36:57-04:00 logger.go:66:       [31m-[0m[0m tags_all    = {
TestEks 2023-10-04T09:36:57-04:00 logger.go:66:           [31m-[0m[0m "Owner"         = "lucas.j.hughes@outlook.com"
TestEks 2023-10-04T09:36:57-04:00 logger.go:66:           [31m-[0m[0m "t_AppID"       = "SVC03377"
TestEks 2023-10-04T09:36:57-04:00 logger.go:66:           [31m-[0m[0m "t_dcl"         = "3"
TestEks 2023-10-04T09:36:57-04:00 logger.go:66:           [31m-[0m[0m "t_environment" = "DEMO"
TestEks 2023-10-04T09:36:57-04:00 logger.go:66:         } [90m-> null[0m[0m
TestEks 2023-10-04T09:36:57-04:00 logger.go:66:     }
TestEks 2023-10-04T09:36:57-04:00 logger.go:66: 
TestEks 2023-10-04T09:36:57-04:00 logger.go:66: [1m  # module.new_vpc_eks_runner.module.eks.aws_iam_role.this[0][0m will be [1m[31mdestroyed[0m
TestEks 2023-10-04T09:36:57-04:00 logger.go:66: [0m  [31m-[0m[0m resource "aws_iam_role" "this" {
TestEks 2023-10-04T09:36:57-04:00 logger.go:66:       [31m-[0m[0m arn                   = "arn:aws:iam::177807608173:role/eks-runner-go-10604-demo-cluster-20231004130058490000000001" [90m-> null[0m[0m
TestEks 2023-10-04T09:36:57-04:00 logger.go:66:       [31m-[0m[0m assume_role_policy    = jsonencode(
TestEks 2023-10-04T09:36:57-04:00 logger.go:66:             {
TestEks 2023-10-04T09:36:57-04:00 logger.go:66:               [31m-[0m[0m Statement = [
TestEks 2023-10-04T09:36:57-04:00 logger.go:66:                   [31m-[0m[0m {
TestEks 2023-10-04T09:36:57-04:00 logger.go:66:                       [31m-[0m[0m Action    = "sts:AssumeRole"
TestEks 2023-10-04T09:36:57-04:00 logger.go:66:                       [31m-[0m[0m Effect    = "Allow"
TestEks 2023-10-04T09:36:57-04:00 logger.go:66:                       [31m-[0m[0m Principal = {
TestEks 2023-10-04T09:36:57-04:00 logger.go:66:                           [31m-[0m[0m Service = "eks.amazonaws.com"
TestEks 2023-10-04T09:36:57-04:00 logger.go:66:                         }
TestEks 2023-10-04T09:36:57-04:00 logger.go:66:                       [31m-[0m[0m Sid       = "EKSClusterAssumeRole"
TestEks 2023-10-04T09:36:57-04:00 logger.go:66:                     },
TestEks 2023-10-04T09:36:57-04:00 logger.go:66:                 ]
TestEks 2023-10-04T09:36:57-04:00 logger.go:66:               [31m-[0m[0m Version   = "2012-10-17"
TestEks 2023-10-04T09:36:57-04:00 logger.go:66:             }
TestEks 2023-10-04T09:36:57-04:00 logger.go:66:         ) [90m-> null[0m[0m
TestEks 2023-10-04T09:36:57-04:00 logger.go:66:       [31m-[0m[0m create_date           = "2023-10-04T13:00:58Z" [90m-> null[0m[0m
TestEks 2023-10-04T09:36:57-04:00 logger.go:66:       [31m-[0m[0m force_detach_policies = true [90m-> null[0m[0m
TestEks 2023-10-04T09:36:57-04:00 logger.go:66:       [31m-[0m[0m id                    = "eks-runner-go-10604-demo-cluster-20231004130058490000000001" [90m-> null[0m[0m
TestEks 2023-10-04T09:36:57-04:00 logger.go:66:       [31m-[0m[0m managed_policy_arns   = [
TestEks 2023-10-04T09:36:57-04:00 logger.go:66:           [31m-[0m[0m "arn:aws:iam::177807608173:policy/eks-runner-go-10604-demo-cluster-ClusterEncryption2023100413012105610000000e",
TestEks 2023-10-04T09:36:57-04:00 logger.go:66:           [31m-[0m[0m "arn:aws:iam::aws:policy/AmazonEKSClusterPolicy",
TestEks 2023-10-04T09:36:57-04:00 logger.go:66:           [31m-[0m[0m "arn:aws:iam::aws:policy/AmazonEKSVPCResourceController",
TestEks 2023-10-04T09:36:57-04:00 logger.go:66:         ] [90m-> null[0m[0m
TestEks 2023-10-04T09:36:57-04:00 logger.go:66:       [31m-[0m[0m max_session_duration  = 3600 [90m-> null[0m[0m
TestEks 2023-10-04T09:36:57-04:00 logger.go:66:       [31m-[0m[0m name                  = "eks-runner-go-10604-demo-cluster-20231004130058490000000001" [90m-> null[0m[0m
TestEks 2023-10-04T09:36:57-04:00 logger.go:66:       [31m-[0m[0m name_prefix           = "eks-runner-go-10604-demo-cluster-" [90m-> null[0m[0m
TestEks 2023-10-04T09:36:57-04:00 logger.go:66:       [31m-[0m[0m path                  = "/" [90m-> null[0m[0m
TestEks 2023-10-04T09:36:57-04:00 logger.go:66:       [31m-[0m[0m tags                  = {
TestEks 2023-10-04T09:36:57-04:00 logger.go:66:           [31m-[0m[0m "Owner"         = "lucas.j.hughes@outlook.com"
TestEks 2023-10-04T09:36:57-04:00 logger.go:66:           [31m-[0m[0m "t_AppID"       = "SVC03377"
TestEks 2023-10-04T09:36:57-04:00 logger.go:66:           [31m-[0m[0m "t_dcl"         = "3"
TestEks 2023-10-04T09:36:57-04:00 logger.go:66:           [31m-[0m[0m "t_environment" = "DEMO"
TestEks 2023-10-04T09:36:57-04:00 logger.go:66:         } [90m-> null[0m[0m
TestEks 2023-10-04T09:36:57-04:00 logger.go:66:       [31m-[0m[0m tags_all              = {
TestEks 2023-10-04T09:36:57-04:00 logger.go:66:           [31m-[0m[0m "Owner"         = "lucas.j.hughes@outlook.com"
TestEks 2023-10-04T09:36:57-04:00 logger.go:66:           [31m-[0m[0m "t_AppID"       = "SVC03377"
TestEks 2023-10-04T09:36:57-04:00 logger.go:66:           [31m-[0m[0m "t_dcl"         = "3"
TestEks 2023-10-04T09:36:57-04:00 logger.go:66:           [31m-[0m[0m "t_environment" = "DEMO"
TestEks 2023-10-04T09:36:57-04:00 logger.go:66:         } [90m-> null[0m[0m
TestEks 2023-10-04T09:36:57-04:00 logger.go:66:       [31m-[0m[0m unique_id             = "AROASSZRIZFWY76V346Z3" [90m-> null[0m[0m
TestEks 2023-10-04T09:36:57-04:00 logger.go:66: 
TestEks 2023-10-04T09:36:57-04:00 logger.go:66:       [31m-[0m[0m inline_policy {
TestEks 2023-10-04T09:36:57-04:00 logger.go:66:           [31m-[0m[0m name   = "eks-runner-go-10604-demo-cluster" [90m-> null[0m[0m
TestEks 2023-10-04T09:36:57-04:00 logger.go:66:           [31m-[0m[0m policy = jsonencode(
TestEks 2023-10-04T09:36:57-04:00 logger.go:66:                 {
TestEks 2023-10-04T09:36:57-04:00 logger.go:66:                   [31m-[0m[0m Statement = [
TestEks 2023-10-04T09:36:57-04:00 logger.go:66:                       [31m-[0m[0m {
TestEks 2023-10-04T09:36:57-04:00 logger.go:66:                           [31m-[0m[0m Action   = [
TestEks 2023-10-04T09:36:57-04:00 logger.go:66:                               [31m-[0m[0m "logs:CreateLogGroup",
TestEks 2023-10-04T09:36:57-04:00 logger.go:66:                             ]
TestEks 2023-10-04T09:36:57-04:00 logger.go:66:                           [31m-[0m[0m Effect   = "Deny"
TestEks 2023-10-04T09:36:57-04:00 logger.go:66:                           [31m-[0m[0m Resource = "*"
TestEks 2023-10-04T09:36:57-04:00 logger.go:66:                         },
TestEks 2023-10-04T09:36:57-04:00 logger.go:66:                     ]
TestEks 2023-10-04T09:36:57-04:00 logger.go:66:                   [31m-[0m[0m Version   = "2012-10-17"
TestEks 2023-10-04T09:36:57-04:00 logger.go:66:                 }
TestEks 2023-10-04T09:36:57-04:00 logger.go:66:             ) [90m-> null[0m[0m
TestEks 2023-10-04T09:36:57-04:00 logger.go:66:         }
TestEks 2023-10-04T09:36:57-04:00 logger.go:66:     }
TestEks 2023-10-04T09:36:57-04:00 logger.go:66: 
TestEks 2023-10-04T09:36:57-04:00 logger.go:66: [1m  # module.new_vpc_eks_runner.module.eks.aws_iam_role_policy_attachment.cluster_encryption[0][0m will be [1m[31mdestroyed[0m
TestEks 2023-10-04T09:36:57-04:00 logger.go:66: [0m  [31m-[0m[0m resource "aws_iam_role_policy_attachment" "cluster_encryption" {
TestEks 2023-10-04T09:36:57-04:00 logger.go:66:       [31m-[0m[0m id         = "eks-runner-go-10604-demo-cluster-20231004130058490000000001-2023100413012138770000000f" [90m-> null[0m[0m
TestEks 2023-10-04T09:36:57-04:00 logger.go:66:       [31m-[0m[0m policy_arn = "arn:aws:iam::177807608173:policy/eks-runner-go-10604-demo-cluster-ClusterEncryption2023100413012105610000000e" [90m-> null[0m[0m
TestEks 2023-10-04T09:36:57-04:00 logger.go:66:       [31m-[0m[0m role       = "eks-runner-go-10604-demo-cluster-20231004130058490000000001" [90m-> null[0m[0m
TestEks 2023-10-04T09:36:57-04:00 logger.go:66:     }
TestEks 2023-10-04T09:36:57-04:00 logger.go:66: 
TestEks 2023-10-04T09:36:57-04:00 logger.go:66: [1m  # module.new_vpc_eks_runner.module.eks.aws_iam_role_policy_attachment.this["AmazonEKSClusterPolicy"][0m will be [1m[31mdestroyed[0m
TestEks 2023-10-04T09:36:57-04:00 logger.go:66: [0m  [31m-[0m[0m resource "aws_iam_role_policy_attachment" "this" {
TestEks 2023-10-04T09:36:57-04:00 logger.go:66:       [31m-[0m[0m id         = "eks-runner-go-10604-demo-cluster-20231004130058490000000001-20231004130100523500000003" [90m-> null[0m[0m
TestEks 2023-10-04T09:36:57-04:00 logger.go:66:       [31m-[0m[0m policy_arn = "arn:aws:iam::aws:policy/AmazonEKSClusterPolicy" [90m-> null[0m[0m
TestEks 2023-10-04T09:36:57-04:00 logger.go:66:       [31m-[0m[0m role       = "eks-runner-go-10604-demo-cluster-20231004130058490000000001" [90m-> null[0m[0m
TestEks 2023-10-04T09:36:57-04:00 logger.go:66:     }
TestEks 2023-10-04T09:36:57-04:00 logger.go:66: 
TestEks 2023-10-04T09:36:57-04:00 logger.go:66: [1m  # module.new_vpc_eks_runner.module.eks.aws_iam_role_policy_attachment.this["AmazonEKSVPCResourceController"][0m will be [1m[31mdestroyed[0m
TestEks 2023-10-04T09:36:57-04:00 logger.go:66: [0m  [31m-[0m[0m resource "aws_iam_role_policy_attachment" "this" {
TestEks 2023-10-04T09:36:57-04:00 logger.go:66:       [31m-[0m[0m id         = "eks-runner-go-10604-demo-cluster-20231004130058490000000001-20231004130100323300000002" [90m-> null[0m[0m
TestEks 2023-10-04T09:36:57-04:00 logger.go:66:       [31m-[0m[0m policy_arn = "arn:aws:iam::aws:policy/AmazonEKSVPCResourceController" [90m-> null[0m[0m
TestEks 2023-10-04T09:36:57-04:00 logger.go:66:       [31m-[0m[0m role       = "eks-runner-go-10604-demo-cluster-20231004130058490000000001" [90m-> null[0m[0m
TestEks 2023-10-04T09:36:57-04:00 logger.go:66:     }
TestEks 2023-10-04T09:36:57-04:00 logger.go:66: 
TestEks 2023-10-04T09:36:57-04:00 logger.go:66: [1m  # module.new_vpc_eks_runner.module.eks.aws_security_group.cluster[0][0m will be [1m[31mdestroyed[0m
TestEks 2023-10-04T09:36:57-04:00 logger.go:66: [0m  [31m-[0m[0m resource "aws_security_group" "cluster" {
TestEks 2023-10-04T09:36:57-04:00 logger.go:66:       [31m-[0m[0m arn                    = "arn:aws:ec2:us-east-1:177807608173:security-group/sg-0934512868e3ab8c3" [90m-> null[0m[0m
TestEks 2023-10-04T09:36:57-04:00 logger.go:66:       [31m-[0m[0m description            = "EKS cluster security group" [90m-> null[0m[0m
TestEks 2023-10-04T09:36:57-04:00 logger.go:66:       [31m-[0m[0m egress                 = [] [90m-> null[0m[0m
TestEks 2023-10-04T09:36:57-04:00 logger.go:66:       [31m-[0m[0m id                     = "sg-0934512868e3ab8c3" [90m-> null[0m[0m
TestEks 2023-10-04T09:36:57-04:00 logger.go:66:       [31m-[0m[0m ingress                = [
TestEks 2023-10-04T09:36:57-04:00 logger.go:66:           [31m-[0m[0m {
TestEks 2023-10-04T09:36:57-04:00 logger.go:66:               [31m-[0m[0m cidr_blocks      = []
TestEks 2023-10-04T09:36:57-04:00 logger.go:66:               [31m-[0m[0m description      = "Node groups to cluster API"
TestEks 2023-10-04T09:36:57-04:00 logger.go:66:               [31m-[0m[0m from_port        = 443
TestEks 2023-10-04T09:36:57-04:00 logger.go:66:               [31m-[0m[0m ipv6_cidr_blocks = []
TestEks 2023-10-04T09:36:57-04:00 logger.go:66:               [31m-[0m[0m prefix_list_ids  = []
TestEks 2023-10-04T09:36:57-04:00 logger.go:66:               [31m-[0m[0m protocol         = "tcp"
TestEks 2023-10-04T09:36:57-04:00 logger.go:66:               [31m-[0m[0m security_groups  = [
TestEks 2023-10-04T09:36:57-04:00 logger.go:66:                   [31m-[0m[0m "sg-054a7cb1132d24b80",
TestEks 2023-10-04T09:36:57-04:00 logger.go:66:                 ]
TestEks 2023-10-04T09:36:57-04:00 logger.go:66:               [31m-[0m[0m self             = false
TestEks 2023-10-04T09:36:57-04:00 logger.go:66:               [31m-[0m[0m to_port          = 443
TestEks 2023-10-04T09:36:57-04:00 logger.go:66:             },
TestEks 2023-10-04T09:36:57-04:00 logger.go:66:         ] [90m-> null[0m[0m
TestEks 2023-10-04T09:36:57-04:00 logger.go:66:       [31m-[0m[0m name                   = "eks-runner-go-10604-demo-cluster-20231004130111477300000005" [90m-> null[0m[0m
TestEks 2023-10-04T09:36:57-04:00 logger.go:66:       [31m-[0m[0m name_prefix            = "eks-runner-go-10604-demo-cluster-" [90m-> null[0m[0m
TestEks 2023-10-04T09:36:57-04:00 logger.go:66:       [31m-[0m[0m owner_id               = "177807608173" [90m-> null[0m[0m
TestEks 2023-10-04T09:36:57-04:00 logger.go:66:       [31m-[0m[0m revoke_rules_on_delete = false [90m-> null[0m[0m
TestEks 2023-10-04T09:36:57-04:00 logger.go:66:       [31m-[0m[0m tags                   = {
TestEks 2023-10-04T09:36:57-04:00 logger.go:66:           [31m-[0m[0m "Name"          = "eks-runner-go-10604-demo-cluster"
TestEks 2023-10-04T09:36:57-04:00 logger.go:66:           [31m-[0m[0m "Owner"         = "lucas.j.hughes@outlook.com"
TestEks 2023-10-04T09:36:57-04:00 logger.go:66:           [31m-[0m[0m "t_AppID"       = "SVC03377"
TestEks 2023-10-04T09:36:57-04:00 logger.go:66:           [31m-[0m[0m "t_dcl"         = "3"
TestEks 2023-10-04T09:36:57-04:00 logger.go:66:           [31m-[0m[0m "t_environment" = "DEMO"
TestEks 2023-10-04T09:36:57-04:00 logger.go:66:         } [90m-> null[0m[0m
TestEks 2023-10-04T09:36:57-04:00 logger.go:66:       [31m-[0m[0m tags_all               = {
TestEks 2023-10-04T09:36:57-04:00 logger.go:66:           [31m-[0m[0m "Name"          = "eks-runner-go-10604-demo-cluster"
TestEks 2023-10-04T09:36:57-04:00 logger.go:66:           [31m-[0m[0m "Owner"         = "lucas.j.hughes@outlook.com"
TestEks 2023-10-04T09:36:57-04:00 logger.go:66:           [31m-[0m[0m "t_AppID"       = "SVC03377"
TestEks 2023-10-04T09:36:57-04:00 logger.go:66:           [31m-[0m[0m "t_dcl"         = "3"
TestEks 2023-10-04T09:36:57-04:00 logger.go:66:           [31m-[0m[0m "t_environment" = "DEMO"
TestEks 2023-10-04T09:36:57-04:00 logger.go:66:         } [90m-> null[0m[0m
TestEks 2023-10-04T09:36:57-04:00 logger.go:66:       [31m-[0m[0m vpc_id                 = "vpc-0095aef4d255b5396" [90m-> null[0m[0m
TestEks 2023-10-04T09:36:57-04:00 logger.go:66:     }
TestEks 2023-10-04T09:36:57-04:00 logger.go:66: 
TestEks 2023-10-04T09:36:57-04:00 logger.go:66: [1m  # module.new_vpc_eks_runner.module.eks.aws_security_group.node[0][0m will be [1m[31mdestroyed[0m
TestEks 2023-10-04T09:36:57-04:00 logger.go:66: [0m  [31m-[0m[0m resource "aws_security_group" "node" {
TestEks 2023-10-04T09:36:57-04:00 logger.go:66:       [31m-[0m[0m arn                    = "arn:aws:ec2:us-east-1:177807608173:security-group/sg-054a7cb1132d24b80" [90m-> null[0m[0m
TestEks 2023-10-04T09:36:57-04:00 logger.go:66:       [31m-[0m[0m description            = "EKS node shared security group" [90m-> null[0m[0m
TestEks 2023-10-04T09:36:57-04:00 logger.go:66:       [31m-[0m[0m egress                 = [
TestEks 2023-10-04T09:36:57-04:00 logger.go:66:           [31m-[0m[0m {
TestEks 2023-10-04T09:36:57-04:00 logger.go:66:               [31m-[0m[0m cidr_blocks      = [
TestEks 2023-10-04T09:36:57-04:00 logger.go:66:                   [31m-[0m[0m "0.0.0.0/0",
TestEks 2023-10-04T09:36:57-04:00 logger.go:66:                 ]
TestEks 2023-10-04T09:36:57-04:00 logger.go:66:               [31m-[0m[0m description      = "Allow all egress"
TestEks 2023-10-04T09:36:57-04:00 logger.go:66:               [31m-[0m[0m from_port        = 0
TestEks 2023-10-04T09:36:57-04:00 logger.go:66:               [31m-[0m[0m ipv6_cidr_blocks = []
TestEks 2023-10-04T09:36:57-04:00 logger.go:66:               [31m-[0m[0m prefix_list_ids  = []
TestEks 2023-10-04T09:36:57-04:00 logger.go:66:               [31m-[0m[0m protocol         = "-1"
TestEks 2023-10-04T09:36:57-04:00 logger.go:66:               [31m-[0m[0m security_groups  = []
TestEks 2023-10-04T09:36:57-04:00 logger.go:66:               [31m-[0m[0m self             = false
TestEks 2023-10-04T09:36:57-04:00 logger.go:66:               [31m-[0m[0m to_port          = 0
TestEks 2023-10-04T09:36:57-04:00 logger.go:66:             },
TestEks 2023-10-04T09:36:57-04:00 logger.go:66:         ] [90m-> null[0m[0m
TestEks 2023-10-04T09:36:57-04:00 logger.go:66:       [31m-[0m[0m id                     = "sg-054a7cb1132d24b80" [90m-> null[0m[0m
TestEks 2023-10-04T09:36:57-04:00 logger.go:66:       [31m-[0m[0m ingress                = [
TestEks 2023-10-04T09:36:57-04:00 logger.go:66:           [31m-[0m[0m {
TestEks 2023-10-04T09:36:57-04:00 logger.go:66:               [31m-[0m[0m cidr_blocks      = []
TestEks 2023-10-04T09:36:57-04:00 logger.go:66:               [31m-[0m[0m description      = "Cluster API to node 4443/tcp webhook"
TestEks 2023-10-04T09:36:57-04:00 logger.go:66:               [31m-[0m[0m from_port        = 4443
TestEks 2023-10-04T09:36:57-04:00 logger.go:66:               [31m-[0m[0m ipv6_cidr_blocks = []
TestEks 2023-10-04T09:36:57-04:00 logger.go:66:               [31m-[0m[0m prefix_list_ids  = []
TestEks 2023-10-04T09:36:57-04:00 logger.go:66:               [31m-[0m[0m protocol         = "tcp"
TestEks 2023-10-04T09:36:57-04:00 logger.go:66:               [31m-[0m[0m security_groups  = [
TestEks 2023-10-04T09:36:57-04:00 logger.go:66:                   [31m-[0m[0m "sg-0934512868e3ab8c3",
TestEks 2023-10-04T09:36:57-04:00 logger.go:66:                 ]
TestEks 2023-10-04T09:36:57-04:00 logger.go:66:               [31m-[0m[0m self             = false
TestEks 2023-10-04T09:36:57-04:00 logger.go:66:               [31m-[0m[0m to_port          = 4443
TestEks 2023-10-04T09:36:57-04:00 logger.go:66:             },
TestEks 2023-10-04T09:36:57-04:00 logger.go:66:           [31m-[0m[0m {
TestEks 2023-10-04T09:36:57-04:00 logger.go:66:               [31m-[0m[0m cidr_blocks      = []
TestEks 2023-10-04T09:36:57-04:00 logger.go:66:               [31m-[0m[0m description      = "Cluster API to node 6443/tcp webhook"
TestEks 2023-10-04T09:36:57-04:00 logger.go:66:               [31m-[0m[0m from_port        = 6443
TestEks 2023-10-04T09:36:57-04:00 logger.go:66:               [31m-[0m[0m ipv6_cidr_blocks = []
TestEks 2023-10-04T09:36:57-04:00 logger.go:66:               [31m-[0m[0m prefix_list_ids  = []
TestEks 2023-10-04T09:36:57-04:00 logger.go:66:               [31m-[0m[0m protocol         = "tcp"
TestEks 2023-10-04T09:36:57-04:00 logger.go:66:               [31m-[0m[0m security_groups  = [
TestEks 2023-10-04T09:36:57-04:00 logger.go:66:                   [31m-[0m[0m "sg-0934512868e3ab8c3",
TestEks 2023-10-04T09:36:57-04:00 logger.go:66:                 ]
TestEks 2023-10-04T09:36:57-04:00 logger.go:66:               [31m-[0m[0m self             = false
TestEks 2023-10-04T09:36:57-04:00 logger.go:66:               [31m-[0m[0m to_port          = 6443
TestEks 2023-10-04T09:36:57-04:00 logger.go:66:             },
TestEks 2023-10-04T09:36:57-04:00 logger.go:66:           [31m-[0m[0m {
TestEks 2023-10-04T09:36:57-04:00 logger.go:66:               [31m-[0m[0m cidr_blocks      = []
TestEks 2023-10-04T09:36:57-04:00 logger.go:66:               [31m-[0m[0m description      = "Cluster API to node 8443/tcp webhook"
TestEks 2023-10-04T09:36:57-04:00 logger.go:66:               [31m-[0m[0m from_port        = 8443
TestEks 2023-10-04T09:36:57-04:00 logger.go:66:               [31m-[0m[0m ipv6_cidr_blocks = []
TestEks 2023-10-04T09:36:57-04:00 logger.go:66:               [31m-[0m[0m prefix_list_ids  = []
TestEks 2023-10-04T09:36:57-04:00 logger.go:66:               [31m-[0m[0m protocol         = "tcp"
TestEks 2023-10-04T09:36:57-04:00 logger.go:66:               [31m-[0m[0m security_groups  = [
TestEks 2023-10-04T09:36:57-04:00 logger.go:66:                   [31m-[0m[0m "sg-0934512868e3ab8c3",
TestEks 2023-10-04T09:36:57-04:00 logger.go:66:                 ]
TestEks 2023-10-04T09:36:57-04:00 logger.go:66:               [31m-[0m[0m self             = false
TestEks 2023-10-04T09:36:57-04:00 logger.go:66:               [31m-[0m[0m to_port          = 8443
TestEks 2023-10-04T09:36:57-04:00 logger.go:66:             },
TestEks 2023-10-04T09:36:57-04:00 logger.go:66:           [31m-[0m[0m {
TestEks 2023-10-04T09:36:57-04:00 logger.go:66:               [31m-[0m[0m cidr_blocks      = []
TestEks 2023-10-04T09:36:57-04:00 logger.go:66:               [31m-[0m[0m description      = "Cluster API to node 9443/tcp webhook"
TestEks 2023-10-04T09:36:57-04:00 logger.go:66:               [31m-[0m[0m from_port        = 9443
TestEks 2023-10-04T09:36:57-04:00 logger.go:66:               [31m-[0m[0m ipv6_cidr_blocks = []
TestEks 2023-10-04T09:36:57-04:00 logger.go:66:               [31m-[0m[0m prefix_list_ids  = []
TestEks 2023-10-04T09:36:57-04:00 logger.go:66:               [31m-[0m[0m protocol         = "tcp"
TestEks 2023-10-04T09:36:57-04:00 logger.go:66:               [31m-[0m[0m security_groups  = [
TestEks 2023-10-04T09:36:57-04:00 logger.go:66:                   [31m-[0m[0m "sg-0934512868e3ab8c3",
TestEks 2023-10-04T09:36:57-04:00 logger.go:66:                 ]
TestEks 2023-10-04T09:36:57-04:00 logger.go:66:               [31m-[0m[0m self             = false
TestEks 2023-10-04T09:36:57-04:00 logger.go:66:               [31m-[0m[0m to_port          = 9443
TestEks 2023-10-04T09:36:57-04:00 logger.go:66:             },
TestEks 2023-10-04T09:36:57-04:00 logger.go:66:           [31m-[0m[0m {
TestEks 2023-10-04T09:36:57-04:00 logger.go:66:               [31m-[0m[0m cidr_blocks      = []
TestEks 2023-10-04T09:36:57-04:00 logger.go:66:               [31m-[0m[0m description      = "Cluster API to node groups"
TestEks 2023-10-04T09:36:57-04:00 logger.go:66:               [31m-[0m[0m from_port        = 443
TestEks 2023-10-04T09:36:57-04:00 logger.go:66:               [31m-[0m[0m ipv6_cidr_blocks = []
TestEks 2023-10-04T09:36:57-04:00 logger.go:66:               [31m-[0m[0m prefix_list_ids  = []
TestEks 2023-10-04T09:36:57-04:00 logger.go:66:               [31m-[0m[0m protocol         = "tcp"
TestEks 2023-10-04T09:36:57-04:00 logger.go:66:               [31m-[0m[0m security_groups  = [
TestEks 2023-10-04T09:36:57-04:00 logger.go:66:                   [31m-[0m[0m "sg-0934512868e3ab8c3",
TestEks 2023-10-04T09:36:57-04:00 logger.go:66:                 ]
TestEks 2023-10-04T09:36:57-04:00 logger.go:66:               [31m-[0m[0m self             = false
TestEks 2023-10-04T09:36:57-04:00 logger.go:66:               [31m-[0m[0m to_port          = 443
TestEks 2023-10-04T09:36:57-04:00 logger.go:66:             },
TestEks 2023-10-04T09:36:57-04:00 logger.go:66:           [31m-[0m[0m {
TestEks 2023-10-04T09:36:57-04:00 logger.go:66:               [31m-[0m[0m cidr_blocks      = []
TestEks 2023-10-04T09:36:57-04:00 logger.go:66:               [31m-[0m[0m description      = "Cluster API to node kubelets"
TestEks 2023-10-04T09:36:57-04:00 logger.go:66:               [31m-[0m[0m from_port        = 10250
TestEks 2023-10-04T09:36:57-04:00 logger.go:66:               [31m-[0m[0m ipv6_cidr_blocks = []
TestEks 2023-10-04T09:36:57-04:00 logger.go:66:               [31m-[0m[0m prefix_list_ids  = []
TestEks 2023-10-04T09:36:57-04:00 logger.go:66:               [31m-[0m[0m protocol         = "tcp"
TestEks 2023-10-04T09:36:57-04:00 logger.go:66:               [31m-[0m[0m security_groups  = [
TestEks 2023-10-04T09:36:57-04:00 logger.go:66:                   [31m-[0m[0m "sg-0934512868e3ab8c3",
TestEks 2023-10-04T09:36:57-04:00 logger.go:66:                 ]
TestEks 2023-10-04T09:36:57-04:00 logger.go:66:               [31m-[0m[0m self             = false
TestEks 2023-10-04T09:36:57-04:00 logger.go:66:               [31m-[0m[0m to_port          = 10250
TestEks 2023-10-04T09:36:57-04:00 logger.go:66:             },
TestEks 2023-10-04T09:36:57-04:00 logger.go:66:           [31m-[0m[0m {
TestEks 2023-10-04T09:36:57-04:00 logger.go:66:               [31m-[0m[0m cidr_blocks      = []
TestEks 2023-10-04T09:36:57-04:00 logger.go:66:               [31m-[0m[0m description      = "Node to node CoreDNS UDP"
TestEks 2023-10-04T09:36:57-04:00 logger.go:66:               [31m-[0m[0m from_port        = 53
TestEks 2023-10-04T09:36:57-04:00 logger.go:66:               [31m-[0m[0m ipv6_cidr_blocks = []
TestEks 2023-10-04T09:36:57-04:00 logger.go:66:               [31m-[0m[0m prefix_list_ids  = []
TestEks 2023-10-04T09:36:57-04:00 logger.go:66:               [31m-[0m[0m protocol         = "udp"
TestEks 2023-10-04T09:36:57-04:00 logger.go:66:               [31m-[0m[0m security_groups  = []
TestEks 2023-10-04T09:36:57-04:00 logger.go:66:               [31m-[0m[0m self             = true
TestEks 2023-10-04T09:36:57-04:00 logger.go:66:               [31m-[0m[0m to_port          = 53
TestEks 2023-10-04T09:36:57-04:00 logger.go:66:             },
TestEks 2023-10-04T09:36:57-04:00 logger.go:66:           [31m-[0m[0m {
TestEks 2023-10-04T09:36:57-04:00 logger.go:66:               [31m-[0m[0m cidr_blocks      = []
TestEks 2023-10-04T09:36:57-04:00 logger.go:66:               [31m-[0m[0m description      = "Node to node CoreDNS"
TestEks 2023-10-04T09:36:57-04:00 logger.go:66:               [31m-[0m[0m from_port        = 53
TestEks 2023-10-04T09:36:57-04:00 logger.go:66:               [31m-[0m[0m ipv6_cidr_blocks = []
TestEks 2023-10-04T09:36:57-04:00 logger.go:66:               [31m-[0m[0m prefix_list_ids  = []
TestEks 2023-10-04T09:36:57-04:00 logger.go:66:               [31m-[0m[0m protocol         = "tcp"
TestEks 2023-10-04T09:36:57-04:00 logger.go:66:               [31m-[0m[0m security_groups  = []
TestEks 2023-10-04T09:36:57-04:00 logger.go:66:               [31m-[0m[0m self             = true
TestEks 2023-10-04T09:36:57-04:00 logger.go:66:               [31m-[0m[0m to_port          = 53
TestEks 2023-10-04T09:36:57-04:00 logger.go:66:             },
TestEks 2023-10-04T09:36:57-04:00 logger.go:66:           [31m-[0m[0m {
TestEks 2023-10-04T09:36:57-04:00 logger.go:66:               [31m-[0m[0m cidr_blocks      = []
TestEks 2023-10-04T09:36:57-04:00 logger.go:66:               [31m-[0m[0m description      = "Node to node ingress on ephemeral ports"
TestEks 2023-10-04T09:36:57-04:00 logger.go:66:               [31m-[0m[0m from_port        = 1025
TestEks 2023-10-04T09:36:57-04:00 logger.go:66:               [31m-[0m[0m ipv6_cidr_blocks = []
TestEks 2023-10-04T09:36:57-04:00 logger.go:66:               [31m-[0m[0m prefix_list_ids  = []
TestEks 2023-10-04T09:36:57-04:00 logger.go:66:               [31m-[0m[0m protocol         = "tcp"
TestEks 2023-10-04T09:36:57-04:00 logger.go:66:               [31m-[0m[0m security_groups  = []
TestEks 2023-10-04T09:36:57-04:00 logger.go:66:               [31m-[0m[0m self             = true
TestEks 2023-10-04T09:36:57-04:00 logger.go:66:               [31m-[0m[0m to_port          = 65535
TestEks 2023-10-04T09:36:57-04:00 logger.go:66:             },
TestEks 2023-10-04T09:36:57-04:00 logger.go:66:         ] [90m-> null[0m[0m
TestEks 2023-10-04T09:36:57-04:00 logger.go:66:       [31m-[0m[0m name                   = "eks-runner-go-10604-demo-node-20231004130111474000000004" [90m-> null[0m[0m
TestEks 2023-10-04T09:36:57-04:00 logger.go:66:       [31m-[0m[0m name_prefix            = "eks-runner-go-10604-demo-node-" [90m-> null[0m[0m
TestEks 2023-10-04T09:36:57-04:00 logger.go:66:       [31m-[0m[0m owner_id               = "177807608173" [90m-> null[0m[0m
TestEks 2023-10-04T09:36:57-04:00 logger.go:66:       [31m-[0m[0m revoke_rules_on_delete = false [90m-> null[0m[0m
TestEks 2023-10-04T09:36:57-04:00 logger.go:66:       [31m-[0m[0m tags                   = {
TestEks 2023-10-04T09:36:57-04:00 logger.go:66:           [31m-[0m[0m "Name"                                           = "eks-runner-go-10604-demo-node"
TestEks 2023-10-04T09:36:57-04:00 logger.go:66:           [31m-[0m[0m "Owner"                                          = "lucas.j.hughes@outlook.com"
TestEks 2023-10-04T09:36:57-04:00 logger.go:66:           [31m-[0m[0m "kubernetes.io/cluster/eks-runner-go-10604-demo" = "owned"
TestEks 2023-10-04T09:36:57-04:00 logger.go:66:           [31m-[0m[0m "t_AppID"                                        = "SVC03377"
TestEks 2023-10-04T09:36:57-04:00 logger.go:66:           [31m-[0m[0m "t_dcl"                                          = "3"
TestEks 2023-10-04T09:36:57-04:00 logger.go:66:           [31m-[0m[0m "t_environment"                                  = "DEMO"
TestEks 2023-10-04T09:36:57-04:00 logger.go:66:         } [90m-> null[0m[0m
TestEks 2023-10-04T09:36:57-04:00 logger.go:66:       [31m-[0m[0m tags_all               = {
TestEks 2023-10-04T09:36:57-04:00 logger.go:66:           [31m-[0m[0m "Name"                                           = "eks-runner-go-10604-demo-node"
TestEks 2023-10-04T09:36:57-04:00 logger.go:66:           [31m-[0m[0m "Owner"                                          = "lucas.j.hughes@outlook.com"
TestEks 2023-10-04T09:36:57-04:00 logger.go:66:           [31m-[0m[0m "kubernetes.io/cluster/eks-runner-go-10604-demo" = "owned"
TestEks 2023-10-04T09:36:57-04:00 logger.go:66:           [31m-[0m[0m "t_AppID"                                        = "SVC03377"
TestEks 2023-10-04T09:36:57-04:00 logger.go:66:           [31m-[0m[0m "t_dcl"                                          = "3"
TestEks 2023-10-04T09:36:57-04:00 logger.go:66:           [31m-[0m[0m "t_environment"                                  = "DEMO"
TestEks 2023-10-04T09:36:57-04:00 logger.go:66:         } [90m-> null[0m[0m
TestEks 2023-10-04T09:36:57-04:00 logger.go:66:       [31m-[0m[0m vpc_id                 = "vpc-0095aef4d255b5396" [90m-> null[0m[0m
TestEks 2023-10-04T09:36:57-04:00 logger.go:66:     }
TestEks 2023-10-04T09:36:57-04:00 logger.go:66: 
TestEks 2023-10-04T09:36:57-04:00 logger.go:66: [1m  # module.new_vpc_eks_runner.module.eks.aws_security_group_rule.cluster["ingress_nodes_443"][0m will be [1m[31mdestroyed[0m
TestEks 2023-10-04T09:36:57-04:00 logger.go:66: [0m  [31m-[0m[0m resource "aws_security_group_rule" "cluster" {
TestEks 2023-10-04T09:36:57-04:00 logger.go:66:       [31m-[0m[0m description              = "Node groups to cluster API" [90m-> null[0m[0m
TestEks 2023-10-04T09:36:57-04:00 logger.go:66:       [31m-[0m[0m from_port                = 443 [90m-> null[0m[0m
TestEks 2023-10-04T09:36:57-04:00 logger.go:66:       [31m-[0m[0m id                       = "sgrule-3392966303" [90m-> null[0m[0m
TestEks 2023-10-04T09:36:57-04:00 logger.go:66:       [31m-[0m[0m protocol                 = "tcp" [90m-> null[0m[0m
TestEks 2023-10-04T09:36:57-04:00 logger.go:66:       [31m-[0m[0m security_group_id        = "sg-0934512868e3ab8c3" [90m-> null[0m[0m
TestEks 2023-10-04T09:36:57-04:00 logger.go:66:       [31m-[0m[0m security_group_rule_id   = "sgr-0a42a4d64cb8164f4" [90m-> null[0m[0m
TestEks 2023-10-04T09:36:57-04:00 logger.go:66:       [31m-[0m[0m self                     = false [90m-> null[0m[0m
TestEks 2023-10-04T09:36:57-04:00 logger.go:66:       [31m-[0m[0m source_security_group_id = "sg-054a7cb1132d24b80" [90m-> null[0m[0m
TestEks 2023-10-04T09:36:57-04:00 logger.go:66:       [31m-[0m[0m to_port                  = 443 [90m-> null[0m[0m
TestEks 2023-10-04T09:36:57-04:00 logger.go:66:       [31m-[0m[0m type                     = "ingress" [90m-> null[0m[0m
TestEks 2023-10-04T09:36:57-04:00 logger.go:66:     }
TestEks 2023-10-04T09:36:57-04:00 logger.go:66: 
TestEks 2023-10-04T09:36:57-04:00 logger.go:66: [1m  # module.new_vpc_eks_runner.module.eks.aws_security_group_rule.node["egress_all"][0m will be [1m[31mdestroyed[0m
TestEks 2023-10-04T09:36:57-04:00 logger.go:66: [0m  [31m-[0m[0m resource "aws_security_group_rule" "node" {
TestEks 2023-10-04T09:36:57-04:00 logger.go:66:       [31m-[0m[0m cidr_blocks            = [
TestEks 2023-10-04T09:36:57-04:00 logger.go:66:           [31m-[0m[0m "0.0.0.0/0",
TestEks 2023-10-04T09:36:57-04:00 logger.go:66:         ] [90m-> null[0m[0m
TestEks 2023-10-04T09:36:57-04:00 logger.go:66:       [31m-[0m[0m description            = "Allow all egress" [90m-> null[0m[0m
TestEks 2023-10-04T09:36:57-04:00 logger.go:66:       [31m-[0m[0m from_port              = 0 [90m-> null[0m[0m
TestEks 2023-10-04T09:36:57-04:00 logger.go:66:       [31m-[0m[0m id                     = "sgrule-1164766295" [90m-> null[0m[0m
TestEks 2023-10-04T09:36:57-04:00 logger.go:66:       [31m-[0m[0m prefix_list_ids        = [] [90m-> null[0m[0m
TestEks 2023-10-04T09:36:57-04:00 logger.go:66:       [31m-[0m[0m protocol               = "-1" [90m-> null[0m[0m
TestEks 2023-10-04T09:36:57-04:00 logger.go:66:       [31m-[0m[0m security_group_id      = "sg-054a7cb1132d24b80" [90m-> null[0m[0m
TestEks 2023-10-04T09:36:57-04:00 logger.go:66:       [31m-[0m[0m security_group_rule_id = "sgr-03d35fed7cd58816f" [90m-> null[0m[0m
TestEks 2023-10-04T09:36:57-04:00 logger.go:66:       [31m-[0m[0m self                   = false [90m-> null[0m[0m
TestEks 2023-10-04T09:36:57-04:00 logger.go:66:       [31m-[0m[0m to_port                = 0 [90m-> null[0m[0m
TestEks 2023-10-04T09:36:57-04:00 logger.go:66:       [31m-[0m[0m type                   = "egress" [90m-> null[0m[0m
TestEks 2023-10-04T09:36:57-04:00 logger.go:66:     }
TestEks 2023-10-04T09:36:57-04:00 logger.go:66: 
TestEks 2023-10-04T09:36:57-04:00 logger.go:66: [1m  # module.new_vpc_eks_runner.module.eks.aws_security_group_rule.node["ingress_cluster_443"][0m will be [1m[31mdestroyed[0m
TestEks 2023-10-04T09:36:57-04:00 logger.go:66: [0m  [31m-[0m[0m resource "aws_security_group_rule" "node" {
TestEks 2023-10-04T09:36:57-04:00 logger.go:66:       [31m-[0m[0m description              = "Cluster API to node groups" [90m-> null[0m[0m
TestEks 2023-10-04T09:36:57-04:00 logger.go:66:       [31m-[0m[0m from_port                = 443 [90m-> null[0m[0m
TestEks 2023-10-04T09:36:57-04:00 logger.go:66:       [31m-[0m[0m id                       = "sgrule-1549593675" [90m-> null[0m[0m
TestEks 2023-10-04T09:36:57-04:00 logger.go:66:       [31m-[0m[0m prefix_list_ids          = [] [90m-> null[0m[0m
TestEks 2023-10-04T09:36:57-04:00 logger.go:66:       [31m-[0m[0m protocol                 = "tcp" [90m-> null[0m[0m
TestEks 2023-10-04T09:36:57-04:00 logger.go:66:       [31m-[0m[0m security_group_id        = "sg-054a7cb1132d24b80" [90m-> null[0m[0m
TestEks 2023-10-04T09:36:57-04:00 logger.go:66:       [31m-[0m[0m security_group_rule_id   = "sgr-06f30acaa5f95e0f8" [90m-> null[0m[0m
TestEks 2023-10-04T09:36:57-04:00 logger.go:66:       [31m-[0m[0m self                     = false [90m-> null[0m[0m
TestEks 2023-10-04T09:36:57-04:00 logger.go:66:       [31m-[0m[0m source_security_group_id = "sg-0934512868e3ab8c3" [90m-> null[0m[0m
TestEks 2023-10-04T09:36:57-04:00 logger.go:66:       [31m-[0m[0m to_port                  = 443 [90m-> null[0m[0m
TestEks 2023-10-04T09:36:57-04:00 logger.go:66:       [31m-[0m[0m type                     = "ingress" [90m-> null[0m[0m
TestEks 2023-10-04T09:36:57-04:00 logger.go:66:     }
TestEks 2023-10-04T09:36:57-04:00 logger.go:66: 
TestEks 2023-10-04T09:36:57-04:00 logger.go:66: [1m  # module.new_vpc_eks_runner.module.eks.aws_security_group_rule.node["ingress_cluster_4443_webhook"][0m will be [1m[31mdestroyed[0m
TestEks 2023-10-04T09:36:57-04:00 logger.go:66: [0m  [31m-[0m[0m resource "aws_security_group_rule" "node" {
TestEks 2023-10-04T09:36:57-04:00 logger.go:66:       [31m-[0m[0m description              = "Cluster API to node 4443/tcp webhook" [90m-> null[0m[0m
TestEks 2023-10-04T09:36:57-04:00 logger.go:66:       [31m-[0m[0m from_port                = 4443 [90m-> null[0m[0m
TestEks 2023-10-04T09:36:57-04:00 logger.go:66:       [31m-[0m[0m id                       = "sgrule-1138056781" [90m-> null[0m[0m
TestEks 2023-10-04T09:36:57-04:00 logger.go:66:       [31m-[0m[0m prefix_list_ids          = [] [90m-> null[0m[0m
TestEks 2023-10-04T09:36:57-04:00 logger.go:66:       [31m-[0m[0m protocol                 = "tcp" [90m-> null[0m[0m
TestEks 2023-10-04T09:36:57-04:00 logger.go:66:       [31m-[0m[0m security_group_id        = "sg-054a7cb1132d24b80" [90m-> null[0m[0m
TestEks 2023-10-04T09:36:57-04:00 logger.go:66:       [31m-[0m[0m security_group_rule_id   = "sgr-016b0bad45946585e" [90m-> null[0m[0m
TestEks 2023-10-04T09:36:57-04:00 logger.go:66:       [31m-[0m[0m self                     = false [90m-> null[0m[0m
TestEks 2023-10-04T09:36:57-04:00 logger.go:66:       [31m-[0m[0m source_security_group_id = "sg-0934512868e3ab8c3" [90m-> null[0m[0m
TestEks 2023-10-04T09:36:57-04:00 logger.go:66:       [31m-[0m[0m to_port                  = 4443 [90m-> null[0m[0m
TestEks 2023-10-04T09:36:57-04:00 logger.go:66:       [31m-[0m[0m type                     = "ingress" [90m-> null[0m[0m
TestEks 2023-10-04T09:36:57-04:00 logger.go:66:     }
TestEks 2023-10-04T09:36:57-04:00 logger.go:66: 
TestEks 2023-10-04T09:36:57-04:00 logger.go:66: [1m  # module.new_vpc_eks_runner.module.eks.aws_security_group_rule.node["ingress_cluster_6443_webhook"][0m will be [1m[31mdestroyed[0m
TestEks 2023-10-04T09:36:57-04:00 logger.go:66: [0m  [31m-[0m[0m resource "aws_security_group_rule" "node" {
TestEks 2023-10-04T09:36:57-04:00 logger.go:66:       [31m-[0m[0m description              = "Cluster API to node 6443/tcp webhook" [90m-> null[0m[0m
TestEks 2023-10-04T09:36:57-04:00 logger.go:66:       [31m-[0m[0m from_port                = 6443 [90m-> null[0m[0m
TestEks 2023-10-04T09:36:57-04:00 logger.go:66:       [31m-[0m[0m id                       = "sgrule-2325166555" [90m-> null[0m[0m
TestEks 2023-10-04T09:36:57-04:00 logger.go:66:       [31m-[0m[0m prefix_list_ids          = [] [90m-> null[0m[0m
TestEks 2023-10-04T09:36:57-04:00 logger.go:66:       [31m-[0m[0m protocol                 = "tcp" [90m-> null[0m[0m
TestEks 2023-10-04T09:36:57-04:00 logger.go:66:       [31m-[0m[0m security_group_id        = "sg-054a7cb1132d24b80" [90m-> null[0m[0m
TestEks 2023-10-04T09:36:57-04:00 logger.go:66:       [31m-[0m[0m security_group_rule_id   = "sgr-0c2989f5edcea28ec" [90m-> null[0m[0m
TestEks 2023-10-04T09:36:57-04:00 logger.go:66:       [31m-[0m[0m self                     = false [90m-> null[0m[0m
TestEks 2023-10-04T09:36:57-04:00 logger.go:66:       [31m-[0m[0m source_security_group_id = "sg-0934512868e3ab8c3" [90m-> null[0m[0m
TestEks 2023-10-04T09:36:57-04:00 logger.go:66:       [31m-[0m[0m to_port                  = 6443 [90m-> null[0m[0m
TestEks 2023-10-04T09:36:57-04:00 logger.go:66:       [31m-[0m[0m type                     = "ingress" [90m-> null[0m[0m
TestEks 2023-10-04T09:36:57-04:00 logger.go:66:     }
TestEks 2023-10-04T09:36:57-04:00 logger.go:66: 
TestEks 2023-10-04T09:36:57-04:00 logger.go:66: [1m  # module.new_vpc_eks_runner.module.eks.aws_security_group_rule.node["ingress_cluster_8443_webhook"][0m will be [1m[31mdestroyed[0m
TestEks 2023-10-04T09:36:57-04:00 logger.go:66: [0m  [31m-[0m[0m resource "aws_security_group_rule" "node" {
TestEks 2023-10-04T09:36:57-04:00 logger.go:66:       [31m-[0m[0m description              = "Cluster API to node 8443/tcp webhook" [90m-> null[0m[0m
TestEks 2023-10-04T09:36:57-04:00 logger.go:66:       [31m-[0m[0m from_port                = 8443 [90m-> null[0m[0m
TestEks 2023-10-04T09:36:57-04:00 logger.go:66:       [31m-[0m[0m id                       = "sgrule-2580219386" [90m-> null[0m[0m
TestEks 2023-10-04T09:36:57-04:00 logger.go:66:       [31m-[0m[0m prefix_list_ids          = [] [90m-> null[0m[0m
TestEks 2023-10-04T09:36:57-04:00 logger.go:66:       [31m-[0m[0m protocol                 = "tcp" [90m-> null[0m[0m
TestEks 2023-10-04T09:36:57-04:00 logger.go:66:       [31m-[0m[0m security_group_id        = "sg-054a7cb1132d24b80" [90m-> null[0m[0m
TestEks 2023-10-04T09:36:57-04:00 logger.go:66:       [31m-[0m[0m security_group_rule_id   = "sgr-061e73e5f4c8ab2ce" [90m-> null[0m[0m
TestEks 2023-10-04T09:36:57-04:00 logger.go:66:       [31m-[0m[0m self                     = false [90m-> null[0m[0m
TestEks 2023-10-04T09:36:57-04:00 logger.go:66:       [31m-[0m[0m source_security_group_id = "sg-0934512868e3ab8c3" [90m-> null[0m[0m
TestEks 2023-10-04T09:36:57-04:00 logger.go:66:       [31m-[0m[0m to_port                  = 8443 [90m-> null[0m[0m
TestEks 2023-10-04T09:36:57-04:00 logger.go:66:       [31m-[0m[0m type                     = "ingress" [90m-> null[0m[0m
TestEks 2023-10-04T09:36:57-04:00 logger.go:66:     }
TestEks 2023-10-04T09:36:57-04:00 logger.go:66: 
TestEks 2023-10-04T09:36:57-04:00 logger.go:66: [1m  # module.new_vpc_eks_runner.module.eks.aws_security_group_rule.node["ingress_cluster_9443_webhook"][0m will be [1m[31mdestroyed[0m
TestEks 2023-10-04T09:36:57-04:00 logger.go:66: [0m  [31m-[0m[0m resource "aws_security_group_rule" "node" {
TestEks 2023-10-04T09:36:57-04:00 logger.go:66:       [31m-[0m[0m description              = "Cluster API to node 9443/tcp webhook" [90m-> null[0m[0m
TestEks 2023-10-04T09:36:57-04:00 logger.go:66:       [31m-[0m[0m from_port                = 9443 [90m-> null[0m[0m
TestEks 2023-10-04T09:36:57-04:00 logger.go:66:       [31m-[0m[0m id                       = "sgrule-4251596337" [90m-> null[0m[0m
TestEks 2023-10-04T09:36:57-04:00 logger.go:66:       [31m-[0m[0m prefix_list_ids          = [] [90m-> null[0m[0m
TestEks 2023-10-04T09:36:57-04:00 logger.go:66:       [31m-[0m[0m protocol                 = "tcp" [90m-> null[0m[0m
TestEks 2023-10-04T09:36:57-04:00 logger.go:66:       [31m-[0m[0m security_group_id        = "sg-054a7cb1132d24b80" [90m-> null[0m[0m
TestEks 2023-10-04T09:36:57-04:00 logger.go:66:       [31m-[0m[0m security_group_rule_id   = "sgr-0e3d64ff486fb091e" [90m-> null[0m[0m
TestEks 2023-10-04T09:36:57-04:00 logger.go:66:       [31m-[0m[0m self                     = false [90m-> null[0m[0m
TestEks 2023-10-04T09:36:57-04:00 logger.go:66:       [31m-[0m[0m source_security_group_id = "sg-0934512868e3ab8c3" [90m-> null[0m[0m
TestEks 2023-10-04T09:36:57-04:00 logger.go:66:       [31m-[0m[0m to_port                  = 9443 [90m-> null[0m[0m
TestEks 2023-10-04T09:36:57-04:00 logger.go:66:       [31m-[0m[0m type                     = "ingress" [90m-> null[0m[0m
TestEks 2023-10-04T09:36:57-04:00 logger.go:66:     }
TestEks 2023-10-04T09:36:57-04:00 logger.go:66: 
TestEks 2023-10-04T09:36:57-04:00 logger.go:66: [1m  # module.new_vpc_eks_runner.module.eks.aws_security_group_rule.node["ingress_cluster_kubelet"][0m will be [1m[31mdestroyed[0m
TestEks 2023-10-04T09:36:57-04:00 logger.go:66: [0m  [31m-[0m[0m resource "aws_security_group_rule" "node" {
TestEks 2023-10-04T09:36:57-04:00 logger.go:66:       [31m-[0m[0m description              = "Cluster API to node kubelets" [90m-> null[0m[0m
TestEks 2023-10-04T09:36:57-04:00 logger.go:66:       [31m-[0m[0m from_port                = 10250 [90m-> null[0m[0m
TestEks 2023-10-04T09:36:57-04:00 logger.go:66:       [31m-[0m[0m id                       = "sgrule-2340873068" [90m-> null[0m[0m
TestEks 2023-10-04T09:36:57-04:00 logger.go:66:       [31m-[0m[0m prefix_list_ids          = [] [90m-> null[0m[0m
TestEks 2023-10-04T09:36:57-04:00 logger.go:66:       [31m-[0m[0m protocol                 = "tcp" [90m-> null[0m[0m
TestEks 2023-10-04T09:36:57-04:00 logger.go:66:       [31m-[0m[0m security_group_id        = "sg-054a7cb1132d24b80" [90m-> null[0m[0m
TestEks 2023-10-04T09:36:57-04:00 logger.go:66:       [31m-[0m[0m security_group_rule_id   = "sgr-07c6f175c87359bf4" [90m-> null[0m[0m
TestEks 2023-10-04T09:36:57-04:00 logger.go:66:       [31m-[0m[0m self                     = false [90m-> null[0m[0m
TestEks 2023-10-04T09:36:57-04:00 logger.go:66:       [31m-[0m[0m source_security_group_id = "sg-0934512868e3ab8c3" [90m-> null[0m[0m
TestEks 2023-10-04T09:36:57-04:00 logger.go:66:       [31m-[0m[0m to_port                  = 10250 [90m-> null[0m[0m
TestEks 2023-10-04T09:36:57-04:00 logger.go:66:       [31m-[0m[0m type                     = "ingress" [90m-> null[0m[0m
TestEks 2023-10-04T09:36:57-04:00 logger.go:66:     }
TestEks 2023-10-04T09:36:57-04:00 logger.go:66: 
TestEks 2023-10-04T09:36:57-04:00 logger.go:66: [1m  # module.new_vpc_eks_runner.module.eks.aws_security_group_rule.node["ingress_nodes_ephemeral"][0m will be [1m[31mdestroyed[0m
TestEks 2023-10-04T09:36:57-04:00 logger.go:66: [0m  [31m-[0m[0m resource "aws_security_group_rule" "node" {
TestEks 2023-10-04T09:36:57-04:00 logger.go:66:       [31m-[0m[0m description            = "Node to node ingress on ephemeral ports" [90m-> null[0m[0m
TestEks 2023-10-04T09:36:57-04:00 logger.go:66:       [31m-[0m[0m from_port              = 1025 [90m-> null[0m[0m
TestEks 2023-10-04T09:36:57-04:00 logger.go:66:       [31m-[0m[0m id                     = "sgrule-1087926372" [90m-> null[0m[0m
TestEks 2023-10-04T09:36:57-04:00 logger.go:66:       [31m-[0m[0m prefix_list_ids        = [] [90m-> null[0m[0m
TestEks 2023-10-04T09:36:57-04:00 logger.go:66:       [31m-[0m[0m protocol               = "tcp" [90m-> null[0m[0m
TestEks 2023-10-04T09:36:57-04:00 logger.go:66:       [31m-[0m[0m security_group_id      = "sg-054a7cb1132d24b80" [90m-> null[0m[0m
TestEks 2023-10-04T09:36:57-04:00 logger.go:66:       [31m-[0m[0m security_group_rule_id = "sgr-02a60263254317710" [90m-> null[0m[0m
TestEks 2023-10-04T09:36:57-04:00 logger.go:66:       [31m-[0m[0m self                   = true [90m-> null[0m[0m
TestEks 2023-10-04T09:36:57-04:00 logger.go:66:       [31m-[0m[0m to_port                = 65535 [90m-> null[0m[0m
TestEks 2023-10-04T09:36:57-04:00 logger.go:66:       [31m-[0m[0m type                   = "ingress" [90m-> null[0m[0m
TestEks 2023-10-04T09:36:57-04:00 logger.go:66:     }
TestEks 2023-10-04T09:36:57-04:00 logger.go:66: 
TestEks 2023-10-04T09:36:57-04:00 logger.go:66: [1m  # module.new_vpc_eks_runner.module.eks.aws_security_group_rule.node["ingress_self_coredns_tcp"][0m will be [1m[31mdestroyed[0m
TestEks 2023-10-04T09:36:57-04:00 logger.go:66: [0m  [31m-[0m[0m resource "aws_security_group_rule" "node" {
TestEks 2023-10-04T09:36:57-04:00 logger.go:66:       [31m-[0m[0m description            = "Node to node CoreDNS" [90m-> null[0m[0m
TestEks 2023-10-04T09:36:57-04:00 logger.go:66:       [31m-[0m[0m from_port              = 53 [90m-> null[0m[0m
TestEks 2023-10-04T09:36:57-04:00 logger.go:66:       [31m-[0m[0m id                     = "sgrule-257684292" [90m-> null[0m[0m
TestEks 2023-10-04T09:36:57-04:00 logger.go:66:       [31m-[0m[0m prefix_list_ids        = [] [90m-> null[0m[0m
TestEks 2023-10-04T09:36:57-04:00 logger.go:66:       [31m-[0m[0m protocol               = "tcp" [90m-> null[0m[0m
TestEks 2023-10-04T09:36:57-04:00 logger.go:66:       [31m-[0m[0m security_group_id      = "sg-054a7cb1132d24b80" [90m-> null[0m[0m
TestEks 2023-10-04T09:36:57-04:00 logger.go:66:       [31m-[0m[0m security_group_rule_id = "sgr-0a60bd3b1f69b3e33" [90m-> null[0m[0m
TestEks 2023-10-04T09:36:57-04:00 logger.go:66:       [31m-[0m[0m self                   = true [90m-> null[0m[0m
TestEks 2023-10-04T09:36:57-04:00 logger.go:66:       [31m-[0m[0m to_port                = 53 [90m-> null[0m[0m
TestEks 2023-10-04T09:36:57-04:00 logger.go:66:       [31m-[0m[0m type                   = "ingress" [90m-> null[0m[0m
TestEks 2023-10-04T09:36:57-04:00 logger.go:66:     }
TestEks 2023-10-04T09:36:57-04:00 logger.go:66: 
TestEks 2023-10-04T09:36:57-04:00 logger.go:66: [1m  # module.new_vpc_eks_runner.module.eks.aws_security_group_rule.node["ingress_self_coredns_udp"][0m will be [1m[31mdestroyed[0m
TestEks 2023-10-04T09:36:57-04:00 logger.go:66: [0m  [31m-[0m[0m resource "aws_security_group_rule" "node" {
TestEks 2023-10-04T09:36:57-04:00 logger.go:66:       [31m-[0m[0m description            = "Node to node CoreDNS UDP" [90m-> null[0m[0m
TestEks 2023-10-04T09:36:57-04:00 logger.go:66:       [31m-[0m[0m from_port              = 53 [90m-> null[0m[0m
TestEks 2023-10-04T09:36:57-04:00 logger.go:66:       [31m-[0m[0m id                     = "sgrule-2869186731" [90m-> null[0m[0m
TestEks 2023-10-04T09:36:57-04:00 logger.go:66:       [31m-[0m[0m prefix_list_ids        = [] [90m-> null[0m[0m
TestEks 2023-10-04T09:36:57-04:00 logger.go:66:       [31m-[0m[0m protocol               = "udp" [90m-> null[0m[0m
TestEks 2023-10-04T09:36:57-04:00 logger.go:66:       [31m-[0m[0m security_group_id      = "sg-054a7cb1132d24b80" [90m-> null[0m[0m
TestEks 2023-10-04T09:36:57-04:00 logger.go:66:       [31m-[0m[0m security_group_rule_id = "sgr-020ce23f6c0b097c8" [90m-> null[0m[0m
TestEks 2023-10-04T09:36:57-04:00 logger.go:66:       [31m-[0m[0m self                   = true [90m-> null[0m[0m
TestEks 2023-10-04T09:36:57-04:00 logger.go:66:       [31m-[0m[0m to_port                = 53 [90m-> null[0m[0m
TestEks 2023-10-04T09:36:57-04:00 logger.go:66:       [31m-[0m[0m type                   = "ingress" [90m-> null[0m[0m
TestEks 2023-10-04T09:36:57-04:00 logger.go:66:     }
TestEks 2023-10-04T09:36:57-04:00 logger.go:66: 
TestEks 2023-10-04T09:36:57-04:00 logger.go:66: [1m  # module.new_vpc_eks_runner.module.eks.time_sleep.this[0][0m will be [1m[31mdestroyed[0m
TestEks 2023-10-04T09:36:57-04:00 logger.go:66: [0m  [31m-[0m[0m resource "time_sleep" "this" {
TestEks 2023-10-04T09:36:57-04:00 logger.go:66:       [31m-[0m[0m create_duration = "30s" [90m-> null[0m[0m
TestEks 2023-10-04T09:36:57-04:00 logger.go:66:       [31m-[0m[0m id              = "2023-10-04T13:13:06Z" [90m-> null[0m[0m
TestEks 2023-10-04T09:36:57-04:00 logger.go:66:       [31m-[0m[0m triggers        = {
TestEks 2023-10-04T09:36:57-04:00 logger.go:66:           [31m-[0m[0m "cluster_certificate_authority_data" = "LS0tLS1CRUdJTiBDRVJUSUZJQ0FURS0tLS0tCk1JSURCVENDQWUyZ0F3SUJBZ0lJSjR1OEYrMHl1cVF3RFFZSktvWklodmNOQVFFTEJRQXdGVEVUTUJFR0ExVUUKQXhNS2EzVmlaWEp1WlhSbGN6QWVGdzB5TXpFd01EUXhNekEyTlRCYUZ3MHpNekV3TURFeE16QTJOVEJhTUJVeApFekFSQmdOVkJBTVRDbXQxWW1WeWJtVjBaWE13Z2dFaU1BMEdDU3FHU0liM0RRRUJBUVVBQTRJQkR3QXdnZ0VLCkFvSUJBUURsSWliTG1wcGFuckx0NVJzNjF0UlFwUmJCMVVRamdqaVdtWlRXU1ptVmt3SEx2bkh2dTdTTnBLWGIKcy80RXNObjMyNTRIWXhtT0grbTN4b3F6WjZiMUV2bWROWjNxa1d4N1NRYWpHaVVnb1JBektjNVNtQnZMaXB4SQovL29sTCt5QmN0VHBBTzZUSVVQbDJneG1sdk1JRDRkTGVHR2dzd08xcGFOQzdNTnlzTVZ3OVZjeXRmc2h3UmxPCmJ1WHR0TlVqaWNXUTRnR1lCWEtmTzdmSUhYaHFWRmRJZ29JQ0w4OG93eG5YVVhtL0JsQmVraER4VjgvSDI2UEEKSUFSekZpbGdoUWZMYTVPSnpSeGdqaGNzY0RWNTkvQU1JbkNVMHB6MGExYjNFbWE0Z1NXa2FPK3F1dS92ZnRKUQpTVlZ6UzRvOVhhczlMQkl4RnBIbXZ3bDU5bGNsQWdNQkFBR2pXVEJYTUE0R0ExVWREd0VCL3dRRUF3SUNwREFQCkJnTlZIUk1CQWY4RUJUQURBUUgvTUIwR0ExVWREZ1FXQkJSZHp0VU1ibUhPTXpUYVNTV3lSR1Q0dm1iK0RUQVYKQmdOVkhSRUVEakFNZ2dwcmRXSmxjbTVsZEdWek1BMEdDU3FHU0liM0RRRUJDd1VBQTRJQkFRQUlXS1lWMC85QwpPU0VJNGk3QnpHZjNoMGc2OHlyY1pJeWtGRC96VUZlQ1A1eHFZMUE0YnBvY0xQdWJNaU4vTGppUTcyL0tyQytRCnEvSFMzWlJQUFNvSTUrL1pZdTVxSUxHcnIvS1cvTEpuQUo4L3gzdlBBRGpjUGJhS3RVdFpxSHZDdForNWRva2kKVTJxSm1DUzN6ZFBid0k2elVuT2NBb1dHR1RWdjFPajMxc1lPU0hTOGJRSkMvQ1JQNXY4cjAzL3FUd1BCTDJHegpYejFxTW42NlhhVnNDblBCMzJYajN4L0xYOEozTGxZSHllazZIczVHcXVQM2tjZzhDYWNvUnlIU1RNLzRpbXJLCmFHbGlRTXNhTzczajIvRzB3Q0paeWxzK1kvRm15a24zUzVlQ3JFT0JvLzBobzVEWTJwditxandhczVoOGw3U0kKS0pHUFg2SnpaTmxsCi0tLS0tRU5EIENFUlRJRklDQVRFLS0tLS0K"
TestEks 2023-10-04T09:36:57-04:00 logger.go:66:           [31m-[0m[0m "cluster_endpoint"                   = "https://61D53ACA3583C9355B7A91DB759C80EF.gr7.us-east-1.eks.amazonaws.com"
TestEks 2023-10-04T09:36:57-04:00 logger.go:66:           [31m-[0m[0m "cluster_name"                       = "eks-runner-go-10604-demo"
TestEks 2023-10-04T09:36:57-04:00 logger.go:66:           [31m-[0m[0m "cluster_version"                    = "1.27"
TestEks 2023-10-04T09:36:57-04:00 logger.go:66:         } [90m-> null[0m[0m
TestEks 2023-10-04T09:36:57-04:00 logger.go:66:     }
TestEks 2023-10-04T09:36:57-04:00 logger.go:66: 
TestEks 2023-10-04T09:36:57-04:00 logger.go:66: [1m  # module.new_vpc_eks_runner.module.vpc[0].aws_default_network_acl.this[0][0m will be [1m[31mdestroyed[0m
TestEks 2023-10-04T09:36:57-04:00 logger.go:66: [0m  [31m-[0m[0m resource "aws_default_network_acl" "this" {
TestEks 2023-10-04T09:36:57-04:00 logger.go:66:       [31m-[0m[0m arn                    = "arn:aws:ec2:us-east-1:177807608173:network-acl/acl-07ba8e94172127934" [90m-> null[0m[0m
TestEks 2023-10-04T09:36:57-04:00 logger.go:66:       [31m-[0m[0m default_network_acl_id = "acl-07ba8e94172127934" [90m-> null[0m[0m
TestEks 2023-10-04T09:36:57-04:00 logger.go:66:       [31m-[0m[0m id                     = "acl-07ba8e94172127934" [90m-> null[0m[0m
TestEks 2023-10-04T09:36:57-04:00 logger.go:66:       [31m-[0m[0m owner_id               = "177807608173" [90m-> null[0m[0m
TestEks 2023-10-04T09:36:57-04:00 logger.go:66:       [31m-[0m[0m subnet_ids             = [
TestEks 2023-10-04T09:36:57-04:00 logger.go:66:           [31m-[0m[0m "subnet-02400b4bc4cc31dcb",
TestEks 2023-10-04T09:36:57-04:00 logger.go:66:           [31m-[0m[0m "subnet-04f0b7f2cfb8dc557",
TestEks 2023-10-04T09:36:57-04:00 logger.go:66:           [31m-[0m[0m "subnet-06aa44dc1c4d957a8",
TestEks 2023-10-04T09:36:57-04:00 logger.go:66:           [31m-[0m[0m "subnet-09e19a893c2cc8ccd",
TestEks 2023-10-04T09:36:57-04:00 logger.go:66:         ] [90m-> null[0m[0m
TestEks 2023-10-04T09:36:57-04:00 logger.go:66:       [31m-[0m[0m tags                   = {
TestEks 2023-10-04T09:36:57-04:00 logger.go:66:           [31m-[0m[0m "Name"          = "eks-runner-go-10604-demo-default"
TestEks 2023-10-04T09:36:57-04:00 logger.go:66:           [31m-[0m[0m "Owner"         = "lucas.j.hughes@outlook.com"
TestEks 2023-10-04T09:36:57-04:00 logger.go:66:           [31m-[0m[0m "t_AppID"       = "SVC03377"
TestEks 2023-10-04T09:36:57-04:00 logger.go:66:           [31m-[0m[0m "t_dcl"         = "3"
TestEks 2023-10-04T09:36:57-04:00 logger.go:66:           [31m-[0m[0m "t_environment" = "DEMO"
TestEks 2023-10-04T09:36:57-04:00 logger.go:66:         } [90m-> null[0m[0m
TestEks 2023-10-04T09:36:57-04:00 logger.go:66:       [31m-[0m[0m tags_all               = {
TestEks 2023-10-04T09:36:57-04:00 logger.go:66:           [31m-[0m[0m "Name"          = "eks-runner-go-10604-demo-default"
TestEks 2023-10-04T09:36:57-04:00 logger.go:66:           [31m-[0m[0m "Owner"         = "lucas.j.hughes@outlook.com"
TestEks 2023-10-04T09:36:57-04:00 logger.go:66:           [31m-[0m[0m "t_AppID"       = "SVC03377"
TestEks 2023-10-04T09:36:57-04:00 logger.go:66:           [31m-[0m[0m "t_dcl"         = "3"
TestEks 2023-10-04T09:36:57-04:00 logger.go:66:           [31m-[0m[0m "t_environment" = "DEMO"
TestEks 2023-10-04T09:36:57-04:00 logger.go:66:         } [90m-> null[0m[0m
TestEks 2023-10-04T09:36:57-04:00 logger.go:66:       [31m-[0m[0m vpc_id                 = "vpc-0095aef4d255b5396" [90m-> null[0m[0m
TestEks 2023-10-04T09:36:57-04:00 logger.go:66: 
TestEks 2023-10-04T09:36:57-04:00 logger.go:66:       [31m-[0m[0m egress {
TestEks 2023-10-04T09:36:57-04:00 logger.go:66:           [31m-[0m[0m action          = "allow" [90m-> null[0m[0m
TestEks 2023-10-04T09:36:57-04:00 logger.go:66:           [31m-[0m[0m from_port       = 0 [90m-> null[0m[0m
TestEks 2023-10-04T09:36:57-04:00 logger.go:66:           [31m-[0m[0m icmp_code       = 0 [90m-> null[0m[0m
TestEks 2023-10-04T09:36:57-04:00 logger.go:66:           [31m-[0m[0m icmp_type       = 0 [90m-> null[0m[0m
TestEks 2023-10-04T09:36:57-04:00 logger.go:66:           [31m-[0m[0m ipv6_cidr_block = "::/0" [90m-> null[0m[0m
TestEks 2023-10-04T09:36:57-04:00 logger.go:66:           [31m-[0m[0m protocol        = "-1" [90m-> null[0m[0m
TestEks 2023-10-04T09:36:57-04:00 logger.go:66:           [31m-[0m[0m rule_no         = 101 [90m-> null[0m[0m
TestEks 2023-10-04T09:36:57-04:00 logger.go:66:           [31m-[0m[0m to_port         = 0 [90m-> null[0m[0m
TestEks 2023-10-04T09:36:57-04:00 logger.go:66:         }
TestEks 2023-10-04T09:36:57-04:00 logger.go:66:       [31m-[0m[0m egress {
TestEks 2023-10-04T09:36:57-04:00 logger.go:66:           [31m-[0m[0m action     = "allow" [90m-> null[0m[0m
TestEks 2023-10-04T09:36:57-04:00 logger.go:66:           [31m-[0m[0m cidr_block = "0.0.0.0/0" [90m-> null[0m[0m
TestEks 2023-10-04T09:36:57-04:00 logger.go:66:           [31m-[0m[0m from_port  = 0 [90m-> null[0m[0m
TestEks 2023-10-04T09:36:57-04:00 logger.go:66:           [31m-[0m[0m icmp_code  = 0 [90m-> null[0m[0m
TestEks 2023-10-04T09:36:57-04:00 logger.go:66:           [31m-[0m[0m icmp_type  = 0 [90m-> null[0m[0m
TestEks 2023-10-04T09:36:57-04:00 logger.go:66:           [31m-[0m[0m protocol   = "-1" [90m-> null[0m[0m
TestEks 2023-10-04T09:36:57-04:00 logger.go:66:           [31m-[0m[0m rule_no    = 100 [90m-> null[0m[0m
TestEks 2023-10-04T09:36:57-04:00 logger.go:66:           [31m-[0m[0m to_port    = 0 [90m-> null[0m[0m
TestEks 2023-10-04T09:36:57-04:00 logger.go:66:         }
TestEks 2023-10-04T09:36:57-04:00 logger.go:66: 
TestEks 2023-10-04T09:36:57-04:00 logger.go:66:       [31m-[0m[0m ingress {
TestEks 2023-10-04T09:36:57-04:00 logger.go:66:           [31m-[0m[0m action          = "allow" [90m-> null[0m[0m
TestEks 2023-10-04T09:36:57-04:00 logger.go:66:           [31m-[0m[0m from_port       = 0 [90m-> null[0m[0m
TestEks 2023-10-04T09:36:57-04:00 logger.go:66:           [31m-[0m[0m icmp_code       = 0 [90m-> null[0m[0m
TestEks 2023-10-04T09:36:57-04:00 logger.go:66:           [31m-[0m[0m icmp_type       = 0 [90m-> null[0m[0m
TestEks 2023-10-04T09:36:57-04:00 logger.go:66:           [31m-[0m[0m ipv6_cidr_block = "::/0" [90m-> null[0m[0m
TestEks 2023-10-04T09:36:57-04:00 logger.go:66:           [31m-[0m[0m protocol        = "-1" [90m-> null[0m[0m
TestEks 2023-10-04T09:36:57-04:00 logger.go:66:           [31m-[0m[0m rule_no         = 101 [90m-> null[0m[0m
TestEks 2023-10-04T09:36:57-04:00 logger.go:66:           [31m-[0m[0m to_port         = 0 [90m-> null[0m[0m
TestEks 2023-10-04T09:36:57-04:00 logger.go:66:         }
TestEks 2023-10-04T09:36:57-04:00 logger.go:66:       [31m-[0m[0m ingress {
TestEks 2023-10-04T09:36:57-04:00 logger.go:66:           [31m-[0m[0m action     = "allow" [90m-> null[0m[0m
TestEks 2023-10-04T09:36:57-04:00 logger.go:66:           [31m-[0m[0m cidr_block = "0.0.0.0/0" [90m-> null[0m[0m
TestEks 2023-10-04T09:36:57-04:00 logger.go:66:           [31m-[0m[0m from_port  = 0 [90m-> null[0m[0m
TestEks 2023-10-04T09:36:57-04:00 logger.go:66:           [31m-[0m[0m icmp_code  = 0 [90m-> null[0m[0m
TestEks 2023-10-04T09:36:57-04:00 logger.go:66:           [31m-[0m[0m icmp_type  = 0 [90m-> null[0m[0m
TestEks 2023-10-04T09:36:57-04:00 logger.go:66:           [31m-[0m[0m protocol   = "-1" [90m-> null[0m[0m
TestEks 2023-10-04T09:36:57-04:00 logger.go:66:           [31m-[0m[0m rule_no    = 100 [90m-> null[0m[0m
TestEks 2023-10-04T09:36:57-04:00 logger.go:66:           [31m-[0m[0m to_port    = 0 [90m-> null[0m[0m
TestEks 2023-10-04T09:36:57-04:00 logger.go:66:         }
TestEks 2023-10-04T09:36:57-04:00 logger.go:66:     }
TestEks 2023-10-04T09:36:57-04:00 logger.go:66: 
TestEks 2023-10-04T09:36:57-04:00 logger.go:66: [1m  # module.new_vpc_eks_runner.module.vpc[0].aws_default_route_table.default[0][0m will be [1m[31mdestroyed[0m
TestEks 2023-10-04T09:36:57-04:00 logger.go:66: [0m  [31m-[0m[0m resource "aws_default_route_table" "default" {
TestEks 2023-10-04T09:36:57-04:00 logger.go:66:       [31m-[0m[0m arn                    = "arn:aws:ec2:us-east-1:177807608173:route-table/rtb-02810fec43724a480" [90m-> null[0m[0m
TestEks 2023-10-04T09:36:57-04:00 logger.go:66:       [31m-[0m[0m default_route_table_id = "rtb-02810fec43724a480" [90m-> null[0m[0m
TestEks 2023-10-04T09:36:57-04:00 logger.go:66:       [31m-[0m[0m id                     = "rtb-02810fec43724a480" [90m-> null[0m[0m
TestEks 2023-10-04T09:36:57-04:00 logger.go:66:       [31m-[0m[0m owner_id               = "177807608173" [90m-> null[0m[0m
TestEks 2023-10-04T09:36:57-04:00 logger.go:66:       [31m-[0m[0m propagating_vgws       = [] [90m-> null[0m[0m
TestEks 2023-10-04T09:36:57-04:00 logger.go:66:       [31m-[0m[0m route                  = [] [90m-> null[0m[0m
TestEks 2023-10-04T09:36:57-04:00 logger.go:66:       [31m-[0m[0m tags                   = {
TestEks 2023-10-04T09:36:57-04:00 logger.go:66:           [31m-[0m[0m "Name"          = "eks-runner-go-10604-demo-default"
TestEks 2023-10-04T09:36:57-04:00 logger.go:66:           [31m-[0m[0m "Owner"         = "lucas.j.hughes@outlook.com"
TestEks 2023-10-04T09:36:57-04:00 logger.go:66:           [31m-[0m[0m "t_AppID"       = "SVC03377"
TestEks 2023-10-04T09:36:57-04:00 logger.go:66:           [31m-[0m[0m "t_dcl"         = "3"
TestEks 2023-10-04T09:36:57-04:00 logger.go:66:           [31m-[0m[0m "t_environment" = "DEMO"
TestEks 2023-10-04T09:36:57-04:00 logger.go:66:         } [90m-> null[0m[0m
TestEks 2023-10-04T09:36:57-04:00 logger.go:66:       [31m-[0m[0m tags_all               = {
TestEks 2023-10-04T09:36:57-04:00 logger.go:66:           [31m-[0m[0m "Name"          = "eks-runner-go-10604-demo-default"
TestEks 2023-10-04T09:36:57-04:00 logger.go:66:           [31m-[0m[0m "Owner"         = "lucas.j.hughes@outlook.com"
TestEks 2023-10-04T09:36:57-04:00 logger.go:66:           [31m-[0m[0m "t_AppID"       = "SVC03377"
TestEks 2023-10-04T09:36:57-04:00 logger.go:66:           [31m-[0m[0m "t_dcl"         = "3"
TestEks 2023-10-04T09:36:57-04:00 logger.go:66:           [31m-[0m[0m "t_environment" = "DEMO"
TestEks 2023-10-04T09:36:57-04:00 logger.go:66:         } [90m-> null[0m[0m
TestEks 2023-10-04T09:36:57-04:00 logger.go:66:       [31m-[0m[0m vpc_id                 = "vpc-0095aef4d255b5396" [90m-> null[0m[0m
TestEks 2023-10-04T09:36:57-04:00 logger.go:66: 
TestEks 2023-10-04T09:36:57-04:00 logger.go:66:       [31m-[0m[0m timeouts {
TestEks 2023-10-04T09:36:57-04:00 logger.go:66:           [31m-[0m[0m create = "5m" [90m-> null[0m[0m
TestEks 2023-10-04T09:36:57-04:00 logger.go:66:           [31m-[0m[0m update = "5m" [90m-> null[0m[0m
TestEks 2023-10-04T09:36:57-04:00 logger.go:66:         }
TestEks 2023-10-04T09:36:57-04:00 logger.go:66:     }
TestEks 2023-10-04T09:36:57-04:00 logger.go:66: 
TestEks 2023-10-04T09:36:57-04:00 logger.go:66: [1m  # module.new_vpc_eks_runner.module.vpc[0].aws_default_security_group.this[0][0m will be [1m[31mdestroyed[0m
TestEks 2023-10-04T09:36:57-04:00 logger.go:66: [0m  [31m-[0m[0m resource "aws_default_security_group" "this" {
TestEks 2023-10-04T09:36:57-04:00 logger.go:66:       [31m-[0m[0m arn                    = "arn:aws:ec2:us-east-1:177807608173:security-group/sg-0511d1770689e96d8" [90m-> null[0m[0m
TestEks 2023-10-04T09:36:57-04:00 logger.go:66:       [31m-[0m[0m description            = "default VPC security group" [90m-> null[0m[0m
TestEks 2023-10-04T09:36:57-04:00 logger.go:66:       [31m-[0m[0m egress                 = [] [90m-> null[0m[0m
TestEks 2023-10-04T09:36:57-04:00 logger.go:66:       [31m-[0m[0m id                     = "sg-0511d1770689e96d8" [90m-> null[0m[0m
TestEks 2023-10-04T09:36:57-04:00 logger.go:66:       [31m-[0m[0m ingress                = [] [90m-> null[0m[0m
TestEks 2023-10-04T09:36:57-04:00 logger.go:66:       [31m-[0m[0m name                   = "default" [90m-> null[0m[0m
TestEks 2023-10-04T09:36:57-04:00 logger.go:66:       [31m-[0m[0m owner_id               = "177807608173" [90m-> null[0m[0m
TestEks 2023-10-04T09:36:57-04:00 logger.go:66:       [31m-[0m[0m revoke_rules_on_delete = false [90m-> null[0m[0m
TestEks 2023-10-04T09:36:57-04:00 logger.go:66:       [31m-[0m[0m tags                   = {
TestEks 2023-10-04T09:36:57-04:00 logger.go:66:           [31m-[0m[0m "Name"          = "eks-runner-go-10604-demo-default"
TestEks 2023-10-04T09:36:57-04:00 logger.go:66:           [31m-[0m[0m "Owner"         = "lucas.j.hughes@outlook.com"
TestEks 2023-10-04T09:36:57-04:00 logger.go:66:           [31m-[0m[0m "t_AppID"       = "SVC03377"
TestEks 2023-10-04T09:36:57-04:00 logger.go:66:           [31m-[0m[0m "t_dcl"         = "3"
TestEks 2023-10-04T09:36:57-04:00 logger.go:66:           [31m-[0m[0m "t_environment" = "DEMO"
TestEks 2023-10-04T09:36:57-04:00 logger.go:66:         } [90m-> null[0m[0m
TestEks 2023-10-04T09:36:57-04:00 logger.go:66:       [31m-[0m[0m tags_all               = {
TestEks 2023-10-04T09:36:57-04:00 logger.go:66:           [31m-[0m[0m "Name"          = "eks-runner-go-10604-demo-default"
TestEks 2023-10-04T09:36:57-04:00 logger.go:66:           [31m-[0m[0m "Owner"         = "lucas.j.hughes@outlook.com"
TestEks 2023-10-04T09:36:57-04:00 logger.go:66:           [31m-[0m[0m "t_AppID"       = "SVC03377"
TestEks 2023-10-04T09:36:57-04:00 logger.go:66:           [31m-[0m[0m "t_dcl"         = "3"
TestEks 2023-10-04T09:36:57-04:00 logger.go:66:           [31m-[0m[0m "t_environment" = "DEMO"
TestEks 2023-10-04T09:36:57-04:00 logger.go:66:         } [90m-> null[0m[0m
TestEks 2023-10-04T09:36:57-04:00 logger.go:66:       [31m-[0m[0m vpc_id                 = "vpc-0095aef4d255b5396" [90m-> null[0m[0m
TestEks 2023-10-04T09:36:57-04:00 logger.go:66:     }
TestEks 2023-10-04T09:36:57-04:00 logger.go:66: 
TestEks 2023-10-04T09:36:57-04:00 logger.go:66: [1m  # module.new_vpc_eks_runner.module.vpc[0].aws_eip.nat[0][0m will be [1m[31mdestroyed[0m
TestEks 2023-10-04T09:36:57-04:00 logger.go:66: [0m  [31m-[0m[0m resource "aws_eip" "nat" {
TestEks 2023-10-04T09:36:57-04:00 logger.go:66:       [31m-[0m[0m allocation_id        = "eipalloc-0be513587461407bc" [90m-> null[0m[0m
TestEks 2023-10-04T09:36:57-04:00 logger.go:66:       [31m-[0m[0m association_id       = "eipassoc-0e35f64fdcbcb4b7e" [90m-> null[0m[0m
TestEks 2023-10-04T09:36:57-04:00 logger.go:66:       [31m-[0m[0m domain               = "vpc" [90m-> null[0m[0m
TestEks 2023-10-04T09:36:57-04:00 logger.go:66:       [31m-[0m[0m id                   = "eipalloc-0be513587461407bc" [90m-> null[0m[0m
TestEks 2023-10-04T09:36:57-04:00 logger.go:66:       [31m-[0m[0m network_border_group = "us-east-1" [90m-> null[0m[0m
TestEks 2023-10-04T09:36:57-04:00 logger.go:66:       [31m-[0m[0m network_interface    = "eni-0e68c7e02c4ec113d" [90m-> null[0m[0m
TestEks 2023-10-04T09:36:57-04:00 logger.go:66:       [31m-[0m[0m private_dns          = "ip-119-0-0-27.ec2.internal" [90m-> null[0m[0m
TestEks 2023-10-04T09:36:57-04:00 logger.go:66:       [31m-[0m[0m private_ip           = "119.0.0.27" [90m-> null[0m[0m
TestEks 2023-10-04T09:36:57-04:00 logger.go:66:       [31m-[0m[0m public_dns           = "ec2-52-205-136-237.compute-1.amazonaws.com" [90m-> null[0m[0m
TestEks 2023-10-04T09:36:57-04:00 logger.go:66:       [31m-[0m[0m public_ip            = "52.205.136.237" [90m-> null[0m[0m
TestEks 2023-10-04T09:36:57-04:00 logger.go:66:       [31m-[0m[0m public_ipv4_pool     = "amazon" [90m-> null[0m[0m
TestEks 2023-10-04T09:36:57-04:00 logger.go:66:       [31m-[0m[0m tags                 = {
TestEks 2023-10-04T09:36:57-04:00 logger.go:66:           [31m-[0m[0m "Name"          = "eks-runner-go-10604-demo-us-east-1a"
TestEks 2023-10-04T09:36:57-04:00 logger.go:66:           [31m-[0m[0m "Owner"         = "lucas.j.hughes@outlook.com"
TestEks 2023-10-04T09:36:57-04:00 logger.go:66:           [31m-[0m[0m "t_AppID"       = "SVC03377"
TestEks 2023-10-04T09:36:57-04:00 logger.go:66:           [31m-[0m[0m "t_dcl"         = "3"
TestEks 2023-10-04T09:36:57-04:00 logger.go:66:           [31m-[0m[0m "t_environment" = "DEMO"
TestEks 2023-10-04T09:36:57-04:00 logger.go:66:         } [90m-> null[0m[0m
TestEks 2023-10-04T09:36:57-04:00 logger.go:66:       [31m-[0m[0m tags_all             = {
TestEks 2023-10-04T09:36:57-04:00 logger.go:66:           [31m-[0m[0m "Name"          = "eks-runner-go-10604-demo-us-east-1a"
TestEks 2023-10-04T09:36:57-04:00 logger.go:66:           [31m-[0m[0m "Owner"         = "lucas.j.hughes@outlook.com"
TestEks 2023-10-04T09:36:57-04:00 logger.go:66:           [31m-[0m[0m "t_AppID"       = "SVC03377"
TestEks 2023-10-04T09:36:57-04:00 logger.go:66:           [31m-[0m[0m "t_dcl"         = "3"
TestEks 2023-10-04T09:36:57-04:00 logger.go:66:           [31m-[0m[0m "t_environment" = "DEMO"
TestEks 2023-10-04T09:36:57-04:00 logger.go:66:         } [90m-> null[0m[0m
TestEks 2023-10-04T09:36:57-04:00 logger.go:66:       [31m-[0m[0m vpc                  = true [90m-> null[0m[0m
TestEks 2023-10-04T09:36:57-04:00 logger.go:66:     }
TestEks 2023-10-04T09:36:57-04:00 logger.go:66: 
TestEks 2023-10-04T09:36:57-04:00 logger.go:66: [1m  # module.new_vpc_eks_runner.module.vpc[0].aws_internet_gateway.this[0][0m will be [1m[31mdestroyed[0m
TestEks 2023-10-04T09:36:57-04:00 logger.go:66: [0m  [31m-[0m[0m resource "aws_internet_gateway" "this" {
TestEks 2023-10-04T09:36:57-04:00 logger.go:66:       [31m-[0m[0m arn      = "arn:aws:ec2:us-east-1:177807608173:internet-gateway/igw-04587c4efff6488f3" [90m-> null[0m[0m
TestEks 2023-10-04T09:36:57-04:00 logger.go:66:       [31m-[0m[0m id       = "igw-04587c4efff6488f3" [90m-> null[0m[0m
TestEks 2023-10-04T09:36:57-04:00 logger.go:66:       [31m-[0m[0m owner_id = "177807608173" [90m-> null[0m[0m
TestEks 2023-10-04T09:36:57-04:00 logger.go:66:       [31m-[0m[0m tags     = {
TestEks 2023-10-04T09:36:57-04:00 logger.go:66:           [31m-[0m[0m "Name"          = "eks-runner-go-10604-demo"
TestEks 2023-10-04T09:36:57-04:00 logger.go:66:           [31m-[0m[0m "Owner"         = "lucas.j.hughes@outlook.com"
TestEks 2023-10-04T09:36:57-04:00 logger.go:66:           [31m-[0m[0m "t_AppID"       = "SVC03377"
TestEks 2023-10-04T09:36:57-04:00 logger.go:66:           [31m-[0m[0m "t_dcl"         = "3"
TestEks 2023-10-04T09:36:57-04:00 logger.go:66:           [31m-[0m[0m "t_environment" = "DEMO"
TestEks 2023-10-04T09:36:57-04:00 logger.go:66:         } [90m-> null[0m[0m
TestEks 2023-10-04T09:36:57-04:00 logger.go:66:       [31m-[0m[0m tags_all = {
TestEks 2023-10-04T09:36:57-04:00 logger.go:66:           [31m-[0m[0m "Name"          = "eks-runner-go-10604-demo"
TestEks 2023-10-04T09:36:57-04:00 logger.go:66:           [31m-[0m[0m "Owner"         = "lucas.j.hughes@outlook.com"
TestEks 2023-10-04T09:36:57-04:00 logger.go:66:           [31m-[0m[0m "t_AppID"       = "SVC03377"
TestEks 2023-10-04T09:36:57-04:00 logger.go:66:           [31m-[0m[0m "t_dcl"         = "3"
TestEks 2023-10-04T09:36:57-04:00 logger.go:66:           [31m-[0m[0m "t_environment" = "DEMO"
TestEks 2023-10-04T09:36:57-04:00 logger.go:66:         } [90m-> null[0m[0m
TestEks 2023-10-04T09:36:57-04:00 logger.go:66:       [31m-[0m[0m vpc_id   = "vpc-0095aef4d255b5396" [90m-> null[0m[0m
TestEks 2023-10-04T09:36:57-04:00 logger.go:66:     }
TestEks 2023-10-04T09:36:57-04:00 logger.go:66: 
TestEks 2023-10-04T09:36:57-04:00 logger.go:66: [1m  # module.new_vpc_eks_runner.module.vpc[0].aws_nat_gateway.this[0][0m will be [1m[31mdestroyed[0m
TestEks 2023-10-04T09:36:57-04:00 logger.go:66: [0m  [31m-[0m[0m resource "aws_nat_gateway" "this" {
TestEks 2023-10-04T09:36:57-04:00 logger.go:66:       [31m-[0m[0m allocation_id                      = "eipalloc-0be513587461407bc" [90m-> null[0m[0m
TestEks 2023-10-04T09:36:57-04:00 logger.go:66:       [31m-[0m[0m association_id                     = "eipassoc-0e35f64fdcbcb4b7e" [90m-> null[0m[0m
TestEks 2023-10-04T09:36:57-04:00 logger.go:66:       [31m-[0m[0m connectivity_type                  = "public" [90m-> null[0m[0m
TestEks 2023-10-04T09:36:57-04:00 logger.go:66:       [31m-[0m[0m id                                 = "nat-0f240967b182a1189" [90m-> null[0m[0m
TestEks 2023-10-04T09:36:57-04:00 logger.go:66:       [31m-[0m[0m network_interface_id               = "eni-0e68c7e02c4ec113d" [90m-> null[0m[0m
TestEks 2023-10-04T09:36:57-04:00 logger.go:66:       [31m-[0m[0m private_ip                         = "119.0.0.27" [90m-> null[0m[0m
TestEks 2023-10-04T09:36:57-04:00 logger.go:66:       [31m-[0m[0m public_ip                          = "52.205.136.237" [90m-> null[0m[0m
TestEks 2023-10-04T09:36:57-04:00 logger.go:66:       [31m-[0m[0m secondary_allocation_ids           = [] [90m-> null[0m[0m
TestEks 2023-10-04T09:36:57-04:00 logger.go:66:       [31m-[0m[0m secondary_private_ip_address_count = 0 [90m-> null[0m[0m
TestEks 2023-10-04T09:36:57-04:00 logger.go:66:       [31m-[0m[0m secondary_private_ip_addresses     = [] [90m-> null[0m[0m
TestEks 2023-10-04T09:36:57-04:00 logger.go:66:       [31m-[0m[0m subnet_id                          = "subnet-06aa44dc1c4d957a8" [90m-> null[0m[0m
TestEks 2023-10-04T09:36:57-04:00 logger.go:66:       [31m-[0m[0m tags                               = {
TestEks 2023-10-04T09:36:57-04:00 logger.go:66:           [31m-[0m[0m "Name"          = "eks-runner-go-10604-demo-us-east-1a"
TestEks 2023-10-04T09:36:57-04:00 logger.go:66:           [31m-[0m[0m "Owner"         = "lucas.j.hughes@outlook.com"
TestEks 2023-10-04T09:36:57-04:00 logger.go:66:           [31m-[0m[0m "t_AppID"       = "SVC03377"
TestEks 2023-10-04T09:36:57-04:00 logger.go:66:           [31m-[0m[0m "t_dcl"         = "3"
TestEks 2023-10-04T09:36:57-04:00 logger.go:66:           [31m-[0m[0m "t_environment" = "DEMO"
TestEks 2023-10-04T09:36:57-04:00 logger.go:66:         } [90m-> null[0m[0m
TestEks 2023-10-04T09:36:57-04:00 logger.go:66:       [31m-[0m[0m tags_all                           = {
TestEks 2023-10-04T09:36:57-04:00 logger.go:66:           [31m-[0m[0m "Name"          = "eks-runner-go-10604-demo-us-east-1a"
TestEks 2023-10-04T09:36:57-04:00 logger.go:66:           [31m-[0m[0m "Owner"         = "lucas.j.hughes@outlook.com"
TestEks 2023-10-04T09:36:57-04:00 logger.go:66:           [31m-[0m[0m "t_AppID"       = "SVC03377"
TestEks 2023-10-04T09:36:57-04:00 logger.go:66:           [31m-[0m[0m "t_dcl"         = "3"
TestEks 2023-10-04T09:36:57-04:00 logger.go:66:           [31m-[0m[0m "t_environment" = "DEMO"
TestEks 2023-10-04T09:36:57-04:00 logger.go:66:         } [90m-> null[0m[0m
TestEks 2023-10-04T09:36:57-04:00 logger.go:66:     }
TestEks 2023-10-04T09:36:57-04:00 logger.go:66: 
TestEks 2023-10-04T09:36:57-04:00 logger.go:66: [1m  # module.new_vpc_eks_runner.module.vpc[0].aws_route.private_nat_gateway[0][0m will be [1m[31mdestroyed[0m
TestEks 2023-10-04T09:36:57-04:00 logger.go:66: [0m  [31m-[0m[0m resource "aws_route" "private_nat_gateway" {
TestEks 2023-10-04T09:36:57-04:00 logger.go:66:       [31m-[0m[0m destination_cidr_block = "0.0.0.0/0" [90m-> null[0m[0m
TestEks 2023-10-04T09:36:57-04:00 logger.go:66:       [31m-[0m[0m id                     = "r-rtb-0cdd8a29d5ee4a7371080289494" [90m-> null[0m[0m
TestEks 2023-10-04T09:36:57-04:00 logger.go:66:       [31m-[0m[0m nat_gateway_id         = "nat-0f240967b182a1189" [90m-> null[0m[0m
TestEks 2023-10-04T09:36:57-04:00 logger.go:66:       [31m-[0m[0m origin                 = "CreateRoute" [90m-> null[0m[0m
TestEks 2023-10-04T09:36:57-04:00 logger.go:66:       [31m-[0m[0m route_table_id         = "rtb-0cdd8a29d5ee4a737" [90m-> null[0m[0m
TestEks 2023-10-04T09:36:57-04:00 logger.go:66:       [31m-[0m[0m state                  = "active" [90m-> null[0m[0m
TestEks 2023-10-04T09:36:57-04:00 logger.go:66: 
TestEks 2023-10-04T09:36:57-04:00 logger.go:66:       [31m-[0m[0m timeouts {
TestEks 2023-10-04T09:36:57-04:00 logger.go:66:           [31m-[0m[0m create = "5m" [90m-> null[0m[0m
TestEks 2023-10-04T09:36:57-04:00 logger.go:66:         }
TestEks 2023-10-04T09:36:57-04:00 logger.go:66:     }
TestEks 2023-10-04T09:36:57-04:00 logger.go:66: 
TestEks 2023-10-04T09:36:57-04:00 logger.go:66: [1m  # module.new_vpc_eks_runner.module.vpc[0].aws_route.public_internet_gateway[0][0m will be [1m[31mdestroyed[0m
TestEks 2023-10-04T09:36:57-04:00 logger.go:66: [0m  [31m-[0m[0m resource "aws_route" "public_internet_gateway" {
TestEks 2023-10-04T09:36:57-04:00 logger.go:66:       [31m-[0m[0m destination_cidr_block = "0.0.0.0/0" [90m-> null[0m[0m
TestEks 2023-10-04T09:36:57-04:00 logger.go:66:       [31m-[0m[0m gateway_id             = "igw-04587c4efff6488f3" [90m-> null[0m[0m
TestEks 2023-10-04T09:36:57-04:00 logger.go:66:       [31m-[0m[0m id                     = "r-rtb-01b7e19eba495fdfe1080289494" [90m-> null[0m[0m
TestEks 2023-10-04T09:36:57-04:00 logger.go:66:       [31m-[0m[0m origin                 = "CreateRoute" [90m-> null[0m[0m
TestEks 2023-10-04T09:36:57-04:00 logger.go:66:       [31m-[0m[0m route_table_id         = "rtb-01b7e19eba495fdfe" [90m-> null[0m[0m
TestEks 2023-10-04T09:36:57-04:00 logger.go:66:       [31m-[0m[0m state                  = "active" [90m-> null[0m[0m
TestEks 2023-10-04T09:36:57-04:00 logger.go:66: 
TestEks 2023-10-04T09:36:57-04:00 logger.go:66:       [31m-[0m[0m timeouts {
TestEks 2023-10-04T09:36:57-04:00 logger.go:66:           [31m-[0m[0m create = "5m" [90m-> null[0m[0m
TestEks 2023-10-04T09:36:57-04:00 logger.go:66:         }
TestEks 2023-10-04T09:36:57-04:00 logger.go:66:     }
TestEks 2023-10-04T09:36:57-04:00 logger.go:66: 
TestEks 2023-10-04T09:36:57-04:00 logger.go:66: [1m  # module.new_vpc_eks_runner.module.vpc[0].aws_route_table.private[0][0m will be [1m[31mdestroyed[0m
TestEks 2023-10-04T09:36:57-04:00 logger.go:66: [0m  [31m-[0m[0m resource "aws_route_table" "private" {
TestEks 2023-10-04T09:36:57-04:00 logger.go:66:       [31m-[0m[0m arn              = "arn:aws:ec2:us-east-1:177807608173:route-table/rtb-0cdd8a29d5ee4a737" [90m-> null[0m[0m
TestEks 2023-10-04T09:36:57-04:00 logger.go:66:       [31m-[0m[0m id               = "rtb-0cdd8a29d5ee4a737" [90m-> null[0m[0m
TestEks 2023-10-04T09:36:57-04:00 logger.go:66:       [31m-[0m[0m owner_id         = "177807608173" [90m-> null[0m[0m
TestEks 2023-10-04T09:36:57-04:00 logger.go:66:       [31m-[0m[0m propagating_vgws = [] [90m-> null[0m[0m
TestEks 2023-10-04T09:36:57-04:00 logger.go:66:       [31m-[0m[0m route            = [
TestEks 2023-10-04T09:36:57-04:00 logger.go:66:           [31m-[0m[0m {
TestEks 2023-10-04T09:36:57-04:00 logger.go:66:               [31m-[0m[0m carrier_gateway_id         = ""
TestEks 2023-10-04T09:36:57-04:00 logger.go:66:               [31m-[0m[0m cidr_block                 = "0.0.0.0/0"
TestEks 2023-10-04T09:36:57-04:00 logger.go:66:               [31m-[0m[0m core_network_arn           = ""
TestEks 2023-10-04T09:36:57-04:00 logger.go:66:               [31m-[0m[0m destination_prefix_list_id = ""
TestEks 2023-10-04T09:36:57-04:00 logger.go:66:               [31m-[0m[0m egress_only_gateway_id     = ""
TestEks 2023-10-04T09:36:57-04:00 logger.go:66:               [31m-[0m[0m gateway_id                 = ""
TestEks 2023-10-04T09:36:57-04:00 logger.go:66:               [31m-[0m[0m ipv6_cidr_block            = ""
TestEks 2023-10-04T09:36:57-04:00 logger.go:66:               [31m-[0m[0m local_gateway_id           = ""
TestEks 2023-10-04T09:36:57-04:00 logger.go:66:               [31m-[0m[0m nat_gateway_id             = "nat-0f240967b182a1189"
TestEks 2023-10-04T09:36:57-04:00 logger.go:66:               [31m-[0m[0m network_interface_id       = ""
TestEks 2023-10-04T09:36:57-04:00 logger.go:66:               [31m-[0m[0m transit_gateway_id         = ""
TestEks 2023-10-04T09:36:57-04:00 logger.go:66:               [31m-[0m[0m vpc_endpoint_id            = ""
TestEks 2023-10-04T09:36:57-04:00 logger.go:66:               [31m-[0m[0m vpc_peering_connection_id  = ""
TestEks 2023-10-04T09:36:57-04:00 logger.go:66:             },
TestEks 2023-10-04T09:36:57-04:00 logger.go:66:         ] [90m-> null[0m[0m
TestEks 2023-10-04T09:36:57-04:00 logger.go:66:       [31m-[0m[0m tags             = {
TestEks 2023-10-04T09:36:57-04:00 logger.go:66:           [31m-[0m[0m "Name"          = "eks-runner-go-10604-demo-private"
TestEks 2023-10-04T09:36:57-04:00 logger.go:66:           [31m-[0m[0m "Owner"         = "lucas.j.hughes@outlook.com"
TestEks 2023-10-04T09:36:57-04:00 logger.go:66:           [31m-[0m[0m "t_AppID"       = "SVC03377"
TestEks 2023-10-04T09:36:57-04:00 logger.go:66:           [31m-[0m[0m "t_dcl"         = "3"
TestEks 2023-10-04T09:36:57-04:00 logger.go:66:           [31m-[0m[0m "t_environment" = "DEMO"
TestEks 2023-10-04T09:36:57-04:00 logger.go:66:         } [90m-> null[0m[0m
TestEks 2023-10-04T09:36:57-04:00 logger.go:66:       [31m-[0m[0m tags_all         = {
TestEks 2023-10-04T09:36:57-04:00 logger.go:66:           [31m-[0m[0m "Name"          = "eks-runner-go-10604-demo-private"
TestEks 2023-10-04T09:36:57-04:00 logger.go:66:           [31m-[0m[0m "Owner"         = "lucas.j.hughes@outlook.com"
TestEks 2023-10-04T09:36:57-04:00 logger.go:66:           [31m-[0m[0m "t_AppID"       = "SVC03377"
TestEks 2023-10-04T09:36:57-04:00 logger.go:66:           [31m-[0m[0m "t_dcl"         = "3"
TestEks 2023-10-04T09:36:57-04:00 logger.go:66:           [31m-[0m[0m "t_environment" = "DEMO"
TestEks 2023-10-04T09:36:57-04:00 logger.go:66:         } [90m-> null[0m[0m
TestEks 2023-10-04T09:36:57-04:00 logger.go:66:       [31m-[0m[0m vpc_id           = "vpc-0095aef4d255b5396" [90m-> null[0m[0m
TestEks 2023-10-04T09:36:57-04:00 logger.go:66:     }
TestEks 2023-10-04T09:36:57-04:00 logger.go:66: 
TestEks 2023-10-04T09:36:57-04:00 logger.go:66: [1m  # module.new_vpc_eks_runner.module.vpc[0].aws_route_table.public[0][0m will be [1m[31mdestroyed[0m
TestEks 2023-10-04T09:36:57-04:00 logger.go:66: [0m  [31m-[0m[0m resource "aws_route_table" "public" {
TestEks 2023-10-04T09:36:57-04:00 logger.go:66:       [31m-[0m[0m arn              = "arn:aws:ec2:us-east-1:177807608173:route-table/rtb-01b7e19eba495fdfe" [90m-> null[0m[0m
TestEks 2023-10-04T09:36:57-04:00 logger.go:66:       [31m-[0m[0m id               = "rtb-01b7e19eba495fdfe" [90m-> null[0m[0m
TestEks 2023-10-04T09:36:57-04:00 logger.go:66:       [31m-[0m[0m owner_id         = "177807608173" [90m-> null[0m[0m
TestEks 2023-10-04T09:36:57-04:00 logger.go:66:       [31m-[0m[0m propagating_vgws = [] [90m-> null[0m[0m
TestEks 2023-10-04T09:36:57-04:00 logger.go:66:       [31m-[0m[0m route            = [
TestEks 2023-10-04T09:36:57-04:00 logger.go:66:           [31m-[0m[0m {
TestEks 2023-10-04T09:36:57-04:00 logger.go:66:               [31m-[0m[0m carrier_gateway_id         = ""
TestEks 2023-10-04T09:36:57-04:00 logger.go:66:               [31m-[0m[0m cidr_block                 = "0.0.0.0/0"
TestEks 2023-10-04T09:36:57-04:00 logger.go:66:               [31m-[0m[0m core_network_arn           = ""
TestEks 2023-10-04T09:36:57-04:00 logger.go:66:               [31m-[0m[0m destination_prefix_list_id = ""
TestEks 2023-10-04T09:36:57-04:00 logger.go:66:               [31m-[0m[0m egress_only_gateway_id     = ""
TestEks 2023-10-04T09:36:57-04:00 logger.go:66:               [31m-[0m[0m gateway_id                 = "igw-04587c4efff6488f3"
TestEks 2023-10-04T09:36:57-04:00 logger.go:66:               [31m-[0m[0m ipv6_cidr_block            = ""
TestEks 2023-10-04T09:36:57-04:00 logger.go:66:               [31m-[0m[0m local_gateway_id           = ""
TestEks 2023-10-04T09:36:57-04:00 logger.go:66:               [31m-[0m[0m nat_gateway_id             = ""
TestEks 2023-10-04T09:36:57-04:00 logger.go:66:               [31m-[0m[0m network_interface_id       = ""
TestEks 2023-10-04T09:36:57-04:00 logger.go:66:               [31m-[0m[0m transit_gateway_id         = ""
TestEks 2023-10-04T09:36:57-04:00 logger.go:66:               [31m-[0m[0m vpc_endpoint_id            = ""
TestEks 2023-10-04T09:36:57-04:00 logger.go:66:               [31m-[0m[0m vpc_peering_connection_id  = ""
TestEks 2023-10-04T09:36:57-04:00 logger.go:66:             },
TestEks 2023-10-04T09:36:57-04:00 logger.go:66:         ] [90m-> null[0m[0m
TestEks 2023-10-04T09:36:57-04:00 logger.go:66:       [31m-[0m[0m tags             = {
TestEks 2023-10-04T09:36:57-04:00 logger.go:66:           [31m-[0m[0m "Name"          = "eks-runner-go-10604-demo-public"
TestEks 2023-10-04T09:36:57-04:00 logger.go:66:           [31m-[0m[0m "Owner"         = "lucas.j.hughes@outlook.com"
TestEks 2023-10-04T09:36:57-04:00 logger.go:66:           [31m-[0m[0m "t_AppID"       = "SVC03377"
TestEks 2023-10-04T09:36:57-04:00 logger.go:66:           [31m-[0m[0m "t_dcl"         = "3"
TestEks 2023-10-04T09:36:57-04:00 logger.go:66:           [31m-[0m[0m "t_environment" = "DEMO"
TestEks 2023-10-04T09:36:57-04:00 logger.go:66:         } [90m-> null[0m[0m
TestEks 2023-10-04T09:36:57-04:00 logger.go:66:       [31m-[0m[0m tags_all         = {
TestEks 2023-10-04T09:36:57-04:00 logger.go:66:           [31m-[0m[0m "Name"          = "eks-runner-go-10604-demo-public"
TestEks 2023-10-04T09:36:57-04:00 logger.go:66:           [31m-[0m[0m "Owner"         = "lucas.j.hughes@outlook.com"
TestEks 2023-10-04T09:36:57-04:00 logger.go:66:           [31m-[0m[0m "t_AppID"       = "SVC03377"
TestEks 2023-10-04T09:36:57-04:00 logger.go:66:           [31m-[0m[0m "t_dcl"         = "3"
TestEks 2023-10-04T09:36:57-04:00 logger.go:66:           [31m-[0m[0m "t_environment" = "DEMO"
TestEks 2023-10-04T09:36:57-04:00 logger.go:66:         } [90m-> null[0m[0m
TestEks 2023-10-04T09:36:57-04:00 logger.go:66:       [31m-[0m[0m vpc_id           = "vpc-0095aef4d255b5396" [90m-> null[0m[0m
TestEks 2023-10-04T09:36:57-04:00 logger.go:66:     }
TestEks 2023-10-04T09:36:57-04:00 logger.go:66: 
TestEks 2023-10-04T09:36:57-04:00 logger.go:66: [1m  # module.new_vpc_eks_runner.module.vpc[0].aws_route_table_association.private[0][0m will be [1m[31mdestroyed[0m
TestEks 2023-10-04T09:36:57-04:00 logger.go:66: [0m  [31m-[0m[0m resource "aws_route_table_association" "private" {
TestEks 2023-10-04T09:36:57-04:00 logger.go:66:       [31m-[0m[0m id             = "rtbassoc-054f1198ae6cf0f8d" [90m-> null[0m[0m
TestEks 2023-10-04T09:36:57-04:00 logger.go:66:       [31m-[0m[0m route_table_id = "rtb-0cdd8a29d5ee4a737" [90m-> null[0m[0m
TestEks 2023-10-04T09:36:57-04:00 logger.go:66:       [31m-[0m[0m subnet_id      = "subnet-09e19a893c2cc8ccd" [90m-> null[0m[0m
TestEks 2023-10-04T09:36:57-04:00 logger.go:66:     }
TestEks 2023-10-04T09:36:57-04:00 logger.go:66: 
TestEks 2023-10-04T09:36:57-04:00 logger.go:66: [1m  # module.new_vpc_eks_runner.module.vpc[0].aws_route_table_association.private[1][0m will be [1m[31mdestroyed[0m
TestEks 2023-10-04T09:36:57-04:00 logger.go:66: [0m  [31m-[0m[0m resource "aws_route_table_association" "private" {
TestEks 2023-10-04T09:36:57-04:00 logger.go:66:       [31m-[0m[0m id             = "rtbassoc-05ad051bb9b27c86f" [90m-> null[0m[0m
TestEks 2023-10-04T09:36:57-04:00 logger.go:66:       [31m-[0m[0m route_table_id = "rtb-0cdd8a29d5ee4a737" [90m-> null[0m[0m
TestEks 2023-10-04T09:36:57-04:00 logger.go:66:       [31m-[0m[0m subnet_id      = "subnet-04f0b7f2cfb8dc557" [90m-> null[0m[0m
TestEks 2023-10-04T09:36:57-04:00 logger.go:66:     }
TestEks 2023-10-04T09:36:57-04:00 logger.go:66: 
TestEks 2023-10-04T09:36:57-04:00 logger.go:66: [1m  # module.new_vpc_eks_runner.module.vpc[0].aws_route_table_association.public[0][0m will be [1m[31mdestroyed[0m
TestEks 2023-10-04T09:36:57-04:00 logger.go:66: [0m  [31m-[0m[0m resource "aws_route_table_association" "public" {
TestEks 2023-10-04T09:36:57-04:00 logger.go:66:       [31m-[0m[0m id             = "rtbassoc-06743f507c85286d4" [90m-> null[0m[0m
TestEks 2023-10-04T09:36:57-04:00 logger.go:66:       [31m-[0m[0m route_table_id = "rtb-01b7e19eba495fdfe" [90m-> null[0m[0m
TestEks 2023-10-04T09:36:57-04:00 logger.go:66:       [31m-[0m[0m subnet_id      = "subnet-06aa44dc1c4d957a8" [90m-> null[0m[0m
TestEks 2023-10-04T09:36:57-04:00 logger.go:66:     }
TestEks 2023-10-04T09:36:57-04:00 logger.go:66: 
TestEks 2023-10-04T09:36:57-04:00 logger.go:66: [1m  # module.new_vpc_eks_runner.module.vpc[0].aws_route_table_association.public[1][0m will be [1m[31mdestroyed[0m
TestEks 2023-10-04T09:36:57-04:00 logger.go:66: [0m  [31m-[0m[0m resource "aws_route_table_association" "public" {
TestEks 2023-10-04T09:36:57-04:00 logger.go:66:       [31m-[0m[0m id             = "rtbassoc-002b05c5a4b2898a6" [90m-> null[0m[0m
TestEks 2023-10-04T09:36:57-04:00 logger.go:66:       [31m-[0m[0m route_table_id = "rtb-01b7e19eba495fdfe" [90m-> null[0m[0m
TestEks 2023-10-04T09:36:57-04:00 logger.go:66:       [31m-[0m[0m subnet_id      = "subnet-02400b4bc4cc31dcb" [90m-> null[0m[0m
TestEks 2023-10-04T09:36:57-04:00 logger.go:66:     }
TestEks 2023-10-04T09:36:57-04:00 logger.go:66: 
TestEks 2023-10-04T09:36:57-04:00 logger.go:66: [1m  # module.new_vpc_eks_runner.module.vpc[0].aws_subnet.private[0][0m will be [1m[31mdestroyed[0m
TestEks 2023-10-04T09:36:57-04:00 logger.go:66: [0m  [31m-[0m[0m resource "aws_subnet" "private" {
TestEks 2023-10-04T09:36:57-04:00 logger.go:66:       [31m-[0m[0m arn                                            = "arn:aws:ec2:us-east-1:177807608173:subnet/subnet-09e19a893c2cc8ccd" [90m-> null[0m[0m
TestEks 2023-10-04T09:36:57-04:00 logger.go:66:       [31m-[0m[0m assign_ipv6_address_on_creation                = false [90m-> null[0m[0m
TestEks 2023-10-04T09:36:57-04:00 logger.go:66:       [31m-[0m[0m availability_zone                              = "us-east-1a" [90m-> null[0m[0m
TestEks 2023-10-04T09:36:57-04:00 logger.go:66:       [31m-[0m[0m availability_zone_id                           = "use1-az1" [90m-> null[0m[0m
TestEks 2023-10-04T09:36:57-04:00 logger.go:66:       [31m-[0m[0m cidr_block                                     = "119.0.0.48/28" [90m-> null[0m[0m
TestEks 2023-10-04T09:36:57-04:00 logger.go:66:       [31m-[0m[0m enable_dns64                                   = false [90m-> null[0m[0m
TestEks 2023-10-04T09:36:57-04:00 logger.go:66:       [31m-[0m[0m enable_lni_at_device_index                     = 0 [90m-> null[0m[0m
TestEks 2023-10-04T09:36:57-04:00 logger.go:66:       [31m-[0m[0m enable_resource_name_dns_a_record_on_launch    = false [90m-> null[0m[0m
TestEks 2023-10-04T09:36:57-04:00 logger.go:66:       [31m-[0m[0m enable_resource_name_dns_aaaa_record_on_launch = false [90m-> null[0m[0m
TestEks 2023-10-04T09:36:57-04:00 logger.go:66:       [31m-[0m[0m id                                             = "subnet-09e19a893c2cc8ccd" [90m-> null[0m[0m
TestEks 2023-10-04T09:36:57-04:00 logger.go:66:       [31m-[0m[0m ipv6_native                                    = false [90m-> null[0m[0m
TestEks 2023-10-04T09:36:57-04:00 logger.go:66:       [31m-[0m[0m map_customer_owned_ip_on_launch                = false [90m-> null[0m[0m
TestEks 2023-10-04T09:36:57-04:00 logger.go:66:       [31m-[0m[0m map_public_ip_on_launch                        = false [90m-> null[0m[0m
TestEks 2023-10-04T09:36:57-04:00 logger.go:66:       [31m-[0m[0m owner_id                                       = "177807608173" [90m-> null[0m[0m
TestEks 2023-10-04T09:36:57-04:00 logger.go:66:       [31m-[0m[0m private_dns_hostname_type_on_launch            = "ip-name" [90m-> null[0m[0m
TestEks 2023-10-04T09:36:57-04:00 logger.go:66:       [31m-[0m[0m tags                                           = {
TestEks 2023-10-04T09:36:57-04:00 logger.go:66:           [31m-[0m[0m "Name"          = "eks-runner-go-10604-demo-private-us-east-1a"
TestEks 2023-10-04T09:36:57-04:00 logger.go:66:           [31m-[0m[0m "Owner"         = "lucas.j.hughes@outlook.com"
TestEks 2023-10-04T09:36:57-04:00 logger.go:66:           [31m-[0m[0m "t_AppID"       = "SVC03377"
TestEks 2023-10-04T09:36:57-04:00 logger.go:66:           [31m-[0m[0m "t_dcl"         = "3"
TestEks 2023-10-04T09:36:57-04:00 logger.go:66:           [31m-[0m[0m "t_environment" = "DEMO"
TestEks 2023-10-04T09:36:57-04:00 logger.go:66:         } [90m-> null[0m[0m
TestEks 2023-10-04T09:36:57-04:00 logger.go:66:       [31m-[0m[0m tags_all                                       = {
TestEks 2023-10-04T09:36:57-04:00 logger.go:66:           [31m-[0m[0m "Name"          = "eks-runner-go-10604-demo-private-us-east-1a"
TestEks 2023-10-04T09:36:57-04:00 logger.go:66:           [31m-[0m[0m "Owner"         = "lucas.j.hughes@outlook.com"
TestEks 2023-10-04T09:36:57-04:00 logger.go:66:           [31m-[0m[0m "t_AppID"       = "SVC03377"
TestEks 2023-10-04T09:36:57-04:00 logger.go:66:           [31m-[0m[0m "t_dcl"         = "3"
TestEks 2023-10-04T09:36:57-04:00 logger.go:66:           [31m-[0m[0m "t_environment" = "DEMO"
TestEks 2023-10-04T09:36:57-04:00 logger.go:66:         } [90m-> null[0m[0m
TestEks 2023-10-04T09:36:57-04:00 logger.go:66:       [31m-[0m[0m vpc_id                                         = "vpc-0095aef4d255b5396" [90m-> null[0m[0m
TestEks 2023-10-04T09:36:57-04:00 logger.go:66:     }
TestEks 2023-10-04T09:36:57-04:00 logger.go:66: 
TestEks 2023-10-04T09:36:57-04:00 logger.go:66: [1m  # module.new_vpc_eks_runner.module.vpc[0].aws_subnet.private[1][0m will be [1m[31mdestroyed[0m
TestEks 2023-10-04T09:36:57-04:00 logger.go:66: [0m  [31m-[0m[0m resource "aws_subnet" "private" {
TestEks 2023-10-04T09:36:57-04:00 logger.go:66:       [31m-[0m[0m arn                                            = "arn:aws:ec2:us-east-1:177807608173:subnet/subnet-04f0b7f2cfb8dc557" [90m-> null[0m[0m
TestEks 2023-10-04T09:36:57-04:00 logger.go:66:       [31m-[0m[0m assign_ipv6_address_on_creation                = false [90m-> null[0m[0m
TestEks 2023-10-04T09:36:57-04:00 logger.go:66:       [31m-[0m[0m availability_zone                              = "us-east-1b" [90m-> null[0m[0m
TestEks 2023-10-04T09:36:57-04:00 logger.go:66:       [31m-[0m[0m availability_zone_id                           = "use1-az2" [90m-> null[0m[0m
TestEks 2023-10-04T09:36:57-04:00 logger.go:66:       [31m-[0m[0m cidr_block                                     = "119.0.0.64/28" [90m-> null[0m[0m
TestEks 2023-10-04T09:36:57-04:00 logger.go:66:       [31m-[0m[0m enable_dns64                                   = false [90m-> null[0m[0m
TestEks 2023-10-04T09:36:57-04:00 logger.go:66:       [31m-[0m[0m enable_lni_at_device_index                     = 0 [90m-> null[0m[0m
TestEks 2023-10-04T09:36:57-04:00 logger.go:66:       [31m-[0m[0m enable_resource_name_dns_a_record_on_launch    = false [90m-> null[0m[0m
TestEks 2023-10-04T09:36:57-04:00 logger.go:66:       [31m-[0m[0m enable_resource_name_dns_aaaa_record_on_launch = false [90m-> null[0m[0m
TestEks 2023-10-04T09:36:57-04:00 logger.go:66:       [31m-[0m[0m id                                             = "subnet-04f0b7f2cfb8dc557" [90m-> null[0m[0m
TestEks 2023-10-04T09:36:57-04:00 logger.go:66:       [31m-[0m[0m ipv6_native                                    = false [90m-> null[0m[0m
TestEks 2023-10-04T09:36:57-04:00 logger.go:66:       [31m-[0m[0m map_customer_owned_ip_on_launch                = false [90m-> null[0m[0m
TestEks 2023-10-04T09:36:57-04:00 logger.go:66:       [31m-[0m[0m map_public_ip_on_launch                        = false [90m-> null[0m[0m
TestEks 2023-10-04T09:36:57-04:00 logger.go:66:       [31m-[0m[0m owner_id                                       = "177807608173" [90m-> null[0m[0m
TestEks 2023-10-04T09:36:57-04:00 logger.go:66:       [31m-[0m[0m private_dns_hostname_type_on_launch            = "ip-name" [90m-> null[0m[0m
TestEks 2023-10-04T09:36:57-04:00 logger.go:66:       [31m-[0m[0m tags                                           = {
TestEks 2023-10-04T09:36:57-04:00 logger.go:66:           [31m-[0m[0m "Name"          = "eks-runner-go-10604-demo-private-us-east-1b"
TestEks 2023-10-04T09:36:57-04:00 logger.go:66:           [31m-[0m[0m "Owner"         = "lucas.j.hughes@outlook.com"
TestEks 2023-10-04T09:36:57-04:00 logger.go:66:           [31m-[0m[0m "t_AppID"       = "SVC03377"
TestEks 2023-10-04T09:36:57-04:00 logger.go:66:           [31m-[0m[0m "t_dcl"         = "3"
TestEks 2023-10-04T09:36:57-04:00 logger.go:66:           [31m-[0m[0m "t_environment" = "DEMO"
TestEks 2023-10-04T09:36:57-04:00 logger.go:66:         } [90m-> null[0m[0m
TestEks 2023-10-04T09:36:57-04:00 logger.go:66:       [31m-[0m[0m tags_all                                       = {
TestEks 2023-10-04T09:36:57-04:00 logger.go:66:           [31m-[0m[0m "Name"          = "eks-runner-go-10604-demo-private-us-east-1b"
TestEks 2023-10-04T09:36:57-04:00 logger.go:66:           [31m-[0m[0m "Owner"         = "lucas.j.hughes@outlook.com"
TestEks 2023-10-04T09:36:57-04:00 logger.go:66:           [31m-[0m[0m "t_AppID"       = "SVC03377"
TestEks 2023-10-04T09:36:57-04:00 logger.go:66:           [31m-[0m[0m "t_dcl"         = "3"
TestEks 2023-10-04T09:36:57-04:00 logger.go:66:           [31m-[0m[0m "t_environment" = "DEMO"
TestEks 2023-10-04T09:36:57-04:00 logger.go:66:         } [90m-> null[0m[0m
TestEks 2023-10-04T09:36:57-04:00 logger.go:66:       [31m-[0m[0m vpc_id                                         = "vpc-0095aef4d255b5396" [90m-> null[0m[0m
TestEks 2023-10-04T09:36:57-04:00 logger.go:66:     }
TestEks 2023-10-04T09:36:57-04:00 logger.go:66: 
TestEks 2023-10-04T09:36:57-04:00 logger.go:66: [1m  # module.new_vpc_eks_runner.module.vpc[0].aws_subnet.public[0][0m will be [1m[31mdestroyed[0m
TestEks 2023-10-04T09:36:57-04:00 logger.go:66: [0m  [31m-[0m[0m resource "aws_subnet" "public" {
TestEks 2023-10-04T09:36:57-04:00 logger.go:66:       [31m-[0m[0m arn                                            = "arn:aws:ec2:us-east-1:177807608173:subnet/subnet-06aa44dc1c4d957a8" [90m-> null[0m[0m
TestEks 2023-10-04T09:36:57-04:00 logger.go:66:       [31m-[0m[0m assign_ipv6_address_on_creation                = false [90m-> null[0m[0m
TestEks 2023-10-04T09:36:57-04:00 logger.go:66:       [31m-[0m[0m availability_zone                              = "us-east-1a" [90m-> null[0m[0m
TestEks 2023-10-04T09:36:57-04:00 logger.go:66:       [31m-[0m[0m availability_zone_id                           = "use1-az1" [90m-> null[0m[0m
TestEks 2023-10-04T09:36:57-04:00 logger.go:66:       [31m-[0m[0m cidr_block                                     = "119.0.0.16/28" [90m-> null[0m[0m
TestEks 2023-10-04T09:36:57-04:00 logger.go:66:       [31m-[0m[0m enable_dns64                                   = false [90m-> null[0m[0m
TestEks 2023-10-04T09:36:57-04:00 logger.go:66:       [31m-[0m[0m enable_lni_at_device_index                     = 0 [90m-> null[0m[0m
TestEks 2023-10-04T09:36:57-04:00 logger.go:66:       [31m-[0m[0m enable_resource_name_dns_a_record_on_launch    = false [90m-> null[0m[0m
TestEks 2023-10-04T09:36:57-04:00 logger.go:66:       [31m-[0m[0m enable_resource_name_dns_aaaa_record_on_launch = false [90m-> null[0m[0m
TestEks 2023-10-04T09:36:57-04:00 logger.go:66:       [31m-[0m[0m id                                             = "subnet-06aa44dc1c4d957a8" [90m-> null[0m[0m
TestEks 2023-10-04T09:36:57-04:00 logger.go:66:       [31m-[0m[0m ipv6_native                                    = false [90m-> null[0m[0m
TestEks 2023-10-04T09:36:57-04:00 logger.go:66:       [31m-[0m[0m map_customer_owned_ip_on_launch                = false [90m-> null[0m[0m
TestEks 2023-10-04T09:36:57-04:00 logger.go:66:       [31m-[0m[0m map_public_ip_on_launch                        = false [90m-> null[0m[0m
TestEks 2023-10-04T09:36:57-04:00 logger.go:66:       [31m-[0m[0m owner_id                                       = "177807608173" [90m-> null[0m[0m
TestEks 2023-10-04T09:36:57-04:00 logger.go:66:       [31m-[0m[0m private_dns_hostname_type_on_launch            = "ip-name" [90m-> null[0m[0m
TestEks 2023-10-04T09:36:57-04:00 logger.go:66:       [31m-[0m[0m tags                                           = {
TestEks 2023-10-04T09:36:57-04:00 logger.go:66:           [31m-[0m[0m "Name"          = "eks-runner-go-10604-demo-public-us-east-1a"
TestEks 2023-10-04T09:36:57-04:00 logger.go:66:           [31m-[0m[0m "Owner"         = "lucas.j.hughes@outlook.com"
TestEks 2023-10-04T09:36:57-04:00 logger.go:66:           [31m-[0m[0m "t_AppID"       = "SVC03377"
TestEks 2023-10-04T09:36:57-04:00 logger.go:66:           [31m-[0m[0m "t_dcl"         = "3"
TestEks 2023-10-04T09:36:57-04:00 logger.go:66:           [31m-[0m[0m "t_environment" = "DEMO"
TestEks 2023-10-04T09:36:57-04:00 logger.go:66:         } [90m-> null[0m[0m
TestEks 2023-10-04T09:36:57-04:00 logger.go:66:       [31m-[0m[0m tags_all                                       = {
TestEks 2023-10-04T09:36:57-04:00 logger.go:66:           [31m-[0m[0m "Name"          = "eks-runner-go-10604-demo-public-us-east-1a"
TestEks 2023-10-04T09:36:57-04:00 logger.go:66:           [31m-[0m[0m "Owner"         = "lucas.j.hughes@outlook.com"
TestEks 2023-10-04T09:36:57-04:00 logger.go:66:           [31m-[0m[0m "t_AppID"       = "SVC03377"
TestEks 2023-10-04T09:36:57-04:00 logger.go:66:           [31m-[0m[0m "t_dcl"         = "3"
TestEks 2023-10-04T09:36:57-04:00 logger.go:66:           [31m-[0m[0m "t_environment" = "DEMO"
TestEks 2023-10-04T09:36:57-04:00 logger.go:66:         } [90m-> null[0m[0m
TestEks 2023-10-04T09:36:57-04:00 logger.go:66:       [31m-[0m[0m vpc_id                                         = "vpc-0095aef4d255b5396" [90m-> null[0m[0m
TestEks 2023-10-04T09:36:57-04:00 logger.go:66:     }
TestEks 2023-10-04T09:36:57-04:00 logger.go:66: 
TestEks 2023-10-04T09:36:57-04:00 logger.go:66: [1m  # module.new_vpc_eks_runner.module.vpc[0].aws_subnet.public[1][0m will be [1m[31mdestroyed[0m
TestEks 2023-10-04T09:36:57-04:00 logger.go:66: [0m  [31m-[0m[0m resource "aws_subnet" "public" {
TestEks 2023-10-04T09:36:57-04:00 logger.go:66:       [31m-[0m[0m arn                                            = "arn:aws:ec2:us-east-1:177807608173:subnet/subnet-02400b4bc4cc31dcb" [90m-> null[0m[0m
TestEks 2023-10-04T09:36:57-04:00 logger.go:66:       [31m-[0m[0m assign_ipv6_address_on_creation                = false [90m-> null[0m[0m
TestEks 2023-10-04T09:36:57-04:00 logger.go:66:       [31m-[0m[0m availability_zone                              = "us-east-1b" [90m-> null[0m[0m
TestEks 2023-10-04T09:36:57-04:00 logger.go:66:       [31m-[0m[0m availability_zone_id                           = "use1-az2" [90m-> null[0m[0m
TestEks 2023-10-04T09:36:57-04:00 logger.go:66:       [31m-[0m[0m cidr_block                                     = "119.0.0.32/28" [90m-> null[0m[0m
TestEks 2023-10-04T09:36:57-04:00 logger.go:66:       [31m-[0m[0m enable_dns64                                   = false [90m-> null[0m[0m
TestEks 2023-10-04T09:36:57-04:00 logger.go:66:       [31m-[0m[0m enable_lni_at_device_index                     = 0 [90m-> null[0m[0m
TestEks 2023-10-04T09:36:57-04:00 logger.go:66:       [31m-[0m[0m enable_resource_name_dns_a_record_on_launch    = false [90m-> null[0m[0m
TestEks 2023-10-04T09:36:57-04:00 logger.go:66:       [31m-[0m[0m enable_resource_name_dns_aaaa_record_on_launch = false [90m-> null[0m[0m
TestEks 2023-10-04T09:36:57-04:00 logger.go:66:       [31m-[0m[0m id                                             = "subnet-02400b4bc4cc31dcb" [90m-> null[0m[0m
TestEks 2023-10-04T09:36:57-04:00 logger.go:66:       [31m-[0m[0m ipv6_native                                    = false [90m-> null[0m[0m
TestEks 2023-10-04T09:36:57-04:00 logger.go:66:       [31m-[0m[0m map_customer_owned_ip_on_launch                = false [90m-> null[0m[0m
TestEks 2023-10-04T09:36:57-04:00 logger.go:66:       [31m-[0m[0m map_public_ip_on_launch                        = false [90m-> null[0m[0m
TestEks 2023-10-04T09:36:57-04:00 logger.go:66:       [31m-[0m[0m owner_id                                       = "177807608173" [90m-> null[0m[0m
TestEks 2023-10-04T09:36:57-04:00 logger.go:66:       [31m-[0m[0m private_dns_hostname_type_on_launch            = "ip-name" [90m-> null[0m[0m
TestEks 2023-10-04T09:36:57-04:00 logger.go:66:       [31m-[0m[0m tags                                           = {
TestEks 2023-10-04T09:36:57-04:00 logger.go:66:           [31m-[0m[0m "Name"          = "eks-runner-go-10604-demo-public-us-east-1b"
TestEks 2023-10-04T09:36:57-04:00 logger.go:66:           [31m-[0m[0m "Owner"         = "lucas.j.hughes@outlook.com"
TestEks 2023-10-04T09:36:57-04:00 logger.go:66:           [31m-[0m[0m "t_AppID"       = "SVC03377"
TestEks 2023-10-04T09:36:57-04:00 logger.go:66:           [31m-[0m[0m "t_dcl"         = "3"
TestEks 2023-10-04T09:36:57-04:00 logger.go:66:           [31m-[0m[0m "t_environment" = "DEMO"
TestEks 2023-10-04T09:36:57-04:00 logger.go:66:         } [90m-> null[0m[0m
TestEks 2023-10-04T09:36:57-04:00 logger.go:66:       [31m-[0m[0m tags_all                                       = {
TestEks 2023-10-04T09:36:57-04:00 logger.go:66:           [31m-[0m[0m "Name"          = "eks-runner-go-10604-demo-public-us-east-1b"
TestEks 2023-10-04T09:36:57-04:00 logger.go:66:           [31m-[0m[0m "Owner"         = "lucas.j.hughes@outlook.com"
TestEks 2023-10-04T09:36:57-04:00 logger.go:66:           [31m-[0m[0m "t_AppID"       = "SVC03377"
TestEks 2023-10-04T09:36:57-04:00 logger.go:66:           [31m-[0m[0m "t_dcl"         = "3"
TestEks 2023-10-04T09:36:57-04:00 logger.go:66:           [31m-[0m[0m "t_environment" = "DEMO"
TestEks 2023-10-04T09:36:57-04:00 logger.go:66:         } [90m-> null[0m[0m
TestEks 2023-10-04T09:36:57-04:00 logger.go:66:       [31m-[0m[0m vpc_id                                         = "vpc-0095aef4d255b5396" [90m-> null[0m[0m
TestEks 2023-10-04T09:36:57-04:00 logger.go:66:     }
TestEks 2023-10-04T09:36:57-04:00 logger.go:66: 
TestEks 2023-10-04T09:36:57-04:00 logger.go:66: [1m  # module.new_vpc_eks_runner.module.vpc[0].aws_vpc.this[0][0m will be [1m[31mdestroyed[0m
TestEks 2023-10-04T09:36:57-04:00 logger.go:66: [0m  [31m-[0m[0m resource "aws_vpc" "this" {
TestEks 2023-10-04T09:36:57-04:00 logger.go:66:       [31m-[0m[0m arn                                  = "arn:aws:ec2:us-east-1:177807608173:vpc/vpc-0095aef4d255b5396" [90m-> null[0m[0m
TestEks 2023-10-04T09:36:57-04:00 logger.go:66:       [31m-[0m[0m assign_generated_ipv6_cidr_block     = false [90m-> null[0m[0m
TestEks 2023-10-04T09:36:57-04:00 logger.go:66:       [31m-[0m[0m cidr_block                           = "119.0.0.0/24" [90m-> null[0m[0m
TestEks 2023-10-04T09:36:57-04:00 logger.go:66:       [31m-[0m[0m default_network_acl_id               = "acl-07ba8e94172127934" [90m-> null[0m[0m
TestEks 2023-10-04T09:36:57-04:00 logger.go:66:       [31m-[0m[0m default_route_table_id               = "rtb-02810fec43724a480" [90m-> null[0m[0m
TestEks 2023-10-04T09:36:57-04:00 logger.go:66:       [31m-[0m[0m default_security_group_id            = "sg-0511d1770689e96d8" [90m-> null[0m[0m
TestEks 2023-10-04T09:36:57-04:00 logger.go:66:       [31m-[0m[0m dhcp_options_id                      = "dopt-da2739a0" [90m-> null[0m[0m
TestEks 2023-10-04T09:36:57-04:00 logger.go:66:       [31m-[0m[0m enable_dns_hostnames                 = true [90m-> null[0m[0m
TestEks 2023-10-04T09:36:57-04:00 logger.go:66:       [31m-[0m[0m enable_dns_support                   = true [90m-> null[0m[0m
TestEks 2023-10-04T09:36:57-04:00 logger.go:66:       [31m-[0m[0m enable_network_address_usage_metrics = false [90m-> null[0m[0m
TestEks 2023-10-04T09:36:57-04:00 logger.go:66:       [31m-[0m[0m id                                   = "vpc-0095aef4d255b5396" [90m-> null[0m[0m
TestEks 2023-10-04T09:36:57-04:00 logger.go:66:       [31m-[0m[0m instance_tenancy                     = "default" [90m-> null[0m[0m
TestEks 2023-10-04T09:36:57-04:00 logger.go:66:       [31m-[0m[0m ipv6_netmask_length                  = 0 [90m-> null[0m[0m
TestEks 2023-10-04T09:36:57-04:00 logger.go:66:       [31m-[0m[0m main_route_table_id                  = "rtb-02810fec43724a480" [90m-> null[0m[0m
TestEks 2023-10-04T09:36:57-04:00 logger.go:66:       [31m-[0m[0m owner_id                             = "177807608173" [90m-> null[0m[0m
TestEks 2023-10-04T09:36:57-04:00 logger.go:66:       [31m-[0m[0m tags                                 = {
TestEks 2023-10-04T09:36:57-04:00 logger.go:66:           [31m-[0m[0m "Name"          = "eks-runner-go-10604-demo"
TestEks 2023-10-04T09:36:57-04:00 logger.go:66:           [31m-[0m[0m "Owner"         = "lucas.j.hughes@outlook.com"
TestEks 2023-10-04T09:36:57-04:00 logger.go:66:           [31m-[0m[0m "t_AppID"       = "SVC03377"
TestEks 2023-10-04T09:36:57-04:00 logger.go:66:           [31m-[0m[0m "t_dcl"         = "3"
TestEks 2023-10-04T09:36:57-04:00 logger.go:66:           [31m-[0m[0m "t_environment" = "DEMO"
TestEks 2023-10-04T09:36:57-04:00 logger.go:66:         } [90m-> null[0m[0m
TestEks 2023-10-04T09:36:57-04:00 logger.go:66:       [31m-[0m[0m tags_all                             = {
TestEks 2023-10-04T09:36:57-04:00 logger.go:66:           [31m-[0m[0m "Name"          = "eks-runner-go-10604-demo"
TestEks 2023-10-04T09:36:57-04:00 logger.go:66:           [31m-[0m[0m "Owner"         = "lucas.j.hughes@outlook.com"
TestEks 2023-10-04T09:36:57-04:00 logger.go:66:           [31m-[0m[0m "t_AppID"       = "SVC03377"
TestEks 2023-10-04T09:36:57-04:00 logger.go:66:           [31m-[0m[0m "t_dcl"         = "3"
TestEks 2023-10-04T09:36:57-04:00 logger.go:66:           [31m-[0m[0m "t_environment" = "DEMO"
TestEks 2023-10-04T09:36:57-04:00 logger.go:66:         } [90m-> null[0m[0m
TestEks 2023-10-04T09:36:57-04:00 logger.go:66:     }
TestEks 2023-10-04T09:36:57-04:00 logger.go:66: 
TestEks 2023-10-04T09:36:57-04:00 logger.go:66: [1m  # module.existing_vpc_eks_runner.module.eks.module.eks_managed_node_group["eks-gitlab-runner"].aws_autoscaling_schedule.this["scale-down"][0m will be [1m[31mdestroyed[0m
TestEks 2023-10-04T09:36:57-04:00 logger.go:66: [0m  [31m-[0m[0m resource "aws_autoscaling_schedule" "this" {
TestEks 2023-10-04T09:36:57-04:00 logger.go:66:       [31m-[0m[0m arn                    = "arn:aws:autoscaling:us-east-1:177807608173:scheduledUpdateGroupAction:ac000699-0db7-4e00-aa34-6eecbc6c9700:autoScalingGroupName/eks-eks-runner-go-19867-20231004131047493200000012-02c57d67-fb19-0de5-8b14-3294f18ca1ab:scheduledActionName/scale-down" [90m-> null[0m[0m
TestEks 2023-10-04T09:36:57-04:00 logger.go:66:       [31m-[0m[0m autoscaling_group_name = "eks-eks-runner-go-19867-20231004131047493200000012-02c57d67-fb19-0de5-8b14-3294f18ca1ab" [90m-> null[0m[0m
TestEks 2023-10-04T09:36:57-04:00 logger.go:66:       [31m-[0m[0m desired_capacity       = 0 [90m-> null[0m[0m
TestEks 2023-10-04T09:36:57-04:00 logger.go:66:       [31m-[0m[0m id                     = "scale-down" [90m-> null[0m[0m
TestEks 2023-10-04T09:36:57-04:00 logger.go:66:       [31m-[0m[0m max_size               = 1 [90m-> null[0m[0m
TestEks 2023-10-04T09:36:57-04:00 logger.go:66:       [31m-[0m[0m min_size               = 0 [90m-> null[0m[0m
TestEks 2023-10-04T09:36:57-04:00 logger.go:66:       [31m-[0m[0m recurrence             = "0 0 * * TUE-SAT" [90m-> null[0m[0m
TestEks 2023-10-04T09:36:57-04:00 logger.go:66:       [31m-[0m[0m scheduled_action_name  = "scale-down" [90m-> null[0m[0m
TestEks 2023-10-04T09:36:57-04:00 logger.go:66:       [31m-[0m[0m start_time             = "2023-10-05T00:00:00Z" [90m-> null[0m[0m
TestEks 2023-10-04T09:36:57-04:00 logger.go:66:     }
TestEks 2023-10-04T09:36:57-04:00 logger.go:66: 
TestEks 2023-10-04T09:36:57-04:00 logger.go:66: [1m  # module.existing_vpc_eks_runner.module.eks.module.eks_managed_node_group["eks-gitlab-runner"].aws_autoscaling_schedule.this["scale-up"][0m will be [1m[31mdestroyed[0m
TestEks 2023-10-04T09:36:57-04:00 logger.go:66: [0m  [31m-[0m[0m resource "aws_autoscaling_schedule" "this" {
TestEks 2023-10-04T09:36:57-04:00 logger.go:66:       [31m-[0m[0m arn                    = "arn:aws:autoscaling:us-east-1:177807608173:scheduledUpdateGroupAction:0968bcbb-9d5d-4fc9-84ac-b78c061bc08d:autoScalingGroupName/eks-eks-runner-go-19867-20231004131047493200000012-02c57d67-fb19-0de5-8b14-3294f18ca1ab:scheduledActionName/scale-up" [90m-> null[0m[0m
TestEks 2023-10-04T09:36:57-04:00 logger.go:66:       [31m-[0m[0m autoscaling_group_name = "eks-eks-runner-go-19867-20231004131047493200000012-02c57d67-fb19-0de5-8b14-3294f18ca1ab" [90m-> null[0m[0m
TestEks 2023-10-04T09:36:57-04:00 logger.go:66:       [31m-[0m[0m desired_capacity       = 1 [90m-> null[0m[0m
TestEks 2023-10-04T09:36:57-04:00 logger.go:66:       [31m-[0m[0m id                     = "scale-up" [90m-> null[0m[0m
TestEks 2023-10-04T09:36:57-04:00 logger.go:66:       [31m-[0m[0m max_size               = 3 [90m-> null[0m[0m
TestEks 2023-10-04T09:36:57-04:00 logger.go:66:       [31m-[0m[0m min_size               = 1 [90m-> null[0m[0m
TestEks 2023-10-04T09:36:57-04:00 logger.go:66:       [31m-[0m[0m recurrence             = "0 12 * * MON-FRI" [90m-> null[0m[0m
TestEks 2023-10-04T09:36:57-04:00 logger.go:66:       [31m-[0m[0m scheduled_action_name  = "scale-up" [90m-> null[0m[0m
TestEks 2023-10-04T09:36:57-04:00 logger.go:66:       [31m-[0m[0m start_time             = "2023-10-05T12:00:00Z" [90m-> null[0m[0m
TestEks 2023-10-04T09:36:57-04:00 logger.go:66:     }
TestEks 2023-10-04T09:36:57-04:00 logger.go:66: 
TestEks 2023-10-04T09:36:57-04:00 logger.go:66: [1m  # module.existing_vpc_eks_runner.module.eks.module.eks_managed_node_group["eks-gitlab-runner"].aws_eks_node_group.this[0][0m will be [1m[31mdestroyed[0m
TestEks 2023-10-04T09:36:57-04:00 logger.go:66: [0m  [31m-[0m[0m resource "aws_eks_node_group" "this" {
TestEks 2023-10-04T09:36:57-04:00 logger.go:66:       [31m-[0m[0m ami_type               = "CUSTOM" [90m-> null[0m[0m
TestEks 2023-10-04T09:36:57-04:00 logger.go:66:       [31m-[0m[0m arn                    = "arn:aws:eks:us-east-1:177807608173:nodegroup/eks-runner-go-19867-demo/eks-runner-go-19867-20231004131047493200000012/02c57d67-fb19-0de5-8b14-3294f18ca1ab" [90m-> null[0m[0m
TestEks 2023-10-04T09:36:57-04:00 logger.go:66:       [31m-[0m[0m capacity_type          = "SPOT" [90m-> null[0m[0m
TestEks 2023-10-04T09:36:57-04:00 logger.go:66:       [31m-[0m[0m cluster_name           = "eks-runner-go-19867-demo" [90m-> null[0m[0m
TestEks 2023-10-04T09:36:57-04:00 logger.go:66:       [31m-[0m[0m disk_size              = 0 [90m-> null[0m[0m
TestEks 2023-10-04T09:36:57-04:00 logger.go:66:       [31m-[0m[0m force_update_version   = true [90m-> null[0m[0m
TestEks 2023-10-04T09:36:57-04:00 logger.go:66:       [31m-[0m[0m id                     = "eks-runner-go-19867-demo:eks-runner-go-19867-20231004131047493200000012" [90m-> null[0m[0m
TestEks 2023-10-04T09:36:57-04:00 logger.go:66:       [31m-[0m[0m instance_types         = [
TestEks 2023-10-04T09:36:57-04:00 logger.go:66:           [31m-[0m[0m "t3.medium",
TestEks 2023-10-04T09:36:57-04:00 logger.go:66:           [31m-[0m[0m "t3.large",
TestEks 2023-10-04T09:36:57-04:00 logger.go:66:         ] [90m-> null[0m[0m
TestEks 2023-10-04T09:36:57-04:00 logger.go:66:       [31m-[0m[0m labels                 = {} [90m-> null[0m[0m
TestEks 2023-10-04T09:36:57-04:00 logger.go:66:       [31m-[0m[0m node_group_name        = "eks-runner-go-19867-20231004131047493200000012" [90m-> null[0m[0m
TestEks 2023-10-04T09:36:57-04:00 logger.go:66:       [31m-[0m[0m node_group_name_prefix = "eks-runner-go-19867-" [90m-> null[0m[0m
TestEks 2023-10-04T09:36:57-04:00 logger.go:66:       [31m-[0m[0m node_role_arn          = "arn:aws:iam::177807608173:role/eks-runner-go-19867-eks-node-group-20231004130112916800000006" [90m-> null[0m[0m
TestEks 2023-10-04T09:36:57-04:00 logger.go:66:       [31m-[0m[0m release_version        = "ami-03f9ed6c9c41e7946" [90m-> null[0m[0m
TestEks 2023-10-04T09:36:57-04:00 logger.go:66:       [31m-[0m[0m resources              = [
TestEks 2023-10-04T09:36:57-04:00 logger.go:66:           [31m-[0m[0m {
TestEks 2023-10-04T09:36:57-04:00 logger.go:66:               [31m-[0m[0m autoscaling_groups              = [
TestEks 2023-10-04T09:36:57-04:00 logger.go:66:                   [31m-[0m[0m {
TestEks 2023-10-04T09:36:57-04:00 logger.go:66:                       [31m-[0m[0m name = "eks-eks-runner-go-19867-20231004131047493200000012-02c57d67-fb19-0de5-8b14-3294f18ca1ab"
TestEks 2023-10-04T09:36:57-04:00 logger.go:66:                     },
TestEks 2023-10-04T09:36:57-04:00 logger.go:66:                 ]
TestEks 2023-10-04T09:36:57-04:00 logger.go:66:               [31m-[0m[0m remote_access_security_group_id = ""
TestEks 2023-10-04T09:36:57-04:00 logger.go:66:             },
TestEks 2023-10-04T09:36:57-04:00 logger.go:66:         ] [90m-> null[0m[0m
TestEks 2023-10-04T09:36:57-04:00 logger.go:66:       [31m-[0m[0m status                 = "ACTIVE" [90m-> null[0m[0m
TestEks 2023-10-04T09:36:57-04:00 logger.go:66:       [31m-[0m[0m subnet_ids             = [
TestEks 2023-10-04T09:36:57-04:00 logger.go:66:           [31m-[0m[0m "subnet-04f0b7f2cfb8dc557",
TestEks 2023-10-04T09:36:57-04:00 logger.go:66:           [31m-[0m[0m "subnet-09e19a893c2cc8ccd",
TestEks 2023-10-04T09:36:57-04:00 logger.go:66:         ] [90m-> null[0m[0m
TestEks 2023-10-04T09:36:57-04:00 logger.go:66:       [31m-[0m[0m tags                   = {
TestEks 2023-10-04T09:36:57-04:00 logger.go:66:           [31m-[0m[0m "Name"          = "eks-runner-go-19867"
TestEks 2023-10-04T09:36:57-04:00 logger.go:66:           [31m-[0m[0m "Owner"         = "lucas.j.hughes@outlook.com"
TestEks 2023-10-04T09:36:57-04:00 logger.go:66:           [31m-[0m[0m "t_AppID"       = "SVC03377"
TestEks 2023-10-04T09:36:57-04:00 logger.go:66:           [31m-[0m[0m "t_dcl"         = "3"
TestEks 2023-10-04T09:36:57-04:00 logger.go:66:           [31m-[0m[0m "t_environment" = "DEMO"
TestEks 2023-10-04T09:36:57-04:00 logger.go:66:         } [90m-> null[0m[0m
TestEks 2023-10-04T09:36:57-04:00 logger.go:66:       [31m-[0m[0m tags_all               = {
TestEks 2023-10-04T09:36:57-04:00 logger.go:66:           [31m-[0m[0m "Name"          = "eks-runner-go-19867"
TestEks 2023-10-04T09:36:57-04:00 logger.go:66:           [31m-[0m[0m "Owner"         = "lucas.j.hughes@outlook.com"
TestEks 2023-10-04T09:36:57-04:00 logger.go:66:           [31m-[0m[0m "t_AppID"       = "SVC03377"
TestEks 2023-10-04T09:36:57-04:00 logger.go:66:           [31m-[0m[0m "t_dcl"         = "3"
TestEks 2023-10-04T09:36:57-04:00 logger.go:66:           [31m-[0m[0m "t_environment" = "DEMO"
TestEks 2023-10-04T09:36:57-04:00 logger.go:66:         } [90m-> null[0m[0m
TestEks 2023-10-04T09:36:57-04:00 logger.go:66:       [31m-[0m[0m version                = "1.27" [90m-> null[0m[0m
TestEks 2023-10-04T09:36:57-04:00 logger.go:66: 
TestEks 2023-10-04T09:36:57-04:00 logger.go:66:       [31m-[0m[0m launch_template {
TestEks 2023-10-04T09:36:57-04:00 logger.go:66:           [31m-[0m[0m id      = "lt-073f4ff19b3a6cfb8" [90m-> null[0m[0m
TestEks 2023-10-04T09:36:57-04:00 logger.go:66:           [31m-[0m[0m name    = "eks-gitlab-runner-20231004131047192000000010" [90m-> null[0m[0m
TestEks 2023-10-04T09:36:57-04:00 logger.go:66:           [31m-[0m[0m version = "1" [90m-> null[0m[0m
TestEks 2023-10-04T09:36:57-04:00 logger.go:66:         }
TestEks 2023-10-04T09:36:57-04:00 logger.go:66: 
TestEks 2023-10-04T09:36:57-04:00 logger.go:66:       [31m-[0m[0m scaling_config {
TestEks 2023-10-04T09:36:57-04:00 logger.go:66:           [31m-[0m[0m desired_size = 2 [90m-> null[0m[0m
TestEks 2023-10-04T09:36:57-04:00 logger.go:66:           [31m-[0m[0m max_size     = 7 [90m-> null[0m[0m
TestEks 2023-10-04T09:36:57-04:00 logger.go:66:           [31m-[0m[0m min_size     = 0 [90m-> null[0m[0m
TestEks 2023-10-04T09:36:57-04:00 logger.go:66:         }
TestEks 2023-10-04T09:36:57-04:00 logger.go:66: 
TestEks 2023-10-04T09:36:57-04:00 logger.go:66:       [31m-[0m[0m timeouts {}
TestEks 2023-10-04T09:36:57-04:00 logger.go:66: 
TestEks 2023-10-04T09:36:57-04:00 logger.go:66:       [31m-[0m[0m update_config {
TestEks 2023-10-04T09:36:57-04:00 logger.go:66:           [31m-[0m[0m max_unavailable            = 0 [90m-> null[0m[0m
TestEks 2023-10-04T09:36:57-04:00 logger.go:66:           [31m-[0m[0m max_unavailable_percentage = 33 [90m-> null[0m[0m
TestEks 2023-10-04T09:36:57-04:00 logger.go:66:         }
TestEks 2023-10-04T09:36:57-04:00 logger.go:66:     }
TestEks 2023-10-04T09:36:57-04:00 logger.go:66: 
TestEks 2023-10-04T09:36:57-04:00 logger.go:66: [1m  # module.existing_vpc_eks_runner.module.eks.module.eks_managed_node_group["eks-gitlab-runner"].aws_iam_role.this[0][0m will be [1m[31mdestroyed[0m
TestEks 2023-10-04T09:36:57-04:00 logger.go:66: [0m  [31m-[0m[0m resource "aws_iam_role" "this" {
TestEks 2023-10-04T09:36:57-04:00 logger.go:66:       [31m-[0m[0m arn                   = "arn:aws:iam::177807608173:role/eks-runner-go-19867-eks-node-group-20231004130112916800000006" [90m-> null[0m[0m
TestEks 2023-10-04T09:36:57-04:00 logger.go:66:       [31m-[0m[0m assume_role_policy    = jsonencode(
TestEks 2023-10-04T09:36:57-04:00 logger.go:66:             {
TestEks 2023-10-04T09:36:57-04:00 logger.go:66:               [31m-[0m[0m Statement = [
TestEks 2023-10-04T09:36:57-04:00 logger.go:66:                   [31m-[0m[0m {
TestEks 2023-10-04T09:36:57-04:00 logger.go:66:                       [31m-[0m[0m Action    = "sts:AssumeRole"
TestEks 2023-10-04T09:36:57-04:00 logger.go:66:                       [31m-[0m[0m Effect    = "Allow"
TestEks 2023-10-04T09:36:57-04:00 logger.go:66:                       [31m-[0m[0m Principal = {
TestEks 2023-10-04T09:36:57-04:00 logger.go:66:                           [31m-[0m[0m Service = "ec2.amazonaws.com"
TestEks 2023-10-04T09:36:57-04:00 logger.go:66:                         }
TestEks 2023-10-04T09:36:57-04:00 logger.go:66:                       [31m-[0m[0m Sid       = "EKSNodeAssumeRole"
TestEks 2023-10-04T09:36:57-04:00 logger.go:66:                     },
TestEks 2023-10-04T09:36:57-04:00 logger.go:66:                 ]
TestEks 2023-10-04T09:36:57-04:00 logger.go:66:               [31m-[0m[0m Version   = "2012-10-17"
TestEks 2023-10-04T09:36:57-04:00 logger.go:66:             }
TestEks 2023-10-04T09:36:57-04:00 logger.go:66:         ) [90m-> null[0m[0m
TestEks 2023-10-04T09:36:57-04:00 logger.go:66:       [31m-[0m[0m create_date           = "2023-10-04T13:01:12Z" [90m-> null[0m[0m
TestEks 2023-10-04T09:36:57-04:00 logger.go:66:       [31m-[0m[0m description           = "EKS managed node group IAM role" [90m-> null[0m[0m
TestEks 2023-10-04T09:36:57-04:00 logger.go:66:       [31m-[0m[0m force_detach_policies = true [90m-> null[0m[0m
TestEks 2023-10-04T09:36:57-04:00 logger.go:66:       [31m-[0m[0m id                    = "eks-runner-go-19867-eks-node-group-20231004130112916800000006" [90m-> null[0m[0m
TestEks 2023-10-04T09:36:57-04:00 logger.go:66:       [31m-[0m[0m managed_policy_arns   = [
TestEks 2023-10-04T09:36:57-04:00 logger.go:66:           [31m-[0m[0m "arn:aws:iam::aws:policy/AmazonEC2ContainerRegistryReadOnly",
TestEks 2023-10-04T09:36:57-04:00 logger.go:66:           [31m-[0m[0m "arn:aws:iam::aws:policy/AmazonEKSWorkerNodePolicy",
TestEks 2023-10-04T09:36:57-04:00 logger.go:66:           [31m-[0m[0m "arn:aws:iam::aws:policy/AmazonEKS_CNI_Policy",
TestEks 2023-10-04T09:36:57-04:00 logger.go:66:           [31m-[0m[0m "arn:aws:iam::aws:policy/AmazonSSMManagedInstanceCore",
TestEks 2023-10-04T09:36:57-04:00 logger.go:66:           [31m-[0m[0m "arn:aws:iam::aws:policy/job-function/SystemAdministrator",
TestEks 2023-10-04T09:36:57-04:00 logger.go:66:         ] [90m-> null[0m[0m
TestEks 2023-10-04T09:36:57-04:00 logger.go:66:       [31m-[0m[0m max_session_duration  = 3600 [90m-> null[0m[0m
TestEks 2023-10-04T09:36:57-04:00 logger.go:66:       [31m-[0m[0m name                  = "eks-runner-go-19867-eks-node-group-20231004130112916800000006" [90m-> null[0m[0m
TestEks 2023-10-04T09:36:57-04:00 logger.go:66:       [31m-[0m[0m name_prefix           = "eks-runner-go-19867-eks-node-group-" [90m-> null[0m[0m
TestEks 2023-10-04T09:36:57-04:00 logger.go:66:       [31m-[0m[0m path                  = "/" [90m-> null[0m[0m
TestEks 2023-10-04T09:36:57-04:00 logger.go:66:       [31m-[0m[0m tags                  = {
TestEks 2023-10-04T09:36:57-04:00 logger.go:66:           [31m-[0m[0m "Owner"         = "lucas.j.hughes@outlook.com"
TestEks 2023-10-04T09:36:57-04:00 logger.go:66:           [31m-[0m[0m "t_AppID"       = "SVC03377"
TestEks 2023-10-04T09:36:57-04:00 logger.go:66:           [31m-[0m[0m "t_dcl"         = "3"
TestEks 2023-10-04T09:36:57-04:00 logger.go:66:           [31m-[0m[0m "t_environment" = "DEMO"
TestEks 2023-10-04T09:36:57-04:00 logger.go:66:         } [90m-> null[0m[0m
TestEks 2023-10-04T09:36:57-04:00 logger.go:66:       [31m-[0m[0m tags_all              = {
TestEks 2023-10-04T09:36:57-04:00 logger.go:66:           [31m-[0m[0m "Owner"         = "lucas.j.hughes@outlook.com"
TestEks 2023-10-04T09:36:57-04:00 logger.go:66:           [31m-[0m[0m "t_AppID"       = "SVC03377"
TestEks 2023-10-04T09:36:57-04:00 logger.go:66:           [31m-[0m[0m "t_dcl"         = "3"
TestEks 2023-10-04T09:36:57-04:00 logger.go:66:           [31m-[0m[0m "t_environment" = "DEMO"
TestEks 2023-10-04T09:36:57-04:00 logger.go:66:         } [90m-> null[0m[0m
TestEks 2023-10-04T09:36:57-04:00 logger.go:66:       [31m-[0m[0m unique_id             = "AROASSZRIZFW5CED557TM" [90m-> null[0m[0m
TestEks 2023-10-04T09:36:57-04:00 logger.go:66:     }
TestEks 2023-10-04T09:36:57-04:00 logger.go:66: 
TestEks 2023-10-04T09:36:57-04:00 logger.go:66: [1m  # module.existing_vpc_eks_runner.module.eks.module.eks_managed_node_group["eks-gitlab-runner"].aws_iam_role_policy_attachment.additional["AmazonEC2ContainerRegistryReadOnly"][0m will be [1m[31mdestroyed[0m
TestEks 2023-10-04T09:36:57-04:00 logger.go:66: [0m  [31m-[0m[0m resource "aws_iam_role_policy_attachment" "additional" {
TestEks 2023-10-04T09:36:57-04:00 logger.go:66:       [31m-[0m[0m id         = "eks-runner-go-19867-eks-node-group-20231004130112916800000006-2023100413011354420000000c" [90m-> null[0m[0m
TestEks 2023-10-04T09:36:57-04:00 logger.go:66:       [31m-[0m[0m policy_arn = "arn:aws:iam::aws:policy/AmazonEC2ContainerRegistryReadOnly" [90m-> null[0m[0m
TestEks 2023-10-04T09:36:57-04:00 logger.go:66:       [31m-[0m[0m role       = "eks-runner-go-19867-eks-node-group-20231004130112916800000006" [90m-> null[0m[0m
TestEks 2023-10-04T09:36:57-04:00 logger.go:66:     }
TestEks 2023-10-04T09:36:57-04:00 logger.go:66: 
TestEks 2023-10-04T09:36:57-04:00 logger.go:66: [1m  # module.existing_vpc_eks_runner.module.eks.module.eks_managed_node_group["eks-gitlab-runner"].aws_iam_role_policy_attachment.additional["additional_policy"][0m will be [1m[31mdestroyed[0m
TestEks 2023-10-04T09:36:57-04:00 logger.go:66: [0m  [31m-[0m[0m resource "aws_iam_role_policy_attachment" "additional" {
TestEks 2023-10-04T09:36:57-04:00 logger.go:66:       [31m-[0m[0m id         = "eks-runner-go-19867-eks-node-group-20231004130112916800000006-2023100413011352420000000a" [90m-> null[0m[0m
TestEks 2023-10-04T09:36:57-04:00 logger.go:66:       [31m-[0m[0m policy_arn = "arn:aws:iam::aws:policy/job-function/SystemAdministrator" [90m-> null[0m[0m
TestEks 2023-10-04T09:36:57-04:00 logger.go:66:       [31m-[0m[0m role       = "eks-runner-go-19867-eks-node-group-20231004130112916800000006" [90m-> null[0m[0m
TestEks 2023-10-04T09:36:57-04:00 logger.go:66:     }
TestEks 2023-10-04T09:36:57-04:00 logger.go:66: 
TestEks 2023-10-04T09:36:57-04:00 logger.go:66: [1m  # module.existing_vpc_eks_runner.module.eks.module.eks_managed_node_group["eks-gitlab-runner"].aws_iam_role_policy_attachment.additional["ssm"][0m will be [1m[31mdestroyed[0m
TestEks 2023-10-04T09:36:57-04:00 logger.go:66: [0m  [31m-[0m[0m resource "aws_iam_role_policy_attachment" "additional" {
TestEks 2023-10-04T09:36:57-04:00 logger.go:66:       [31m-[0m[0m id         = "eks-runner-go-19867-eks-node-group-20231004130112916800000006-20231004130113382900000008" [90m-> null[0m[0m
TestEks 2023-10-04T09:36:57-04:00 logger.go:66:       [31m-[0m[0m policy_arn = "arn:aws:iam::aws:policy/AmazonSSMManagedInstanceCore" [90m-> null[0m[0m
TestEks 2023-10-04T09:36:57-04:00 logger.go:66:       [31m-[0m[0m role       = "eks-runner-go-19867-eks-node-group-20231004130112916800000006" [90m-> null[0m[0m
TestEks 2023-10-04T09:36:57-04:00 logger.go:66:     }
TestEks 2023-10-04T09:36:57-04:00 logger.go:66: 
TestEks 2023-10-04T09:36:57-04:00 logger.go:66: [1m  # module.existing_vpc_eks_runner.module.eks.module.eks_managed_node_group["eks-gitlab-runner"].aws_iam_role_policy_attachment.this["arn:aws:iam::aws:policy/AmazonEC2ContainerRegistryReadOnly"][0m will be [1m[31mdestroyed[0m
TestEks 2023-10-04T09:36:57-04:00 logger.go:66: [0m  [31m-[0m[0m resource "aws_iam_role_policy_attachment" "this" {
TestEks 2023-10-04T09:36:57-04:00 logger.go:66:       [31m-[0m[0m id         = "eks-runner-go-19867-eks-node-group-20231004130112916800000006-20231004130113353700000007" [90m-> null[0m[0m
TestEks 2023-10-04T09:36:57-04:00 logger.go:66:       [31m-[0m[0m policy_arn = "arn:aws:iam::aws:policy/AmazonEC2ContainerRegistryReadOnly" [90m-> null[0m[0m
TestEks 2023-10-04T09:36:57-04:00 logger.go:66:       [31m-[0m[0m role       = "eks-runner-go-19867-eks-node-group-20231004130112916800000006" [90m-> null[0m[0m
TestEks 2023-10-04T09:36:57-04:00 logger.go:66:     }
TestEks 2023-10-04T09:36:57-04:00 logger.go:66: 
TestEks 2023-10-04T09:36:57-04:00 logger.go:66: [1m  # module.existing_vpc_eks_runner.module.eks.module.eks_managed_node_group["eks-gitlab-runner"].aws_iam_role_policy_attachment.this["arn:aws:iam::aws:policy/AmazonEKSWorkerNodePolicy"][0m will be [1m[31mdestroyed[0m
TestEks 2023-10-04T09:36:57-04:00 logger.go:66: [0m  [31m-[0m[0m resource "aws_iam_role_policy_attachment" "this" {
TestEks 2023-10-04T09:36:57-04:00 logger.go:66:       [31m-[0m[0m id         = "eks-runner-go-19867-eks-node-group-20231004130112916800000006-2023100413011353900000000b" [90m-> null[0m[0m
TestEks 2023-10-04T09:36:57-04:00 logger.go:66:       [31m-[0m[0m policy_arn = "arn:aws:iam::aws:policy/AmazonEKSWorkerNodePolicy" [90m-> null[0m[0m
TestEks 2023-10-04T09:36:57-04:00 logger.go:66:       [31m-[0m[0m role       = "eks-runner-go-19867-eks-node-group-20231004130112916800000006" [90m-> null[0m[0m
TestEks 2023-10-04T09:36:57-04:00 logger.go:66:     }
TestEks 2023-10-04T09:36:57-04:00 logger.go:66: 
TestEks 2023-10-04T09:36:57-04:00 logger.go:66: [1m  # module.existing_vpc_eks_runner.module.eks.module.eks_managed_node_group["eks-gitlab-runner"].aws_iam_role_policy_attachment.this["arn:aws:iam::aws:policy/AmazonEKS_CNI_Policy"][0m will be [1m[31mdestroyed[0m
TestEks 2023-10-04T09:36:57-04:00 logger.go:66: [0m  [31m-[0m[0m resource "aws_iam_role_policy_attachment" "this" {
TestEks 2023-10-04T09:36:57-04:00 logger.go:66:       [31m-[0m[0m id         = "eks-runner-go-19867-eks-node-group-20231004130112916800000006-20231004130113461900000009" [90m-> null[0m[0m
TestEks 2023-10-04T09:36:57-04:00 logger.go:66:       [31m-[0m[0m policy_arn = "arn:aws:iam::aws:policy/AmazonEKS_CNI_Policy" [90m-> null[0m[0m
TestEks 2023-10-04T09:36:57-04:00 logger.go:66:       [31m-[0m[0m role       = "eks-runner-go-19867-eks-node-group-20231004130112916800000006" [90m-> null[0m[0m
TestEks 2023-10-04T09:36:57-04:00 logger.go:66:     }
TestEks 2023-10-04T09:36:57-04:00 logger.go:66: 
TestEks 2023-10-04T09:36:57-04:00 logger.go:66: [1m  # module.existing_vpc_eks_runner.module.eks.module.eks_managed_node_group["eks-gitlab-runner"].aws_launch_template.this[0][0m will be [1m[31mdestroyed[0m
TestEks 2023-10-04T09:36:57-04:00 logger.go:66: [0m  [31m-[0m[0m resource "aws_launch_template" "this" {
TestEks 2023-10-04T09:36:57-04:00 logger.go:66:       [31m-[0m[0m arn                     = "arn:aws:ec2:us-east-1:177807608173:launch-template/lt-073f4ff19b3a6cfb8" [90m-> null[0m[0m
TestEks 2023-10-04T09:36:57-04:00 logger.go:66:       [31m-[0m[0m default_version         = 1 [90m-> null[0m[0m
TestEks 2023-10-04T09:36:57-04:00 logger.go:66:       [31m-[0m[0m description             = "Custom launch template for eks-runner-go-19867 EKS managed node group" [90m-> null[0m[0m
TestEks 2023-10-04T09:36:57-04:00 logger.go:66:       [31m-[0m[0m disable_api_stop        = false [90m-> null[0m[0m
TestEks 2023-10-04T09:36:57-04:00 logger.go:66:       [31m-[0m[0m disable_api_termination = false [90m-> null[0m[0m
TestEks 2023-10-04T09:36:57-04:00 logger.go:66:       [31m-[0m[0m ebs_optimized           = "true" [90m-> null[0m[0m
TestEks 2023-10-04T09:36:57-04:00 logger.go:66:       [31m-[0m[0m id                      = "lt-073f4ff19b3a6cfb8" [90m-> null[0m[0m
TestEks 2023-10-04T09:36:57-04:00 logger.go:66:       [31m-[0m[0m image_id                = "ami-03f9ed6c9c41e7946" [90m-> null[0m[0m
TestEks 2023-10-04T09:36:57-04:00 logger.go:66:       [31m-[0m[0m latest_version          = 1 [90m-> null[0m[0m
TestEks 2023-10-04T09:36:57-04:00 logger.go:66:       [31m-[0m[0m name                    = "eks-gitlab-runner-20231004131047192000000010" [90m-> null[0m[0m
TestEks 2023-10-04T09:36:57-04:00 logger.go:66:       [31m-[0m[0m name_prefix             = "eks-gitlab-runner-" [90m-> null[0m[0m
TestEks 2023-10-04T09:36:57-04:00 logger.go:66:       [31m-[0m[0m security_group_names    = [] [90m-> null[0m[0m
TestEks 2023-10-04T09:36:57-04:00 logger.go:66:       [31m-[0m[0m tags                    = {
TestEks 2023-10-04T09:36:57-04:00 logger.go:66:           [31m-[0m[0m "Owner"         = "lucas.j.hughes@outlook.com"
TestEks 2023-10-04T09:36:57-04:00 logger.go:66:           [31m-[0m[0m "t_AppID"       = "SVC03377"
TestEks 2023-10-04T09:36:57-04:00 logger.go:66:           [31m-[0m[0m "t_dcl"         = "3"
TestEks 2023-10-04T09:36:57-04:00 logger.go:66:           [31m-[0m[0m "t_environment" = "DEMO"
TestEks 2023-10-04T09:36:57-04:00 logger.go:66:         } [90m-> null[0m[0m
TestEks 2023-10-04T09:36:57-04:00 logger.go:66:       [31m-[0m[0m tags_all                = {
TestEks 2023-10-04T09:36:57-04:00 logger.go:66:           [31m-[0m[0m "Owner"         = "lucas.j.hughes@outlook.com"
TestEks 2023-10-04T09:36:57-04:00 logger.go:66:           [31m-[0m[0m "t_AppID"       = "SVC03377"
TestEks 2023-10-04T09:36:57-04:00 logger.go:66:           [31m-[0m[0m "t_dcl"         = "3"
TestEks 2023-10-04T09:36:57-04:00 logger.go:66:           [31m-[0m[0m "t_environment" = "DEMO"
TestEks 2023-10-04T09:36:57-04:00 logger.go:66:         } [90m-> null[0m[0m
TestEks 2023-10-04T09:36:57-04:00 logger.go:66:       [31m-[0m[0m update_default_version  = true [90m-> null[0m[0m
TestEks 2023-10-04T09:36:57-04:00 logger.go:66:       [31m-[0m[0m user_data               = (sensitive value) [90m-> null[0m[0m
TestEks 2023-10-04T09:36:57-04:00 logger.go:66:       [31m-[0m[0m vpc_security_group_ids  = [
TestEks 2023-10-04T09:36:57-04:00 logger.go:66:           [31m-[0m[0m "sg-0ad7cfd5af856e460",
TestEks 2023-10-04T09:36:57-04:00 logger.go:66:         ] [90m-> null[0m[0m
TestEks 2023-10-04T09:36:57-04:00 logger.go:66: 
TestEks 2023-10-04T09:36:57-04:00 logger.go:66:       [31m-[0m[0m block_device_mappings {
TestEks 2023-10-04T09:36:57-04:00 logger.go:66:           [31m-[0m[0m device_name = "/dev/xvda" [90m-> null[0m[0m
TestEks 2023-10-04T09:36:57-04:00 logger.go:66: 
TestEks 2023-10-04T09:36:57-04:00 logger.go:66:           [31m-[0m[0m ebs {
TestEks 2023-10-04T09:36:57-04:00 logger.go:66:               [31m-[0m[0m delete_on_termination = "true" [90m-> null[0m[0m
TestEks 2023-10-04T09:36:57-04:00 logger.go:66:               [31m-[0m[0m encrypted             = "true" [90m-> null[0m[0m
TestEks 2023-10-04T09:36:57-04:00 logger.go:66:               [31m-[0m[0m iops                  = 3000 [90m-> null[0m[0m
TestEks 2023-10-04T09:36:57-04:00 logger.go:66:               [31m-[0m[0m throughput            = 150 [90m-> null[0m[0m
TestEks 2023-10-04T09:36:57-04:00 logger.go:66:               [31m-[0m[0m volume_size           = 30 [90m-> null[0m[0m
TestEks 2023-10-04T09:36:57-04:00 logger.go:66:               [31m-[0m[0m volume_type           = "gp3" [90m-> null[0m[0m
TestEks 2023-10-04T09:36:57-04:00 logger.go:66:             }
TestEks 2023-10-04T09:36:57-04:00 logger.go:66:         }
TestEks 2023-10-04T09:36:57-04:00 logger.go:66: 
TestEks 2023-10-04T09:36:57-04:00 logger.go:66:       [31m-[0m[0m metadata_options {
TestEks 2023-10-04T09:36:57-04:00 logger.go:66:           [31m-[0m[0m http_endpoint               = "enabled" [90m-> null[0m[0m
TestEks 2023-10-04T09:36:57-04:00 logger.go:66:           [31m-[0m[0m http_put_response_hop_limit = 2 [90m-> null[0m[0m
TestEks 2023-10-04T09:36:57-04:00 logger.go:66:           [31m-[0m[0m http_tokens                 = "required" [90m-> null[0m[0m
TestEks 2023-10-04T09:36:57-04:00 logger.go:66:           [31m-[0m[0m instance_metadata_tags      = "enabled" [90m-> null[0m[0m
TestEks 2023-10-04T09:36:57-04:00 logger.go:66:         }
TestEks 2023-10-04T09:36:57-04:00 logger.go:66: 
TestEks 2023-10-04T09:36:57-04:00 logger.go:66:       [31m-[0m[0m monitoring {
TestEks 2023-10-04T09:36:57-04:00 logger.go:66:           [31m-[0m[0m enabled = true [90m-> null[0m[0m
TestEks 2023-10-04T09:36:57-04:00 logger.go:66:         }
TestEks 2023-10-04T09:36:57-04:00 logger.go:66: 
TestEks 2023-10-04T09:36:57-04:00 logger.go:66:       [31m-[0m[0m tag_specifications {
TestEks 2023-10-04T09:36:57-04:00 logger.go:66:           [31m-[0m[0m resource_type = "instance" [90m-> null[0m[0m
TestEks 2023-10-04T09:36:57-04:00 logger.go:66:           [31m-[0m[0m tags          = {
TestEks 2023-10-04T09:36:57-04:00 logger.go:66:               [31m-[0m[0m "Name"          = "eks-runner-go-19867"
TestEks 2023-10-04T09:36:57-04:00 logger.go:66:               [31m-[0m[0m "Owner"         = "lucas.j.hughes@outlook.com"
TestEks 2023-10-04T09:36:57-04:00 logger.go:66:               [31m-[0m[0m "t_AppID"       = "SVC03377"
TestEks 2023-10-04T09:36:57-04:00 logger.go:66:               [31m-[0m[0m "t_dcl"         = "3"
TestEks 2023-10-04T09:36:57-04:00 logger.go:66:               [31m-[0m[0m "t_environment" = "DEMO"
TestEks 2023-10-04T09:36:57-04:00 logger.go:66:             } [90m-> null[0m[0m
TestEks 2023-10-04T09:36:57-04:00 logger.go:66:         }
TestEks 2023-10-04T09:36:57-04:00 logger.go:66:       [31m-[0m[0m tag_specifications {
TestEks 2023-10-04T09:36:57-04:00 logger.go:66:           [31m-[0m[0m resource_type = "network-interface" [90m-> null[0m[0m
TestEks 2023-10-04T09:36:57-04:00 logger.go:66:           [31m-[0m[0m tags          = {
TestEks 2023-10-04T09:36:57-04:00 logger.go:66:               [31m-[0m[0m "Name"          = "eks-runner-go-19867"
TestEks 2023-10-04T09:36:57-04:00 logger.go:66:               [31m-[0m[0m "Owner"         = "lucas.j.hughes@outlook.com"
TestEks 2023-10-04T09:36:57-04:00 logger.go:66:               [31m-[0m[0m "t_AppID"       = "SVC03377"
TestEks 2023-10-04T09:36:57-04:00 logger.go:66:               [31m-[0m[0m "t_dcl"         = "3"
TestEks 2023-10-04T09:36:57-04:00 logger.go:66:               [31m-[0m[0m "t_environment" = "DEMO"
TestEks 2023-10-04T09:36:57-04:00 logger.go:66:             } [90m-> null[0m[0m
TestEks 2023-10-04T09:36:57-04:00 logger.go:66:         }
TestEks 2023-10-04T09:36:57-04:00 logger.go:66:       [31m-[0m[0m tag_specifications {
TestEks 2023-10-04T09:36:57-04:00 logger.go:66:           [31m-[0m[0m resource_type = "volume" [90m-> null[0m[0m
TestEks 2023-10-04T09:36:57-04:00 logger.go:66:           [31m-[0m[0m tags          = {
TestEks 2023-10-04T09:36:57-04:00 logger.go:66:               [31m-[0m[0m "Name"          = "eks-runner-go-19867"
TestEks 2023-10-04T09:36:57-04:00 logger.go:66:               [31m-[0m[0m "Owner"         = "lucas.j.hughes@outlook.com"
TestEks 2023-10-04T09:36:57-04:00 logger.go:66:               [31m-[0m[0m "t_AppID"       = "SVC03377"
TestEks 2023-10-04T09:36:57-04:00 logger.go:66:               [31m-[0m[0m "t_dcl"         = "3"
TestEks 2023-10-04T09:36:57-04:00 logger.go:66:               [31m-[0m[0m "t_environment" = "DEMO"
TestEks 2023-10-04T09:36:57-04:00 logger.go:66:             } [90m-> null[0m[0m
TestEks 2023-10-04T09:36:57-04:00 logger.go:66:         }
TestEks 2023-10-04T09:36:57-04:00 logger.go:66:     }
TestEks 2023-10-04T09:36:57-04:00 logger.go:66: 
TestEks 2023-10-04T09:36:57-04:00 logger.go:66: [1m  # module.existing_vpc_eks_runner.module.eks.module.kms.aws_kms_alias.this["cluster"][0m will be [1m[31mdestroyed[0m
TestEks 2023-10-04T09:36:57-04:00 logger.go:66: [0m  [31m-[0m[0m resource "aws_kms_alias" "this" {
TestEks 2023-10-04T09:36:57-04:00 logger.go:66:       [31m-[0m[0m arn            = "arn:aws:kms:us-east-1:177807608173:alias/eks/eks-runner-go-19867-demo" [90m-> null[0m[0m
TestEks 2023-10-04T09:36:57-04:00 logger.go:66:       [31m-[0m[0m id             = "alias/eks/eks-runner-go-19867-demo" [90m-> null[0m[0m
TestEks 2023-10-04T09:36:57-04:00 logger.go:66:       [31m-[0m[0m name           = "alias/eks/eks-runner-go-19867-demo" [90m-> null[0m[0m
TestEks 2023-10-04T09:36:57-04:00 logger.go:66:       [31m-[0m[0m target_key_arn = "arn:aws:kms:us-east-1:177807608173:key/65a4d840-38e9-42ed-95ad-03f29f5e57d2" [90m-> null[0m[0m
TestEks 2023-10-04T09:36:57-04:00 logger.go:66:       [31m-[0m[0m target_key_id  = "65a4d840-38e9-42ed-95ad-03f29f5e57d2" [90m-> null[0m[0m
TestEks 2023-10-04T09:36:57-04:00 logger.go:66:     }
TestEks 2023-10-04T09:36:57-04:00 logger.go:66: 
TestEks 2023-10-04T09:36:57-04:00 logger.go:66: [1m  # module.existing_vpc_eks_runner.module.eks.module.kms.aws_kms_key.this[0][0m will be [1m[31mdestroyed[0m
TestEks 2023-10-04T09:36:57-04:00 logger.go:66: [0m  [31m-[0m[0m resource "aws_kms_key" "this" {
TestEks 2023-10-04T09:36:57-04:00 logger.go:66:       [31m-[0m[0m arn                                = "arn:aws:kms:us-east-1:177807608173:key/65a4d840-38e9-42ed-95ad-03f29f5e57d2" [90m-> null[0m[0m
TestEks 2023-10-04T09:36:57-04:00 logger.go:66:       [31m-[0m[0m bypass_policy_lockout_safety_check = false [90m-> null[0m[0m
TestEks 2023-10-04T09:36:57-04:00 logger.go:66:       [31m-[0m[0m customer_master_key_spec           = "SYMMETRIC_DEFAULT" [90m-> null[0m[0m
TestEks 2023-10-04T09:36:57-04:00 logger.go:66:       [31m-[0m[0m description                        = "eks-runner-go-19867-demo cluster encryption key" [90m-> null[0m[0m
TestEks 2023-10-04T09:36:57-04:00 logger.go:66:       [31m-[0m[0m enable_key_rotation                = true [90m-> null[0m[0m
TestEks 2023-10-04T09:36:57-04:00 logger.go:66:       [31m-[0m[0m id                                 = "65a4d840-38e9-42ed-95ad-03f29f5e57d2" [90m-> null[0m[0m
TestEks 2023-10-04T09:36:57-04:00 logger.go:66:       [31m-[0m[0m is_enabled                         = true [90m-> null[0m[0m
TestEks 2023-10-04T09:36:57-04:00 logger.go:66:       [31m-[0m[0m key_id                             = "65a4d840-38e9-42ed-95ad-03f29f5e57d2" [90m-> null[0m[0m
TestEks 2023-10-04T09:36:57-04:00 logger.go:66:       [31m-[0m[0m key_usage                          = "ENCRYPT_DECRYPT" [90m-> null[0m[0m
TestEks 2023-10-04T09:36:57-04:00 logger.go:66:       [31m-[0m[0m multi_region                       = false [90m-> null[0m[0m
TestEks 2023-10-04T09:36:57-04:00 logger.go:66:       [31m-[0m[0m policy                             = jsonencode(
TestEks 2023-10-04T09:36:57-04:00 logger.go:66:             {
TestEks 2023-10-04T09:36:57-04:00 logger.go:66:               [31m-[0m[0m Statement = [
TestEks 2023-10-04T09:36:57-04:00 logger.go:66:                   [31m-[0m[0m {
TestEks 2023-10-04T09:36:57-04:00 logger.go:66:                       [31m-[0m[0m Action    = [
TestEks 2023-10-04T09:36:57-04:00 logger.go:66:                           [31m-[0m[0m "kms:Update*",
TestEks 2023-10-04T09:36:57-04:00 logger.go:66:                           [31m-[0m[0m "kms:UntagResource",
TestEks 2023-10-04T09:36:57-04:00 logger.go:66:                           [31m-[0m[0m "kms:TagResource",
TestEks 2023-10-04T09:36:57-04:00 logger.go:66:                           [31m-[0m[0m "kms:ScheduleKeyDeletion",
TestEks 2023-10-04T09:36:57-04:00 logger.go:66:                           [31m-[0m[0m "kms:Revoke*",
TestEks 2023-10-04T09:36:57-04:00 logger.go:66:                           [31m-[0m[0m "kms:Put*",
TestEks 2023-10-04T09:36:57-04:00 logger.go:66:                           [31m-[0m[0m "kms:List*",
TestEks 2023-10-04T09:36:57-04:00 logger.go:66:                           [31m-[0m[0m "kms:Get*",
TestEks 2023-10-04T09:36:57-04:00 logger.go:66:                           [31m-[0m[0m "kms:Enable*",
TestEks 2023-10-04T09:36:57-04:00 logger.go:66:                           [31m-[0m[0m "kms:Disable*",
TestEks 2023-10-04T09:36:57-04:00 logger.go:66:                           [31m-[0m[0m "kms:Describe*",
TestEks 2023-10-04T09:36:57-04:00 logger.go:66:                           [31m-[0m[0m "kms:Delete*",
TestEks 2023-10-04T09:36:57-04:00 logger.go:66:                           [31m-[0m[0m "kms:Create*",
TestEks 2023-10-04T09:36:57-04:00 logger.go:66:                           [31m-[0m[0m "kms:CancelKeyDeletion",
TestEks 2023-10-04T09:36:57-04:00 logger.go:66:                         ]
TestEks 2023-10-04T09:36:57-04:00 logger.go:66:                       [31m-[0m[0m Effect    = "Allow"
TestEks 2023-10-04T09:36:57-04:00 logger.go:66:                       [31m-[0m[0m Principal = {
TestEks 2023-10-04T09:36:57-04:00 logger.go:66:                           [31m-[0m[0m AWS = "arn:aws:iam::177807608173:role/PCMPowerUser"
TestEks 2023-10-04T09:36:57-04:00 logger.go:66:                         }
TestEks 2023-10-04T09:36:57-04:00 logger.go:66:                       [31m-[0m[0m Resource  = "*"
TestEks 2023-10-04T09:36:57-04:00 logger.go:66:                       [31m-[0m[0m Sid       = "KeyAdministration"
TestEks 2023-10-04T09:36:57-04:00 logger.go:66:                     },
TestEks 2023-10-04T09:36:57-04:00 logger.go:66:                   [31m-[0m[0m {
TestEks 2023-10-04T09:36:57-04:00 logger.go:66:                       [31m-[0m[0m Action    = [
TestEks 2023-10-04T09:36:57-04:00 logger.go:66:                           [31m-[0m[0m "kms:ReEncrypt*",
TestEks 2023-10-04T09:36:57-04:00 logger.go:66:                           [31m-[0m[0m "kms:GenerateDataKey*",
TestEks 2023-10-04T09:36:57-04:00 logger.go:66:                           [31m-[0m[0m "kms:Encrypt",
TestEks 2023-10-04T09:36:57-04:00 logger.go:66:                           [31m-[0m[0m "kms:DescribeKey",
TestEks 2023-10-04T09:36:57-04:00 logger.go:66:                           [31m-[0m[0m "kms:Decrypt",
TestEks 2023-10-04T09:36:57-04:00 logger.go:66:                         ]
TestEks 2023-10-04T09:36:57-04:00 logger.go:66:                       [31m-[0m[0m Effect    = "Allow"
TestEks 2023-10-04T09:36:57-04:00 logger.go:66:                       [31m-[0m[0m Principal = {
TestEks 2023-10-04T09:36:57-04:00 logger.go:66:                           [31m-[0m[0m AWS = "arn:aws:iam::177807608173:role/eks-runner-go-19867-demo-cluster-20231004130058821700000001"
TestEks 2023-10-04T09:36:57-04:00 logger.go:66:                         }
TestEks 2023-10-04T09:36:57-04:00 logger.go:66:                       [31m-[0m[0m Resource  = "*"
TestEks 2023-10-04T09:36:57-04:00 logger.go:66:                       [31m-[0m[0m Sid       = "KeyUsage"
TestEks 2023-10-04T09:36:57-04:00 logger.go:66:                     },
TestEks 2023-10-04T09:36:57-04:00 logger.go:66:                 ]
TestEks 2023-10-04T09:36:57-04:00 logger.go:66:               [31m-[0m[0m Version   = "2012-10-17"
TestEks 2023-10-04T09:36:57-04:00 logger.go:66:             }
TestEks 2023-10-04T09:36:57-04:00 logger.go:66:         ) [90m-> null[0m[0m
TestEks 2023-10-04T09:36:57-04:00 logger.go:66:       [31m-[0m[0m tags                               = {
TestEks 2023-10-04T09:36:57-04:00 logger.go:66:           [31m-[0m[0m "Owner"         = "lucas.j.hughes@outlook.com"
TestEks 2023-10-04T09:36:57-04:00 logger.go:66:           [31m-[0m[0m "t_AppID"       = "SVC03377"
TestEks 2023-10-04T09:36:57-04:00 logger.go:66:           [31m-[0m[0m "t_dcl"         = "3"
TestEks 2023-10-04T09:36:57-04:00 logger.go:66:           [31m-[0m[0m "t_environment" = "DEMO"
TestEks 2023-10-04T09:36:57-04:00 logger.go:66:         } [90m-> null[0m[0m
TestEks 2023-10-04T09:36:57-04:00 logger.go:66:       [31m-[0m[0m tags_all                           = {
TestEks 2023-10-04T09:36:57-04:00 logger.go:66:           [31m-[0m[0m "Owner"         = "lucas.j.hughes@outlook.com"
TestEks 2023-10-04T09:36:57-04:00 logger.go:66:           [31m-[0m[0m "t_AppID"       = "SVC03377"
TestEks 2023-10-04T09:36:57-04:00 logger.go:66:           [31m-[0m[0m "t_dcl"         = "3"
TestEks 2023-10-04T09:36:57-04:00 logger.go:66:           [31m-[0m[0m "t_environment" = "DEMO"
TestEks 2023-10-04T09:36:57-04:00 logger.go:66:         } [90m-> null[0m[0m
TestEks 2023-10-04T09:36:57-04:00 logger.go:66:     }
TestEks 2023-10-04T09:36:57-04:00 logger.go:66: 
TestEks 2023-10-04T09:36:57-04:00 logger.go:66: [1m  # module.new_vpc_eks_runner.module.eks.module.eks_managed_node_group["eks-gitlab-runner"].aws_autoscaling_schedule.this["scale-down"][0m will be [1m[31mdestroyed[0m
TestEks 2023-10-04T09:36:57-04:00 logger.go:66: [0m  [31m-[0m[0m resource "aws_autoscaling_schedule" "this" {
TestEks 2023-10-04T09:36:57-04:00 logger.go:66:       [31m-[0m[0m arn                    = "arn:aws:autoscaling:us-east-1:177807608173:scheduledUpdateGroupAction:b0b65074-a89b-4a52-9287-c0c6b5bc95ea:autoScalingGroupName/eks-eks-runner-go-10604-20231004131308494300000013-e0c57d69-0e7d-34fc-6e0b-aa2a9f636846:scheduledActionName/scale-down" [90m-> null[0m[0m
TestEks 2023-10-04T09:36:57-04:00 logger.go:66:       [31m-[0m[0m autoscaling_group_name = "eks-eks-runner-go-10604-20231004131308494300000013-e0c57d69-0e7d-34fc-6e0b-aa2a9f636846" [90m-> null[0m[0m
TestEks 2023-10-04T09:36:57-04:00 logger.go:66:       [31m-[0m[0m desired_capacity       = 0 [90m-> null[0m[0m
TestEks 2023-10-04T09:36:57-04:00 logger.go:66:       [31m-[0m[0m id                     = "scale-down" [90m-> null[0m[0m
TestEks 2023-10-04T09:36:57-04:00 logger.go:66:       [31m-[0m[0m max_size               = 1 [90m-> null[0m[0m
TestEks 2023-10-04T09:36:57-04:00 logger.go:66:       [31m-[0m[0m min_size               = 0 [90m-> null[0m[0m
TestEks 2023-10-04T09:36:57-04:00 logger.go:66:       [31m-[0m[0m recurrence             = "0 0 * * TUE-SAT" [90m-> null[0m[0m
TestEks 2023-10-04T09:36:57-04:00 logger.go:66:       [31m-[0m[0m scheduled_action_name  = "scale-down" [90m-> null[0m[0m
TestEks 2023-10-04T09:36:57-04:00 logger.go:66:       [31m-[0m[0m start_time             = "2023-10-05T00:00:00Z" [90m-> null[0m[0m
TestEks 2023-10-04T09:36:57-04:00 logger.go:66:     }
TestEks 2023-10-04T09:36:57-04:00 logger.go:66: 
TestEks 2023-10-04T09:36:57-04:00 logger.go:66: [1m  # module.new_vpc_eks_runner.module.eks.module.eks_managed_node_group["eks-gitlab-runner"].aws_autoscaling_schedule.this["scale-up"][0m will be [1m[31mdestroyed[0m
TestEks 2023-10-04T09:36:57-04:00 logger.go:66: [0m  [31m-[0m[0m resource "aws_autoscaling_schedule" "this" {
TestEks 2023-10-04T09:36:57-04:00 logger.go:66:       [31m-[0m[0m arn                    = "arn:aws:autoscaling:us-east-1:177807608173:scheduledUpdateGroupAction:b037c5bc-ddb5-4151-9eda-5bc75c9cfe52:autoScalingGroupName/eks-eks-runner-go-10604-20231004131308494300000013-e0c57d69-0e7d-34fc-6e0b-aa2a9f636846:scheduledActionName/scale-up" [90m-> null[0m[0m
TestEks 2023-10-04T09:36:57-04:00 logger.go:66:       [31m-[0m[0m autoscaling_group_name = "eks-eks-runner-go-10604-20231004131308494300000013-e0c57d69-0e7d-34fc-6e0b-aa2a9f636846" [90m-> null[0m[0m
TestEks 2023-10-04T09:36:57-04:00 logger.go:66:       [31m-[0m[0m desired_capacity       = 1 [90m-> null[0m[0m
TestEks 2023-10-04T09:36:57-04:00 logger.go:66:       [31m-[0m[0m id                     = "scale-up" [90m-> null[0m[0m
TestEks 2023-10-04T09:36:57-04:00 logger.go:66:       [31m-[0m[0m max_size               = 3 [90m-> null[0m[0m
TestEks 2023-10-04T09:36:57-04:00 logger.go:66:       [31m-[0m[0m min_size               = 1 [90m-> null[0m[0m
TestEks 2023-10-04T09:36:57-04:00 logger.go:66:       [31m-[0m[0m recurrence             = "0 12 * * MON-FRI" [90m-> null[0m[0m
TestEks 2023-10-04T09:36:57-04:00 logger.go:66:       [31m-[0m[0m scheduled_action_name  = "scale-up" [90m-> null[0m[0m
TestEks 2023-10-04T09:36:57-04:00 logger.go:66:       [31m-[0m[0m start_time             = "2023-10-05T12:00:00Z" [90m-> null[0m[0m
TestEks 2023-10-04T09:36:57-04:00 logger.go:66:     }
TestEks 2023-10-04T09:36:57-04:00 logger.go:66: 
TestEks 2023-10-04T09:36:57-04:00 logger.go:66: [1m  # module.new_vpc_eks_runner.module.eks.module.eks_managed_node_group["eks-gitlab-runner"].aws_eks_node_group.this[0][0m will be [1m[31mdestroyed[0m
TestEks 2023-10-04T09:36:57-04:00 logger.go:66: [0m  [31m-[0m[0m resource "aws_eks_node_group" "this" {
TestEks 2023-10-04T09:36:57-04:00 logger.go:66:       [31m-[0m[0m ami_type               = "CUSTOM" [90m-> null[0m[0m
TestEks 2023-10-04T09:36:57-04:00 logger.go:66:       [31m-[0m[0m arn                    = "arn:aws:eks:us-east-1:177807608173:nodegroup/eks-runner-go-10604-demo/eks-runner-go-10604-20231004131308494300000013/e0c57d69-0e7d-34fc-6e0b-aa2a9f636846" [90m-> null[0m[0m
TestEks 2023-10-04T09:36:57-04:00 logger.go:66:       [31m-[0m[0m capacity_type          = "SPOT" [90m-> null[0m[0m
TestEks 2023-10-04T09:36:57-04:00 logger.go:66:       [31m-[0m[0m cluster_name           = "eks-runner-go-10604-demo" [90m-> null[0m[0m
TestEks 2023-10-04T09:36:57-04:00 logger.go:66:       [31m-[0m[0m disk_size              = 0 [90m-> null[0m[0m
TestEks 2023-10-04T09:36:57-04:00 logger.go:66:       [31m-[0m[0m force_update_version   = true [90m-> null[0m[0m
TestEks 2023-10-04T09:36:57-04:00 logger.go:66:       [31m-[0m[0m id                     = "eks-runner-go-10604-demo:eks-runner-go-10604-20231004131308494300000013" [90m-> null[0m[0m
TestEks 2023-10-04T09:36:57-04:00 logger.go:66:       [31m-[0m[0m instance_types         = [
TestEks 2023-10-04T09:36:57-04:00 logger.go:66:           [31m-[0m[0m "t3.medium",
TestEks 2023-10-04T09:36:57-04:00 logger.go:66:           [31m-[0m[0m "t3.large",
TestEks 2023-10-04T09:36:57-04:00 logger.go:66:         ] [90m-> null[0m[0m
TestEks 2023-10-04T09:36:57-04:00 logger.go:66:       [31m-[0m[0m labels                 = {} [90m-> null[0m[0m
TestEks 2023-10-04T09:36:57-04:00 logger.go:66:       [31m-[0m[0m node_group_name        = "eks-runner-go-10604-20231004131308494300000013" [90m-> null[0m[0m
TestEks 2023-10-04T09:36:57-04:00 logger.go:66:       [31m-[0m[0m node_group_name_prefix = "eks-runner-go-10604-" [90m-> null[0m[0m
TestEks 2023-10-04T09:36:57-04:00 logger.go:66:       [31m-[0m[0m node_role_arn          = "arn:aws:iam::177807608173:role/eks-runner-go-10604-eks-node-group-20231004130112133800000006" [90m-> null[0m[0m
TestEks 2023-10-04T09:36:57-04:00 logger.go:66:       [31m-[0m[0m release_version        = "ami-03f9ed6c9c41e7946" [90m-> null[0m[0m
TestEks 2023-10-04T09:36:57-04:00 logger.go:66:       [31m-[0m[0m resources              = [
TestEks 2023-10-04T09:36:57-04:00 logger.go:66:           [31m-[0m[0m {
TestEks 2023-10-04T09:36:57-04:00 logger.go:66:               [31m-[0m[0m autoscaling_groups              = [
TestEks 2023-10-04T09:36:57-04:00 logger.go:66:                   [31m-[0m[0m {
TestEks 2023-10-04T09:36:57-04:00 logger.go:66:                       [31m-[0m[0m name = "eks-eks-runner-go-10604-20231004131308494300000013-e0c57d69-0e7d-34fc-6e0b-aa2a9f636846"
TestEks 2023-10-04T09:36:57-04:00 logger.go:66:                     },
TestEks 2023-10-04T09:36:57-04:00 logger.go:66:                 ]
TestEks 2023-10-04T09:36:57-04:00 logger.go:66:               [31m-[0m[0m remote_access_security_group_id = ""
TestEks 2023-10-04T09:36:57-04:00 logger.go:66:             },
TestEks 2023-10-04T09:36:57-04:00 logger.go:66:         ] [90m-> null[0m[0m
TestEks 2023-10-04T09:36:57-04:00 logger.go:66:       [31m-[0m[0m status                 = "ACTIVE" [90m-> null[0m[0m
TestEks 2023-10-04T09:36:57-04:00 logger.go:66:       [31m-[0m[0m subnet_ids             = [
TestEks 2023-10-04T09:36:57-04:00 logger.go:66:           [31m-[0m[0m "subnet-04f0b7f2cfb8dc557",
TestEks 2023-10-04T09:36:57-04:00 logger.go:66:           [31m-[0m[0m "subnet-09e19a893c2cc8ccd",
TestEks 2023-10-04T09:36:57-04:00 logger.go:66:         ] [90m-> null[0m[0m
TestEks 2023-10-04T09:36:57-04:00 logger.go:66:       [31m-[0m[0m tags                   = {
TestEks 2023-10-04T09:36:57-04:00 logger.go:66:           [31m-[0m[0m "Name"          = "eks-runner-go-10604"
TestEks 2023-10-04T09:36:57-04:00 logger.go:66:           [31m-[0m[0m "Owner"         = "lucas.j.hughes@outlook.com"
TestEks 2023-10-04T09:36:57-04:00 logger.go:66:           [31m-[0m[0m "t_AppID"       = "SVC03377"
TestEks 2023-10-04T09:36:57-04:00 logger.go:66:           [31m-[0m[0m "t_dcl"         = "3"
TestEks 2023-10-04T09:36:57-04:00 logger.go:66:           [31m-[0m[0m "t_environment" = "DEMO"
TestEks 2023-10-04T09:36:57-04:00 logger.go:66:         } [90m-> null[0m[0m
TestEks 2023-10-04T09:36:57-04:00 logger.go:66:       [31m-[0m[0m tags_all               = {
TestEks 2023-10-04T09:36:57-04:00 logger.go:66:           [31m-[0m[0m "Name"          = "eks-runner-go-10604"
TestEks 2023-10-04T09:36:57-04:00 logger.go:66:           [31m-[0m[0m "Owner"         = "lucas.j.hughes@outlook.com"
TestEks 2023-10-04T09:36:57-04:00 logger.go:66:           [31m-[0m[0m "t_AppID"       = "SVC03377"
TestEks 2023-10-04T09:36:57-04:00 logger.go:66:           [31m-[0m[0m "t_dcl"         = "3"
TestEks 2023-10-04T09:36:57-04:00 logger.go:66:           [31m-[0m[0m "t_environment" = "DEMO"
TestEks 2023-10-04T09:36:57-04:00 logger.go:66:         } [90m-> null[0m[0m
TestEks 2023-10-04T09:36:57-04:00 logger.go:66:       [31m-[0m[0m version                = "1.27" [90m-> null[0m[0m
TestEks 2023-10-04T09:36:57-04:00 logger.go:66: 
TestEks 2023-10-04T09:36:57-04:00 logger.go:66:       [31m-[0m[0m launch_template {
TestEks 2023-10-04T09:36:57-04:00 logger.go:66:           [31m-[0m[0m id      = "lt-0b913048c2a8c3a65" [90m-> null[0m[0m
TestEks 2023-10-04T09:36:57-04:00 logger.go:66:           [31m-[0m[0m name    = "eks-gitlab-runner-20231004131308098900000011" [90m-> null[0m[0m
TestEks 2023-10-04T09:36:57-04:00 logger.go:66:           [31m-[0m[0m version = "1" [90m-> null[0m[0m
TestEks 2023-10-04T09:36:57-04:00 logger.go:66:         }
TestEks 2023-10-04T09:36:57-04:00 logger.go:66: 
TestEks 2023-10-04T09:36:57-04:00 logger.go:66:       [31m-[0m[0m scaling_config {
TestEks 2023-10-04T09:36:57-04:00 logger.go:66:           [31m-[0m[0m desired_size = 2 [90m-> null[0m[0m
TestEks 2023-10-04T09:36:57-04:00 logger.go:66:           [31m-[0m[0m max_size     = 7 [90m-> null[0m[0m
TestEks 2023-10-04T09:36:57-04:00 logger.go:66:           [31m-[0m[0m min_size     = 0 [90m-> null[0m[0m
TestEks 2023-10-04T09:36:57-04:00 logger.go:66:         }
TestEks 2023-10-04T09:36:57-04:00 logger.go:66: 
TestEks 2023-10-04T09:36:57-04:00 logger.go:66:       [31m-[0m[0m timeouts {}
TestEks 2023-10-04T09:36:57-04:00 logger.go:66: 
TestEks 2023-10-04T09:36:57-04:00 logger.go:66:       [31m-[0m[0m update_config {
TestEks 2023-10-04T09:36:57-04:00 logger.go:66:           [31m-[0m[0m max_unavailable            = 0 [90m-> null[0m[0m
TestEks 2023-10-04T09:36:57-04:00 logger.go:66:           [31m-[0m[0m max_unavailable_percentage = 33 [90m-> null[0m[0m
TestEks 2023-10-04T09:36:57-04:00 logger.go:66:         }
TestEks 2023-10-04T09:36:57-04:00 logger.go:66:     }
TestEks 2023-10-04T09:36:57-04:00 logger.go:66: 
TestEks 2023-10-04T09:36:57-04:00 logger.go:66: [1m  # module.new_vpc_eks_runner.module.eks.module.eks_managed_node_group["eks-gitlab-runner"].aws_iam_role.this[0][0m will be [1m[31mdestroyed[0m
TestEks 2023-10-04T09:36:57-04:00 logger.go:66: [0m  [31m-[0m[0m resource "aws_iam_role" "this" {
TestEks 2023-10-04T09:36:57-04:00 logger.go:66:       [31m-[0m[0m arn                   = "arn:aws:iam::177807608173:role/eks-runner-go-10604-eks-node-group-20231004130112133800000006" [90m-> null[0m[0m
TestEks 2023-10-04T09:36:57-04:00 logger.go:66:       [31m-[0m[0m assume_role_policy    = jsonencode(
TestEks 2023-10-04T09:36:57-04:00 logger.go:66:             {
TestEks 2023-10-04T09:36:57-04:00 logger.go:66:               [31m-[0m[0m Statement = [
TestEks 2023-10-04T09:36:57-04:00 logger.go:66:                   [31m-[0m[0m {
TestEks 2023-10-04T09:36:57-04:00 logger.go:66:                       [31m-[0m[0m Action    = "sts:AssumeRole"
TestEks 2023-10-04T09:36:57-04:00 logger.go:66:                       [31m-[0m[0m Effect    = "Allow"
TestEks 2023-10-04T09:36:57-04:00 logger.go:66:                       [31m-[0m[0m Principal = {
TestEks 2023-10-04T09:36:57-04:00 logger.go:66:                           [31m-[0m[0m Service = "ec2.amazonaws.com"
TestEks 2023-10-04T09:36:57-04:00 logger.go:66:                         }
TestEks 2023-10-04T09:36:57-04:00 logger.go:66:                       [31m-[0m[0m Sid       = "EKSNodeAssumeRole"
TestEks 2023-10-04T09:36:57-04:00 logger.go:66:                     },
TestEks 2023-10-04T09:36:57-04:00 logger.go:66:                 ]
TestEks 2023-10-04T09:36:57-04:00 logger.go:66:               [31m-[0m[0m Version   = "2012-10-17"
TestEks 2023-10-04T09:36:57-04:00 logger.go:66:             }
TestEks 2023-10-04T09:36:57-04:00 logger.go:66:         ) [90m-> null[0m[0m
TestEks 2023-10-04T09:36:57-04:00 logger.go:66:       [31m-[0m[0m create_date           = "2023-10-04T13:01:12Z" [90m-> null[0m[0m
TestEks 2023-10-04T09:36:57-04:00 logger.go:66:       [31m-[0m[0m description           = "EKS managed node group IAM role" [90m-> null[0m[0m
TestEks 2023-10-04T09:36:57-04:00 logger.go:66:       [31m-[0m[0m force_detach_policies = true [90m-> null[0m[0m
TestEks 2023-10-04T09:36:57-04:00 logger.go:66:       [31m-[0m[0m id                    = "eks-runner-go-10604-eks-node-group-20231004130112133800000006" [90m-> null[0m[0m
TestEks 2023-10-04T09:36:57-04:00 logger.go:66:       [31m-[0m[0m managed_policy_arns   = [
TestEks 2023-10-04T09:36:57-04:00 logger.go:66:           [31m-[0m[0m "arn:aws:iam::aws:policy/AmazonEC2ContainerRegistryReadOnly",
TestEks 2023-10-04T09:36:57-04:00 logger.go:66:           [31m-[0m[0m "arn:aws:iam::aws:policy/AmazonEKSWorkerNodePolicy",
TestEks 2023-10-04T09:36:57-04:00 logger.go:66:           [31m-[0m[0m "arn:aws:iam::aws:policy/AmazonEKS_CNI_Policy",
TestEks 2023-10-04T09:36:57-04:00 logger.go:66:           [31m-[0m[0m "arn:aws:iam::aws:policy/AmazonSSMManagedInstanceCore",
TestEks 2023-10-04T09:36:57-04:00 logger.go:66:           [31m-[0m[0m "arn:aws:iam::aws:policy/job-function/SystemAdministrator",
TestEks 2023-10-04T09:36:57-04:00 logger.go:66:         ] [90m-> null[0m[0m
TestEks 2023-10-04T09:36:57-04:00 logger.go:66:       [31m-[0m[0m max_session_duration  = 3600 [90m-> null[0m[0m
TestEks 2023-10-04T09:36:57-04:00 logger.go:66:       [31m-[0m[0m name                  = "eks-runner-go-10604-eks-node-group-20231004130112133800000006" [90m-> null[0m[0m
TestEks 2023-10-04T09:36:57-04:00 logger.go:66:       [31m-[0m[0m name_prefix           = "eks-runner-go-10604-eks-node-group-" [90m-> null[0m[0m
TestEks 2023-10-04T09:36:57-04:00 logger.go:66:       [31m-[0m[0m path                  = "/" [90m-> null[0m[0m
TestEks 2023-10-04T09:36:57-04:00 logger.go:66:       [31m-[0m[0m tags                  = {
TestEks 2023-10-04T09:36:57-04:00 logger.go:66:           [31m-[0m[0m "Owner"         = "lucas.j.hughes@outlook.com"
TestEks 2023-10-04T09:36:57-04:00 logger.go:66:           [31m-[0m[0m "t_AppID"       = "SVC03377"
TestEks 2023-10-04T09:36:57-04:00 logger.go:66:           [31m-[0m[0m "t_dcl"         = "3"
TestEks 2023-10-04T09:36:57-04:00 logger.go:66:           [31m-[0m[0m "t_environment" = "DEMO"
TestEks 2023-10-04T09:36:57-04:00 logger.go:66:         } [90m-> null[0m[0m
TestEks 2023-10-04T09:36:57-04:00 logger.go:66:       [31m-[0m[0m tags_all              = {
TestEks 2023-10-04T09:36:57-04:00 logger.go:66:           [31m-[0m[0m "Owner"         = "lucas.j.hughes@outlook.com"
TestEks 2023-10-04T09:36:57-04:00 logger.go:66:           [31m-[0m[0m "t_AppID"       = "SVC03377"
TestEks 2023-10-04T09:36:57-04:00 logger.go:66:           [31m-[0m[0m "t_dcl"         = "3"
TestEks 2023-10-04T09:36:57-04:00 logger.go:66:           [31m-[0m[0m "t_environment" = "DEMO"
TestEks 2023-10-04T09:36:57-04:00 logger.go:66:         } [90m-> null[0m[0m
TestEks 2023-10-04T09:36:57-04:00 logger.go:66:       [31m-[0m[0m unique_id             = "AROASSZRIZFWXTD53CPDC" [90m-> null[0m[0m
TestEks 2023-10-04T09:36:57-04:00 logger.go:66:     }
TestEks 2023-10-04T09:36:57-04:00 logger.go:66: 
TestEks 2023-10-04T09:36:57-04:00 logger.go:66: [1m  # module.new_vpc_eks_runner.module.eks.module.eks_managed_node_group["eks-gitlab-runner"].aws_iam_role_policy_attachment.additional["AmazonEC2ContainerRegistryReadOnly"][0m will be [1m[31mdestroyed[0m
TestEks 2023-10-04T09:36:57-04:00 logger.go:66: [0m  [31m-[0m[0m resource "aws_iam_role_policy_attachment" "additional" {
TestEks 2023-10-04T09:36:57-04:00 logger.go:66:       [31m-[0m[0m id         = "eks-runner-go-10604-eks-node-group-20231004130112133800000006-2023100413011268840000000a" [90m-> null[0m[0m
TestEks 2023-10-04T09:36:57-04:00 logger.go:66:       [31m-[0m[0m policy_arn = "arn:aws:iam::aws:policy/AmazonEC2ContainerRegistryReadOnly" [90m-> null[0m[0m
TestEks 2023-10-04T09:36:57-04:00 logger.go:66:       [31m-[0m[0m role       = "eks-runner-go-10604-eks-node-group-20231004130112133800000006" [90m-> null[0m[0m
TestEks 2023-10-04T09:36:57-04:00 logger.go:66:     }
TestEks 2023-10-04T09:36:57-04:00 logger.go:66: 
TestEks 2023-10-04T09:36:57-04:00 logger.go:66: [1m  # module.new_vpc_eks_runner.module.eks.module.eks_managed_node_group["eks-gitlab-runner"].aws_iam_role_policy_attachment.additional["additional_policy"][0m will be [1m[31mdestroyed[0m
TestEks 2023-10-04T09:36:57-04:00 logger.go:66: [0m  [31m-[0m[0m resource "aws_iam_role_policy_attachment" "additional" {
TestEks 2023-10-04T09:36:57-04:00 logger.go:66:       [31m-[0m[0m id         = "eks-runner-go-10604-eks-node-group-20231004130112133800000006-20231004130112535600000007" [90m-> null[0m[0m
TestEks 2023-10-04T09:36:57-04:00 logger.go:66:       [31m-[0m[0m policy_arn = "arn:aws:iam::aws:policy/job-function/SystemAdministrator" [90m-> null[0m[0m
TestEks 2023-10-04T09:36:57-04:00 logger.go:66:       [31m-[0m[0m role       = "eks-runner-go-10604-eks-node-group-20231004130112133800000006" [90m-> null[0m[0m
TestEks 2023-10-04T09:36:57-04:00 logger.go:66:     }
TestEks 2023-10-04T09:36:57-04:00 logger.go:66: 
TestEks 2023-10-04T09:36:57-04:00 logger.go:66: [1m  # module.new_vpc_eks_runner.module.eks.module.eks_managed_node_group["eks-gitlab-runner"].aws_iam_role_policy_attachment.additional["ssm"][0m will be [1m[31mdestroyed[0m
TestEks 2023-10-04T09:36:57-04:00 logger.go:66: [0m  [31m-[0m[0m resource "aws_iam_role_policy_attachment" "additional" {
TestEks 2023-10-04T09:36:57-04:00 logger.go:66:       [31m-[0m[0m id         = "eks-runner-go-10604-eks-node-group-20231004130112133800000006-2023100413011284010000000d" [90m-> null[0m[0m
TestEks 2023-10-04T09:36:57-04:00 logger.go:66:       [31m-[0m[0m policy_arn = "arn:aws:iam::aws:policy/AmazonSSMManagedInstanceCore" [90m-> null[0m[0m
TestEks 2023-10-04T09:36:57-04:00 logger.go:66:       [31m-[0m[0m role       = "eks-runner-go-10604-eks-node-group-20231004130112133800000006" [90m-> null[0m[0m
TestEks 2023-10-04T09:36:57-04:00 logger.go:66:     }
TestEks 2023-10-04T09:36:57-04:00 logger.go:66: 
TestEks 2023-10-04T09:36:57-04:00 logger.go:66: [1m  # module.new_vpc_eks_runner.module.eks.module.eks_managed_node_group["eks-gitlab-runner"].aws_iam_role_policy_attachment.this["arn:aws:iam::aws:policy/AmazonEC2ContainerRegistryReadOnly"][0m will be [1m[31mdestroyed[0m
TestEks 2023-10-04T09:36:57-04:00 logger.go:66: [0m  [31m-[0m[0m resource "aws_iam_role_policy_attachment" "this" {
TestEks 2023-10-04T09:36:57-04:00 logger.go:66:       [31m-[0m[0m id         = "eks-runner-go-10604-eks-node-group-20231004130112133800000006-20231004130112595500000008" [90m-> null[0m[0m
TestEks 2023-10-04T09:36:57-04:00 logger.go:66:       [31m-[0m[0m policy_arn = "arn:aws:iam::aws:policy/AmazonEC2ContainerRegistryReadOnly" [90m-> null[0m[0m
TestEks 2023-10-04T09:36:57-04:00 logger.go:66:       [31m-[0m[0m role       = "eks-runner-go-10604-eks-node-group-20231004130112133800000006" [90m-> null[0m[0m
TestEks 2023-10-04T09:36:57-04:00 logger.go:66:     }
TestEks 2023-10-04T09:36:57-04:00 logger.go:66: 
TestEks 2023-10-04T09:36:57-04:00 logger.go:66: [1m  # module.new_vpc_eks_runner.module.eks.module.eks_managed_node_group["eks-gitlab-runner"].aws_iam_role_policy_attachment.this["arn:aws:iam::aws:policy/AmazonEKSWorkerNodePolicy"][0m will be [1m[31mdestroyed[0m
TestEks 2023-10-04T09:36:57-04:00 logger.go:66: [0m  [31m-[0m[0m resource "aws_iam_role_policy_attachment" "this" {
TestEks 2023-10-04T09:36:57-04:00 logger.go:66:       [31m-[0m[0m id         = "eks-runner-go-10604-eks-node-group-20231004130112133800000006-20231004130112686500000009" [90m-> null[0m[0m
TestEks 2023-10-04T09:36:57-04:00 logger.go:66:       [31m-[0m[0m policy_arn = "arn:aws:iam::aws:policy/AmazonEKSWorkerNodePolicy" [90m-> null[0m[0m
TestEks 2023-10-04T09:36:57-04:00 logger.go:66:       [31m-[0m[0m role       = "eks-runner-go-10604-eks-node-group-20231004130112133800000006" [90m-> null[0m[0m
TestEks 2023-10-04T09:36:57-04:00 logger.go:66:     }
TestEks 2023-10-04T09:36:57-04:00 logger.go:66: 
TestEks 2023-10-04T09:36:57-04:00 logger.go:66: [1m  # module.new_vpc_eks_runner.module.eks.module.eks_managed_node_group["eks-gitlab-runner"].aws_iam_role_policy_attachment.this["arn:aws:iam::aws:policy/AmazonEKS_CNI_Policy"][0m will be [1m[31mdestroyed[0m
TestEks 2023-10-04T09:36:57-04:00 logger.go:66: [0m  [31m-[0m[0m resource "aws_iam_role_policy_attachment" "this" {
TestEks 2023-10-04T09:36:57-04:00 logger.go:66:       [31m-[0m[0m id         = "eks-runner-go-10604-eks-node-group-20231004130112133800000006-2023100413011277920000000c" [90m-> null[0m[0m
TestEks 2023-10-04T09:36:57-04:00 logger.go:66:       [31m-[0m[0m policy_arn = "arn:aws:iam::aws:policy/AmazonEKS_CNI_Policy" [90m-> null[0m[0m
TestEks 2023-10-04T09:36:57-04:00 logger.go:66:       [31m-[0m[0m role       = "eks-runner-go-10604-eks-node-group-20231004130112133800000006" [90m-> null[0m[0m
TestEks 2023-10-04T09:36:57-04:00 logger.go:66:     }
TestEks 2023-10-04T09:36:57-04:00 logger.go:66: 
TestEks 2023-10-04T09:36:57-04:00 logger.go:66: [1m  # module.new_vpc_eks_runner.module.eks.module.eks_managed_node_group["eks-gitlab-runner"].aws_launch_template.this[0][0m will be [1m[31mdestroyed[0m
TestEks 2023-10-04T09:36:57-04:00 logger.go:66: [0m  [31m-[0m[0m resource "aws_launch_template" "this" {
TestEks 2023-10-04T09:36:57-04:00 logger.go:66:       [31m-[0m[0m arn                     = "arn:aws:ec2:us-east-1:177807608173:launch-template/lt-0b913048c2a8c3a65" [90m-> null[0m[0m
TestEks 2023-10-04T09:36:57-04:00 logger.go:66:       [31m-[0m[0m default_version         = 1 [90m-> null[0m[0m
TestEks 2023-10-04T09:36:57-04:00 logger.go:66:       [31m-[0m[0m description             = "Custom launch template for eks-runner-go-10604 EKS managed node group" [90m-> null[0m[0m
TestEks 2023-10-04T09:36:57-04:00 logger.go:66:       [31m-[0m[0m disable_api_stop        = false [90m-> null[0m[0m
TestEks 2023-10-04T09:36:57-04:00 logger.go:66:       [31m-[0m[0m disable_api_termination = false [90m-> null[0m[0m
TestEks 2023-10-04T09:36:57-04:00 logger.go:66:       [31m-[0m[0m ebs_optimized           = "true" [90m-> null[0m[0m
TestEks 2023-10-04T09:36:57-04:00 logger.go:66:       [31m-[0m[0m id                      = "lt-0b913048c2a8c3a65" [90m-> null[0m[0m
TestEks 2023-10-04T09:36:57-04:00 logger.go:66:       [31m-[0m[0m image_id                = "ami-03f9ed6c9c41e7946" [90m-> null[0m[0m
TestEks 2023-10-04T09:36:57-04:00 logger.go:66:       [31m-[0m[0m latest_version          = 1 [90m-> null[0m[0m
TestEks 2023-10-04T09:36:57-04:00 logger.go:66:       [31m-[0m[0m name                    = "eks-gitlab-runner-20231004131308098900000011" [90m-> null[0m[0m
TestEks 2023-10-04T09:36:57-04:00 logger.go:66:       [31m-[0m[0m name_prefix             = "eks-gitlab-runner-" [90m-> null[0m[0m
TestEks 2023-10-04T09:36:57-04:00 logger.go:66:       [31m-[0m[0m security_group_names    = [] [90m-> null[0m[0m
TestEks 2023-10-04T09:36:57-04:00 logger.go:66:       [31m-[0m[0m tags                    = {
TestEks 2023-10-04T09:36:57-04:00 logger.go:66:           [31m-[0m[0m "Owner"         = "lucas.j.hughes@outlook.com"
TestEks 2023-10-04T09:36:57-04:00 logger.go:66:           [31m-[0m[0m "t_AppID"       = "SVC03377"
TestEks 2023-10-04T09:36:57-04:00 logger.go:66:           [31m-[0m[0m "t_dcl"         = "3"
TestEks 2023-10-04T09:36:57-04:00 logger.go:66:           [31m-[0m[0m "t_environment" = "DEMO"
TestEks 2023-10-04T09:36:57-04:00 logger.go:66:         } [90m-> null[0m[0m
TestEks 2023-10-04T09:36:57-04:00 logger.go:66:       [31m-[0m[0m tags_all                = {
TestEks 2023-10-04T09:36:57-04:00 logger.go:66:           [31m-[0m[0m "Owner"         = "lucas.j.hughes@outlook.com"
TestEks 2023-10-04T09:36:57-04:00 logger.go:66:           [31m-[0m[0m "t_AppID"       = "SVC03377"
TestEks 2023-10-04T09:36:57-04:00 logger.go:66:           [31m-[0m[0m "t_dcl"         = "3"
TestEks 2023-10-04T09:36:57-04:00 logger.go:66:           [31m-[0m[0m "t_environment" = "DEMO"
TestEks 2023-10-04T09:36:57-04:00 logger.go:66:         } [90m-> null[0m[0m
TestEks 2023-10-04T09:36:57-04:00 logger.go:66:       [31m-[0m[0m update_default_version  = true [90m-> null[0m[0m
TestEks 2023-10-04T09:36:57-04:00 logger.go:66:       [31m-[0m[0m user_data               = (sensitive value) [90m-> null[0m[0m
TestEks 2023-10-04T09:36:57-04:00 logger.go:66:       [31m-[0m[0m vpc_security_group_ids  = [
TestEks 2023-10-04T09:36:57-04:00 logger.go:66:           [31m-[0m[0m "sg-054a7cb1132d24b80",
TestEks 2023-10-04T09:36:57-04:00 logger.go:66:         ] [90m-> null[0m[0m
TestEks 2023-10-04T09:36:57-04:00 logger.go:66: 
TestEks 2023-10-04T09:36:57-04:00 logger.go:66:       [31m-[0m[0m block_device_mappings {
TestEks 2023-10-04T09:36:57-04:00 logger.go:66:           [31m-[0m[0m device_name = "/dev/xvda" [90m-> null[0m[0m
TestEks 2023-10-04T09:36:57-04:00 logger.go:66: 
TestEks 2023-10-04T09:36:57-04:00 logger.go:66:           [31m-[0m[0m ebs {
TestEks 2023-10-04T09:36:57-04:00 logger.go:66:               [31m-[0m[0m delete_on_termination = "true" [90m-> null[0m[0m
TestEks 2023-10-04T09:36:57-04:00 logger.go:66:               [31m-[0m[0m encrypted             = "true" [90m-> null[0m[0m
TestEks 2023-10-04T09:36:57-04:00 logger.go:66:               [31m-[0m[0m iops                  = 3000 [90m-> null[0m[0m
TestEks 2023-10-04T09:36:57-04:00 logger.go:66:               [31m-[0m[0m throughput            = 150 [90m-> null[0m[0m
TestEks 2023-10-04T09:36:57-04:00 logger.go:66:               [31m-[0m[0m volume_size           = 30 [90m-> null[0m[0m
TestEks 2023-10-04T09:36:57-04:00 logger.go:66:               [31m-[0m[0m volume_type           = "gp3" [90m-> null[0m[0m
TestEks 2023-10-04T09:36:57-04:00 logger.go:66:             }
TestEks 2023-10-04T09:36:57-04:00 logger.go:66:         }
TestEks 2023-10-04T09:36:57-04:00 logger.go:66: 
TestEks 2023-10-04T09:36:57-04:00 logger.go:66:       [31m-[0m[0m metadata_options {
TestEks 2023-10-04T09:36:57-04:00 logger.go:66:           [31m-[0m[0m http_endpoint               = "enabled" [90m-> null[0m[0m
TestEks 2023-10-04T09:36:57-04:00 logger.go:66:           [31m-[0m[0m http_put_response_hop_limit = 2 [90m-> null[0m[0m
TestEks 2023-10-04T09:36:57-04:00 logger.go:66:           [31m-[0m[0m http_tokens                 = "required" [90m-> null[0m[0m
TestEks 2023-10-04T09:36:57-04:00 logger.go:66:           [31m-[0m[0m instance_metadata_tags      = "enabled" [90m-> null[0m[0m
TestEks 2023-10-04T09:36:57-04:00 logger.go:66:         }
TestEks 2023-10-04T09:36:57-04:00 logger.go:66: 
TestEks 2023-10-04T09:36:57-04:00 logger.go:66:       [31m-[0m[0m monitoring {
TestEks 2023-10-04T09:36:57-04:00 logger.go:66:           [31m-[0m[0m enabled = true [90m-> null[0m[0m
TestEks 2023-10-04T09:36:57-04:00 logger.go:66:         }
TestEks 2023-10-04T09:36:57-04:00 logger.go:66: 
TestEks 2023-10-04T09:36:57-04:00 logger.go:66:       [31m-[0m[0m tag_specifications {
TestEks 2023-10-04T09:36:57-04:00 logger.go:66:           [31m-[0m[0m resource_type = "instance" [90m-> null[0m[0m
TestEks 2023-10-04T09:36:57-04:00 logger.go:66:           [31m-[0m[0m tags          = {
TestEks 2023-10-04T09:36:57-04:00 logger.go:66:               [31m-[0m[0m "Name"          = "eks-runner-go-10604"
TestEks 2023-10-04T09:36:57-04:00 logger.go:66:               [31m-[0m[0m "Owner"         = "lucas.j.hughes@outlook.com"
TestEks 2023-10-04T09:36:57-04:00 logger.go:66:               [31m-[0m[0m "t_AppID"       = "SVC03377"
TestEks 2023-10-04T09:36:57-04:00 logger.go:66:               [31m-[0m[0m "t_dcl"         = "3"
TestEks 2023-10-04T09:36:57-04:00 logger.go:66:               [31m-[0m[0m "t_environment" = "DEMO"
TestEks 2023-10-04T09:36:57-04:00 logger.go:66:             } [90m-> null[0m[0m
TestEks 2023-10-04T09:36:57-04:00 logger.go:66:         }
TestEks 2023-10-04T09:36:57-04:00 logger.go:66:       [31m-[0m[0m tag_specifications {
TestEks 2023-10-04T09:36:57-04:00 logger.go:66:           [31m-[0m[0m resource_type = "network-interface" [90m-> null[0m[0m
TestEks 2023-10-04T09:36:57-04:00 logger.go:66:           [31m-[0m[0m tags          = {
TestEks 2023-10-04T09:36:57-04:00 logger.go:66:               [31m-[0m[0m "Name"          = "eks-runner-go-10604"
TestEks 2023-10-04T09:36:57-04:00 logger.go:66:               [31m-[0m[0m "Owner"         = "lucas.j.hughes@outlook.com"
TestEks 2023-10-04T09:36:57-04:00 logger.go:66:               [31m-[0m[0m "t_AppID"       = "SVC03377"
TestEks 2023-10-04T09:36:57-04:00 logger.go:66:               [31m-[0m[0m "t_dcl"         = "3"
TestEks 2023-10-04T09:36:57-04:00 logger.go:66:               [31m-[0m[0m "t_environment" = "DEMO"
TestEks 2023-10-04T09:36:57-04:00 logger.go:66:             } [90m-> null[0m[0m
TestEks 2023-10-04T09:36:57-04:00 logger.go:66:         }
TestEks 2023-10-04T09:36:57-04:00 logger.go:66:       [31m-[0m[0m tag_specifications {
TestEks 2023-10-04T09:36:57-04:00 logger.go:66:           [31m-[0m[0m resource_type = "volume" [90m-> null[0m[0m
TestEks 2023-10-04T09:36:57-04:00 logger.go:66:           [31m-[0m[0m tags          = {
TestEks 2023-10-04T09:36:57-04:00 logger.go:66:               [31m-[0m[0m "Name"          = "eks-runner-go-10604"
TestEks 2023-10-04T09:36:57-04:00 logger.go:66:               [31m-[0m[0m "Owner"         = "lucas.j.hughes@outlook.com"
TestEks 2023-10-04T09:36:57-04:00 logger.go:66:               [31m-[0m[0m "t_AppID"       = "SVC03377"
TestEks 2023-10-04T09:36:57-04:00 logger.go:66:               [31m-[0m[0m "t_dcl"         = "3"
TestEks 2023-10-04T09:36:57-04:00 logger.go:66:               [31m-[0m[0m "t_environment" = "DEMO"
TestEks 2023-10-04T09:36:57-04:00 logger.go:66:             } [90m-> null[0m[0m
TestEks 2023-10-04T09:36:57-04:00 logger.go:66:         }
TestEks 2023-10-04T09:36:57-04:00 logger.go:66:     }
TestEks 2023-10-04T09:36:57-04:00 logger.go:66: 
TestEks 2023-10-04T09:36:57-04:00 logger.go:66: [1m  # module.new_vpc_eks_runner.module.eks.module.kms.aws_kms_alias.this["cluster"][0m will be [1m[31mdestroyed[0m
TestEks 2023-10-04T09:36:57-04:00 logger.go:66: [0m  [31m-[0m[0m resource "aws_kms_alias" "this" {
TestEks 2023-10-04T09:36:57-04:00 logger.go:66:       [31m-[0m[0m arn            = "arn:aws:kms:us-east-1:177807608173:alias/eks/eks-runner-go-10604-demo" [90m-> null[0m[0m
TestEks 2023-10-04T09:36:57-04:00 logger.go:66:       [31m-[0m[0m id             = "alias/eks/eks-runner-go-10604-demo" [90m-> null[0m[0m
TestEks 2023-10-04T09:36:57-04:00 logger.go:66:       [31m-[0m[0m name           = "alias/eks/eks-runner-go-10604-demo" [90m-> null[0m[0m
TestEks 2023-10-04T09:36:57-04:00 logger.go:66:       [31m-[0m[0m target_key_arn = "arn:aws:kms:us-east-1:177807608173:key/2f6cfae5-09b8-44d2-95f9-6a1751beea57" [90m-> null[0m[0m
TestEks 2023-10-04T09:36:57-04:00 logger.go:66:       [31m-[0m[0m target_key_id  = "2f6cfae5-09b8-44d2-95f9-6a1751beea57" [90m-> null[0m[0m
TestEks 2023-10-04T09:36:57-04:00 logger.go:66:     }
TestEks 2023-10-04T09:36:57-04:00 logger.go:66: 
TestEks 2023-10-04T09:36:57-04:00 logger.go:66: [1m  # module.new_vpc_eks_runner.module.eks.module.kms.aws_kms_key.this[0][0m will be [1m[31mdestroyed[0m
TestEks 2023-10-04T09:36:57-04:00 logger.go:66: [0m  [31m-[0m[0m resource "aws_kms_key" "this" {
TestEks 2023-10-04T09:36:57-04:00 logger.go:66:       [31m-[0m[0m arn                                = "arn:aws:kms:us-east-1:177807608173:key/2f6cfae5-09b8-44d2-95f9-6a1751beea57" [90m-> null[0m[0m
TestEks 2023-10-04T09:36:57-04:00 logger.go:66:       [31m-[0m[0m bypass_policy_lockout_safety_check = false [90m-> null[0m[0m
TestEks 2023-10-04T09:36:57-04:00 logger.go:66:       [31m-[0m[0m customer_master_key_spec           = "SYMMETRIC_DEFAULT" [90m-> null[0m[0m
TestEks 2023-10-04T09:36:57-04:00 logger.go:66:       [31m-[0m[0m description                        = "eks-runner-go-10604-demo cluster encryption key" [90m-> null[0m[0m
TestEks 2023-10-04T09:36:57-04:00 logger.go:66:       [31m-[0m[0m enable_key_rotation                = true [90m-> null[0m[0m
TestEks 2023-10-04T09:36:57-04:00 logger.go:66:       [31m-[0m[0m id                                 = "2f6cfae5-09b8-44d2-95f9-6a1751beea57" [90m-> null[0m[0m
TestEks 2023-10-04T09:36:57-04:00 logger.go:66:       [31m-[0m[0m is_enabled                         = true [90m-> null[0m[0m
TestEks 2023-10-04T09:36:57-04:00 logger.go:66:       [31m-[0m[0m key_id                             = "2f6cfae5-09b8-44d2-95f9-6a1751beea57" [90m-> null[0m[0m
TestEks 2023-10-04T09:36:57-04:00 logger.go:66:       [31m-[0m[0m key_usage                          = "ENCRYPT_DECRYPT" [90m-> null[0m[0m
TestEks 2023-10-04T09:36:57-04:00 logger.go:66:       [31m-[0m[0m multi_region                       = false [90m-> null[0m[0m
TestEks 2023-10-04T09:36:57-04:00 logger.go:66:       [31m-[0m[0m policy                             = jsonencode(
TestEks 2023-10-04T09:36:57-04:00 logger.go:66:             {
TestEks 2023-10-04T09:36:57-04:00 logger.go:66:               [31m-[0m[0m Statement = [
TestEks 2023-10-04T09:36:57-04:00 logger.go:66:                   [31m-[0m[0m {
TestEks 2023-10-04T09:36:57-04:00 logger.go:66:                       [31m-[0m[0m Action    = [
TestEks 2023-10-04T09:36:57-04:00 logger.go:66:                           [31m-[0m[0m "kms:Update*",
TestEks 2023-10-04T09:36:57-04:00 logger.go:66:                           [31m-[0m[0m "kms:UntagResource",
TestEks 2023-10-04T09:36:57-04:00 logger.go:66:                           [31m-[0m[0m "kms:TagResource",
TestEks 2023-10-04T09:36:57-04:00 logger.go:66:                           [31m-[0m[0m "kms:ScheduleKeyDeletion",
TestEks 2023-10-04T09:36:57-04:00 logger.go:66:                           [31m-[0m[0m "kms:Revoke*",
TestEks 2023-10-04T09:36:57-04:00 logger.go:66:                           [31m-[0m[0m "kms:Put*",
TestEks 2023-10-04T09:36:57-04:00 logger.go:66:                           [31m-[0m[0m "kms:List*",
TestEks 2023-10-04T09:36:57-04:00 logger.go:66:                           [31m-[0m[0m "kms:Get*",
TestEks 2023-10-04T09:36:57-04:00 logger.go:66:                           [31m-[0m[0m "kms:Enable*",
TestEks 2023-10-04T09:36:57-04:00 logger.go:66:                           [31m-[0m[0m "kms:Disable*",
TestEks 2023-10-04T09:36:57-04:00 logger.go:66:                           [31m-[0m[0m "kms:Describe*",
TestEks 2023-10-04T09:36:57-04:00 logger.go:66:                           [31m-[0m[0m "kms:Delete*",
TestEks 2023-10-04T09:36:57-04:00 logger.go:66:                           [31m-[0m[0m "kms:Create*",
TestEks 2023-10-04T09:36:57-04:00 logger.go:66:                           [31m-[0m[0m "kms:CancelKeyDeletion",
TestEks 2023-10-04T09:36:57-04:00 logger.go:66:                         ]
TestEks 2023-10-04T09:36:57-04:00 logger.go:66:                       [31m-[0m[0m Effect    = "Allow"
TestEks 2023-10-04T09:36:57-04:00 logger.go:66:                       [31m-[0m[0m Principal = {
TestEks 2023-10-04T09:36:57-04:00 logger.go:66:                           [31m-[0m[0m AWS = "arn:aws:iam::177807608173:role/PCMPowerUser"
TestEks 2023-10-04T09:36:57-04:00 logger.go:66:                         }
TestEks 2023-10-04T09:36:57-04:00 logger.go:66:                       [31m-[0m[0m Resource  = "*"
TestEks 2023-10-04T09:36:57-04:00 logger.go:66:                       [31m-[0m[0m Sid       = "KeyAdministration"
TestEks 2023-10-04T09:36:57-04:00 logger.go:66:                     },
TestEks 2023-10-04T09:36:57-04:00 logger.go:66:                   [31m-[0m[0m {
TestEks 2023-10-04T09:36:57-04:00 logger.go:66:                       [31m-[0m[0m Action    = [
TestEks 2023-10-04T09:36:57-04:00 logger.go:66:                           [31m-[0m[0m "kms:ReEncrypt*",
TestEks 2023-10-04T09:36:57-04:00 logger.go:66:                           [31m-[0m[0m "kms:GenerateDataKey*",
TestEks 2023-10-04T09:36:57-04:00 logger.go:66:                           [31m-[0m[0m "kms:Encrypt",
TestEks 2023-10-04T09:36:57-04:00 logger.go:66:                           [31m-[0m[0m "kms:DescribeKey",
TestEks 2023-10-04T09:36:57-04:00 logger.go:66:                           [31m-[0m[0m "kms:Decrypt",
TestEks 2023-10-04T09:36:57-04:00 logger.go:66:                         ]
TestEks 2023-10-04T09:36:57-04:00 logger.go:66:                       [31m-[0m[0m Effect    = "Allow"
TestEks 2023-10-04T09:36:57-04:00 logger.go:66:                       [31m-[0m[0m Principal = {
TestEks 2023-10-04T09:36:57-04:00 logger.go:66:                           [31m-[0m[0m AWS = "arn:aws:iam::177807608173:role/eks-runner-go-10604-demo-cluster-20231004130058490000000001"
TestEks 2023-10-04T09:36:57-04:00 logger.go:66:                         }
TestEks 2023-10-04T09:36:57-04:00 logger.go:66:                       [31m-[0m[0m Resource  = "*"
TestEks 2023-10-04T09:36:57-04:00 logger.go:66:                       [31m-[0m[0m Sid       = "KeyUsage"
TestEks 2023-10-04T09:36:57-04:00 logger.go:66:                     },
TestEks 2023-10-04T09:36:57-04:00 logger.go:66:                 ]
TestEks 2023-10-04T09:36:57-04:00 logger.go:66:               [31m-[0m[0m Version   = "2012-10-17"
TestEks 2023-10-04T09:36:57-04:00 logger.go:66:             }
TestEks 2023-10-04T09:36:57-04:00 logger.go:66:         ) [90m-> null[0m[0m
TestEks 2023-10-04T09:36:57-04:00 logger.go:66:       [31m-[0m[0m tags                               = {
TestEks 2023-10-04T09:36:57-04:00 logger.go:66:           [31m-[0m[0m "Owner"         = "lucas.j.hughes@outlook.com"
TestEks 2023-10-04T09:36:57-04:00 logger.go:66:           [31m-[0m[0m "t_AppID"       = "SVC03377"
TestEks 2023-10-04T09:36:57-04:00 logger.go:66:           [31m-[0m[0m "t_dcl"         = "3"
TestEks 2023-10-04T09:36:57-04:00 logger.go:66:           [31m-[0m[0m "t_environment" = "DEMO"
TestEks 2023-10-04T09:36:57-04:00 logger.go:66:         } [90m-> null[0m[0m
TestEks 2023-10-04T09:36:57-04:00 logger.go:66:       [31m-[0m[0m tags_all                           = {
TestEks 2023-10-04T09:36:57-04:00 logger.go:66:           [31m-[0m[0m "Owner"         = "lucas.j.hughes@outlook.com"
TestEks 2023-10-04T09:36:57-04:00 logger.go:66:           [31m-[0m[0m "t_AppID"       = "SVC03377"
TestEks 2023-10-04T09:36:57-04:00 logger.go:66:           [31m-[0m[0m "t_dcl"         = "3"
TestEks 2023-10-04T09:36:57-04:00 logger.go:66:           [31m-[0m[0m "t_environment" = "DEMO"
TestEks 2023-10-04T09:36:57-04:00 logger.go:66:         } [90m-> null[0m[0m
TestEks 2023-10-04T09:36:57-04:00 logger.go:66:     }
TestEks 2023-10-04T09:36:57-04:00 logger.go:66: 
TestEks 2023-10-04T09:36:57-04:00 logger.go:66: [1mPlan:[0m 0 to add, 0 to change, 101 to destroy.
TestEks 2023-10-04T09:36:57-04:00 logger.go:66: [0m
TestEks 2023-10-04T09:36:57-04:00 logger.go:66: Changes to Outputs:
TestEks 2023-10-04T09:36:57-04:00 logger.go:66:   [31m-[0m[0m cluster_name             = "eks-runner-go-10604-demo" [90m-> null[0m[0m
TestEks 2023-10-04T09:36:57-04:00 logger.go:66:   [31m-[0m[0m self_managed_node_groups = {} [90m-> null[0m[0m
TestEks 2023-10-04T09:36:58-04:00 logger.go:66: [0m[1mmodule.new_vpc_eks_runner.module.eks.aws_ec2_tag.cluster_primary_security_group["t_environment"]: Destroying... [id=sg-0ab0213631b6d2495,t_environment][0m[0m
TestEks 2023-10-04T09:36:58-04:00 logger.go:66: [0m[1mmodule.new_vpc_eks_runner.module.vpc[0].aws_route_table_association.private[1]: Destroying... [id=rtbassoc-05ad051bb9b27c86f][0m[0m
TestEks 2023-10-04T09:36:58-04:00 logger.go:66: [0m[1mmodule.new_vpc_eks_runner.module.eks.aws_ec2_tag.cluster_primary_security_group["t_AppID"]: Destroying... [id=sg-0ab0213631b6d2495,t_AppID][0m[0m
TestEks 2023-10-04T09:36:58-04:00 logger.go:66: [0m[1mmodule.new_vpc_eks_runner.module.eks.aws_eks_addon.this["kube-proxy"]: Destroying... [id=eks-runner-go-10604-demo:kube-proxy][0m[0m
TestEks 2023-10-04T09:36:58-04:00 logger.go:66: [0m[1mmodule.new_vpc_eks_runner.module.eks.aws_eks_addon.this["coredns"]: Destroying... [id=eks-runner-go-10604-demo:coredns][0m[0m
TestEks 2023-10-04T09:36:58-04:00 logger.go:66: [0m[1mmodule.new_vpc_eks_runner.module.eks.aws_ec2_tag.cluster_primary_security_group["Owner"]: Destroying... [id=sg-0ab0213631b6d2495,Owner][0m[0m
TestEks 2023-10-04T09:36:58-04:00 logger.go:66: [0m[1mmodule.new_vpc_eks_runner.module.vpc[0].aws_default_network_acl.this[0]: Destroying... [id=acl-07ba8e94172127934][0m[0m
TestEks 2023-10-04T09:36:58-04:00 logger.go:66: [0m[1mmodule.new_vpc_eks_runner.module.vpc[0].aws_route.public_internet_gateway[0]: Destroying... [id=r-rtb-01b7e19eba495fdfe1080289494][0m[0m
TestEks 2023-10-04T09:36:58-04:00 logger.go:66: [0m[1mmodule.new_vpc_eks_runner.module.vpc[0].aws_route_table_association.private[0]: Destroying... [id=rtbassoc-054f1198ae6cf0f8d][0m[0m
TestEks 2023-10-04T09:36:58-04:00 logger.go:66: [0m[1mmodule.new_vpc_eks_runner.module.vpc[0].aws_default_network_acl.this[0]: Destruction complete after 0s[0m
TestEks 2023-10-04T09:36:58-04:00 logger.go:66: [0m[1mmodule.new_vpc_eks_runner.module.eks.aws_ec2_tag.cluster_primary_security_group["t_dcl"]: Destroying... [id=sg-0ab0213631b6d2495,t_dcl][0m[0m
TestEks 2023-10-04T09:36:59-04:00 logger.go:66: [0m[1mmodule.new_vpc_eks_runner.module.eks.aws_ec2_tag.cluster_primary_security_group["t_environment"]: Destruction complete after 0s[0m
TestEks 2023-10-04T09:36:59-04:00 logger.go:66: [0m[1mmodule.new_vpc_eks_runner.module.vpc[0].aws_route_table_association.public[0]: Destroying... [id=rtbassoc-06743f507c85286d4][0m[0m
TestEks 2023-10-04T09:36:59-04:00 logger.go:66: [0m[1mmodule.new_vpc_eks_runner.module.eks.aws_eks_addon.before_compute["vpc-cni"]: Destroying... [id=eks-runner-go-10604-demo:vpc-cni][0m[0m
TestEks 2023-10-04T09:36:59-04:00 logger.go:66: [0m[1mmodule.new_vpc_eks_runner.module.eks.aws_ec2_tag.cluster_primary_security_group["t_dcl"]: Destruction complete after 0s[0m
TestEks 2023-10-04T09:36:59-04:00 logger.go:66: [0m[1mmodule.new_vpc_eks_runner.module.vpc[0].aws_default_route_table.default[0]: Destroying... [id=rtb-02810fec43724a480][0m[0m
TestEks 2023-10-04T09:36:59-04:00 logger.go:66: [0m[1mmodule.new_vpc_eks_runner.module.vpc[0].aws_default_route_table.default[0]: Destruction complete after 0s[0m
TestEks 2023-10-04T09:36:59-04:00 logger.go:66: [0m[1mmodule.new_vpc_eks_runner.module.vpc[0].aws_route.private_nat_gateway[0]: Destroying... [id=r-rtb-0cdd8a29d5ee4a7371080289494][0m[0m
TestEks 2023-10-04T09:36:59-04:00 logger.go:66: [0m[1mmodule.new_vpc_eks_runner.module.eks.aws_ec2_tag.cluster_primary_security_group["t_AppID"]: Destruction complete after 0s[0m
TestEks 2023-10-04T09:36:59-04:00 logger.go:66: [0m[1mmodule.new_vpc_eks_runner.module.eks.aws_iam_role_policy_attachment.cluster_encryption[0]: Destroying... [id=eks-runner-go-10604-demo-cluster-20231004130058490000000001-2023100413012138770000000f][0m[0m
TestEks 2023-10-04T09:36:59-04:00 logger.go:66: [0m[1mmodule.new_vpc_eks_runner.module.eks.aws_ec2_tag.cluster_primary_security_group["Owner"]: Destruction complete after 0s[0m
TestEks 2023-10-04T09:36:59-04:00 logger.go:66: [0m[1mmodule.new_vpc_eks_runner.module.vpc[0].aws_route_table_association.private[1]: Destruction complete after 0s[0m
TestEks 2023-10-04T09:36:59-04:00 logger.go:66: [0m[1mmodule.new_vpc_eks_runner.module.eks.module.kms.aws_kms_alias.this["cluster"]: Destroying... [id=alias/eks/eks-runner-go-10604-demo][0m[0m
TestEks 2023-10-04T09:36:59-04:00 logger.go:66: [0m[1mmodule.new_vpc_eks_runner.module.vpc[0].aws_route_table_association.public[1]: Destroying... [id=rtbassoc-002b05c5a4b2898a6][0m[0m
TestEks 2023-10-04T09:36:59-04:00 logger.go:66: [0m[1mmodule.new_vpc_eks_runner.module.vpc[0].aws_route_table_association.private[0]: Destruction complete after 0s[0m
TestEks 2023-10-04T09:36:59-04:00 logger.go:66: [0m[1mmodule.new_vpc_eks_runner.module.vpc[0].aws_default_security_group.this[0]: Destroying... [id=sg-0511d1770689e96d8][0m[0m
TestEks 2023-10-04T09:36:59-04:00 logger.go:66: [0m[1mmodule.new_vpc_eks_runner.module.vpc[0].aws_default_security_group.this[0]: Destruction complete after 0s[0m
TestEks 2023-10-04T09:36:59-04:00 logger.go:66: [0m[1mmodule.existing_vpc_eks_runner.module.eks.aws_eks_addon.before_compute["vpc-cni"]: Destroying... [id=eks-runner-go-19867-demo:vpc-cni][0m[0m
TestEks 2023-10-04T09:36:59-04:00 logger.go:66: [0m[1mmodule.new_vpc_eks_runner.module.vpc[0].aws_route_table_association.public[0]: Destruction complete after 0s[0m
TestEks 2023-10-04T09:36:59-04:00 logger.go:66: [0m[1mmodule.existing_vpc_eks_runner.module.eks.aws_ec2_tag.cluster_primary_security_group["t_environment"]: Destroying... [id=sg-00c647a14c7edc89c,t_environment][0m[0m
TestEks 2023-10-04T09:36:59-04:00 logger.go:66: [0m[1mmodule.new_vpc_eks_runner.module.eks.module.kms.aws_kms_alias.this["cluster"]: Destruction complete after 1s[0m
TestEks 2023-10-04T09:36:59-04:00 logger.go:66: [0m[1mmodule.existing_vpc_eks_runner.module.eks.aws_ec2_tag.cluster_primary_security_group["t_AppID"]: Destroying... [id=sg-00c647a14c7edc89c,t_AppID][0m[0m
TestEks 2023-10-04T09:36:59-04:00 logger.go:66: [0m[1mmodule.new_vpc_eks_runner.module.eks.aws_iam_role_policy_attachment.cluster_encryption[0]: Destruction complete after 1s[0m
TestEks 2023-10-04T09:36:59-04:00 logger.go:66: [0m[1mmodule.existing_vpc_eks_runner.module.eks.aws_eks_addon.this["kube-proxy"]: Destroying... [id=eks-runner-go-19867-demo:kube-proxy][0m[0m
TestEks 2023-10-04T09:36:59-04:00 logger.go:66: [0m[1mmodule.new_vpc_eks_runner.module.vpc[0].aws_route.public_internet_gateway[0]: Destruction complete after 1s[0m
TestEks 2023-10-04T09:36:59-04:00 logger.go:66: [0m[1mmodule.existing_vpc_eks_runner.module.eks.aws_eks_addon.this["coredns"]: Destroying... [id=eks-runner-go-19867-demo:coredns][0m[0m
TestEks 2023-10-04T09:36:59-04:00 logger.go:66: [0m[1mmodule.new_vpc_eks_runner.module.vpc[0].aws_route.private_nat_gateway[0]: Destruction complete after 1s[0m
TestEks 2023-10-04T09:36:59-04:00 logger.go:66: [0m[1mmodule.existing_vpc_eks_runner.module.eks.aws_iam_role_policy_attachment.cluster_encryption[0]: Destroying... [id=eks-runner-go-19867-demo-cluster-20231004130058821700000001-2023100413012073830000000e][0m[0m
TestEks 2023-10-04T09:36:59-04:00 logger.go:66: [0m[1mmodule.existing_vpc_eks_runner.module.eks.aws_ec2_tag.cluster_primary_security_group["t_AppID"]: Destruction complete after 0s[0m
TestEks 2023-10-04T09:36:59-04:00 logger.go:66: [0m[1mmodule.existing_vpc_eks_runner.module.eks.aws_ec2_tag.cluster_primary_security_group["t_dcl"]: Destroying... [id=sg-00c647a14c7edc89c,t_dcl][0m[0m
TestEks 2023-10-04T09:36:59-04:00 logger.go:66: [0m[1mmodule.new_vpc_eks_runner.module.vpc[0].aws_route_table_association.public[1]: Destruction complete after 1s[0m
TestEks 2023-10-04T09:36:59-04:00 logger.go:66: [0m[1mmodule.existing_vpc_eks_runner.module.eks.aws_ec2_tag.cluster_primary_security_group["Owner"]: Destroying... [id=sg-00c647a14c7edc89c,Owner][0m[0m
TestEks 2023-10-04T09:36:59-04:00 logger.go:66: [0m[1mmodule.existing_vpc_eks_runner.module.eks.aws_ec2_tag.cluster_primary_security_group["t_environment"]: Destruction complete after 1s[0m
TestEks 2023-10-04T09:36:59-04:00 logger.go:66: [0m[1mmodule.existing_vpc_eks_runner.module.eks.module.kms.aws_kms_alias.this["cluster"]: Destroying... [id=alias/eks/eks-runner-go-19867-demo][0m[0m
TestEks 2023-10-04T09:36:59-04:00 logger.go:66: [0m[1mmodule.existing_vpc_eks_runner.module.eks.aws_iam_role_policy_attachment.cluster_encryption[0]: Destruction complete after 0s[0m
TestEks 2023-10-04T09:36:59-04:00 logger.go:66: [0m[1mmodule.new_vpc_eks_runner.module.eks.aws_iam_policy.cluster_encryption[0]: Destroying... [id=arn:aws:iam::177807608173:policy/eks-runner-go-10604-demo-cluster-ClusterEncryption2023100413012105610000000e][0m[0m
TestEks 2023-10-04T09:36:59-04:00 logger.go:66: [0m[1mmodule.existing_vpc_eks_runner.module.eks.aws_ec2_tag.cluster_primary_security_group["t_dcl"]: Destruction complete after 0s[0m
TestEks 2023-10-04T09:36:59-04:00 logger.go:66: [0m[1mmodule.new_vpc_eks_runner.module.vpc[0].aws_nat_gateway.this[0]: Destroying... [id=nat-0f240967b182a1189][0m[0m
TestEks 2023-10-04T09:36:59-04:00 logger.go:66: [0m[1mmodule.existing_vpc_eks_runner.module.eks.aws_ec2_tag.cluster_primary_security_group["Owner"]: Destruction complete after 0s[0m
TestEks 2023-10-04T09:36:59-04:00 logger.go:66: [0m[1mmodule.new_vpc_eks_runner.module.vpc[0].aws_route_table.private[0]: Destroying... [id=rtb-0cdd8a29d5ee4a737][0m[0m
TestEks 2023-10-04T09:37:00-04:00 logger.go:66: [0m[1mmodule.existing_vpc_eks_runner.module.eks.module.kms.aws_kms_alias.this["cluster"]: Destruction complete after 0s[0m
TestEks 2023-10-04T09:37:00-04:00 logger.go:66: [0m[1mmodule.new_vpc_eks_runner.module.vpc[0].aws_route_table.public[0]: Destroying... [id=rtb-01b7e19eba495fdfe][0m[0m
TestEks 2023-10-04T09:37:00-04:00 logger.go:66: [0m[1mmodule.new_vpc_eks_runner.module.eks.aws_iam_policy.cluster_encryption[0]: Destruction complete after 0s[0m
TestEks 2023-10-04T09:37:00-04:00 logger.go:66: [0m[1mmodule.existing_vpc_eks_runner.module.eks.aws_iam_policy.cluster_encryption[0]: Destroying... [id=arn:aws:iam::177807608173:policy/eks-runner-go-19867-demo-cluster-ClusterEncryption2023100413012038430000000d][0m[0m
TestEks 2023-10-04T09:37:00-04:00 logger.go:66: [0m[1mmodule.existing_vpc_eks_runner.module.eks.aws_iam_policy.cluster_encryption[0]: Destruction complete after 0s[0m
TestEks 2023-10-04T09:37:00-04:00 logger.go:66: [0m[1mmodule.new_vpc_eks_runner.module.vpc[0].aws_route_table.public[0]: Destruction complete after 1s[0m
TestEks 2023-10-04T09:37:00-04:00 logger.go:66: [0m[1mmodule.new_vpc_eks_runner.module.vpc[0].aws_route_table.private[0]: Destruction complete after 1s[0m
TestEks 2023-10-04T09:37:01-04:00 logger.go:66: [0m[1mmodule.new_vpc_eks_runner.module.eks.aws_eks_addon.this["coredns"]: Destruction complete after 2s[0m
TestEks 2023-10-04T09:37:01-04:00 logger.go:66: [0m[1mmodule.new_vpc_eks_runner.module.eks.aws_eks_addon.this["kube-proxy"]: Destruction complete after 3s[0m
TestEks 2023-10-04T09:37:01-04:00 logger.go:66: [0m[1mmodule.new_vpc_eks_runner.module.eks.module.eks_managed_node_group["eks-gitlab-runner"].aws_iam_role_policy_attachment.additional["additional_policy"]: Destroying... [id=eks-runner-go-10604-eks-node-group-20231004130112133800000006-20231004130112535600000007][0m[0m
TestEks 2023-10-04T09:37:01-04:00 logger.go:66: [0m[1mmodule.new_vpc_eks_runner.module.eks.module.eks_managed_node_group["eks-gitlab-runner"].aws_autoscaling_schedule.this["scale-down"]: Destroying... [id=scale-down][0m[0m
TestEks 2023-10-04T09:37:01-04:00 logger.go:66: [0m[1mmodule.new_vpc_eks_runner.module.eks.module.eks_managed_node_group["eks-gitlab-runner"].aws_iam_role_policy_attachment.additional["AmazonEC2ContainerRegistryReadOnly"]: Destroying... [id=eks-runner-go-10604-eks-node-group-20231004130112133800000006-2023100413011268840000000a][0m[0m
TestEks 2023-10-04T09:37:01-04:00 logger.go:66: [0m[1mmodule.new_vpc_eks_runner.module.eks.module.eks_managed_node_group["eks-gitlab-runner"].aws_autoscaling_schedule.this["scale-up"]: Destroying... [id=scale-up][0m[0m
TestEks 2023-10-04T09:37:01-04:00 logger.go:66: [0m[1mmodule.new_vpc_eks_runner.module.eks.module.eks_managed_node_group["eks-gitlab-runner"].aws_iam_role_policy_attachment.additional["ssm"]: Destroying... [id=eks-runner-go-10604-eks-node-group-20231004130112133800000006-2023100413011284010000000d][0m[0m
TestEks 2023-10-04T09:37:01-04:00 logger.go:66: [0m[1mmodule.new_vpc_eks_runner.module.eks.module.eks_managed_node_group["eks-gitlab-runner"].aws_iam_role_policy_attachment.additional["ssm"]: Destruction complete after 0s[0m
TestEks 2023-10-04T09:37:01-04:00 logger.go:66: [0m[1mmodule.new_vpc_eks_runner.module.eks.module.eks_managed_node_group["eks-gitlab-runner"].aws_iam_role_policy_attachment.additional["AmazonEC2ContainerRegistryReadOnly"]: Destruction complete after 0s[0m
TestEks 2023-10-04T09:37:01-04:00 logger.go:66: [0m[1mmodule.new_vpc_eks_runner.module.eks.module.eks_managed_node_group["eks-gitlab-runner"].aws_iam_role_policy_attachment.additional["additional_policy"]: Destruction complete after 0s[0m
TestEks 2023-10-04T09:37:01-04:00 logger.go:66: [0m[1mmodule.existing_vpc_eks_runner.module.eks.aws_eks_addon.this["kube-proxy"]: Destruction complete after 2s[0m
TestEks 2023-10-04T09:37:01-04:00 logger.go:66: [0m[1mmodule.new_vpc_eks_runner.module.eks.module.eks_managed_node_group["eks-gitlab-runner"].aws_autoscaling_schedule.this["scale-down"]: Destruction complete after 0s[0m
TestEks 2023-10-04T09:37:02-04:00 logger.go:66: [0m[1mmodule.new_vpc_eks_runner.module.eks.module.eks_managed_node_group["eks-gitlab-runner"].aws_autoscaling_schedule.this["scale-up"]: Destruction complete after 0s[0m
TestEks 2023-10-04T09:37:02-04:00 logger.go:66: [0m[1mmodule.new_vpc_eks_runner.module.eks.module.eks_managed_node_group["eks-gitlab-runner"].aws_eks_node_group.this[0]: Destroying... [id=eks-runner-go-10604-demo:eks-runner-go-10604-20231004131308494300000013][0m[0m
TestEks 2023-10-04T09:37:03-04:00 logger.go:66: [0m[1mmodule.new_vpc_eks_runner.module.eks.aws_eks_addon.before_compute["vpc-cni"]: Destruction complete after 4s[0m
TestEks 2023-10-04T09:37:03-04:00 logger.go:66: [0m[1mmodule.existing_vpc_eks_runner.module.eks.aws_eks_addon.before_compute["vpc-cni"]: Destruction complete after 5s[0m
TestEks 2023-10-04T09:37:04-04:00 logger.go:66: [0m[1mmodule.existing_vpc_eks_runner.module.eks.aws_eks_addon.this["coredns"]: Destruction complete after 4s[0m
TestEks 2023-10-04T09:37:04-04:00 logger.go:66: [0m[1mmodule.existing_vpc_eks_runner.module.eks.module.eks_managed_node_group["eks-gitlab-runner"].aws_iam_role_policy_attachment.additional["ssm"]: Destroying... [id=eks-runner-go-19867-eks-node-group-20231004130112916800000006-20231004130113382900000008][0m[0m
TestEks 2023-10-04T09:37:04-04:00 logger.go:66: [0m[1mmodule.existing_vpc_eks_runner.module.eks.module.eks_managed_node_group["eks-gitlab-runner"].aws_autoscaling_schedule.this["scale-up"]: Destroying... [id=scale-up][0m[0m
TestEks 2023-10-04T09:37:04-04:00 logger.go:66: [0m[1mmodule.existing_vpc_eks_runner.module.eks.module.eks_managed_node_group["eks-gitlab-runner"].aws_autoscaling_schedule.this["scale-down"]: Destroying... [id=scale-down][0m[0m
TestEks 2023-10-04T09:37:04-04:00 logger.go:66: [0m[1mmodule.existing_vpc_eks_runner.module.eks.module.eks_managed_node_group["eks-gitlab-runner"].aws_iam_role_policy_attachment.additional["additional_policy"]: Destroying... [id=eks-runner-go-19867-eks-node-group-20231004130112916800000006-2023100413011352420000000a][0m[0m
TestEks 2023-10-04T09:37:04-04:00 logger.go:66: [0m[1mmodule.existing_vpc_eks_runner.module.eks.module.eks_managed_node_group["eks-gitlab-runner"].aws_iam_role_policy_attachment.additional["AmazonEC2ContainerRegistryReadOnly"]: Destroying... [id=eks-runner-go-19867-eks-node-group-20231004130112916800000006-2023100413011354420000000c][0m[0m
TestEks 2023-10-04T09:37:04-04:00 logger.go:66: [0m[1mmodule.existing_vpc_eks_runner.module.eks.module.eks_managed_node_group["eks-gitlab-runner"].aws_iam_role_policy_attachment.additional["additional_policy"]: Destruction complete after 0s[0m
TestEks 2023-10-04T09:37:04-04:00 logger.go:66: [0m[1mmodule.existing_vpc_eks_runner.module.eks.module.eks_managed_node_group["eks-gitlab-runner"].aws_iam_role_policy_attachment.additional["AmazonEC2ContainerRegistryReadOnly"]: Destruction complete after 0s[0m
TestEks 2023-10-04T09:37:04-04:00 logger.go:66: [0m[1mmodule.existing_vpc_eks_runner.module.eks.module.eks_managed_node_group["eks-gitlab-runner"].aws_iam_role_policy_attachment.additional["ssm"]: Destruction complete after 0s[0m
TestEks 2023-10-04T09:37:04-04:00 logger.go:66: [0m[1mmodule.existing_vpc_eks_runner.module.eks.module.eks_managed_node_group["eks-gitlab-runner"].aws_autoscaling_schedule.this["scale-down"]: Destruction complete after 0s[0m
TestEks 2023-10-04T09:37:04-04:00 logger.go:66: [0m[1mmodule.existing_vpc_eks_runner.module.eks.module.eks_managed_node_group["eks-gitlab-runner"].aws_autoscaling_schedule.this["scale-up"]: Destruction complete after 0s[0m
TestEks 2023-10-04T09:37:04-04:00 logger.go:66: [0m[1mmodule.existing_vpc_eks_runner.module.eks.module.eks_managed_node_group["eks-gitlab-runner"].aws_eks_node_group.this[0]: Destroying... [id=eks-runner-go-19867-demo:eks-runner-go-19867-20231004131047493200000012][0m[0m
TestEks 2023-10-04T09:37:09-04:00 logger.go:66: [0m[1mmodule.new_vpc_eks_runner.module.vpc[0].aws_nat_gateway.this[0]: Still destroying... [id=nat-0f240967b182a1189, 10s elapsed][0m[0m
TestEks 2023-10-04T09:37:12-04:00 logger.go:66: [0m[1mmodule.new_vpc_eks_runner.module.eks.module.eks_managed_node_group["eks-gitlab-runner"].aws_eks_node_group.this[0]: Still destroying... [id=eks-runner-go-10604-demo:eks-runner-go-10604-20231004131308494300000013, 10s elapsed][0m[0m
TestEks 2023-10-04T09:37:14-04:00 logger.go:66: [0m[1mmodule.existing_vpc_eks_runner.module.eks.module.eks_managed_node_group["eks-gitlab-runner"].aws_eks_node_group.this[0]: Still destroying... [id=eks-runner-go-19867-demo:eks-runner-go-19867-20231004131047493200000012, 10s elapsed][0m[0m
TestEks 2023-10-04T09:37:19-04:00 logger.go:66: [0m[1mmodule.new_vpc_eks_runner.module.vpc[0].aws_nat_gateway.this[0]: Still destroying... [id=nat-0f240967b182a1189, 20s elapsed][0m[0m
TestEks 2023-10-04T09:37:22-04:00 logger.go:66: [0m[1mmodule.new_vpc_eks_runner.module.eks.module.eks_managed_node_group["eks-gitlab-runner"].aws_eks_node_group.this[0]: Still destroying... [id=eks-runner-go-10604-demo:eks-runner-go-10604-20231004131308494300000013, 20s elapsed][0m[0m
TestEks 2023-10-04T09:37:24-04:00 logger.go:66: [0m[1mmodule.existing_vpc_eks_runner.module.eks.module.eks_managed_node_group["eks-gitlab-runner"].aws_eks_node_group.this[0]: Still destroying... [id=eks-runner-go-19867-demo:eks-runner-go-19867-20231004131047493200000012, 20s elapsed][0m[0m
TestEks 2023-10-04T09:37:29-04:00 logger.go:66: [0m[1mmodule.new_vpc_eks_runner.module.vpc[0].aws_nat_gateway.this[0]: Still destroying... [id=nat-0f240967b182a1189, 30s elapsed][0m[0m
TestEks 2023-10-04T09:37:32-04:00 logger.go:66: [0m[1mmodule.new_vpc_eks_runner.module.eks.module.eks_managed_node_group["eks-gitlab-runner"].aws_eks_node_group.this[0]: Still destroying... [id=eks-runner-go-10604-demo:eks-runner-go-10604-20231004131308494300000013, 30s elapsed][0m[0m
TestEks 2023-10-04T09:37:34-04:00 logger.go:66: [0m[1mmodule.existing_vpc_eks_runner.module.eks.module.eks_managed_node_group["eks-gitlab-runner"].aws_eks_node_group.this[0]: Still destroying... [id=eks-runner-go-19867-demo:eks-runner-go-19867-20231004131047493200000012, 30s elapsed][0m[0m
TestEks 2023-10-04T09:37:39-04:00 logger.go:66: [0m[1mmodule.new_vpc_eks_runner.module.vpc[0].aws_nat_gateway.this[0]: Still destroying... [id=nat-0f240967b182a1189, 40s elapsed][0m[0m
TestEks 2023-10-04T09:37:42-04:00 logger.go:66: [0m[1mmodule.new_vpc_eks_runner.module.eks.module.eks_managed_node_group["eks-gitlab-runner"].aws_eks_node_group.this[0]: Still destroying... [id=eks-runner-go-10604-demo:eks-runner-go-10604-20231004131308494300000013, 40s elapsed][0m[0m
TestEks 2023-10-04T09:37:44-04:00 logger.go:66: [0m[1mmodule.existing_vpc_eks_runner.module.eks.module.eks_managed_node_group["eks-gitlab-runner"].aws_eks_node_group.this[0]: Still destroying... [id=eks-runner-go-19867-demo:eks-runner-go-19867-20231004131047493200000012, 40s elapsed][0m[0m
TestEks 2023-10-04T09:37:49-04:00 logger.go:66: [0m[1mmodule.new_vpc_eks_runner.module.vpc[0].aws_nat_gateway.this[0]: Still destroying... [id=nat-0f240967b182a1189, 50s elapsed][0m[0m
TestEks 2023-10-04T09:37:52-04:00 logger.go:66: [0m[1mmodule.new_vpc_eks_runner.module.eks.module.eks_managed_node_group["eks-gitlab-runner"].aws_eks_node_group.this[0]: Still destroying... [id=eks-runner-go-10604-demo:eks-runner-go-10604-20231004131308494300000013, 50s elapsed][0m[0m
TestEks 2023-10-04T09:37:54-04:00 logger.go:66: [0m[1mmodule.existing_vpc_eks_runner.module.eks.module.eks_managed_node_group["eks-gitlab-runner"].aws_eks_node_group.this[0]: Still destroying... [id=eks-runner-go-19867-demo:eks-runner-go-19867-20231004131047493200000012, 50s elapsed][0m[0m
TestEks 2023-10-04T09:37:59-04:00 logger.go:66: [0m[1mmodule.new_vpc_eks_runner.module.vpc[0].aws_nat_gateway.this[0]: Still destroying... [id=nat-0f240967b182a1189, 1m0s elapsed][0m[0m
TestEks 2023-10-04T09:38:00-04:00 logger.go:66: [0m[1mmodule.new_vpc_eks_runner.module.vpc[0].aws_nat_gateway.this[0]: Destruction complete after 1m1s[0m
TestEks 2023-10-04T09:38:01-04:00 logger.go:66: [0m[1mmodule.new_vpc_eks_runner.module.vpc[0].aws_eip.nat[0]: Destroying... [id=eipalloc-0be513587461407bc][0m[0m
TestEks 2023-10-04T09:38:01-04:00 logger.go:66: [0m[1mmodule.new_vpc_eks_runner.module.vpc[0].aws_subnet.public[0]: Destroying... [id=subnet-06aa44dc1c4d957a8][0m[0m
TestEks 2023-10-04T09:38:01-04:00 logger.go:66: [0m[1mmodule.new_vpc_eks_runner.module.vpc[0].aws_subnet.public[1]: Destroying... [id=subnet-02400b4bc4cc31dcb][0m[0m
TestEks 2023-10-04T09:38:02-04:00 logger.go:66: [0m[1mmodule.new_vpc_eks_runner.module.vpc[0].aws_subnet.public[1]: Destruction complete after 1s[0m
TestEks 2023-10-04T09:38:02-04:00 logger.go:66: [0m[1mmodule.new_vpc_eks_runner.module.eks.module.eks_managed_node_group["eks-gitlab-runner"].aws_eks_node_group.this[0]: Still destroying... [id=eks-runner-go-10604-demo:eks-runner-go-10604-20231004131308494300000013, 1m0s elapsed][0m[0m
TestEks 2023-10-04T09:38:02-04:00 logger.go:66: [0m[1mmodule.new_vpc_eks_runner.module.vpc[0].aws_subnet.public[0]: Destruction complete after 1s[0m
TestEks 2023-10-04T09:38:02-04:00 logger.go:66: [0m[1mmodule.new_vpc_eks_runner.module.vpc[0].aws_eip.nat[0]: Destruction complete after 2s[0m
TestEks 2023-10-04T09:38:02-04:00 logger.go:66: [0m[1mmodule.new_vpc_eks_runner.module.vpc[0].aws_internet_gateway.this[0]: Destroying... [id=igw-04587c4efff6488f3][0m[0m
TestEks 2023-10-04T09:38:03-04:00 logger.go:66: [0m[1mmodule.new_vpc_eks_runner.module.vpc[0].aws_internet_gateway.this[0]: Destruction complete after 0s[0m
TestEks 2023-10-04T09:38:04-04:00 logger.go:66: [0m[1mmodule.existing_vpc_eks_runner.module.eks.module.eks_managed_node_group["eks-gitlab-runner"].aws_eks_node_group.this[0]: Still destroying... [id=eks-runner-go-19867-demo:eks-runner-go-19867-20231004131047493200000012, 1m0s elapsed][0m[0m
TestEks 2023-10-04T09:38:12-04:00 logger.go:66: [0m[1mmodule.new_vpc_eks_runner.module.eks.module.eks_managed_node_group["eks-gitlab-runner"].aws_eks_node_group.this[0]: Still destroying... [id=eks-runner-go-10604-demo:eks-runner-go-10604-20231004131308494300000013, 1m10s elapsed][0m[0m
TestEks 2023-10-04T09:38:14-04:00 logger.go:66: [0m[1mmodule.existing_vpc_eks_runner.module.eks.module.eks_managed_node_group["eks-gitlab-runner"].aws_eks_node_group.this[0]: Still destroying... [id=eks-runner-go-19867-demo:eks-runner-go-19867-20231004131047493200000012, 1m10s elapsed][0m[0m
TestEks 2023-10-04T09:38:22-04:00 logger.go:66: [0m[1mmodule.new_vpc_eks_runner.module.eks.module.eks_managed_node_group["eks-gitlab-runner"].aws_eks_node_group.this[0]: Still destroying... [id=eks-runner-go-10604-demo:eks-runner-go-10604-20231004131308494300000013, 1m20s elapsed][0m[0m
TestEks 2023-10-04T09:38:24-04:00 logger.go:66: [0m[1mmodule.existing_vpc_eks_runner.module.eks.module.eks_managed_node_group["eks-gitlab-runner"].aws_eks_node_group.this[0]: Still destroying... [id=eks-runner-go-19867-demo:eks-runner-go-19867-20231004131047493200000012, 1m20s elapsed][0m[0m
TestEks 2023-10-04T09:38:32-04:00 logger.go:66: [0m[1mmodule.new_vpc_eks_runner.module.eks.module.eks_managed_node_group["eks-gitlab-runner"].aws_eks_node_group.this[0]: Still destroying... [id=eks-runner-go-10604-demo:eks-runner-go-10604-20231004131308494300000013, 1m30s elapsed][0m[0m
TestEks 2023-10-04T09:38:34-04:00 logger.go:66: [0m[1mmodule.existing_vpc_eks_runner.module.eks.module.eks_managed_node_group["eks-gitlab-runner"].aws_eks_node_group.this[0]: Still destroying... [id=eks-runner-go-19867-demo:eks-runner-go-19867-20231004131047493200000012, 1m30s elapsed][0m[0m
TestEks 2023-10-04T09:38:42-04:00 logger.go:66: [0m[1mmodule.new_vpc_eks_runner.module.eks.module.eks_managed_node_group["eks-gitlab-runner"].aws_eks_node_group.this[0]: Still destroying... [id=eks-runner-go-10604-demo:eks-runner-go-10604-20231004131308494300000013, 1m40s elapsed][0m[0m
TestEks 2023-10-04T09:38:44-04:00 logger.go:66: [0m[1mmodule.existing_vpc_eks_runner.module.eks.module.eks_managed_node_group["eks-gitlab-runner"].aws_eks_node_group.this[0]: Still destroying... [id=eks-runner-go-19867-demo:eks-runner-go-19867-20231004131047493200000012, 1m41s elapsed][0m[0m
TestEks 2023-10-04T09:38:52-04:00 logger.go:66: [0m[1mmodule.new_vpc_eks_runner.module.eks.module.eks_managed_node_group["eks-gitlab-runner"].aws_eks_node_group.this[0]: Still destroying... [id=eks-runner-go-10604-demo:eks-runner-go-10604-20231004131308494300000013, 1m50s elapsed][0m[0m
TestEks 2023-10-04T09:38:54-04:00 logger.go:66: [0m[1mmodule.existing_vpc_eks_runner.module.eks.module.eks_managed_node_group["eks-gitlab-runner"].aws_eks_node_group.this[0]: Still destroying... [id=eks-runner-go-19867-demo:eks-runner-go-19867-20231004131047493200000012, 1m51s elapsed][0m[0m
TestEks 2023-10-04T09:39:02-04:00 logger.go:66: [0m[1mmodule.new_vpc_eks_runner.module.eks.module.eks_managed_node_group["eks-gitlab-runner"].aws_eks_node_group.this[0]: Still destroying... [id=eks-runner-go-10604-demo:eks-runner-go-10604-20231004131308494300000013, 2m0s elapsed][0m[0m
TestEks 2023-10-04T09:39:04-04:00 logger.go:66: [0m[1mmodule.existing_vpc_eks_runner.module.eks.module.eks_managed_node_group["eks-gitlab-runner"].aws_eks_node_group.this[0]: Still destroying... [id=eks-runner-go-19867-demo:eks-runner-go-19867-20231004131047493200000012, 2m1s elapsed][0m[0m
TestEks 2023-10-04T09:39:12-04:00 logger.go:66: [0m[1mmodule.new_vpc_eks_runner.module.eks.module.eks_managed_node_group["eks-gitlab-runner"].aws_eks_node_group.this[0]: Still destroying... [id=eks-runner-go-10604-demo:eks-runner-go-10604-20231004131308494300000013, 2m10s elapsed][0m[0m
TestEks 2023-10-04T09:39:14-04:00 logger.go:66: [0m[1mmodule.existing_vpc_eks_runner.module.eks.module.eks_managed_node_group["eks-gitlab-runner"].aws_eks_node_group.this[0]: Still destroying... [id=eks-runner-go-19867-demo:eks-runner-go-19867-20231004131047493200000012, 2m11s elapsed][0m[0m
TestEks 2023-10-04T09:39:18-04:00 logger.go:66: [0m[1mmodule.new_vpc_eks_runner.module.eks.module.eks_managed_node_group["eks-gitlab-runner"].aws_eks_node_group.this[0]: Destruction complete after 2m17s[0m
TestEks 2023-10-04T09:39:19-04:00 logger.go:66: [0m[1mmodule.new_vpc_eks_runner.module.eks.module.eks_managed_node_group["eks-gitlab-runner"].aws_launch_template.this[0]: Destroying... [id=lt-0b913048c2a8c3a65][0m[0m
TestEks 2023-10-04T09:39:20-04:00 logger.go:66: [0m[1mmodule.new_vpc_eks_runner.module.eks.module.eks_managed_node_group["eks-gitlab-runner"].aws_launch_template.this[0]: Destruction complete after 0s[0m
TestEks 2023-10-04T09:39:20-04:00 logger.go:66: [0m[1mmodule.new_vpc_eks_runner.module.eks.time_sleep.this[0]: Destroying... [id=2023-10-04T13:13:06Z][0m[0m
TestEks 2023-10-04T09:39:20-04:00 logger.go:66: [0m[1mmodule.new_vpc_eks_runner.module.eks.module.eks_managed_node_group["eks-gitlab-runner"].aws_iam_role_policy_attachment.this["arn:aws:iam::aws:policy/AmazonEKS_CNI_Policy"]: Destroying... [id=eks-runner-go-10604-eks-node-group-20231004130112133800000006-2023100413011277920000000c][0m[0m
TestEks 2023-10-04T09:39:20-04:00 logger.go:66: [0m[1mmodule.new_vpc_eks_runner.module.eks.module.eks_managed_node_group["eks-gitlab-runner"].aws_iam_role_policy_attachment.this["arn:aws:iam::aws:policy/AmazonEC2ContainerRegistryReadOnly"]: Destroying... [id=eks-runner-go-10604-eks-node-group-20231004130112133800000006-20231004130112595500000008][0m[0m
TestEks 2023-10-04T09:39:20-04:00 logger.go:66: [0m[1mmodule.new_vpc_eks_runner.module.eks.module.eks_managed_node_group["eks-gitlab-runner"].aws_iam_role_policy_attachment.this["arn:aws:iam::aws:policy/AmazonEKSWorkerNodePolicy"]: Destroying... [id=eks-runner-go-10604-eks-node-group-20231004130112133800000006-20231004130112686500000009][0m[0m
TestEks 2023-10-04T09:39:20-04:00 logger.go:66: [0m[1mmodule.new_vpc_eks_runner.module.eks.time_sleep.this[0]: Destruction complete after 0s[0m
TestEks 2023-10-04T09:39:20-04:00 logger.go:66: [0m[1mmodule.new_vpc_eks_runner.module.eks.aws_eks_cluster.this[0]: Destroying... [id=eks-runner-go-10604-demo][0m[0m
TestEks 2023-10-04T09:39:20-04:00 logger.go:66: [0m[1mmodule.new_vpc_eks_runner.module.eks.module.eks_managed_node_group["eks-gitlab-runner"].aws_iam_role_policy_attachment.this["arn:aws:iam::aws:policy/AmazonEKS_CNI_Policy"]: Destruction complete after 1s[0m
TestEks 2023-10-04T09:39:20-04:00 logger.go:66: [0m[1mmodule.new_vpc_eks_runner.module.eks.module.eks_managed_node_group["eks-gitlab-runner"].aws_iam_role_policy_attachment.this["arn:aws:iam::aws:policy/AmazonEKSWorkerNodePolicy"]: Destruction complete after 1s[0m
TestEks 2023-10-04T09:39:20-04:00 logger.go:66: [0m[1mmodule.new_vpc_eks_runner.module.eks.module.eks_managed_node_group["eks-gitlab-runner"].aws_iam_role_policy_attachment.this["arn:aws:iam::aws:policy/AmazonEC2ContainerRegistryReadOnly"]: Destruction complete after 1s[0m
TestEks 2023-10-04T09:39:20-04:00 logger.go:66: [0m[1mmodule.new_vpc_eks_runner.module.eks.module.eks_managed_node_group["eks-gitlab-runner"].aws_iam_role.this[0]: Destroying... [id=eks-runner-go-10604-eks-node-group-20231004130112133800000006][0m[0m
TestEks 2023-10-04T09:39:21-04:00 logger.go:66: [0m[1mmodule.new_vpc_eks_runner.module.eks.module.eks_managed_node_group["eks-gitlab-runner"].aws_iam_role.this[0]: Destruction complete after 0s[0m
TestEks 2023-10-04T09:39:24-04:00 logger.go:66: [0m[1mmodule.existing_vpc_eks_runner.module.eks.module.eks_managed_node_group["eks-gitlab-runner"].aws_eks_node_group.this[0]: Still destroying... [id=eks-runner-go-19867-demo:eks-runner-go-19867-20231004131047493200000012, 2m21s elapsed][0m[0m
TestEks 2023-10-04T09:39:30-04:00 logger.go:66: [0m[1mmodule.new_vpc_eks_runner.module.eks.aws_eks_cluster.this[0]: Still destroying... [id=eks-runner-go-10604-demo, 10s elapsed][0m[0m
TestEks 2023-10-04T09:39:34-04:00 logger.go:66: [0m[1mmodule.existing_vpc_eks_runner.module.eks.module.eks_managed_node_group["eks-gitlab-runner"].aws_eks_node_group.this[0]: Still destroying... [id=eks-runner-go-19867-demo:eks-runner-go-19867-20231004131047493200000012, 2m31s elapsed][0m[0m
TestEks 2023-10-04T09:39:40-04:00 logger.go:66: [0m[1mmodule.new_vpc_eks_runner.module.eks.aws_eks_cluster.this[0]: Still destroying... [id=eks-runner-go-10604-demo, 20s elapsed][0m[0m
TestEks 2023-10-04T09:39:41-04:00 logger.go:66: [0m[1mmodule.existing_vpc_eks_runner.module.eks.module.eks_managed_node_group["eks-gitlab-runner"].aws_eks_node_group.this[0]: Destruction complete after 2m38s[0m
TestEks 2023-10-04T09:39:42-04:00 logger.go:66: [0m[1mmodule.existing_vpc_eks_runner.module.eks.module.eks_managed_node_group["eks-gitlab-runner"].aws_launch_template.this[0]: Destroying... [id=lt-073f4ff19b3a6cfb8][0m[0m
TestEks 2023-10-04T09:39:42-04:00 logger.go:66: [0m[1mmodule.existing_vpc_eks_runner.module.eks.module.eks_managed_node_group["eks-gitlab-runner"].aws_launch_template.this[0]: Destruction complete after 1s[0m
TestEks 2023-10-04T09:39:42-04:00 logger.go:66: [0m[1mmodule.existing_vpc_eks_runner.module.eks.module.eks_managed_node_group["eks-gitlab-runner"].aws_iam_role_policy_attachment.this["arn:aws:iam::aws:policy/AmazonEC2ContainerRegistryReadOnly"]: Destroying... [id=eks-runner-go-19867-eks-node-group-20231004130112916800000006-20231004130113353700000007][0m[0m
TestEks 2023-10-04T09:39:42-04:00 logger.go:66: [0m[1mmodule.existing_vpc_eks_runner.module.eks.module.eks_managed_node_group["eks-gitlab-runner"].aws_iam_role_policy_attachment.this["arn:aws:iam::aws:policy/AmazonEKSWorkerNodePolicy"]: Destroying... [id=eks-runner-go-19867-eks-node-group-20231004130112916800000006-2023100413011353900000000b][0m[0m
TestEks 2023-10-04T09:39:42-04:00 logger.go:66: [0m[1mmodule.existing_vpc_eks_runner.module.eks.module.eks_managed_node_group["eks-gitlab-runner"].aws_iam_role_policy_attachment.this["arn:aws:iam::aws:policy/AmazonEKS_CNI_Policy"]: Destroying... [id=eks-runner-go-19867-eks-node-group-20231004130112916800000006-20231004130113461900000009][0m[0m
TestEks 2023-10-04T09:39:42-04:00 logger.go:66: [0m[1mmodule.existing_vpc_eks_runner.module.eks.time_sleep.this[0]: Destroying... [id=2023-10-04T13:10:46Z][0m[0m
TestEks 2023-10-04T09:39:42-04:00 logger.go:66: [0m[1mmodule.existing_vpc_eks_runner.module.eks.time_sleep.this[0]: Destruction complete after 0s[0m
TestEks 2023-10-04T09:39:42-04:00 logger.go:66: [0m[1mmodule.existing_vpc_eks_runner.module.eks.aws_eks_cluster.this[0]: Destroying... [id=eks-runner-go-19867-demo][0m[0m
TestEks 2023-10-04T09:39:43-04:00 logger.go:66: [0m[1mmodule.existing_vpc_eks_runner.module.eks.module.eks_managed_node_group["eks-gitlab-runner"].aws_iam_role_policy_attachment.this["arn:aws:iam::aws:policy/AmazonEC2ContainerRegistryReadOnly"]: Destruction complete after 0s[0m
TestEks 2023-10-04T09:39:43-04:00 logger.go:66: [0m[1mmodule.existing_vpc_eks_runner.module.eks.module.eks_managed_node_group["eks-gitlab-runner"].aws_iam_role_policy_attachment.this["arn:aws:iam::aws:policy/AmazonEKS_CNI_Policy"]: Destruction complete after 0s[0m
TestEks 2023-10-04T09:39:43-04:00 logger.go:66: [0m[1mmodule.existing_vpc_eks_runner.module.eks.module.eks_managed_node_group["eks-gitlab-runner"].aws_iam_role_policy_attachment.this["arn:aws:iam::aws:policy/AmazonEKSWorkerNodePolicy"]: Destruction complete after 0s[0m
TestEks 2023-10-04T09:39:43-04:00 logger.go:66: [0m[1mmodule.existing_vpc_eks_runner.module.eks.module.eks_managed_node_group["eks-gitlab-runner"].aws_iam_role.this[0]: Destroying... [id=eks-runner-go-19867-eks-node-group-20231004130112916800000006][0m[0m
TestEks 2023-10-04T09:39:43-04:00 logger.go:66: [0m[1mmodule.existing_vpc_eks_runner.module.eks.module.eks_managed_node_group["eks-gitlab-runner"].aws_iam_role.this[0]: Destruction complete after 0s[0m
TestEks 2023-10-04T09:39:50-04:00 logger.go:66: [0m[1mmodule.new_vpc_eks_runner.module.eks.aws_eks_cluster.this[0]: Still destroying... [id=eks-runner-go-10604-demo, 30s elapsed][0m[0m
TestEks 2023-10-04T09:39:52-04:00 logger.go:66: [0m[1mmodule.existing_vpc_eks_runner.module.eks.aws_eks_cluster.this[0]: Still destroying... [id=eks-runner-go-19867-demo, 10s elapsed][0m[0m
TestEks 2023-10-04T09:40:00-04:00 logger.go:66: [0m[1mmodule.new_vpc_eks_runner.module.eks.aws_eks_cluster.this[0]: Still destroying... [id=eks-runner-go-10604-demo, 40s elapsed][0m[0m
TestEks 2023-10-04T09:40:02-04:00 logger.go:66: [0m[1mmodule.existing_vpc_eks_runner.module.eks.aws_eks_cluster.this[0]: Still destroying... [id=eks-runner-go-19867-demo, 20s elapsed][0m[0m
TestEks 2023-10-04T09:40:10-04:00 logger.go:66: [0m[1mmodule.new_vpc_eks_runner.module.eks.aws_eks_cluster.this[0]: Still destroying... [id=eks-runner-go-10604-demo, 50s elapsed][0m[0m
TestEks 2023-10-04T09:40:12-04:00 logger.go:66: [0m[1mmodule.existing_vpc_eks_runner.module.eks.aws_eks_cluster.this[0]: Still destroying... [id=eks-runner-go-19867-demo, 30s elapsed][0m[0m
TestEks 2023-10-04T09:40:20-04:00 logger.go:66: [0m[1mmodule.new_vpc_eks_runner.module.eks.aws_eks_cluster.this[0]: Still destroying... [id=eks-runner-go-10604-demo, 1m0s elapsed][0m[0m
TestEks 2023-10-04T09:40:22-04:00 logger.go:66: [0m[1mmodule.existing_vpc_eks_runner.module.eks.aws_eks_cluster.this[0]: Still destroying... [id=eks-runner-go-19867-demo, 40s elapsed][0m[0m
TestEks 2023-10-04T09:40:30-04:00 logger.go:66: [0m[1mmodule.new_vpc_eks_runner.module.eks.aws_eks_cluster.this[0]: Still destroying... [id=eks-runner-go-10604-demo, 1m10s elapsed][0m[0m
TestEks 2023-10-04T09:40:32-04:00 logger.go:66: [0m[1mmodule.existing_vpc_eks_runner.module.eks.aws_eks_cluster.this[0]: Still destroying... [id=eks-runner-go-19867-demo, 50s elapsed][0m[0m
TestEks 2023-10-04T09:40:40-04:00 logger.go:66: [0m[1mmodule.new_vpc_eks_runner.module.eks.aws_eks_cluster.this[0]: Still destroying... [id=eks-runner-go-10604-demo, 1m20s elapsed][0m[0m
TestEks 2023-10-04T09:40:42-04:00 logger.go:66: [0m[1mmodule.existing_vpc_eks_runner.module.eks.aws_eks_cluster.this[0]: Still destroying... [id=eks-runner-go-19867-demo, 1m0s elapsed][0m[0m
TestEks 2023-10-04T09:40:50-04:00 logger.go:66: [0m[1mmodule.new_vpc_eks_runner.module.eks.aws_eks_cluster.this[0]: Still destroying... [id=eks-runner-go-10604-demo, 1m30s elapsed][0m[0m
TestEks 2023-10-04T09:40:52-04:00 logger.go:66: [0m[1mmodule.existing_vpc_eks_runner.module.eks.aws_eks_cluster.this[0]: Still destroying... [id=eks-runner-go-19867-demo, 1m10s elapsed][0m[0m
TestEks 2023-10-04T09:41:00-04:00 logger.go:66: [0m[1mmodule.new_vpc_eks_runner.module.eks.aws_eks_cluster.this[0]: Still destroying... [id=eks-runner-go-10604-demo, 1m40s elapsed][0m[0m
TestEks 2023-10-04T09:41:02-04:00 logger.go:66: [0m[1mmodule.existing_vpc_eks_runner.module.eks.aws_eks_cluster.this[0]: Still destroying... [id=eks-runner-go-19867-demo, 1m20s elapsed][0m[0m
TestEks 2023-10-04T09:41:10-04:00 logger.go:66: [0m[1mmodule.new_vpc_eks_runner.module.eks.aws_eks_cluster.this[0]: Still destroying... [id=eks-runner-go-10604-demo, 1m50s elapsed][0m[0m
TestEks 2023-10-04T09:41:12-04:00 logger.go:66: [0m[1mmodule.existing_vpc_eks_runner.module.eks.aws_eks_cluster.this[0]: Still destroying... [id=eks-runner-go-19867-demo, 1m30s elapsed][0m[0m
TestEks 2023-10-04T09:41:20-04:00 logger.go:66: [0m[1mmodule.new_vpc_eks_runner.module.eks.aws_eks_cluster.this[0]: Still destroying... [id=eks-runner-go-10604-demo, 2m0s elapsed][0m[0m
TestEks 2023-10-04T09:41:22-04:00 logger.go:66: [0m[1mmodule.existing_vpc_eks_runner.module.eks.aws_eks_cluster.this[0]: Still destroying... [id=eks-runner-go-19867-demo, 1m40s elapsed][0m[0m
TestEks 2023-10-04T09:41:30-04:00 logger.go:66: [0m[1mmodule.new_vpc_eks_runner.module.eks.aws_eks_cluster.this[0]: Still destroying... [id=eks-runner-go-10604-demo, 2m10s elapsed][0m[0m
TestEks 2023-10-04T09:41:32-04:00 logger.go:66: [0m[1mmodule.existing_vpc_eks_runner.module.eks.aws_eks_cluster.this[0]: Still destroying... [id=eks-runner-go-19867-demo, 1m50s elapsed][0m[0m
TestEks 2023-10-04T09:41:35-04:00 logger.go:66: [0m[1mmodule.new_vpc_eks_runner.module.eks.aws_eks_cluster.this[0]: Destruction complete after 2m15s[0m
TestEks 2023-10-04T09:41:35-04:00 logger.go:66: [0m[1mmodule.new_vpc_eks_runner.module.eks.aws_security_group_rule.node["ingress_self_coredns_udp"]: Destroying... [id=sgrule-2869186731][0m[0m
TestEks 2023-10-04T09:41:35-04:00 logger.go:66: [0m[1mmodule.new_vpc_eks_runner.module.eks.aws_iam_role_policy_attachment.this["AmazonEKSClusterPolicy"]: Destroying... [id=eks-runner-go-10604-demo-cluster-20231004130058490000000001-20231004130100523500000003][0m[0m
TestEks 2023-10-04T09:41:35-04:00 logger.go:66: [0m[1mmodule.new_vpc_eks_runner.module.eks.aws_security_group_rule.node["ingress_cluster_443"]: Destroying... [id=sgrule-1549593675][0m[0m
TestEks 2023-10-04T09:41:35-04:00 logger.go:66: [0m[1mmodule.new_vpc_eks_runner.module.eks.aws_iam_role_policy_attachment.this["AmazonEKSVPCResourceController"]: Destroying... [id=eks-runner-go-10604-demo-cluster-20231004130058490000000001-20231004130100323300000002][0m[0m
TestEks 2023-10-04T09:41:35-04:00 logger.go:66: [0m[1mmodule.new_vpc_eks_runner.module.eks.aws_security_group_rule.cluster["ingress_nodes_443"]: Destroying... [id=sgrule-3392966303][0m[0m
TestEks 2023-10-04T09:41:35-04:00 logger.go:66: [0m[1mmodule.new_vpc_eks_runner.module.eks.aws_security_group_rule.node["ingress_cluster_8443_webhook"]: Destroying... [id=sgrule-2580219386][0m[0m
TestEks 2023-10-04T09:41:35-04:00 logger.go:66: [0m[1mmodule.new_vpc_eks_runner.module.eks.aws_security_group_rule.node["egress_all"]: Destroying... [id=sgrule-1164766295][0m[0m
TestEks 2023-10-04T09:41:35-04:00 logger.go:66: [0m[1mmodule.new_vpc_eks_runner.module.eks.aws_security_group_rule.node["ingress_nodes_ephemeral"]: Destroying... [id=sgrule-1087926372][0m[0m
TestEks 2023-10-04T09:41:35-04:00 logger.go:66: [0m[1mmodule.new_vpc_eks_runner.module.eks.aws_security_group_rule.node["ingress_cluster_6443_webhook"]: Destroying... [id=sgrule-2325166555][0m[0m
TestEks 2023-10-04T09:41:36-04:00 logger.go:66: [0m[1mmodule.new_vpc_eks_runner.module.eks.aws_iam_role_policy_attachment.this["AmazonEKSVPCResourceController"]: Destruction complete after 0s[0m
TestEks 2023-10-04T09:41:36-04:00 logger.go:66: [0m[1mmodule.new_vpc_eks_runner.module.eks.aws_iam_role_policy_attachment.this["AmazonEKSClusterPolicy"]: Destruction complete after 0s[0m
TestEks 2023-10-04T09:41:36-04:00 logger.go:66: [0m[1mmodule.new_vpc_eks_runner.module.eks.aws_cloudwatch_log_group.this[0]: Destroying... [id=/aws/eks/eks-runner-go-10604-demo/cluster][0m[0m
TestEks 2023-10-04T09:41:36-04:00 logger.go:66: [0m[1mmodule.new_vpc_eks_runner.module.eks.aws_security_group_rule.node["ingress_cluster_9443_webhook"]: Destroying... [id=sgrule-4251596337][0m[0m
TestEks 2023-10-04T09:41:36-04:00 logger.go:66: [0m[1mmodule.new_vpc_eks_runner.module.eks.aws_cloudwatch_log_group.this[0]: Destruction complete after 1s[0m
TestEks 2023-10-04T09:41:36-04:00 logger.go:66: [0m[1mmodule.new_vpc_eks_runner.module.eks.aws_security_group_rule.node["ingress_cluster_4443_webhook"]: Destroying... [id=sgrule-1138056781][0m[0m
TestEks 2023-10-04T09:41:36-04:00 logger.go:66: [0m[1mmodule.new_vpc_eks_runner.module.eks.aws_security_group_rule.node["ingress_cluster_443"]: Destruction complete after 1s[0m
TestEks 2023-10-04T09:41:36-04:00 logger.go:66: [0m[1mmodule.new_vpc_eks_runner.module.eks.aws_security_group_rule.node["ingress_self_coredns_tcp"]: Destroying... [id=sgrule-257684292][0m[0m
TestEks 2023-10-04T09:41:36-04:00 logger.go:66: [0m[1mmodule.new_vpc_eks_runner.module.eks.aws_security_group_rule.cluster["ingress_nodes_443"]: Destruction complete after 1s[0m
TestEks 2023-10-04T09:41:36-04:00 logger.go:66: [0m[1mmodule.new_vpc_eks_runner.module.eks.aws_security_group_rule.node["ingress_cluster_kubelet"]: Destroying... [id=sgrule-2340873068][0m[0m
TestEks 2023-10-04T09:41:37-04:00 logger.go:66: [0m[1mmodule.new_vpc_eks_runner.module.eks.aws_security_group_rule.node["ingress_self_coredns_udp"]: Destruction complete after 1s[0m
TestEks 2023-10-04T09:41:37-04:00 logger.go:66: [0m[1mmodule.new_vpc_eks_runner.module.eks.module.kms.aws_kms_key.this[0]: Destroying... [id=2f6cfae5-09b8-44d2-95f9-6a1751beea57][0m[0m
TestEks 2023-10-04T09:41:37-04:00 logger.go:66: [0m[1mmodule.new_vpc_eks_runner.module.eks.module.kms.aws_kms_key.this[0]: Destruction complete after 0s[0m
TestEks 2023-10-04T09:41:37-04:00 logger.go:66: [0m[1mmodule.new_vpc_eks_runner.module.eks.aws_iam_role.this[0]: Destroying... [id=eks-runner-go-10604-demo-cluster-20231004130058490000000001][0m[0m
TestEks 2023-10-04T09:41:37-04:00 logger.go:66: [0m[1mmodule.new_vpc_eks_runner.module.eks.aws_security_group_rule.node["egress_all"]: Destruction complete after 2s[0m
TestEks 2023-10-04T09:41:37-04:00 logger.go:66: [0m[1mmodule.new_vpc_eks_runner.module.eks.aws_iam_role.this[0]: Destruction complete after 1s[0m
TestEks 2023-10-04T09:41:38-04:00 logger.go:66: [0m[1mmodule.new_vpc_eks_runner.module.eks.aws_security_group_rule.node["ingress_cluster_8443_webhook"]: Destruction complete after 2s[0m
TestEks 2023-10-04T09:41:38-04:00 logger.go:66: [0m[1mmodule.new_vpc_eks_runner.module.eks.aws_security_group_rule.node["ingress_nodes_ephemeral"]: Destruction complete after 3s[0m
TestEks 2023-10-04T09:41:39-04:00 logger.go:66: [0m[1mmodule.new_vpc_eks_runner.module.eks.aws_security_group_rule.node["ingress_cluster_6443_webhook"]: Destruction complete after 3s[0m
TestEks 2023-10-04T09:41:39-04:00 logger.go:66: [0m[1mmodule.new_vpc_eks_runner.module.eks.aws_security_group_rule.node["ingress_cluster_9443_webhook"]: Destruction complete after 4s[0m
TestEks 2023-10-04T09:41:40-04:00 logger.go:66: [0m[1mmodule.new_vpc_eks_runner.module.eks.aws_security_group_rule.node["ingress_cluster_4443_webhook"]: Destruction complete after 3s[0m
TestEks 2023-10-04T09:41:40-04:00 logger.go:66: [0m[1mmodule.new_vpc_eks_runner.module.eks.aws_security_group_rule.node["ingress_self_coredns_tcp"]: Destruction complete after 4s[0m
TestEks 2023-10-04T09:41:41-04:00 logger.go:66: [0m[1mmodule.new_vpc_eks_runner.module.eks.aws_security_group_rule.node["ingress_cluster_kubelet"]: Destruction complete after 4s[0m
TestEks 2023-10-04T09:41:41-04:00 logger.go:66: [0m[1mmodule.new_vpc_eks_runner.module.eks.aws_security_group.cluster[0]: Destroying... [id=sg-0934512868e3ab8c3][0m[0m
TestEks 2023-10-04T09:41:41-04:00 logger.go:66: [0m[1mmodule.new_vpc_eks_runner.module.eks.aws_security_group.node[0]: Destroying... [id=sg-054a7cb1132d24b80][0m[0m
TestEks 2023-10-04T09:41:41-04:00 logger.go:66: [0m[1mmodule.new_vpc_eks_runner.module.eks.aws_security_group.node[0]: Destruction complete after 1s[0m
TestEks 2023-10-04T09:41:41-04:00 logger.go:66: [0m[1mmodule.new_vpc_eks_runner.module.eks.aws_security_group.cluster[0]: Destruction complete after 1s[0m
TestEks 2023-10-04T09:41:42-04:00 logger.go:66: [0m[1mmodule.existing_vpc_eks_runner.module.eks.aws_eks_cluster.this[0]: Still destroying... [id=eks-runner-go-19867-demo, 2m0s elapsed][0m[0m
TestEks 2023-10-04T09:41:52-04:00 logger.go:66: [0m[1mmodule.existing_vpc_eks_runner.module.eks.aws_eks_cluster.this[0]: Still destroying... [id=eks-runner-go-19867-demo, 2m10s elapsed][0m[0m
TestEks 2023-10-04T09:42:02-04:00 logger.go:66: [0m[1mmodule.existing_vpc_eks_runner.module.eks.aws_eks_cluster.this[0]: Still destroying... [id=eks-runner-go-19867-demo, 2m20s elapsed][0m[0m
TestEks 2023-10-04T09:42:12-04:00 logger.go:66: [0m[1mmodule.existing_vpc_eks_runner.module.eks.aws_eks_cluster.this[0]: Still destroying... [id=eks-runner-go-19867-demo, 2m30s elapsed][0m[0m
TestEks 2023-10-04T09:42:14-04:00 logger.go:66: [0m[1mmodule.existing_vpc_eks_runner.module.eks.aws_eks_cluster.this[0]: Destruction complete after 2m32s[0m
TestEks 2023-10-04T09:42:15-04:00 logger.go:66: [0m[1mmodule.existing_vpc_eks_runner.module.eks.aws_security_group_rule.node["ingress_cluster_443"]: Destroying... [id=sgrule-3287407462][0m[0m
TestEks 2023-10-04T09:42:15-04:00 logger.go:66: [0m[1mmodule.existing_vpc_eks_runner.module.eks.aws_security_group_rule.node["ingress_cluster_kubelet"]: Destroying... [id=sgrule-2460747895][0m[0m
TestEks 2023-10-04T09:42:15-04:00 logger.go:66: [0m[1mmodule.existing_vpc_eks_runner.module.eks.aws_security_group_rule.node["ingress_nodes_ephemeral"]: Destroying... [id=sgrule-2849329823][0m[0m
TestEks 2023-10-04T09:42:15-04:00 logger.go:66: [0m[1mmodule.existing_vpc_eks_runner.module.eks.aws_security_group_rule.node["ingress_cluster_8443_webhook"]: Destroying... [id=sgrule-4029501554][0m[0m
TestEks 2023-10-04T09:42:15-04:00 logger.go:66: [0m[1mmodule.existing_vpc_eks_runner.module.eks.aws_security_group_rule.node["egress_all"]: Destroying... [id=sgrule-1231132628][0m[0m
TestEks 2023-10-04T09:42:15-04:00 logger.go:66: [0m[1mmodule.existing_vpc_eks_runner.module.eks.aws_security_group_rule.cluster["ingress_nodes_443"]: Destroying... [id=sgrule-1645039922][0m[0m
TestEks 2023-10-04T09:42:15-04:00 logger.go:66: [0m[1mmodule.existing_vpc_eks_runner.module.eks.module.kms.aws_kms_key.this[0]: Destroying... [id=65a4d840-38e9-42ed-95ad-03f29f5e57d2][0m[0m
TestEks 2023-10-04T09:42:15-04:00 logger.go:66: [0m[1mmodule.existing_vpc_eks_runner.module.eks.aws_security_group_rule.node["ingress_cluster_9443_webhook"]: Destroying... [id=sgrule-2492228537][0m[0m
TestEks 2023-10-04T09:42:15-04:00 logger.go:66: [0m[1mmodule.existing_vpc_eks_runner.module.eks.aws_security_group_rule.node["ingress_cluster_4443_webhook"]: Destroying... [id=sgrule-707988421][0m[0m
TestEks 2023-10-04T09:42:15-04:00 logger.go:66: [0m[1mmodule.existing_vpc_eks_runner.module.eks.aws_iam_role_policy_attachment.this["AmazonEKSClusterPolicy"]: Destroying... [id=eks-runner-go-19867-demo-cluster-20231004130058821700000001-20231004130059603300000003][0m[0m
TestEks 2023-10-04T09:42:16-04:00 logger.go:66: [0m[1mmodule.existing_vpc_eks_runner.module.eks.aws_iam_role_policy_attachment.this["AmazonEKSClusterPolicy"]: Destruction complete after 0s[0m
TestEks 2023-10-04T09:42:16-04:00 logger.go:66: [0m[1mmodule.existing_vpc_eks_runner.module.eks.module.kms.aws_kms_key.this[0]: Destruction complete after 0s[0m
TestEks 2023-10-04T09:42:16-04:00 logger.go:66: [0m[1mmodule.existing_vpc_eks_runner.module.eks.aws_security_group_rule.node["ingress_cluster_6443_webhook"]: Destroying... [id=sgrule-3815861331][0m[0m
TestEks 2023-10-04T09:42:16-04:00 logger.go:66: [0m[1mmodule.existing_vpc_eks_runner.module.eks.aws_cloudwatch_log_group.this[0]: Destroying... [id=/aws/eks/eks-runner-go-19867-demo/cluster][0m[0m
TestEks 2023-10-04T09:42:16-04:00 logger.go:66: [0m[1mmodule.existing_vpc_eks_runner.module.eks.aws_security_group_rule.cluster["ingress_nodes_443"]: Destruction complete after 0s[0m
TestEks 2023-10-04T09:42:16-04:00 logger.go:66: [0m[1mmodule.existing_vpc_eks_runner.module.eks.aws_iam_role_policy_attachment.this["AmazonEKSVPCResourceController"]: Destroying... [id=eks-runner-go-19867-demo-cluster-20231004130058821700000001-20231004130059514600000002][0m[0m
TestEks 2023-10-04T09:42:16-04:00 logger.go:66: [0m[1mmodule.existing_vpc_eks_runner.module.eks.aws_cloudwatch_log_group.this[0]: Destruction complete after 1s[0m
TestEks 2023-10-04T09:42:16-04:00 logger.go:66: [0m[1mmodule.existing_vpc_eks_runner.module.eks.aws_security_group_rule.node["ingress_self_coredns_tcp"]: Destroying... [id=sgrule-1564841244][0m[0m
TestEks 2023-10-04T09:42:16-04:00 logger.go:66: [0m[1mmodule.existing_vpc_eks_runner.module.eks.aws_security_group_rule.node["ingress_cluster_4443_webhook"]: Destruction complete after 1s[0m
TestEks 2023-10-04T09:42:16-04:00 logger.go:66: [0m[1mmodule.existing_vpc_eks_runner.module.eks.aws_security_group_rule.node["ingress_self_coredns_udp"]: Destroying... [id=sgrule-4179244787][0m[0m
TestEks 2023-10-04T09:42:16-04:00 logger.go:66: [0m[1mmodule.existing_vpc_eks_runner.module.eks.aws_iam_role_policy_attachment.this["AmazonEKSVPCResourceController"]: Destruction complete after 1s[0m
TestEks 2023-10-04T09:42:16-04:00 logger.go:66: [0m[1mmodule.existing_vpc_eks_runner.module.eks.aws_iam_role.this[0]: Destroying... [id=eks-runner-go-19867-demo-cluster-20231004130058821700000001][0m[0m
TestEks 2023-10-04T09:42:16-04:00 logger.go:66: [0m[1mmodule.existing_vpc_eks_runner.module.eks.aws_iam_role.this[0]: Destruction complete after 0s[0m
TestEks 2023-10-04T09:42:17-04:00 logger.go:66: [0m[1mmodule.existing_vpc_eks_runner.module.eks.aws_security_group_rule.node["ingress_nodes_ephemeral"]: Destruction complete after 1s[0m
TestEks 2023-10-04T09:42:17-04:00 logger.go:66: [0m[1mmodule.existing_vpc_eks_runner.module.eks.aws_security_group_rule.node["ingress_cluster_9443_webhook"]: Destruction complete after 1s[0m
TestEks 2023-10-04T09:42:18-04:00 logger.go:66: [0m[1mmodule.existing_vpc_eks_runner.module.eks.aws_security_group_rule.node["ingress_cluster_kubelet"]: Destruction complete after 2s[0m
TestEks 2023-10-04T09:42:18-04:00 logger.go:66: [0m[1mmodule.existing_vpc_eks_runner.module.eks.aws_security_group_rule.node["ingress_cluster_8443_webhook"]: Destruction complete after 2s[0m
TestEks 2023-10-04T09:42:18-04:00 logger.go:66: [0m[1mmodule.existing_vpc_eks_runner.module.eks.aws_security_group_rule.node["egress_all"]: Destruction complete after 3s[0m
TestEks 2023-10-04T09:42:19-04:00 logger.go:66: [0m[1mmodule.existing_vpc_eks_runner.module.eks.aws_security_group_rule.node["ingress_cluster_443"]: Destruction complete after 4s[0m
TestEks 2023-10-04T09:42:20-04:00 logger.go:66: [0m[1mmodule.existing_vpc_eks_runner.module.eks.aws_security_group_rule.node["ingress_cluster_6443_webhook"]: Destruction complete after 4s[0m
TestEks 2023-10-04T09:42:20-04:00 logger.go:66: [0m[1mmodule.existing_vpc_eks_runner.module.eks.aws_security_group_rule.node["ingress_self_coredns_tcp"]: Destruction complete after 4s[0m
TestEks 2023-10-04T09:42:21-04:00 logger.go:66: [0m[1mmodule.existing_vpc_eks_runner.module.eks.aws_security_group_rule.node["ingress_self_coredns_udp"]: Destruction complete after 4s[0m
TestEks 2023-10-04T09:42:21-04:00 logger.go:66: [0m[1mmodule.existing_vpc_eks_runner.module.eks.aws_security_group.node[0]: Destroying... [id=sg-0ad7cfd5af856e460][0m[0m
TestEks 2023-10-04T09:42:21-04:00 logger.go:66: [0m[1mmodule.existing_vpc_eks_runner.module.eks.aws_security_group.cluster[0]: Destroying... [id=sg-0fe0a0f4754d1d7b6][0m[0m
TestEks 2023-10-04T09:42:21-04:00 logger.go:66: [0m[1mmodule.existing_vpc_eks_runner.module.eks.aws_security_group.node[0]: Destruction complete after 1s[0m
TestEks 2023-10-04T09:42:21-04:00 logger.go:66: [0m[1mmodule.existing_vpc_eks_runner.module.eks.aws_security_group.cluster[0]: Destruction complete after 1s[0m
TestEks 2023-10-04T09:42:21-04:00 logger.go:66: [0m[1mmodule.new_vpc_eks_runner.module.vpc[0].aws_subnet.private[1]: Destroying... [id=subnet-04f0b7f2cfb8dc557][0m[0m
TestEks 2023-10-04T09:42:21-04:00 logger.go:66: [0m[1mmodule.new_vpc_eks_runner.module.vpc[0].aws_subnet.private[0]: Destroying... [id=subnet-09e19a893c2cc8ccd][0m[0m
TestEks 2023-10-04T09:42:22-04:00 logger.go:66: [0m[1mmodule.new_vpc_eks_runner.module.vpc[0].aws_subnet.private[1]: Destruction complete after 1s[0m
TestEks 2023-10-04T09:42:22-04:00 logger.go:66: [0m[1mmodule.new_vpc_eks_runner.module.vpc[0].aws_subnet.private[0]: Destruction complete after 1s[0m
TestEks 2023-10-04T09:42:22-04:00 logger.go:66: [0m[1mmodule.new_vpc_eks_runner.module.vpc[0].aws_vpc.this[0]: Destroying... [id=vpc-0095aef4d255b5396][0m[0m
TestEks 2023-10-04T09:42:23-04:00 logger.go:66: [0m[1mmodule.new_vpc_eks_runner.module.vpc[0].aws_vpc.this[0]: Destruction complete after 0s[0m
TestEks 2023-10-04T09:42:23-04:00 logger.go:66: [33m╷[0m[0m
TestEks 2023-10-04T09:42:23-04:00 logger.go:66: [33m│[0m [0m[1m[33mWarning: [0m[0m[1mEC2 Default Network ACL (acl-07ba8e94172127934) not deleted, removing from state[0m
TestEks 2023-10-04T09:42:23-04:00 logger.go:66: [33m│[0m [0m
TestEks 2023-10-04T09:42:23-04:00 logger.go:66: [33m│[0m [0m[0m
TestEks 2023-10-04T09:42:23-04:00 logger.go:66: [33m╵[0m[0m
TestEks 2023-10-04T09:42:23-04:00 logger.go:66: [0m[1m[32m
TestEks 2023-10-04T09:42:23-04:00 logger.go:66: Destroy complete! Resources: 101 destroyed.
TestEks 2023-10-04T09:42:23-04:00 logger.go:66: [0m
--- FAIL: TestEks (2501.35s)
FAIL
FAIL	command-line-arguments	2501.680s
FAIL
